{"format_version":"1.2","terraform_version":"1.9.4","variables":{"appgw":{"value":{"appgw_address_prefixes":["10.254.0.0/24"],"appgw_address_space":["10.254.0.0/16"],"appgw_config_ip_name":"ipconfig-appgw-prod-ci-01","appgw_location":"centralindia","appgw_name":"appgw-prod-ci-01","appgw_pip":"pip-appgw-prod-ci-01","appgw_rg_name":"rg-appgw-prod-ci-01","appgw_subnet_name":"subnet-appgw-prod-ci-01","appgw_vnet_name":"vnet-appgw-prod-ci-01","backend_address_pool_name":"bkpool-appgw-prod-ci-01","frontend_ip_config_name":"frontend-ipname-appgw-prod-ci-01","frontend_port":80,"frontend_port_name":"frontend-appgw-prod-ci-01","http_setting_name":"http-appgw-prod-ci-01","listener_name":"listner-appgw-prod-ci-01","request_routing_rule_name":"lis-rule-appgw-prod-ci-01","routing_priority":9}}},"planned_values":{"root_module":{"resources":[{"address":"azurerm_application_gateway.network","mode":"managed","type":"azurerm_application_gateway","name":"network","provider_name":"registry.terraform.io/hashicorp/azurerm","schema_version":0,"values":{"authentication_certificate":[],"autoscale_configuration":[],"backend_address_pool":[{"fqdns":[],"ip_addresses":[],"name":"bkpool-appgw-prod-ci-01"}],"backend_http_settings":[{"affinity_cookie_name":"","authentication_certificate":[],"connection_draining":[],"cookie_based_affinity":"Disabled","host_name":"","name":"http-appgw-prod-ci-01","path":"/path1/","pick_host_name_from_backend_address":false,"port":80,"probe_name":"","protocol":"Http","request_timeout":60,"trusted_root_certificate_names":[]}],"custom_error_configuration":[],"enable_http2":null,"fips_enabled":null,"firewall_policy_id":null,"force_firewall_policy_association":null,"frontend_ip_configuration":[{"name":"frontend-ipname-appgw-prod-ci-01","private_ip_address_allocation":"Dynamic","private_link_configuration_name":null,"subnet_id":null}],"frontend_port":[{"name":"frontend-appgw-prod-ci-01","port":80}],"gateway_ip_configuration":[{"name":"ipconfig-appgw-prod-ci-01"}],"global":[],"http_listener":[{"custom_error_configuration":[],"firewall_policy_id":"","frontend_ip_configuration_name":"frontend-ipname-appgw-prod-ci-01","frontend_port_name":"frontend-appgw-prod-ci-01","host_name":"","host_names":[],"name":"listner-appgw-prod-ci-01","protocol":"Http","require_sni":null,"ssl_certificate_name":"","ssl_profile_name":""}],"identity":[],"location":"centralindia","name":"appgw-prod-ci-01","private_link_configuration":[],"probe":[],"redirect_configuration":[],"request_routing_rule":[{"backend_address_pool_name":"bkpool-appgw-prod-ci-01","backend_http_settings_name":"http-appgw-prod-ci-01","http_listener_name":"listner-appgw-prod-ci-01","name":"lis-rule-appgw-prod-ci-01","priority":1,"redirect_configuration_name":"","rewrite_rule_set_name":"","rule_type":"Basic","url_path_map_name":""}],"resource_group_name":"rg-appgw-prod-ci-01","rewrite_rule_set":[],"sku":[{"capacity":2,"name":"Standard_v2","tier":"Standard_v2"}],"ssl_certificate":[],"ssl_profile":[],"tags":null,"timeouts":null,"trusted_client_certificate":[],"trusted_root_certificate":[],"url_path_map":[],"waf_configuration":[],"zones":null},"sensitive_values":{"authentication_certificate":[],"autoscale_configuration":[],"backend_address_pool":[{"fqdns":[],"ip_addresses":[]}],"backend_http_settings":[{"authentication_certificate":[],"connection_draining":[],"trusted_root_certificate_names":[]}],"custom_error_configuration":[],"frontend_ip_configuration":[{}],"frontend_port":[{}],"gateway_ip_configuration":[{}],"global":[],"http_listener":[{"custom_error_configuration":[],"host_names":[]}],"identity":[],"private_endpoint_connection":[],"private_link_configuration":[],"probe":[],"redirect_configuration":[],"request_routing_rule":[{}],"rewrite_rule_set":[],"sku":[{}],"ssl_certificate":[],"ssl_policy":[],"ssl_profile":[],"trusted_client_certificate":[],"trusted_root_certificate":[],"url_path_map":[],"waf_configuration":[]}},{"address":"azurerm_public_ip.example","mode":"managed","type":"azurerm_public_ip","name":"example","provider_name":"registry.terraform.io/hashicorp/azurerm","schema_version":0,"values":{"allocation_method":"Static","ddos_protection_mode":"VirtualNetworkInherited","ddos_protection_plan_id":null,"domain_name_label":null,"edge_zone":null,"idle_timeout_in_minutes":4,"ip_tags":null,"ip_version":"IPv4","location":"centralindia","name":"pip-appgw-prod-ci-01","public_ip_prefix_id":null,"resource_group_name":"rg-appgw-prod-ci-01","reverse_fqdn":null,"sku":"Standard","sku_tier":"Regional","tags":null,"timeouts":null,"zones":null},"sensitive_values":{}},{"address":"azurerm_resource_group.example","mode":"managed","type":"azurerm_resource_group","name":"example","provider_name":"registry.terraform.io/hashicorp/azurerm","schema_version":0,"values":{"location":"centralindia","managed_by":null,"name":"rg-appgw-prod-ci-01","tags":null,"timeouts":null},"sensitive_values":{}},{"address":"azurerm_subnet.example","mode":"managed","type":"azurerm_subnet","name":"example","provider_name":"registry.terraform.io/hashicorp/azurerm","schema_version":0,"values":{"address_prefixes":["10.254.0.0/24"],"default_outbound_access_enabled":true,"delegation":[],"name":"subnet-appgw-prod-ci-01","resource_group_name":"rg-appgw-prod-ci-01","service_endpoint_policy_ids":null,"service_endpoints":null,"timeouts":null,"virtual_network_name":"vnet-appgw-prod-ci-01"},"sensitive_values":{"address_prefixes":[false],"delegation":[]}},{"address":"azurerm_virtual_network.example","mode":"managed","type":"azurerm_virtual_network","name":"example","provider_name":"registry.terraform.io/hashicorp/azurerm","schema_version":0,"values":{"address_space":["10.254.0.0/16"],"bgp_community":null,"ddos_protection_plan":[],"edge_zone":null,"encryption":[],"flow_timeout_in_minutes":null,"location":"centralindia","name":"vnet-appgw-prod-ci-01","resource_group_name":"rg-appgw-prod-ci-01","tags":null,"timeouts":null},"sensitive_values":{"address_space":[false],"ddos_protection_plan":[],"dns_servers":[],"encryption":[],"subnet":[]}}]}},"resource_changes":[{"address":"azurerm_application_gateway.network","mode":"managed","type":"azurerm_application_gateway","name":"network","provider_name":"registry.terraform.io/hashicorp/azurerm","change":{"actions":["create"],"before":null,"after":{"authentication_certificate":[],"autoscale_configuration":[],"backend_address_pool":[{"fqdns":[],"ip_addresses":[],"name":"bkpool-appgw-prod-ci-01"}],"backend_http_settings":[{"affinity_cookie_name":"","authentication_certificate":[],"connection_draining":[],"cookie_based_affinity":"Disabled","host_name":"","name":"http-appgw-prod-ci-01","path":"/path1/","pick_host_name_from_backend_address":false,"port":80,"probe_name":"","protocol":"Http","request_timeout":60,"trusted_root_certificate_names":[]}],"custom_error_configuration":[],"enable_http2":null,"fips_enabled":null,"firewall_policy_id":null,"force_firewall_policy_association":null,"frontend_ip_configuration":[{"name":"frontend-ipname-appgw-prod-ci-01","private_ip_address_allocation":"Dynamic","private_link_configuration_name":null,"subnet_id":null}],"frontend_port":[{"name":"frontend-appgw-prod-ci-01","port":80}],"gateway_ip_configuration":[{"name":"ipconfig-appgw-prod-ci-01"}],"global":[],"http_listener":[{"custom_error_configuration":[],"firewall_policy_id":"","frontend_ip_configuration_name":"frontend-ipname-appgw-prod-ci-01","frontend_port_name":"frontend-appgw-prod-ci-01","host_name":"","host_names":[],"name":"listner-appgw-prod-ci-01","protocol":"Http","require_sni":null,"ssl_certificate_name":"","ssl_profile_name":""}],"identity":[],"location":"centralindia","name":"appgw-prod-ci-01","private_link_configuration":[],"probe":[],"redirect_configuration":[],"request_routing_rule":[{"backend_address_pool_name":"bkpool-appgw-prod-ci-01","backend_http_settings_name":"http-appgw-prod-ci-01","http_listener_name":"listner-appgw-prod-ci-01","name":"lis-rule-appgw-prod-ci-01","priority":1,"redirect_configuration_name":"","rewrite_rule_set_name":"","rule_type":"Basic","url_path_map_name":""}],"resource_group_name":"rg-appgw-prod-ci-01","rewrite_rule_set":[],"sku":[{"capacity":2,"name":"Standard_v2","tier":"Standard_v2"}],"ssl_certificate":[],"ssl_profile":[],"tags":null,"timeouts":null,"trusted_client_certificate":[],"trusted_root_certificate":[],"url_path_map":[],"waf_configuration":[],"zones":null},"after_unknown":{"authentication_certificate":[],"autoscale_configuration":[],"backend_address_pool":[{"fqdns":[],"id":true,"ip_addresses":[]}],"backend_http_settings":[{"authentication_certificate":[],"connection_draining":[],"id":true,"probe_id":true,"trusted_root_certificate_names":[]}],"custom_error_configuration":[],"frontend_ip_configuration":[{"id":true,"private_ip_address":true,"private_link_configuration_id":true,"public_ip_address_id":true}],"frontend_port":[{"id":true}],"gateway_ip_configuration":[{"id":true,"subnet_id":true}],"global":[],"http_listener":[{"custom_error_configuration":[],"frontend_ip_configuration_id":true,"frontend_port_id":true,"host_names":[],"id":true,"ssl_certificate_id":true,"ssl_profile_id":true}],"id":true,"identity":[],"private_endpoint_connection":true,"private_link_configuration":[],"probe":[],"redirect_configuration":[],"request_routing_rule":[{"backend_address_pool_id":true,"backend_http_settings_id":true,"http_listener_id":true,"id":true,"redirect_configuration_id":true,"rewrite_rule_set_id":true,"url_path_map_id":true}],"rewrite_rule_set":[],"sku":[{}],"ssl_certificate":[],"ssl_policy":true,"ssl_profile":[],"trusted_client_certificate":[],"trusted_root_certificate":[],"url_path_map":[],"waf_configuration":[]},"before_sensitive":false,"after_sensitive":{"authentication_certificate":[],"autoscale_configuration":[],"backend_address_pool":[{"fqdns":[],"ip_addresses":[]}],"backend_http_settings":[{"authentication_certificate":[],"connection_draining":[],"trusted_root_certificate_names":[]}],"custom_error_configuration":[],"frontend_ip_configuration":[{}],"frontend_port":[{}],"gateway_ip_configuration":[{}],"global":[],"http_listener":[{"custom_error_configuration":[],"host_names":[]}],"identity":[],"private_endpoint_connection":[],"private_link_configuration":[],"probe":[],"redirect_configuration":[],"request_routing_rule":[{}],"rewrite_rule_set":[],"sku":[{}],"ssl_certificate":[],"ssl_policy":[],"ssl_profile":[],"trusted_client_certificate":[],"trusted_root_certificate":[],"url_path_map":[],"waf_configuration":[]}}},{"address":"azurerm_public_ip.example","mode":"managed","type":"azurerm_public_ip","name":"example","provider_name":"registry.terraform.io/hashicorp/azurerm","change":{"actions":["create"],"before":null,"after":{"allocation_method":"Static","ddos_protection_mode":"VirtualNetworkInherited","ddos_protection_plan_id":null,"domain_name_label":null,"edge_zone":null,"idle_timeout_in_minutes":4,"ip_tags":null,"ip_version":"IPv4","location":"centralindia","name":"pip-appgw-prod-ci-01","public_ip_prefix_id":null,"resource_group_name":"rg-appgw-prod-ci-01","reverse_fqdn":null,"sku":"Standard","sku_tier":"Regional","tags":null,"timeouts":null,"zones":null},"after_unknown":{"fqdn":true,"id":true,"ip_address":true},"before_sensitive":false,"after_sensitive":{}}},{"address":"azurerm_resource_group.example","mode":"managed","type":"azurerm_resource_group","name":"example","provider_name":"registry.terraform.io/hashicorp/azurerm","change":{"actions":["create"],"before":null,"after":{"location":"centralindia","managed_by":null,"name":"rg-appgw-prod-ci-01","tags":null,"timeouts":null},"after_unknown":{"id":true},"before_sensitive":false,"after_sensitive":{}}},{"address":"azurerm_subnet.example","mode":"managed","type":"azurerm_subnet","name":"example","provider_name":"registry.terraform.io/hashicorp/azurerm","change":{"actions":["create"],"before":null,"after":{"address_prefixes":["10.254.0.0/24"],"default_outbound_access_enabled":true,"delegation":[],"name":"subnet-appgw-prod-ci-01","resource_group_name":"rg-appgw-prod-ci-01","service_endpoint_policy_ids":null,"service_endpoints":null,"timeouts":null,"virtual_network_name":"vnet-appgw-prod-ci-01"},"after_unknown":{"address_prefixes":[false],"delegation":[],"enforce_private_link_endpoint_network_policies":true,"enforce_private_link_service_network_policies":true,"id":true,"private_endpoint_network_policies":true,"private_endpoint_network_policies_enabled":true,"private_link_service_network_policies_enabled":true},"before_sensitive":false,"after_sensitive":{"address_prefixes":[false],"delegation":[]}}},{"address":"azurerm_virtual_network.example","mode":"managed","type":"azurerm_virtual_network","name":"example","provider_name":"registry.terraform.io/hashicorp/azurerm","change":{"actions":["create"],"before":null,"after":{"address_space":["10.254.0.0/16"],"bgp_community":null,"ddos_protection_plan":[],"edge_zone":null,"encryption":[],"flow_timeout_in_minutes":null,"location":"centralindia","name":"vnet-appgw-prod-ci-01","resource_group_name":"rg-appgw-prod-ci-01","tags":null,"timeouts":null},"after_unknown":{"address_space":[false],"ddos_protection_plan":[],"dns_servers":true,"encryption":[],"guid":true,"id":true,"subnet":true},"before_sensitive":false,"after_sensitive":{"address_space":[false],"ddos_protection_plan":[],"dns_servers":[],"encryption":[],"subnet":[]}}}],"configuration":{"provider_config":{"azurerm":{"name":"azurerm","full_name":"registry.terraform.io/hashicorp/azurerm","expressions":{"features":[{}]}}},"root_module":{"resources":[{"address":"azurerm_application_gateway.network","mode":"managed","type":"azurerm_application_gateway","name":"network","provider_config_key":"azurerm","expressions":{"backend_address_pool":[{"name":{"references":["var.appgw.backend_address_pool_name","var.appgw"]}}],"backend_http_settings":[{"cookie_based_affinity":{"constant_value":"Disabled"},"name":{"references":["var.appgw.http_setting_name","var.appgw"]},"path":{"constant_value":"/path1/"},"port":{"constant_value":80},"protocol":{"constant_value":"Http"},"request_timeout":{"constant_value":60}}],"frontend_ip_configuration":[{"name":{"references":["var.appgw.frontend_ip_config_name","var.appgw"]},"public_ip_address_id":{"references":["azurerm_public_ip.example.id","azurerm_public_ip.example"]}}],"frontend_port":[{"name":{"references":["var.appgw.frontend_port_name","var.appgw"]},"port":{"constant_value":80}}],"gateway_ip_configuration":[{"name":{"references":["var.appgw.appgw_config_ip_name","var.appgw"]},"subnet_id":{"references":["azurerm_subnet.example.id","azurerm_subnet.example"]}}],"http_listener":[{"frontend_ip_configuration_name":{"references":["var.appgw.frontend_ip_config_name","var.appgw"]},"frontend_port_name":{"references":["var.appgw.frontend_port_name","var.appgw"]},"name":{"references":["var.appgw.listener_name","var.appgw"]},"protocol":{"constant_value":"Http"}}],"location":{"references":["var.appgw.appgw_location","var.appgw"]},"name":{"references":["var.appgw.appgw_name","var.appgw"]},"request_routing_rule":[{"backend_address_pool_name":{"references":["var.appgw.backend_address_pool_name","var.appgw"]},"backend_http_settings_name":{"references":["var.appgw.http_setting_name","var.appgw"]},"http_listener_name":{"references":["var.appgw.listener_name","var.appgw"]},"name":{"references":["var.appgw.request_routing_rule_name","var.appgw"]},"priority":{"constant_value":1},"rule_type":{"constant_value":"Basic"}}],"resource_group_name":{"references":["var.appgw.appgw_rg_name","var.appgw"]},"sku":[{"capacity":{"constant_value":2},"name":{"constant_value":"Standard_v2"},"tier":{"constant_value":"Standard_v2"}}]},"schema_version":0},{"address":"azurerm_public_ip.example","mode":"managed","type":"azurerm_public_ip","name":"example","provider_config_key":"azurerm","expressions":{"allocation_method":{"constant_value":"Static"},"location":{"references":["var.appgw.appgw_location","var.appgw"]},"name":{"references":["var.appgw.appgw_pip","var.appgw"]},"resource_group_name":{"references":["var.appgw.appgw_rg_name","var.appgw"]},"sku":{"constant_value":"Standard"}},"schema_version":0},{"address":"azurerm_resource_group.example","mode":"managed","type":"azurerm_resource_group","name":"example","provider_config_key":"azurerm","expressions":{"location":{"references":["var.appgw.appgw_location","var.appgw"]},"name":{"references":["var.appgw.appgw_rg_name","var.appgw"]}},"schema_version":0},{"address":"azurerm_subnet.example","mode":"managed","type":"azurerm_subnet","name":"example","provider_config_key":"azurerm","expressions":{"address_prefixes":{"references":["var.appgw.appgw_address_prefixes","var.appgw"]},"name":{"references":["var.appgw.appgw_subnet_name","var.appgw"]},"resource_group_name":{"references":["var.appgw.appgw_rg_name","var.appgw"]},"virtual_network_name":{"references":["azurerm_virtual_network.example.name","azurerm_virtual_network.example"]}},"schema_version":0},{"address":"azurerm_virtual_network.example","mode":"managed","type":"azurerm_virtual_network","name":"example","provider_config_key":"azurerm","expressions":{"address_space":{"references":["var.appgw.appgw_address_space","var.appgw"]},"location":{"references":["var.appgw.appgw_location","var.appgw"]},"name":{"references":["var.appgw.appgw_vnet_name","var.appgw"]},"resource_group_name":{"references":["var.appgw.appgw_rg_name","var.appgw"]}},"schema_version":0}],"variables":{"appgw":{}}}},"relevant_attributes":[{"resource":"azurerm_virtual_network.example","attribute":["name"]},{"resource":"azurerm_subnet.example","attribute":["id"]},{"resource":"azurerm_public_ip.example","attribute":["id"]}],"timestamp":"2024-08-16T23:53:40Z","applyable":true,"complete":true,"errored":false}
