{"format_version":"1.2","terraform_version":"1.9.4","planned_values":{"root_module":{"resources":[{"address":"azurerm_application_gateway.appGateway","mode":"managed","type":"azurerm_application_gateway","name":"appGateway","provider_name":"registry.terraform.io/hashicorp/azurerm","schema_version":0,"values":{"authentication_certificate":[],"autoscale_configuration":[],"backend_address_pool":[{"fqdns":[],"name":"BackendPool"}],"backend_http_settings":[{"affinity_cookie_name":"","authentication_certificate":[],"connection_draining":[],"cookie_based_affinity":"Disabled","host_name":"","name":"backendSetting1","path":"","pick_host_name_from_backend_address":false,"port":80,"probe_name":"","protocol":"Http","request_timeout":20,"trusted_root_certificate_names":[]}],"custom_error_configuration":[],"enable_http2":null,"fips_enabled":null,"firewall_policy_id":null,"force_firewall_policy_association":null,"frontend_ip_configuration":[{"name":"appGwPublicFrontendIpIPv4","private_ip_address_allocation":"Dynamic","private_link_configuration_name":null,"subnet_id":null}],"frontend_port":[{"name":"port_80","port":80}],"gateway_ip_configuration":[{"name":"appGatewayIpConfig"}],"global":[],"http_listener":[{"custom_error_configuration":[],"firewall_policy_id":"","frontend_ip_configuration_name":"appGwPublicFrontendIpIPv4","frontend_port_name":"port_80","host_name":"","host_names":[],"name":"listener1","protocol":"Http","require_sni":null,"ssl_certificate_name":"","ssl_profile_name":""}],"identity":[],"location":"northeurope","name":"appGateway","private_link_configuration":[],"probe":[],"redirect_configuration":[],"request_routing_rule":[{"backend_address_pool_name":"BackendPool","backend_http_settings_name":"backendSetting1","http_listener_name":"listener1","name":"rule1","priority":1,"redirect_configuration_name":"","rewrite_rule_set_name":"","rule_type":"Basic","url_path_map_name":""}],"resource_group_name":"rg-aleksandar-ilicic2","rewrite_rule_set":[],"sku":[{"capacity":1,"name":"Standard_v2","tier":"Standard_v2"}],"ssl_certificate":[],"ssl_profile":[],"tags":null,"timeouts":null,"trusted_client_certificate":[],"trusted_root_certificate":[],"url_path_map":[],"waf_configuration":[],"zones":null},"sensitive_values":{"authentication_certificate":[],"autoscale_configuration":[],"backend_address_pool":[{"fqdns":[],"ip_addresses":[]}],"backend_http_settings":[{"authentication_certificate":[],"connection_draining":[],"trusted_root_certificate_names":[]}],"custom_error_configuration":[],"frontend_ip_configuration":[{}],"frontend_port":[{}],"gateway_ip_configuration":[{}],"global":[],"http_listener":[{"custom_error_configuration":[],"host_names":[]}],"identity":[],"private_endpoint_connection":[],"private_link_configuration":[],"probe":[],"redirect_configuration":[],"request_routing_rule":[{}],"rewrite_rule_set":[],"sku":[{}],"ssl_certificate":[],"ssl_policy":[],"ssl_profile":[],"trusted_client_certificate":[],"trusted_root_certificate":[],"url_path_map":[],"waf_configuration":[]}},{"address":"azurerm_kubernetes_cluster.k8s","mode":"managed","type":"azurerm_kubernetes_cluster","name":"k8s","provider_name":"registry.terraform.io/hashicorp/azurerm","schema_version":2,"values":{"aci_connector_linux":[],"automatic_channel_upgrade":null,"azure_active_directory_role_based_access_control":[],"azure_policy_enabled":null,"confidential_computing":[],"cost_analysis_enabled":null,"custom_ca_trust_certificates_base64":null,"default_node_pool":[{"capacity_reservation_group_id":null,"custom_ca_trust_enabled":null,"enable_auto_scaling":null,"enable_host_encryption":null,"enable_node_public_ip":null,"fips_enabled":null,"gpu_instance":null,"host_group_id":null,"kubelet_config":[],"linux_os_config":[],"max_count":null,"message_of_the_day":null,"min_count":null,"name":"agentpool","node_count":2,"node_network_profile":[],"node_public_ip_prefix_id":null,"node_taints":null,"only_critical_addons_enabled":null,"os_disk_type":"Managed","pod_subnet_id":null,"proximity_placement_group_id":null,"scale_down_mode":"Delete","snapshot_id":null,"tags":null,"temporary_name_for_rotation":null,"type":"VirtualMachineScaleSets","ultra_ssd_enabled":false,"upgrade_settings":[],"vm_size":"Standard_b2ms","vnet_subnet_id":null,"zones":null}],"disk_encryption_set_id":null,"dns_prefix":"k8s","dns_prefix_private_cluster":null,"edge_zone":null,"enable_pod_security_policy":null,"http_application_routing_enabled":null,"http_proxy_config":[],"identity":[{"identity_ids":null,"type":"SystemAssigned"}],"image_cleaner_enabled":false,"image_cleaner_interval_hours":48,"ingress_application_gateway":[],"key_management_service":[],"key_vault_secrets_provider":[],"linux_profile":[],"local_account_disabled":null,"location":"northeurope","maintenance_window":[],"maintenance_window_auto_upgrade":[],"maintenance_window_node_os":[],"microsoft_defender":[],"monitor_metrics":[],"name":"k8s","network_profile":[{"dns_service_ip":"10.0.3.10","load_balancer_sku":"standard","network_plugin":"azure","network_plugin_mode":null,"outbound_type":"loadBalancer","service_cidr":"10.0.3.0/24"}],"node_os_channel_upgrade":null,"oidc_issuer_enabled":true,"oms_agent":[],"open_service_mesh_enabled":null,"private_cluster_enabled":false,"private_cluster_public_fqdn_enabled":false,"public_network_access_enabled":true,"resource_group_name":"rg-aleksandar-ilicic2","role_based_access_control_enabled":true,"run_command_enabled":true,"service_mesh_profile":[],"service_principal":[],"sku_tier":"Free","storage_profile":[],"support_plan":"KubernetesOfficial","tags":null,"timeouts":null,"web_app_routing":[],"workload_autoscaler_profile":[],"workload_identity_enabled":true},"sensitive_values":{"aci_connector_linux":[],"api_server_access_profile":[],"api_server_authorized_ip_ranges":[],"auto_scaler_profile":[],"azure_active_directory_role_based_access_control":[],"confidential_computing":[],"default_node_pool":[{"kubelet_config":[],"linux_os_config":[],"node_labels":{},"node_network_profile":[],"upgrade_settings":[]}],"http_proxy_config":[],"identity":[{}],"ingress_application_gateway":[],"key_management_service":[],"key_vault_secrets_provider":[],"kube_admin_config":true,"kube_admin_config_raw":true,"kube_config":true,"kube_config_raw":true,"kubelet_identity":[],"linux_profile":[],"maintenance_window":[],"maintenance_window_auto_upgrade":[],"maintenance_window_node_os":[],"microsoft_defender":[],"monitor_metrics":[],"network_profile":[{"ip_versions":[],"load_balancer_profile":[],"nat_gateway_profile":[],"outbound_ip_address_ids":[],"outbound_ip_prefix_ids":[],"pod_cidrs":[],"service_cidrs":[]}],"oms_agent":[],"service_mesh_profile":[],"service_principal":[],"storage_profile":[],"web_app_routing":[],"windows_profile":[],"workload_autoscaler_profile":[]}},{"address":"azurerm_public_ip.staticIP","mode":"managed","type":"azurerm_public_ip","name":"staticIP","provider_name":"registry.terraform.io/hashicorp/azurerm","schema_version":0,"values":{"allocation_method":"Static","ddos_protection_mode":"VirtualNetworkInherited","ddos_protection_plan_id":null,"domain_name_label":null,"edge_zone":null,"idle_timeout_in_minutes":4,"ip_tags":null,"ip_version":"IPv4","location":"northeurope","name":"static_ip","public_ip_prefix_id":null,"resource_group_name":"MC_rg-aleksandar-ilicic2_k8s_northeurope","reverse_fqdn":null,"sku":"Standard","sku_tier":"Regional","tags":null,"timeouts":null,"zones":null},"sensitive_values":{}},{"address":"azurerm_public_ip.staticIP2","mode":"managed","type":"azurerm_public_ip","name":"staticIP2","provider_name":"registry.terraform.io/hashicorp/azurerm","schema_version":0,"values":{"allocation_method":"Static","ddos_protection_mode":"VirtualNetworkInherited","ddos_protection_plan_id":null,"domain_name_label":null,"edge_zone":null,"idle_timeout_in_minutes":4,"ip_tags":null,"ip_version":"IPv4","location":"northeurope","name":"static_ip2","public_ip_prefix_id":null,"resource_group_name":"rg-aleksandar-ilicic2","reverse_fqdn":null,"sku":"Standard","sku_tier":"Regional","tags":null,"timeouts":null,"zones":["1","2","3"]},"sensitive_values":{"zones":[false,false,false]}},{"address":"azurerm_resource_group.rg-aleksandar-ilicic","mode":"managed","type":"azurerm_resource_group","name":"rg-aleksandar-ilicic","provider_name":"registry.terraform.io/hashicorp/azurerm","schema_version":0,"values":{"location":"northeurope","managed_by":null,"name":"rg-aleksandar-ilicic2","tags":null,"timeouts":null},"sensitive_values":{}},{"address":"azurerm_subnet.gwSubnet","mode":"managed","type":"azurerm_subnet","name":"gwSubnet","provider_name":"registry.terraform.io/hashicorp/azurerm","schema_version":0,"values":{"address_prefixes":["10.0.1.0/24"],"default_outbound_access_enabled":true,"delegation":[],"name":"gwSubnet","resource_group_name":"rg-aleksandar-ilicic2","service_endpoint_policy_ids":null,"service_endpoints":null,"timeouts":null,"virtual_network_name":"vnetk8s"},"sensitive_values":{"address_prefixes":[false],"delegation":[]}},{"address":"azurerm_virtual_network.vnetk8s","mode":"managed","type":"azurerm_virtual_network","name":"vnetk8s","provider_name":"registry.terraform.io/hashicorp/azurerm","schema_version":0,"values":{"address_space":["10.0.0.0/16"],"bgp_community":null,"ddos_protection_plan":[],"dns_servers":["10.0.0.4","10.0.0.5"],"edge_zone":null,"encryption":[],"flow_timeout_in_minutes":null,"location":"northeurope","name":"vnetk8s","resource_group_name":"rg-aleksandar-ilicic2","tags":null,"timeouts":null},"sensitive_values":{"address_space":[false],"ddos_protection_plan":[],"dns_servers":[false,false],"encryption":[],"subnet":[]}}]}},"resource_changes":[{"address":"azurerm_application_gateway.appGateway","mode":"managed","type":"azurerm_application_gateway","name":"appGateway","provider_name":"registry.terraform.io/hashicorp/azurerm","change":{"actions":["create"],"before":null,"after":{"authentication_certificate":[],"autoscale_configuration":[],"backend_address_pool":[{"fqdns":[],"name":"BackendPool"}],"backend_http_settings":[{"affinity_cookie_name":"","authentication_certificate":[],"connection_draining":[],"cookie_based_affinity":"Disabled","host_name":"","name":"backendSetting1","path":"","pick_host_name_from_backend_address":false,"port":80,"probe_name":"","protocol":"Http","request_timeout":20,"trusted_root_certificate_names":[]}],"custom_error_configuration":[],"enable_http2":null,"fips_enabled":null,"firewall_policy_id":null,"force_firewall_policy_association":null,"frontend_ip_configuration":[{"name":"appGwPublicFrontendIpIPv4","private_ip_address_allocation":"Dynamic","private_link_configuration_name":null,"subnet_id":null}],"frontend_port":[{"name":"port_80","port":80}],"gateway_ip_configuration":[{"name":"appGatewayIpConfig"}],"global":[],"http_listener":[{"custom_error_configuration":[],"firewall_policy_id":"","frontend_ip_configuration_name":"appGwPublicFrontendIpIPv4","frontend_port_name":"port_80","host_name":"","host_names":[],"name":"listener1","protocol":"Http","require_sni":null,"ssl_certificate_name":"","ssl_profile_name":""}],"identity":[],"location":"northeurope","name":"appGateway","private_link_configuration":[],"probe":[],"redirect_configuration":[],"request_routing_rule":[{"backend_address_pool_name":"BackendPool","backend_http_settings_name":"backendSetting1","http_listener_name":"listener1","name":"rule1","priority":1,"redirect_configuration_name":"","rewrite_rule_set_name":"","rule_type":"Basic","url_path_map_name":""}],"resource_group_name":"rg-aleksandar-ilicic2","rewrite_rule_set":[],"sku":[{"capacity":1,"name":"Standard_v2","tier":"Standard_v2"}],"ssl_certificate":[],"ssl_profile":[],"tags":null,"timeouts":null,"trusted_client_certificate":[],"trusted_root_certificate":[],"url_path_map":[],"waf_configuration":[],"zones":null},"after_unknown":{"authentication_certificate":[],"autoscale_configuration":[],"backend_address_pool":[{"fqdns":[],"id":true,"ip_addresses":true}],"backend_http_settings":[{"authentication_certificate":[],"connection_draining":[],"id":true,"probe_id":true,"trusted_root_certificate_names":[]}],"custom_error_configuration":[],"frontend_ip_configuration":[{"id":true,"private_ip_address":true,"private_link_configuration_id":true,"public_ip_address_id":true}],"frontend_port":[{"id":true}],"gateway_ip_configuration":[{"id":true,"subnet_id":true}],"global":[],"http_listener":[{"custom_error_configuration":[],"frontend_ip_configuration_id":true,"frontend_port_id":true,"host_names":[],"id":true,"ssl_certificate_id":true,"ssl_profile_id":true}],"id":true,"identity":[],"private_endpoint_connection":true,"private_link_configuration":[],"probe":[],"redirect_configuration":[],"request_routing_rule":[{"backend_address_pool_id":true,"backend_http_settings_id":true,"http_listener_id":true,"id":true,"redirect_configuration_id":true,"rewrite_rule_set_id":true,"url_path_map_id":true}],"rewrite_rule_set":[],"sku":[{}],"ssl_certificate":[],"ssl_policy":true,"ssl_profile":[],"trusted_client_certificate":[],"trusted_root_certificate":[],"url_path_map":[],"waf_configuration":[]},"before_sensitive":false,"after_sensitive":{"authentication_certificate":[],"autoscale_configuration":[],"backend_address_pool":[{"fqdns":[],"ip_addresses":[]}],"backend_http_settings":[{"authentication_certificate":[],"connection_draining":[],"trusted_root_certificate_names":[]}],"custom_error_configuration":[],"frontend_ip_configuration":[{}],"frontend_port":[{}],"gateway_ip_configuration":[{}],"global":[],"http_listener":[{"custom_error_configuration":[],"host_names":[]}],"identity":[],"private_endpoint_connection":[],"private_link_configuration":[],"probe":[],"redirect_configuration":[],"request_routing_rule":[{}],"rewrite_rule_set":[],"sku":[{}],"ssl_certificate":[],"ssl_policy":[],"ssl_profile":[],"trusted_client_certificate":[],"trusted_root_certificate":[],"url_path_map":[],"waf_configuration":[]}}},{"address":"azurerm_kubernetes_cluster.k8s","mode":"managed","type":"azurerm_kubernetes_cluster","name":"k8s","provider_name":"registry.terraform.io/hashicorp/azurerm","change":{"actions":["create"],"before":null,"after":{"aci_connector_linux":[],"automatic_channel_upgrade":null,"azure_active_directory_role_based_access_control":[],"azure_policy_enabled":null,"confidential_computing":[],"cost_analysis_enabled":null,"custom_ca_trust_certificates_base64":null,"default_node_pool":[{"capacity_reservation_group_id":null,"custom_ca_trust_enabled":null,"enable_auto_scaling":null,"enable_host_encryption":null,"enable_node_public_ip":null,"fips_enabled":null,"gpu_instance":null,"host_group_id":null,"kubelet_config":[],"linux_os_config":[],"max_count":null,"message_of_the_day":null,"min_count":null,"name":"agentpool","node_count":2,"node_network_profile":[],"node_public_ip_prefix_id":null,"node_taints":null,"only_critical_addons_enabled":null,"os_disk_type":"Managed","pod_subnet_id":null,"proximity_placement_group_id":null,"scale_down_mode":"Delete","snapshot_id":null,"tags":null,"temporary_name_for_rotation":null,"type":"VirtualMachineScaleSets","ultra_ssd_enabled":false,"upgrade_settings":[],"vm_size":"Standard_b2ms","vnet_subnet_id":null,"zones":null}],"disk_encryption_set_id":null,"dns_prefix":"k8s","dns_prefix_private_cluster":null,"edge_zone":null,"enable_pod_security_policy":null,"http_application_routing_enabled":null,"http_proxy_config":[],"identity":[{"identity_ids":null,"type":"SystemAssigned"}],"image_cleaner_enabled":false,"image_cleaner_interval_hours":48,"ingress_application_gateway":[],"key_management_service":[],"key_vault_secrets_provider":[],"linux_profile":[],"local_account_disabled":null,"location":"northeurope","maintenance_window":[],"maintenance_window_auto_upgrade":[],"maintenance_window_node_os":[],"microsoft_defender":[],"monitor_metrics":[],"name":"k8s","network_profile":[{"dns_service_ip":"10.0.3.10","load_balancer_sku":"standard","network_plugin":"azure","network_plugin_mode":null,"outbound_type":"loadBalancer","service_cidr":"10.0.3.0/24"}],"node_os_channel_upgrade":null,"oidc_issuer_enabled":true,"oms_agent":[],"open_service_mesh_enabled":null,"private_cluster_enabled":false,"private_cluster_public_fqdn_enabled":false,"public_network_access_enabled":true,"resource_group_name":"rg-aleksandar-ilicic2","role_based_access_control_enabled":true,"run_command_enabled":true,"service_mesh_profile":[],"service_principal":[],"sku_tier":"Free","storage_profile":[],"support_plan":"KubernetesOfficial","tags":null,"timeouts":null,"web_app_routing":[],"workload_autoscaler_profile":[],"workload_identity_enabled":true},"after_unknown":{"aci_connector_linux":[],"api_server_access_profile":true,"api_server_authorized_ip_ranges":true,"auto_scaler_profile":true,"azure_active_directory_role_based_access_control":[],"confidential_computing":[],"current_kubernetes_version":true,"default_node_pool":[{"kubelet_config":[],"kubelet_disk_type":true,"linux_os_config":[],"max_pods":true,"node_labels":true,"node_network_profile":[],"orchestrator_version":true,"os_disk_size_gb":true,"os_sku":true,"upgrade_settings":[],"workload_runtime":true}],"fqdn":true,"http_application_routing_zone_name":true,"http_proxy_config":[],"id":true,"identity":[{"principal_id":true,"tenant_id":true}],"ingress_application_gateway":[],"key_management_service":[],"key_vault_secrets_provider":[],"kube_admin_config":true,"kube_admin_config_raw":true,"kube_config":true,"kube_config_raw":true,"kubelet_identity":true,"kubernetes_version":true,"linux_profile":[],"maintenance_window":[],"maintenance_window_auto_upgrade":[],"maintenance_window_node_os":[],"microsoft_defender":[],"monitor_metrics":[],"network_profile":[{"docker_bridge_cidr":true,"ebpf_data_plane":true,"ip_versions":true,"load_balancer_profile":true,"nat_gateway_profile":true,"network_data_plane":true,"network_mode":true,"network_policy":true,"outbound_ip_address_ids":true,"outbound_ip_prefix_ids":true,"pod_cidr":true,"pod_cidrs":true,"service_cidrs":true}],"node_resource_group":true,"node_resource_group_id":true,"oidc_issuer_url":true,"oms_agent":[],"portal_fqdn":true,"private_dns_zone_id":true,"private_fqdn":true,"service_mesh_profile":[],"service_principal":[],"storage_profile":[],"web_app_routing":[],"windows_profile":true,"workload_autoscaler_profile":[]},"before_sensitive":false,"after_sensitive":{"aci_connector_linux":[],"api_server_access_profile":[],"api_server_authorized_ip_ranges":[],"auto_scaler_profile":[],"azure_active_directory_role_based_access_control":[],"confidential_computing":[],"default_node_pool":[{"kubelet_config":[],"linux_os_config":[],"node_labels":{},"node_network_profile":[],"upgrade_settings":[]}],"http_proxy_config":[],"identity":[{}],"ingress_application_gateway":[],"key_management_service":[],"key_vault_secrets_provider":[],"kube_admin_config":true,"kube_admin_config_raw":true,"kube_config":true,"kube_config_raw":true,"kubelet_identity":[],"linux_profile":[],"maintenance_window":[],"maintenance_window_auto_upgrade":[],"maintenance_window_node_os":[],"microsoft_defender":[],"monitor_metrics":[],"network_profile":[{"ip_versions":[],"load_balancer_profile":[],"nat_gateway_profile":[],"outbound_ip_address_ids":[],"outbound_ip_prefix_ids":[],"pod_cidrs":[],"service_cidrs":[]}],"oms_agent":[],"service_mesh_profile":[],"service_principal":[],"storage_profile":[],"web_app_routing":[],"windows_profile":[],"workload_autoscaler_profile":[]}}},{"address":"azurerm_public_ip.staticIP","mode":"managed","type":"azurerm_public_ip","name":"staticIP","provider_name":"registry.terraform.io/hashicorp/azurerm","change":{"actions":["create"],"before":null,"after":{"allocation_method":"Static","ddos_protection_mode":"VirtualNetworkInherited","ddos_protection_plan_id":null,"domain_name_label":null,"edge_zone":null,"idle_timeout_in_minutes":4,"ip_tags":null,"ip_version":"IPv4","location":"northeurope","name":"static_ip","public_ip_prefix_id":null,"resource_group_name":"MC_rg-aleksandar-ilicic2_k8s_northeurope","reverse_fqdn":null,"sku":"Standard","sku_tier":"Regional","tags":null,"timeouts":null,"zones":null},"after_unknown":{"fqdn":true,"id":true,"ip_address":true},"before_sensitive":false,"after_sensitive":{}}},{"address":"azurerm_public_ip.staticIP2","mode":"managed","type":"azurerm_public_ip","name":"staticIP2","provider_name":"registry.terraform.io/hashicorp/azurerm","change":{"actions":["create"],"before":null,"after":{"allocation_method":"Static","ddos_protection_mode":"VirtualNetworkInherited","ddos_protection_plan_id":null,"domain_name_label":null,"edge_zone":null,"idle_timeout_in_minutes":4,"ip_tags":null,"ip_version":"IPv4","location":"northeurope","name":"static_ip2","public_ip_prefix_id":null,"resource_group_name":"rg-aleksandar-ilicic2","reverse_fqdn":null,"sku":"Standard","sku_tier":"Regional","tags":null,"timeouts":null,"zones":["1","2","3"]},"after_unknown":{"fqdn":true,"id":true,"ip_address":true,"zones":[false,false,false]},"before_sensitive":false,"after_sensitive":{"zones":[false,false,false]}}},{"address":"azurerm_resource_group.rg-aleksandar-ilicic","mode":"managed","type":"azurerm_resource_group","name":"rg-aleksandar-ilicic","provider_name":"registry.terraform.io/hashicorp/azurerm","change":{"actions":["create"],"before":null,"after":{"location":"northeurope","managed_by":null,"name":"rg-aleksandar-ilicic2","tags":null,"timeouts":null},"after_unknown":{"id":true},"before_sensitive":false,"after_sensitive":{}}},{"address":"azurerm_subnet.gwSubnet","mode":"managed","type":"azurerm_subnet","name":"gwSubnet","provider_name":"registry.terraform.io/hashicorp/azurerm","change":{"actions":["create"],"before":null,"after":{"address_prefixes":["10.0.1.0/24"],"default_outbound_access_enabled":true,"delegation":[],"name":"gwSubnet","resource_group_name":"rg-aleksandar-ilicic2","service_endpoint_policy_ids":null,"service_endpoints":null,"timeouts":null,"virtual_network_name":"vnetk8s"},"after_unknown":{"address_prefixes":[false],"delegation":[],"enforce_private_link_endpoint_network_policies":true,"enforce_private_link_service_network_policies":true,"id":true,"private_endpoint_network_policies":true,"private_endpoint_network_policies_enabled":true,"private_link_service_network_policies_enabled":true},"before_sensitive":false,"after_sensitive":{"address_prefixes":[false],"delegation":[]}}},{"address":"azurerm_virtual_network.vnetk8s","mode":"managed","type":"azurerm_virtual_network","name":"vnetk8s","provider_name":"registry.terraform.io/hashicorp/azurerm","change":{"actions":["create"],"before":null,"after":{"address_space":["10.0.0.0/16"],"bgp_community":null,"ddos_protection_plan":[],"dns_servers":["10.0.0.4","10.0.0.5"],"edge_zone":null,"encryption":[],"flow_timeout_in_minutes":null,"location":"northeurope","name":"vnetk8s","resource_group_name":"rg-aleksandar-ilicic2","tags":null,"timeouts":null},"after_unknown":{"address_space":[false],"ddos_protection_plan":[],"dns_servers":[false,false],"encryption":[],"guid":true,"id":true,"subnet":true},"before_sensitive":false,"after_sensitive":{"address_space":[false],"ddos_protection_plan":[],"dns_servers":[false,false],"encryption":[],"subnet":[]}}}],"configuration":{"provider_config":{"azurerm":{"name":"azurerm","full_name":"registry.terraform.io/hashicorp/azurerm","expressions":{"features":[{}]}}},"root_module":{"resources":[{"address":"azurerm_application_gateway.appGateway","mode":"managed","type":"azurerm_application_gateway","name":"appGateway","provider_config_key":"azurerm","expressions":{"backend_address_pool":[{"ip_addresses":{"references":["azurerm_public_ip.staticIP.ip_address","azurerm_public_ip.staticIP"]},"name":{"constant_value":"BackendPool"}}],"backend_http_settings":[{"cookie_based_affinity":{"constant_value":"Disabled"},"name":{"constant_value":"backendSetting1"},"port":{"constant_value":80},"protocol":{"constant_value":"Http"},"request_timeout":{"constant_value":20}}],"frontend_ip_configuration":[{"name":{"constant_value":"appGwPublicFrontendIpIPv4"},"public_ip_address_id":{"references":["azurerm_public_ip.staticIP2.id","azurerm_public_ip.staticIP2"]}}],"frontend_port":[{"name":{"constant_value":"port_80"},"port":{"constant_value":80}}],"gateway_ip_configuration":[{"name":{"constant_value":"appGatewayIpConfig"},"subnet_id":{"references":["azurerm_subnet.gwSubnet.id","azurerm_subnet.gwSubnet"]}}],"http_listener":[{"frontend_ip_configuration_name":{"constant_value":"appGwPublicFrontendIpIPv4"},"frontend_port_name":{"constant_value":"port_80"},"name":{"constant_value":"listener1"},"protocol":{"constant_value":"Http"}}],"location":{"references":["azurerm_resource_group.rg-aleksandar-ilicic.location","azurerm_resource_group.rg-aleksandar-ilicic"]},"name":{"constant_value":"appGateway"},"request_routing_rule":[{"backend_address_pool_name":{"constant_value":"BackendPool"},"backend_http_settings_name":{"constant_value":"backendSetting1"},"http_listener_name":{"constant_value":"listener1"},"name":{"constant_value":"rule1"},"priority":{"constant_value":1},"rule_type":{"constant_value":"Basic"}}],"resource_group_name":{"references":["azurerm_resource_group.rg-aleksandar-ilicic.name","azurerm_resource_group.rg-aleksandar-ilicic"]},"sku":[{"capacity":{"constant_value":1},"name":{"constant_value":"Standard_v2"},"tier":{"constant_value":"Standard_v2"}}]},"schema_version":0,"depends_on":["azurerm_virtual_network.vnetk8s"]},{"address":"azurerm_kubernetes_cluster.k8s","mode":"managed","type":"azurerm_kubernetes_cluster","name":"k8s","provider_config_key":"azurerm","expressions":{"default_node_pool":[{"name":{"constant_value":"agentpool"},"node_count":{"constant_value":2},"vm_size":{"constant_value":"Standard_b2ms"}}],"dns_prefix":{"constant_value":"k8s"},"identity":[{"type":{"constant_value":"SystemAssigned"}}],"location":{"references":["azurerm_resource_group.rg-aleksandar-ilicic.location","azurerm_resource_group.rg-aleksandar-ilicic"]},"name":{"constant_value":"k8s"},"network_profile":[{"dns_service_ip":{"constant_value":"10.0.3.10"},"load_balancer_sku":{"constant_value":"standard"},"network_plugin":{"constant_value":"azure"},"service_cidr":{"constant_value":"10.0.3.0/24"}}],"oidc_issuer_enabled":{"constant_value":true},"resource_group_name":{"references":["azurerm_resource_group.rg-aleksandar-ilicic.name","azurerm_resource_group.rg-aleksandar-ilicic"]},"sku_tier":{"constant_value":"Free"},"workload_identity_enabled":{"constant_value":true}},"schema_version":2,"depends_on":["azurerm_virtual_network.vnetk8s"]},{"address":"azurerm_public_ip.staticIP","mode":"managed","type":"azurerm_public_ip","name":"staticIP","provider_config_key":"azurerm","expressions":{"allocation_method":{"constant_value":"Static"},"location":{"references":["azurerm_resource_group.rg-aleksandar-ilicic.location","azurerm_resource_group.rg-aleksandar-ilicic"]},"name":{"constant_value":"static_ip"},"resource_group_name":{"constant_value":"MC_rg-aleksandar-ilicic2_k8s_northeurope"},"sku":{"constant_value":"Standard"}},"schema_version":0,"depends_on":["azurerm_kubernetes_cluster.k8s"]},{"address":"azurerm_public_ip.staticIP2","mode":"managed","type":"azurerm_public_ip","name":"staticIP2","provider_config_key":"azurerm","expressions":{"allocation_method":{"constant_value":"Static"},"location":{"references":["azurerm_resource_group.rg-aleksandar-ilicic.location","azurerm_resource_group.rg-aleksandar-ilicic"]},"name":{"constant_value":"static_ip2"},"resource_group_name":{"references":["azurerm_resource_group.rg-aleksandar-ilicic.name","azurerm_resource_group.rg-aleksandar-ilicic"]},"sku":{"constant_value":"Standard"},"zones":{"constant_value":["1","2","3"]}},"schema_version":0,"depends_on":["azurerm_virtual_network.vnetk8s"]},{"address":"azurerm_resource_group.rg-aleksandar-ilicic","mode":"managed","type":"azurerm_resource_group","name":"rg-aleksandar-ilicic","provider_config_key":"azurerm","expressions":{"location":{"constant_value":"northeurope"},"name":{"constant_value":"rg-aleksandar-ilicic2"}},"schema_version":0},{"address":"azurerm_subnet.gwSubnet","mode":"managed","type":"azurerm_subnet","name":"gwSubnet","provider_config_key":"azurerm","expressions":{"address_prefixes":{"constant_value":["10.0.1.0/24"]},"name":{"constant_value":"gwSubnet"},"resource_group_name":{"references":["azurerm_resource_group.rg-aleksandar-ilicic.name","azurerm_resource_group.rg-aleksandar-ilicic"]},"virtual_network_name":{"references":["azurerm_virtual_network.vnetk8s.name","azurerm_virtual_network.vnetk8s"]}},"schema_version":0,"depends_on":["azurerm_virtual_network.vnetk8s"]},{"address":"azurerm_virtual_network.vnetk8s","mode":"managed","type":"azurerm_virtual_network","name":"vnetk8s","provider_config_key":"azurerm","expressions":{"address_space":{"constant_value":["10.0.0.0/16"]},"dns_servers":{"constant_value":["10.0.0.4","10.0.0.5"]},"location":{"references":["azurerm_resource_group.rg-aleksandar-ilicic.location","azurerm_resource_group.rg-aleksandar-ilicic"]},"name":{"constant_value":"vnetk8s"},"resource_group_name":{"references":["azurerm_resource_group.rg-aleksandar-ilicic.name","azurerm_resource_group.rg-aleksandar-ilicic"]}},"schema_version":0}]}},"relevant_attributes":[{"resource":"azurerm_resource_group.rg-aleksandar-ilicic","attribute":["name"]},{"resource":"azurerm_virtual_network.vnetk8s","attribute":["name"]},{"resource":"azurerm_subnet.gwSubnet","attribute":["id"]},{"resource":"azurerm_public_ip.staticIP2","attribute":["id"]},{"resource":"azurerm_public_ip.staticIP","attribute":["ip_address"]},{"resource":"azurerm_resource_group.rg-aleksandar-ilicic","attribute":["location"]}],"timestamp":"2024-08-17T00:21:14Z","applyable":true,"complete":true,"errored":false}
