{"format_version":"1.2","terraform_version":"1.9.4","planned_values":{"root_module":{"resources":[{"address":"azurerm_application_gateway.appgateway","mode":"managed","type":"azurerm_application_gateway","name":"appgateway","provider_name":"registry.terraform.io/hashicorp/azurerm","schema_version":0,"values":{"authentication_certificate":[],"autoscale_configuration":[],"backend_address_pool":[{"fqdns":[],"ip_addresses":[],"name":"defaultPool"}],"backend_http_settings":[{"affinity_cookie_name":"","authentication_certificate":[],"connection_draining":[],"cookie_based_affinity":"Disabled","host_name":"","name":"defaultHttpSetting","path":"","pick_host_name_from_backend_address":false,"port":80,"probe_name":"","protocol":"Http","request_timeout":30,"trusted_root_certificate_names":[]}],"custom_error_configuration":[],"enable_http2":null,"fips_enabled":null,"firewall_policy_id":null,"force_firewall_policy_association":null,"frontend_ip_configuration":[{"name":"frontendIpConfig","private_ip_address":"10.0.3.10","private_ip_address_allocation":"Dynamic","private_link_configuration_name":null,"subnet_id":null}],"frontend_port":[{"name":"frontendPort","port":80}],"gateway_ip_configuration":[{"name":"gatewayIpConfig"}],"global":[],"http_listener":[{"custom_error_configuration":[],"firewall_policy_id":"","frontend_ip_configuration_name":"frontendIpConfig","frontend_port_name":"frontendPort","host_name":"","host_names":[],"name":"httpListener","protocol":"Http","require_sni":null,"ssl_certificate_name":"","ssl_profile_name":""}],"identity":[],"location":"northeurope","name":"appgateway","private_link_configuration":[],"probe":[],"redirect_configuration":[],"request_routing_rule":[{"backend_address_pool_name":"defaultPool","backend_http_settings_name":"defaultHttpSetting","http_listener_name":"httpListener","name":"httpRule","priority":9,"redirect_configuration_name":"","rewrite_rule_set_name":"","rule_type":"Basic","url_path_map_name":""}],"resource_group_name":"rg-orbit-aks2-demo","rewrite_rule_set":[],"sku":[{"capacity":1,"name":"Standard_v2","tier":"Standard_v2"}],"ssl_certificate":[],"ssl_profile":[],"tags":null,"timeouts":null,"trusted_client_certificate":[],"trusted_root_certificate":[],"url_path_map":[],"waf_configuration":[],"zones":null},"sensitive_values":{"authentication_certificate":[],"autoscale_configuration":[],"backend_address_pool":[{"fqdns":[],"ip_addresses":[]}],"backend_http_settings":[{"authentication_certificate":[],"connection_draining":[],"trusted_root_certificate_names":[]}],"custom_error_configuration":[],"frontend_ip_configuration":[{}],"frontend_port":[{}],"gateway_ip_configuration":[{}],"global":[],"http_listener":[{"custom_error_configuration":[],"host_names":[]}],"identity":[],"private_endpoint_connection":[],"private_link_configuration":[],"probe":[],"redirect_configuration":[],"request_routing_rule":[{}],"rewrite_rule_set":[],"sku":[{}],"ssl_certificate":[],"ssl_policy":[],"ssl_profile":[],"trusted_client_certificate":[],"trusted_root_certificate":[],"url_path_map":[],"waf_configuration":[]}},{"address":"azurerm_kubernetes_cluster.aks","mode":"managed","type":"azurerm_kubernetes_cluster","name":"aks","provider_name":"registry.terraform.io/hashicorp/azurerm","schema_version":2,"values":{"aci_connector_linux":[],"automatic_channel_upgrade":null,"azure_active_directory_role_based_access_control":[],"azure_policy_enabled":null,"confidential_computing":[],"cost_analysis_enabled":null,"custom_ca_trust_certificates_base64":null,"default_node_pool":[{"capacity_reservation_group_id":null,"custom_ca_trust_enabled":null,"enable_auto_scaling":null,"enable_host_encryption":null,"enable_node_public_ip":null,"fips_enabled":null,"gpu_instance":null,"host_group_id":null,"kubelet_config":[],"linux_os_config":[],"max_count":null,"message_of_the_day":null,"min_count":null,"name":"default","node_count":2,"node_network_profile":[],"node_public_ip_prefix_id":null,"node_taints":null,"only_critical_addons_enabled":null,"os_disk_type":"Managed","pod_subnet_id":null,"proximity_placement_group_id":null,"scale_down_mode":"Delete","snapshot_id":null,"tags":null,"temporary_name_for_rotation":null,"type":"VirtualMachineScaleSets","ultra_ssd_enabled":false,"upgrade_settings":[],"vm_size":"Standard_B2s","zones":null}],"disk_encryption_set_id":null,"dns_prefix":"orbit-aks","dns_prefix_private_cluster":null,"edge_zone":null,"enable_pod_security_policy":null,"http_application_routing_enabled":null,"http_proxy_config":[],"identity":[{"identity_ids":null,"type":"SystemAssigned"}],"image_cleaner_enabled":false,"image_cleaner_interval_hours":48,"ingress_application_gateway":[],"key_management_service":[],"key_vault_secrets_provider":[],"linux_profile":[],"local_account_disabled":null,"location":"northeurope","maintenance_window":[],"maintenance_window_auto_upgrade":[],"maintenance_window_node_os":[],"microsoft_defender":[],"monitor_metrics":[],"name":"orbit-aks-cluster","network_profile":[{"dns_service_ip":"10.0.4.10","load_balancer_sku":"standard","network_plugin":"azure","network_plugin_mode":null,"network_policy":"azure","outbound_type":"loadBalancer","service_cidr":"10.0.4.0/24"}],"node_os_channel_upgrade":null,"oidc_issuer_enabled":null,"oms_agent":[],"open_service_mesh_enabled":null,"private_cluster_enabled":false,"private_cluster_public_fqdn_enabled":false,"public_network_access_enabled":true,"resource_group_name":"rg-orbit-aks2-demo","role_based_access_control_enabled":true,"run_command_enabled":true,"service_mesh_profile":[],"service_principal":[],"sku_tier":"Free","storage_profile":[],"support_plan":"KubernetesOfficial","tags":null,"timeouts":null,"web_app_routing":[],"workload_autoscaler_profile":[],"workload_identity_enabled":false},"sensitive_values":{"aci_connector_linux":[],"api_server_access_profile":[],"api_server_authorized_ip_ranges":[],"auto_scaler_profile":[],"azure_active_directory_role_based_access_control":[],"confidential_computing":[],"default_node_pool":[{"kubelet_config":[],"linux_os_config":[],"node_labels":{},"node_network_profile":[],"upgrade_settings":[]}],"http_proxy_config":[],"identity":[{}],"ingress_application_gateway":[],"key_management_service":[],"key_vault_secrets_provider":[],"kube_admin_config":true,"kube_admin_config_raw":true,"kube_config":true,"kube_config_raw":true,"kubelet_identity":[],"linux_profile":[],"maintenance_window":[],"maintenance_window_auto_upgrade":[],"maintenance_window_node_os":[],"microsoft_defender":[],"monitor_metrics":[],"network_profile":[{"ip_versions":[],"load_balancer_profile":[],"nat_gateway_profile":[],"outbound_ip_address_ids":[],"outbound_ip_prefix_ids":[],"pod_cidrs":[],"service_cidrs":[]}],"oms_agent":[],"service_mesh_profile":[],"service_principal":[],"storage_profile":[],"web_app_routing":[],"windows_profile":[],"workload_autoscaler_profile":[]}},{"address":"azurerm_network_security_group.nsg_backend","mode":"managed","type":"azurerm_network_security_group","name":"nsg_backend","provider_name":"registry.terraform.io/hashicorp/azurerm","schema_version":0,"values":{"location":"northeurope","name":"nsg-backend","resource_group_name":"rg-orbit-aks2-demo","tags":null,"timeouts":null},"sensitive_values":{"security_rule":[]}},{"address":"azurerm_network_security_group.nsg_db","mode":"managed","type":"azurerm_network_security_group","name":"nsg_db","provider_name":"registry.terraform.io/hashicorp/azurerm","schema_version":0,"values":{"location":"northeurope","name":"nsg-db","resource_group_name":"rg-orbit-aks2-demo","tags":null,"timeouts":null},"sensitive_values":{"security_rule":[]}},{"address":"azurerm_network_security_rule.allow_aks_to_appgw","mode":"managed","type":"azurerm_network_security_rule","name":"allow_aks_to_appgw","provider_name":"registry.terraform.io/hashicorp/azurerm","schema_version":0,"values":{"access":"Allow","description":null,"destination_address_prefix":"10.0.3.0/24","destination_address_prefixes":null,"destination_application_security_group_ids":null,"destination_port_range":null,"destination_port_ranges":["443","80"],"direction":"Outbound","name":"allow-aks-to-appgw","network_security_group_name":"nsg-backend","priority":200,"protocol":"*","resource_group_name":"rg-orbit-aks2-demo","source_address_prefix":"*","source_address_prefixes":null,"source_application_security_group_ids":null,"source_port_range":"*","source_port_ranges":null,"timeouts":null},"sensitive_values":{"destination_port_ranges":[false,false]}},{"address":"azurerm_network_security_rule.allow_aks_to_db","mode":"managed","type":"azurerm_network_security_rule","name":"allow_aks_to_db","provider_name":"registry.terraform.io/hashicorp/azurerm","schema_version":0,"values":{"access":"Allow","description":null,"destination_address_prefix":"*","destination_address_prefixes":null,"destination_application_security_group_ids":null,"destination_port_range":"5432","destination_port_ranges":null,"direction":"Inbound","name":"allow_aks_to_db","network_security_group_name":"nsg-db","priority":100,"protocol":"Tcp","resource_group_name":"rg-orbit-aks2-demo","source_address_prefix":"10.0.1.0/24","source_address_prefixes":null,"source_application_security_group_ids":null,"source_port_range":"*","source_port_ranges":null,"timeouts":null},"sensitive_values":{}},{"address":"azurerm_network_security_rule.allow_appgw_to_aks","mode":"managed","type":"azurerm_network_security_rule","name":"allow_appgw_to_aks","provider_name":"registry.terraform.io/hashicorp/azurerm","schema_version":0,"values":{"access":"Allow","description":null,"destination_address_prefix":"*","destination_address_prefixes":null,"destination_application_security_group_ids":null,"destination_port_range":null,"destination_port_ranges":["443","80"],"direction":"Inbound","name":"allow-appgw-to-aks","network_security_group_name":"nsg-backend","priority":100,"protocol":"*","resource_group_name":"rg-orbit-aks2-demo","source_address_prefix":"10.0.3.0/24","source_address_prefixes":null,"source_application_security_group_ids":null,"source_port_range":"*","source_port_ranges":null,"timeouts":null},"sensitive_values":{"destination_port_ranges":[false,false]}},{"address":"azurerm_postgresql_flexible_server.postgresql","mode":"managed","type":"azurerm_postgresql_flexible_server","name":"postgresql","provider_name":"registry.terraform.io/hashicorp/azurerm","schema_version":0,"values":{"administrator_login":"pgadmin","administrator_password":"P@ssword1234!","auto_grow_enabled":false,"create_mode":null,"customer_managed_key":[],"geo_redundant_backup_enabled":false,"high_availability":[],"identity":[],"location":"northeurope","maintenance_window":[],"name":"orbit-demo-pgserver","point_in_time_restore_time_in_utc":null,"public_network_access_enabled":false,"replication_role":null,"resource_group_name":"rg-orbit-aks2-demo","sku_name":"GP_Standard_D4s_v3","source_server_id":null,"storage_mb":32768,"storage_tier":"P30","tags":null,"timeouts":null,"version":"13","zone":"1"},"sensitive_values":{"administrator_password":true,"authentication":[],"customer_managed_key":[],"high_availability":[],"identity":[],"maintenance_window":[]}},{"address":"azurerm_postgresql_flexible_server_firewall_rule.allow_internal","mode":"managed","type":"azurerm_postgresql_flexible_server_firewall_rule","name":"allow_internal","provider_name":"registry.terraform.io/hashicorp/azurerm","schema_version":0,"values":{"end_ip_address":"10.0.1.254","name":"allow_internal","start_ip_address":"10.0.1.1","timeouts":null},"sensitive_values":{}},{"address":"azurerm_private_dns_zone.postgresql","mode":"managed","type":"azurerm_private_dns_zone","name":"postgresql","provider_name":"registry.terraform.io/hashicorp/azurerm","schema_version":0,"values":{"name":"orbit.postgres.database.azure.com","resource_group_name":"rg-orbit-aks2-demo","tags":null,"timeouts":null},"sensitive_values":{"soa_record":[]}},{"address":"azurerm_private_dns_zone_virtual_network_link.vnetlink","mode":"managed","type":"azurerm_private_dns_zone_virtual_network_link","name":"vnetlink","provider_name":"registry.terraform.io/hashicorp/azurerm","schema_version":0,"values":{"name":"vnet-spoke1-link","private_dns_zone_name":"orbit.postgres.database.azure.com","registration_enabled":false,"resource_group_name":"rg-orbit-aks2-demo","tags":null,"timeouts":null},"sensitive_values":{}},{"address":"azurerm_public_ip.appgw_pip","mode":"managed","type":"azurerm_public_ip","name":"appgw_pip","provider_name":"registry.terraform.io/hashicorp/azurerm","schema_version":0,"values":{"allocation_method":"Static","ddos_protection_mode":"VirtualNetworkInherited","ddos_protection_plan_id":null,"domain_name_label":null,"edge_zone":null,"idle_timeout_in_minutes":4,"ip_tags":null,"ip_version":"IPv4","location":"northeurope","name":"appgw-pip","public_ip_prefix_id":null,"resource_group_name":"rg-orbit-aks2-demo","reverse_fqdn":null,"sku":"Standard","sku_tier":"Regional","tags":null,"timeouts":null,"zones":null},"sensitive_values":{}},{"address":"azurerm_resource_group.rg","mode":"managed","type":"azurerm_resource_group","name":"rg","provider_name":"registry.terraform.io/hashicorp/azurerm","schema_version":0,"values":{"location":"northeurope","managed_by":null,"name":"rg-orbit-aks2-demo","tags":null,"timeouts":null},"sensitive_values":{}},{"address":"azurerm_subnet.backend","mode":"managed","type":"azurerm_subnet","name":"backend","provider_name":"registry.terraform.io/hashicorp/azurerm","schema_version":0,"values":{"address_prefixes":["10.0.1.0/24"],"default_outbound_access_enabled":true,"delegation":[],"name":"backend-subnet","resource_group_name":"rg-orbit-aks2-demo","service_endpoint_policy_ids":null,"service_endpoints":null,"timeouts":null,"virtual_network_name":"vnet-spoke1"},"sensitive_values":{"address_prefixes":[false],"delegation":[]}},{"address":"azurerm_subnet.db","mode":"managed","type":"azurerm_subnet","name":"db","provider_name":"registry.terraform.io/hashicorp/azurerm","schema_version":0,"values":{"address_prefixes":["10.0.2.0/24"],"default_outbound_access_enabled":true,"delegation":[{"name":"postgresqlDelegation","service_delegation":[{"actions":["Microsoft.Network/virtualNetworks/subnets/join/action"],"name":"Microsoft.DBforPostgreSQL/flexibleServers"}]}],"name":"db-subnet","resource_group_name":"rg-orbit-aks2-demo","service_endpoint_policy_ids":null,"service_endpoints":null,"timeouts":null,"virtual_network_name":"vnet-spoke1"},"sensitive_values":{"address_prefixes":[false],"delegation":[{"service_delegation":[{"actions":[false]}]}]}},{"address":"azurerm_subnet.gateway","mode":"managed","type":"azurerm_subnet","name":"gateway","provider_name":"registry.terraform.io/hashicorp/azurerm","schema_version":0,"values":{"address_prefixes":["10.0.3.0/24"],"default_outbound_access_enabled":true,"delegation":[],"name":"gateway-subnet","resource_group_name":"rg-orbit-aks2-demo","service_endpoint_policy_ids":null,"service_endpoints":null,"timeouts":null,"virtual_network_name":"vnet-spoke1"},"sensitive_values":{"address_prefixes":[false],"delegation":[]}},{"address":"azurerm_subnet_network_security_group_association.backend","mode":"managed","type":"azurerm_subnet_network_security_group_association","name":"backend","provider_name":"registry.terraform.io/hashicorp/azurerm","schema_version":0,"values":{"timeouts":null},"sensitive_values":{}},{"address":"azurerm_subnet_network_security_group_association.db","mode":"managed","type":"azurerm_subnet_network_security_group_association","name":"db","provider_name":"registry.terraform.io/hashicorp/azurerm","schema_version":0,"values":{"timeouts":null},"sensitive_values":{}},{"address":"azurerm_virtual_network.vnet","mode":"managed","type":"azurerm_virtual_network","name":"vnet","provider_name":"registry.terraform.io/hashicorp/azurerm","schema_version":0,"values":{"address_space":["10.0.0.0/16"],"bgp_community":null,"ddos_protection_plan":[],"edge_zone":null,"encryption":[],"flow_timeout_in_minutes":null,"location":"northeurope","name":"vnet-spoke1","resource_group_name":"rg-orbit-aks2-demo","tags":null,"timeouts":null},"sensitive_values":{"address_space":[false],"ddos_protection_plan":[],"dns_servers":[],"encryption":[],"subnet":[]}}]}},"resource_changes":[{"address":"azurerm_application_gateway.appgateway","mode":"managed","type":"azurerm_application_gateway","name":"appgateway","provider_name":"registry.terraform.io/hashicorp/azurerm","change":{"actions":["create"],"before":null,"after":{"authentication_certificate":[],"autoscale_configuration":[],"backend_address_pool":[{"fqdns":[],"ip_addresses":[],"name":"defaultPool"}],"backend_http_settings":[{"affinity_cookie_name":"","authentication_certificate":[],"connection_draining":[],"cookie_based_affinity":"Disabled","host_name":"","name":"defaultHttpSetting","path":"","pick_host_name_from_backend_address":false,"port":80,"probe_name":"","protocol":"Http","request_timeout":30,"trusted_root_certificate_names":[]}],"custom_error_configuration":[],"enable_http2":null,"fips_enabled":null,"firewall_policy_id":null,"force_firewall_policy_association":null,"frontend_ip_configuration":[{"name":"frontendIpConfig","private_ip_address":"10.0.3.10","private_ip_address_allocation":"Dynamic","private_link_configuration_name":null,"subnet_id":null}],"frontend_port":[{"name":"frontendPort","port":80}],"gateway_ip_configuration":[{"name":"gatewayIpConfig"}],"global":[],"http_listener":[{"custom_error_configuration":[],"firewall_policy_id":"","frontend_ip_configuration_name":"frontendIpConfig","frontend_port_name":"frontendPort","host_name":"","host_names":[],"name":"httpListener","protocol":"Http","require_sni":null,"ssl_certificate_name":"","ssl_profile_name":""}],"identity":[],"location":"northeurope","name":"appgateway","private_link_configuration":[],"probe":[],"redirect_configuration":[],"request_routing_rule":[{"backend_address_pool_name":"defaultPool","backend_http_settings_name":"defaultHttpSetting","http_listener_name":"httpListener","name":"httpRule","priority":9,"redirect_configuration_name":"","rewrite_rule_set_name":"","rule_type":"Basic","url_path_map_name":""}],"resource_group_name":"rg-orbit-aks2-demo","rewrite_rule_set":[],"sku":[{"capacity":1,"name":"Standard_v2","tier":"Standard_v2"}],"ssl_certificate":[],"ssl_profile":[],"tags":null,"timeouts":null,"trusted_client_certificate":[],"trusted_root_certificate":[],"url_path_map":[],"waf_configuration":[],"zones":null},"after_unknown":{"authentication_certificate":[],"autoscale_configuration":[],"backend_address_pool":[{"fqdns":[],"id":true,"ip_addresses":[]}],"backend_http_settings":[{"authentication_certificate":[],"connection_draining":[],"id":true,"probe_id":true,"trusted_root_certificate_names":[]}],"custom_error_configuration":[],"frontend_ip_configuration":[{"id":true,"private_link_configuration_id":true,"public_ip_address_id":true}],"frontend_port":[{"id":true}],"gateway_ip_configuration":[{"id":true,"subnet_id":true}],"global":[],"http_listener":[{"custom_error_configuration":[],"frontend_ip_configuration_id":true,"frontend_port_id":true,"host_names":[],"id":true,"ssl_certificate_id":true,"ssl_profile_id":true}],"id":true,"identity":[],"private_endpoint_connection":true,"private_link_configuration":[],"probe":[],"redirect_configuration":[],"request_routing_rule":[{"backend_address_pool_id":true,"backend_http_settings_id":true,"http_listener_id":true,"id":true,"redirect_configuration_id":true,"rewrite_rule_set_id":true,"url_path_map_id":true}],"rewrite_rule_set":[],"sku":[{}],"ssl_certificate":[],"ssl_policy":true,"ssl_profile":[],"trusted_client_certificate":[],"trusted_root_certificate":[],"url_path_map":[],"waf_configuration":[]},"before_sensitive":false,"after_sensitive":{"authentication_certificate":[],"autoscale_configuration":[],"backend_address_pool":[{"fqdns":[],"ip_addresses":[]}],"backend_http_settings":[{"authentication_certificate":[],"connection_draining":[],"trusted_root_certificate_names":[]}],"custom_error_configuration":[],"frontend_ip_configuration":[{}],"frontend_port":[{}],"gateway_ip_configuration":[{}],"global":[],"http_listener":[{"custom_error_configuration":[],"host_names":[]}],"identity":[],"private_endpoint_connection":[],"private_link_configuration":[],"probe":[],"redirect_configuration":[],"request_routing_rule":[{}],"rewrite_rule_set":[],"sku":[{}],"ssl_certificate":[],"ssl_policy":[],"ssl_profile":[],"trusted_client_certificate":[],"trusted_root_certificate":[],"url_path_map":[],"waf_configuration":[]}}},{"address":"azurerm_kubernetes_cluster.aks","mode":"managed","type":"azurerm_kubernetes_cluster","name":"aks","provider_name":"registry.terraform.io/hashicorp/azurerm","change":{"actions":["create"],"before":null,"after":{"aci_connector_linux":[],"automatic_channel_upgrade":null,"azure_active_directory_role_based_access_control":[],"azure_policy_enabled":null,"confidential_computing":[],"cost_analysis_enabled":null,"custom_ca_trust_certificates_base64":null,"default_node_pool":[{"capacity_reservation_group_id":null,"custom_ca_trust_enabled":null,"enable_auto_scaling":null,"enable_host_encryption":null,"enable_node_public_ip":null,"fips_enabled":null,"gpu_instance":null,"host_group_id":null,"kubelet_config":[],"linux_os_config":[],"max_count":null,"message_of_the_day":null,"min_count":null,"name":"default","node_count":2,"node_network_profile":[],"node_public_ip_prefix_id":null,"node_taints":null,"only_critical_addons_enabled":null,"os_disk_type":"Managed","pod_subnet_id":null,"proximity_placement_group_id":null,"scale_down_mode":"Delete","snapshot_id":null,"tags":null,"temporary_name_for_rotation":null,"type":"VirtualMachineScaleSets","ultra_ssd_enabled":false,"upgrade_settings":[],"vm_size":"Standard_B2s","zones":null}],"disk_encryption_set_id":null,"dns_prefix":"orbit-aks","dns_prefix_private_cluster":null,"edge_zone":null,"enable_pod_security_policy":null,"http_application_routing_enabled":null,"http_proxy_config":[],"identity":[{"identity_ids":null,"type":"SystemAssigned"}],"image_cleaner_enabled":false,"image_cleaner_interval_hours":48,"ingress_application_gateway":[],"key_management_service":[],"key_vault_secrets_provider":[],"linux_profile":[],"local_account_disabled":null,"location":"northeurope","maintenance_window":[],"maintenance_window_auto_upgrade":[],"maintenance_window_node_os":[],"microsoft_defender":[],"monitor_metrics":[],"name":"orbit-aks-cluster","network_profile":[{"dns_service_ip":"10.0.4.10","load_balancer_sku":"standard","network_plugin":"azure","network_plugin_mode":null,"network_policy":"azure","outbound_type":"loadBalancer","service_cidr":"10.0.4.0/24"}],"node_os_channel_upgrade":null,"oidc_issuer_enabled":null,"oms_agent":[],"open_service_mesh_enabled":null,"private_cluster_enabled":false,"private_cluster_public_fqdn_enabled":false,"public_network_access_enabled":true,"resource_group_name":"rg-orbit-aks2-demo","role_based_access_control_enabled":true,"run_command_enabled":true,"service_mesh_profile":[],"service_principal":[],"sku_tier":"Free","storage_profile":[],"support_plan":"KubernetesOfficial","tags":null,"timeouts":null,"web_app_routing":[],"workload_autoscaler_profile":[],"workload_identity_enabled":false},"after_unknown":{"aci_connector_linux":[],"api_server_access_profile":true,"api_server_authorized_ip_ranges":true,"auto_scaler_profile":true,"azure_active_directory_role_based_access_control":[],"confidential_computing":[],"current_kubernetes_version":true,"default_node_pool":[{"kubelet_config":[],"kubelet_disk_type":true,"linux_os_config":[],"max_pods":true,"node_labels":true,"node_network_profile":[],"orchestrator_version":true,"os_disk_size_gb":true,"os_sku":true,"upgrade_settings":[],"vnet_subnet_id":true,"workload_runtime":true}],"fqdn":true,"http_application_routing_zone_name":true,"http_proxy_config":[],"id":true,"identity":[{"principal_id":true,"tenant_id":true}],"ingress_application_gateway":[],"key_management_service":[],"key_vault_secrets_provider":[],"kube_admin_config":true,"kube_admin_config_raw":true,"kube_config":true,"kube_config_raw":true,"kubelet_identity":true,"kubernetes_version":true,"linux_profile":[],"maintenance_window":[],"maintenance_window_auto_upgrade":[],"maintenance_window_node_os":[],"microsoft_defender":[],"monitor_metrics":[],"network_profile":[{"docker_bridge_cidr":true,"ebpf_data_plane":true,"ip_versions":true,"load_balancer_profile":true,"nat_gateway_profile":true,"network_data_plane":true,"network_mode":true,"outbound_ip_address_ids":true,"outbound_ip_prefix_ids":true,"pod_cidr":true,"pod_cidrs":true,"service_cidrs":true}],"node_resource_group":true,"node_resource_group_id":true,"oidc_issuer_url":true,"oms_agent":[],"portal_fqdn":true,"private_dns_zone_id":true,"private_fqdn":true,"service_mesh_profile":[],"service_principal":[],"storage_profile":[],"web_app_routing":[],"windows_profile":true,"workload_autoscaler_profile":[]},"before_sensitive":false,"after_sensitive":{"aci_connector_linux":[],"api_server_access_profile":[],"api_server_authorized_ip_ranges":[],"auto_scaler_profile":[],"azure_active_directory_role_based_access_control":[],"confidential_computing":[],"default_node_pool":[{"kubelet_config":[],"linux_os_config":[],"node_labels":{},"node_network_profile":[],"upgrade_settings":[]}],"http_proxy_config":[],"identity":[{}],"ingress_application_gateway":[],"key_management_service":[],"key_vault_secrets_provider":[],"kube_admin_config":true,"kube_admin_config_raw":true,"kube_config":true,"kube_config_raw":true,"kubelet_identity":[],"linux_profile":[],"maintenance_window":[],"maintenance_window_auto_upgrade":[],"maintenance_window_node_os":[],"microsoft_defender":[],"monitor_metrics":[],"network_profile":[{"ip_versions":[],"load_balancer_profile":[],"nat_gateway_profile":[],"outbound_ip_address_ids":[],"outbound_ip_prefix_ids":[],"pod_cidrs":[],"service_cidrs":[]}],"oms_agent":[],"service_mesh_profile":[],"service_principal":[],"storage_profile":[],"web_app_routing":[],"windows_profile":[],"workload_autoscaler_profile":[]}}},{"address":"azurerm_network_security_group.nsg_backend","mode":"managed","type":"azurerm_network_security_group","name":"nsg_backend","provider_name":"registry.terraform.io/hashicorp/azurerm","change":{"actions":["create"],"before":null,"after":{"location":"northeurope","name":"nsg-backend","resource_group_name":"rg-orbit-aks2-demo","tags":null,"timeouts":null},"after_unknown":{"id":true,"security_rule":true},"before_sensitive":false,"after_sensitive":{"security_rule":[]}}},{"address":"azurerm_network_security_group.nsg_db","mode":"managed","type":"azurerm_network_security_group","name":"nsg_db","provider_name":"registry.terraform.io/hashicorp/azurerm","change":{"actions":["create"],"before":null,"after":{"location":"northeurope","name":"nsg-db","resource_group_name":"rg-orbit-aks2-demo","tags":null,"timeouts":null},"after_unknown":{"id":true,"security_rule":true},"before_sensitive":false,"after_sensitive":{"security_rule":[]}}},{"address":"azurerm_network_security_rule.allow_aks_to_appgw","mode":"managed","type":"azurerm_network_security_rule","name":"allow_aks_to_appgw","provider_name":"registry.terraform.io/hashicorp/azurerm","change":{"actions":["create"],"before":null,"after":{"access":"Allow","description":null,"destination_address_prefix":"10.0.3.0/24","destination_address_prefixes":null,"destination_application_security_group_ids":null,"destination_port_range":null,"destination_port_ranges":["443","80"],"direction":"Outbound","name":"allow-aks-to-appgw","network_security_group_name":"nsg-backend","priority":200,"protocol":"*","resource_group_name":"rg-orbit-aks2-demo","source_address_prefix":"*","source_address_prefixes":null,"source_application_security_group_ids":null,"source_port_range":"*","source_port_ranges":null,"timeouts":null},"after_unknown":{"destination_port_ranges":[false,false],"id":true},"before_sensitive":false,"after_sensitive":{"destination_port_ranges":[false,false]}}},{"address":"azurerm_network_security_rule.allow_aks_to_db","mode":"managed","type":"azurerm_network_security_rule","name":"allow_aks_to_db","provider_name":"registry.terraform.io/hashicorp/azurerm","change":{"actions":["create"],"before":null,"after":{"access":"Allow","description":null,"destination_address_prefix":"*","destination_address_prefixes":null,"destination_application_security_group_ids":null,"destination_port_range":"5432","destination_port_ranges":null,"direction":"Inbound","name":"allow_aks_to_db","network_security_group_name":"nsg-db","priority":100,"protocol":"Tcp","resource_group_name":"rg-orbit-aks2-demo","source_address_prefix":"10.0.1.0/24","source_address_prefixes":null,"source_application_security_group_ids":null,"source_port_range":"*","source_port_ranges":null,"timeouts":null},"after_unknown":{"id":true},"before_sensitive":false,"after_sensitive":{}}},{"address":"azurerm_network_security_rule.allow_appgw_to_aks","mode":"managed","type":"azurerm_network_security_rule","name":"allow_appgw_to_aks","provider_name":"registry.terraform.io/hashicorp/azurerm","change":{"actions":["create"],"before":null,"after":{"access":"Allow","description":null,"destination_address_prefix":"*","destination_address_prefixes":null,"destination_application_security_group_ids":null,"destination_port_range":null,"destination_port_ranges":["443","80"],"direction":"Inbound","name":"allow-appgw-to-aks","network_security_group_name":"nsg-backend","priority":100,"protocol":"*","resource_group_name":"rg-orbit-aks2-demo","source_address_prefix":"10.0.3.0/24","source_address_prefixes":null,"source_application_security_group_ids":null,"source_port_range":"*","source_port_ranges":null,"timeouts":null},"after_unknown":{"destination_port_ranges":[false,false],"id":true},"before_sensitive":false,"after_sensitive":{"destination_port_ranges":[false,false]}}},{"address":"azurerm_postgresql_flexible_server.postgresql","mode":"managed","type":"azurerm_postgresql_flexible_server","name":"postgresql","provider_name":"registry.terraform.io/hashicorp/azurerm","change":{"actions":["create"],"before":null,"after":{"administrator_login":"pgadmin","administrator_password":"P@ssword1234!","auto_grow_enabled":false,"create_mode":null,"customer_managed_key":[],"geo_redundant_backup_enabled":false,"high_availability":[],"identity":[],"location":"northeurope","maintenance_window":[],"name":"orbit-demo-pgserver","point_in_time_restore_time_in_utc":null,"public_network_access_enabled":false,"replication_role":null,"resource_group_name":"rg-orbit-aks2-demo","sku_name":"GP_Standard_D4s_v3","source_server_id":null,"storage_mb":32768,"storage_tier":"P30","tags":null,"timeouts":null,"version":"13","zone":"1"},"after_unknown":{"authentication":true,"backup_retention_days":true,"customer_managed_key":[],"delegated_subnet_id":true,"fqdn":true,"high_availability":[],"id":true,"identity":[],"maintenance_window":[],"private_dns_zone_id":true},"before_sensitive":false,"after_sensitive":{"administrator_password":true,"authentication":[],"customer_managed_key":[],"high_availability":[],"identity":[],"maintenance_window":[]}}},{"address":"azurerm_postgresql_flexible_server_firewall_rule.allow_internal","mode":"managed","type":"azurerm_postgresql_flexible_server_firewall_rule","name":"allow_internal","provider_name":"registry.terraform.io/hashicorp/azurerm","change":{"actions":["create"],"before":null,"after":{"end_ip_address":"10.0.1.254","name":"allow_internal","start_ip_address":"10.0.1.1","timeouts":null},"after_unknown":{"id":true,"server_id":true},"before_sensitive":false,"after_sensitive":{}}},{"address":"azurerm_private_dns_zone.postgresql","mode":"managed","type":"azurerm_private_dns_zone","name":"postgresql","provider_name":"registry.terraform.io/hashicorp/azurerm","change":{"actions":["create"],"before":null,"after":{"name":"orbit.postgres.database.azure.com","resource_group_name":"rg-orbit-aks2-demo","tags":null,"timeouts":null},"after_unknown":{"id":true,"max_number_of_record_sets":true,"max_number_of_virtual_network_links":true,"max_number_of_virtual_network_links_with_registration":true,"number_of_record_sets":true,"soa_record":true},"before_sensitive":false,"after_sensitive":{"soa_record":[]}}},{"address":"azurerm_private_dns_zone_virtual_network_link.vnetlink","mode":"managed","type":"azurerm_private_dns_zone_virtual_network_link","name":"vnetlink","provider_name":"registry.terraform.io/hashicorp/azurerm","change":{"actions":["create"],"before":null,"after":{"name":"vnet-spoke1-link","private_dns_zone_name":"orbit.postgres.database.azure.com","registration_enabled":false,"resource_group_name":"rg-orbit-aks2-demo","tags":null,"timeouts":null},"after_unknown":{"id":true,"virtual_network_id":true},"before_sensitive":false,"after_sensitive":{}}},{"address":"azurerm_public_ip.appgw_pip","mode":"managed","type":"azurerm_public_ip","name":"appgw_pip","provider_name":"registry.terraform.io/hashicorp/azurerm","change":{"actions":["create"],"before":null,"after":{"allocation_method":"Static","ddos_protection_mode":"VirtualNetworkInherited","ddos_protection_plan_id":null,"domain_name_label":null,"edge_zone":null,"idle_timeout_in_minutes":4,"ip_tags":null,"ip_version":"IPv4","location":"northeurope","name":"appgw-pip","public_ip_prefix_id":null,"resource_group_name":"rg-orbit-aks2-demo","reverse_fqdn":null,"sku":"Standard","sku_tier":"Regional","tags":null,"timeouts":null,"zones":null},"after_unknown":{"fqdn":true,"id":true,"ip_address":true},"before_sensitive":false,"after_sensitive":{}}},{"address":"azurerm_resource_group.rg","mode":"managed","type":"azurerm_resource_group","name":"rg","provider_name":"registry.terraform.io/hashicorp/azurerm","change":{"actions":["create"],"before":null,"after":{"location":"northeurope","managed_by":null,"name":"rg-orbit-aks2-demo","tags":null,"timeouts":null},"after_unknown":{"id":true},"before_sensitive":false,"after_sensitive":{}}},{"address":"azurerm_subnet.backend","mode":"managed","type":"azurerm_subnet","name":"backend","provider_name":"registry.terraform.io/hashicorp/azurerm","change":{"actions":["create"],"before":null,"after":{"address_prefixes":["10.0.1.0/24"],"default_outbound_access_enabled":true,"delegation":[],"name":"backend-subnet","resource_group_name":"rg-orbit-aks2-demo","service_endpoint_policy_ids":null,"service_endpoints":null,"timeouts":null,"virtual_network_name":"vnet-spoke1"},"after_unknown":{"address_prefixes":[false],"delegation":[],"enforce_private_link_endpoint_network_policies":true,"enforce_private_link_service_network_policies":true,"id":true,"private_endpoint_network_policies":true,"private_endpoint_network_policies_enabled":true,"private_link_service_network_policies_enabled":true},"before_sensitive":false,"after_sensitive":{"address_prefixes":[false],"delegation":[]}}},{"address":"azurerm_subnet.db","mode":"managed","type":"azurerm_subnet","name":"db","provider_name":"registry.terraform.io/hashicorp/azurerm","change":{"actions":["create"],"before":null,"after":{"address_prefixes":["10.0.2.0/24"],"default_outbound_access_enabled":true,"delegation":[{"name":"postgresqlDelegation","service_delegation":[{"actions":["Microsoft.Network/virtualNetworks/subnets/join/action"],"name":"Microsoft.DBforPostgreSQL/flexibleServers"}]}],"name":"db-subnet","resource_group_name":"rg-orbit-aks2-demo","service_endpoint_policy_ids":null,"service_endpoints":null,"timeouts":null,"virtual_network_name":"vnet-spoke1"},"after_unknown":{"address_prefixes":[false],"delegation":[{"service_delegation":[{"actions":[false]}]}],"enforce_private_link_endpoint_network_policies":true,"enforce_private_link_service_network_policies":true,"id":true,"private_endpoint_network_policies":true,"private_endpoint_network_policies_enabled":true,"private_link_service_network_policies_enabled":true},"before_sensitive":false,"after_sensitive":{"address_prefixes":[false],"delegation":[{"service_delegation":[{"actions":[false]}]}]}}},{"address":"azurerm_subnet.gateway","mode":"managed","type":"azurerm_subnet","name":"gateway","provider_name":"registry.terraform.io/hashicorp/azurerm","change":{"actions":["create"],"before":null,"after":{"address_prefixes":["10.0.3.0/24"],"default_outbound_access_enabled":true,"delegation":[],"name":"gateway-subnet","resource_group_name":"rg-orbit-aks2-demo","service_endpoint_policy_ids":null,"service_endpoints":null,"timeouts":null,"virtual_network_name":"vnet-spoke1"},"after_unknown":{"address_prefixes":[false],"delegation":[],"enforce_private_link_endpoint_network_policies":true,"enforce_private_link_service_network_policies":true,"id":true,"private_endpoint_network_policies":true,"private_endpoint_network_policies_enabled":true,"private_link_service_network_policies_enabled":true},"before_sensitive":false,"after_sensitive":{"address_prefixes":[false],"delegation":[]}}},{"address":"azurerm_subnet_network_security_group_association.backend","mode":"managed","type":"azurerm_subnet_network_security_group_association","name":"backend","provider_name":"registry.terraform.io/hashicorp/azurerm","change":{"actions":["create"],"before":null,"after":{"timeouts":null},"after_unknown":{"id":true,"network_security_group_id":true,"subnet_id":true},"before_sensitive":false,"after_sensitive":{}}},{"address":"azurerm_subnet_network_security_group_association.db","mode":"managed","type":"azurerm_subnet_network_security_group_association","name":"db","provider_name":"registry.terraform.io/hashicorp/azurerm","change":{"actions":["create"],"before":null,"after":{"timeouts":null},"after_unknown":{"id":true,"network_security_group_id":true,"subnet_id":true},"before_sensitive":false,"after_sensitive":{}}},{"address":"azurerm_virtual_network.vnet","mode":"managed","type":"azurerm_virtual_network","name":"vnet","provider_name":"registry.terraform.io/hashicorp/azurerm","change":{"actions":["create"],"before":null,"after":{"address_space":["10.0.0.0/16"],"bgp_community":null,"ddos_protection_plan":[],"edge_zone":null,"encryption":[],"flow_timeout_in_minutes":null,"location":"northeurope","name":"vnet-spoke1","resource_group_name":"rg-orbit-aks2-demo","tags":null,"timeouts":null},"after_unknown":{"address_space":[false],"ddos_protection_plan":[],"dns_servers":true,"encryption":[],"guid":true,"id":true,"subnet":true},"before_sensitive":false,"after_sensitive":{"address_space":[false],"ddos_protection_plan":[],"dns_servers":[],"encryption":[],"subnet":[]}}}],"configuration":{"provider_config":{"azurerm":{"name":"azurerm","full_name":"registry.terraform.io/hashicorp/azurerm","expressions":{"features":[{}]}}},"root_module":{"resources":[{"address":"azurerm_application_gateway.appgateway","mode":"managed","type":"azurerm_application_gateway","name":"appgateway","provider_config_key":"azurerm","expressions":{"backend_address_pool":[{"name":{"constant_value":"defaultPool"}}],"backend_http_settings":[{"cookie_based_affinity":{"constant_value":"Disabled"},"name":{"constant_value":"defaultHttpSetting"},"port":{"constant_value":80},"protocol":{"constant_value":"Http"}}],"frontend_ip_configuration":[{"name":{"constant_value":"frontendIpConfig"},"private_ip_address":{"constant_value":"10.0.3.10"},"public_ip_address_id":{"references":["azurerm_public_ip.appgw_pip.id","azurerm_public_ip.appgw_pip"]}}],"frontend_port":[{"name":{"constant_value":"frontendPort"},"port":{"constant_value":80}}],"gateway_ip_configuration":[{"name":{"constant_value":"gatewayIpConfig"},"subnet_id":{"references":["azurerm_subnet.gateway.id","azurerm_subnet.gateway"]}}],"http_listener":[{"frontend_ip_configuration_name":{"constant_value":"frontendIpConfig"},"frontend_port_name":{"constant_value":"frontendPort"},"name":{"constant_value":"httpListener"},"protocol":{"constant_value":"Http"}}],"location":{"references":["azurerm_resource_group.rg.location","azurerm_resource_group.rg"]},"name":{"constant_value":"appgateway"},"request_routing_rule":[{"backend_address_pool_name":{"constant_value":"defaultPool"},"backend_http_settings_name":{"constant_value":"defaultHttpSetting"},"http_listener_name":{"constant_value":"httpListener"},"name":{"constant_value":"httpRule"},"priority":{"constant_value":9},"rule_type":{"constant_value":"Basic"}}],"resource_group_name":{"references":["azurerm_resource_group.rg.name","azurerm_resource_group.rg"]},"sku":[{"capacity":{"constant_value":1},"name":{"constant_value":"Standard_v2"},"tier":{"constant_value":"Standard_v2"}}]},"schema_version":0},{"address":"azurerm_kubernetes_cluster.aks","mode":"managed","type":"azurerm_kubernetes_cluster","name":"aks","provider_config_key":"azurerm","expressions":{"default_node_pool":[{"name":{"constant_value":"default"},"node_count":{"constant_value":2},"vm_size":{"constant_value":"Standard_B2s"},"vnet_subnet_id":{"references":["azurerm_subnet.backend.id","azurerm_subnet.backend"]}}],"dns_prefix":{"constant_value":"orbit-aks"},"identity":[{"type":{"constant_value":"SystemAssigned"}}],"location":{"references":["azurerm_resource_group.rg.location","azurerm_resource_group.rg"]},"name":{"constant_value":"orbit-aks-cluster"},"network_profile":[{"dns_service_ip":{"constant_value":"10.0.4.10"},"network_plugin":{"constant_value":"azure"},"network_policy":{"constant_value":"azure"},"service_cidr":{"constant_value":"10.0.4.0/24"}}],"resource_group_name":{"references":["azurerm_resource_group.rg.name","azurerm_resource_group.rg"]}},"schema_version":2},{"address":"azurerm_network_security_group.nsg_backend","mode":"managed","type":"azurerm_network_security_group","name":"nsg_backend","provider_config_key":"azurerm","expressions":{"location":{"references":["azurerm_resource_group.rg.location","azurerm_resource_group.rg"]},"name":{"constant_value":"nsg-backend"},"resource_group_name":{"references":["azurerm_resource_group.rg.name","azurerm_resource_group.rg"]}},"schema_version":0},{"address":"azurerm_network_security_group.nsg_db","mode":"managed","type":"azurerm_network_security_group","name":"nsg_db","provider_config_key":"azurerm","expressions":{"location":{"references":["azurerm_resource_group.rg.location","azurerm_resource_group.rg"]},"name":{"constant_value":"nsg-db"},"resource_group_name":{"references":["azurerm_resource_group.rg.name","azurerm_resource_group.rg"]}},"schema_version":0},{"address":"azurerm_network_security_rule.allow_aks_to_appgw","mode":"managed","type":"azurerm_network_security_rule","name":"allow_aks_to_appgw","provider_config_key":"azurerm","expressions":{"access":{"constant_value":"Allow"},"destination_address_prefix":{"references":["azurerm_subnet.gateway.address_prefixes[0]","azurerm_subnet.gateway.address_prefixes","azurerm_subnet.gateway"]},"destination_port_ranges":{"constant_value":["80","443"]},"direction":{"constant_value":"Outbound"},"name":{"constant_value":"allow-aks-to-appgw"},"network_security_group_name":{"references":["azurerm_network_security_group.nsg_backend.name","azurerm_network_security_group.nsg_backend"]},"priority":{"constant_value":200},"protocol":{"constant_value":"*"},"resource_group_name":{"references":["azurerm_resource_group.rg.name","azurerm_resource_group.rg"]},"source_address_prefix":{"constant_value":"*"},"source_port_range":{"constant_value":"*"}},"schema_version":0},{"address":"azurerm_network_security_rule.allow_aks_to_db","mode":"managed","type":"azurerm_network_security_rule","name":"allow_aks_to_db","provider_config_key":"azurerm","expressions":{"access":{"constant_value":"Allow"},"destination_address_prefix":{"constant_value":"*"},"destination_port_range":{"constant_value":"5432"},"direction":{"constant_value":"Inbound"},"name":{"constant_value":"allow_aks_to_db"},"network_security_group_name":{"references":["azurerm_network_security_group.nsg_db.name","azurerm_network_security_group.nsg_db"]},"priority":{"constant_value":100},"protocol":{"constant_value":"Tcp"},"resource_group_name":{"references":["azurerm_resource_group.rg.name","azurerm_resource_group.rg"]},"source_address_prefix":{"references":["azurerm_subnet.backend.address_prefixes[0]","azurerm_subnet.backend.address_prefixes","azurerm_subnet.backend"]},"source_port_range":{"constant_value":"*"}},"schema_version":0},{"address":"azurerm_network_security_rule.allow_appgw_to_aks","mode":"managed","type":"azurerm_network_security_rule","name":"allow_appgw_to_aks","provider_config_key":"azurerm","expressions":{"access":{"constant_value":"Allow"},"destination_address_prefix":{"constant_value":"*"},"destination_port_ranges":{"constant_value":["80","443"]},"direction":{"constant_value":"Inbound"},"name":{"constant_value":"allow-appgw-to-aks"},"network_security_group_name":{"references":["azurerm_network_security_group.nsg_backend.name","azurerm_network_security_group.nsg_backend"]},"priority":{"constant_value":100},"protocol":{"constant_value":"*"},"resource_group_name":{"references":["azurerm_resource_group.rg.name","azurerm_resource_group.rg"]},"source_address_prefix":{"references":["azurerm_subnet.gateway.address_prefixes[0]","azurerm_subnet.gateway.address_prefixes","azurerm_subnet.gateway"]},"source_port_range":{"constant_value":"*"}},"schema_version":0},{"address":"azurerm_postgresql_flexible_server.postgresql","mode":"managed","type":"azurerm_postgresql_flexible_server","name":"postgresql","provider_config_key":"azurerm","expressions":{"administrator_login":{"constant_value":"pgadmin"},"administrator_password":{"constant_value":"P@ssword1234!"},"delegated_subnet_id":{"references":["azurerm_subnet.db.id","azurerm_subnet.db"]},"location":{"references":["azurerm_resource_group.rg.location","azurerm_resource_group.rg"]},"name":{"constant_value":"orbit-demo-pgserver"},"private_dns_zone_id":{"references":["azurerm_private_dns_zone.postgresql.id","azurerm_private_dns_zone.postgresql"]},"public_network_access_enabled":{"constant_value":false},"resource_group_name":{"references":["azurerm_resource_group.rg.name","azurerm_resource_group.rg"]},"sku_name":{"constant_value":"GP_Standard_D4s_v3"},"storage_mb":{"constant_value":32768},"storage_tier":{"constant_value":"P30"},"version":{"constant_value":"13"},"zone":{"constant_value":"1"}},"schema_version":0},{"address":"azurerm_postgresql_flexible_server_firewall_rule.allow_internal","mode":"managed","type":"azurerm_postgresql_flexible_server_firewall_rule","name":"allow_internal","provider_config_key":"azurerm","expressions":{"end_ip_address":{"constant_value":"10.0.1.254"},"name":{"constant_value":"allow_internal"},"server_id":{"references":["azurerm_postgresql_flexible_server.postgresql.id","azurerm_postgresql_flexible_server.postgresql"]},"start_ip_address":{"constant_value":"10.0.1.1"}},"schema_version":0},{"address":"azurerm_private_dns_zone.postgresql","mode":"managed","type":"azurerm_private_dns_zone","name":"postgresql","provider_config_key":"azurerm","expressions":{"name":{"constant_value":"orbit.postgres.database.azure.com"},"resource_group_name":{"references":["azurerm_resource_group.rg.name","azurerm_resource_group.rg"]}},"schema_version":0},{"address":"azurerm_private_dns_zone_virtual_network_link.vnetlink","mode":"managed","type":"azurerm_private_dns_zone_virtual_network_link","name":"vnetlink","provider_config_key":"azurerm","expressions":{"name":{"references":["azurerm_virtual_network.vnet.name","azurerm_virtual_network.vnet"]},"private_dns_zone_name":{"references":["azurerm_private_dns_zone.postgresql.name","azurerm_private_dns_zone.postgresql"]},"resource_group_name":{"references":["azurerm_resource_group.rg.name","azurerm_resource_group.rg"]},"virtual_network_id":{"references":["azurerm_virtual_network.vnet.id","azurerm_virtual_network.vnet"]}},"schema_version":0},{"address":"azurerm_public_ip.appgw_pip","mode":"managed","type":"azurerm_public_ip","name":"appgw_pip","provider_config_key":"azurerm","expressions":{"allocation_method":{"constant_value":"Static"},"location":{"references":["azurerm_resource_group.rg.location","azurerm_resource_group.rg"]},"name":{"constant_value":"appgw-pip"},"resource_group_name":{"references":["azurerm_resource_group.rg.name","azurerm_resource_group.rg"]},"sku":{"constant_value":"Standard"}},"schema_version":0},{"address":"azurerm_resource_group.rg","mode":"managed","type":"azurerm_resource_group","name":"rg","provider_config_key":"azurerm","expressions":{"location":{"constant_value":"North Europe"},"name":{"constant_value":"rg-orbit-aks2-demo"}},"schema_version":0},{"address":"azurerm_subnet.backend","mode":"managed","type":"azurerm_subnet","name":"backend","provider_config_key":"azurerm","expressions":{"address_prefixes":{"constant_value":["10.0.1.0/24"]},"name":{"constant_value":"backend-subnet"},"resource_group_name":{"references":["azurerm_resource_group.rg.name","azurerm_resource_group.rg"]},"virtual_network_name":{"references":["azurerm_virtual_network.vnet.name","azurerm_virtual_network.vnet"]}},"schema_version":0},{"address":"azurerm_subnet.db","mode":"managed","type":"azurerm_subnet","name":"db","provider_config_key":"azurerm","expressions":{"address_prefixes":{"constant_value":["10.0.2.0/24"]},"delegation":[{"name":{"constant_value":"postgresqlDelegation"},"service_delegation":[{"actions":{"constant_value":["Microsoft.Network/virtualNetworks/subnets/join/action"]},"name":{"constant_value":"Microsoft.DBforPostgreSQL/flexibleServers"}}]}],"name":{"constant_value":"db-subnet"},"resource_group_name":{"references":["azurerm_resource_group.rg.name","azurerm_resource_group.rg"]},"virtual_network_name":{"references":["azurerm_virtual_network.vnet.name","azurerm_virtual_network.vnet"]}},"schema_version":0},{"address":"azurerm_subnet.gateway","mode":"managed","type":"azurerm_subnet","name":"gateway","provider_config_key":"azurerm","expressions":{"address_prefixes":{"constant_value":["10.0.3.0/24"]},"name":{"constant_value":"gateway-subnet"},"resource_group_name":{"references":["azurerm_resource_group.rg.name","azurerm_resource_group.rg"]},"virtual_network_name":{"references":["azurerm_virtual_network.vnet.name","azurerm_virtual_network.vnet"]}},"schema_version":0},{"address":"azurerm_subnet_network_security_group_association.backend","mode":"managed","type":"azurerm_subnet_network_security_group_association","name":"backend","provider_config_key":"azurerm","expressions":{"network_security_group_id":{"references":["azurerm_network_security_group.nsg_backend.id","azurerm_network_security_group.nsg_backend"]},"subnet_id":{"references":["azurerm_subnet.backend.id","azurerm_subnet.backend"]}},"schema_version":0},{"address":"azurerm_subnet_network_security_group_association.db","mode":"managed","type":"azurerm_subnet_network_security_group_association","name":"db","provider_config_key":"azurerm","expressions":{"network_security_group_id":{"references":["azurerm_network_security_group.nsg_db.id","azurerm_network_security_group.nsg_db"]},"subnet_id":{"references":["azurerm_subnet.db.id","azurerm_subnet.db"]}},"schema_version":0},{"address":"azurerm_virtual_network.vnet","mode":"managed","type":"azurerm_virtual_network","name":"vnet","provider_config_key":"azurerm","expressions":{"address_space":{"constant_value":["10.0.0.0/16"]},"location":{"references":["azurerm_resource_group.rg.location","azurerm_resource_group.rg"]},"name":{"constant_value":"vnet-spoke1"},"resource_group_name":{"references":["azurerm_resource_group.rg.name","azurerm_resource_group.rg"]}},"schema_version":0}]}},"relevant_attributes":[{"resource":"azurerm_private_dns_zone.postgresql","attribute":["name"]},{"resource":"azurerm_subnet.backend","attribute":["id"]},{"resource":"azurerm_subnet.gateway","attribute":["id"]},{"resource":"azurerm_resource_group.rg","attribute":["location"]},{"resource":"azurerm_network_security_group.nsg_db","attribute":["id"]},{"resource":"azurerm_postgresql_flexible_server.postgresql","attribute":["id"]},{"resource":"azurerm_virtual_network.vnet","attribute":["id"]},{"resource":"azurerm_network_security_group.nsg_backend","attribute":["id"]},{"resource":"azurerm_network_security_group.nsg_db","attribute":["name"]},{"resource":"azurerm_private_dns_zone.postgresql","attribute":["id"]},{"resource":"azurerm_resource_group.rg","attribute":["name"]},{"resource":"azurerm_virtual_network.vnet","attribute":["name"]},{"resource":"azurerm_subnet.db","attribute":["id"]},{"resource":"azurerm_subnet.backend","attribute":["address_prefixes",0]},{"resource":"azurerm_subnet.gateway","attribute":["address_prefixes",0]},{"resource":"azurerm_network_security_group.nsg_backend","attribute":["name"]},{"resource":"azurerm_public_ip.appgw_pip","attribute":["id"]}],"timestamp":"2024-08-17T00:04:06Z","applyable":true,"complete":true,"errored":false}
