{"format_version":"1.2","terraform_version":"1.9.4","variables":{"agw_name":{"value":"fme-flow-agw"},"agw_snet_name":{"value":"fme-flow-agw-snet"},"be_snet_name":{"value":"fme-flow-be-snet"},"build_agent_public_ip":{"value":"10.0.0.0/16"},"db_admin_pw":{"value":"q032hold"},"db_admin_user":{"value":"lgayhold"},"db_pw":{"value":"vdamhold"},"db_user":{"value":"lpfdhold"},"domain_name_label":{"value":"fmeflow"},"instance_count_core":{"value":2},"instance_count_engine":{"value":2},"lb_name":{"value":"fme-flow-lb"},"location":{"value":"Canada Central"},"owner":{"value":"gsqnhold"},"pip_name":{"value":"fme-flow-pip"},"rg_name":{"value":"terraform-rg"},"vm_admin_pw":{"value":"eb15hold"},"vm_admin_user":{"value":"zfy9hold"},"vnet_name":{"value":"fme-flow-vnet"}},"planned_values":{"outputs":{"fme_flow_fqdn":{"sensitive":false}},"root_module":{"resources":[{"address":"azurerm_resource_group.fme_flow","mode":"managed","type":"azurerm_resource_group","name":"fme_flow","provider_name":"registry.terraform.io/hashicorp/azurerm","schema_version":0,"values":{"location":"canadacentral","managed_by":null,"name":"terraform-rg","tags":{"owner":"gsqnhold"},"timeouts":null},"sensitive_values":{"tags":{}}}],"child_modules":[{"resources":[{"address":"module.application_gateway.azurerm_application_gateway.fme_flow","mode":"managed","type":"azurerm_application_gateway","name":"fme_flow","provider_name":"registry.terraform.io/hashicorp/azurerm","schema_version":0,"values":{"authentication_certificate":[],"autoscale_configuration":[],"backend_address_pool":[{"fqdns":[],"ip_addresses":[],"name":"fme-flow-vnet-beap"}],"backend_http_settings":[{"affinity_cookie_name":"","authentication_certificate":[],"connection_draining":[],"cookie_based_affinity":"Disabled","host_name":"","name":"fme-flow-vnet-be-htst","path":"","pick_host_name_from_backend_address":false,"port":8080,"probe_name":"","protocol":"Http","request_timeout":86400,"trusted_root_certificate_names":[]},{"affinity_cookie_name":"","authentication_certificate":[],"connection_draining":[],"cookie_based_affinity":"Disabled","host_name":"","name":"fme-flow-vnet-be-wsst","path":"","pick_host_name_from_backend_address":true,"port":7078,"probe_name":"websocketProbe","protocol":"Http","request_timeout":86400,"trusted_root_certificate_names":[]}],"custom_error_configuration":[],"enable_http2":null,"fips_enabled":null,"firewall_policy_id":null,"force_firewall_policy_association":null,"frontend_ip_configuration":[{"name":"fme-flow-vnet-feip","private_ip_address_allocation":"Dynamic","private_link_configuration_name":null,"subnet_id":null}],"frontend_port":[{"name":"fme-flow-vnet-http-feport","port":80},{"name":"fme-flow-vnet-ws-feport","port":7078}],"gateway_ip_configuration":[{"name":"my-gateway-ip-configuration"}],"global":[],"http_listener":[{"custom_error_configuration":[],"firewall_policy_id":"","frontend_ip_configuration_name":"fme-flow-vnet-feip","frontend_port_name":"fme-flow-vnet-http-feport","host_name":"","host_names":[],"name":"fme-flow-vnet-httplstn","protocol":"Http","require_sni":null,"ssl_certificate_name":"","ssl_profile_name":""},{"custom_error_configuration":[],"firewall_policy_id":"","frontend_ip_configuration_name":"fme-flow-vnet-feip","frontend_port_name":"fme-flow-vnet-ws-feport","host_name":"","host_names":[],"name":"fme-flow-vnet-wslstn","protocol":"Http","require_sni":null,"ssl_certificate_name":"","ssl_profile_name":""}],"identity":[],"location":"canadacentral","name":"fme-flow-agw","private_link_configuration":[],"probe":[{"host":"","interval":30,"match":[{"body":"","status_code":["200-400"]}],"minimum_servers":0,"name":"websocketProbe","path":"/","pick_host_name_from_backend_http_settings":true,"port":null,"protocol":"Http","timeout":30,"unhealthy_threshold":3}],"redirect_configuration":[],"request_routing_rule":[{"backend_address_pool_name":"fme-flow-vnet-beap","backend_http_settings_name":"fme-flow-vnet-be-htst","http_listener_name":"fme-flow-vnet-httplstn","name":"fme-flow-vnet-http-rqrt","priority":null,"redirect_configuration_name":"","rewrite_rule_set_name":"","rule_type":"Basic","url_path_map_name":""},{"backend_address_pool_name":"fme-flow-vnet-beap","backend_http_settings_name":"fme-flow-vnet-be-wsst","http_listener_name":"fme-flow-vnet-wslstn","name":"fme-flow-vnet-ws-rqrt","priority":null,"redirect_configuration_name":"","rewrite_rule_set_name":"","rule_type":"Basic","url_path_map_name":""}],"resource_group_name":"terraform-rg","rewrite_rule_set":[],"sku":[{"capacity":1,"name":"Standard_Medium","tier":"Standard"}],"ssl_certificate":[],"ssl_profile":[],"tags":{"owner":"gsqnhold"},"timeouts":null,"trusted_client_certificate":[],"trusted_root_certificate":[],"url_path_map":[],"waf_configuration":[],"zones":null},"sensitive_values":{"authentication_certificate":[],"autoscale_configuration":[],"backend_address_pool":[{"fqdns":[],"ip_addresses":[]}],"backend_http_settings":[{"authentication_certificate":[],"connection_draining":[],"trusted_root_certificate_names":[]},{"authentication_certificate":[],"connection_draining":[],"trusted_root_certificate_names":[]}],"custom_error_configuration":[],"frontend_ip_configuration":[{}],"frontend_port":[{},{}],"gateway_ip_configuration":[{}],"global":[],"http_listener":[{"custom_error_configuration":[],"host_names":[]},{"custom_error_configuration":[],"host_names":[]}],"identity":[],"private_endpoint_connection":[],"private_link_configuration":[],"probe":[{"match":[{"status_code":[false]}]}],"redirect_configuration":[],"request_routing_rule":[{},{}],"rewrite_rule_set":[],"sku":[{}],"ssl_certificate":[],"ssl_policy":[],"ssl_profile":[],"tags":{},"trusted_client_certificate":[],"trusted_root_certificate":[],"url_path_map":[],"waf_configuration":[]}}],"address":"module.application_gateway"},{"resources":[{"address":"module.database.azurerm_postgresql_server.fme_flow","mode":"managed","type":"azurerm_postgresql_server","name":"fme_flow","provider_name":"registry.terraform.io/hashicorp/azurerm","schema_version":1,"values":{"administrator_login":"lgayhold","administrator_login_password":"q032hold","auto_grow_enabled":true,"create_mode":"Default","creation_source_server_id":null,"geo_redundant_backup_enabled":false,"identity":[],"infrastructure_encryption_enabled":null,"location":"canadacentral","public_network_access_enabled":true,"resource_group_name":"terraform-rg","restore_point_in_time":null,"sku_name":"GP_Gen5_2","ssl_enforcement_enabled":true,"ssl_minimal_tls_version_enforced":"TLS1_2","storage_mb":51200,"tags":{"owner":"gsqnhold"},"threat_detection_policy":[],"timeouts":null,"version":"10"},"sensitive_values":{"administrator_login":true,"administrator_login_password":true,"identity":[],"tags":{},"threat_detection_policy":[]}},{"address":"module.database.azurerm_postgresql_virtual_network_rule.fme_flow","mode":"managed","type":"azurerm_postgresql_virtual_network_rule","name":"fme_flow","provider_name":"registry.terraform.io/hashicorp/azurerm","schema_version":0,"values":{"ignore_missing_vnet_service_endpoint":true,"name":"postgresql-vnet-rule","resource_group_name":"terraform-rg","timeouts":null},"sensitive_values":{}},{"address":"module.database.random_string.db_name","mode":"managed","type":"random_string","name":"db_name","provider_name":"registry.terraform.io/hashicorp/random","schema_version":2,"values":{"keepers":null,"length":8,"lower":true,"min_lower":0,"min_numeric":0,"min_special":0,"min_upper":0,"number":true,"numeric":true,"override_special":null,"special":false,"upper":false},"sensitive_values":{}}],"address":"module.database"},{"resources":[{"address":"module.load_balancer.azurerm_lb.fme_flow","mode":"managed","type":"azurerm_lb","name":"fme_flow","provider_name":"registry.terraform.io/hashicorp/azurerm","schema_version":0,"values":{"edge_zone":null,"frontend_ip_configuration":[{"name":"engineRegistrationFrontend","private_ip_address_allocation":"Dynamic","zones":null}],"location":"canadacentral","name":"fme-flow-lb","resource_group_name":"terraform-rg","sku":"Basic","sku_tier":"Regional","tags":{"owner":"gsqnhold"},"timeouts":null},"sensitive_values":{"frontend_ip_configuration":[{"inbound_nat_rules":[],"load_balancer_rules":[],"outbound_rules":[]}],"private_ip_addresses":[],"tags":{}}},{"address":"module.load_balancer.azurerm_lb_backend_address_pool.fme_flow","mode":"managed","type":"azurerm_lb_backend_address_pool","name":"fme_flow","provider_name":"registry.terraform.io/hashicorp/azurerm","schema_version":0,"values":{"name":"engineRegistrationBackend","synchronous_mode":null,"timeouts":null,"tunnel_interface":[],"virtual_network_id":null},"sensitive_values":{"backend_ip_configurations":[],"inbound_nat_rules":[],"load_balancing_rules":[],"outbound_rules":[],"tunnel_interface":[]}},{"address":"module.load_balancer.azurerm_lb_rule.fme_flow","mode":"managed","type":"azurerm_lb_rule","name":"fme_flow","provider_name":"registry.terraform.io/hashicorp/azurerm","schema_version":0,"values":{"backend_port":7070,"disable_outbound_snat":false,"enable_floating_ip":false,"enable_tcp_reset":null,"frontend_ip_configuration_name":"engineRegistrationFrontend","frontend_port":7070,"idle_timeout_in_minutes":30,"name":"roundRobinEngineRegistrationRule","probe_id":null,"protocol":"Tcp","timeouts":null},"sensitive_values":{"backend_address_pool_ids":[]}}],"address":"module.load_balancer"},{"resources":[{"address":"module.network.azurerm_public_ip.fme_flow","mode":"managed","type":"azurerm_public_ip","name":"fme_flow","provider_name":"registry.terraform.io/hashicorp/azurerm","schema_version":0,"values":{"allocation_method":"Dynamic","ddos_protection_mode":"VirtualNetworkInherited","ddos_protection_plan_id":null,"domain_name_label":"fmeflow","edge_zone":null,"idle_timeout_in_minutes":30,"ip_tags":null,"ip_version":"IPv4","location":"canadacentral","name":"fme-flow-pip","public_ip_prefix_id":null,"resource_group_name":"terraform-rg","reverse_fqdn":null,"sku":"Basic","sku_tier":"Regional","tags":{"owner":"gsqnhold"},"timeouts":null,"zones":null},"sensitive_values":{"tags":{}}},{"address":"module.network.azurerm_subnet.fme_flow_agw","mode":"managed","type":"azurerm_subnet","name":"fme_flow_agw","provider_name":"registry.terraform.io/hashicorp/azurerm","schema_version":0,"values":{"address_prefixes":["10.0.1.0/24"],"default_outbound_access_enabled":true,"delegation":[],"name":"fme-flow-agw-snet","resource_group_name":"terraform-rg","service_endpoint_policy_ids":null,"service_endpoints":null,"timeouts":null,"virtual_network_name":"fme-flow-vnet"},"sensitive_values":{"address_prefixes":[false],"delegation":[]}},{"address":"module.network.azurerm_subnet.fme_flow_be","mode":"managed","type":"azurerm_subnet","name":"fme_flow_be","provider_name":"registry.terraform.io/hashicorp/azurerm","schema_version":0,"values":{"address_prefixes":["10.0.0.0/24"],"default_outbound_access_enabled":true,"delegation":[],"name":"fme-flow-be-snet","resource_group_name":"terraform-rg","service_endpoint_policy_ids":null,"service_endpoints":["Microsoft.Sql","Microsoft.Storage"],"timeouts":null,"virtual_network_name":"fme-flow-vnet"},"sensitive_values":{"address_prefixes":[false],"delegation":[],"service_endpoints":[false,false]}},{"address":"module.network.azurerm_virtual_network.fme_flow","mode":"managed","type":"azurerm_virtual_network","name":"fme_flow","provider_name":"registry.terraform.io/hashicorp/azurerm","schema_version":0,"values":{"address_space":["10.0.0.0/16"],"bgp_community":null,"ddos_protection_plan":[],"edge_zone":null,"encryption":[],"flow_timeout_in_minutes":null,"location":"canadacentral","name":"fme-flow-vnet","resource_group_name":"terraform-rg","tags":{"owner":"gsqnhold"},"timeouts":null},"sensitive_values":{"address_space":[false],"ddos_protection_plan":[],"dns_servers":[],"encryption":[],"subnet":[],"tags":{}}}],"address":"module.network"},{"resources":[{"address":"module.storage.azurerm_storage_account.fme_flow","mode":"managed","type":"azurerm_storage_account","name":"fme_flow","provider_name":"registry.terraform.io/hashicorp/azurerm","schema_version":4,"values":{"account_kind":"FileStorage","account_replication_type":"LRS","account_tier":"Premium","allow_nested_items_to_be_public":true,"allowed_copy_scope":null,"azure_files_authentication":[],"cross_tenant_replication_enabled":true,"custom_domain":[],"customer_managed_key":[],"default_to_oauth_authentication":false,"dns_endpoint_type":"Standard","edge_zone":null,"identity":[],"immutability_policy":[],"infrastructure_encryption_enabled":false,"is_hns_enabled":false,"local_user_enabled":true,"location":"canadacentral","min_tls_version":"TLS1_2","network_rules":[{"bypass":["AzureServices"],"default_action":"Deny","ip_rules":["10.0.0.0/16"],"private_link_access":[]}],"nfsv3_enabled":false,"public_network_access_enabled":true,"queue_encryption_key_type":"Service","resource_group_name":"terraform-rg","sas_policy":[],"sftp_enabled":false,"shared_access_key_enabled":true,"static_website":[],"table_encryption_key_type":"Service","tags":{"owner":"gsqnhold"},"timeouts":null},"sensitive_values":{"azure_files_authentication":[],"blob_properties":[],"custom_domain":[],"customer_managed_key":[],"identity":[],"immutability_policy":[],"network_rules":[{"bypass":[false],"ip_rules":[false],"private_link_access":[],"virtual_network_subnet_ids":[]}],"primary_access_key":true,"primary_blob_connection_string":true,"primary_connection_string":true,"queue_properties":[],"routing":[],"sas_policy":[],"secondary_access_key":true,"secondary_blob_connection_string":true,"secondary_connection_string":true,"share_properties":[],"static_website":[],"tags":{}}},{"address":"module.storage.azurerm_storage_share.fme_flow","mode":"managed","type":"azurerm_storage_share","name":"fme_flow","provider_name":"registry.terraform.io/hashicorp/azurerm","schema_version":2,"values":{"acl":[],"enabled_protocol":"SMB","name":"fmeflowdata","quota":100,"timeouts":null},"sensitive_values":{"acl":[],"metadata":{}}},{"address":"module.storage.random_string.st_name","mode":"managed","type":"random_string","name":"st_name","provider_name":"registry.terraform.io/hashicorp/random","schema_version":2,"values":{"keepers":null,"length":8,"lower":false,"min_lower":0,"min_numeric":0,"min_special":0,"min_upper":0,"number":true,"numeric":true,"override_special":null,"special":false,"upper":false},"sensitive_values":{}}],"address":"module.storage"},{"resources":[{"address":"module.vmss_core.azurerm_windows_virtual_machine_scale_set.fme_flow_core","mode":"managed","type":"azurerm_windows_virtual_machine_scale_set","name":"fme_flow_core","provider_name":"registry.terraform.io/hashicorp/azurerm","schema_version":0,"values":{"additional_capabilities":[],"additional_unattend_content":[],"admin_password":"eb15hold","admin_username":"zfy9hold","automatic_os_upgrade_policy":[],"boot_diagnostics":[],"capacity_reservation_group_id":null,"custom_data":null,"data_disk":[],"do_not_run_extensions_on_overprovisioned_machines":false,"edge_zone":null,"enable_automatic_updates":true,"encryption_at_host_enabled":null,"eviction_policy":null,"extension":[{"auto_upgrade_minor_version":true,"automatic_upgrade_enabled":null,"force_update_tag":"","name":"core-script","protected_settings_from_key_vault":[],"provision_after_extensions":[],"publisher":"Microsoft.Compute","settings":"","type":"CustomScriptExtension","type_handler_version":"1.8"}],"extensions_time_budget":"PT1H30M","health_probe_id":null,"host_group_id":null,"identity":[],"instances":2,"license_type":null,"location":"canadacentral","max_bid_price":-1,"name":"core","network_interface":[{"dns_servers":null,"enable_accelerated_networking":false,"enable_ip_forwarding":false,"ip_configuration":[{"application_security_group_ids":null,"load_balancer_inbound_nat_rules_ids":null,"name":"ipconfig","primary":true,"public_ip_address":[],"version":"IPv4"}],"name":"nic-core","network_security_group_id":null,"primary":true}],"os_disk":[{"caching":"ReadWrite","diff_disk_settings":[],"disk_encryption_set_id":null,"secure_vm_disk_encryption_set_id":null,"security_encryption_type":null,"storage_account_type":"Premium_LRS","write_accelerator_enabled":false}],"overprovision":true,"plan":[{"name":"fme-core-2024-0-2-1-windows-byol","product":"fme-core","publisher":"safesoftwareinc"}],"priority":"Regular","provision_vm_agent":true,"proximity_placement_group_id":null,"resource_group_name":"terraform-rg","rolling_upgrade_policy":[],"secret":[],"secure_boot_enabled":null,"single_placement_group":true,"sku":"Standard_D2s_v3","source_image_id":null,"source_image_reference":[{"offer":"fme-core","publisher":"safesoftwareinc","sku":"fme-core-2024-0-2-1-windows-byol","version":"latest"}],"tags":{"owner":"gsqnhold"},"timeouts":null,"timezone":null,"upgrade_mode":"Manual","user_data":null,"vtpm_enabled":null,"winrm_listener":[],"zone_balance":false,"zones":null},"sensitive_values":{"additional_capabilities":[],"additional_unattend_content":[],"admin_password":true,"admin_username":true,"automatic_instance_repair":[],"automatic_os_upgrade_policy":[],"boot_diagnostics":[],"custom_data":true,"data_disk":[],"extension":true,"gallery_application":[],"gallery_applications":[],"identity":[],"network_interface":[{"ip_configuration":[{"application_gateway_backend_address_pool_ids":[],"load_balancer_backend_address_pool_ids":[],"public_ip_address":[]}]}],"os_disk":[{"diff_disk_settings":[]}],"plan":[{}],"rolling_upgrade_policy":[],"scale_in":[],"secret":[],"source_image_reference":[{}],"spot_restore":[],"tags":{},"terminate_notification":[],"termination_notification":[],"winrm_listener":[]}}],"address":"module.vmss_core"},{"resources":[{"address":"module.vmss_standard_engine.azurerm_windows_virtual_machine_scale_set.fme_flow_engine","mode":"managed","type":"azurerm_windows_virtual_machine_scale_set","name":"fme_flow_engine","provider_name":"registry.terraform.io/hashicorp/azurerm","schema_version":0,"values":{"additional_capabilities":[],"additional_unattend_content":[],"admin_password":"eb15hold","admin_username":"zfy9hold","automatic_os_upgrade_policy":[],"boot_diagnostics":[],"capacity_reservation_group_id":null,"custom_data":null,"data_disk":[],"do_not_run_extensions_on_overprovisioned_machines":false,"edge_zone":null,"enable_automatic_updates":true,"encryption_at_host_enabled":null,"eviction_policy":null,"extension":[{"auto_upgrade_minor_version":true,"automatic_upgrade_enabled":null,"force_update_tag":"","name":"engine-script","protected_settings_from_key_vault":[],"provision_after_extensions":[],"publisher":"Microsoft.Compute","settings":"","type":"CustomScriptExtension","type_handler_version":"1.8"}],"extensions_time_budget":"PT1H30M","health_probe_id":null,"host_group_id":null,"identity":[],"instances":2,"license_type":null,"location":"canadacentral","max_bid_price":-1,"name":"standard","network_interface":[{"dns_servers":null,"enable_accelerated_networking":false,"enable_ip_forwarding":false,"ip_configuration":[{"application_gateway_backend_address_pool_ids":null,"application_security_group_ids":null,"load_balancer_backend_address_pool_ids":null,"load_balancer_inbound_nat_rules_ids":null,"name":"ipconfig","primary":true,"public_ip_address":[],"version":"IPv4"}],"name":"nic-engine","network_security_group_id":null,"primary":true}],"os_disk":[{"caching":"ReadWrite","diff_disk_settings":[],"disk_encryption_set_id":null,"secure_vm_disk_encryption_set_id":null,"security_encryption_type":null,"storage_account_type":"Premium_LRS","write_accelerator_enabled":false}],"overprovision":true,"plan":[{"name":"fme-engine-2024-0-2-1-windows-byol","product":"fme-engine","publisher":"safesoftwareinc"}],"priority":"Regular","provision_vm_agent":true,"proximity_placement_group_id":null,"resource_group_name":"terraform-rg","rolling_upgrade_policy":[],"secret":[],"secure_boot_enabled":null,"single_placement_group":true,"sku":"Standard_D2s_v3","source_image_id":null,"source_image_reference":[{"offer":"fme-engine","publisher":"safesoftwareinc","sku":"fme-engine-2024-0-2-1-windows-byol","version":"latest"}],"tags":{"owner":"gsqnhold"},"timeouts":null,"timezone":null,"upgrade_mode":"Manual","user_data":null,"vtpm_enabled":null,"winrm_listener":[],"zone_balance":false,"zones":null},"sensitive_values":{"additional_capabilities":[],"additional_unattend_content":[],"admin_password":true,"admin_username":true,"automatic_instance_repair":[],"automatic_os_upgrade_policy":[],"boot_diagnostics":[],"custom_data":true,"data_disk":[],"extension":true,"gallery_application":[],"gallery_applications":[],"identity":[],"network_interface":[{"ip_configuration":[{"public_ip_address":[]}]}],"os_disk":[{"diff_disk_settings":[]}],"plan":[{}],"rolling_upgrade_policy":[],"scale_in":[],"secret":[],"source_image_reference":[{}],"spot_restore":[],"tags":{},"terminate_notification":[],"termination_notification":[],"winrm_listener":[]}}],"address":"module.vmss_standard_engine"}]}},"resource_changes":[{"address":"azurerm_resource_group.fme_flow","mode":"managed","type":"azurerm_resource_group","name":"fme_flow","provider_name":"registry.terraform.io/hashicorp/azurerm","change":{"actions":["create"],"before":null,"after":{"location":"canadacentral","managed_by":null,"name":"terraform-rg","tags":{"owner":"gsqnhold"},"timeouts":null},"after_unknown":{"id":true,"tags":{}},"before_sensitive":false,"after_sensitive":{"tags":{}}}},{"address":"module.application_gateway.azurerm_application_gateway.fme_flow","module_address":"module.application_gateway","mode":"managed","type":"azurerm_application_gateway","name":"fme_flow","provider_name":"registry.terraform.io/hashicorp/azurerm","change":{"actions":["create"],"before":null,"after":{"authentication_certificate":[],"autoscale_configuration":[],"backend_address_pool":[{"fqdns":[],"ip_addresses":[],"name":"fme-flow-vnet-beap"}],"backend_http_settings":[{"affinity_cookie_name":"","authentication_certificate":[],"connection_draining":[],"cookie_based_affinity":"Disabled","host_name":"","name":"fme-flow-vnet-be-htst","path":"","pick_host_name_from_backend_address":false,"port":8080,"probe_name":"","protocol":"Http","request_timeout":86400,"trusted_root_certificate_names":[]},{"affinity_cookie_name":"","authentication_certificate":[],"connection_draining":[],"cookie_based_affinity":"Disabled","host_name":"","name":"fme-flow-vnet-be-wsst","path":"","pick_host_name_from_backend_address":true,"port":7078,"probe_name":"websocketProbe","protocol":"Http","request_timeout":86400,"trusted_root_certificate_names":[]}],"custom_error_configuration":[],"enable_http2":null,"fips_enabled":null,"firewall_policy_id":null,"force_firewall_policy_association":null,"frontend_ip_configuration":[{"name":"fme-flow-vnet-feip","private_ip_address_allocation":"Dynamic","private_link_configuration_name":null,"subnet_id":null}],"frontend_port":[{"name":"fme-flow-vnet-http-feport","port":80},{"name":"fme-flow-vnet-ws-feport","port":7078}],"gateway_ip_configuration":[{"name":"my-gateway-ip-configuration"}],"global":[],"http_listener":[{"custom_error_configuration":[],"firewall_policy_id":"","frontend_ip_configuration_name":"fme-flow-vnet-feip","frontend_port_name":"fme-flow-vnet-http-feport","host_name":"","host_names":[],"name":"fme-flow-vnet-httplstn","protocol":"Http","require_sni":null,"ssl_certificate_name":"","ssl_profile_name":""},{"custom_error_configuration":[],"firewall_policy_id":"","frontend_ip_configuration_name":"fme-flow-vnet-feip","frontend_port_name":"fme-flow-vnet-ws-feport","host_name":"","host_names":[],"name":"fme-flow-vnet-wslstn","protocol":"Http","require_sni":null,"ssl_certificate_name":"","ssl_profile_name":""}],"identity":[],"location":"canadacentral","name":"fme-flow-agw","private_link_configuration":[],"probe":[{"host":"","interval":30,"match":[{"body":"","status_code":["200-400"]}],"minimum_servers":0,"name":"websocketProbe","path":"/","pick_host_name_from_backend_http_settings":true,"port":null,"protocol":"Http","timeout":30,"unhealthy_threshold":3}],"redirect_configuration":[],"request_routing_rule":[{"backend_address_pool_name":"fme-flow-vnet-beap","backend_http_settings_name":"fme-flow-vnet-be-htst","http_listener_name":"fme-flow-vnet-httplstn","name":"fme-flow-vnet-http-rqrt","priority":null,"redirect_configuration_name":"","rewrite_rule_set_name":"","rule_type":"Basic","url_path_map_name":""},{"backend_address_pool_name":"fme-flow-vnet-beap","backend_http_settings_name":"fme-flow-vnet-be-wsst","http_listener_name":"fme-flow-vnet-wslstn","name":"fme-flow-vnet-ws-rqrt","priority":null,"redirect_configuration_name":"","rewrite_rule_set_name":"","rule_type":"Basic","url_path_map_name":""}],"resource_group_name":"terraform-rg","rewrite_rule_set":[],"sku":[{"capacity":1,"name":"Standard_Medium","tier":"Standard"}],"ssl_certificate":[],"ssl_profile":[],"tags":{"owner":"gsqnhold"},"timeouts":null,"trusted_client_certificate":[],"trusted_root_certificate":[],"url_path_map":[],"waf_configuration":[],"zones":null},"after_unknown":{"authentication_certificate":[],"autoscale_configuration":[],"backend_address_pool":[{"fqdns":[],"id":true,"ip_addresses":[]}],"backend_http_settings":[{"authentication_certificate":[],"connection_draining":[],"id":true,"probe_id":true,"trusted_root_certificate_names":[]},{"authentication_certificate":[],"connection_draining":[],"id":true,"probe_id":true,"trusted_root_certificate_names":[]}],"custom_error_configuration":[],"frontend_ip_configuration":[{"id":true,"private_ip_address":true,"private_link_configuration_id":true,"public_ip_address_id":true}],"frontend_port":[{"id":true},{"id":true}],"gateway_ip_configuration":[{"id":true,"subnet_id":true}],"global":[],"http_listener":[{"custom_error_configuration":[],"frontend_ip_configuration_id":true,"frontend_port_id":true,"host_names":[],"id":true,"ssl_certificate_id":true,"ssl_profile_id":true},{"custom_error_configuration":[],"frontend_ip_configuration_id":true,"frontend_port_id":true,"host_names":[],"id":true,"ssl_certificate_id":true,"ssl_profile_id":true}],"id":true,"identity":[],"private_endpoint_connection":true,"private_link_configuration":[],"probe":[{"id":true,"match":[{"status_code":[false]}]}],"redirect_configuration":[],"request_routing_rule":[{"backend_address_pool_id":true,"backend_http_settings_id":true,"http_listener_id":true,"id":true,"redirect_configuration_id":true,"rewrite_rule_set_id":true,"url_path_map_id":true},{"backend_address_pool_id":true,"backend_http_settings_id":true,"http_listener_id":true,"id":true,"redirect_configuration_id":true,"rewrite_rule_set_id":true,"url_path_map_id":true}],"rewrite_rule_set":[],"sku":[{}],"ssl_certificate":[],"ssl_policy":true,"ssl_profile":[],"tags":{},"trusted_client_certificate":[],"trusted_root_certificate":[],"url_path_map":[],"waf_configuration":[]},"before_sensitive":false,"after_sensitive":{"authentication_certificate":[],"autoscale_configuration":[],"backend_address_pool":[{"fqdns":[],"ip_addresses":[]}],"backend_http_settings":[{"authentication_certificate":[],"connection_draining":[],"trusted_root_certificate_names":[]},{"authentication_certificate":[],"connection_draining":[],"trusted_root_certificate_names":[]}],"custom_error_configuration":[],"frontend_ip_configuration":[{}],"frontend_port":[{},{}],"gateway_ip_configuration":[{}],"global":[],"http_listener":[{"custom_error_configuration":[],"host_names":[]},{"custom_error_configuration":[],"host_names":[]}],"identity":[],"private_endpoint_connection":[],"private_link_configuration":[],"probe":[{"match":[{"status_code":[false]}]}],"redirect_configuration":[],"request_routing_rule":[{},{}],"rewrite_rule_set":[],"sku":[{}],"ssl_certificate":[],"ssl_policy":[],"ssl_profile":[],"tags":{},"trusted_client_certificate":[],"trusted_root_certificate":[],"url_path_map":[],"waf_configuration":[]}}},{"address":"module.database.azurerm_postgresql_server.fme_flow","module_address":"module.database","mode":"managed","type":"azurerm_postgresql_server","name":"fme_flow","provider_name":"registry.terraform.io/hashicorp/azurerm","change":{"actions":["create"],"before":null,"after":{"administrator_login":"lgayhold","administrator_login_password":"q032hold","auto_grow_enabled":true,"create_mode":"Default","creation_source_server_id":null,"geo_redundant_backup_enabled":false,"identity":[],"infrastructure_encryption_enabled":null,"location":"canadacentral","public_network_access_enabled":true,"resource_group_name":"terraform-rg","restore_point_in_time":null,"sku_name":"GP_Gen5_2","ssl_enforcement_enabled":true,"ssl_minimal_tls_version_enforced":"TLS1_2","storage_mb":51200,"tags":{"owner":"gsqnhold"},"threat_detection_policy":[],"timeouts":null,"version":"10"},"after_unknown":{"backup_retention_days":true,"fqdn":true,"id":true,"identity":[],"name":true,"tags":{},"threat_detection_policy":[]},"before_sensitive":false,"after_sensitive":{"administrator_login":true,"administrator_login_password":true,"identity":[],"tags":{},"threat_detection_policy":[]}}},{"address":"module.database.azurerm_postgresql_virtual_network_rule.fme_flow","module_address":"module.database","mode":"managed","type":"azurerm_postgresql_virtual_network_rule","name":"fme_flow","provider_name":"registry.terraform.io/hashicorp/azurerm","change":{"actions":["create"],"before":null,"after":{"ignore_missing_vnet_service_endpoint":true,"name":"postgresql-vnet-rule","resource_group_name":"terraform-rg","timeouts":null},"after_unknown":{"id":true,"server_name":true,"subnet_id":true},"before_sensitive":false,"after_sensitive":{}}},{"address":"module.database.random_string.db_name","module_address":"module.database","mode":"managed","type":"random_string","name":"db_name","provider_name":"registry.terraform.io/hashicorp/random","change":{"actions":["create"],"before":null,"after":{"keepers":null,"length":8,"lower":true,"min_lower":0,"min_numeric":0,"min_special":0,"min_upper":0,"number":true,"numeric":true,"override_special":null,"special":false,"upper":false},"after_unknown":{"id":true,"result":true},"before_sensitive":false,"after_sensitive":{}}},{"address":"module.load_balancer.azurerm_lb.fme_flow","module_address":"module.load_balancer","mode":"managed","type":"azurerm_lb","name":"fme_flow","provider_name":"registry.terraform.io/hashicorp/azurerm","change":{"actions":["create"],"before":null,"after":{"edge_zone":null,"frontend_ip_configuration":[{"name":"engineRegistrationFrontend","private_ip_address_allocation":"Dynamic","zones":null}],"location":"canadacentral","name":"fme-flow-lb","resource_group_name":"terraform-rg","sku":"Basic","sku_tier":"Regional","tags":{"owner":"gsqnhold"},"timeouts":null},"after_unknown":{"frontend_ip_configuration":[{"gateway_load_balancer_frontend_ip_configuration_id":true,"id":true,"inbound_nat_rules":true,"load_balancer_rules":true,"outbound_rules":true,"private_ip_address":true,"private_ip_address_version":true,"public_ip_address_id":true,"public_ip_prefix_id":true,"subnet_id":true}],"id":true,"private_ip_address":true,"private_ip_addresses":true,"tags":{}},"before_sensitive":false,"after_sensitive":{"frontend_ip_configuration":[{"inbound_nat_rules":[],"load_balancer_rules":[],"outbound_rules":[]}],"private_ip_addresses":[],"tags":{}}}},{"address":"module.load_balancer.azurerm_lb_backend_address_pool.fme_flow","module_address":"module.load_balancer","mode":"managed","type":"azurerm_lb_backend_address_pool","name":"fme_flow","provider_name":"registry.terraform.io/hashicorp/azurerm","change":{"actions":["create"],"before":null,"after":{"name":"engineRegistrationBackend","synchronous_mode":null,"timeouts":null,"tunnel_interface":[],"virtual_network_id":null},"after_unknown":{"backend_ip_configurations":true,"id":true,"inbound_nat_rules":true,"load_balancing_rules":true,"loadbalancer_id":true,"outbound_rules":true,"tunnel_interface":[]},"before_sensitive":false,"after_sensitive":{"backend_ip_configurations":[],"inbound_nat_rules":[],"load_balancing_rules":[],"outbound_rules":[],"tunnel_interface":[]}}},{"address":"module.load_balancer.azurerm_lb_rule.fme_flow","module_address":"module.load_balancer","mode":"managed","type":"azurerm_lb_rule","name":"fme_flow","provider_name":"registry.terraform.io/hashicorp/azurerm","change":{"actions":["create"],"before":null,"after":{"backend_port":7070,"disable_outbound_snat":false,"enable_floating_ip":false,"enable_tcp_reset":null,"frontend_ip_configuration_name":"engineRegistrationFrontend","frontend_port":7070,"idle_timeout_in_minutes":30,"name":"roundRobinEngineRegistrationRule","probe_id":null,"protocol":"Tcp","timeouts":null},"after_unknown":{"backend_address_pool_ids":true,"frontend_ip_configuration_id":true,"id":true,"load_distribution":true,"loadbalancer_id":true},"before_sensitive":false,"after_sensitive":{"backend_address_pool_ids":[]}}},{"address":"module.network.azurerm_public_ip.fme_flow","module_address":"module.network","mode":"managed","type":"azurerm_public_ip","name":"fme_flow","provider_name":"registry.terraform.io/hashicorp/azurerm","change":{"actions":["create"],"before":null,"after":{"allocation_method":"Dynamic","ddos_protection_mode":"VirtualNetworkInherited","ddos_protection_plan_id":null,"domain_name_label":"fmeflow","edge_zone":null,"idle_timeout_in_minutes":30,"ip_tags":null,"ip_version":"IPv4","location":"canadacentral","name":"fme-flow-pip","public_ip_prefix_id":null,"resource_group_name":"terraform-rg","reverse_fqdn":null,"sku":"Basic","sku_tier":"Regional","tags":{"owner":"gsqnhold"},"timeouts":null,"zones":null},"after_unknown":{"fqdn":true,"id":true,"ip_address":true,"tags":{}},"before_sensitive":false,"after_sensitive":{"tags":{}}}},{"address":"module.network.azurerm_subnet.fme_flow_agw","module_address":"module.network","mode":"managed","type":"azurerm_subnet","name":"fme_flow_agw","provider_name":"registry.terraform.io/hashicorp/azurerm","change":{"actions":["create"],"before":null,"after":{"address_prefixes":["10.0.1.0/24"],"default_outbound_access_enabled":true,"delegation":[],"name":"fme-flow-agw-snet","resource_group_name":"terraform-rg","service_endpoint_policy_ids":null,"service_endpoints":null,"timeouts":null,"virtual_network_name":"fme-flow-vnet"},"after_unknown":{"address_prefixes":[false],"delegation":[],"enforce_private_link_endpoint_network_policies":true,"enforce_private_link_service_network_policies":true,"id":true,"private_endpoint_network_policies":true,"private_endpoint_network_policies_enabled":true,"private_link_service_network_policies_enabled":true},"before_sensitive":false,"after_sensitive":{"address_prefixes":[false],"delegation":[]}}},{"address":"module.network.azurerm_subnet.fme_flow_be","module_address":"module.network","mode":"managed","type":"azurerm_subnet","name":"fme_flow_be","provider_name":"registry.terraform.io/hashicorp/azurerm","change":{"actions":["create"],"before":null,"after":{"address_prefixes":["10.0.0.0/24"],"default_outbound_access_enabled":true,"delegation":[],"name":"fme-flow-be-snet","resource_group_name":"terraform-rg","service_endpoint_policy_ids":null,"service_endpoints":["Microsoft.Sql","Microsoft.Storage"],"timeouts":null,"virtual_network_name":"fme-flow-vnet"},"after_unknown":{"address_prefixes":[false],"delegation":[],"enforce_private_link_endpoint_network_policies":true,"enforce_private_link_service_network_policies":true,"id":true,"private_endpoint_network_policies":true,"private_endpoint_network_policies_enabled":true,"private_link_service_network_policies_enabled":true,"service_endpoints":[false,false]},"before_sensitive":false,"after_sensitive":{"address_prefixes":[false],"delegation":[],"service_endpoints":[false,false]}}},{"address":"module.network.azurerm_virtual_network.fme_flow","module_address":"module.network","mode":"managed","type":"azurerm_virtual_network","name":"fme_flow","provider_name":"registry.terraform.io/hashicorp/azurerm","change":{"actions":["create"],"before":null,"after":{"address_space":["10.0.0.0/16"],"bgp_community":null,"ddos_protection_plan":[],"edge_zone":null,"encryption":[],"flow_timeout_in_minutes":null,"location":"canadacentral","name":"fme-flow-vnet","resource_group_name":"terraform-rg","tags":{"owner":"gsqnhold"},"timeouts":null},"after_unknown":{"address_space":[false],"ddos_protection_plan":[],"dns_servers":true,"encryption":[],"guid":true,"id":true,"subnet":true,"tags":{}},"before_sensitive":false,"after_sensitive":{"address_space":[false],"ddos_protection_plan":[],"dns_servers":[],"encryption":[],"subnet":[],"tags":{}}}},{"address":"module.storage.azurerm_storage_account.fme_flow","module_address":"module.storage","mode":"managed","type":"azurerm_storage_account","name":"fme_flow","provider_name":"registry.terraform.io/hashicorp/azurerm","change":{"actions":["create"],"before":null,"after":{"account_kind":"FileStorage","account_replication_type":"LRS","account_tier":"Premium","allow_nested_items_to_be_public":true,"allowed_copy_scope":null,"azure_files_authentication":[],"cross_tenant_replication_enabled":true,"custom_domain":[],"customer_managed_key":[],"default_to_oauth_authentication":false,"dns_endpoint_type":"Standard","edge_zone":null,"identity":[],"immutability_policy":[],"infrastructure_encryption_enabled":false,"is_hns_enabled":false,"local_user_enabled":true,"location":"canadacentral","min_tls_version":"TLS1_2","network_rules":[{"bypass":["AzureServices"],"default_action":"Deny","ip_rules":["10.0.0.0/16"],"private_link_access":[]}],"nfsv3_enabled":false,"public_network_access_enabled":true,"queue_encryption_key_type":"Service","resource_group_name":"terraform-rg","sas_policy":[],"sftp_enabled":false,"shared_access_key_enabled":true,"static_website":[],"table_encryption_key_type":"Service","tags":{"owner":"gsqnhold"},"timeouts":null},"after_unknown":{"access_tier":true,"azure_files_authentication":[],"blob_properties":true,"custom_domain":[],"customer_managed_key":[],"enable_https_traffic_only":true,"https_traffic_only_enabled":true,"id":true,"identity":[],"immutability_policy":[],"large_file_share_enabled":true,"name":true,"network_rules":[{"bypass":[false],"ip_rules":[false],"private_link_access":[],"virtual_network_subnet_ids":true}],"primary_access_key":true,"primary_blob_connection_string":true,"primary_blob_endpoint":true,"primary_blob_host":true,"primary_blob_internet_endpoint":true,"primary_blob_internet_host":true,"primary_blob_microsoft_endpoint":true,"primary_blob_microsoft_host":true,"primary_connection_string":true,"primary_dfs_endpoint":true,"primary_dfs_host":true,"primary_dfs_internet_endpoint":true,"primary_dfs_internet_host":true,"primary_dfs_microsoft_endpoint":true,"primary_dfs_microsoft_host":true,"primary_file_endpoint":true,"primary_file_host":true,"primary_file_internet_endpoint":true,"primary_file_internet_host":true,"primary_file_microsoft_endpoint":true,"primary_file_microsoft_host":true,"primary_location":true,"primary_queue_endpoint":true,"primary_queue_host":true,"primary_queue_microsoft_endpoint":true,"primary_queue_microsoft_host":true,"primary_table_endpoint":true,"primary_table_host":true,"primary_table_microsoft_endpoint":true,"primary_table_microsoft_host":true,"primary_web_endpoint":true,"primary_web_host":true,"primary_web_internet_endpoint":true,"primary_web_internet_host":true,"primary_web_microsoft_endpoint":true,"primary_web_microsoft_host":true,"queue_properties":true,"routing":true,"sas_policy":[],"secondary_access_key":true,"secondary_blob_connection_string":true,"secondary_blob_endpoint":true,"secondary_blob_host":true,"secondary_blob_internet_endpoint":true,"secondary_blob_internet_host":true,"secondary_blob_microsoft_endpoint":true,"secondary_blob_microsoft_host":true,"secondary_connection_string":true,"secondary_dfs_endpoint":true,"secondary_dfs_host":true,"secondary_dfs_internet_endpoint":true,"secondary_dfs_internet_host":true,"secondary_dfs_microsoft_endpoint":true,"secondary_dfs_microsoft_host":true,"secondary_file_endpoint":true,"secondary_file_host":true,"secondary_file_internet_endpoint":true,"secondary_file_internet_host":true,"secondary_file_microsoft_endpoint":true,"secondary_file_microsoft_host":true,"secondary_location":true,"secondary_queue_endpoint":true,"secondary_queue_host":true,"secondary_queue_microsoft_endpoint":true,"secondary_queue_microsoft_host":true,"secondary_table_endpoint":true,"secondary_table_host":true,"secondary_table_microsoft_endpoint":true,"secondary_table_microsoft_host":true,"secondary_web_endpoint":true,"secondary_web_host":true,"secondary_web_internet_endpoint":true,"secondary_web_internet_host":true,"secondary_web_microsoft_endpoint":true,"secondary_web_microsoft_host":true,"share_properties":true,"static_website":[],"tags":{}},"before_sensitive":false,"after_sensitive":{"azure_files_authentication":[],"blob_properties":[],"custom_domain":[],"customer_managed_key":[],"identity":[],"immutability_policy":[],"network_rules":[{"bypass":[false],"ip_rules":[false],"private_link_access":[],"virtual_network_subnet_ids":[]}],"primary_access_key":true,"primary_blob_connection_string":true,"primary_connection_string":true,"queue_properties":[],"routing":[],"sas_policy":[],"secondary_access_key":true,"secondary_blob_connection_string":true,"secondary_connection_string":true,"share_properties":[],"static_website":[],"tags":{}}}},{"address":"module.storage.azurerm_storage_share.fme_flow","module_address":"module.storage","mode":"managed","type":"azurerm_storage_share","name":"fme_flow","provider_name":"registry.terraform.io/hashicorp/azurerm","change":{"actions":["create"],"before":null,"after":{"acl":[],"enabled_protocol":"SMB","name":"fmeflowdata","quota":100,"timeouts":null},"after_unknown":{"access_tier":true,"acl":[],"id":true,"metadata":true,"resource_manager_id":true,"storage_account_name":true,"url":true},"before_sensitive":false,"after_sensitive":{"acl":[],"metadata":{}}}},{"address":"module.storage.random_string.st_name","module_address":"module.storage","mode":"managed","type":"random_string","name":"st_name","provider_name":"registry.terraform.io/hashicorp/random","change":{"actions":["create"],"before":null,"after":{"keepers":null,"length":8,"lower":false,"min_lower":0,"min_numeric":0,"min_special":0,"min_upper":0,"number":true,"numeric":true,"override_special":null,"special":false,"upper":false},"after_unknown":{"id":true,"result":true},"before_sensitive":false,"after_sensitive":{}}},{"address":"module.vmss_core.azurerm_windows_virtual_machine_scale_set.fme_flow_core","module_address":"module.vmss_core","mode":"managed","type":"azurerm_windows_virtual_machine_scale_set","name":"fme_flow_core","provider_name":"registry.terraform.io/hashicorp/azurerm","change":{"actions":["create"],"before":null,"after":{"additional_capabilities":[],"additional_unattend_content":[],"admin_password":"eb15hold","admin_username":"zfy9hold","automatic_os_upgrade_policy":[],"boot_diagnostics":[],"capacity_reservation_group_id":null,"custom_data":null,"data_disk":[],"do_not_run_extensions_on_overprovisioned_machines":false,"edge_zone":null,"enable_automatic_updates":true,"encryption_at_host_enabled":null,"eviction_policy":null,"extension":[{"auto_upgrade_minor_version":true,"automatic_upgrade_enabled":null,"force_update_tag":"","name":"core-script","protected_settings_from_key_vault":[],"provision_after_extensions":[],"publisher":"Microsoft.Compute","settings":"","type":"CustomScriptExtension","type_handler_version":"1.8"}],"extensions_time_budget":"PT1H30M","health_probe_id":null,"host_group_id":null,"identity":[],"instances":2,"license_type":null,"location":"canadacentral","max_bid_price":-1,"name":"core","network_interface":[{"dns_servers":null,"enable_accelerated_networking":false,"enable_ip_forwarding":false,"ip_configuration":[{"application_security_group_ids":null,"load_balancer_inbound_nat_rules_ids":null,"name":"ipconfig","primary":true,"public_ip_address":[],"version":"IPv4"}],"name":"nic-core","network_security_group_id":null,"primary":true}],"os_disk":[{"caching":"ReadWrite","diff_disk_settings":[],"disk_encryption_set_id":null,"secure_vm_disk_encryption_set_id":null,"security_encryption_type":null,"storage_account_type":"Premium_LRS","write_accelerator_enabled":false}],"overprovision":true,"plan":[{"name":"fme-core-2024-0-2-1-windows-byol","product":"fme-core","publisher":"safesoftwareinc"}],"priority":"Regular","provision_vm_agent":true,"proximity_placement_group_id":null,"resource_group_name":"terraform-rg","rolling_upgrade_policy":[],"secret":[],"secure_boot_enabled":null,"single_placement_group":true,"sku":"Standard_D2s_v3","source_image_id":null,"source_image_reference":[{"offer":"fme-core","publisher":"safesoftwareinc","sku":"fme-core-2024-0-2-1-windows-byol","version":"latest"}],"tags":{"owner":"gsqnhold"},"timeouts":null,"timezone":null,"upgrade_mode":"Manual","user_data":null,"vtpm_enabled":null,"winrm_listener":[],"zone_balance":false,"zones":null},"after_unknown":{"additional_capabilities":[],"additional_unattend_content":[],"automatic_instance_repair":true,"automatic_os_upgrade_policy":[],"boot_diagnostics":[],"computer_name_prefix":true,"data_disk":[],"extension":[{"protected_settings":true,"protected_settings_from_key_vault":[],"provision_after_extensions":[]}],"extension_operations_enabled":true,"gallery_application":true,"gallery_applications":true,"id":true,"identity":[],"network_interface":[{"ip_configuration":[{"application_gateway_backend_address_pool_ids":true,"load_balancer_backend_address_pool_ids":true,"public_ip_address":[],"subnet_id":true}]}],"os_disk":[{"diff_disk_settings":[],"disk_size_gb":true}],"plan":[{}],"platform_fault_domain_count":true,"rolling_upgrade_policy":[],"scale_in":true,"scale_in_policy":true,"secret":[],"source_image_reference":[{}],"spot_restore":true,"tags":{},"terminate_notification":true,"termination_notification":true,"unique_id":true,"winrm_listener":[]},"before_sensitive":false,"after_sensitive":{"additional_capabilities":[],"additional_unattend_content":[],"admin_password":true,"admin_username":true,"automatic_instance_repair":[],"automatic_os_upgrade_policy":[],"boot_diagnostics":[],"custom_data":true,"data_disk":[],"extension":true,"gallery_application":[],"gallery_applications":[],"identity":[],"network_interface":[{"ip_configuration":[{"application_gateway_backend_address_pool_ids":[],"load_balancer_backend_address_pool_ids":[],"public_ip_address":[]}]}],"os_disk":[{"diff_disk_settings":[]}],"plan":[{}],"rolling_upgrade_policy":[],"scale_in":[],"secret":[],"source_image_reference":[{}],"spot_restore":[],"tags":{},"terminate_notification":[],"termination_notification":[],"winrm_listener":[]}}},{"address":"module.vmss_standard_engine.azurerm_windows_virtual_machine_scale_set.fme_flow_engine","module_address":"module.vmss_standard_engine","mode":"managed","type":"azurerm_windows_virtual_machine_scale_set","name":"fme_flow_engine","provider_name":"registry.terraform.io/hashicorp/azurerm","change":{"actions":["create"],"before":null,"after":{"additional_capabilities":[],"additional_unattend_content":[],"admin_password":"eb15hold","admin_username":"zfy9hold","automatic_os_upgrade_policy":[],"boot_diagnostics":[],"capacity_reservation_group_id":null,"custom_data":null,"data_disk":[],"do_not_run_extensions_on_overprovisioned_machines":false,"edge_zone":null,"enable_automatic_updates":true,"encryption_at_host_enabled":null,"eviction_policy":null,"extension":[{"auto_upgrade_minor_version":true,"automatic_upgrade_enabled":null,"force_update_tag":"","name":"engine-script","protected_settings_from_key_vault":[],"provision_after_extensions":[],"publisher":"Microsoft.Compute","settings":"","type":"CustomScriptExtension","type_handler_version":"1.8"}],"extensions_time_budget":"PT1H30M","health_probe_id":null,"host_group_id":null,"identity":[],"instances":2,"license_type":null,"location":"canadacentral","max_bid_price":-1,"name":"standard","network_interface":[{"dns_servers":null,"enable_accelerated_networking":false,"enable_ip_forwarding":false,"ip_configuration":[{"application_gateway_backend_address_pool_ids":null,"application_security_group_ids":null,"load_balancer_backend_address_pool_ids":null,"load_balancer_inbound_nat_rules_ids":null,"name":"ipconfig","primary":true,"public_ip_address":[],"version":"IPv4"}],"name":"nic-engine","network_security_group_id":null,"primary":true}],"os_disk":[{"caching":"ReadWrite","diff_disk_settings":[],"disk_encryption_set_id":null,"secure_vm_disk_encryption_set_id":null,"security_encryption_type":null,"storage_account_type":"Premium_LRS","write_accelerator_enabled":false}],"overprovision":true,"plan":[{"name":"fme-engine-2024-0-2-1-windows-byol","product":"fme-engine","publisher":"safesoftwareinc"}],"priority":"Regular","provision_vm_agent":true,"proximity_placement_group_id":null,"resource_group_name":"terraform-rg","rolling_upgrade_policy":[],"secret":[],"secure_boot_enabled":null,"single_placement_group":true,"sku":"Standard_D2s_v3","source_image_id":null,"source_image_reference":[{"offer":"fme-engine","publisher":"safesoftwareinc","sku":"fme-engine-2024-0-2-1-windows-byol","version":"latest"}],"tags":{"owner":"gsqnhold"},"timeouts":null,"timezone":null,"upgrade_mode":"Manual","user_data":null,"vtpm_enabled":null,"winrm_listener":[],"zone_balance":false,"zones":null},"after_unknown":{"additional_capabilities":[],"additional_unattend_content":[],"automatic_instance_repair":true,"automatic_os_upgrade_policy":[],"boot_diagnostics":[],"computer_name_prefix":true,"data_disk":[],"extension":[{"protected_settings":true,"protected_settings_from_key_vault":[],"provision_after_extensions":[]}],"extension_operations_enabled":true,"gallery_application":true,"gallery_applications":true,"id":true,"identity":[],"network_interface":[{"ip_configuration":[{"public_ip_address":[],"subnet_id":true}]}],"os_disk":[{"diff_disk_settings":[],"disk_size_gb":true}],"plan":[{}],"platform_fault_domain_count":true,"rolling_upgrade_policy":[],"scale_in":true,"scale_in_policy":true,"secret":[],"source_image_reference":[{}],"spot_restore":true,"tags":{},"terminate_notification":true,"termination_notification":true,"unique_id":true,"winrm_listener":[]},"before_sensitive":false,"after_sensitive":{"additional_capabilities":[],"additional_unattend_content":[],"admin_password":true,"admin_username":true,"automatic_instance_repair":[],"automatic_os_upgrade_policy":[],"boot_diagnostics":[],"custom_data":true,"data_disk":[],"extension":true,"gallery_application":[],"gallery_applications":[],"identity":[],"network_interface":[{"ip_configuration":[{"public_ip_address":[]}]}],"os_disk":[{"diff_disk_settings":[]}],"plan":[{}],"rolling_upgrade_policy":[],"scale_in":[],"secret":[],"source_image_reference":[{}],"spot_restore":[],"tags":{},"terminate_notification":[],"termination_notification":[],"winrm_listener":[]}}}],"output_changes":{"fme_flow_fqdn":{"actions":["create"],"before":null,"after_unknown":true,"before_sensitive":false,"after_sensitive":false}},"configuration":{"provider_config":{"azurerm":{"name":"azurerm","full_name":"registry.terraform.io/hashicorp/azurerm","expressions":{"features":[{}]}},"module.database:random":{"name":"random","full_name":"registry.terraform.io/hashicorp/random","module_address":"module.database"},"module.storage:random":{"name":"random","full_name":"registry.terraform.io/hashicorp/random","module_address":"module.storage"}},"root_module":{"outputs":{"fme_flow_fqdn":{"expression":{"references":["module.network.fqdn","module.network"]},"description":"External hostname of FME Flow"}},"resources":[{"address":"azurerm_resource_group.fme_flow","mode":"managed","type":"azurerm_resource_group","name":"fme_flow","provider_config_key":"azurerm","expressions":{"location":{"references":["var.location"]},"name":{"references":["var.rg_name"]},"tags":{"references":["local.default_tags"]}},"schema_version":0}],"module_calls":{"application_gateway":{"source":"./modules/lb-services/agw","expressions":{"agw_name":{"references":["var.agw_name"]},"agw_snet_id":{"references":["module.network.agw_snet_id","module.network"]},"location":{"references":["azurerm_resource_group.fme_flow.location","azurerm_resource_group.fme_flow"]},"owner":{"references":["var.owner"]},"pip_id":{"references":["module.network.pip_id","module.network"]},"rg_name":{"references":["azurerm_resource_group.fme_flow.name","azurerm_resource_group.fme_flow"]}},"module":{"outputs":{"backend_address_pool_ids":{"expression":{"references":["azurerm_application_gateway.fme_flow.backend_address_pool","azurerm_application_gateway.fme_flow"]},"description":"The IDs of the Backend Address Pool"}},"resources":[{"address":"azurerm_application_gateway.fme_flow","mode":"managed","type":"azurerm_application_gateway","name":"fme_flow","provider_config_key":"azurerm","expressions":{"backend_address_pool":[{"name":{"references":["local.backend_address_pool_name"]}}],"backend_http_settings":[{"cookie_based_affinity":{"constant_value":"Disabled"},"name":{"references":["local.http_setting_name"]},"pick_host_name_from_backend_address":{"constant_value":false},"port":{"constant_value":8080},"protocol":{"constant_value":"Http"},"request_timeout":{"constant_value":86400}},{"cookie_based_affinity":{"constant_value":"Disabled"},"name":{"references":["local.ws_setting_name"]},"pick_host_name_from_backend_address":{"constant_value":true},"port":{"constant_value":7078},"probe_name":{"constant_value":"websocketProbe"},"protocol":{"constant_value":"Http"},"request_timeout":{"constant_value":86400}}],"frontend_ip_configuration":[{"name":{"references":["local.frontend_ip_configuration_name"]},"private_ip_address_allocation":{"constant_value":"Dynamic"},"public_ip_address_id":{"references":["var.pip_id"]}}],"frontend_port":[{"name":{"references":["local.http_frontend_port_name"]},"port":{"constant_value":80}},{"name":{"references":["local.ws_frontend_port_name"]},"port":{"constant_value":7078}}],"gateway_ip_configuration":[{"name":{"constant_value":"my-gateway-ip-configuration"},"subnet_id":{"references":["var.agw_snet_id"]}}],"http_listener":[{"frontend_ip_configuration_name":{"references":["local.frontend_ip_configuration_name"]},"frontend_port_name":{"references":["local.http_frontend_port_name"]},"name":{"references":["local.http_listener_name"]},"protocol":{"constant_value":"Http"}},{"frontend_ip_configuration_name":{"references":["local.frontend_ip_configuration_name"]},"frontend_port_name":{"references":["local.ws_frontend_port_name"]},"name":{"references":["local.ws_listener_name"]},"protocol":{"constant_value":"Http"}}],"location":{"references":["var.location"]},"name":{"references":["var.agw_name"]},"probe":[{"interval":{"constant_value":30},"match":[{"body":{"constant_value":""},"status_code":{"constant_value":["200-400"]}}],"name":{"constant_value":"websocketProbe"},"path":{"constant_value":"/"},"pick_host_name_from_backend_http_settings":{"constant_value":true},"protocol":{"constant_value":"Http"},"timeout":{"constant_value":30},"unhealthy_threshold":{"constant_value":3}}],"request_routing_rule":[{"backend_address_pool_name":{"references":["local.backend_address_pool_name"]},"backend_http_settings_name":{"references":["local.http_setting_name"]},"http_listener_name":{"references":["local.http_listener_name"]},"name":{"references":["local.http_request_routing_rule_name"]},"rule_type":{"constant_value":"Basic"}},{"backend_address_pool_name":{"references":["local.backend_address_pool_name"]},"backend_http_settings_name":{"references":["local.ws_setting_name"]},"http_listener_name":{"references":["local.ws_listener_name"]},"name":{"references":["local.ws_request_routing_rule_name"]},"rule_type":{"constant_value":"Basic"}}],"resource_group_name":{"references":["var.rg_name"]},"sku":[{"capacity":{"constant_value":1},"name":{"constant_value":"Standard_Medium"},"tier":{"constant_value":"Standard"}}],"tags":{"references":["local.default_tags"]}},"schema_version":0}],"variables":{"agw_name":{"default":"fme-flow-agw","description":"description"},"agw_snet_id":{"default":"l232hold","description":"Application gateway virtual network subnet id"},"location":{"default":"eastus","description":"Location of resources"},"owner":{"default":"g3yjhold","description":"Default value for onwer tag"},"pip_id":{"default":"10.0.0.0/16","description":"Public IP id"},"rg_name":{"default":"p4d7hold","description":"Resource group name"},"vnet_name":{"default":"fme-flow-vnet","description":"Virtual network name"}}}},"database":{"source":"./modules/database/pgsql","expressions":{"be_snet_id":{"references":["module.network.be_snet_id","module.network"]},"db_admin_pw":{"references":["var.db_admin_pw"]},"db_admin_user":{"references":["var.db_admin_user"]},"location":{"references":["azurerm_resource_group.fme_flow.location","azurerm_resource_group.fme_flow"]},"owner":{"references":["var.owner"]},"rg_name":{"references":["azurerm_resource_group.fme_flow.name","azurerm_resource_group.fme_flow"]}},"module":{"outputs":{"fqdn":{"expression":{"references":["azurerm_postgresql_server.fme_flow.fqdn","azurerm_postgresql_server.fme_flow"]},"description":"Fully qualified domain name of the postgresql database server"}},"resources":[{"address":"azurerm_postgresql_server.fme_flow","mode":"managed","type":"azurerm_postgresql_server","name":"fme_flow","provider_config_key":"azurerm","expressions":{"administrator_login":{"references":["var.db_admin_user"]},"administrator_login_password":{"references":["var.db_admin_pw"]},"location":{"references":["var.location"]},"name":{"references":["random_string.db_name.result","random_string.db_name"]},"resource_group_name":{"references":["var.rg_name"]},"sku_name":{"constant_value":"GP_Gen5_2"},"ssl_enforcement_enabled":{"constant_value":true},"storage_mb":{"constant_value":51200},"tags":{"references":["local.default_tags"]},"version":{"constant_value":"10"}},"schema_version":1},{"address":"azurerm_postgresql_virtual_network_rule.fme_flow","mode":"managed","type":"azurerm_postgresql_virtual_network_rule","name":"fme_flow","provider_config_key":"azurerm","expressions":{"ignore_missing_vnet_service_endpoint":{"constant_value":true},"name":{"constant_value":"postgresql-vnet-rule"},"resource_group_name":{"references":["var.rg_name"]},"server_name":{"references":["azurerm_postgresql_server.fme_flow.name","azurerm_postgresql_server.fme_flow"]},"subnet_id":{"references":["var.be_snet_id"]}},"schema_version":0},{"address":"random_string.db_name","mode":"managed","type":"random_string","name":"db_name","provider_config_key":"module.database:random","expressions":{"length":{"constant_value":8},"special":{"constant_value":false},"upper":{"constant_value":false}},"schema_version":2}],"variables":{"be_snet_id":{"default":"jjz9hold","description":"Backend virtual network subnet id"},"db_admin_pw":{"default":"1uvhhold","description":"Specifies the backend database admin pw. This variable should be retrieved from an [environment variable](https://www.terraform.io/cli/config/environment-variables#tf_var_name) or a secure secret store like [Azure Key Vault](https://registry.terraform.io/providers/hashicorp/azurerm/latest/docs/data-sources/key_vault). DO NOT HARDCODE.","sensitive":true},"db_admin_user":{"default":"0fx2hold","description":"Specifies the backend database admin username. This variable should be retrieved from an [environment variable](https://www.terraform.io/cli/config/environment-variables#tf_var_name) or a secure secret store like [Azure Key Vault](https://registry.terraform.io/providers/hashicorp/azurerm/latest/docs/data-sources/key_vault). DO NOT HARDCODE.","sensitive":true},"location":{"default":"eastus","description":"Location of resources"},"owner":{"default":"w6lvhold","description":"Default value for onwer tag"},"rg_name":{"default":"oliuhold","description":"Resource group name"}}}},"load_balancer":{"source":"./modules/lb-services/lb","expressions":{"be_snet_id":{"references":["module.network.be_snet_id","module.network"]},"lb_name":{"references":["var.lb_name"]},"location":{"references":["azurerm_resource_group.fme_flow.location","azurerm_resource_group.fme_flow"]},"owner":{"references":["var.owner"]},"rg_name":{"references":["azurerm_resource_group.fme_flow.name","azurerm_resource_group.fme_flow"]}},"module":{"outputs":{"be_address_pool_id":{"expression":{"references":["azurerm_lb_backend_address_pool.fme_flow.id","azurerm_lb_backend_address_pool.fme_flow"]},"description":"Backend address poll id of the load balancer"},"private_ip_address":{"expression":{"references":["azurerm_lb.fme_flow.private_ip_address","azurerm_lb.fme_flow"]},"description":"Private IP address of the load balancer"}},"resources":[{"address":"azurerm_lb.fme_flow","mode":"managed","type":"azurerm_lb","name":"fme_flow","provider_config_key":"azurerm","expressions":{"frontend_ip_configuration":[{"name":{"constant_value":"engineRegistrationFrontend"},"private_ip_address_allocation":{"constant_value":"Dynamic"},"subnet_id":{"references":["var.be_snet_id"]}}],"location":{"references":["var.location"]},"name":{"references":["var.lb_name"]},"resource_group_name":{"references":["var.rg_name"]},"tags":{"references":["local.default_tags"]}},"schema_version":0},{"address":"azurerm_lb_backend_address_pool.fme_flow","mode":"managed","type":"azurerm_lb_backend_address_pool","name":"fme_flow","provider_config_key":"azurerm","expressions":{"loadbalancer_id":{"references":["azurerm_lb.fme_flow.id","azurerm_lb.fme_flow"]},"name":{"constant_value":"engineRegistrationBackend"}},"schema_version":0},{"address":"azurerm_lb_rule.fme_flow","mode":"managed","type":"azurerm_lb_rule","name":"fme_flow","provider_config_key":"azurerm","expressions":{"backend_address_pool_ids":{"references":["azurerm_lb_backend_address_pool.fme_flow.id","azurerm_lb_backend_address_pool.fme_flow"]},"backend_port":{"constant_value":7070},"frontend_ip_configuration_name":{"constant_value":"engineRegistrationFrontend"},"frontend_port":{"constant_value":7070},"idle_timeout_in_minutes":{"constant_value":30},"loadbalancer_id":{"references":["azurerm_lb.fme_flow.id","azurerm_lb.fme_flow"]},"name":{"constant_value":"roundRobinEngineRegistrationRule"},"protocol":{"constant_value":"Tcp"}},"schema_version":0}],"variables":{"be_snet_id":{"default":"vfeyhold","description":"Backend virtual network subnet id"},"lb_name":{"default":"fme-flow-lb","description":"Load balancer name"},"location":{"default":"eastus","description":"Location of resources"},"owner":{"default":"hcqahold","description":"Default value for onwer tag"},"rg_name":{"default":"cyeohold","description":"Resource group name"}}}},"network":{"source":"./modules/network","expressions":{"agw_snet_name":{"references":["var.agw_snet_name"]},"be_snet_name":{"references":["var.be_snet_name"]},"domain_name_label":{"references":["var.domain_name_label"]},"location":{"references":["azurerm_resource_group.fme_flow.location","azurerm_resource_group.fme_flow"]},"owner":{"references":["var.owner"]},"pip_name":{"references":["var.pip_name"]},"rg_name":{"references":["azurerm_resource_group.fme_flow.name","azurerm_resource_group.fme_flow"]},"vnet_name":{"references":["var.vnet_name"]}},"module":{"outputs":{"agw_snet_id":{"expression":{"references":["azurerm_subnet.fme_flow_agw.id","azurerm_subnet.fme_flow_agw"]},"description":"Application gateway virtual network subnet id"},"be_snet_id":{"expression":{"references":["azurerm_subnet.fme_flow_be.id","azurerm_subnet.fme_flow_be"]},"description":"Backend virtual network subnet id"},"fqdn":{"expression":{"references":["azurerm_public_ip.fme_flow.fqdn","azurerm_public_ip.fme_flow"]},"description":"Fully qualified domain name of the A DNS record associated with the public IP."},"pip_id":{"expression":{"references":["azurerm_public_ip.fme_flow.id","azurerm_public_ip.fme_flow"]},"description":"Public ip id"},"vnet_name":{"expression":{"references":["azurerm_virtual_network.fme_flow.name","azurerm_virtual_network.fme_flow"]},"description":"Virtual network name"}},"resources":[{"address":"azurerm_public_ip.fme_flow","mode":"managed","type":"azurerm_public_ip","name":"fme_flow","provider_config_key":"azurerm","expressions":{"allocation_method":{"constant_value":"Dynamic"},"domain_name_label":{"references":["var.domain_name_label"]},"idle_timeout_in_minutes":{"constant_value":30},"location":{"references":["var.location"]},"name":{"references":["var.pip_name"]},"resource_group_name":{"references":["var.rg_name"]},"sku":{"constant_value":"Basic"},"tags":{"references":["local.default_tags"]}},"schema_version":0},{"address":"azurerm_subnet.fme_flow_agw","mode":"managed","type":"azurerm_subnet","name":"fme_flow_agw","provider_config_key":"azurerm","expressions":{"address_prefixes":{"constant_value":["10.0.1.0/24"]},"name":{"references":["var.agw_snet_name"]},"resource_group_name":{"references":["var.rg_name"]},"virtual_network_name":{"references":["azurerm_virtual_network.fme_flow.name","azurerm_virtual_network.fme_flow"]}},"schema_version":0},{"address":"azurerm_subnet.fme_flow_be","mode":"managed","type":"azurerm_subnet","name":"fme_flow_be","provider_config_key":"azurerm","expressions":{"address_prefixes":{"constant_value":["10.0.0.0/24"]},"name":{"references":["var.be_snet_name"]},"resource_group_name":{"references":["var.rg_name"]},"service_endpoints":{"constant_value":["Microsoft.Storage","Microsoft.Sql"]},"virtual_network_name":{"references":["azurerm_virtual_network.fme_flow.name","azurerm_virtual_network.fme_flow"]}},"schema_version":0},{"address":"azurerm_virtual_network.fme_flow","mode":"managed","type":"azurerm_virtual_network","name":"fme_flow","provider_config_key":"azurerm","expressions":{"address_space":{"constant_value":["10.0.0.0/16"]},"location":{"references":["var.location"]},"name":{"references":["var.vnet_name"]},"resource_group_name":{"references":["var.rg_name"]},"tags":{"references":["local.default_tags"]}},"schema_version":0}],"variables":{"agw_snet_name":{"default":"2lkohold","description":"Application gateway virtual network subnet name"},"be_snet_name":{"default":"5jt2hold","description":"Backend virtual network subnet name"},"domain_name_label":{"default":"2qbqhold","description":"Label for the Domain Name. Will be used to make up the FQDN"},"location":{"default":"eastus","description":"Location of resources"},"owner":{"default":"8d9fhold","description":"Default value for onwer tag"},"pip_name":{"default":"10.0.0.0/16","description":"Public ip name"},"rg_name":{"default":"2z2xhold","description":"Resource group name"},"vnet_name":{"default":"0k4vhold","description":"Virtual network name"}}}},"storage":{"source":"./modules/storage","expressions":{"be_snet_id":{"references":["module.network.be_snet_id","module.network"]},"build_agent_public_ip":{"references":["var.build_agent_public_ip"]},"location":{"references":["azurerm_resource_group.fme_flow.location","azurerm_resource_group.fme_flow"]},"owner":{"references":["var.owner"]},"rg_name":{"references":["azurerm_resource_group.fme_flow.name","azurerm_resource_group.fme_flow"]}},"module":{"outputs":{"name":{"expression":{"references":["azurerm_storage_account.fme_flow.name","azurerm_storage_account.fme_flow"]},"description":"Name of the Azure storage account for the FME Sever file share"},"primary_access_key":{"sensitive":true,"expression":{"references":["azurerm_storage_account.fme_flow.primary_access_key","azurerm_storage_account.fme_flow"]},"description":"The primary access key for the storage account."}},"resources":[{"address":"azurerm_storage_account.fme_flow","mode":"managed","type":"azurerm_storage_account","name":"fme_flow","provider_config_key":"azurerm","expressions":{"account_kind":{"constant_value":"FileStorage"},"account_replication_type":{"constant_value":"LRS"},"account_tier":{"constant_value":"Premium"},"location":{"references":["var.location"]},"name":{"references":["random_string.st_name.result","random_string.st_name"]},"network_rules":[{"bypass":{"constant_value":["AzureServices"]},"default_action":{"constant_value":"Deny"},"ip_rules":{"references":["var.build_agent_public_ip"]},"virtual_network_subnet_ids":{"references":["var.be_snet_id"]}}],"resource_group_name":{"references":["var.rg_name"]},"tags":{"references":["local.default_tags"]}},"schema_version":4},{"address":"azurerm_storage_share.fme_flow","mode":"managed","type":"azurerm_storage_share","name":"fme_flow","provider_config_key":"azurerm","expressions":{"name":{"constant_value":"fmeflowdata"},"quota":{"constant_value":100},"storage_account_name":{"references":["azurerm_storage_account.fme_flow.name","azurerm_storage_account.fme_flow"]}},"schema_version":2},{"address":"random_string.st_name","mode":"managed","type":"random_string","name":"st_name","provider_config_key":"module.storage:random","expressions":{"length":{"constant_value":8},"lower":{"constant_value":false},"special":{"constant_value":false},"upper":{"constant_value":false}},"schema_version":2}],"variables":{"be_snet_id":{"default":"ntabhold","description":"Backend virtual network subnet id"},"build_agent_public_ip":{"default":"10.0.0.0/16","description":"Public IP of the build agent or machine that is running terraform deployment to be whitelisted in the storage account. This is a workaround for the following known issue: https://github.com/hashicorp/terraform-provider-azurerm/issues/2977"},"location":{"default":"eastus","description":"Location of resources"},"owner":{"default":"5zfrhold","description":"Default value for onwer tag"},"rg_name":{"default":"f280hold","description":"Resource group name"}}}},"vmss_core":{"source":"./modules/vmss/vmss_core","expressions":{"agw_backend_address_pool_ids":{"references":["module.application_gateway.backend_address_pool_ids","module.application_gateway"]},"be_snet_id":{"references":["module.network.be_snet_id","module.network"]},"db_admin_pw":{"references":["var.db_admin_pw"]},"db_admin_user":{"references":["var.db_admin_user"]},"db_fqdn":{"references":["module.database.fqdn","module.database"]},"fqdn":{"references":["module.network.fqdn","module.network"]},"instance_count_core":{"references":["var.instance_count_core"]},"lb_be_address_pool_id":{"references":["module.load_balancer.be_address_pool_id","module.load_balancer"]},"location":{"references":["azurerm_resource_group.fme_flow.location","azurerm_resource_group.fme_flow"]},"owner":{"references":["var.owner"]},"rg_name":{"references":["azurerm_resource_group.fme_flow.name","azurerm_resource_group.fme_flow"]},"storage_key":{"references":["module.storage.primary_access_key","module.storage"]},"storage_name":{"references":["module.storage.name","module.storage"]},"vm_admin_pw":{"references":["var.vm_admin_pw"]},"vm_admin_user":{"references":["var.vm_admin_user"]}},"module":{"resources":[{"address":"azurerm_windows_virtual_machine_scale_set.fme_flow_core","mode":"managed","type":"azurerm_windows_virtual_machine_scale_set","name":"fme_flow_core","provider_config_key":"azurerm","expressions":{"admin_password":{"references":["var.vm_admin_pw"]},"admin_username":{"references":["var.vm_admin_user"]},"extension":[{"name":{"constant_value":"core-script"},"protected_settings":{"references":["var.db_fqdn","var.db_admin_pw","var.db_admin_user","var.fqdn","var.storage_name","var.storage_key"]},"publisher":{"constant_value":"Microsoft.Compute"},"type":{"constant_value":"CustomScriptExtension"},"type_handler_version":{"constant_value":"1.8"}}],"instances":{"references":["var.instance_count_core"]},"location":{"references":["var.location"]},"name":{"constant_value":"core"},"network_interface":[{"ip_configuration":[{"application_gateway_backend_address_pool_ids":{"references":["var.agw_backend_address_pool_ids"]},"load_balancer_backend_address_pool_ids":{"references":["var.lb_be_address_pool_id"]},"name":{"constant_value":"ipconfig"},"primary":{"constant_value":true},"subnet_id":{"references":["var.be_snet_id"]}}],"name":{"constant_value":"nic-core"},"primary":{"constant_value":true}}],"os_disk":[{"caching":{"constant_value":"ReadWrite"},"storage_account_type":{"constant_value":"Premium_LRS"}}],"plan":[{"name":{"constant_value":"fme-core-2024-0-2-1-windows-byol"},"product":{"constant_value":"fme-core"},"publisher":{"constant_value":"safesoftwareinc"}}],"resource_group_name":{"references":["var.rg_name"]},"sku":{"constant_value":"Standard_D2s_v3"},"source_image_reference":[{"offer":{"constant_value":"fme-core"},"publisher":{"constant_value":"safesoftwareinc"},"sku":{"constant_value":"fme-core-2024-0-2-1-windows-byol"},"version":{"constant_value":"latest"}}],"tags":{"references":["local.default_tags"]}},"schema_version":0}],"variables":{"agw_backend_address_pool_ids":{"default":null,"description":"Application gateway backend address pool id"},"be_snet_id":{"default":"d23xhold","description":"Backend virtual network subnet id"},"db_admin_pw":{"default":"iporhold","description":"Specifies the backend database admin pw. This variable should be retrieved from an [environment variable](https://www.terraform.io/cli/config/environment-variables#tf_var_name) or a secure secret store like [Azure Key Vault](https://registry.terraform.io/providers/hashicorp/azurerm/latest/docs/data-sources/key_vault). DO NOT HARDCODE.","sensitive":true},"db_admin_user":{"default":"t9w7hold","description":"Specifies the backend database admin username. This variable should be retrieved from an [environment variable](https://www.terraform.io/cli/config/environment-variables#tf_var_name) or a secure secret store like [Azure Key Vault](https://registry.terraform.io/providers/hashicorp/azurerm/latest/docs/data-sources/key_vault). DO NOT HARDCODE.","sensitive":true},"db_fqdn":{"default":"22tehold","description":"Fully qualified domain name of the postgresql database server"},"fqdn":{"default":"w8wqhold","description":"Fully qualified domain name of the A DNS record associated with the public IP."},"instance_count_core":{"default":null,"description":"Number of Core VM instances"},"lb_be_address_pool_id":{"default":"gxt3hold","description":"Load balancer backend address pool id"},"location":{"default":"eastus","description":"Location of resources"},"owner":{"default":"humrhold","description":"Default value for onwer tag"},"rg_name":{"default":"6dv6hold","description":"Resource group name"},"storage_key":{"default":"egiehold","description":"FME Flow backend storage account key","sensitive":true},"storage_name":{"default":"mp58hold","description":"FME Flow backend storage account name"},"vm_admin_pw":{"default":"ngoyhold","description":"Specifies the windows virual machine admin pw. This variable should be retrieved from an [environment variable](https://www.terraform.io/cli/config/environment-variables#tf_var_name) or a secure secret store like [Azure Key Vault](https://registry.terraform.io/providers/hashicorp/azurerm/latest/docs/data-sources/key_vault). DO NOT HARDCODE.","sensitive":true},"vm_admin_user":{"default":"fay6hold","description":"Specifies the windows virual machine admin username. This variable should be retrieved from an [environment variable](https://www.terraform.io/cli/config/environment-variables#tf_var_name) or a secure secret store like [Azure Key Vault](https://registry.terraform.io/providers/hashicorp/azurerm/latest/docs/data-sources/key_vault). DO NOT HARDCODE.","sensitive":true}}}},"vmss_standard_engine":{"source":"./modules/vmss/vmss_engine","expressions":{"be_snet_id":{"references":["module.network.be_snet_id","module.network"]},"db_fqdn":{"references":["module.database.fqdn","module.database"]},"engine_type":{"constant_value":"STANDARD"},"instance_count_engine":{"references":["var.instance_count_engine"]},"lb_private_ip_address":{"references":["module.load_balancer.private_ip_address","module.load_balancer"]},"location":{"references":["azurerm_resource_group.fme_flow.location","azurerm_resource_group.fme_flow"]},"owner":{"references":["var.owner"]},"rg_name":{"references":["azurerm_resource_group.fme_flow.name","azurerm_resource_group.fme_flow"]},"storage_key":{"references":["module.storage.primary_access_key","module.storage"]},"storage_name":{"references":["module.storage.name","module.storage"]},"vm_admin_pw":{"references":["var.vm_admin_pw"]},"vm_admin_user":{"references":["var.vm_admin_user"]},"vmss_name":{"constant_value":"standard"}},"module":{"resources":[{"address":"azurerm_windows_virtual_machine_scale_set.fme_flow_engine","mode":"managed","type":"azurerm_windows_virtual_machine_scale_set","name":"fme_flow_engine","provider_config_key":"azurerm","expressions":{"admin_password":{"references":["var.vm_admin_pw"]},"admin_username":{"references":["var.vm_admin_user"]},"extension":[{"name":{"constant_value":"engine-script"},"protected_settings":{"references":["var.db_fqdn","var.lb_private_ip_address","var.storage_name","var.storage_key","local.engine_type"]},"publisher":{"constant_value":"Microsoft.Compute"},"type":{"constant_value":"CustomScriptExtension"},"type_handler_version":{"constant_value":"1.8"}}],"instances":{"references":["var.instance_count_engine"]},"location":{"references":["var.location"]},"name":{"references":["var.vmss_name"]},"network_interface":[{"ip_configuration":[{"name":{"constant_value":"ipconfig"},"primary":{"constant_value":true},"subnet_id":{"references":["var.be_snet_id"]}}],"name":{"constant_value":"nic-engine"},"primary":{"constant_value":true}}],"os_disk":[{"caching":{"constant_value":"ReadWrite"},"storage_account_type":{"constant_value":"Premium_LRS"}}],"plan":[{"name":{"constant_value":"fme-engine-2024-0-2-1-windows-byol"},"product":{"constant_value":"fme-engine"},"publisher":{"constant_value":"safesoftwareinc"}}],"resource_group_name":{"references":["var.rg_name"]},"sku":{"constant_value":"Standard_D2s_v3"},"source_image_reference":[{"offer":{"constant_value":"fme-engine"},"publisher":{"constant_value":"safesoftwareinc"},"sku":{"constant_value":"fme-engine-2024-0-2-1-windows-byol"},"version":{"constant_value":"latest"}}],"tags":{"references":["local.default_tags"]}},"schema_version":0}],"variables":{"be_snet_id":{"default":"5y73hold","description":"Backend virtual network subnet id"},"db_fqdn":{"default":"n5aihold","description":"Fully qualified domain name of the postgresql database server"},"engine_type":{"default":"ibq2hold","description":"The type of FME Flow Engine. Possible values are STANDARD and DYNAMIC"},"instance_count_engine":{"default":null,"description":"Number of engine VM instances"},"lb_private_ip_address":{"default":"10.0.0.0/16","description":"Private IP address of the load balancer"},"location":{"default":"eastus","description":"Location of resources"},"owner":{"default":"c6jyhold","description":"Default value for onwer tag"},"rg_name":{"default":"v7emhold","description":"Resource group name"},"storage_key":{"default":"5zlihold","description":"FME Flow backend storage account key","sensitive":true},"storage_name":{"default":"98echold","description":"FME Flow backend storage account name"},"vm_admin_pw":{"default":"hadlhold","description":"Specifies the windows virual machine admin pw. This variable should be retrieved from an [environment variable](https://www.terraform.io/cli/config/environment-variables#tf_var_name) or a secure secret store like [Azure Key Vault](https://registry.terraform.io/providers/hashicorp/azurerm/latest/docs/data-sources/key_vault). DO NOT HARDCODE.","sensitive":true},"vm_admin_user":{"default":"euvyhold","description":"Specifies the windows virual machine admin username. This variable should be retrieved from an [environment variable](https://www.terraform.io/cli/config/environment-variables#tf_var_name) or a secure secret store like [Azure Key Vault](https://registry.terraform.io/providers/hashicorp/azurerm/latest/docs/data-sources/key_vault). DO NOT HARDCODE.","sensitive":true},"vmss_name":{"default":"w57uhold","description":"Name of the virtual machine scale set"}}},"depends_on":["module.vmss_core"]}},"variables":{"agw_name":{"default":"fme-flow-agw","description":"Application gateway name"},"agw_snet_name":{"default":"fme-flow-agw-snet","description":"Application gateway virtual network subnet name"},"be_snet_name":{"default":"fme-flow-be-snet","description":"Backend virtual network subnet name"},"build_agent_public_ip":{"default":"10.0.0.0/16","description":"Public IP of the build agent or machine that is running terraform deployment to be whitelisted in the storage account. This is a workaround for the following known issue: https://github.com/hashicorp/terraform-provider-azurerm/issues/2977"},"db_admin_pw":{"default":"q032hold","description":"Specifies the backend database admin pw. This variable should be retrieved from an [environment variable](https://www.terraform.io/cli/config/environment-variables#tf_var_name) or a secure secret store like [Azure Key Vault](https://registry.terraform.io/providers/hashicorp/azurerm/latest/docs/data-sources/key_vault). DO NOT HARDCODE.","sensitive":true},"db_admin_user":{"default":"lgayhold","description":"Specifies the backend database admin username. This variable should be retrieved from an [environment variable](https://www.terraform.io/cli/config/environment-variables#tf_var_name) or a secure secret store like [Azure Key Vault](https://registry.terraform.io/providers/hashicorp/azurerm/latest/docs/data-sources/key_vault). DO NOT HARDCODE.","sensitive":true},"db_pw":{"default":"vdamhold","description":"The password for the fmeflow database (Only used for Azure SQL Server. Should be left blank when PostgreSQL is used). Please review the [SQL Server Password Policy](https://docs.microsoft.com/en-us/sql/relational-databases/security/password-policy?view=azuresqldb-current)). This variable should be retrieved from an [environment variable](https://www.terraform.io/cli/config/environment-variables#tf_var_name) or a secure secret store like [Azure Key Vault](https://registry.terraform.io/providers/hashicorp/azurerm/latest/docs/data-sources/key_vault). DO NOT HARDCODE.","sensitive":true},"db_user":{"default":"lpfdhold","description":"The login for the fmeflow database (Only used for Azure SQL Server. Should be left blank when PostgreSQL is used). This variable should be retrieved from an [environment variable](https://www.terraform.io/cli/config/environment-variables#tf_var_name) or a secure secret store like [Azure Key Vault](https://registry.terraform.io/providers/hashicorp/azurerm/latest/docs/data-sources/key_vault). DO NOT HARDCODE.","sensitive":true},"domain_name_label":{"default":"fmeflow","description":"Label for the Domain Name. Will be used to make up the FQDN"},"instance_count_core":{"default":2,"description":"Number of Core VM instances"},"instance_count_engine":{"default":2,"description":"Number of engine VM instances"},"lb_name":{"default":"fme-flow-lb","description":"Load balancer name"},"location":{"default":"Canada Central","description":"Location of resources"},"owner":{"default":"gsqnhold","description":"Default value for onwer tag"},"pip_name":{"default":"fme-flow-pip","description":"Public ip name"},"rg_name":{"default":"terraform-rg","description":"Resource group name"},"vm_admin_pw":{"default":"eb15hold","description":"Specifies the windows virual machine admin pw. Password must have 3 of the following: 1 lower case character, 1 upper case character, 1 number, and 1 special character. The value must be between 12 and 123 characters long. This variable should be retrieved from an [environment variable](https://www.terraform.io/cli/config/environment-variables#tf_var_name) or a secure secret store like [Azure Key Vault](https://registry.terraform.io/providers/hashicorp/azurerm/latest/docs/data-sources/key_vault). DO NOT HARDCODE.","sensitive":true},"vm_admin_user":{"default":"zfy9hold","description":"Specifies the windows virual machine admin username. This variable should be retrieved from an [environment variable](https://www.terraform.io/cli/config/environment-variables#tf_var_name) or a secure secret store like [Azure Key Vault](https://registry.terraform.io/providers/hashicorp/azurerm/latest/docs/data-sources/key_vault). DO NOT HARDCODE.","sensitive":true},"vnet_name":{"default":"fme-flow-vnet","description":"Virtual network name"}}}},"relevant_attributes":[{"resource":"module.database.random_string.db_name","attribute":["result"]},{"resource":"module.load_balancer.azurerm_lb.fme_flow","attribute":["id"]},{"resource":"module.network.azurerm_public_ip.fme_flow","attribute":["id"]},{"resource":"module.storage.azurerm_storage_account.fme_flow","attribute":["primary_access_key"]},{"resource":"module.application_gateway.azurerm_application_gateway.fme_flow","attribute":["backend_address_pool"]},{"resource":"module.database.azurerm_postgresql_server.fme_flow","attribute":["name"]},{"resource":"module.network.azurerm_public_ip.fme_flow","attribute":["fqdn"]},{"resource":"module.load_balancer.azurerm_lb.fme_flow","attribute":["private_ip_address"]},{"resource":"module.network.azurerm_virtual_network.fme_flow","attribute":["name"]},{"resource":"module.load_balancer.azurerm_lb_backend_address_pool.fme_flow","attribute":["id"]},{"resource":"module.storage.random_string.st_name","attribute":["result"]},{"resource":"module.storage.azurerm_storage_account.fme_flow","attribute":["name"]},{"resource":"module.network.azurerm_subnet.fme_flow_be","attribute":["id"]},{"resource":"module.database.azurerm_postgresql_server.fme_flow","attribute":["fqdn"]},{"resource":"module.network.azurerm_subnet.fme_flow_agw","attribute":["id"]},{"resource":"azurerm_resource_group.fme_flow","attribute":["location"]},{"resource":"azurerm_resource_group.fme_flow","attribute":["name"]}],"timestamp":"2024-08-16T23:54:29Z","applyable":true,"complete":true,"errored":false}
