{"format_version":"1.2","terraform_version":"1.9.4","planned_values":{"root_module":{"resources":[{"address":"azurerm_application_gateway.this","mode":"managed","type":"azurerm_application_gateway","name":"this","provider_name":"registry.terraform.io/hashicorp/azurerm","schema_version":0,"values":{"authentication_certificate":[],"autoscale_configuration":[],"backend_address_pool":[{"fqdns":["app-prod-we-webdemo.azurewebsites.net"],"ip_addresses":[],"name":"vnet-prod-we-webdemo-beap"}],"backend_http_settings":[{"affinity_cookie_name":"","authentication_certificate":[],"connection_draining":[],"cookie_based_affinity":"Disabled","host_name":"","name":"vnet-prod-we-webdemo-be-htst","path":"/","pick_host_name_from_backend_address":true,"port":443,"probe_name":"","protocol":"Https","request_timeout":60,"trusted_root_certificate_names":[]}],"custom_error_configuration":[],"enable_http2":null,"fips_enabled":null,"force_firewall_policy_association":null,"frontend_ip_configuration":[{"name":"vnet-prod-we-webdemo-feip","private_ip_address_allocation":"Dynamic","private_link_configuration_name":null,"subnet_id":null}],"frontend_port":[{"name":"vnet-prod-we-webdemo-feport","port":80}],"gateway_ip_configuration":[{"name":"my-gateway-ip-configuration"}],"global":[],"http_listener":[{"custom_error_configuration":[],"firewall_policy_id":"","frontend_ip_configuration_name":"vnet-prod-we-webdemo-feip","frontend_port_name":"vnet-prod-we-webdemo-feport","host_name":"","host_names":[],"name":"vnet-prod-we-webdemo-httplstn","protocol":"Http","require_sni":null,"ssl_certificate_name":"","ssl_profile_name":""}],"identity":[],"location":"westeurope","name":"agw-prod-we-webdemo","private_link_configuration":[],"probe":[],"redirect_configuration":[],"request_routing_rule":[{"backend_address_pool_name":"vnet-prod-we-webdemo-beap","backend_http_settings_name":"vnet-prod-we-webdemo-be-htst","http_listener_name":"vnet-prod-we-webdemo-httplstn","name":"vnet-prod-we-webdemo-rqrt","priority":9,"redirect_configuration_name":"","rewrite_rule_set_name":"","rule_type":"Basic","url_path_map_name":""}],"resource_group_name":"rg-prod-we-webdemo","rewrite_rule_set":[],"sku":[{"capacity":2,"name":"WAF_v2","tier":"WAF_v2"}],"ssl_certificate":[],"ssl_profile":[],"tags":null,"timeouts":null,"trusted_client_certificate":[],"trusted_root_certificate":[],"url_path_map":[],"waf_configuration":[],"zones":null},"sensitive_values":{"authentication_certificate":[],"autoscale_configuration":[],"backend_address_pool":[{"fqdns":[false],"ip_addresses":[]}],"backend_http_settings":[{"authentication_certificate":[],"connection_draining":[],"trusted_root_certificate_names":[]}],"custom_error_configuration":[],"frontend_ip_configuration":[{}],"frontend_port":[{}],"gateway_ip_configuration":[{}],"global":[],"http_listener":[{"custom_error_configuration":[],"host_names":[]}],"identity":[],"private_endpoint_connection":[],"private_link_configuration":[],"probe":[],"redirect_configuration":[],"request_routing_rule":[{}],"rewrite_rule_set":[],"sku":[{}],"ssl_certificate":[],"ssl_policy":[],"ssl_profile":[],"trusted_client_certificate":[],"trusted_root_certificate":[],"url_path_map":[],"waf_configuration":[]}},{"address":"azurerm_linux_web_app.this","mode":"managed","type":"azurerm_linux_web_app","name":"this","provider_name":"registry.terraform.io/hashicorp/azurerm","schema_version":1,"values":{"app_settings":null,"auth_settings":[],"auth_settings_v2":[],"backup":[],"client_affinity_enabled":false,"client_certificate_enabled":false,"client_certificate_exclusion_paths":null,"client_certificate_mode":"Required","connection_string":[],"enabled":true,"ftp_publish_basic_authentication_enabled":true,"https_only":false,"identity":[],"location":"westeurope","logs":[],"name":"app-prod-we-webdemo","public_network_access_enabled":true,"resource_group_name":"rg-prod-we-webdemo","site_config":[{"always_on":true,"api_definition_url":null,"api_management_api_id":null,"app_command_line":null,"auto_heal_enabled":null,"auto_heal_setting":[],"container_registry_managed_identity_client_id":null,"container_registry_use_managed_identity":false,"cors":[],"ftps_state":"Disabled","health_check_path":null,"http2_enabled":false,"ip_restriction":[],"ip_restriction_default_action":"Allow","load_balancing_mode":"LeastRequests","local_mysql_enabled":false,"managed_pipeline_mode":"Integrated","minimum_tls_version":"1.2","remote_debugging_enabled":false,"scm_ip_restriction":[],"scm_ip_restriction_default_action":"Allow","scm_minimum_tls_version":"1.2","scm_use_main_ip_restriction":false,"use_32_bit_worker":true,"vnet_route_all_enabled":false,"websockets_enabled":false}],"sticky_settings":[],"storage_account":[],"tags":null,"timeouts":null,"virtual_network_subnet_id":null,"webdeploy_publish_basic_authentication_enabled":true},"sensitive_values":{"auth_settings":[],"auth_settings_v2":[],"backup":[],"connection_string":[],"custom_domain_verification_id":true,"identity":[],"logs":[],"outbound_ip_address_list":[],"possible_outbound_ip_address_list":[],"site_config":[{"application_stack":[],"auto_heal_setting":[],"cors":[],"default_documents":[],"ip_restriction":[],"scm_ip_restriction":[]}],"site_credential":true,"sticky_settings":[],"storage_account":[]}},{"address":"azurerm_log_analytics_workspace.this","mode":"managed","type":"azurerm_log_analytics_workspace","name":"this","provider_name":"registry.terraform.io/hashicorp/azurerm","schema_version":3,"values":{"allow_resource_only_permissions":true,"cmk_for_query_forced":null,"daily_quota_gb":-1,"data_collection_rule_id":null,"identity":[],"immediate_data_purge_on_30_days_enabled":null,"internet_ingestion_enabled":true,"internet_query_enabled":true,"local_authentication_disabled":false,"location":"westeurope","name":"log-prod-we-webdemo","reservation_capacity_in_gb_per_day":null,"resource_group_name":"rg-prod-we-webdemo","retention_in_days":30,"sku":"PerGB2018","tags":null,"timeouts":null},"sensitive_values":{"identity":[],"primary_shared_key":true,"secondary_shared_key":true}},{"address":"azurerm_public_ip.this","mode":"managed","type":"azurerm_public_ip","name":"this","provider_name":"registry.terraform.io/hashicorp/azurerm","schema_version":0,"values":{"allocation_method":"Static","ddos_protection_mode":"VirtualNetworkInherited","ddos_protection_plan_id":null,"domain_name_label":null,"edge_zone":null,"idle_timeout_in_minutes":4,"ip_tags":null,"ip_version":"IPv4","location":"westeurope","name":"pip-prod-we-lb","public_ip_prefix_id":null,"resource_group_name":"rg-prod-we-webdemo","reverse_fqdn":null,"sku":"Standard","sku_tier":"Regional","tags":null,"timeouts":null,"zones":null},"sensitive_values":{}},{"address":"azurerm_resource_group.this","mode":"managed","type":"azurerm_resource_group","name":"this","provider_name":"registry.terraform.io/hashicorp/azurerm","schema_version":0,"values":{"location":"westeurope","managed_by":null,"name":"rg-prod-we-webdemo","tags":null,"timeouts":null},"sensitive_values":{}},{"address":"azurerm_service_plan.this","mode":"managed","type":"azurerm_service_plan","name":"this","provider_name":"registry.terraform.io/hashicorp/azurerm","schema_version":1,"values":{"app_service_environment_id":null,"location":"westeurope","name":"asp-prod-we-webdemo","os_type":"Linux","per_site_scaling_enabled":false,"resource_group_name":"rg-prod-we-webdemo","sku_name":"P1v2","tags":null,"timeouts":null,"zone_balancing_enabled":null},"sensitive_values":{}},{"address":"azurerm_subnet.this","mode":"managed","type":"azurerm_subnet","name":"this","provider_name":"registry.terraform.io/hashicorp/azurerm","schema_version":0,"values":{"address_prefixes":["10.0.0.0/24"],"default_outbound_access_enabled":true,"delegation":[],"name":"sn-prod-we-app","resource_group_name":"rg-prod-we-webdemo","service_endpoint_policy_ids":null,"service_endpoints":null,"timeouts":null,"virtual_network_name":"vnet-prod-we-webdemo"},"sensitive_values":{"address_prefixes":[false],"delegation":[]}},{"address":"azurerm_virtual_network.this","mode":"managed","type":"azurerm_virtual_network","name":"this","provider_name":"registry.terraform.io/hashicorp/azurerm","schema_version":0,"values":{"address_space":["10.0.0.0/22"],"bgp_community":null,"ddos_protection_plan":[],"edge_zone":null,"encryption":[],"flow_timeout_in_minutes":null,"location":"westeurope","name":"vnet-prod-we-webdemo","resource_group_name":"rg-prod-we-webdemo","tags":null,"timeouts":null},"sensitive_values":{"address_space":[false],"ddos_protection_plan":[],"dns_servers":[],"encryption":[],"subnet":[]}},{"address":"azurerm_web_application_firewall_policy.this","mode":"managed","type":"azurerm_web_application_firewall_policy","name":"this","provider_name":"registry.terraform.io/hashicorp/azurerm","schema_version":1,"values":{"custom_rules":[],"location":"westeurope","managed_rules":[{"exclusion":[],"managed_rule_set":[{"rule_group_override":[],"type":"OWASP","version":"3.2"}]}],"name":"waf-prod-we-webdemo","policy_settings":[{"enabled":true,"file_upload_limit_in_mb":100,"js_challenge_cookie_expiration_in_minutes":30,"log_scrubbing":[],"max_request_body_size_in_kb":128,"mode":"Prevention","request_body_check":true,"request_body_inspect_limit_in_kb":128}],"resource_group_name":"rg-prod-we-webdemo","tags":null,"timeouts":null},"sensitive_values":{"custom_rules":[],"http_listener_ids":[],"managed_rules":[{"exclusion":[],"managed_rule_set":[{"rule_group_override":[]}]}],"path_based_rule_ids":[],"policy_settings":[{"log_scrubbing":[]}]}}]}},"resource_changes":[{"address":"azurerm_application_gateway.this","mode":"managed","type":"azurerm_application_gateway","name":"this","provider_name":"registry.terraform.io/hashicorp/azurerm","change":{"actions":["create"],"before":null,"after":{"authentication_certificate":[],"autoscale_configuration":[],"backend_address_pool":[{"fqdns":["app-prod-we-webdemo.azurewebsites.net"],"ip_addresses":[],"name":"vnet-prod-we-webdemo-beap"}],"backend_http_settings":[{"affinity_cookie_name":"","authentication_certificate":[],"connection_draining":[],"cookie_based_affinity":"Disabled","host_name":"","name":"vnet-prod-we-webdemo-be-htst","path":"/","pick_host_name_from_backend_address":true,"port":443,"probe_name":"","protocol":"Https","request_timeout":60,"trusted_root_certificate_names":[]}],"custom_error_configuration":[],"enable_http2":null,"fips_enabled":null,"force_firewall_policy_association":null,"frontend_ip_configuration":[{"name":"vnet-prod-we-webdemo-feip","private_ip_address_allocation":"Dynamic","private_link_configuration_name":null,"subnet_id":null}],"frontend_port":[{"name":"vnet-prod-we-webdemo-feport","port":80}],"gateway_ip_configuration":[{"name":"my-gateway-ip-configuration"}],"global":[],"http_listener":[{"custom_error_configuration":[],"firewall_policy_id":"","frontend_ip_configuration_name":"vnet-prod-we-webdemo-feip","frontend_port_name":"vnet-prod-we-webdemo-feport","host_name":"","host_names":[],"name":"vnet-prod-we-webdemo-httplstn","protocol":"Http","require_sni":null,"ssl_certificate_name":"","ssl_profile_name":""}],"identity":[],"location":"westeurope","name":"agw-prod-we-webdemo","private_link_configuration":[],"probe":[],"redirect_configuration":[],"request_routing_rule":[{"backend_address_pool_name":"vnet-prod-we-webdemo-beap","backend_http_settings_name":"vnet-prod-we-webdemo-be-htst","http_listener_name":"vnet-prod-we-webdemo-httplstn","name":"vnet-prod-we-webdemo-rqrt","priority":9,"redirect_configuration_name":"","rewrite_rule_set_name":"","rule_type":"Basic","url_path_map_name":""}],"resource_group_name":"rg-prod-we-webdemo","rewrite_rule_set":[],"sku":[{"capacity":2,"name":"WAF_v2","tier":"WAF_v2"}],"ssl_certificate":[],"ssl_profile":[],"tags":null,"timeouts":null,"trusted_client_certificate":[],"trusted_root_certificate":[],"url_path_map":[],"waf_configuration":[],"zones":null},"after_unknown":{"authentication_certificate":[],"autoscale_configuration":[],"backend_address_pool":[{"fqdns":[false],"id":true,"ip_addresses":[]}],"backend_http_settings":[{"authentication_certificate":[],"connection_draining":[],"id":true,"probe_id":true,"trusted_root_certificate_names":[]}],"custom_error_configuration":[],"firewall_policy_id":true,"frontend_ip_configuration":[{"id":true,"private_ip_address":true,"private_link_configuration_id":true,"public_ip_address_id":true}],"frontend_port":[{"id":true}],"gateway_ip_configuration":[{"id":true,"subnet_id":true}],"global":[],"http_listener":[{"custom_error_configuration":[],"frontend_ip_configuration_id":true,"frontend_port_id":true,"host_names":[],"id":true,"ssl_certificate_id":true,"ssl_profile_id":true}],"id":true,"identity":[],"private_endpoint_connection":true,"private_link_configuration":[],"probe":[],"redirect_configuration":[],"request_routing_rule":[{"backend_address_pool_id":true,"backend_http_settings_id":true,"http_listener_id":true,"id":true,"redirect_configuration_id":true,"rewrite_rule_set_id":true,"url_path_map_id":true}],"rewrite_rule_set":[],"sku":[{}],"ssl_certificate":[],"ssl_policy":true,"ssl_profile":[],"trusted_client_certificate":[],"trusted_root_certificate":[],"url_path_map":[],"waf_configuration":[]},"before_sensitive":false,"after_sensitive":{"authentication_certificate":[],"autoscale_configuration":[],"backend_address_pool":[{"fqdns":[false],"ip_addresses":[]}],"backend_http_settings":[{"authentication_certificate":[],"connection_draining":[],"trusted_root_certificate_names":[]}],"custom_error_configuration":[],"frontend_ip_configuration":[{}],"frontend_port":[{}],"gateway_ip_configuration":[{}],"global":[],"http_listener":[{"custom_error_configuration":[],"host_names":[]}],"identity":[],"private_endpoint_connection":[],"private_link_configuration":[],"probe":[],"redirect_configuration":[],"request_routing_rule":[{}],"rewrite_rule_set":[],"sku":[{}],"ssl_certificate":[],"ssl_policy":[],"ssl_profile":[],"trusted_client_certificate":[],"trusted_root_certificate":[],"url_path_map":[],"waf_configuration":[]}}},{"address":"azurerm_linux_web_app.this","mode":"managed","type":"azurerm_linux_web_app","name":"this","provider_name":"registry.terraform.io/hashicorp/azurerm","change":{"actions":["create"],"before":null,"after":{"app_settings":null,"auth_settings":[],"auth_settings_v2":[],"backup":[],"client_affinity_enabled":false,"client_certificate_enabled":false,"client_certificate_exclusion_paths":null,"client_certificate_mode":"Required","connection_string":[],"enabled":true,"ftp_publish_basic_authentication_enabled":true,"https_only":false,"identity":[],"location":"westeurope","logs":[],"name":"app-prod-we-webdemo","public_network_access_enabled":true,"resource_group_name":"rg-prod-we-webdemo","site_config":[{"always_on":true,"api_definition_url":null,"api_management_api_id":null,"app_command_line":null,"auto_heal_enabled":null,"auto_heal_setting":[],"container_registry_managed_identity_client_id":null,"container_registry_use_managed_identity":false,"cors":[],"ftps_state":"Disabled","health_check_path":null,"http2_enabled":false,"ip_restriction":[],"ip_restriction_default_action":"Allow","load_balancing_mode":"LeastRequests","local_mysql_enabled":false,"managed_pipeline_mode":"Integrated","minimum_tls_version":"1.2","remote_debugging_enabled":false,"scm_ip_restriction":[],"scm_ip_restriction_default_action":"Allow","scm_minimum_tls_version":"1.2","scm_use_main_ip_restriction":false,"use_32_bit_worker":true,"vnet_route_all_enabled":false,"websockets_enabled":false}],"sticky_settings":[],"storage_account":[],"tags":null,"timeouts":null,"virtual_network_subnet_id":null,"webdeploy_publish_basic_authentication_enabled":true},"after_unknown":{"auth_settings":[],"auth_settings_v2":[],"backup":[],"connection_string":[],"custom_domain_verification_id":true,"default_hostname":true,"hosting_environment_id":true,"id":true,"identity":[],"key_vault_reference_identity_id":true,"kind":true,"logs":[],"outbound_ip_address_list":true,"outbound_ip_addresses":true,"possible_outbound_ip_address_list":true,"possible_outbound_ip_addresses":true,"service_plan_id":true,"site_config":[{"application_stack":true,"auto_heal_setting":[],"cors":[],"default_documents":true,"detailed_error_logging_enabled":true,"health_check_eviction_time_in_min":true,"ip_restriction":[],"linux_fx_version":true,"remote_debugging_version":true,"scm_ip_restriction":[],"scm_type":true,"worker_count":true}],"site_credential":true,"sticky_settings":[],"storage_account":[],"zip_deploy_file":true},"before_sensitive":false,"after_sensitive":{"auth_settings":[],"auth_settings_v2":[],"backup":[],"connection_string":[],"custom_domain_verification_id":true,"identity":[],"logs":[],"outbound_ip_address_list":[],"possible_outbound_ip_address_list":[],"site_config":[{"application_stack":[],"auto_heal_setting":[],"cors":[],"default_documents":[],"ip_restriction":[],"scm_ip_restriction":[]}],"site_credential":true,"sticky_settings":[],"storage_account":[]}}},{"address":"azurerm_log_analytics_workspace.this","mode":"managed","type":"azurerm_log_analytics_workspace","name":"this","provider_name":"registry.terraform.io/hashicorp/azurerm","change":{"actions":["create"],"before":null,"after":{"allow_resource_only_permissions":true,"cmk_for_query_forced":null,"daily_quota_gb":-1,"data_collection_rule_id":null,"identity":[],"immediate_data_purge_on_30_days_enabled":null,"internet_ingestion_enabled":true,"internet_query_enabled":true,"local_authentication_disabled":false,"location":"westeurope","name":"log-prod-we-webdemo","reservation_capacity_in_gb_per_day":null,"resource_group_name":"rg-prod-we-webdemo","retention_in_days":30,"sku":"PerGB2018","tags":null,"timeouts":null},"after_unknown":{"id":true,"identity":[],"primary_shared_key":true,"secondary_shared_key":true,"workspace_id":true},"before_sensitive":false,"after_sensitive":{"identity":[],"primary_shared_key":true,"secondary_shared_key":true}}},{"address":"azurerm_public_ip.this","mode":"managed","type":"azurerm_public_ip","name":"this","provider_name":"registry.terraform.io/hashicorp/azurerm","change":{"actions":["create"],"before":null,"after":{"allocation_method":"Static","ddos_protection_mode":"VirtualNetworkInherited","ddos_protection_plan_id":null,"domain_name_label":null,"edge_zone":null,"idle_timeout_in_minutes":4,"ip_tags":null,"ip_version":"IPv4","location":"westeurope","name":"pip-prod-we-lb","public_ip_prefix_id":null,"resource_group_name":"rg-prod-we-webdemo","reverse_fqdn":null,"sku":"Standard","sku_tier":"Regional","tags":null,"timeouts":null,"zones":null},"after_unknown":{"fqdn":true,"id":true,"ip_address":true},"before_sensitive":false,"after_sensitive":{}}},{"address":"azurerm_resource_group.this","mode":"managed","type":"azurerm_resource_group","name":"this","provider_name":"registry.terraform.io/hashicorp/azurerm","change":{"actions":["create"],"before":null,"after":{"location":"westeurope","managed_by":null,"name":"rg-prod-we-webdemo","tags":null,"timeouts":null},"after_unknown":{"id":true},"before_sensitive":false,"after_sensitive":{}}},{"address":"azurerm_service_plan.this","mode":"managed","type":"azurerm_service_plan","name":"this","provider_name":"registry.terraform.io/hashicorp/azurerm","change":{"actions":["create"],"before":null,"after":{"app_service_environment_id":null,"location":"westeurope","name":"asp-prod-we-webdemo","os_type":"Linux","per_site_scaling_enabled":false,"resource_group_name":"rg-prod-we-webdemo","sku_name":"P1v2","tags":null,"timeouts":null,"zone_balancing_enabled":null},"after_unknown":{"id":true,"kind":true,"maximum_elastic_worker_count":true,"reserved":true,"worker_count":true},"before_sensitive":false,"after_sensitive":{}}},{"address":"azurerm_subnet.this","mode":"managed","type":"azurerm_subnet","name":"this","provider_name":"registry.terraform.io/hashicorp/azurerm","change":{"actions":["create"],"before":null,"after":{"address_prefixes":["10.0.0.0/24"],"default_outbound_access_enabled":true,"delegation":[],"name":"sn-prod-we-app","resource_group_name":"rg-prod-we-webdemo","service_endpoint_policy_ids":null,"service_endpoints":null,"timeouts":null,"virtual_network_name":"vnet-prod-we-webdemo"},"after_unknown":{"address_prefixes":[false],"delegation":[],"enforce_private_link_endpoint_network_policies":true,"enforce_private_link_service_network_policies":true,"id":true,"private_endpoint_network_policies":true,"private_endpoint_network_policies_enabled":true,"private_link_service_network_policies_enabled":true},"before_sensitive":false,"after_sensitive":{"address_prefixes":[false],"delegation":[]}}},{"address":"azurerm_virtual_network.this","mode":"managed","type":"azurerm_virtual_network","name":"this","provider_name":"registry.terraform.io/hashicorp/azurerm","change":{"actions":["create"],"before":null,"after":{"address_space":["10.0.0.0/22"],"bgp_community":null,"ddos_protection_plan":[],"edge_zone":null,"encryption":[],"flow_timeout_in_minutes":null,"location":"westeurope","name":"vnet-prod-we-webdemo","resource_group_name":"rg-prod-we-webdemo","tags":null,"timeouts":null},"after_unknown":{"address_space":[false],"ddos_protection_plan":[],"dns_servers":true,"encryption":[],"guid":true,"id":true,"subnet":true},"before_sensitive":false,"after_sensitive":{"address_space":[false],"ddos_protection_plan":[],"dns_servers":[],"encryption":[],"subnet":[]}}},{"address":"azurerm_web_application_firewall_policy.this","mode":"managed","type":"azurerm_web_application_firewall_policy","name":"this","provider_name":"registry.terraform.io/hashicorp/azurerm","change":{"actions":["create"],"before":null,"after":{"custom_rules":[],"location":"westeurope","managed_rules":[{"exclusion":[],"managed_rule_set":[{"rule_group_override":[],"type":"OWASP","version":"3.2"}]}],"name":"waf-prod-we-webdemo","policy_settings":[{"enabled":true,"file_upload_limit_in_mb":100,"js_challenge_cookie_expiration_in_minutes":30,"log_scrubbing":[],"max_request_body_size_in_kb":128,"mode":"Prevention","request_body_check":true,"request_body_inspect_limit_in_kb":128}],"resource_group_name":"rg-prod-we-webdemo","tags":null,"timeouts":null},"after_unknown":{"custom_rules":[],"http_listener_ids":true,"id":true,"managed_rules":[{"exclusion":[],"managed_rule_set":[{"rule_group_override":[]}]}],"path_based_rule_ids":true,"policy_settings":[{"log_scrubbing":[]}]},"before_sensitive":false,"after_sensitive":{"custom_rules":[],"http_listener_ids":[],"managed_rules":[{"exclusion":[],"managed_rule_set":[{"rule_group_override":[]}]}],"path_based_rule_ids":[],"policy_settings":[{"log_scrubbing":[]}]}}}],"configuration":{"provider_config":{"azurerm":{"name":"azurerm","full_name":"registry.terraform.io/hashicorp/azurerm","expressions":{"features":[{}]}}},"root_module":{"resources":[{"address":"azurerm_application_gateway.this","mode":"managed","type":"azurerm_application_gateway","name":"this","provider_config_key":"azurerm","expressions":{"backend_address_pool":[{"fqdns":{"constant_value":["app-prod-we-webdemo.azurewebsites.net"]},"name":{"references":["local.backend_address_pool_name"]}}],"backend_http_settings":[{"cookie_based_affinity":{"constant_value":"Disabled"},"name":{"references":["local.http_setting_name"]},"path":{"constant_value":"/"},"pick_host_name_from_backend_address":{"constant_value":true},"port":{"constant_value":443},"protocol":{"constant_value":"Https"},"request_timeout":{"constant_value":60}}],"firewall_policy_id":{"references":["azurerm_web_application_firewall_policy.this.id","azurerm_web_application_firewall_policy.this"]},"frontend_ip_configuration":[{"name":{"references":["local.frontend_ip_configuration_name"]},"public_ip_address_id":{"references":["azurerm_public_ip.this.id","azurerm_public_ip.this"]}}],"frontend_port":[{"name":{"references":["local.frontend_port_name"]},"port":{"constant_value":80}}],"gateway_ip_configuration":[{"name":{"constant_value":"my-gateway-ip-configuration"},"subnet_id":{"references":["azurerm_subnet.this.id","azurerm_subnet.this"]}}],"http_listener":[{"frontend_ip_configuration_name":{"references":["local.frontend_ip_configuration_name"]},"frontend_port_name":{"references":["local.frontend_port_name"]},"name":{"references":["local.listener_name"]},"protocol":{"constant_value":"Http"}}],"location":{"references":["azurerm_resource_group.this.location","azurerm_resource_group.this"]},"name":{"constant_value":"agw-prod-we-webdemo"},"request_routing_rule":[{"backend_address_pool_name":{"references":["local.backend_address_pool_name"]},"backend_http_settings_name":{"references":["local.http_setting_name"]},"http_listener_name":{"references":["local.listener_name"]},"name":{"references":["local.request_routing_rule_name"]},"priority":{"constant_value":9},"rule_type":{"constant_value":"Basic"}}],"resource_group_name":{"references":["azurerm_resource_group.this.name","azurerm_resource_group.this"]},"sku":[{"capacity":{"constant_value":2},"name":{"constant_value":"WAF_v2"},"tier":{"constant_value":"WAF_v2"}}]},"schema_version":0},{"address":"azurerm_linux_web_app.this","mode":"managed","type":"azurerm_linux_web_app","name":"this","provider_config_key":"azurerm","expressions":{"location":{"references":["azurerm_service_plan.this.location","azurerm_service_plan.this"]},"name":{"constant_value":"app-prod-we-webdemo"},"resource_group_name":{"references":["azurerm_resource_group.this.name","azurerm_resource_group.this"]},"service_plan_id":{"references":["azurerm_service_plan.this.id","azurerm_service_plan.this"]},"site_config":[{}]},"schema_version":1},{"address":"azurerm_log_analytics_workspace.this","mode":"managed","type":"azurerm_log_analytics_workspace","name":"this","provider_config_key":"azurerm","expressions":{"location":{"references":["azurerm_resource_group.this.location","azurerm_resource_group.this"]},"name":{"constant_value":"log-prod-we-webdemo"},"resource_group_name":{"references":["azurerm_resource_group.this.name","azurerm_resource_group.this"]},"retention_in_days":{"constant_value":30},"sku":{"constant_value":"PerGB2018"}},"schema_version":3},{"address":"azurerm_public_ip.this","mode":"managed","type":"azurerm_public_ip","name":"this","provider_config_key":"azurerm","expressions":{"allocation_method":{"constant_value":"Static"},"location":{"references":["azurerm_resource_group.this.location","azurerm_resource_group.this"]},"name":{"constant_value":"pip-prod-we-lb"},"resource_group_name":{"references":["azurerm_resource_group.this.name","azurerm_resource_group.this"]},"sku":{"constant_value":"Standard"}},"schema_version":0},{"address":"azurerm_resource_group.this","mode":"managed","type":"azurerm_resource_group","name":"this","provider_config_key":"azurerm","expressions":{"location":{"constant_value":"West Europe"},"name":{"constant_value":"rg-prod-we-webdemo"}},"schema_version":0},{"address":"azurerm_service_plan.this","mode":"managed","type":"azurerm_service_plan","name":"this","provider_config_key":"azurerm","expressions":{"location":{"references":["azurerm_resource_group.this.location","azurerm_resource_group.this"]},"name":{"constant_value":"asp-prod-we-webdemo"},"os_type":{"constant_value":"Linux"},"resource_group_name":{"references":["azurerm_resource_group.this.name","azurerm_resource_group.this"]},"sku_name":{"constant_value":"P1v2"}},"schema_version":1},{"address":"azurerm_subnet.this","mode":"managed","type":"azurerm_subnet","name":"this","provider_config_key":"azurerm","expressions":{"address_prefixes":{"constant_value":["10.0.0.0/24"]},"name":{"constant_value":"sn-prod-we-app"},"resource_group_name":{"references":["azurerm_resource_group.this.name","azurerm_resource_group.this"]},"virtual_network_name":{"references":["azurerm_virtual_network.this.name","azurerm_virtual_network.this"]}},"schema_version":0},{"address":"azurerm_virtual_network.this","mode":"managed","type":"azurerm_virtual_network","name":"this","provider_config_key":"azurerm","expressions":{"address_space":{"constant_value":["10.0.0.0/22"]},"location":{"references":["azurerm_resource_group.this.location","azurerm_resource_group.this"]},"name":{"constant_value":"vnet-prod-we-webdemo"},"resource_group_name":{"references":["azurerm_resource_group.this.name","azurerm_resource_group.this"]}},"schema_version":0},{"address":"azurerm_web_application_firewall_policy.this","mode":"managed","type":"azurerm_web_application_firewall_policy","name":"this","provider_config_key":"azurerm","expressions":{"location":{"references":["azurerm_resource_group.this.location","azurerm_resource_group.this"]},"managed_rules":[{"managed_rule_set":[{"type":{"constant_value":"OWASP"},"version":{"constant_value":"3.2"}}]}],"name":{"constant_value":"waf-prod-we-webdemo"},"policy_settings":[{"enabled":{"constant_value":true},"mode":{"constant_value":"Prevention"}}],"resource_group_name":{"references":["azurerm_resource_group.this.name","azurerm_resource_group.this"]}},"schema_version":1}]}},"relevant_attributes":[{"resource":"azurerm_web_application_firewall_policy.this","attribute":["id"]},{"resource":"azurerm_subnet.this","attribute":["id"]},{"resource":"azurerm_public_ip.this","attribute":["id"]},{"resource":"azurerm_resource_group.this","attribute":["location"]},{"resource":"azurerm_resource_group.this","attribute":["name"]},{"resource":"azurerm_virtual_network.this","attribute":["name"]},{"resource":"azurerm_service_plan.this","attribute":["id"]},{"resource":"azurerm_service_plan.this","attribute":["location"]}],"timestamp":"2024-08-16T23:48:50Z","applyable":true,"complete":true,"errored":false}
