{"format_version":"1.2","terraform_version":"1.9.4","planned_values":{"root_module":{"resources":[{"address":"azurerm_application_gateway.network","mode":"managed","type":"azurerm_application_gateway","name":"network","provider_name":"registry.terraform.io/hashicorp/azurerm","schema_version":0,"values":{"authentication_certificate":[],"autoscale_configuration":[],"backend_address_pool":[{"ip_addresses":[],"name":"example-network-linux-appservice-beap"},{"ip_addresses":[],"name":"example-network-windows-appservice-beap"}],"backend_http_settings":[{"affinity_cookie_name":"","authentication_certificate":[],"connection_draining":[],"cookie_based_affinity":"Disabled","host_name":"","name":"example-network-be-htst","path":"/","pick_host_name_from_backend_address":true,"port":80,"probe_name":"example-network-probe","protocol":"Http","request_timeout":120,"trusted_root_certificate_names":[]}],"custom_error_configuration":[],"enable_http2":null,"fips_enabled":null,"firewall_policy_id":null,"force_firewall_policy_association":null,"frontend_ip_configuration":[{"name":"example-network-feip","private_ip_address_allocation":"Dynamic","private_link_configuration_name":null,"subnet_id":null}],"frontend_port":[{"name":"example-network-linux-appservice-feport","port":8080},{"name":"example-network-windows-appservice-feport","port":8081}],"gateway_ip_configuration":[{"name":"my-gateway-ip-configuration"}],"global":[],"http_listener":[{"custom_error_configuration":[],"firewall_policy_id":"","frontend_ip_configuration_name":"example-network-feip","frontend_port_name":"example-network-linux-appservice-feport","host_name":"","host_names":[],"name":"example-network-linux-appservice-httplstn","protocol":"Http","require_sni":null,"ssl_certificate_name":"","ssl_profile_name":""},{"custom_error_configuration":[],"firewall_policy_id":"","frontend_ip_configuration_name":"example-network-feip","frontend_port_name":"example-network-windows-appservice-feport","host_name":"","host_names":[],"name":"example-network-windows-appservice-httplstn","protocol":"Http","require_sni":null,"ssl_certificate_name":"","ssl_profile_name":""}],"identity":[],"location":"westus","name":"example-appgateway","private_link_configuration":[],"probe":[{"host":"","interval":30,"match":[{"body":"Welcome","status_code":["200","399"]}],"minimum_servers":0,"name":"example-network-probe","path":"/","pick_host_name_from_backend_http_settings":true,"port":null,"protocol":"Http","timeout":120,"unhealthy_threshold":3}],"redirect_configuration":[],"request_routing_rule":[{"backend_address_pool_name":"example-network-linux-appservice-beap","backend_http_settings_name":"example-network-be-htst","http_listener_name":"example-network-linux-appservice-httplstn","name":"example-network-linux-appservice-rqrt","priority":null,"redirect_configuration_name":"","rewrite_rule_set_name":"","rule_type":"Basic","url_path_map_name":""},{"backend_address_pool_name":"example-network-windows-appservice-beap","backend_http_settings_name":"example-network-be-htst","http_listener_name":"example-network-windows-appservice-httplstn","name":"example-network-windows-appservice-rqrt","priority":null,"redirect_configuration_name":"","rewrite_rule_set_name":"","rule_type":"Basic","url_path_map_name":""}],"resource_group_name":"example-resources","rewrite_rule_set":[],"sku":[{"capacity":2,"name":"Standard_Small","tier":"Standard"}],"ssl_certificate":[],"ssl_profile":[],"tags":null,"timeouts":null,"trusted_client_certificate":[],"trusted_root_certificate":[],"url_path_map":[],"waf_configuration":[],"zones":null},"sensitive_values":{"authentication_certificate":[],"autoscale_configuration":[],"backend_address_pool":[{"fqdns":[],"ip_addresses":[]},{"fqdns":[],"ip_addresses":[]}],"backend_http_settings":[{"authentication_certificate":[],"connection_draining":[],"trusted_root_certificate_names":[]}],"custom_error_configuration":[],"frontend_ip_configuration":[{}],"frontend_port":[{},{}],"gateway_ip_configuration":[{}],"global":[],"http_listener":[{"custom_error_configuration":[],"host_names":[]},{"custom_error_configuration":[],"host_names":[]}],"identity":[],"private_endpoint_connection":[],"private_link_configuration":[],"probe":[{"match":[{"status_code":[false,false]}]}],"redirect_configuration":[],"request_routing_rule":[{},{}],"rewrite_rule_set":[],"sku":[{}],"ssl_certificate":[],"ssl_policy":[],"ssl_profile":[],"trusted_client_certificate":[],"trusted_root_certificate":[],"url_path_map":[],"waf_configuration":[]}},{"address":"azurerm_public_ip.example","mode":"managed","type":"azurerm_public_ip","name":"example","provider_name":"registry.terraform.io/hashicorp/azurerm","schema_version":0,"values":{"allocation_method":"Dynamic","ddos_protection_mode":"VirtualNetworkInherited","ddos_protection_plan_id":null,"domain_name_label":null,"edge_zone":null,"idle_timeout_in_minutes":4,"ip_tags":null,"ip_version":"IPv4","location":"westus","name":"example-network-pip","public_ip_prefix_id":null,"resource_group_name":"example-resources","reverse_fqdn":null,"sku":"Basic","sku_tier":"Regional","tags":null,"timeouts":null,"zones":null},"sensitive_values":{}},{"address":"azurerm_resource_group.example","mode":"managed","type":"azurerm_resource_group","name":"example","provider_name":"registry.terraform.io/hashicorp/azurerm","schema_version":0,"values":{"location":"westus","managed_by":null,"name":"example-resources","tags":null,"timeouts":null},"sensitive_values":{}},{"address":"azurerm_service_plan.example[0]","mode":"managed","type":"azurerm_service_plan","name":"example","index":0,"provider_name":"registry.terraform.io/hashicorp/azurerm","schema_version":1,"values":{"app_service_environment_id":null,"location":"westus","name":"linux-asp","os_type":"Windows","per_site_scaling_enabled":false,"resource_group_name":"example-resources","sku_name":"B1","tags":null,"timeouts":null,"zone_balancing_enabled":null},"sensitive_values":{}},{"address":"azurerm_service_plan.example[1]","mode":"managed","type":"azurerm_service_plan","name":"example","index":1,"provider_name":"registry.terraform.io/hashicorp/azurerm","schema_version":1,"values":{"app_service_environment_id":null,"location":"westus","name":"windows-asp","os_type":"Windows","per_site_scaling_enabled":false,"resource_group_name":"example-resources","sku_name":"B1","tags":null,"timeouts":null,"zone_balancing_enabled":null},"sensitive_values":{}},{"address":"azurerm_subnet.example[0]","mode":"managed","type":"azurerm_subnet","name":"example","index":0,"provider_name":"registry.terraform.io/hashicorp/azurerm","schema_version":0,"values":{"address_prefixes":["10.254.0.0/24"],"default_outbound_access_enabled":true,"delegation":[],"name":"frontend","resource_group_name":"example-resources","service_endpoint_policy_ids":null,"service_endpoints":null,"timeouts":null,"virtual_network_name":"example-network"},"sensitive_values":{"address_prefixes":[false],"delegation":[]}},{"address":"azurerm_virtual_network.example","mode":"managed","type":"azurerm_virtual_network","name":"example","provider_name":"registry.terraform.io/hashicorp/azurerm","schema_version":0,"values":{"address_space":["10.254.0.0/16"],"bgp_community":null,"ddos_protection_plan":[],"edge_zone":null,"encryption":[],"flow_timeout_in_minutes":null,"location":"westus","name":"example-network","resource_group_name":"example-resources","tags":null,"timeouts":null},"sensitive_values":{"address_space":[false],"ddos_protection_plan":[],"dns_servers":[],"encryption":[],"subnet":[]}},{"address":"azurerm_windows_web_app.example[0]","mode":"managed","type":"azurerm_windows_web_app","name":"example","index":0,"provider_name":"registry.terraform.io/hashicorp/azurerm","schema_version":1,"values":{"app_settings":null,"auth_settings":[],"auth_settings_v2":[],"backup":[],"client_affinity_enabled":false,"client_certificate_enabled":false,"client_certificate_exclusion_paths":null,"client_certificate_mode":"Required","connection_string":[],"enabled":true,"ftp_publish_basic_authentication_enabled":true,"https_only":false,"identity":[],"location":"westus","logs":[],"name":"linux-appservice","public_network_access_enabled":true,"resource_group_name":"example-resources","site_config":[{"always_on":true,"api_definition_url":null,"api_management_api_id":null,"app_command_line":null,"auto_heal_enabled":false,"auto_heal_setting":[],"container_registry_managed_identity_client_id":null,"container_registry_use_managed_identity":false,"cors":[],"ftps_state":"Disabled","handler_mapping":[],"health_check_path":null,"http2_enabled":false,"ip_restriction":[],"ip_restriction_default_action":"Allow","load_balancing_mode":"LeastRequests","local_mysql_enabled":false,"managed_pipeline_mode":"Integrated","minimum_tls_version":"1.2","remote_debugging_enabled":false,"scm_ip_restriction":[],"scm_ip_restriction_default_action":"Allow","scm_minimum_tls_version":"1.2","scm_use_main_ip_restriction":false,"use_32_bit_worker":true,"virtual_application":[],"vnet_route_all_enabled":false,"websockets_enabled":false}],"sticky_settings":[],"storage_account":[],"tags":null,"timeouts":null,"virtual_network_subnet_id":null,"webdeploy_publish_basic_authentication_enabled":true},"sensitive_values":{"auth_settings":[],"auth_settings_v2":[],"backup":[],"connection_string":[],"custom_domain_verification_id":true,"identity":[],"logs":[],"outbound_ip_address_list":[],"possible_outbound_ip_address_list":[],"site_config":[{"application_stack":[],"auto_heal_setting":[],"cors":[],"default_documents":[],"handler_mapping":[],"ip_restriction":[],"scm_ip_restriction":[],"virtual_application":[]}],"site_credential":true,"sticky_settings":[],"storage_account":[]}},{"address":"azurerm_windows_web_app.example[1]","mode":"managed","type":"azurerm_windows_web_app","name":"example","index":1,"provider_name":"registry.terraform.io/hashicorp/azurerm","schema_version":1,"values":{"app_settings":null,"auth_settings":[],"auth_settings_v2":[],"backup":[],"client_affinity_enabled":false,"client_certificate_enabled":false,"client_certificate_exclusion_paths":null,"client_certificate_mode":"Required","connection_string":[],"enabled":true,"ftp_publish_basic_authentication_enabled":true,"https_only":false,"identity":[],"location":"westus","logs":[],"name":"windows-appservice","public_network_access_enabled":true,"resource_group_name":"example-resources","site_config":[{"always_on":true,"api_definition_url":null,"api_management_api_id":null,"app_command_line":null,"auto_heal_enabled":false,"auto_heal_setting":[],"container_registry_managed_identity_client_id":null,"container_registry_use_managed_identity":false,"cors":[],"ftps_state":"Disabled","handler_mapping":[],"health_check_path":null,"http2_enabled":false,"ip_restriction":[],"ip_restriction_default_action":"Allow","load_balancing_mode":"LeastRequests","local_mysql_enabled":false,"managed_pipeline_mode":"Integrated","minimum_tls_version":"1.2","remote_debugging_enabled":false,"scm_ip_restriction":[],"scm_ip_restriction_default_action":"Allow","scm_minimum_tls_version":"1.2","scm_use_main_ip_restriction":false,"use_32_bit_worker":true,"virtual_application":[],"vnet_route_all_enabled":false,"websockets_enabled":false}],"sticky_settings":[],"storage_account":[],"tags":null,"timeouts":null,"virtual_network_subnet_id":null,"webdeploy_publish_basic_authentication_enabled":true},"sensitive_values":{"auth_settings":[],"auth_settings_v2":[],"backup":[],"connection_string":[],"custom_domain_verification_id":true,"identity":[],"logs":[],"outbound_ip_address_list":[],"possible_outbound_ip_address_list":[],"site_config":[{"application_stack":[],"auto_heal_setting":[],"cors":[],"default_documents":[],"handler_mapping":[],"ip_restriction":[],"scm_ip_restriction":[],"virtual_application":[]}],"site_credential":true,"sticky_settings":[],"storage_account":[]}}]}},"resource_changes":[{"address":"azurerm_application_gateway.network","mode":"managed","type":"azurerm_application_gateway","name":"network","provider_name":"registry.terraform.io/hashicorp/azurerm","change":{"actions":["create"],"before":null,"after":{"authentication_certificate":[],"autoscale_configuration":[],"backend_address_pool":[{"ip_addresses":[],"name":"example-network-linux-appservice-beap"},{"ip_addresses":[],"name":"example-network-windows-appservice-beap"}],"backend_http_settings":[{"affinity_cookie_name":"","authentication_certificate":[],"connection_draining":[],"cookie_based_affinity":"Disabled","host_name":"","name":"example-network-be-htst","path":"/","pick_host_name_from_backend_address":true,"port":80,"probe_name":"example-network-probe","protocol":"Http","request_timeout":120,"trusted_root_certificate_names":[]}],"custom_error_configuration":[],"enable_http2":null,"fips_enabled":null,"firewall_policy_id":null,"force_firewall_policy_association":null,"frontend_ip_configuration":[{"name":"example-network-feip","private_ip_address_allocation":"Dynamic","private_link_configuration_name":null,"subnet_id":null}],"frontend_port":[{"name":"example-network-linux-appservice-feport","port":8080},{"name":"example-network-windows-appservice-feport","port":8081}],"gateway_ip_configuration":[{"name":"my-gateway-ip-configuration"}],"global":[],"http_listener":[{"custom_error_configuration":[],"firewall_policy_id":"","frontend_ip_configuration_name":"example-network-feip","frontend_port_name":"example-network-linux-appservice-feport","host_name":"","host_names":[],"name":"example-network-linux-appservice-httplstn","protocol":"Http","require_sni":null,"ssl_certificate_name":"","ssl_profile_name":""},{"custom_error_configuration":[],"firewall_policy_id":"","frontend_ip_configuration_name":"example-network-feip","frontend_port_name":"example-network-windows-appservice-feport","host_name":"","host_names":[],"name":"example-network-windows-appservice-httplstn","protocol":"Http","require_sni":null,"ssl_certificate_name":"","ssl_profile_name":""}],"identity":[],"location":"westus","name":"example-appgateway","private_link_configuration":[],"probe":[{"host":"","interval":30,"match":[{"body":"Welcome","status_code":["200","399"]}],"minimum_servers":0,"name":"example-network-probe","path":"/","pick_host_name_from_backend_http_settings":true,"port":null,"protocol":"Http","timeout":120,"unhealthy_threshold":3}],"redirect_configuration":[],"request_routing_rule":[{"backend_address_pool_name":"example-network-linux-appservice-beap","backend_http_settings_name":"example-network-be-htst","http_listener_name":"example-network-linux-appservice-httplstn","name":"example-network-linux-appservice-rqrt","priority":null,"redirect_configuration_name":"","rewrite_rule_set_name":"","rule_type":"Basic","url_path_map_name":""},{"backend_address_pool_name":"example-network-windows-appservice-beap","backend_http_settings_name":"example-network-be-htst","http_listener_name":"example-network-windows-appservice-httplstn","name":"example-network-windows-appservice-rqrt","priority":null,"redirect_configuration_name":"","rewrite_rule_set_name":"","rule_type":"Basic","url_path_map_name":""}],"resource_group_name":"example-resources","rewrite_rule_set":[],"sku":[{"capacity":2,"name":"Standard_Small","tier":"Standard"}],"ssl_certificate":[],"ssl_profile":[],"tags":null,"timeouts":null,"trusted_client_certificate":[],"trusted_root_certificate":[],"url_path_map":[],"waf_configuration":[],"zones":null},"after_unknown":{"authentication_certificate":[],"autoscale_configuration":[],"backend_address_pool":[{"fqdns":true,"id":true,"ip_addresses":[]},{"fqdns":true,"id":true,"ip_addresses":[]}],"backend_http_settings":[{"authentication_certificate":[],"connection_draining":[],"id":true,"probe_id":true,"trusted_root_certificate_names":[]}],"custom_error_configuration":[],"frontend_ip_configuration":[{"id":true,"private_ip_address":true,"private_link_configuration_id":true,"public_ip_address_id":true}],"frontend_port":[{"id":true},{"id":true}],"gateway_ip_configuration":[{"id":true,"subnet_id":true}],"global":[],"http_listener":[{"custom_error_configuration":[],"frontend_ip_configuration_id":true,"frontend_port_id":true,"host_names":[],"id":true,"ssl_certificate_id":true,"ssl_profile_id":true},{"custom_error_configuration":[],"frontend_ip_configuration_id":true,"frontend_port_id":true,"host_names":[],"id":true,"ssl_certificate_id":true,"ssl_profile_id":true}],"id":true,"identity":[],"private_endpoint_connection":true,"private_link_configuration":[],"probe":[{"id":true,"match":[{"status_code":[false,false]}]}],"redirect_configuration":[],"request_routing_rule":[{"backend_address_pool_id":true,"backend_http_settings_id":true,"http_listener_id":true,"id":true,"redirect_configuration_id":true,"rewrite_rule_set_id":true,"url_path_map_id":true},{"backend_address_pool_id":true,"backend_http_settings_id":true,"http_listener_id":true,"id":true,"redirect_configuration_id":true,"rewrite_rule_set_id":true,"url_path_map_id":true}],"rewrite_rule_set":[],"sku":[{}],"ssl_certificate":[],"ssl_policy":true,"ssl_profile":[],"trusted_client_certificate":[],"trusted_root_certificate":[],"url_path_map":[],"waf_configuration":[]},"before_sensitive":false,"after_sensitive":{"authentication_certificate":[],"autoscale_configuration":[],"backend_address_pool":[{"fqdns":[],"ip_addresses":[]},{"fqdns":[],"ip_addresses":[]}],"backend_http_settings":[{"authentication_certificate":[],"connection_draining":[],"trusted_root_certificate_names":[]}],"custom_error_configuration":[],"frontend_ip_configuration":[{}],"frontend_port":[{},{}],"gateway_ip_configuration":[{}],"global":[],"http_listener":[{"custom_error_configuration":[],"host_names":[]},{"custom_error_configuration":[],"host_names":[]}],"identity":[],"private_endpoint_connection":[],"private_link_configuration":[],"probe":[{"match":[{"status_code":[false,false]}]}],"redirect_configuration":[],"request_routing_rule":[{},{}],"rewrite_rule_set":[],"sku":[{}],"ssl_certificate":[],"ssl_policy":[],"ssl_profile":[],"trusted_client_certificate":[],"trusted_root_certificate":[],"url_path_map":[],"waf_configuration":[]}}},{"address":"azurerm_public_ip.example","mode":"managed","type":"azurerm_public_ip","name":"example","provider_name":"registry.terraform.io/hashicorp/azurerm","change":{"actions":["create"],"before":null,"after":{"allocation_method":"Dynamic","ddos_protection_mode":"VirtualNetworkInherited","ddos_protection_plan_id":null,"domain_name_label":null,"edge_zone":null,"idle_timeout_in_minutes":4,"ip_tags":null,"ip_version":"IPv4","location":"westus","name":"example-network-pip","public_ip_prefix_id":null,"resource_group_name":"example-resources","reverse_fqdn":null,"sku":"Basic","sku_tier":"Regional","tags":null,"timeouts":null,"zones":null},"after_unknown":{"fqdn":true,"id":true,"ip_address":true},"before_sensitive":false,"after_sensitive":{}}},{"address":"azurerm_resource_group.example","mode":"managed","type":"azurerm_resource_group","name":"example","provider_name":"registry.terraform.io/hashicorp/azurerm","change":{"actions":["create"],"before":null,"after":{"location":"westus","managed_by":null,"name":"example-resources","tags":null,"timeouts":null},"after_unknown":{"id":true},"before_sensitive":false,"after_sensitive":{}}},{"address":"azurerm_service_plan.example[0]","mode":"managed","type":"azurerm_service_plan","name":"example","index":0,"provider_name":"registry.terraform.io/hashicorp/azurerm","change":{"actions":["create"],"before":null,"after":{"app_service_environment_id":null,"location":"westus","name":"linux-asp","os_type":"Windows","per_site_scaling_enabled":false,"resource_group_name":"example-resources","sku_name":"B1","tags":null,"timeouts":null,"zone_balancing_enabled":null},"after_unknown":{"id":true,"kind":true,"maximum_elastic_worker_count":true,"reserved":true,"worker_count":true},"before_sensitive":false,"after_sensitive":{}}},{"address":"azurerm_service_plan.example[1]","mode":"managed","type":"azurerm_service_plan","name":"example","index":1,"provider_name":"registry.terraform.io/hashicorp/azurerm","change":{"actions":["create"],"before":null,"after":{"app_service_environment_id":null,"location":"westus","name":"windows-asp","os_type":"Windows","per_site_scaling_enabled":false,"resource_group_name":"example-resources","sku_name":"B1","tags":null,"timeouts":null,"zone_balancing_enabled":null},"after_unknown":{"id":true,"kind":true,"maximum_elastic_worker_count":true,"reserved":true,"worker_count":true},"before_sensitive":false,"after_sensitive":{}}},{"address":"azurerm_subnet.example[0]","mode":"managed","type":"azurerm_subnet","name":"example","index":0,"provider_name":"registry.terraform.io/hashicorp/azurerm","change":{"actions":["create"],"before":null,"after":{"address_prefixes":["10.254.0.0/24"],"default_outbound_access_enabled":true,"delegation":[],"name":"frontend","resource_group_name":"example-resources","service_endpoint_policy_ids":null,"service_endpoints":null,"timeouts":null,"virtual_network_name":"example-network"},"after_unknown":{"address_prefixes":[false],"delegation":[],"enforce_private_link_endpoint_network_policies":true,"enforce_private_link_service_network_policies":true,"id":true,"private_endpoint_network_policies":true,"private_endpoint_network_policies_enabled":true,"private_link_service_network_policies_enabled":true},"before_sensitive":false,"after_sensitive":{"address_prefixes":[false],"delegation":[]}}},{"address":"azurerm_virtual_network.example","mode":"managed","type":"azurerm_virtual_network","name":"example","provider_name":"registry.terraform.io/hashicorp/azurerm","change":{"actions":["create"],"before":null,"after":{"address_space":["10.254.0.0/16"],"bgp_community":null,"ddos_protection_plan":[],"edge_zone":null,"encryption":[],"flow_timeout_in_minutes":null,"location":"westus","name":"example-network","resource_group_name":"example-resources","tags":null,"timeouts":null},"after_unknown":{"address_space":[false],"ddos_protection_plan":[],"dns_servers":true,"encryption":[],"guid":true,"id":true,"subnet":true},"before_sensitive":false,"after_sensitive":{"address_space":[false],"ddos_protection_plan":[],"dns_servers":[],"encryption":[],"subnet":[]}}},{"address":"azurerm_windows_web_app.example[0]","mode":"managed","type":"azurerm_windows_web_app","name":"example","index":0,"provider_name":"registry.terraform.io/hashicorp/azurerm","change":{"actions":["create"],"before":null,"after":{"app_settings":null,"auth_settings":[],"auth_settings_v2":[],"backup":[],"client_affinity_enabled":false,"client_certificate_enabled":false,"client_certificate_exclusion_paths":null,"client_certificate_mode":"Required","connection_string":[],"enabled":true,"ftp_publish_basic_authentication_enabled":true,"https_only":false,"identity":[],"location":"westus","logs":[],"name":"linux-appservice","public_network_access_enabled":true,"resource_group_name":"example-resources","site_config":[{"always_on":true,"api_definition_url":null,"api_management_api_id":null,"app_command_line":null,"auto_heal_enabled":false,"auto_heal_setting":[],"container_registry_managed_identity_client_id":null,"container_registry_use_managed_identity":false,"cors":[],"ftps_state":"Disabled","handler_mapping":[],"health_check_path":null,"http2_enabled":false,"ip_restriction":[],"ip_restriction_default_action":"Allow","load_balancing_mode":"LeastRequests","local_mysql_enabled":false,"managed_pipeline_mode":"Integrated","minimum_tls_version":"1.2","remote_debugging_enabled":false,"scm_ip_restriction":[],"scm_ip_restriction_default_action":"Allow","scm_minimum_tls_version":"1.2","scm_use_main_ip_restriction":false,"use_32_bit_worker":true,"virtual_application":[],"vnet_route_all_enabled":false,"websockets_enabled":false}],"sticky_settings":[],"storage_account":[],"tags":null,"timeouts":null,"virtual_network_subnet_id":null,"webdeploy_publish_basic_authentication_enabled":true},"after_unknown":{"auth_settings":[],"auth_settings_v2":[],"backup":[],"connection_string":[],"custom_domain_verification_id":true,"default_hostname":true,"hosting_environment_id":true,"id":true,"identity":[],"key_vault_reference_identity_id":true,"kind":true,"logs":[],"outbound_ip_address_list":true,"outbound_ip_addresses":true,"possible_outbound_ip_address_list":true,"possible_outbound_ip_addresses":true,"service_plan_id":true,"site_config":[{"application_stack":true,"auto_heal_setting":[],"cors":[],"default_documents":true,"detailed_error_logging_enabled":true,"handler_mapping":[],"health_check_eviction_time_in_min":true,"ip_restriction":[],"linux_fx_version":true,"remote_debugging_version":true,"scm_ip_restriction":[],"scm_type":true,"virtual_application":[],"windows_fx_version":true,"worker_count":true}],"site_credential":true,"sticky_settings":[],"storage_account":[],"zip_deploy_file":true},"before_sensitive":false,"after_sensitive":{"auth_settings":[],"auth_settings_v2":[],"backup":[],"connection_string":[],"custom_domain_verification_id":true,"identity":[],"logs":[],"outbound_ip_address_list":[],"possible_outbound_ip_address_list":[],"site_config":[{"application_stack":[],"auto_heal_setting":[],"cors":[],"default_documents":[],"handler_mapping":[],"ip_restriction":[],"scm_ip_restriction":[],"virtual_application":[]}],"site_credential":true,"sticky_settings":[],"storage_account":[]}}},{"address":"azurerm_windows_web_app.example[1]","mode":"managed","type":"azurerm_windows_web_app","name":"example","index":1,"provider_name":"registry.terraform.io/hashicorp/azurerm","change":{"actions":["create"],"before":null,"after":{"app_settings":null,"auth_settings":[],"auth_settings_v2":[],"backup":[],"client_affinity_enabled":false,"client_certificate_enabled":false,"client_certificate_exclusion_paths":null,"client_certificate_mode":"Required","connection_string":[],"enabled":true,"ftp_publish_basic_authentication_enabled":true,"https_only":false,"identity":[],"location":"westus","logs":[],"name":"windows-appservice","public_network_access_enabled":true,"resource_group_name":"example-resources","site_config":[{"always_on":true,"api_definition_url":null,"api_management_api_id":null,"app_command_line":null,"auto_heal_enabled":false,"auto_heal_setting":[],"container_registry_managed_identity_client_id":null,"container_registry_use_managed_identity":false,"cors":[],"ftps_state":"Disabled","handler_mapping":[],"health_check_path":null,"http2_enabled":false,"ip_restriction":[],"ip_restriction_default_action":"Allow","load_balancing_mode":"LeastRequests","local_mysql_enabled":false,"managed_pipeline_mode":"Integrated","minimum_tls_version":"1.2","remote_debugging_enabled":false,"scm_ip_restriction":[],"scm_ip_restriction_default_action":"Allow","scm_minimum_tls_version":"1.2","scm_use_main_ip_restriction":false,"use_32_bit_worker":true,"virtual_application":[],"vnet_route_all_enabled":false,"websockets_enabled":false}],"sticky_settings":[],"storage_account":[],"tags":null,"timeouts":null,"virtual_network_subnet_id":null,"webdeploy_publish_basic_authentication_enabled":true},"after_unknown":{"auth_settings":[],"auth_settings_v2":[],"backup":[],"connection_string":[],"custom_domain_verification_id":true,"default_hostname":true,"hosting_environment_id":true,"id":true,"identity":[],"key_vault_reference_identity_id":true,"kind":true,"logs":[],"outbound_ip_address_list":true,"outbound_ip_addresses":true,"possible_outbound_ip_address_list":true,"possible_outbound_ip_addresses":true,"service_plan_id":true,"site_config":[{"application_stack":true,"auto_heal_setting":[],"cors":[],"default_documents":true,"detailed_error_logging_enabled":true,"handler_mapping":[],"health_check_eviction_time_in_min":true,"ip_restriction":[],"linux_fx_version":true,"remote_debugging_version":true,"scm_ip_restriction":[],"scm_type":true,"virtual_application":[],"windows_fx_version":true,"worker_count":true}],"site_credential":true,"sticky_settings":[],"storage_account":[],"zip_deploy_file":true},"before_sensitive":false,"after_sensitive":{"auth_settings":[],"auth_settings_v2":[],"backup":[],"connection_string":[],"custom_domain_verification_id":true,"identity":[],"logs":[],"outbound_ip_address_list":[],"possible_outbound_ip_address_list":[],"site_config":[{"application_stack":[],"auto_heal_setting":[],"cors":[],"default_documents":[],"handler_mapping":[],"ip_restriction":[],"scm_ip_restriction":[],"virtual_application":[]}],"site_credential":true,"sticky_settings":[],"storage_account":[]}}}],"configuration":{"provider_config":{"azurerm":{"name":"azurerm","full_name":"registry.terraform.io/hashicorp/azurerm","expressions":{"features":[{}]}}},"root_module":{"resources":[{"address":"azurerm_application_gateway.network","mode":"managed","type":"azurerm_application_gateway","name":"network","provider_config_key":"azurerm","expressions":{"backend_http_settings":[{"cookie_based_affinity":{"constant_value":"Disabled"},"name":{"references":["local.http_setting_name"]},"path":{"constant_value":"/"},"pick_host_name_from_backend_address":{"constant_value":true},"port":{"constant_value":80},"probe_name":{"references":["local.backend_probe_name"]},"protocol":{"constant_value":"Http"},"request_timeout":{"constant_value":120}}],"frontend_ip_configuration":[{"name":{"references":["azurerm_virtual_network.example.name","azurerm_virtual_network.example"]},"public_ip_address_id":{"references":["azurerm_public_ip.example.id","azurerm_public_ip.example"]}}],"gateway_ip_configuration":[{"name":{"constant_value":"my-gateway-ip-configuration"},"subnet_id":{"references":["azurerm_subnet.example[0].id","azurerm_subnet.example[0]","azurerm_subnet.example"]}}],"location":{"references":["azurerm_resource_group.example.location","azurerm_resource_group.example"]},"name":{"constant_value":"example-appgateway"},"probe":[{"interval":{"constant_value":30},"match":[{"body":{"constant_value":"Welcome"},"status_code":{"constant_value":[200,399]}}],"name":{"references":["local.backend_probe_name"]},"path":{"constant_value":"/"},"pick_host_name_from_backend_http_settings":{"constant_value":true},"protocol":{"constant_value":"Http"},"timeout":{"constant_value":120},"unhealthy_threshold":{"constant_value":3}}],"resource_group_name":{"references":["azurerm_resource_group.example.name","azurerm_resource_group.example"]},"sku":[{"capacity":{"constant_value":2},"name":{"constant_value":"Standard_Small"},"tier":{"constant_value":"Standard"}}]},"schema_version":0,"depends_on":["azurerm_public_ip.example"]},{"address":"azurerm_public_ip.example","mode":"managed","type":"azurerm_public_ip","name":"example","provider_config_key":"azurerm","expressions":{"allocation_method":{"constant_value":"Dynamic"},"location":{"references":["azurerm_resource_group.example.location","azurerm_resource_group.example"]},"name":{"references":["local.public_ip_name"]},"resource_group_name":{"references":["azurerm_resource_group.example.name","azurerm_resource_group.example"]}},"schema_version":0},{"address":"azurerm_resource_group.example","mode":"managed","type":"azurerm_resource_group","name":"example","provider_config_key":"azurerm","expressions":{"location":{"constant_value":"West US"},"name":{"constant_value":"example-resources"}},"schema_version":0},{"address":"azurerm_service_plan.example","mode":"managed","type":"azurerm_service_plan","name":"example","provider_config_key":"azurerm","expressions":{"location":{"references":["azurerm_resource_group.example.location","azurerm_resource_group.example"]},"name":{"references":["local.app_services","count.index"]},"os_type":{"constant_value":"Windows"},"resource_group_name":{"references":["azurerm_resource_group.example.name","azurerm_resource_group.example"]},"sku_name":{"constant_value":"B1"}},"schema_version":1,"count_expression":{"references":["local.app_services"]}},{"address":"azurerm_subnet.example","mode":"managed","type":"azurerm_subnet","name":"example","provider_config_key":"azurerm","expressions":{"address_prefixes":{"references":["local.subnets","local.subnets","count.index"]},"name":{"references":["local.subnets","count.index"]},"resource_group_name":{"references":["azurerm_resource_group.example.name","azurerm_resource_group.example"]},"virtual_network_name":{"references":["azurerm_virtual_network.example.name","azurerm_virtual_network.example"]}},"schema_version":0,"count_expression":{"references":["local.subnets"]}},{"address":"azurerm_virtual_network.example","mode":"managed","type":"azurerm_virtual_network","name":"example","provider_config_key":"azurerm","expressions":{"address_space":{"references":["local.cidr_block"]},"location":{"references":["azurerm_resource_group.example.location","azurerm_resource_group.example"]},"name":{"constant_value":"example-network"},"resource_group_name":{"references":["azurerm_resource_group.example.name","azurerm_resource_group.example"]}},"schema_version":0},{"address":"azurerm_windows_web_app.example","mode":"managed","type":"azurerm_windows_web_app","name":"example","provider_config_key":"azurerm","expressions":{"location":{"references":["azurerm_resource_group.example.location","azurerm_resource_group.example"]},"name":{"references":["local.app_services","count.index"]},"resource_group_name":{"references":["azurerm_resource_group.example.name","azurerm_resource_group.example"]},"service_plan_id":{"references":["azurerm_service_plan.example","count.index"]},"site_config":[{}]},"schema_version":1,"count_expression":{"references":["local.app_services"]}}]}},"relevant_attributes":[{"resource":"azurerm_resource_group.example","attribute":["location"]},{"resource":"azurerm_virtual_network.example","attribute":["name"]},{"resource":"azurerm_service_plan.example","attribute":[]},{"resource":"azurerm_windows_web_app.example","attribute":[]},{"resource":"azurerm_subnet.example[0]","attribute":["id"]},{"resource":"azurerm_public_ip.example","attribute":["id"]},{"resource":"azurerm_resource_group.example","attribute":["name"]}],"timestamp":"2024-08-17T00:21:30Z","applyable":true,"complete":true,"errored":false}
