{"format_version":"1.1","terraform_version":"1.3.5","variables":{"location":{"value":"eastus"},"prefix":{"value":"zodiac"}},"planned_values":{"root_module":{"resources":[{"address":"azurerm_postgresql_server.example","mode":"managed","type":"azurerm_postgresql_server","name":"example","provider_name":"registry.terraform.io/hashicorp/azurerm","schema_version":1,"values":{"administrator_login":"psqladmin","administrator_login_password":"H@Sh1CoR3!","auto_grow_enabled":true,"backup_retention_days":7,"create_mode":"Default","creation_source_server_id":null,"geo_redundant_backup_enabled":false,"identity":[],"infrastructure_encryption_enabled":null,"location":"eastus","name":"zodiac-postgresql","public_network_access_enabled":true,"resource_group_name":"zodiac-resources","restore_point_in_time":null,"sku_name":"GP_Gen5_2","ssl_enforcement_enabled":true,"ssl_minimal_tls_version_enforced":"TLS1_2","storage_mb":51200,"tags":null,"threat_detection_policy":[],"timeouts":null,"version":"11"},"sensitive_values":{"identity":[],"threat_detection_policy":[]}},{"address":"azurerm_private_endpoint.example","mode":"managed","type":"azurerm_private_endpoint","name":"example","provider_name":"registry.terraform.io/hashicorp/azurerm","schema_version":0,"values":{"custom_network_interface_name":null,"ip_configuration":[],"location":"eastus","name":"zodiac-pe","private_dns_zone_group":[],"private_service_connection":[{"is_manual_connection":false,"name":"tfex-postgresql-connection","private_connection_resource_alias":null,"request_message":null,"subresource_names":["postgresqlServer"]}],"resource_group_name":"zodiac-resources","tags":null,"timeouts":null},"sensitive_values":{"custom_dns_configs":[],"ip_configuration":[],"network_interface":[],"private_dns_zone_configs":[],"private_dns_zone_group":[],"private_service_connection":[{"subresource_names":[false]}]}},{"address":"azurerm_resource_group.example","mode":"managed","type":"azurerm_resource_group","name":"example","provider_name":"registry.terraform.io/hashicorp/azurerm","schema_version":0,"values":{"location":"eastus","managed_by":null,"name":"zodiac-resources","tags":null,"timeouts":null},"sensitive_values":{}},{"address":"azurerm_subnet.endpoint","mode":"managed","type":"azurerm_subnet","name":"endpoint","provider_name":"registry.terraform.io/hashicorp/azurerm","schema_version":0,"values":{"address_prefixes":["10.0.2.0/24"],"delegation":[],"name":"endpoint","private_endpoint_network_policies_enabled":false,"resource_group_name":"zodiac-resources","service_endpoint_policy_ids":null,"service_endpoints":null,"timeouts":null,"virtual_network_name":"zodiac-vnet"},"sensitive_values":{"address_prefixes":[false],"delegation":[]}},{"address":"azurerm_virtual_network.example","mode":"managed","type":"azurerm_virtual_network","name":"example","provider_name":"registry.terraform.io/hashicorp/azurerm","schema_version":0,"values":{"address_space":["10.0.0.0/16"],"bgp_community":null,"ddos_protection_plan":[],"edge_zone":null,"encryption":[],"flow_timeout_in_minutes":null,"location":"eastus","name":"zodiac-vnet","resource_group_name":"zodiac-resources","tags":null,"timeouts":null},"sensitive_values":{"address_space":[false],"ddos_protection_plan":[],"dns_servers":[],"encryption":[],"subnet":[]}}]}},"resource_changes":[{"address":"azurerm_postgresql_server.example","mode":"managed","type":"azurerm_postgresql_server","name":"example","provider_name":"registry.terraform.io/hashicorp/azurerm","change":{"actions":["create"],"before":null,"after":{"administrator_login":"psqladmin","administrator_login_password":"H@Sh1CoR3!","auto_grow_enabled":true,"backup_retention_days":7,"create_mode":"Default","creation_source_server_id":null,"geo_redundant_backup_enabled":false,"identity":[],"infrastructure_encryption_enabled":null,"location":"eastus","name":"zodiac-postgresql","public_network_access_enabled":true,"resource_group_name":"zodiac-resources","restore_point_in_time":null,"sku_name":"GP_Gen5_2","ssl_enforcement_enabled":true,"ssl_minimal_tls_version_enforced":"TLS1_2","storage_mb":51200,"tags":null,"threat_detection_policy":[],"timeouts":null,"version":"11"},"after_unknown":{"fqdn":true,"id":true,"identity":[],"threat_detection_policy":[]},"before_sensitive":false,"after_sensitive":{"administrator_login_password":true,"identity":[],"threat_detection_policy":[]}}},{"address":"azurerm_private_endpoint.example","mode":"managed","type":"azurerm_private_endpoint","name":"example","provider_name":"registry.terraform.io/hashicorp/azurerm","change":{"actions":["create"],"before":null,"after":{"custom_network_interface_name":null,"ip_configuration":[],"location":"eastus","name":"zodiac-pe","private_dns_zone_group":[],"private_service_connection":[{"is_manual_connection":false,"name":"tfex-postgresql-connection","private_connection_resource_alias":null,"request_message":null,"subresource_names":["postgresqlServer"]}],"resource_group_name":"zodiac-resources","tags":null,"timeouts":null},"after_unknown":{"custom_dns_configs":true,"id":true,"ip_configuration":[],"network_interface":true,"private_dns_zone_configs":true,"private_dns_zone_group":[],"private_service_connection":[{"private_connection_resource_id":true,"private_ip_address":true,"subresource_names":[false]}],"subnet_id":true},"before_sensitive":false,"after_sensitive":{"custom_dns_configs":[],"ip_configuration":[],"network_interface":[],"private_dns_zone_configs":[],"private_dns_zone_group":[],"private_service_connection":[{"subresource_names":[false]}]}}},{"address":"azurerm_resource_group.example","mode":"managed","type":"azurerm_resource_group","name":"example","provider_name":"registry.terraform.io/hashicorp/azurerm","change":{"actions":["create"],"before":null,"after":{"location":"eastus","managed_by":null,"name":"zodiac-resources","tags":null,"timeouts":null},"after_unknown":{"id":true},"before_sensitive":false,"after_sensitive":{}}},{"address":"azurerm_subnet.endpoint","mode":"managed","type":"azurerm_subnet","name":"endpoint","provider_name":"registry.terraform.io/hashicorp/azurerm","change":{"actions":["create"],"before":null,"after":{"address_prefixes":["10.0.2.0/24"],"delegation":[],"name":"endpoint","private_endpoint_network_policies_enabled":false,"resource_group_name":"zodiac-resources","service_endpoint_policy_ids":null,"service_endpoints":null,"timeouts":null,"virtual_network_name":"zodiac-vnet"},"after_unknown":{"address_prefixes":[false],"delegation":[],"enforce_private_link_endpoint_network_policies":true,"enforce_private_link_service_network_policies":true,"id":true,"private_link_service_network_policies_enabled":true},"before_sensitive":false,"after_sensitive":{"address_prefixes":[false],"delegation":[]}}},{"address":"azurerm_virtual_network.example","mode":"managed","type":"azurerm_virtual_network","name":"example","provider_name":"registry.terraform.io/hashicorp/azurerm","change":{"actions":["create"],"before":null,"after":{"address_space":["10.0.0.0/16"],"bgp_community":null,"ddos_protection_plan":[],"edge_zone":null,"encryption":[],"flow_timeout_in_minutes":null,"location":"eastus","name":"zodiac-vnet","resource_group_name":"zodiac-resources","tags":null,"timeouts":null},"after_unknown":{"address_space":[false],"ddos_protection_plan":[],"dns_servers":true,"encryption":[],"guid":true,"id":true,"subnet":true},"before_sensitive":false,"after_sensitive":{"address_space":[false],"ddos_protection_plan":[],"dns_servers":[],"encryption":[],"subnet":[]}}}],"configuration":{"provider_config":{"azurerm":{"name":"azurerm","full_name":"registry.terraform.io/hashicorp/azurerm","expressions":{"features":[{}]}}},"root_module":{"resources":[{"address":"azurerm_postgresql_server.example","mode":"managed","type":"azurerm_postgresql_server","name":"example","provider_config_key":"azurerm","expressions":{"administrator_login":{"constant_value":"psqladmin"},"administrator_login_password":{"constant_value":"H@Sh1CoR3!"},"auto_grow_enabled":{"constant_value":true},"backup_retention_days":{"constant_value":7},"geo_redundant_backup_enabled":{"constant_value":false},"location":{"references":["azurerm_resource_group.example.location","azurerm_resource_group.example"]},"name":{"references":["var.prefix"]},"resource_group_name":{"references":["azurerm_resource_group.example.name","azurerm_resource_group.example"]},"sku_name":{"constant_value":"GP_Gen5_2"},"ssl_enforcement_enabled":{"constant_value":true},"storage_mb":{"constant_value":51200},"version":{"constant_value":"11"}},"schema_version":1},{"address":"azurerm_private_endpoint.example","mode":"managed","type":"azurerm_private_endpoint","name":"example","provider_config_key":"azurerm","expressions":{"location":{"references":["azurerm_resource_group.example.location","azurerm_resource_group.example"]},"name":{"references":["var.prefix"]},"private_service_connection":[{"is_manual_connection":{"constant_value":false},"name":{"constant_value":"tfex-postgresql-connection"},"private_connection_resource_id":{"references":["azurerm_postgresql_server.example.id","azurerm_postgresql_server.example"]},"subresource_names":{"constant_value":["postgresqlServer"]}}],"resource_group_name":{"references":["azurerm_resource_group.example.name","azurerm_resource_group.example"]},"subnet_id":{"references":["azurerm_subnet.endpoint.id","azurerm_subnet.endpoint"]}},"schema_version":0},{"address":"azurerm_resource_group.example","mode":"managed","type":"azurerm_resource_group","name":"example","provider_config_key":"azurerm","expressions":{"location":{"references":["var.location"]},"name":{"references":["var.prefix"]}},"schema_version":0},{"address":"azurerm_subnet.endpoint","mode":"managed","type":"azurerm_subnet","name":"endpoint","provider_config_key":"azurerm","expressions":{"address_prefixes":{"constant_value":["10.0.2.0/24"]},"name":{"constant_value":"endpoint"},"private_endpoint_network_policies_enabled":{"constant_value":false},"resource_group_name":{"references":["azurerm_resource_group.example.name","azurerm_resource_group.example"]},"virtual_network_name":{"references":["azurerm_virtual_network.example.name","azurerm_virtual_network.example"]}},"schema_version":0},{"address":"azurerm_virtual_network.example","mode":"managed","type":"azurerm_virtual_network","name":"example","provider_config_key":"azurerm","expressions":{"address_space":{"constant_value":["10.0.0.0/16"]},"location":{"references":["azurerm_resource_group.example.location","azurerm_resource_group.example"]},"name":{"references":["var.prefix"]},"resource_group_name":{"references":["azurerm_resource_group.example.name","azurerm_resource_group.example"]}},"schema_version":0}],"variables":{"location":{"default":"eastus","description":"The Azure Region in which all resources in this example should be created."},"prefix":{"default":"zodiac","description":"The Prefix used for all resources in this example"}}}},"relevant_attributes":[{"resource":"azurerm_resource_group.example","attribute":["name"]},{"resource":"azurerm_virtual_network.example","attribute":["name"]},{"resource":"azurerm_subnet.endpoint","attribute":["id"]},{"resource":"azurerm_postgresql_server.example","attribute":["id"]},{"resource":"azurerm_resource_group.example","attribute":["location"]}]}
