{"format_version":"1.2","terraform_version":"1.9.4","planned_values":{"root_module":{"resources":[{"address":"azurerm_application_gateway.sample-gw","mode":"managed","type":"azurerm_application_gateway","name":"sample-gw","provider_name":"registry.terraform.io/hashicorp/azurerm","schema_version":0,"values":{"authentication_certificate":[],"autoscale_configuration":[],"backend_address_pool":[{"fqdns":[],"ip_addresses":[],"name":"appgw-backend-pool"}],"backend_http_settings":[{"affinity_cookie_name":"","authentication_certificate":[],"connection_draining":[],"cookie_based_affinity":"Disabled","host_name":"","name":"appgw-backend-http-settings","path":"/","pick_host_name_from_backend_address":false,"port":80,"probe_name":"","protocol":"Http","request_timeout":30,"trusted_root_certificate_names":[]}],"custom_error_configuration":[],"enable_http2":null,"fips_enabled":null,"firewall_policy_id":null,"force_firewall_policy_association":null,"frontend_ip_configuration":[{"name":"appgw-public-frontend-ip","private_ip_address_allocation":"Dynamic","private_link_configuration_name":null,"subnet_id":null}],"frontend_port":[{"name":"appgw-frontend-port","port":80}],"gateway_ip_configuration":[{"name":"appgw-ip-config"}],"global":[],"http_listener":[{"custom_error_configuration":[],"firewall_policy_id":"","frontend_ip_configuration_name":"appgw-public-frontend-Ip","frontend_port_name":"appgw-frontend-port","host_name":"","host_names":[],"name":"appgw-http-listener","protocol":"Http","require_sni":null,"ssl_certificate_name":"","ssl_profile_name":""}],"identity":[],"location":"eastus","name":"sample-application-gateway","private_link_configuration":[],"probe":[],"redirect_configuration":[],"request_routing_rule":[{"backend_address_pool_name":"appgw-backend-pool","backend_http_settings_name":"appgw-backend-http-settings","http_listener_name":"appgw-http-listener","name":"appgw-rule1","priority":9,"redirect_configuration_name":"","rewrite_rule_set_name":"","rule_type":"Basic","url_path_map_name":""}],"resource_group_name":"sample-resources","rewrite_rule_set":[],"sku":[{"capacity":2,"name":"Standard_v2","tier":"Standard_v2"}],"ssl_certificate":[],"ssl_profile":[],"tags":null,"timeouts":null,"trusted_client_certificate":[],"trusted_root_certificate":[],"url_path_map":[],"waf_configuration":[],"zones":null},"sensitive_values":{"authentication_certificate":[],"autoscale_configuration":[],"backend_address_pool":[{"fqdns":[],"ip_addresses":[]}],"backend_http_settings":[{"authentication_certificate":[],"connection_draining":[],"trusted_root_certificate_names":[]}],"custom_error_configuration":[],"frontend_ip_configuration":[{}],"frontend_port":[{}],"gateway_ip_configuration":[{}],"global":[],"http_listener":[{"custom_error_configuration":[],"host_names":[]}],"identity":[],"private_endpoint_connection":[],"private_link_configuration":[],"probe":[],"redirect_configuration":[],"request_routing_rule":[{}],"rewrite_rule_set":[],"sku":[{}],"ssl_certificate":[],"ssl_policy":[],"ssl_profile":[],"trusted_client_certificate":[],"trusted_root_certificate":[],"url_path_map":[],"waf_configuration":[]}},{"address":"azurerm_container_registry.acr","mode":"managed","type":"azurerm_container_registry","name":"acr","provider_name":"registry.terraform.io/hashicorp/azurerm","schema_version":2,"values":{"admin_enabled":false,"anonymous_pull_enabled":null,"data_endpoint_enabled":null,"export_policy_enabled":true,"georeplications":[],"identity":[],"location":"eastus","name":"sampleacr20240324","network_rule_bypass_option":"AzureServices","public_network_access_enabled":true,"quarantine_policy_enabled":null,"resource_group_name":"sample-resources","sku":"Standard","tags":null,"timeouts":null,"zone_redundancy_enabled":false},"sensitive_values":{"admin_password":true,"encryption":[],"georeplications":[],"identity":[],"network_rule_set":[],"retention_policy":[],"trust_policy":[]}},{"address":"azurerm_kubernetes_cluster.aks","mode":"managed","type":"azurerm_kubernetes_cluster","name":"aks","provider_name":"registry.terraform.io/hashicorp/azurerm","schema_version":2,"values":{"aci_connector_linux":[],"automatic_channel_upgrade":null,"azure_active_directory_role_based_access_control":[],"azure_policy_enabled":null,"confidential_computing":[],"cost_analysis_enabled":null,"custom_ca_trust_certificates_base64":null,"default_node_pool":[{"capacity_reservation_group_id":null,"custom_ca_trust_enabled":null,"enable_auto_scaling":null,"enable_host_encryption":null,"enable_node_public_ip":null,"fips_enabled":null,"gpu_instance":null,"host_group_id":null,"kubelet_config":[],"linux_os_config":[],"max_count":null,"message_of_the_day":null,"min_count":null,"name":"default","node_count":1,"node_network_profile":[],"node_public_ip_prefix_id":null,"node_taints":null,"only_critical_addons_enabled":null,"os_disk_type":"Managed","pod_subnet_id":null,"proximity_placement_group_id":null,"scale_down_mode":"Delete","snapshot_id":null,"tags":null,"temporary_name_for_rotation":null,"type":"VirtualMachineScaleSets","ultra_ssd_enabled":false,"upgrade_settings":[],"vm_size":"Standard_DS2_v2","zones":null}],"disk_encryption_set_id":null,"dns_prefix":"my-aks-cluster-dns-prefix","dns_prefix_private_cluster":null,"edge_zone":null,"enable_pod_security_policy":null,"http_application_routing_enabled":null,"http_proxy_config":[],"identity":[{"identity_ids":null,"type":"SystemAssigned"}],"image_cleaner_enabled":false,"image_cleaner_interval_hours":48,"ingress_application_gateway":[],"key_management_service":[],"key_vault_secrets_provider":[],"linux_profile":[],"local_account_disabled":null,"location":"eastus","maintenance_window":[],"maintenance_window_auto_upgrade":[],"maintenance_window_node_os":[],"microsoft_defender":[],"monitor_metrics":[],"name":"my-aks-cluster","node_os_channel_upgrade":null,"oidc_issuer_enabled":null,"oms_agent":[],"open_service_mesh_enabled":null,"private_cluster_enabled":false,"private_cluster_public_fqdn_enabled":false,"public_network_access_enabled":true,"resource_group_name":"sample-resources","role_based_access_control_enabled":true,"run_command_enabled":true,"service_mesh_profile":[],"service_principal":[],"sku_tier":"Free","storage_profile":[],"support_plan":"KubernetesOfficial","tags":null,"timeouts":null,"web_app_routing":[],"workload_autoscaler_profile":[],"workload_identity_enabled":false},"sensitive_values":{"aci_connector_linux":[],"api_server_access_profile":[],"api_server_authorized_ip_ranges":[],"auto_scaler_profile":[],"azure_active_directory_role_based_access_control":[],"confidential_computing":[],"default_node_pool":[{"kubelet_config":[],"linux_os_config":[],"node_labels":{},"node_network_profile":[],"upgrade_settings":[]}],"http_proxy_config":[],"identity":[{}],"ingress_application_gateway":[],"key_management_service":[],"key_vault_secrets_provider":[],"kube_admin_config":true,"kube_admin_config_raw":true,"kube_config":true,"kube_config_raw":true,"kubelet_identity":[],"linux_profile":[],"maintenance_window":[],"maintenance_window_auto_upgrade":[],"maintenance_window_node_os":[],"microsoft_defender":[],"monitor_metrics":[],"network_profile":[],"oms_agent":[],"service_mesh_profile":[],"service_principal":[],"storage_profile":[],"web_app_routing":[],"windows_profile":[],"workload_autoscaler_profile":[]}},{"address":"azurerm_public_ip.sample_public_ip","mode":"managed","type":"azurerm_public_ip","name":"sample_public_ip","provider_name":"registry.terraform.io/hashicorp/azurerm","schema_version":0,"values":{"allocation_method":"Static","ddos_protection_mode":"VirtualNetworkInherited","ddos_protection_plan_id":null,"domain_name_label":null,"edge_zone":null,"idle_timeout_in_minutes":4,"ip_tags":null,"ip_version":"IPv4","location":"eastus","name":"sample-public-IP","public_ip_prefix_id":null,"resource_group_name":"sample-resources","reverse_fqdn":null,"sku":"Standard","sku_tier":"Regional","tags":null,"timeouts":null,"zones":null},"sensitive_values":{}},{"address":"azurerm_resource_group.sample-rs","mode":"managed","type":"azurerm_resource_group","name":"sample-rs","provider_name":"registry.terraform.io/hashicorp/azurerm","schema_version":0,"values":{"location":"eastus","managed_by":null,"name":"sample-resources","tags":null,"timeouts":null},"sensitive_values":{}},{"address":"azurerm_subnet.sample-sn","mode":"managed","type":"azurerm_subnet","name":"sample-sn","provider_name":"registry.terraform.io/hashicorp/azurerm","schema_version":0,"values":{"address_prefixes":["10.240.0.0/16"],"default_outbound_access_enabled":true,"delegation":[],"name":"sample-subnet","resource_group_name":"sample-resources","service_endpoint_policy_ids":null,"service_endpoints":null,"timeouts":null,"virtual_network_name":"sample-network"},"sensitive_values":{"address_prefixes":[false],"delegation":[]}},{"address":"azurerm_virtual_network.sample-nw","mode":"managed","type":"azurerm_virtual_network","name":"sample-nw","provider_name":"registry.terraform.io/hashicorp/azurerm","schema_version":0,"values":{"address_space":["10.0.0.0/8"],"bgp_community":null,"ddos_protection_plan":[],"edge_zone":null,"encryption":[],"flow_timeout_in_minutes":null,"location":"eastus","name":"sample-network","resource_group_name":"sample-resources","tags":null,"timeouts":null},"sensitive_values":{"address_space":[false],"ddos_protection_plan":[],"dns_servers":[],"encryption":[],"subnet":[]}}]}},"resource_changes":[{"address":"azurerm_application_gateway.sample-gw","mode":"managed","type":"azurerm_application_gateway","name":"sample-gw","provider_name":"registry.terraform.io/hashicorp/azurerm","change":{"actions":["create"],"before":null,"after":{"authentication_certificate":[],"autoscale_configuration":[],"backend_address_pool":[{"fqdns":[],"ip_addresses":[],"name":"appgw-backend-pool"}],"backend_http_settings":[{"affinity_cookie_name":"","authentication_certificate":[],"connection_draining":[],"cookie_based_affinity":"Disabled","host_name":"","name":"appgw-backend-http-settings","path":"/","pick_host_name_from_backend_address":false,"port":80,"probe_name":"","protocol":"Http","request_timeout":30,"trusted_root_certificate_names":[]}],"custom_error_configuration":[],"enable_http2":null,"fips_enabled":null,"firewall_policy_id":null,"force_firewall_policy_association":null,"frontend_ip_configuration":[{"name":"appgw-public-frontend-ip","private_ip_address_allocation":"Dynamic","private_link_configuration_name":null,"subnet_id":null}],"frontend_port":[{"name":"appgw-frontend-port","port":80}],"gateway_ip_configuration":[{"name":"appgw-ip-config"}],"global":[],"http_listener":[{"custom_error_configuration":[],"firewall_policy_id":"","frontend_ip_configuration_name":"appgw-public-frontend-Ip","frontend_port_name":"appgw-frontend-port","host_name":"","host_names":[],"name":"appgw-http-listener","protocol":"Http","require_sni":null,"ssl_certificate_name":"","ssl_profile_name":""}],"identity":[],"location":"eastus","name":"sample-application-gateway","private_link_configuration":[],"probe":[],"redirect_configuration":[],"request_routing_rule":[{"backend_address_pool_name":"appgw-backend-pool","backend_http_settings_name":"appgw-backend-http-settings","http_listener_name":"appgw-http-listener","name":"appgw-rule1","priority":9,"redirect_configuration_name":"","rewrite_rule_set_name":"","rule_type":"Basic","url_path_map_name":""}],"resource_group_name":"sample-resources","rewrite_rule_set":[],"sku":[{"capacity":2,"name":"Standard_v2","tier":"Standard_v2"}],"ssl_certificate":[],"ssl_profile":[],"tags":null,"timeouts":null,"trusted_client_certificate":[],"trusted_root_certificate":[],"url_path_map":[],"waf_configuration":[],"zones":null},"after_unknown":{"authentication_certificate":[],"autoscale_configuration":[],"backend_address_pool":[{"fqdns":[],"id":true,"ip_addresses":[]}],"backend_http_settings":[{"authentication_certificate":[],"connection_draining":[],"id":true,"probe_id":true,"trusted_root_certificate_names":[]}],"custom_error_configuration":[],"frontend_ip_configuration":[{"id":true,"private_ip_address":true,"private_link_configuration_id":true,"public_ip_address_id":true}],"frontend_port":[{"id":true}],"gateway_ip_configuration":[{"id":true,"subnet_id":true}],"global":[],"http_listener":[{"custom_error_configuration":[],"frontend_ip_configuration_id":true,"frontend_port_id":true,"host_names":[],"id":true,"ssl_certificate_id":true,"ssl_profile_id":true}],"id":true,"identity":[],"private_endpoint_connection":true,"private_link_configuration":[],"probe":[],"redirect_configuration":[],"request_routing_rule":[{"backend_address_pool_id":true,"backend_http_settings_id":true,"http_listener_id":true,"id":true,"redirect_configuration_id":true,"rewrite_rule_set_id":true,"url_path_map_id":true}],"rewrite_rule_set":[],"sku":[{}],"ssl_certificate":[],"ssl_policy":true,"ssl_profile":[],"trusted_client_certificate":[],"trusted_root_certificate":[],"url_path_map":[],"waf_configuration":[]},"before_sensitive":false,"after_sensitive":{"authentication_certificate":[],"autoscale_configuration":[],"backend_address_pool":[{"fqdns":[],"ip_addresses":[]}],"backend_http_settings":[{"authentication_certificate":[],"connection_draining":[],"trusted_root_certificate_names":[]}],"custom_error_configuration":[],"frontend_ip_configuration":[{}],"frontend_port":[{}],"gateway_ip_configuration":[{}],"global":[],"http_listener":[{"custom_error_configuration":[],"host_names":[]}],"identity":[],"private_endpoint_connection":[],"private_link_configuration":[],"probe":[],"redirect_configuration":[],"request_routing_rule":[{}],"rewrite_rule_set":[],"sku":[{}],"ssl_certificate":[],"ssl_policy":[],"ssl_profile":[],"trusted_client_certificate":[],"trusted_root_certificate":[],"url_path_map":[],"waf_configuration":[]}}},{"address":"azurerm_container_registry.acr","mode":"managed","type":"azurerm_container_registry","name":"acr","provider_name":"registry.terraform.io/hashicorp/azurerm","change":{"actions":["create"],"before":null,"after":{"admin_enabled":false,"anonymous_pull_enabled":null,"data_endpoint_enabled":null,"export_policy_enabled":true,"georeplications":[],"identity":[],"location":"eastus","name":"sampleacr20240324","network_rule_bypass_option":"AzureServices","public_network_access_enabled":true,"quarantine_policy_enabled":null,"resource_group_name":"sample-resources","sku":"Standard","tags":null,"timeouts":null,"zone_redundancy_enabled":false},"after_unknown":{"admin_password":true,"admin_username":true,"encryption":true,"georeplications":[],"id":true,"identity":[],"login_server":true,"network_rule_set":true,"retention_policy":true,"trust_policy":true},"before_sensitive":false,"after_sensitive":{"admin_password":true,"encryption":[],"georeplications":[],"identity":[],"network_rule_set":[],"retention_policy":[],"trust_policy":[]}}},{"address":"azurerm_kubernetes_cluster.aks","mode":"managed","type":"azurerm_kubernetes_cluster","name":"aks","provider_name":"registry.terraform.io/hashicorp/azurerm","change":{"actions":["create"],"before":null,"after":{"aci_connector_linux":[],"automatic_channel_upgrade":null,"azure_active_directory_role_based_access_control":[],"azure_policy_enabled":null,"confidential_computing":[],"cost_analysis_enabled":null,"custom_ca_trust_certificates_base64":null,"default_node_pool":[{"capacity_reservation_group_id":null,"custom_ca_trust_enabled":null,"enable_auto_scaling":null,"enable_host_encryption":null,"enable_node_public_ip":null,"fips_enabled":null,"gpu_instance":null,"host_group_id":null,"kubelet_config":[],"linux_os_config":[],"max_count":null,"message_of_the_day":null,"min_count":null,"name":"default","node_count":1,"node_network_profile":[],"node_public_ip_prefix_id":null,"node_taints":null,"only_critical_addons_enabled":null,"os_disk_type":"Managed","pod_subnet_id":null,"proximity_placement_group_id":null,"scale_down_mode":"Delete","snapshot_id":null,"tags":null,"temporary_name_for_rotation":null,"type":"VirtualMachineScaleSets","ultra_ssd_enabled":false,"upgrade_settings":[],"vm_size":"Standard_DS2_v2","zones":null}],"disk_encryption_set_id":null,"dns_prefix":"my-aks-cluster-dns-prefix","dns_prefix_private_cluster":null,"edge_zone":null,"enable_pod_security_policy":null,"http_application_routing_enabled":null,"http_proxy_config":[],"identity":[{"identity_ids":null,"type":"SystemAssigned"}],"image_cleaner_enabled":false,"image_cleaner_interval_hours":48,"ingress_application_gateway":[],"key_management_service":[],"key_vault_secrets_provider":[],"linux_profile":[],"local_account_disabled":null,"location":"eastus","maintenance_window":[],"maintenance_window_auto_upgrade":[],"maintenance_window_node_os":[],"microsoft_defender":[],"monitor_metrics":[],"name":"my-aks-cluster","node_os_channel_upgrade":null,"oidc_issuer_enabled":null,"oms_agent":[],"open_service_mesh_enabled":null,"private_cluster_enabled":false,"private_cluster_public_fqdn_enabled":false,"public_network_access_enabled":true,"resource_group_name":"sample-resources","role_based_access_control_enabled":true,"run_command_enabled":true,"service_mesh_profile":[],"service_principal":[],"sku_tier":"Free","storage_profile":[],"support_plan":"KubernetesOfficial","tags":null,"timeouts":null,"web_app_routing":[],"workload_autoscaler_profile":[],"workload_identity_enabled":false},"after_unknown":{"aci_connector_linux":[],"api_server_access_profile":true,"api_server_authorized_ip_ranges":true,"auto_scaler_profile":true,"azure_active_directory_role_based_access_control":[],"confidential_computing":[],"current_kubernetes_version":true,"default_node_pool":[{"kubelet_config":[],"kubelet_disk_type":true,"linux_os_config":[],"max_pods":true,"node_labels":true,"node_network_profile":[],"orchestrator_version":true,"os_disk_size_gb":true,"os_sku":true,"upgrade_settings":[],"vnet_subnet_id":true,"workload_runtime":true}],"fqdn":true,"http_application_routing_zone_name":true,"http_proxy_config":[],"id":true,"identity":[{"principal_id":true,"tenant_id":true}],"ingress_application_gateway":[],"key_management_service":[],"key_vault_secrets_provider":[],"kube_admin_config":true,"kube_admin_config_raw":true,"kube_config":true,"kube_config_raw":true,"kubelet_identity":true,"kubernetes_version":true,"linux_profile":[],"maintenance_window":[],"maintenance_window_auto_upgrade":[],"maintenance_window_node_os":[],"microsoft_defender":[],"monitor_metrics":[],"network_profile":true,"node_resource_group":true,"node_resource_group_id":true,"oidc_issuer_url":true,"oms_agent":[],"portal_fqdn":true,"private_dns_zone_id":true,"private_fqdn":true,"service_mesh_profile":[],"service_principal":[],"storage_profile":[],"web_app_routing":[],"windows_profile":true,"workload_autoscaler_profile":[]},"before_sensitive":false,"after_sensitive":{"aci_connector_linux":[],"api_server_access_profile":[],"api_server_authorized_ip_ranges":[],"auto_scaler_profile":[],"azure_active_directory_role_based_access_control":[],"confidential_computing":[],"default_node_pool":[{"kubelet_config":[],"linux_os_config":[],"node_labels":{},"node_network_profile":[],"upgrade_settings":[]}],"http_proxy_config":[],"identity":[{}],"ingress_application_gateway":[],"key_management_service":[],"key_vault_secrets_provider":[],"kube_admin_config":true,"kube_admin_config_raw":true,"kube_config":true,"kube_config_raw":true,"kubelet_identity":[],"linux_profile":[],"maintenance_window":[],"maintenance_window_auto_upgrade":[],"maintenance_window_node_os":[],"microsoft_defender":[],"monitor_metrics":[],"network_profile":[],"oms_agent":[],"service_mesh_profile":[],"service_principal":[],"storage_profile":[],"web_app_routing":[],"windows_profile":[],"workload_autoscaler_profile":[]}}},{"address":"azurerm_public_ip.sample_public_ip","mode":"managed","type":"azurerm_public_ip","name":"sample_public_ip","provider_name":"registry.terraform.io/hashicorp/azurerm","change":{"actions":["create"],"before":null,"after":{"allocation_method":"Static","ddos_protection_mode":"VirtualNetworkInherited","ddos_protection_plan_id":null,"domain_name_label":null,"edge_zone":null,"idle_timeout_in_minutes":4,"ip_tags":null,"ip_version":"IPv4","location":"eastus","name":"sample-public-IP","public_ip_prefix_id":null,"resource_group_name":"sample-resources","reverse_fqdn":null,"sku":"Standard","sku_tier":"Regional","tags":null,"timeouts":null,"zones":null},"after_unknown":{"fqdn":true,"id":true,"ip_address":true},"before_sensitive":false,"after_sensitive":{}}},{"address":"azurerm_resource_group.sample-rs","mode":"managed","type":"azurerm_resource_group","name":"sample-rs","provider_name":"registry.terraform.io/hashicorp/azurerm","change":{"actions":["create"],"before":null,"after":{"location":"eastus","managed_by":null,"name":"sample-resources","tags":null,"timeouts":null},"after_unknown":{"id":true},"before_sensitive":false,"after_sensitive":{}}},{"address":"azurerm_subnet.sample-sn","mode":"managed","type":"azurerm_subnet","name":"sample-sn","provider_name":"registry.terraform.io/hashicorp/azurerm","change":{"actions":["create"],"before":null,"after":{"address_prefixes":["10.240.0.0/16"],"default_outbound_access_enabled":true,"delegation":[],"name":"sample-subnet","resource_group_name":"sample-resources","service_endpoint_policy_ids":null,"service_endpoints":null,"timeouts":null,"virtual_network_name":"sample-network"},"after_unknown":{"address_prefixes":[false],"delegation":[],"enforce_private_link_endpoint_network_policies":true,"enforce_private_link_service_network_policies":true,"id":true,"private_endpoint_network_policies":true,"private_endpoint_network_policies_enabled":true,"private_link_service_network_policies_enabled":true},"before_sensitive":false,"after_sensitive":{"address_prefixes":[false],"delegation":[]}}},{"address":"azurerm_virtual_network.sample-nw","mode":"managed","type":"azurerm_virtual_network","name":"sample-nw","provider_name":"registry.terraform.io/hashicorp/azurerm","change":{"actions":["create"],"before":null,"after":{"address_space":["10.0.0.0/8"],"bgp_community":null,"ddos_protection_plan":[],"edge_zone":null,"encryption":[],"flow_timeout_in_minutes":null,"location":"eastus","name":"sample-network","resource_group_name":"sample-resources","tags":null,"timeouts":null},"after_unknown":{"address_space":[false],"ddos_protection_plan":[],"dns_servers":true,"encryption":[],"guid":true,"id":true,"subnet":true},"before_sensitive":false,"after_sensitive":{"address_space":[false],"ddos_protection_plan":[],"dns_servers":[],"encryption":[],"subnet":[]}}}],"configuration":{"provider_config":{"azurerm":{"name":"azurerm","full_name":"registry.terraform.io/hashicorp/azurerm","expressions":{"features":[{}]}}},"root_module":{"resources":[{"address":"azurerm_application_gateway.sample-gw","mode":"managed","type":"azurerm_application_gateway","name":"sample-gw","provider_config_key":"azurerm","expressions":{"backend_address_pool":[{"name":{"constant_value":"appgw-backend-pool"}}],"backend_http_settings":[{"cookie_based_affinity":{"constant_value":"Disabled"},"name":{"constant_value":"appgw-backend-http-settings"},"path":{"constant_value":"/"},"port":{"constant_value":80},"protocol":{"constant_value":"Http"}}],"frontend_ip_configuration":[{"name":{"constant_value":"appgw-public-frontend-ip"},"public_ip_address_id":{"references":["azurerm_public_ip.sample_public_ip.id","azurerm_public_ip.sample_public_ip"]}}],"frontend_port":[{"name":{"constant_value":"appgw-frontend-port"},"port":{"constant_value":80}}],"gateway_ip_configuration":[{"name":{"constant_value":"appgw-ip-config"},"subnet_id":{"references":["azurerm_subnet.sample-sn.id","azurerm_subnet.sample-sn"]}}],"http_listener":[{"frontend_ip_configuration_name":{"constant_value":"appgw-public-frontend-Ip"},"frontend_port_name":{"constant_value":"appgw-frontend-port"},"name":{"constant_value":"appgw-http-listener"},"protocol":{"constant_value":"Http"}}],"location":{"references":["azurerm_resource_group.sample-rs.location","azurerm_resource_group.sample-rs"]},"name":{"constant_value":"sample-application-gateway"},"request_routing_rule":[{"backend_address_pool_name":{"constant_value":"appgw-backend-pool"},"backend_http_settings_name":{"constant_value":"appgw-backend-http-settings"},"http_listener_name":{"constant_value":"appgw-http-listener"},"name":{"constant_value":"appgw-rule1"},"priority":{"constant_value":9},"rule_type":{"constant_value":"Basic"}}],"resource_group_name":{"references":["azurerm_resource_group.sample-rs.name","azurerm_resource_group.sample-rs"]},"sku":[{"capacity":{"constant_value":2},"name":{"constant_value":"Standard_v2"},"tier":{"constant_value":"Standard_v2"}}]},"schema_version":0},{"address":"azurerm_container_registry.acr","mode":"managed","type":"azurerm_container_registry","name":"acr","provider_config_key":"azurerm","expressions":{"admin_enabled":{"constant_value":false},"location":{"references":["azurerm_resource_group.sample-rs.location","azurerm_resource_group.sample-rs"]},"name":{"constant_value":"sampleacr20240324"},"resource_group_name":{"references":["azurerm_resource_group.sample-rs.name","azurerm_resource_group.sample-rs"]},"sku":{"constant_value":"Standard"}},"schema_version":2},{"address":"azurerm_kubernetes_cluster.aks","mode":"managed","type":"azurerm_kubernetes_cluster","name":"aks","provider_config_key":"azurerm","expressions":{"default_node_pool":[{"name":{"constant_value":"default"},"node_count":{"constant_value":1},"vm_size":{"constant_value":"Standard_DS2_v2"},"vnet_subnet_id":{"references":["azurerm_subnet.sample-sn.id","azurerm_subnet.sample-sn"]}}],"dns_prefix":{"constant_value":"my-aks-cluster-dns-prefix"},"identity":[{"type":{"constant_value":"SystemAssigned"}}],"location":{"references":["azurerm_resource_group.sample-rs.location","azurerm_resource_group.sample-rs"]},"name":{"constant_value":"my-aks-cluster"},"resource_group_name":{"references":["azurerm_resource_group.sample-rs.name","azurerm_resource_group.sample-rs"]}},"schema_version":2},{"address":"azurerm_public_ip.sample_public_ip","mode":"managed","type":"azurerm_public_ip","name":"sample_public_ip","provider_config_key":"azurerm","expressions":{"allocation_method":{"constant_value":"Static"},"location":{"references":["azurerm_resource_group.sample-rs.location","azurerm_resource_group.sample-rs"]},"name":{"constant_value":"sample-public-IP"},"resource_group_name":{"references":["azurerm_resource_group.sample-rs.name","azurerm_resource_group.sample-rs"]},"sku":{"constant_value":"Standard"}},"schema_version":0},{"address":"azurerm_resource_group.sample-rs","mode":"managed","type":"azurerm_resource_group","name":"sample-rs","provider_config_key":"azurerm","expressions":{"location":{"constant_value":"East US"},"name":{"constant_value":"sample-resources"}},"schema_version":0},{"address":"azurerm_subnet.sample-sn","mode":"managed","type":"azurerm_subnet","name":"sample-sn","provider_config_key":"azurerm","expressions":{"address_prefixes":{"constant_value":["10.240.0.0/16"]},"name":{"constant_value":"sample-subnet"},"resource_group_name":{"references":["azurerm_resource_group.sample-rs.name","azurerm_resource_group.sample-rs"]},"virtual_network_name":{"references":["azurerm_virtual_network.sample-nw.name","azurerm_virtual_network.sample-nw"]}},"schema_version":0},{"address":"azurerm_virtual_network.sample-nw","mode":"managed","type":"azurerm_virtual_network","name":"sample-nw","provider_config_key":"azurerm","expressions":{"address_space":{"constant_value":["10.0.0.0/8"]},"location":{"references":["azurerm_resource_group.sample-rs.location","azurerm_resource_group.sample-rs"]},"name":{"constant_value":"sample-network"},"resource_group_name":{"references":["azurerm_resource_group.sample-rs.name","azurerm_resource_group.sample-rs"]}},"schema_version":0}]}},"relevant_attributes":[{"resource":"azurerm_subnet.sample-sn","attribute":["id"]},{"resource":"azurerm_public_ip.sample_public_ip","attribute":["id"]},{"resource":"azurerm_resource_group.sample-rs","attribute":["location"]},{"resource":"azurerm_resource_group.sample-rs","attribute":["name"]},{"resource":"azurerm_virtual_network.sample-nw","attribute":["name"]}],"timestamp":"2024-08-16T23:54:54Z","applyable":true,"complete":true,"errored":false}
