{
  "configuration": {
    "provider_config": {
      "azurerm": {
        "expressions": {
          "features": [
            {}
          ]
        },
        "full_name": "registry.terraform.io/hashicorp/azurerm",
        "name": "azurerm"
      }
    },
    "root_module": {
      "resources": [
        {
          "address": "azurerm_monitor_private_link_scope.example",
          "expressions": {
            "name": {
              "references": [
                "var.prefix"
              ]
            },
            "resource_group_name": {
              "references": [
                "azurerm_resource_group.example.name",
                "azurerm_resource_group.example"
              ]
            }
          },
          "mode": "managed",
          "name": "example",
          "provider_config_key": "azurerm",
          "schema_version": 0,
          "type": "azurerm_monitor_private_link_scope"
        },
        {
          "address": "azurerm_private_dns_zone.example",
          "expressions": {
            "name": {
              "references": [
                "each.value"
              ]
            },
            "resource_group_name": {
              "references": [
                "azurerm_resource_group.example.name",
                "azurerm_resource_group.example"
              ]
            }
          },
          "for_each_expression": {
            "references": [
              "local.private_dns_zones_names"
            ]
          },
          "mode": "managed",
          "name": "example",
          "provider_config_key": "azurerm",
          "schema_version": 0,
          "type": "azurerm_private_dns_zone"
        },
        {
          "address": "azurerm_private_endpoint.this",
          "expressions": {
            "location": {
              "references": [
                "azurerm_resource_group.example.location",
                "azurerm_resource_group.example"
              ]
            },
            "name": {
              "references": [
                "var.prefix"
              ]
            },
            "private_dns_zone_group": [
              {
                "name": {
                  "constant_value": "default"
                },
                "private_dns_zone_ids": {
                  "references": [
                    "azurerm_private_dns_zone.example"
                  ]
                }
              }
            ],
            "private_service_connection": [
              {
                "is_manual_connection": {
                  "constant_value": false
                },
                "name": {
                  "references": [
                    "var.prefix"
                  ]
                },
                "private_connection_resource_id": {
                  "references": [
                    "azurerm_monitor_private_link_scope.example.id",
                    "azurerm_monitor_private_link_scope.example"
                  ]
                },
                "subresource_names": {
                  "constant_value": [
                    "azuremonitor"
                  ]
                }
              }
            ],
            "resource_group_name": {
              "references": [
                "azurerm_resource_group.example.name",
                "azurerm_resource_group.example"
              ]
            },
            "subnet_id": {
              "references": [
                "azurerm_subnet.example.id",
                "azurerm_subnet.example"
              ]
            }
          },
          "mode": "managed",
          "name": "this",
          "provider_config_key": "azurerm",
          "schema_version": 0,
          "type": "azurerm_private_endpoint"
        },
        {
          "address": "azurerm_resource_group.example",
          "expressions": {
            "location": {
              "references": [
                "var.location"
              ]
            },
            "name": {
              "references": [
                "var.prefix"
              ]
            }
          },
          "mode": "managed",
          "name": "example",
          "provider_config_key": "azurerm",
          "schema_version": 0,
          "type": "azurerm_resource_group"
        },
        {
          "address": "azurerm_subnet.example",
          "expressions": {
            "address_prefixes": {
              "constant_value": [
                "10.0.1.0/24"
              ]
            },
            "name": {
              "references": [
                "var.prefix"
              ]
            },
            "private_link_service_network_policies_enabled": {
              "constant_value": false
            },
            "resource_group_name": {
              "references": [
                "azurerm_resource_group.example.name",
                "azurerm_resource_group.example"
              ]
            },
            "virtual_network_name": {
              "references": [
                "azurerm_virtual_network.example.name",
                "azurerm_virtual_network.example"
              ]
            }
          },
          "mode": "managed",
          "name": "example",
          "provider_config_key": "azurerm",
          "schema_version": 0,
          "type": "azurerm_subnet"
        },
        {
          "address": "azurerm_virtual_network.example",
          "expressions": {
            "address_space": {
              "constant_value": [
                "10.0.0.0/16"
              ]
            },
            "location": {
              "references": [
                "azurerm_resource_group.example.location",
                "azurerm_resource_group.example"
              ]
            },
            "name": {
              "references": [
                "var.prefix"
              ]
            },
            "resource_group_name": {
              "references": [
                "azurerm_resource_group.example.name",
                "azurerm_resource_group.example"
              ]
            }
          },
          "mode": "managed",
          "name": "example",
          "provider_config_key": "azurerm",
          "schema_version": 0,
          "type": "azurerm_virtual_network"
        }
      ],
      "variables": {
        "location": {
          "default": "eastus",
          "description": "The Azure Region in which all resources in this example should be created."
        },
        "prefix": {
          "default": "zodiac",
          "description": "The Prefix used for all resources in this example"
        }
      }
    }
  },
  "format_version": "1.1",
  "planned_values": {
    "root_module": {
      "resources": [
        {
          "address": "azurerm_monitor_private_link_scope.example",
          "mode": "managed",
          "name": "example",
          "provider_name": "registry.terraform.io/hashicorp/azurerm",
          "schema_version": 0,
          "sensitive_values": {},
          "type": "azurerm_monitor_private_link_scope",
          "values": {
            "name": "zodiac-ampls",
            "resource_group_name": "zodiac-resources",
            "tags": null,
            "timeouts": null
          }
        },
        {
          "address": "azurerm_private_dns_zone.example[\"privatelink.agentsvc.azure-automation.net\"]",
          "index": "privatelink.agentsvc.azure-automation.net",
          "mode": "managed",
          "name": "example",
          "provider_name": "registry.terraform.io/hashicorp/azurerm",
          "schema_version": 0,
          "sensitive_values": {
            "soa_record": []
          },
          "type": "azurerm_private_dns_zone",
          "values": {
            "name": "privatelink.agentsvc.azure-automation.net",
            "resource_group_name": "zodiac-resources",
            "tags": null,
            "timeouts": null
          }
        },
        {
          "address": "azurerm_private_dns_zone.example[\"privatelink.blob.core.windows.net\"]",
          "index": "privatelink.blob.core.windows.net",
          "mode": "managed",
          "name": "example",
          "provider_name": "registry.terraform.io/hashicorp/azurerm",
          "schema_version": 0,
          "sensitive_values": {
            "soa_record": []
          },
          "type": "azurerm_private_dns_zone",
          "values": {
            "name": "privatelink.blob.core.windows.net",
            "resource_group_name": "zodiac-resources",
            "tags": null,
            "timeouts": null
          }
        },
        {
          "address": "azurerm_private_dns_zone.example[\"privatelink.monitor.azure.com\"]",
          "index": "privatelink.monitor.azure.com",
          "mode": "managed",
          "name": "example",
          "provider_name": "registry.terraform.io/hashicorp/azurerm",
          "schema_version": 0,
          "sensitive_values": {
            "soa_record": []
          },
          "type": "azurerm_private_dns_zone",
          "values": {
            "name": "privatelink.monitor.azure.com",
            "resource_group_name": "zodiac-resources",
            "tags": null,
            "timeouts": null
          }
        },
        {
          "address": "azurerm_private_dns_zone.example[\"privatelink.ods.opinsights.azure.com\"]",
          "index": "privatelink.ods.opinsights.azure.com",
          "mode": "managed",
          "name": "example",
          "provider_name": "registry.terraform.io/hashicorp/azurerm",
          "schema_version": 0,
          "sensitive_values": {
            "soa_record": []
          },
          "type": "azurerm_private_dns_zone",
          "values": {
            "name": "privatelink.ods.opinsights.azure.com",
            "resource_group_name": "zodiac-resources",
            "tags": null,
            "timeouts": null
          }
        },
        {
          "address": "azurerm_private_dns_zone.example[\"privatelink.oms.opinsights.azure.com\"]",
          "index": "privatelink.oms.opinsights.azure.com",
          "mode": "managed",
          "name": "example",
          "provider_name": "registry.terraform.io/hashicorp/azurerm",
          "schema_version": 0,
          "sensitive_values": {
            "soa_record": []
          },
          "type": "azurerm_private_dns_zone",
          "values": {
            "name": "privatelink.oms.opinsights.azure.com",
            "resource_group_name": "zodiac-resources",
            "tags": null,
            "timeouts": null
          }
        },
        {
          "address": "azurerm_private_endpoint.this",
          "mode": "managed",
          "name": "this",
          "provider_name": "registry.terraform.io/hashicorp/azurerm",
          "schema_version": 0,
          "sensitive_values": {
            "custom_dns_configs": [],
            "ip_configuration": [],
            "network_interface": [],
            "private_dns_zone_configs": [],
            "private_dns_zone_group": [
              {
                "private_dns_zone_ids": []
              }
            ],
            "private_service_connection": [
              {
                "subresource_names": [
                  false
                ]
              }
            ]
          },
          "type": "azurerm_private_endpoint",
          "values": {
            "custom_network_interface_name": null,
            "ip_configuration": [],
            "location": "eastus",
            "name": "zodiac-ape",
            "private_dns_zone_group": [
              {
                "name": "default"
              }
            ],
            "private_service_connection": [
              {
                "is_manual_connection": false,
                "name": "zodiac-psc",
                "private_connection_resource_alias": null,
                "request_message": null,
                "subresource_names": [
                  "azuremonitor"
                ]
              }
            ],
            "resource_group_name": "zodiac-resources",
            "tags": null,
            "timeouts": null
          }
        },
        {
          "address": "azurerm_resource_group.example",
          "mode": "managed",
          "name": "example",
          "provider_name": "registry.terraform.io/hashicorp/azurerm",
          "schema_version": 0,
          "sensitive_values": {},
          "type": "azurerm_resource_group",
          "values": {
            "location": "eastus",
            "managed_by": null,
            "name": "zodiac-resources",
            "tags": null,
            "timeouts": null
          }
        },
        {
          "address": "azurerm_subnet.example",
          "mode": "managed",
          "name": "example",
          "provider_name": "registry.terraform.io/hashicorp/azurerm",
          "schema_version": 0,
          "sensitive_values": {
            "address_prefixes": [
              false
            ],
            "delegation": []
          },
          "type": "azurerm_subnet",
          "values": {
            "address_prefixes": [
              "10.0.1.0/24"
            ],
            "delegation": [],
            "name": "zodiac-subnet",
            "private_link_service_network_policies_enabled": false,
            "resource_group_name": "zodiac-resources",
            "service_endpoint_policy_ids": null,
            "service_endpoints": null,
            "timeouts": null,
            "virtual_network_name": "zodiac-vnet"
          }
        },
        {
          "address": "azurerm_virtual_network.example",
          "mode": "managed",
          "name": "example",
          "provider_name": "registry.terraform.io/hashicorp/azurerm",
          "schema_version": 0,
          "sensitive_values": {
            "address_space": [
              false
            ],
            "ddos_protection_plan": [],
            "dns_servers": [],
            "encryption": [],
            "subnet": []
          },
          "type": "azurerm_virtual_network",
          "values": {
            "address_space": [
              "10.0.0.0/16"
            ],
            "bgp_community": null,
            "ddos_protection_plan": [],
            "edge_zone": null,
            "encryption": [],
            "flow_timeout_in_minutes": null,
            "location": "eastus",
            "name": "zodiac-vnet",
            "resource_group_name": "zodiac-resources",
            "tags": null,
            "timeouts": null
          }
        }
      ]
    }
  },
  "relevant_attributes": [
    {
      "attribute": [
        "id"
      ],
      "resource": "azurerm_monitor_private_link_scope.example"
    },
    {
      "attribute": [
        "name"
      ],
      "resource": "azurerm_resource_group.example"
    },
    {
      "attribute": [
        "location"
      ],
      "resource": "azurerm_resource_group.example"
    },
    {
      "attribute": [
        "name"
      ],
      "resource": "azurerm_virtual_network.example"
    },
    {
      "attribute": [
        "id"
      ],
      "resource": "azurerm_subnet.example"
    },
    {
      "attribute": [],
      "resource": "azurerm_private_dns_zone.example"
    }
  ],
  "resource_changes": [
    {
      "address": "azurerm_monitor_private_link_scope.example",
      "change": {
        "actions": [
          "create"
        ],
        "after": {
          "name": "zodiac-ampls",
          "resource_group_name": "zodiac-resources",
          "tags": null,
          "timeouts": null
        },
        "after_sensitive": {},
        "after_unknown": {
          "id": true
        },
        "before": null,
        "before_sensitive": false
      },
      "mode": "managed",
      "name": "example",
      "provider_name": "registry.terraform.io/hashicorp/azurerm",
      "type": "azurerm_monitor_private_link_scope"
    },
    {
      "address": "azurerm_private_dns_zone.example[\"privatelink.agentsvc.azure-automation.net\"]",
      "change": {
        "actions": [
          "create"
        ],
        "after": {
          "name": "privatelink.agentsvc.azure-automation.net",
          "resource_group_name": "zodiac-resources",
          "tags": null,
          "timeouts": null
        },
        "after_sensitive": {
          "soa_record": []
        },
        "after_unknown": {
          "id": true,
          "max_number_of_record_sets": true,
          "max_number_of_virtual_network_links": true,
          "max_number_of_virtual_network_links_with_registration": true,
          "number_of_record_sets": true,
          "soa_record": true
        },
        "before": null,
        "before_sensitive": false
      },
      "index": "privatelink.agentsvc.azure-automation.net",
      "mode": "managed",
      "name": "example",
      "provider_name": "registry.terraform.io/hashicorp/azurerm",
      "type": "azurerm_private_dns_zone"
    },
    {
      "address": "azurerm_private_dns_zone.example[\"privatelink.blob.core.windows.net\"]",
      "change": {
        "actions": [
          "create"
        ],
        "after": {
          "name": "privatelink.blob.core.windows.net",
          "resource_group_name": "zodiac-resources",
          "tags": null,
          "timeouts": null
        },
        "after_sensitive": {
          "soa_record": []
        },
        "after_unknown": {
          "id": true,
          "max_number_of_record_sets": true,
          "max_number_of_virtual_network_links": true,
          "max_number_of_virtual_network_links_with_registration": true,
          "number_of_record_sets": true,
          "soa_record": true
        },
        "before": null,
        "before_sensitive": false
      },
      "index": "privatelink.blob.core.windows.net",
      "mode": "managed",
      "name": "example",
      "provider_name": "registry.terraform.io/hashicorp/azurerm",
      "type": "azurerm_private_dns_zone"
    },
    {
      "address": "azurerm_private_dns_zone.example[\"privatelink.monitor.azure.com\"]",
      "change": {
        "actions": [
          "create"
        ],
        "after": {
          "name": "privatelink.monitor.azure.com",
          "resource_group_name": "zodiac-resources",
          "tags": null,
          "timeouts": null
        },
        "after_sensitive": {
          "soa_record": []
        },
        "after_unknown": {
          "id": true,
          "max_number_of_record_sets": true,
          "max_number_of_virtual_network_links": true,
          "max_number_of_virtual_network_links_with_registration": true,
          "number_of_record_sets": true,
          "soa_record": true
        },
        "before": null,
        "before_sensitive": false
      },
      "index": "privatelink.monitor.azure.com",
      "mode": "managed",
      "name": "example",
      "provider_name": "registry.terraform.io/hashicorp/azurerm",
      "type": "azurerm_private_dns_zone"
    },
    {
      "address": "azurerm_private_dns_zone.example[\"privatelink.ods.opinsights.azure.com\"]",
      "change": {
        "actions": [
          "create"
        ],
        "after": {
          "name": "privatelink.ods.opinsights.azure.com",
          "resource_group_name": "zodiac-resources",
          "tags": null,
          "timeouts": null
        },
        "after_sensitive": {
          "soa_record": []
        },
        "after_unknown": {
          "id": true,
          "max_number_of_record_sets": true,
          "max_number_of_virtual_network_links": true,
          "max_number_of_virtual_network_links_with_registration": true,
          "number_of_record_sets": true,
          "soa_record": true
        },
        "before": null,
        "before_sensitive": false
      },
      "index": "privatelink.ods.opinsights.azure.com",
      "mode": "managed",
      "name": "example",
      "provider_name": "registry.terraform.io/hashicorp/azurerm",
      "type": "azurerm_private_dns_zone"
    },
    {
      "address": "azurerm_private_dns_zone.example[\"privatelink.oms.opinsights.azure.com\"]",
      "change": {
        "actions": [
          "create"
        ],
        "after": {
          "name": "privatelink.oms.opinsights.azure.com",
          "resource_group_name": "zodiac-resources",
          "tags": null,
          "timeouts": null
        },
        "after_sensitive": {
          "soa_record": []
        },
        "after_unknown": {
          "id": true,
          "max_number_of_record_sets": true,
          "max_number_of_virtual_network_links": true,
          "max_number_of_virtual_network_links_with_registration": true,
          "number_of_record_sets": true,
          "soa_record": true
        },
        "before": null,
        "before_sensitive": false
      },
      "index": "privatelink.oms.opinsights.azure.com",
      "mode": "managed",
      "name": "example",
      "provider_name": "registry.terraform.io/hashicorp/azurerm",
      "type": "azurerm_private_dns_zone"
    },
    {
      "address": "azurerm_private_endpoint.this",
      "change": {
        "actions": [
          "create"
        ],
        "after": {
          "custom_network_interface_name": null,
          "ip_configuration": [],
          "location": "eastus",
          "name": "zodiac-ape",
          "private_dns_zone_group": [
            {
              "name": "default"
            }
          ],
          "private_service_connection": [
            {
              "is_manual_connection": false,
              "name": "zodiac-psc",
              "private_connection_resource_alias": null,
              "request_message": null,
              "subresource_names": [
                "azuremonitor"
              ]
            }
          ],
          "resource_group_name": "zodiac-resources",
          "tags": null,
          "timeouts": null
        },
        "after_sensitive": {
          "custom_dns_configs": [],
          "ip_configuration": [],
          "network_interface": [],
          "private_dns_zone_configs": [],
          "private_dns_zone_group": [
            {
              "private_dns_zone_ids": []
            }
          ],
          "private_service_connection": [
            {
              "subresource_names": [
                false
              ]
            }
          ]
        },
        "after_unknown": {
          "custom_dns_configs": true,
          "id": true,
          "ip_configuration": [],
          "network_interface": true,
          "private_dns_zone_configs": true,
          "private_dns_zone_group": [
            {
              "id": true,
              "private_dns_zone_ids": true
            }
          ],
          "private_service_connection": [
            {
              "private_connection_resource_id": true,
              "private_ip_address": true,
              "subresource_names": [
                false
              ]
            }
          ],
          "subnet_id": true
        },
        "before": null,
        "before_sensitive": false
      },
      "mode": "managed",
      "name": "this",
      "provider_name": "registry.terraform.io/hashicorp/azurerm",
      "type": "azurerm_private_endpoint"
    },
    {
      "address": "azurerm_resource_group.example",
      "change": {
        "actions": [
          "create"
        ],
        "after": {
          "location": "eastus",
          "managed_by": null,
          "name": "zodiac-resources",
          "tags": null,
          "timeouts": null
        },
        "after_sensitive": {},
        "after_unknown": {
          "id": true
        },
        "before": null,
        "before_sensitive": false
      },
      "mode": "managed",
      "name": "example",
      "provider_name": "registry.terraform.io/hashicorp/azurerm",
      "type": "azurerm_resource_group"
    },
    {
      "address": "azurerm_subnet.example",
      "change": {
        "actions": [
          "create"
        ],
        "after": {
          "address_prefixes": [
            "10.0.1.0/24"
          ],
          "delegation": [],
          "name": "zodiac-subnet",
          "private_link_service_network_policies_enabled": false,
          "resource_group_name": "zodiac-resources",
          "service_endpoint_policy_ids": null,
          "service_endpoints": null,
          "timeouts": null,
          "virtual_network_name": "zodiac-vnet"
        },
        "after_sensitive": {
          "address_prefixes": [
            false
          ],
          "delegation": []
        },
        "after_unknown": {
          "address_prefixes": [
            false
          ],
          "delegation": [],
          "enforce_private_link_endpoint_network_policies": true,
          "enforce_private_link_service_network_policies": true,
          "id": true,
          "private_endpoint_network_policies_enabled": true
        },
        "before": null,
        "before_sensitive": false
      },
      "mode": "managed",
      "name": "example",
      "provider_name": "registry.terraform.io/hashicorp/azurerm",
      "type": "azurerm_subnet"
    },
    {
      "address": "azurerm_virtual_network.example",
      "change": {
        "actions": [
          "create"
        ],
        "after": {
          "address_space": [
            "10.0.0.0/16"
          ],
          "bgp_community": null,
          "ddos_protection_plan": [],
          "edge_zone": null,
          "encryption": [],
          "flow_timeout_in_minutes": null,
          "location": "eastus",
          "name": "zodiac-vnet",
          "resource_group_name": "zodiac-resources",
          "tags": null,
          "timeouts": null
        },
        "after_sensitive": {
          "address_space": [
            false
          ],
          "ddos_protection_plan": [],
          "dns_servers": [],
          "encryption": [],
          "subnet": []
        },
        "after_unknown": {
          "address_space": [
            false
          ],
          "ddos_protection_plan": [],
          "dns_servers": true,
          "encryption": [],
          "guid": true,
          "id": true,
          "subnet": true
        },
        "before": null,
        "before_sensitive": false
      },
      "mode": "managed",
      "name": "example",
      "provider_name": "registry.terraform.io/hashicorp/azurerm",
      "type": "azurerm_virtual_network"
    }
  ],
  "terraform_version": "1.3.5",
  "variables": {
    "location": {
      "value": "eastus"
    },
    "prefix": {
      "value": "zodiac"
    }
  }
}

