{"format_version":"1.2","terraform_version":"1.9.4","planned_values":{"root_module":{"child_modules":[{"resources":[{"address":"module.apigtw.azurerm_application_gateway.api","mode":"managed","type":"azurerm_application_gateway","name":"api","provider_name":"registry.terraform.io/hashicorp/azurerm","schema_version":0,"values":{"authentication_certificate":[],"autoscale_configuration":[],"backend_address_pool":[{"fqdns":[],"ip_addresses":[],"name":"backendPool"}],"backend_http_settings":[{"affinity_cookie_name":"","authentication_certificate":[],"connection_draining":[],"cookie_based_affinity":"Disabled","host_name":"","name":"backendHttpSettings","path":"","pick_host_name_from_backend_address":false,"port":80,"probe_name":"","protocol":"Http","request_timeout":120,"trusted_root_certificate_names":[]}],"custom_error_configuration":[],"enable_http2":null,"fips_enabled":null,"firewall_policy_id":null,"force_firewall_policy_association":null,"frontend_ip_configuration":[{"name":"frontendConfig","private_ip_address_allocation":"Dynamic","private_link_configuration_name":null,"subnet_id":null}],"frontend_port":[{"name":"frontendPort","port":80}],"gateway_ip_configuration":[{"name":"appGatewayIpConfig"}],"global":[],"http_listener":[{"custom_error_configuration":[],"firewall_policy_id":"","frontend_ip_configuration_name":"frontendConfig","frontend_port_name":"frontendPort","host_name":"","host_names":[],"name":"httpListener","protocol":"Http","require_sni":null,"ssl_certificate_name":"","ssl_profile_name":""}],"identity":[],"location":"eastus","name":"apiGatewayUnique","private_link_configuration":[],"probe":[],"redirect_configuration":[],"request_routing_rule":[{"backend_address_pool_name":"backendPool","backend_http_settings_name":"backendHttpSettings","http_listener_name":"httpListener","name":"routingRule","priority":9,"redirect_configuration_name":"","rewrite_rule_set_name":"","rule_type":"Basic","url_path_map_name":""}],"resource_group_name":"ecommerce-resources","rewrite_rule_set":[],"sku":[{"capacity":2,"name":"Standard_v2","tier":"Standard_v2"}],"ssl_certificate":[],"ssl_profile":[],"tags":null,"timeouts":null,"trusted_client_certificate":[],"trusted_root_certificate":[],"url_path_map":[],"waf_configuration":[],"zones":null},"sensitive_values":{"authentication_certificate":[],"autoscale_configuration":[],"backend_address_pool":[{"fqdns":[],"ip_addresses":[]}],"backend_http_settings":[{"authentication_certificate":[],"connection_draining":[],"trusted_root_certificate_names":[]}],"custom_error_configuration":[],"frontend_ip_configuration":[{}],"frontend_port":[{}],"gateway_ip_configuration":[{}],"global":[],"http_listener":[{"custom_error_configuration":[],"host_names":[]}],"identity":[],"private_endpoint_connection":[],"private_link_configuration":[],"probe":[],"redirect_configuration":[],"request_routing_rule":[{}],"rewrite_rule_set":[],"sku":[{}],"ssl_certificate":[],"ssl_policy":[],"ssl_profile":[],"trusted_client_certificate":[],"trusted_root_certificate":[],"url_path_map":[],"waf_configuration":[]}}],"address":"module.apigtw"},{"resources":[{"address":"module.bastion.azurerm_bastion_host.bastion","mode":"managed","type":"azurerm_bastion_host","name":"bastion","provider_name":"registry.terraform.io/hashicorp/azurerm","schema_version":0,"values":{"copy_paste_enabled":true,"file_copy_enabled":false,"ip_configuration":[{"name":"configuration"}],"ip_connect_enabled":false,"kerberos_enabled":false,"location":"eastus","name":"bastion_admin_ecommerce","resource_group_name":"ecommerce-resources","scale_units":2,"shareable_link_enabled":false,"sku":"Basic","tags":null,"timeouts":null,"tunneling_enabled":false,"virtual_network_id":null},"sensitive_values":{"ip_configuration":[{}]}},{"address":"module.bastion.azurerm_public_ip.bastion","mode":"managed","type":"azurerm_public_ip","name":"bastion","provider_name":"registry.terraform.io/hashicorp/azurerm","schema_version":0,"values":{"allocation_method":"Static","ddos_protection_mode":"VirtualNetworkInherited","ddos_protection_plan_id":null,"domain_name_label":null,"edge_zone":null,"idle_timeout_in_minutes":4,"ip_tags":null,"ip_version":"IPv4","location":"eastus","name":"bastion_admin_ecommerce-pip","public_ip_prefix_id":null,"resource_group_name":"ecommerce-resources","reverse_fqdn":null,"sku":"Standard","sku_tier":"Regional","tags":null,"timeouts":null,"zones":null},"sensitive_values":{}}],"address":"module.bastion"},{"resources":[{"address":"module.cluster.azurerm_kubernetes_cluster.k8s","mode":"managed","type":"azurerm_kubernetes_cluster","name":"k8s","provider_name":"registry.terraform.io/hashicorp/azurerm","schema_version":2,"values":{"aci_connector_linux":[],"automatic_channel_upgrade":null,"azure_active_directory_role_based_access_control":[],"azure_policy_enabled":null,"confidential_computing":[],"cost_analysis_enabled":null,"custom_ca_trust_certificates_base64":null,"default_node_pool":[{"capacity_reservation_group_id":null,"custom_ca_trust_enabled":null,"enable_auto_scaling":null,"enable_host_encryption":null,"enable_node_public_ip":null,"fips_enabled":null,"gpu_instance":null,"host_group_id":null,"kubelet_config":[],"linux_os_config":[],"max_count":null,"message_of_the_day":null,"min_count":null,"name":"default","node_count":1,"node_network_profile":[],"node_public_ip_prefix_id":null,"node_taints":null,"only_critical_addons_enabled":null,"os_disk_type":"Managed","pod_subnet_id":null,"proximity_placement_group_id":null,"scale_down_mode":"Delete","snapshot_id":null,"tags":null,"temporary_name_for_rotation":null,"type":"VirtualMachineScaleSets","ultra_ssd_enabled":false,"upgrade_settings":[],"vm_size":"Standard_D2_v2","zones":null}],"disk_encryption_set_id":null,"dns_prefix":"mydns","dns_prefix_private_cluster":null,"edge_zone":null,"enable_pod_security_policy":null,"http_application_routing_enabled":null,"http_proxy_config":[],"identity":[{"identity_ids":null,"type":"SystemAssigned"}],"image_cleaner_enabled":false,"image_cleaner_interval_hours":48,"ingress_application_gateway":[],"key_management_service":[],"key_vault_secrets_provider":[{"secret_rotation_enabled":true,"secret_rotation_interval":"2m"}],"linux_profile":[],"local_account_disabled":null,"location":"eastus","maintenance_window":[],"maintenance_window_auto_upgrade":[],"maintenance_window_node_os":[],"microsoft_defender":[],"monitor_metrics":[],"name":"myK8sCluster","network_profile":[{"load_balancer_sku":"standard","network_plugin":"azure","network_plugin_mode":null,"network_policy":"azure","outbound_type":"loadBalancer"}],"node_os_channel_upgrade":null,"oidc_issuer_enabled":null,"oms_agent":[],"open_service_mesh_enabled":null,"private_cluster_enabled":false,"private_cluster_public_fqdn_enabled":false,"public_network_access_enabled":true,"resource_group_name":"ecommerce-resources","role_based_access_control_enabled":true,"run_command_enabled":true,"service_mesh_profile":[],"service_principal":[],"sku_tier":"Free","storage_profile":[],"support_plan":"KubernetesOfficial","tags":{"Environment":"Production"},"timeouts":null,"web_app_routing":[],"workload_autoscaler_profile":[],"workload_identity_enabled":false},"sensitive_values":{"aci_connector_linux":[],"api_server_access_profile":[],"api_server_authorized_ip_ranges":[],"auto_scaler_profile":[],"azure_active_directory_role_based_access_control":[],"confidential_computing":[],"default_node_pool":[{"kubelet_config":[],"linux_os_config":[],"node_labels":{},"node_network_profile":[],"upgrade_settings":[]}],"http_proxy_config":[],"identity":[{}],"ingress_application_gateway":[],"key_management_service":[],"key_vault_secrets_provider":[{"secret_identity":[]}],"kube_admin_config":true,"kube_admin_config_raw":true,"kube_config":true,"kube_config_raw":true,"kubelet_identity":[],"linux_profile":[],"maintenance_window":[],"maintenance_window_auto_upgrade":[],"maintenance_window_node_os":[],"microsoft_defender":[],"monitor_metrics":[],"network_profile":[{"ip_versions":[],"load_balancer_profile":[],"nat_gateway_profile":[],"outbound_ip_address_ids":[],"outbound_ip_prefix_ids":[],"pod_cidrs":[],"service_cidrs":[]}],"oms_agent":[],"service_mesh_profile":[],"service_principal":[],"storage_profile":[],"tags":{},"web_app_routing":[],"windows_profile":[],"workload_autoscaler_profile":[]}}],"address":"module.cluster"},{"resources":[{"address":"module.container_registry.azurerm_container_registry.acrk8s","mode":"managed","type":"azurerm_container_registry","name":"acrk8s","provider_name":"registry.terraform.io/hashicorp/azurerm","schema_version":2,"values":{"admin_enabled":false,"anonymous_pull_enabled":null,"data_endpoint_enabled":null,"export_policy_enabled":true,"georeplications":[],"identity":[],"location":"eastus","name":"containerRegistryUnique","network_rule_bypass_option":"AzureServices","public_network_access_enabled":true,"quarantine_policy_enabled":null,"resource_group_name":"ecommerce-resources","sku":"Standard","tags":null,"timeouts":null,"zone_redundancy_enabled":false},"sensitive_values":{"admin_password":true,"encryption":[],"georeplications":[],"identity":[],"network_rule_set":[],"retention_policy":[],"trust_policy":[]}}],"address":"module.container_registry"},{"resources":[{"address":"module.key_vault.azurerm_key_vault.key_vault","mode":"managed","type":"azurerm_key_vault","name":"key_vault","provider_name":"registry.terraform.io/hashicorp/azurerm","schema_version":2,"values":{"access_policy":[{"application_id":null,"certificate_permissions":["Get"],"key_permissions":["Get","Create","List","Delete","Purge","Recover","SetRotationPolicy","GetRotationPolicy"],"object_id":"62e5370a-2bf4-4734-8511-cc798825f062","secret_permissions":["Get","Set","List","Delete","Purge","Recover"],"storage_permissions":null,"tenant_id":"e66e77b4-5724-44d7-8721-06df160450ce"},{"application_id":null,"certificate_permissions":["Get"],"key_permissions":["Get","Create","List","Delete","Purge","Recover","SetRotationPolicy","GetRotationPolicy"],"secret_permissions":["Get","Set","List","Delete","Purge","Recover"],"storage_permissions":null,"tenant_id":"e66e77b4-5724-44d7-8721-06df160450ce"},{"application_id":null,"certificate_permissions":["Get"],"key_permissions":["Get","Create","List","Delete","Purge","Recover","SetRotationPolicy","GetRotationPolicy"],"secret_permissions":["Get","Set","List","Delete","Purge","Recover"],"storage_permissions":null,"tenant_id":"e66e77b4-5724-44d7-8721-06df160450ce"}],"enable_rbac_authorization":null,"enabled_for_deployment":null,"enabled_for_disk_encryption":true,"enabled_for_template_deployment":null,"location":"eastus","name":"myKeyVault-10888","public_network_access_enabled":true,"purge_protection_enabled":false,"resource_group_name":"ecommerce-resources","sku_name":"standard","soft_delete_retention_days":7,"tags":null,"tenant_id":"e66e77b4-5724-44d7-8721-06df160450ce","timeouts":null},"sensitive_values":{"access_policy":[{"certificate_permissions":[false],"key_permissions":[false,false,false,false,false,false,false,false],"secret_permissions":[false,false,false,false,false,false]},{"certificate_permissions":[false],"key_permissions":[false,false,false,false,false,false,false,false],"secret_permissions":[false,false,false,false,false,false]},{"certificate_permissions":[false],"key_permissions":[false,false,false,false,false,false,false,false],"secret_permissions":[false,false,false,false,false,false]}],"contact":[],"network_acls":[]}},{"address":"module.key_vault.azurerm_key_vault_secret.key_vault_secret[0]","mode":"managed","type":"azurerm_key_vault_secret","name":"key_vault_secret","index":0,"provider_name":"registry.terraform.io/hashicorp/azurerm","schema_version":0,"values":{"content_type":null,"expiration_date":null,"name":"NEXT-PUBLIC-CLERK-PUBLISHABLE-KEY","not_before_date":null,"tags":null,"timeouts":null,"value":"pk_test_Y2FwaXRhbC1odW1wYmFjay01NC5jbGVyay5hY2NvdW50cy5kZXYk"},"sensitive_values":{"value":true}},{"address":"module.key_vault.azurerm_key_vault_secret.key_vault_secret[10]","mode":"managed","type":"azurerm_key_vault_secret","name":"key_vault_secret","index":10,"provider_name":"registry.terraform.io/hashicorp/azurerm","schema_version":0,"values":{"content_type":null,"expiration_date":null,"name":"STRIPE-WEBHOOK-SECRET","not_before_date":null,"tags":null,"timeouts":null,"value":"whsec_d78b83441dd891931db532bfccd6a04e94d473efb5f4bcca45672cb2dfbc251a"},"sensitive_values":{"value":true}},{"address":"module.key_vault.azurerm_key_vault_secret.key_vault_secret[11]","mode":"managed","type":"azurerm_key_vault_secret","name":"key_vault_secret","index":11,"provider_name":"registry.terraform.io/hashicorp/azurerm","schema_version":0,"values":{"content_type":null,"expiration_date":null,"name":"NEXT-PUBLIC-API-URL","not_before_date":null,"tags":null,"timeouts":null,"value":"http://admin-e-commerce-admin.e-commerce.svc.cluster.local:3000/api/e4842c25-047e-450d-bdda-2cc42a4bec6d"},"sensitive_values":{"value":true}},{"address":"module.key_vault.azurerm_key_vault_secret.key_vault_secret[1]","mode":"managed","type":"azurerm_key_vault_secret","name":"key_vault_secret","index":1,"provider_name":"registry.terraform.io/hashicorp/azurerm","schema_version":0,"values":{"content_type":null,"expiration_date":null,"name":"CLERK-SECRET-KEY","not_before_date":null,"tags":null,"timeouts":null,"value":"sk_test_M41hUtSCghLofhQpfdby0kGTY6j06Aa1SpJuC3HVnA"},"sensitive_values":{"value":true}},{"address":"module.key_vault.azurerm_key_vault_secret.key_vault_secret[2]","mode":"managed","type":"azurerm_key_vault_secret","name":"key_vault_secret","index":2,"provider_name":"registry.terraform.io/hashicorp/azurerm","schema_version":0,"values":{"content_type":null,"expiration_date":null,"name":"NEXT-PUBLIC-CLERK-SIGN-IN-URL","not_before_date":null,"tags":null,"timeouts":null,"value":"/sign-in"},"sensitive_values":{"value":true}},{"address":"module.key_vault.azurerm_key_vault_secret.key_vault_secret[3]","mode":"managed","type":"azurerm_key_vault_secret","name":"key_vault_secret","index":3,"provider_name":"registry.terraform.io/hashicorp/azurerm","schema_version":0,"values":{"content_type":null,"expiration_date":null,"name":"NEXT-PUBLIC-CLERK-AFTER-SIGN-IN-URL","not_before_date":null,"tags":null,"timeouts":null,"value":"/"},"sensitive_values":{"value":true}},{"address":"module.key_vault.azurerm_key_vault_secret.key_vault_secret[4]","mode":"managed","type":"azurerm_key_vault_secret","name":"key_vault_secret","index":4,"provider_name":"registry.terraform.io/hashicorp/azurerm","schema_version":0,"values":{"content_type":null,"expiration_date":null,"name":"DATABASE-URL","not_before_date":null,"tags":null,"timeouts":null,"value":"mysql://admin:Pass123.@mysql-server.databases.svc.cluster.local:3306/ecommerce_db"},"sensitive_values":{"value":true}},{"address":"module.key_vault.azurerm_key_vault_secret.key_vault_secret[5]","mode":"managed","type":"azurerm_key_vault_secret","name":"key_vault_secret","index":5,"provider_name":"registry.terraform.io/hashicorp/azurerm","schema_version":0,"values":{"content_type":null,"expiration_date":null,"name":"NEXT-PUBLIC-CLOUDINARY-CLOUD-NAME","not_before_date":null,"tags":null,"timeouts":null,"value":"dlviqeipm"},"sensitive_values":{"value":true}},{"address":"module.key_vault.azurerm_key_vault_secret.key_vault_secret[6]","mode":"managed","type":"azurerm_key_vault_secret","name":"key_vault_secret","index":6,"provider_name":"registry.terraform.io/hashicorp/azurerm","schema_version":0,"values":{"content_type":null,"expiration_date":null,"name":"NEXT-PUBLIC-CLERK-SIGN-UP-URL","not_before_date":null,"tags":null,"timeouts":null,"value":"/sign-up"},"sensitive_values":{"value":true}},{"address":"module.key_vault.azurerm_key_vault_secret.key_vault_secret[7]","mode":"managed","type":"azurerm_key_vault_secret","name":"key_vault_secret","index":7,"provider_name":"registry.terraform.io/hashicorp/azurerm","schema_version":0,"values":{"content_type":null,"expiration_date":null,"name":"NEXT-PUBLIC-CLERK-AFTER-SIGN-UP-URL","not_before_date":null,"tags":null,"timeouts":null,"value":"/"},"sensitive_values":{"value":true}},{"address":"module.key_vault.azurerm_key_vault_secret.key_vault_secret[8]","mode":"managed","type":"azurerm_key_vault_secret","name":"key_vault_secret","index":8,"provider_name":"registry.terraform.io/hashicorp/azurerm","schema_version":0,"values":{"content_type":null,"expiration_date":null,"name":"FRONTEND-STORE-URL","not_before_date":null,"tags":null,"timeouts":null,"value":"http://store-ecommerce-store.e-commerce.svc.cluster.local:3001"},"sensitive_values":{"value":true}},{"address":"module.key_vault.azurerm_key_vault_secret.key_vault_secret[9]","mode":"managed","type":"azurerm_key_vault_secret","name":"key_vault_secret","index":9,"provider_name":"registry.terraform.io/hashicorp/azurerm","schema_version":0,"values":{"content_type":null,"expiration_date":null,"name":"STRIPE-API-KEY","not_before_date":null,"tags":null,"timeouts":null,"value":"sk_test_51Owc1jRrb328b1F6XFoBh6eQPDlB3lYK7UwHUVKpqnTtbuN8i7C5sSbSFpeAqIgikjCEO31v8GINtk2RYyBySKdT006G0kdxsM"},"sensitive_values":{"value":true}},{"address":"module.key_vault.azurerm_key_vault_secret.linuxVM-pswd","mode":"managed","type":"azurerm_key_vault_secret","name":"linuxVM-pswd","provider_name":"registry.terraform.io/hashicorp/azurerm","schema_version":0,"values":{"content_type":null,"expiration_date":null,"name":"linuxVM-pswd","not_before_date":null,"tags":null,"timeouts":null},"sensitive_values":{"value":true}},{"address":"module.key_vault.random_password.rndm-pswd","mode":"managed","type":"random_password","name":"rndm-pswd","provider_name":"registry.terraform.io/hashicorp/random","schema_version":3,"values":{"keepers":null,"length":18,"lower":true,"min_lower":2,"min_numeric":2,"min_special":4,"min_upper":2,"number":true,"numeric":true,"override_special":"!#$%\u0026*()-_=+[]{}\u003c\u003e:?","special":true,"upper":true},"sensitive_values":{"bcrypt_hash":true,"result":true}}],"address":"module.key_vault"},{"resources":[{"address":"module.me.azurerm_user_assigned_identity.myIdentity","mode":"managed","type":"azurerm_user_assigned_identity","name":"myIdentity","provider_name":"registry.terraform.io/hashicorp/azurerm","schema_version":1,"values":{"location":"eastus","name":"myUserIdentity","resource_group_name":"ecommerce-resources","tags":null,"timeouts":null},"sensitive_values":{}}],"address":"module.me"},{"resources":[{"address":"module.networks.azurerm_public_ip.pIp","mode":"managed","type":"azurerm_public_ip","name":"pIp","provider_name":"registry.terraform.io/hashicorp/azurerm","schema_version":0,"values":{"allocation_method":"Static","ddos_protection_mode":"VirtualNetworkInherited","ddos_protection_plan_id":null,"domain_name_label":null,"edge_zone":null,"idle_timeout_in_minutes":4,"ip_tags":null,"ip_version":"IPv4","location":"eastus","name":"gatewayTestIpPublic","public_ip_prefix_id":null,"resource_group_name":"ecommerce-resources","reverse_fqdn":null,"sku":"Standard","sku_tier":"Regional","tags":null,"timeouts":null,"zones":null},"sensitive_values":{}},{"address":"module.networks.azurerm_subnet.api_gateway_subnet","mode":"managed","type":"azurerm_subnet","name":"api_gateway_subnet","provider_name":"registry.terraform.io/hashicorp/azurerm","schema_version":0,"values":{"address_prefixes":["10.1.1.0/24"],"default_outbound_access_enabled":true,"delegation":[],"name":"api_gtw_subnet","resource_group_name":"ecommerce-resources","service_endpoint_policy_ids":null,"service_endpoints":null,"timeouts":null,"virtual_network_name":"api-gtw-vnet"},"sensitive_values":{"address_prefixes":[false],"delegation":[]}},{"address":"module.networks.azurerm_subnet.bastion_subnet","mode":"managed","type":"azurerm_subnet","name":"bastion_subnet","provider_name":"registry.terraform.io/hashicorp/azurerm","schema_version":0,"values":{"address_prefixes":["10.2.2.0/24"],"default_outbound_access_enabled":true,"delegation":[],"name":"AzureBastionSubnet","resource_group_name":"ecommerce-resources","service_endpoint_policy_ids":null,"service_endpoints":null,"timeouts":null,"virtual_network_name":"cluster-vnet"},"sensitive_values":{"address_prefixes":[false],"delegation":[]}},{"address":"module.networks.azurerm_subnet.kubernetes_cluster_subnet","mode":"managed","type":"azurerm_subnet","name":"kubernetes_cluster_subnet","provider_name":"registry.terraform.io/hashicorp/azurerm","schema_version":0,"values":{"address_prefixes":["10.2.1.0/24"],"default_outbound_access_enabled":true,"delegation":[],"name":"cluster_subnet","resource_group_name":"ecommerce-resources","service_endpoint_policy_ids":null,"service_endpoints":null,"timeouts":null,"virtual_network_name":"cluster-vnet"},"sensitive_values":{"address_prefixes":[false],"delegation":[]}},{"address":"module.networks.azurerm_virtual_network.vnet_api_gtw","mode":"managed","type":"azurerm_virtual_network","name":"vnet_api_gtw","provider_name":"registry.terraform.io/hashicorp/azurerm","schema_version":0,"values":{"address_space":["10.1.0.0/16"],"bgp_community":null,"ddos_protection_plan":[],"edge_zone":null,"encryption":[],"flow_timeout_in_minutes":null,"location":"eastus","name":"api-gtw-vnet","resource_group_name":"ecommerce-resources","tags":null,"timeouts":null},"sensitive_values":{"address_space":[false],"ddos_protection_plan":[],"dns_servers":[],"encryption":[],"subnet":[]}},{"address":"module.networks.azurerm_virtual_network.vnet_cluster","mode":"managed","type":"azurerm_virtual_network","name":"vnet_cluster","provider_name":"registry.terraform.io/hashicorp/azurerm","schema_version":0,"values":{"address_space":["10.2.0.0/16"],"bgp_community":null,"ddos_protection_plan":[],"edge_zone":null,"encryption":[],"flow_timeout_in_minutes":null,"location":"eastus","name":"cluster-vnet","resource_group_name":"ecommerce-resources","tags":null,"timeouts":null},"sensitive_values":{"address_space":[false],"ddos_protection_plan":[],"dns_servers":[],"encryption":[],"subnet":[]}},{"address":"module.networks.azurerm_virtual_network_peering.api_gtw_to_cluster","mode":"managed","type":"azurerm_virtual_network_peering","name":"api_gtw_to_cluster","provider_name":"registry.terraform.io/hashicorp/azurerm","schema_version":0,"values":{"allow_forwarded_traffic":false,"allow_gateway_transit":false,"allow_virtual_network_access":true,"local_subnet_names":null,"name":"peering-api-gtw-to-cluster","only_ipv6_peering_enabled":null,"peer_complete_virtual_networks_enabled":true,"remote_subnet_names":null,"resource_group_name":"ecommerce-resources","timeouts":null,"triggers":null,"use_remote_gateways":false,"virtual_network_name":"api-gtw-vnet"},"sensitive_values":{}},{"address":"module.networks.azurerm_virtual_network_peering.cluster_to_api_gtw","mode":"managed","type":"azurerm_virtual_network_peering","name":"cluster_to_api_gtw","provider_name":"registry.terraform.io/hashicorp/azurerm","schema_version":0,"values":{"allow_forwarded_traffic":false,"allow_gateway_transit":false,"allow_virtual_network_access":true,"local_subnet_names":null,"name":"peering-cluster-to-api-gtw","only_ipv6_peering_enabled":null,"peer_complete_virtual_networks_enabled":true,"remote_subnet_names":null,"resource_group_name":"ecommerce-resources","timeouts":null,"triggers":null,"use_remote_gateways":false,"virtual_network_name":"cluster-vnet"},"sensitive_values":{}}],"address":"module.networks"},{"resources":[{"address":"module.resource_group.azurerm_resource_group.rg","mode":"managed","type":"azurerm_resource_group","name":"rg","provider_name":"registry.terraform.io/hashicorp/azurerm","schema_version":0,"values":{"location":"eastus","managed_by":null,"name":"ecommerce-resources","tags":null,"timeouts":null},"sensitive_values":{}}],"address":"module.resource_group"},{"resources":[{"address":"module.security.azurerm_network_security_group.aks_nsg","mode":"managed","type":"azurerm_network_security_group","name":"aks_nsg","provider_name":"registry.terraform.io/hashicorp/azurerm","schema_version":0,"values":{"location":"eastus","name":"aks_nsg","resource_group_name":"ecommerce-resources","security_rule":[{"access":"Allow","description":"","destination_address_prefix":"*","destination_address_prefixes":[],"destination_application_security_group_ids":[],"destination_port_range":"22","destination_port_ranges":[],"direction":"Inbound","name":"AllowSSHFromBastion","priority":1000,"protocol":"Tcp","source_address_prefix":"10.2.2.0/24","source_address_prefixes":[],"source_application_security_group_ids":[],"source_port_range":"*","source_port_ranges":[]}],"tags":null,"timeouts":null},"sensitive_values":{"security_rule":[{"destination_address_prefixes":[],"destination_application_security_group_ids":[],"destination_port_ranges":[],"source_address_prefixes":[],"source_application_security_group_ids":[],"source_port_ranges":[]}]}},{"address":"module.security.azurerm_subnet_network_security_group_association.aks_subnet_nsg_assoc","mode":"managed","type":"azurerm_subnet_network_security_group_association","name":"aks_subnet_nsg_assoc","provider_name":"registry.terraform.io/hashicorp/azurerm","schema_version":0,"values":{"timeouts":null},"sensitive_values":{}}],"address":"module.security"}]}},"resource_changes":[{"address":"module.apigtw.azurerm_application_gateway.api","module_address":"module.apigtw","mode":"managed","type":"azurerm_application_gateway","name":"api","provider_name":"registry.terraform.io/hashicorp/azurerm","change":{"actions":["create"],"before":null,"after":{"authentication_certificate":[],"autoscale_configuration":[],"backend_address_pool":[{"fqdns":[],"ip_addresses":[],"name":"backendPool"}],"backend_http_settings":[{"affinity_cookie_name":"","authentication_certificate":[],"connection_draining":[],"cookie_based_affinity":"Disabled","host_name":"","name":"backendHttpSettings","path":"","pick_host_name_from_backend_address":false,"port":80,"probe_name":"","protocol":"Http","request_timeout":120,"trusted_root_certificate_names":[]}],"custom_error_configuration":[],"enable_http2":null,"fips_enabled":null,"firewall_policy_id":null,"force_firewall_policy_association":null,"frontend_ip_configuration":[{"name":"frontendConfig","private_ip_address_allocation":"Dynamic","private_link_configuration_name":null,"subnet_id":null}],"frontend_port":[{"name":"frontendPort","port":80}],"gateway_ip_configuration":[{"name":"appGatewayIpConfig"}],"global":[],"http_listener":[{"custom_error_configuration":[],"firewall_policy_id":"","frontend_ip_configuration_name":"frontendConfig","frontend_port_name":"frontendPort","host_name":"","host_names":[],"name":"httpListener","protocol":"Http","require_sni":null,"ssl_certificate_name":"","ssl_profile_name":""}],"identity":[],"location":"eastus","name":"apiGatewayUnique","private_link_configuration":[],"probe":[],"redirect_configuration":[],"request_routing_rule":[{"backend_address_pool_name":"backendPool","backend_http_settings_name":"backendHttpSettings","http_listener_name":"httpListener","name":"routingRule","priority":9,"redirect_configuration_name":"","rewrite_rule_set_name":"","rule_type":"Basic","url_path_map_name":""}],"resource_group_name":"ecommerce-resources","rewrite_rule_set":[],"sku":[{"capacity":2,"name":"Standard_v2","tier":"Standard_v2"}],"ssl_certificate":[],"ssl_profile":[],"tags":null,"timeouts":null,"trusted_client_certificate":[],"trusted_root_certificate":[],"url_path_map":[],"waf_configuration":[],"zones":null},"after_unknown":{"authentication_certificate":[],"autoscale_configuration":[],"backend_address_pool":[{"fqdns":[],"id":true,"ip_addresses":[]}],"backend_http_settings":[{"authentication_certificate":[],"connection_draining":[],"id":true,"probe_id":true,"trusted_root_certificate_names":[]}],"custom_error_configuration":[],"frontend_ip_configuration":[{"id":true,"private_ip_address":true,"private_link_configuration_id":true,"public_ip_address_id":true}],"frontend_port":[{"id":true}],"gateway_ip_configuration":[{"id":true,"subnet_id":true}],"global":[],"http_listener":[{"custom_error_configuration":[],"frontend_ip_configuration_id":true,"frontend_port_id":true,"host_names":[],"id":true,"ssl_certificate_id":true,"ssl_profile_id":true}],"id":true,"identity":[],"private_endpoint_connection":true,"private_link_configuration":[],"probe":[],"redirect_configuration":[],"request_routing_rule":[{"backend_address_pool_id":true,"backend_http_settings_id":true,"http_listener_id":true,"id":true,"redirect_configuration_id":true,"rewrite_rule_set_id":true,"url_path_map_id":true}],"rewrite_rule_set":[],"sku":[{}],"ssl_certificate":[],"ssl_policy":true,"ssl_profile":[],"trusted_client_certificate":[],"trusted_root_certificate":[],"url_path_map":[],"waf_configuration":[]},"before_sensitive":false,"after_sensitive":{"authentication_certificate":[],"autoscale_configuration":[],"backend_address_pool":[{"fqdns":[],"ip_addresses":[]}],"backend_http_settings":[{"authentication_certificate":[],"connection_draining":[],"trusted_root_certificate_names":[]}],"custom_error_configuration":[],"frontend_ip_configuration":[{}],"frontend_port":[{}],"gateway_ip_configuration":[{}],"global":[],"http_listener":[{"custom_error_configuration":[],"host_names":[]}],"identity":[],"private_endpoint_connection":[],"private_link_configuration":[],"probe":[],"redirect_configuration":[],"request_routing_rule":[{}],"rewrite_rule_set":[],"sku":[{}],"ssl_certificate":[],"ssl_policy":[],"ssl_profile":[],"trusted_client_certificate":[],"trusted_root_certificate":[],"url_path_map":[],"waf_configuration":[]}}},{"address":"module.bastion.azurerm_bastion_host.bastion","module_address":"module.bastion","mode":"managed","type":"azurerm_bastion_host","name":"bastion","provider_name":"registry.terraform.io/hashicorp/azurerm","change":{"actions":["create"],"before":null,"after":{"copy_paste_enabled":true,"file_copy_enabled":false,"ip_configuration":[{"name":"configuration"}],"ip_connect_enabled":false,"kerberos_enabled":false,"location":"eastus","name":"bastion_admin_ecommerce","resource_group_name":"ecommerce-resources","scale_units":2,"shareable_link_enabled":false,"sku":"Basic","tags":null,"timeouts":null,"tunneling_enabled":false,"virtual_network_id":null},"after_unknown":{"dns_name":true,"id":true,"ip_configuration":[{"public_ip_address_id":true,"subnet_id":true}]},"before_sensitive":false,"after_sensitive":{"ip_configuration":[{}]}}},{"address":"module.bastion.azurerm_public_ip.bastion","module_address":"module.bastion","mode":"managed","type":"azurerm_public_ip","name":"bastion","provider_name":"registry.terraform.io/hashicorp/azurerm","change":{"actions":["create"],"before":null,"after":{"allocation_method":"Static","ddos_protection_mode":"VirtualNetworkInherited","ddos_protection_plan_id":null,"domain_name_label":null,"edge_zone":null,"idle_timeout_in_minutes":4,"ip_tags":null,"ip_version":"IPv4","location":"eastus","name":"bastion_admin_ecommerce-pip","public_ip_prefix_id":null,"resource_group_name":"ecommerce-resources","reverse_fqdn":null,"sku":"Standard","sku_tier":"Regional","tags":null,"timeouts":null,"zones":null},"after_unknown":{"fqdn":true,"id":true,"ip_address":true},"before_sensitive":false,"after_sensitive":{}}},{"address":"module.cluster.azurerm_kubernetes_cluster.k8s","module_address":"module.cluster","mode":"managed","type":"azurerm_kubernetes_cluster","name":"k8s","provider_name":"registry.terraform.io/hashicorp/azurerm","change":{"actions":["create"],"before":null,"after":{"aci_connector_linux":[],"automatic_channel_upgrade":null,"azure_active_directory_role_based_access_control":[],"azure_policy_enabled":null,"confidential_computing":[],"cost_analysis_enabled":null,"custom_ca_trust_certificates_base64":null,"default_node_pool":[{"capacity_reservation_group_id":null,"custom_ca_trust_enabled":null,"enable_auto_scaling":null,"enable_host_encryption":null,"enable_node_public_ip":null,"fips_enabled":null,"gpu_instance":null,"host_group_id":null,"kubelet_config":[],"linux_os_config":[],"max_count":null,"message_of_the_day":null,"min_count":null,"name":"default","node_count":1,"node_network_profile":[],"node_public_ip_prefix_id":null,"node_taints":null,"only_critical_addons_enabled":null,"os_disk_type":"Managed","pod_subnet_id":null,"proximity_placement_group_id":null,"scale_down_mode":"Delete","snapshot_id":null,"tags":null,"temporary_name_for_rotation":null,"type":"VirtualMachineScaleSets","ultra_ssd_enabled":false,"upgrade_settings":[],"vm_size":"Standard_D2_v2","zones":null}],"disk_encryption_set_id":null,"dns_prefix":"mydns","dns_prefix_private_cluster":null,"edge_zone":null,"enable_pod_security_policy":null,"http_application_routing_enabled":null,"http_proxy_config":[],"identity":[{"identity_ids":null,"type":"SystemAssigned"}],"image_cleaner_enabled":false,"image_cleaner_interval_hours":48,"ingress_application_gateway":[],"key_management_service":[],"key_vault_secrets_provider":[{"secret_rotation_enabled":true,"secret_rotation_interval":"2m"}],"linux_profile":[],"local_account_disabled":null,"location":"eastus","maintenance_window":[],"maintenance_window_auto_upgrade":[],"maintenance_window_node_os":[],"microsoft_defender":[],"monitor_metrics":[],"name":"myK8sCluster","network_profile":[{"load_balancer_sku":"standard","network_plugin":"azure","network_plugin_mode":null,"network_policy":"azure","outbound_type":"loadBalancer"}],"node_os_channel_upgrade":null,"oidc_issuer_enabled":null,"oms_agent":[],"open_service_mesh_enabled":null,"private_cluster_enabled":false,"private_cluster_public_fqdn_enabled":false,"public_network_access_enabled":true,"resource_group_name":"ecommerce-resources","role_based_access_control_enabled":true,"run_command_enabled":true,"service_mesh_profile":[],"service_principal":[],"sku_tier":"Free","storage_profile":[],"support_plan":"KubernetesOfficial","tags":{"Environment":"Production"},"timeouts":null,"web_app_routing":[],"workload_autoscaler_profile":[],"workload_identity_enabled":false},"after_unknown":{"aci_connector_linux":[],"api_server_access_profile":true,"api_server_authorized_ip_ranges":true,"auto_scaler_profile":true,"azure_active_directory_role_based_access_control":[],"confidential_computing":[],"current_kubernetes_version":true,"default_node_pool":[{"kubelet_config":[],"kubelet_disk_type":true,"linux_os_config":[],"max_pods":true,"node_labels":true,"node_network_profile":[],"orchestrator_version":true,"os_disk_size_gb":true,"os_sku":true,"upgrade_settings":[],"vnet_subnet_id":true,"workload_runtime":true}],"fqdn":true,"http_application_routing_zone_name":true,"http_proxy_config":[],"id":true,"identity":[{"principal_id":true,"tenant_id":true}],"ingress_application_gateway":[],"key_management_service":[],"key_vault_secrets_provider":[{"secret_identity":true}],"kube_admin_config":true,"kube_admin_config_raw":true,"kube_config":true,"kube_config_raw":true,"kubelet_identity":true,"kubernetes_version":true,"linux_profile":[],"maintenance_window":[],"maintenance_window_auto_upgrade":[],"maintenance_window_node_os":[],"microsoft_defender":[],"monitor_metrics":[],"network_profile":[{"dns_service_ip":true,"docker_bridge_cidr":true,"ebpf_data_plane":true,"ip_versions":true,"load_balancer_profile":true,"nat_gateway_profile":true,"network_data_plane":true,"network_mode":true,"outbound_ip_address_ids":true,"outbound_ip_prefix_ids":true,"pod_cidr":true,"pod_cidrs":true,"service_cidr":true,"service_cidrs":true}],"node_resource_group":true,"node_resource_group_id":true,"oidc_issuer_url":true,"oms_agent":[],"portal_fqdn":true,"private_dns_zone_id":true,"private_fqdn":true,"service_mesh_profile":[],"service_principal":[],"storage_profile":[],"tags":{},"web_app_routing":[],"windows_profile":true,"workload_autoscaler_profile":[]},"before_sensitive":false,"after_sensitive":{"aci_connector_linux":[],"api_server_access_profile":[],"api_server_authorized_ip_ranges":[],"auto_scaler_profile":[],"azure_active_directory_role_based_access_control":[],"confidential_computing":[],"default_node_pool":[{"kubelet_config":[],"linux_os_config":[],"node_labels":{},"node_network_profile":[],"upgrade_settings":[]}],"http_proxy_config":[],"identity":[{}],"ingress_application_gateway":[],"key_management_service":[],"key_vault_secrets_provider":[{"secret_identity":[]}],"kube_admin_config":true,"kube_admin_config_raw":true,"kube_config":true,"kube_config_raw":true,"kubelet_identity":[],"linux_profile":[],"maintenance_window":[],"maintenance_window_auto_upgrade":[],"maintenance_window_node_os":[],"microsoft_defender":[],"monitor_metrics":[],"network_profile":[{"ip_versions":[],"load_balancer_profile":[],"nat_gateway_profile":[],"outbound_ip_address_ids":[],"outbound_ip_prefix_ids":[],"pod_cidrs":[],"service_cidrs":[]}],"oms_agent":[],"service_mesh_profile":[],"service_principal":[],"storage_profile":[],"tags":{},"web_app_routing":[],"windows_profile":[],"workload_autoscaler_profile":[]}}},{"address":"module.container_registry.azurerm_container_registry.acrk8s","module_address":"module.container_registry","mode":"managed","type":"azurerm_container_registry","name":"acrk8s","provider_name":"registry.terraform.io/hashicorp/azurerm","change":{"actions":["create"],"before":null,"after":{"admin_enabled":false,"anonymous_pull_enabled":null,"data_endpoint_enabled":null,"export_policy_enabled":true,"georeplications":[],"identity":[],"location":"eastus","name":"containerRegistryUnique","network_rule_bypass_option":"AzureServices","public_network_access_enabled":true,"quarantine_policy_enabled":null,"resource_group_name":"ecommerce-resources","sku":"Standard","tags":null,"timeouts":null,"zone_redundancy_enabled":false},"after_unknown":{"admin_password":true,"admin_username":true,"encryption":true,"georeplications":[],"id":true,"identity":[],"login_server":true,"network_rule_set":true,"retention_policy":true,"trust_policy":true},"before_sensitive":false,"after_sensitive":{"admin_password":true,"encryption":[],"georeplications":[],"identity":[],"network_rule_set":[],"retention_policy":[],"trust_policy":[]}}},{"address":"module.key_vault.azurerm_key_vault.key_vault","module_address":"module.key_vault","mode":"managed","type":"azurerm_key_vault","name":"key_vault","provider_name":"registry.terraform.io/hashicorp/azurerm","change":{"actions":["create"],"before":null,"after":{"access_policy":[{"application_id":null,"certificate_permissions":["Get"],"key_permissions":["Get","Create","List","Delete","Purge","Recover","SetRotationPolicy","GetRotationPolicy"],"object_id":"62e5370a-2bf4-4734-8511-cc798825f062","secret_permissions":["Get","Set","List","Delete","Purge","Recover"],"storage_permissions":null,"tenant_id":"e66e77b4-5724-44d7-8721-06df160450ce"},{"application_id":null,"certificate_permissions":["Get"],"key_permissions":["Get","Create","List","Delete","Purge","Recover","SetRotationPolicy","GetRotationPolicy"],"secret_permissions":["Get","Set","List","Delete","Purge","Recover"],"storage_permissions":null,"tenant_id":"e66e77b4-5724-44d7-8721-06df160450ce"},{"application_id":null,"certificate_permissions":["Get"],"key_permissions":["Get","Create","List","Delete","Purge","Recover","SetRotationPolicy","GetRotationPolicy"],"secret_permissions":["Get","Set","List","Delete","Purge","Recover"],"storage_permissions":null,"tenant_id":"e66e77b4-5724-44d7-8721-06df160450ce"}],"enable_rbac_authorization":null,"enabled_for_deployment":null,"enabled_for_disk_encryption":true,"enabled_for_template_deployment":null,"location":"eastus","name":"myKeyVault-10888","public_network_access_enabled":true,"purge_protection_enabled":false,"resource_group_name":"ecommerce-resources","sku_name":"standard","soft_delete_retention_days":7,"tags":null,"tenant_id":"e66e77b4-5724-44d7-8721-06df160450ce","timeouts":null},"after_unknown":{"access_policy":[{"certificate_permissions":[false],"key_permissions":[false,false,false,false,false,false,false,false],"secret_permissions":[false,false,false,false,false,false]},{"certificate_permissions":[false],"key_permissions":[false,false,false,false,false,false,false,false],"object_id":true,"secret_permissions":[false,false,false,false,false,false]},{"certificate_permissions":[false],"key_permissions":[false,false,false,false,false,false,false,false],"object_id":true,"secret_permissions":[false,false,false,false,false,false]}],"contact":true,"id":true,"network_acls":true,"vault_uri":true},"before_sensitive":false,"after_sensitive":{"access_policy":[{"certificate_permissions":[false],"key_permissions":[false,false,false,false,false,false,false,false],"secret_permissions":[false,false,false,false,false,false]},{"certificate_permissions":[false],"key_permissions":[false,false,false,false,false,false,false,false],"secret_permissions":[false,false,false,false,false,false]},{"certificate_permissions":[false],"key_permissions":[false,false,false,false,false,false,false,false],"secret_permissions":[false,false,false,false,false,false]}],"contact":[],"network_acls":[]}}},{"address":"module.key_vault.azurerm_key_vault_secret.key_vault_secret[0]","module_address":"module.key_vault","mode":"managed","type":"azurerm_key_vault_secret","name":"key_vault_secret","index":0,"provider_name":"registry.terraform.io/hashicorp/azurerm","change":{"actions":["create"],"before":null,"after":{"content_type":null,"expiration_date":null,"name":"NEXT-PUBLIC-CLERK-PUBLISHABLE-KEY","not_before_date":null,"tags":null,"timeouts":null,"value":"pk_test_Y2FwaXRhbC1odW1wYmFjay01NC5jbGVyay5hY2NvdW50cy5kZXYk"},"after_unknown":{"id":true,"key_vault_id":true,"resource_id":true,"resource_versionless_id":true,"version":true,"versionless_id":true},"before_sensitive":false,"after_sensitive":{"value":true}}},{"address":"module.key_vault.azurerm_key_vault_secret.key_vault_secret[1]","module_address":"module.key_vault","mode":"managed","type":"azurerm_key_vault_secret","name":"key_vault_secret","index":1,"provider_name":"registry.terraform.io/hashicorp/azurerm","change":{"actions":["create"],"before":null,"after":{"content_type":null,"expiration_date":null,"name":"CLERK-SECRET-KEY","not_before_date":null,"tags":null,"timeouts":null,"value":"sk_test_M41hUtSCghLofhQpfdby0kGTY6j06Aa1SpJuC3HVnA"},"after_unknown":{"id":true,"key_vault_id":true,"resource_id":true,"resource_versionless_id":true,"version":true,"versionless_id":true},"before_sensitive":false,"after_sensitive":{"value":true}}},{"address":"module.key_vault.azurerm_key_vault_secret.key_vault_secret[2]","module_address":"module.key_vault","mode":"managed","type":"azurerm_key_vault_secret","name":"key_vault_secret","index":2,"provider_name":"registry.terraform.io/hashicorp/azurerm","change":{"actions":["create"],"before":null,"after":{"content_type":null,"expiration_date":null,"name":"NEXT-PUBLIC-CLERK-SIGN-IN-URL","not_before_date":null,"tags":null,"timeouts":null,"value":"/sign-in"},"after_unknown":{"id":true,"key_vault_id":true,"resource_id":true,"resource_versionless_id":true,"version":true,"versionless_id":true},"before_sensitive":false,"after_sensitive":{"value":true}}},{"address":"module.key_vault.azurerm_key_vault_secret.key_vault_secret[3]","module_address":"module.key_vault","mode":"managed","type":"azurerm_key_vault_secret","name":"key_vault_secret","index":3,"provider_name":"registry.terraform.io/hashicorp/azurerm","change":{"actions":["create"],"before":null,"after":{"content_type":null,"expiration_date":null,"name":"NEXT-PUBLIC-CLERK-AFTER-SIGN-IN-URL","not_before_date":null,"tags":null,"timeouts":null,"value":"/"},"after_unknown":{"id":true,"key_vault_id":true,"resource_id":true,"resource_versionless_id":true,"version":true,"versionless_id":true},"before_sensitive":false,"after_sensitive":{"value":true}}},{"address":"module.key_vault.azurerm_key_vault_secret.key_vault_secret[4]","module_address":"module.key_vault","mode":"managed","type":"azurerm_key_vault_secret","name":"key_vault_secret","index":4,"provider_name":"registry.terraform.io/hashicorp/azurerm","change":{"actions":["create"],"before":null,"after":{"content_type":null,"expiration_date":null,"name":"DATABASE-URL","not_before_date":null,"tags":null,"timeouts":null,"value":"mysql://admin:Pass123.@mysql-server.databases.svc.cluster.local:3306/ecommerce_db"},"after_unknown":{"id":true,"key_vault_id":true,"resource_id":true,"resource_versionless_id":true,"version":true,"versionless_id":true},"before_sensitive":false,"after_sensitive":{"value":true}}},{"address":"module.key_vault.azurerm_key_vault_secret.key_vault_secret[5]","module_address":"module.key_vault","mode":"managed","type":"azurerm_key_vault_secret","name":"key_vault_secret","index":5,"provider_name":"registry.terraform.io/hashicorp/azurerm","change":{"actions":["create"],"before":null,"after":{"content_type":null,"expiration_date":null,"name":"NEXT-PUBLIC-CLOUDINARY-CLOUD-NAME","not_before_date":null,"tags":null,"timeouts":null,"value":"dlviqeipm"},"after_unknown":{"id":true,"key_vault_id":true,"resource_id":true,"resource_versionless_id":true,"version":true,"versionless_id":true},"before_sensitive":false,"after_sensitive":{"value":true}}},{"address":"module.key_vault.azurerm_key_vault_secret.key_vault_secret[6]","module_address":"module.key_vault","mode":"managed","type":"azurerm_key_vault_secret","name":"key_vault_secret","index":6,"provider_name":"registry.terraform.io/hashicorp/azurerm","change":{"actions":["create"],"before":null,"after":{"content_type":null,"expiration_date":null,"name":"NEXT-PUBLIC-CLERK-SIGN-UP-URL","not_before_date":null,"tags":null,"timeouts":null,"value":"/sign-up"},"after_unknown":{"id":true,"key_vault_id":true,"resource_id":true,"resource_versionless_id":true,"version":true,"versionless_id":true},"before_sensitive":false,"after_sensitive":{"value":true}}},{"address":"module.key_vault.azurerm_key_vault_secret.key_vault_secret[7]","module_address":"module.key_vault","mode":"managed","type":"azurerm_key_vault_secret","name":"key_vault_secret","index":7,"provider_name":"registry.terraform.io/hashicorp/azurerm","change":{"actions":["create"],"before":null,"after":{"content_type":null,"expiration_date":null,"name":"NEXT-PUBLIC-CLERK-AFTER-SIGN-UP-URL","not_before_date":null,"tags":null,"timeouts":null,"value":"/"},"after_unknown":{"id":true,"key_vault_id":true,"resource_id":true,"resource_versionless_id":true,"version":true,"versionless_id":true},"before_sensitive":false,"after_sensitive":{"value":true}}},{"address":"module.key_vault.azurerm_key_vault_secret.key_vault_secret[8]","module_address":"module.key_vault","mode":"managed","type":"azurerm_key_vault_secret","name":"key_vault_secret","index":8,"provider_name":"registry.terraform.io/hashicorp/azurerm","change":{"actions":["create"],"before":null,"after":{"content_type":null,"expiration_date":null,"name":"FRONTEND-STORE-URL","not_before_date":null,"tags":null,"timeouts":null,"value":"http://store-ecommerce-store.e-commerce.svc.cluster.local:3001"},"after_unknown":{"id":true,"key_vault_id":true,"resource_id":true,"resource_versionless_id":true,"version":true,"versionless_id":true},"before_sensitive":false,"after_sensitive":{"value":true}}},{"address":"module.key_vault.azurerm_key_vault_secret.key_vault_secret[9]","module_address":"module.key_vault","mode":"managed","type":"azurerm_key_vault_secret","name":"key_vault_secret","index":9,"provider_name":"registry.terraform.io/hashicorp/azurerm","change":{"actions":["create"],"before":null,"after":{"content_type":null,"expiration_date":null,"name":"STRIPE-API-KEY","not_before_date":null,"tags":null,"timeouts":null,"value":"sk_test_51Owc1jRrb328b1F6XFoBh6eQPDlB3lYK7UwHUVKpqnTtbuN8i7C5sSbSFpeAqIgikjCEO31v8GINtk2RYyBySKdT006G0kdxsM"},"after_unknown":{"id":true,"key_vault_id":true,"resource_id":true,"resource_versionless_id":true,"version":true,"versionless_id":true},"before_sensitive":false,"after_sensitive":{"value":true}}},{"address":"module.key_vault.azurerm_key_vault_secret.key_vault_secret[10]","module_address":"module.key_vault","mode":"managed","type":"azurerm_key_vault_secret","name":"key_vault_secret","index":10,"provider_name":"registry.terraform.io/hashicorp/azurerm","change":{"actions":["create"],"before":null,"after":{"content_type":null,"expiration_date":null,"name":"STRIPE-WEBHOOK-SECRET","not_before_date":null,"tags":null,"timeouts":null,"value":"whsec_d78b83441dd891931db532bfccd6a04e94d473efb5f4bcca45672cb2dfbc251a"},"after_unknown":{"id":true,"key_vault_id":true,"resource_id":true,"resource_versionless_id":true,"version":true,"versionless_id":true},"before_sensitive":false,"after_sensitive":{"value":true}}},{"address":"module.key_vault.azurerm_key_vault_secret.key_vault_secret[11]","module_address":"module.key_vault","mode":"managed","type":"azurerm_key_vault_secret","name":"key_vault_secret","index":11,"provider_name":"registry.terraform.io/hashicorp/azurerm","change":{"actions":["create"],"before":null,"after":{"content_type":null,"expiration_date":null,"name":"NEXT-PUBLIC-API-URL","not_before_date":null,"tags":null,"timeouts":null,"value":"http://admin-e-commerce-admin.e-commerce.svc.cluster.local:3000/api/e4842c25-047e-450d-bdda-2cc42a4bec6d"},"after_unknown":{"id":true,"key_vault_id":true,"resource_id":true,"resource_versionless_id":true,"version":true,"versionless_id":true},"before_sensitive":false,"after_sensitive":{"value":true}}},{"address":"module.key_vault.azurerm_key_vault_secret.linuxVM-pswd","module_address":"module.key_vault","mode":"managed","type":"azurerm_key_vault_secret","name":"linuxVM-pswd","provider_name":"registry.terraform.io/hashicorp/azurerm","change":{"actions":["create"],"before":null,"after":{"content_type":null,"expiration_date":null,"name":"linuxVM-pswd","not_before_date":null,"tags":null,"timeouts":null},"after_unknown":{"id":true,"key_vault_id":true,"resource_id":true,"resource_versionless_id":true,"value":true,"version":true,"versionless_id":true},"before_sensitive":false,"after_sensitive":{"value":true}}},{"address":"module.key_vault.random_password.rndm-pswd","module_address":"module.key_vault","mode":"managed","type":"random_password","name":"rndm-pswd","provider_name":"registry.terraform.io/hashicorp/random","change":{"actions":["create"],"before":null,"after":{"keepers":null,"length":18,"lower":true,"min_lower":2,"min_numeric":2,"min_special":4,"min_upper":2,"number":true,"numeric":true,"override_special":"!#$%\u0026*()-_=+[]{}\u003c\u003e:?","special":true,"upper":true},"after_unknown":{"bcrypt_hash":true,"id":true,"result":true},"before_sensitive":false,"after_sensitive":{"bcrypt_hash":true,"result":true}}},{"address":"module.me.azurerm_user_assigned_identity.myIdentity","module_address":"module.me","mode":"managed","type":"azurerm_user_assigned_identity","name":"myIdentity","provider_name":"registry.terraform.io/hashicorp/azurerm","change":{"actions":["create"],"before":null,"after":{"location":"eastus","name":"myUserIdentity","resource_group_name":"ecommerce-resources","tags":null,"timeouts":null},"after_unknown":{"client_id":true,"id":true,"principal_id":true,"tenant_id":true},"before_sensitive":false,"after_sensitive":{}}},{"address":"module.networks.azurerm_public_ip.pIp","module_address":"module.networks","mode":"managed","type":"azurerm_public_ip","name":"pIp","provider_name":"registry.terraform.io/hashicorp/azurerm","change":{"actions":["create"],"before":null,"after":{"allocation_method":"Static","ddos_protection_mode":"VirtualNetworkInherited","ddos_protection_plan_id":null,"domain_name_label":null,"edge_zone":null,"idle_timeout_in_minutes":4,"ip_tags":null,"ip_version":"IPv4","location":"eastus","name":"gatewayTestIpPublic","public_ip_prefix_id":null,"resource_group_name":"ecommerce-resources","reverse_fqdn":null,"sku":"Standard","sku_tier":"Regional","tags":null,"timeouts":null,"zones":null},"after_unknown":{"fqdn":true,"id":true,"ip_address":true},"before_sensitive":false,"after_sensitive":{}}},{"address":"module.networks.azurerm_subnet.api_gateway_subnet","module_address":"module.networks","mode":"managed","type":"azurerm_subnet","name":"api_gateway_subnet","provider_name":"registry.terraform.io/hashicorp/azurerm","change":{"actions":["create"],"before":null,"after":{"address_prefixes":["10.1.1.0/24"],"default_outbound_access_enabled":true,"delegation":[],"name":"api_gtw_subnet","resource_group_name":"ecommerce-resources","service_endpoint_policy_ids":null,"service_endpoints":null,"timeouts":null,"virtual_network_name":"api-gtw-vnet"},"after_unknown":{"address_prefixes":[false],"delegation":[],"enforce_private_link_endpoint_network_policies":true,"enforce_private_link_service_network_policies":true,"id":true,"private_endpoint_network_policies":true,"private_endpoint_network_policies_enabled":true,"private_link_service_network_policies_enabled":true},"before_sensitive":false,"after_sensitive":{"address_prefixes":[false],"delegation":[]}}},{"address":"module.networks.azurerm_subnet.bastion_subnet","module_address":"module.networks","mode":"managed","type":"azurerm_subnet","name":"bastion_subnet","provider_name":"registry.terraform.io/hashicorp/azurerm","change":{"actions":["create"],"before":null,"after":{"address_prefixes":["10.2.2.0/24"],"default_outbound_access_enabled":true,"delegation":[],"name":"AzureBastionSubnet","resource_group_name":"ecommerce-resources","service_endpoint_policy_ids":null,"service_endpoints":null,"timeouts":null,"virtual_network_name":"cluster-vnet"},"after_unknown":{"address_prefixes":[false],"delegation":[],"enforce_private_link_endpoint_network_policies":true,"enforce_private_link_service_network_policies":true,"id":true,"private_endpoint_network_policies":true,"private_endpoint_network_policies_enabled":true,"private_link_service_network_policies_enabled":true},"before_sensitive":false,"after_sensitive":{"address_prefixes":[false],"delegation":[]}}},{"address":"module.networks.azurerm_subnet.kubernetes_cluster_subnet","module_address":"module.networks","mode":"managed","type":"azurerm_subnet","name":"kubernetes_cluster_subnet","provider_name":"registry.terraform.io/hashicorp/azurerm","change":{"actions":["create"],"before":null,"after":{"address_prefixes":["10.2.1.0/24"],"default_outbound_access_enabled":true,"delegation":[],"name":"cluster_subnet","resource_group_name":"ecommerce-resources","service_endpoint_policy_ids":null,"service_endpoints":null,"timeouts":null,"virtual_network_name":"cluster-vnet"},"after_unknown":{"address_prefixes":[false],"delegation":[],"enforce_private_link_endpoint_network_policies":true,"enforce_private_link_service_network_policies":true,"id":true,"private_endpoint_network_policies":true,"private_endpoint_network_policies_enabled":true,"private_link_service_network_policies_enabled":true},"before_sensitive":false,"after_sensitive":{"address_prefixes":[false],"delegation":[]}}},{"address":"module.networks.azurerm_virtual_network.vnet_api_gtw","module_address":"module.networks","mode":"managed","type":"azurerm_virtual_network","name":"vnet_api_gtw","provider_name":"registry.terraform.io/hashicorp/azurerm","change":{"actions":["create"],"before":null,"after":{"address_space":["10.1.0.0/16"],"bgp_community":null,"ddos_protection_plan":[],"edge_zone":null,"encryption":[],"flow_timeout_in_minutes":null,"location":"eastus","name":"api-gtw-vnet","resource_group_name":"ecommerce-resources","tags":null,"timeouts":null},"after_unknown":{"address_space":[false],"ddos_protection_plan":[],"dns_servers":true,"encryption":[],"guid":true,"id":true,"subnet":true},"before_sensitive":false,"after_sensitive":{"address_space":[false],"ddos_protection_plan":[],"dns_servers":[],"encryption":[],"subnet":[]}}},{"address":"module.networks.azurerm_virtual_network.vnet_cluster","module_address":"module.networks","mode":"managed","type":"azurerm_virtual_network","name":"vnet_cluster","provider_name":"registry.terraform.io/hashicorp/azurerm","change":{"actions":["create"],"before":null,"after":{"address_space":["10.2.0.0/16"],"bgp_community":null,"ddos_protection_plan":[],"edge_zone":null,"encryption":[],"flow_timeout_in_minutes":null,"location":"eastus","name":"cluster-vnet","resource_group_name":"ecommerce-resources","tags":null,"timeouts":null},"after_unknown":{"address_space":[false],"ddos_protection_plan":[],"dns_servers":true,"encryption":[],"guid":true,"id":true,"subnet":true},"before_sensitive":false,"after_sensitive":{"address_space":[false],"ddos_protection_plan":[],"dns_servers":[],"encryption":[],"subnet":[]}}},{"address":"module.networks.azurerm_virtual_network_peering.api_gtw_to_cluster","module_address":"module.networks","mode":"managed","type":"azurerm_virtual_network_peering","name":"api_gtw_to_cluster","provider_name":"registry.terraform.io/hashicorp/azurerm","change":{"actions":["create"],"before":null,"after":{"allow_forwarded_traffic":false,"allow_gateway_transit":false,"allow_virtual_network_access":true,"local_subnet_names":null,"name":"peering-api-gtw-to-cluster","only_ipv6_peering_enabled":null,"peer_complete_virtual_networks_enabled":true,"remote_subnet_names":null,"resource_group_name":"ecommerce-resources","timeouts":null,"triggers":null,"use_remote_gateways":false,"virtual_network_name":"api-gtw-vnet"},"after_unknown":{"id":true,"remote_virtual_network_id":true},"before_sensitive":false,"after_sensitive":{}}},{"address":"module.networks.azurerm_virtual_network_peering.cluster_to_api_gtw","module_address":"module.networks","mode":"managed","type":"azurerm_virtual_network_peering","name":"cluster_to_api_gtw","provider_name":"registry.terraform.io/hashicorp/azurerm","change":{"actions":["create"],"before":null,"after":{"allow_forwarded_traffic":false,"allow_gateway_transit":false,"allow_virtual_network_access":true,"local_subnet_names":null,"name":"peering-cluster-to-api-gtw","only_ipv6_peering_enabled":null,"peer_complete_virtual_networks_enabled":true,"remote_subnet_names":null,"resource_group_name":"ecommerce-resources","timeouts":null,"triggers":null,"use_remote_gateways":false,"virtual_network_name":"cluster-vnet"},"after_unknown":{"id":true,"remote_virtual_network_id":true},"before_sensitive":false,"after_sensitive":{}}},{"address":"module.resource_group.azurerm_resource_group.rg","module_address":"module.resource_group","mode":"managed","type":"azurerm_resource_group","name":"rg","provider_name":"registry.terraform.io/hashicorp/azurerm","change":{"actions":["create"],"before":null,"after":{"location":"eastus","managed_by":null,"name":"ecommerce-resources","tags":null,"timeouts":null},"after_unknown":{"id":true},"before_sensitive":false,"after_sensitive":{}}},{"address":"module.security.azurerm_network_security_group.aks_nsg","module_address":"module.security","mode":"managed","type":"azurerm_network_security_group","name":"aks_nsg","provider_name":"registry.terraform.io/hashicorp/azurerm","change":{"actions":["create"],"before":null,"after":{"location":"eastus","name":"aks_nsg","resource_group_name":"ecommerce-resources","security_rule":[{"access":"Allow","description":"","destination_address_prefix":"*","destination_address_prefixes":[],"destination_application_security_group_ids":[],"destination_port_range":"22","destination_port_ranges":[],"direction":"Inbound","name":"AllowSSHFromBastion","priority":1000,"protocol":"Tcp","source_address_prefix":"10.2.2.0/24","source_address_prefixes":[],"source_application_security_group_ids":[],"source_port_range":"*","source_port_ranges":[]}],"tags":null,"timeouts":null},"after_unknown":{"id":true,"security_rule":[{"destination_address_prefixes":[],"destination_application_security_group_ids":[],"destination_port_ranges":[],"source_address_prefixes":[],"source_application_security_group_ids":[],"source_port_ranges":[]}]},"before_sensitive":false,"after_sensitive":{"security_rule":[{"destination_address_prefixes":[],"destination_application_security_group_ids":[],"destination_port_ranges":[],"source_address_prefixes":[],"source_application_security_group_ids":[],"source_port_ranges":[]}]}}},{"address":"module.security.azurerm_subnet_network_security_group_association.aks_subnet_nsg_assoc","module_address":"module.security","mode":"managed","type":"azurerm_subnet_network_security_group_association","name":"aks_subnet_nsg_assoc","provider_name":"registry.terraform.io/hashicorp/azurerm","change":{"actions":["create"],"before":null,"after":{"timeouts":null},"after_unknown":{"id":true,"network_security_group_id":true,"subnet_id":true},"before_sensitive":false,"after_sensitive":{}}}],"prior_state":{"format_version":"1.0","terraform_version":"1.9.4","values":{"root_module":{"resources":[{"address":"data.azurerm_client_config.current","mode":"data","type":"azurerm_client_config","name":"current","provider_name":"registry.terraform.io/hashicorp/azurerm","schema_version":0,"values":{"client_id":"04b07795-8ddb-461a-bbee-02f9e1bf7b46","id":"Y2xpZW50Q29uZmlncy9jbGllbnRJZD0wNGIwNzc5NS04ZGRiLTQ2MWEtYmJlZS0wMmY5ZTFiZjdiNDY7b2JqZWN0SWQ9NjJlNTM3MGEtMmJmNC00NzM0LTg1MTEtY2M3OTg4MjVmMDYyO3N1YnNjcmlwdGlvbklkPTFiNzQxNGEzLWIwMzQtNGY3Yi05NzA4LTM1N2YxZGRlY2Q3YTt0ZW5hbnRJZD1lNjZlNzdiNC01NzI0LTQ0ZDctODcyMS0wNmRmMTYwNDUwY2U=","object_id":"62e5370a-2bf4-4734-8511-cc798825f062","subscription_id":"1b7414a3-b034-4f7b-9708-357f1ddecd7a","tenant_id":"e66e77b4-5724-44d7-8721-06df160450ce","timeouts":null},"sensitive_values":{}}]}}},"configuration":{"provider_config":{"azurerm":{"name":"azurerm","full_name":"registry.terraform.io/hashicorp/azurerm","expressions":{"features":[{}]}},"module.key_vault:random":{"name":"random","full_name":"registry.terraform.io/hashicorp/random","module_address":"module.key_vault"}},"root_module":{"resources":[{"address":"data.azurerm_client_config.current","mode":"data","type":"azurerm_client_config","name":"current","provider_config_key":"azurerm","schema_version":0}],"module_calls":{"apigtw":{"source":"./modules/apigtw","expressions":{"api_gateway_name":{"constant_value":"apiGatewayUnique"},"backend_address_pool_name":{"constant_value":"backendPool"},"backend_http_settings_name":{"constant_value":"backendHttpSettings"},"backend_http_settings_port":{"constant_value":80},"backend_http_settings_protocol":{"constant_value":"Http"},"backend_http_settings_request_timeout":{"constant_value":120},"cookie_based_affinity":{"constant_value":"Disabled"},"frontend_ip_configuration_name":{"constant_value":"frontendConfig"},"frontend_port_name":{"constant_value":"frontendPort"},"frontend_port_port":{"constant_value":80},"gateway_ip_configuration_name":{"constant_value":"appGatewayIpConfig"},"http_listener_frontend_ip_configuration_name":{"constant_value":"frontendConfig"},"http_listener_frontend_port_name":{"constant_value":"frontendPort"},"http_listener_name":{"constant_value":"httpListener"},"http_listener_protocol":{"constant_value":"Http"},"location":{"references":["module.resource_group.location","module.resource_group"]},"public_ip_address_id":{"references":["module.networks.public_ip_id","module.networks"]},"request_routing_rule_backend_address_pool_name":{"constant_value":"backendPool"},"request_routing_rule_backend_http_settings_name":{"constant_value":"backendHttpSettings"},"request_routing_rule_http_listener_name":{"constant_value":"httpListener"},"request_routing_rule_name":{"constant_value":"routingRule"},"request_routing_rule_priority":{"constant_value":9},"request_routing_rule_rule_type":{"constant_value":"Basic"},"resource_group_name":{"references":["module.resource_group.name","module.resource_group"]},"sku_capacity":{"constant_value":2},"sku_name":{"constant_value":"Standard_v2"},"sku_tier":{"constant_value":"Standard_v2"},"subnet_id":{"references":["module.networks.api_gateway_subnet_id","module.networks"]}},"module":{"outputs":{"api_gateway_id":{"expression":{"references":["azurerm_application_gateway.api.id","azurerm_application_gateway.api"]},"description":"The ID of the API Gateway"},"api_gateway_name":{"expression":{"references":["azurerm_application_gateway.api.name","azurerm_application_gateway.api"]},"description":"The ID of the created Azure Application Gateway."}},"resources":[{"address":"azurerm_application_gateway.api","mode":"managed","type":"azurerm_application_gateway","name":"api","provider_config_key":"azurerm","expressions":{"backend_address_pool":[{"name":{"references":["var.backend_address_pool_name"]}}],"backend_http_settings":[{"cookie_based_affinity":{"references":["var.cookie_based_affinity"]},"name":{"references":["var.backend_http_settings_name"]},"port":{"references":["var.backend_http_settings_port"]},"protocol":{"references":["var.backend_http_settings_protocol"]},"request_timeout":{"references":["var.backend_http_settings_request_timeout"]}}],"frontend_ip_configuration":[{"name":{"references":["var.frontend_ip_configuration_name"]},"public_ip_address_id":{"references":["var.public_ip_address_id"]}}],"frontend_port":[{"name":{"references":["var.frontend_port_name"]},"port":{"references":["var.frontend_port_port"]}}],"gateway_ip_configuration":[{"name":{"references":["var.gateway_ip_configuration_name"]},"subnet_id":{"references":["var.subnet_id"]}}],"http_listener":[{"frontend_ip_configuration_name":{"references":["var.http_listener_frontend_ip_configuration_name"]},"frontend_port_name":{"references":["var.http_listener_frontend_port_name"]},"name":{"references":["var.http_listener_name"]},"protocol":{"references":["var.http_listener_protocol"]}}],"location":{"references":["var.location"]},"name":{"references":["var.api_gateway_name"]},"request_routing_rule":[{"backend_address_pool_name":{"references":["var.request_routing_rule_backend_address_pool_name"]},"backend_http_settings_name":{"references":["var.request_routing_rule_backend_http_settings_name"]},"http_listener_name":{"references":["var.request_routing_rule_http_listener_name"]},"name":{"references":["var.request_routing_rule_name"]},"priority":{"references":["var.request_routing_rule_priority"]},"rule_type":{"references":["var.request_routing_rule_rule_type"]}}],"resource_group_name":{"references":["var.resource_group_name"]},"sku":[{"capacity":{"references":["var.sku_capacity"]},"name":{"references":["var.sku_name"]},"tier":{"references":["var.sku_tier"]}}]},"schema_version":0}],"variables":{"api_gateway_name":{"default":"pvidhold","description":"The name of the API Gateway"},"backend_address_pool_name":{"default":"gqsvhold","description":"The name of the backend address pool."},"backend_http_settings_name":{"default":"bitxhold","description":"The name of the backend HTTP settings."},"backend_http_settings_port":{"default":"mq2thold","description":"The port number for the backend HTTP settings."},"backend_http_settings_protocol":{"default":"xg5fhold","description":"The protocol for the backend HTTP settings (e.g., 'Http' or 'Https')."},"backend_http_settings_request_timeout":{"default":"ef10hold","description":"The request timeout for the backend HTTP settings (in seconds)."},"cookie_based_affinity":{"default":"o95nhold","description":"The cookie-based affinity setting for the backend HTTP settings."},"frontend_ip_configuration_name":{"default":"10.0.0.0/16","description":"The name of the frontend IP configuration."},"frontend_port_name":{"default":"hrvnhold","description":"The name of the frontend port."},"frontend_port_port":{"default":"jiyphold","description":"The port number of the frontend port."},"gateway_ip_configuration_name":{"default":"10.0.0.0/16","description":"The name of the gateway IP configuration."},"http_listener_frontend_ip_configuration_name":{"default":"10.0.0.0/16","description":"The name of the frontend IP configuration associated with the HTTP listener."},"http_listener_frontend_port_name":{"default":"kyemhold","description":"The name of the frontend port associated with the HTTP listener."},"http_listener_name":{"default":"wpfnhold","description":"The name of the HTTP listener."},"http_listener_protocol":{"default":"351qhold","description":"The protocol for the HTTP listener (e.g., 'Http' or 'Https')."},"location":{"default":"eastus","description":"The location of the resources"},"public_ip_address_id":{"default":"10.0.0.0/16","description":"The ID of the public IP address to associate with the frontend IP configuration."},"request_routing_rule_backend_address_pool_name":{"default":"5qr5hold","description":"The name of the backend address pool associated with the request routing rule."},"request_routing_rule_backend_http_settings_name":{"default":"zozwhold","description":"The name of the backend HTTP settings associated with the request routing rule."},"request_routing_rule_http_listener_name":{"default":"z0v5hold","description":"The name of the HTTP listener associated with the request routing rule."},"request_routing_rule_name":{"default":"sq7yhold","description":"The name of the request routing rule."},"request_routing_rule_priority":{"default":"6rijhold","description":"The priority of the request routing rule."},"request_routing_rule_rule_type":{"default":"9s37hold","description":"The type of the request routing rule."},"resource_group_name":{"default":"ij4ahold","description":"The name of the resource group"},"sku_capacity":{"default":"Standard","description":"The capacity (instance count) of the SKU for the Application Gateway."},"sku_name":{"default":"Standard","description":"The name of the SKU for the Application Gateway."},"sku_tier":{"default":"Standard","description":"The tier of the SKU for the Application Gateway."},"subnet_id":{"default":"ubnlhold","description":"The ID of the subnet where the API Gateway will be placed"}}}},"bastion":{"source":"./modules/bastion","expressions":{"bastion_name":{"constant_value":"bastion_admin_ecommerce"},"location":{"references":["module.resource_group.location","module.resource_group"]},"resource_group_name":{"references":["module.resource_group.name","module.resource_group"]},"subnet_id":{"references":["module.networks.bastion_subnet_id","module.networks"]}},"module":{"outputs":{"bastion_host_id":{"expression":{"references":["azurerm_bastion_host.bastion.id","azurerm_bastion_host.bastion"]},"description":"The ID of the bastion host"}},"resources":[{"address":"azurerm_bastion_host.bastion","mode":"managed","type":"azurerm_bastion_host","name":"bastion","provider_config_key":"azurerm","expressions":{"ip_configuration":[{"name":{"constant_value":"configuration"},"public_ip_address_id":{"references":["azurerm_public_ip.bastion.id","azurerm_public_ip.bastion"]},"subnet_id":{"references":["var.subnet_id"]}}],"location":{"references":["var.location"]},"name":{"references":["var.bastion_name"]},"resource_group_name":{"references":["var.resource_group_name"]}},"schema_version":0},{"address":"azurerm_public_ip.bastion","mode":"managed","type":"azurerm_public_ip","name":"bastion","provider_config_key":"azurerm","expressions":{"allocation_method":{"constant_value":"Static"},"location":{"references":["var.location"]},"name":{"references":["var.bastion_name"]},"resource_group_name":{"references":["var.resource_group_name"]},"sku":{"constant_value":"Standard"}},"schema_version":0}],"variables":{"bastion_name":{"default":"ts6xhold","description":"The name of the bastion host"},"location":{"default":"eastus","description":"The location of the resources"},"resource_group_name":{"default":"jqy6hold","description":"The name of the resource group"},"subnet_id":{"default":"g8r7hold","description":"The ID of the subnet for the bastion host"}}}},"cluster":{"source":"./modules/cluster","expressions":{"cluster_name":{"constant_value":"myK8sCluster"},"dns_prefix":{"constant_value":"mydns"},"location":{"references":["module.resource_group.location","module.resource_group"]},"node_count":{"constant_value":1},"node_pool_name":{"constant_value":"default"},"resource_group_name":{"references":["module.resource_group.name","module.resource_group"]},"secret_rotation_enabled":{"constant_value":true},"vm_size":{"constant_value":"Standard_D2_v2"},"vnet_subnet_id":{"references":["module.networks.kubernetes_cluster_subnet_id","module.networks"]}},"module":{"outputs":{"client_certificate":{"expression":{"references":["azurerm_kubernetes_cluster.k8s.kube_config[0].client_certificate","azurerm_kubernetes_cluster.k8s.kube_config[0]","azurerm_kubernetes_cluster.k8s.kube_config","azurerm_kubernetes_cluster.k8s"]},"description":"The Kubernetes managed cluster client certificate"},"kube_config":{"expression":{"references":["azurerm_kubernetes_cluster.k8s.kube_config_raw","azurerm_kubernetes_cluster.k8s"]},"description":"The Kubernetes cluster config"},"secret_provider":{"expression":{"references":["azurerm_kubernetes_cluster.k8s.key_vault_secrets_provider[0].secret_identity[0].object_id","azurerm_kubernetes_cluster.k8s.key_vault_secrets_provider[0].secret_identity[0]","azurerm_kubernetes_cluster.k8s.key_vault_secrets_provider[0].secret_identity","azurerm_kubernetes_cluster.k8s.key_vault_secrets_provider[0]","azurerm_kubernetes_cluster.k8s.key_vault_secrets_provider","azurerm_kubernetes_cluster.k8s"]},"description":"The ID of the created AKS cluster."}},"resources":[{"address":"azurerm_kubernetes_cluster.k8s","mode":"managed","type":"azurerm_kubernetes_cluster","name":"k8s","provider_config_key":"azurerm","expressions":{"default_node_pool":[{"name":{"references":["var.node_pool_name"]},"node_count":{"references":["var.node_count"]},"vm_size":{"references":["var.vm_size"]},"vnet_subnet_id":{"references":["var.vnet_subnet_id"]}}],"dns_prefix":{"references":["var.dns_prefix"]},"identity":[{"type":{"constant_value":"SystemAssigned"}}],"key_vault_secrets_provider":[{"secret_rotation_enabled":{"references":["var.secret_rotation_enabled"]}}],"location":{"references":["var.location"]},"name":{"references":["var.cluster_name"]},"network_profile":[{"load_balancer_sku":{"constant_value":"standard"},"network_plugin":{"constant_value":"azure"},"network_policy":{"constant_value":"azure"}}],"resource_group_name":{"references":["var.resource_group_name"]},"tags":{"constant_value":{"Environment":"Production"}}},"schema_version":2}],"variables":{"cluster_name":{"default":"390qhold","description":"The name of the Kubernetes cluster"},"dns_prefix":{"default":"zodiac","description":"DNS prefix specified when creating the managed cluster"},"location":{"default":"eastus","description":"The location of the resources"},"node_count":{"default":null,"description":"The number of nodes in the default node pool"},"node_pool_name":{"default":"hba6hold","description":"The name of the default node pool"},"resource_group_name":{"default":"2ktnhold","description":"The name of the resource group"},"secret_rotation_enabled":{"default":null,"description":"Name of the kuberneter file"},"vm_size":{"default":"r1e6hold","description":"The size of the Virtual Machine"},"vnet_subnet_id":{"default":"c5klhold","description":"The ID of the subnet where the AKS cluster will be created"}}}},"container_registry":{"source":"./modules/registry","expressions":{"container_name":{"constant_value":"containerRegistryUnique"},"container_sku":{"constant_value":"Standard"},"resource_group_location":{"references":["module.resource_group.location","module.resource_group"]},"resource_group_name":{"references":["module.resource_group.name","module.resource_group"]}},"module":{"outputs":{"scope":{"expression":{"references":["azurerm_container_registry.acrk8s.id","azurerm_container_registry.acrk8s"]},"description":"The ID of the created AKS cluster."}},"resources":[{"address":"azurerm_container_registry.acrk8s","mode":"managed","type":"azurerm_container_registry","name":"acrk8s","provider_config_key":"azurerm","expressions":{"location":{"references":["var.resource_group_location"]},"name":{"references":["var.container_name"]},"resource_group_name":{"references":["var.resource_group_name"]},"sku":{"references":["var.container_sku"]}},"schema_version":2}],"variables":{"container_name":{"default":null,"description":"The name of the Azure Container Registry."},"container_sku":{"default":null,"description":"The SKU name of the Azure Container Registry."},"resource_group_location":{"default":"eastus","description":"The location of the resource group in which to create the Azure Container Registry."},"resource_group_name":{"default":null,"description":"The name of the resource group in which to create the Azure Container Registry."}}}},"key_vault":{"source":"./modules/key_vault","expressions":{"aks_secret_provider_id":{"references":["module.cluster.secret_provider","module.cluster"]},"certificate_permissions":{"constant_value":["Get"]},"enabled_for_disk_encryption":{"constant_value":true},"expire_after":{"constant_value":"P90D"},"key_names":{"constant_value":["Key1","Key2"]},"key_opts":{"constant_value":["decrypt","encrypt","sign","unwrapKey","verify","wrapKey"]},"key_permissions":{"constant_value":["Get","Create","List","Delete","Purge","Recover","SetRotationPolicy","GetRotationPolicy"]},"key_sizes":{"constant_value":[2048,2048]},"key_types":{"constant_value":["RSA","RSA"]},"key_vault_name":{"constant_value":"myKeyVault-10888"},"location":{"references":["module.resource_group.location","module.resource_group"]},"notify_before_expiry":{"constant_value":"P29D"},"object_id":{"references":["data.azurerm_client_config.current.object_id","data.azurerm_client_config.current"]},"purge_protection_enabled":{"constant_value":false},"resource_group_name":{"references":["module.resource_group.name","module.resource_group"]},"secret_names":{"constant_value":["NEXT-PUBLIC-CLERK-PUBLISHABLE-KEY","CLERK-SECRET-KEY","NEXT-PUBLIC-CLERK-SIGN-IN-URL","NEXT-PUBLIC-CLERK-AFTER-SIGN-IN-URL","DATABASE-URL","NEXT-PUBLIC-CLOUDINARY-CLOUD-NAME","NEXT-PUBLIC-CLERK-SIGN-UP-URL","NEXT-PUBLIC-CLERK-AFTER-SIGN-UP-URL","FRONTEND-STORE-URL","STRIPE-API-KEY","STRIPE-WEBHOOK-SECRET","NEXT-PUBLIC-API-URL"]},"secret_permissions":{"constant_value":["Get","Set","List","Delete","Purge","Recover"]},"secret_values":{"constant_value":["pk_test_Y2FwaXRhbC1odW1wYmFjay01NC5jbGVyay5hY2NvdW50cy5kZXYk","sk_test_M41hUtSCghLofhQpfdby0kGTY6j06Aa1SpJuC3HVnA","/sign-in","/","mysql://admin:Pass123.@mysql-server.databases.svc.cluster.local:3306/ecommerce_db","dlviqeipm","/sign-up","/","http://store-ecommerce-store.e-commerce.svc.cluster.local:3001","sk_test_51Owc1jRrb328b1F6XFoBh6eQPDlB3lYK7UwHUVKpqnTtbuN8i7C5sSbSFpeAqIgikjCEO31v8GINtk2RYyBySKdT006G0kdxsM","whsec_d78b83441dd891931db532bfccd6a04e94d473efb5f4bcca45672cb2dfbc251a","http://admin-e-commerce-admin.e-commerce.svc.cluster.local:3000/api/e4842c25-047e-450d-bdda-2cc42a4bec6d"]},"sku_name":{"constant_value":"standard"},"soft_delete_retention_days":{"constant_value":7},"tenant_id":{"references":["data.azurerm_client_config.current.tenant_id","data.azurerm_client_config.current"]},"time_before_expiry":{"constant_value":"P30D"},"user_assigned_identity_principal_id":{"references":["module.me.principal_id","module.me"]}},"module":{"outputs":{"id":{"expression":{"references":["azurerm_key_vault.key_vault.id","azurerm_key_vault.key_vault"]}},"name":{"expression":{"references":["azurerm_key_vault.key_vault.name","azurerm_key_vault.key_vault"]}},"tenant_id":{"expression":{"references":["azurerm_key_vault.key_vault.tenant_id","azurerm_key_vault.key_vault"]}}},"resources":[{"address":"azurerm_key_vault.key_vault","mode":"managed","type":"azurerm_key_vault","name":"key_vault","provider_config_key":"azurerm","expressions":{"access_policy":{"references":["var.secret_permissions","var.tenant_id","var.certificate_permissions","var.key_permissions","var.object_id","var.certificate_permissions","var.key_permissions","var.user_assigned_identity_principal_id","var.secret_permissions","var.tenant_id","var.aks_secret_provider_id","var.secret_permissions","var.tenant_id","var.certificate_permissions","var.key_permissions"]},"enabled_for_disk_encryption":{"references":["var.enabled_for_disk_encryption"]},"location":{"references":["var.location"]},"name":{"references":["var.key_vault_name"]},"purge_protection_enabled":{"references":["var.purge_protection_enabled"]},"resource_group_name":{"references":["var.resource_group_name"]},"sku_name":{"references":["var.sku_name"]},"soft_delete_retention_days":{"references":["var.soft_delete_retention_days"]},"tenant_id":{"references":["var.tenant_id"]}},"schema_version":2},{"address":"azurerm_key_vault_secret.key_vault_secret","mode":"managed","type":"azurerm_key_vault_secret","name":"key_vault_secret","provider_config_key":"azurerm","expressions":{"key_vault_id":{"references":["azurerm_key_vault.key_vault.id","azurerm_key_vault.key_vault"]},"name":{"references":["var.secret_names","count.index"]},"value":{"references":["var.secret_values","count.index"]}},"schema_version":0,"count_expression":{"references":["var.secret_names"]}},{"address":"azurerm_key_vault_secret.linuxVM-pswd","mode":"managed","type":"azurerm_key_vault_secret","name":"linuxVM-pswd","provider_config_key":"azurerm","expressions":{"key_vault_id":{"references":["azurerm_key_vault.key_vault.id","azurerm_key_vault.key_vault"]},"name":{"constant_value":"linuxVM-pswd"},"value":{"references":["random_password.rndm-pswd.result","random_password.rndm-pswd"]}},"schema_version":0},{"address":"random_password.rndm-pswd","mode":"managed","type":"random_password","name":"rndm-pswd","provider_config_key":"module.key_vault:random","expressions":{"length":{"constant_value":18},"min_lower":{"constant_value":2},"min_numeric":{"constant_value":2},"min_special":{"constant_value":4},"min_upper":{"constant_value":2},"override_special":{"constant_value":"!#$%\u0026*()-_=+[]{}\u003c\u003e:?"}},"schema_version":3}],"variables":{"aks_secret_provider_id":{"default":"null"},"certificate_permissions":{"default":[],"description":"Certificate permissions"},"enabled_for_disk_encryption":{"default":null,"description":"Notify before expiry"},"expire_after":{"default":null,"description":"Expire after"},"key_names":{"default":[],"description":"Names of the Azure Key Vault keys"},"key_opts":{"default":[],"description":"Key options"},"key_permissions":{"default":[],"description":"Key permissions"},"key_sizes":{"default":[],"description":"Sizes of the Azure Key Vault keys"},"key_types":{"default":[],"description":"Types of the Azure Key Vault keys"},"key_vault_name":{"default":null,"description":"Name of the Azure Key Vault"},"location":{"default":"eastus","description":"Location for the Azure Key Vault"},"notify_before_expiry":{"default":null,"description":"Notify before expiry"},"object_id":{"default":null,"description":"Object ID"},"purge_protection_enabled":{"default":null,"description":"Notify before expiry"},"resource_group_name":{"default":null,"description":"Name of the Azure Resource Group"},"secret_names":{"default":[],"description":"Names of the Azure Key Vault secrets"},"secret_permissions":{"default":[],"description":"Secret permissions"},"secret_values":{"default":[],"description":"Values of the Azure Key Vault secrets"},"sku_name":{"default":null,"description":"SKU name for the Azure Key Vault"},"soft_delete_retention_days":{"default":null,"description":"Soft delete retention period in days"},"tenant_id":{"default":null,"description":"Tenant ID"},"time_before_expiry":{"default":null,"description":"Time before expiry"},"user_assigned_identity_principal_id":{"default":"10.0.0.0/16","description":"The principal ID of the user-assigned identity."}}}},"me":{"source":"./modules/me","expressions":{"location":{"references":["module.resource_group.location","module.resource_group"]},"name":{"constant_value":"myUserIdentity"},"resource_group_name":{"references":["module.resource_group.name","module.resource_group"]}},"module":{"outputs":{"client_id":{"expression":{"references":["azurerm_user_assigned_identity.myIdentity.client_id","azurerm_user_assigned_identity.myIdentity"]}},"id":{"expression":{"references":["azurerm_user_assigned_identity.myIdentity.id","azurerm_user_assigned_identity.myIdentity"]}},"principal_id":{"expression":{"references":["azurerm_user_assigned_identity.myIdentity.principal_id","azurerm_user_assigned_identity.myIdentity"]}}},"resources":[{"address":"azurerm_user_assigned_identity.myIdentity","mode":"managed","type":"azurerm_user_assigned_identity","name":"myIdentity","provider_config_key":"azurerm","expressions":{"location":{"references":["var.location"]},"name":{"references":["var.name"]},"resource_group_name":{"references":["var.resource_group_name"]}},"schema_version":1}],"variables":{"location":{"default":"eastus","description":"The location/region where the identity should be created."},"name":{"default":"139uhold","description":"The name of the user-assigned identity."},"resource_group_name":{"default":"hjjehold","description":"The name of the resource group."}}}},"networks":{"source":"./modules/networks","expressions":{"allocation_method":{"constant_value":"Static"},"allow_virtual_network_access":{"constant_value":true},"api_gateway_subnet_prefix":{"constant_value":"10.1.1.0/24"},"api_gtw_subnet_name":{"constant_value":"api_gtw_subnet"},"bastion_subnet_prefix":{"constant_value":"10.2.2.0/24"},"cluster_subnet_name":{"constant_value":"cluster_subnet"},"cluster_subnet_prefix":{"constant_value":"10.2.1.0/24"},"location":{"references":["module.resource_group.location","module.resource_group"]},"nameApiToCluster":{"constant_value":"peering-api-gtw-to-cluster"},"nameClusterToApiGtw":{"constant_value":"peering-cluster-to-api-gtw"},"public_ip_name":{"constant_value":"gatewayTestIpPublic"},"resource_group_name":{"references":["module.resource_group.name","module.resource_group"]},"sku":{"constant_value":"Standard"},"vnet_address_space_api_gtw":{"constant_value":["10.1.0.0/16"]},"vnet_address_space_cluster":{"constant_value":["10.2.0.0/16"]},"vnet_name_api_gtw":{"constant_value":"api-gtw-vnet"},"vnet_name_cluster":{"constant_value":"cluster-vnet"}},"module":{"outputs":{"api_gateway_subnet_id":{"expression":{"references":["azurerm_subnet.api_gateway_subnet.id","azurerm_subnet.api_gateway_subnet"]},"description":"The ID of the subnet for the API Gateway"},"apigtw_vnet_name":{"expression":{"references":["azurerm_virtual_network.vnet_api_gtw.name","azurerm_virtual_network.vnet_api_gtw"]},"description":"The ID of the created API gateway Virtual Network."},"bastion_subnet_id":{"expression":{"references":["azurerm_subnet.bastion_subnet.id","azurerm_subnet.bastion_subnet"]},"description":"The ID of the subnet for the bastion host"},"bastion_subnet_prefix":{"expression":{"references":["azurerm_subnet.bastion_subnet.address_prefixes[0]","azurerm_subnet.bastion_subnet.address_prefixes","azurerm_subnet.bastion_subnet"]}},"kubernetes_cluster_subnet_id":{"expression":{"references":["azurerm_subnet.kubernetes_cluster_subnet.id","azurerm_subnet.kubernetes_cluster_subnet"]},"description":"The ID of the subnet for the Kubernetes cluster"},"public_ip_id":{"expression":{"references":["azurerm_public_ip.pIp.id","azurerm_public_ip.pIp"]},"description":"The ID of the created Azure Public IP."}},"resources":[{"address":"azurerm_public_ip.pIp","mode":"managed","type":"azurerm_public_ip","name":"pIp","provider_config_key":"azurerm","expressions":{"allocation_method":{"references":["var.allocation_method"]},"location":{"references":["var.location"]},"name":{"references":["var.public_ip_name"]},"resource_group_name":{"references":["var.resource_group_name"]},"sku":{"references":["var.sku"]}},"schema_version":0},{"address":"azurerm_subnet.api_gateway_subnet","mode":"managed","type":"azurerm_subnet","name":"api_gateway_subnet","provider_config_key":"azurerm","expressions":{"address_prefixes":{"references":["var.api_gateway_subnet_prefix"]},"name":{"references":["var.api_gtw_subnet_name"]},"resource_group_name":{"references":["var.resource_group_name"]},"virtual_network_name":{"references":["var.vnet_name_api_gtw"]}},"schema_version":0,"depends_on":["azurerm_virtual_network.vnet_api_gtw","azurerm_virtual_network_peering.api_gtw_to_cluster"]},{"address":"azurerm_subnet.bastion_subnet","mode":"managed","type":"azurerm_subnet","name":"bastion_subnet","provider_config_key":"azurerm","expressions":{"address_prefixes":{"references":["var.bastion_subnet_prefix"]},"name":{"constant_value":"AzureBastionSubnet"},"resource_group_name":{"references":["var.resource_group_name"]},"virtual_network_name":{"references":["azurerm_virtual_network.vnet_cluster.name","azurerm_virtual_network.vnet_cluster"]}},"schema_version":0,"depends_on":["azurerm_virtual_network.vnet_cluster"]},{"address":"azurerm_subnet.kubernetes_cluster_subnet","mode":"managed","type":"azurerm_subnet","name":"kubernetes_cluster_subnet","provider_config_key":"azurerm","expressions":{"address_prefixes":{"references":["var.cluster_subnet_prefix"]},"name":{"references":["var.cluster_subnet_name"]},"resource_group_name":{"references":["var.resource_group_name"]},"virtual_network_name":{"references":["var.vnet_name_cluster"]}},"schema_version":0,"depends_on":["azurerm_virtual_network.vnet_cluster","azurerm_virtual_network_peering.cluster_to_api_gtw"]},{"address":"azurerm_virtual_network.vnet_api_gtw","mode":"managed","type":"azurerm_virtual_network","name":"vnet_api_gtw","provider_config_key":"azurerm","expressions":{"address_space":{"references":["var.vnet_address_space_api_gtw"]},"location":{"references":["var.location"]},"name":{"references":["var.vnet_name_api_gtw"]},"resource_group_name":{"references":["var.resource_group_name"]}},"schema_version":0},{"address":"azurerm_virtual_network.vnet_cluster","mode":"managed","type":"azurerm_virtual_network","name":"vnet_cluster","provider_config_key":"azurerm","expressions":{"address_space":{"references":["var.vnet_address_space_cluster"]},"location":{"references":["var.location"]},"name":{"references":["var.vnet_name_cluster"]},"resource_group_name":{"references":["var.resource_group_name"]}},"schema_version":0},{"address":"azurerm_virtual_network_peering.api_gtw_to_cluster","mode":"managed","type":"azurerm_virtual_network_peering","name":"api_gtw_to_cluster","provider_config_key":"azurerm","expressions":{"allow_virtual_network_access":{"references":["var.allow_virtual_network_access"]},"name":{"references":["var.nameApiToCluster"]},"remote_virtual_network_id":{"references":["azurerm_virtual_network.vnet_cluster.id","azurerm_virtual_network.vnet_cluster"]},"resource_group_name":{"references":["var.resource_group_name"]},"virtual_network_name":{"references":["azurerm_virtual_network.vnet_api_gtw.name","azurerm_virtual_network.vnet_api_gtw"]}},"schema_version":0},{"address":"azurerm_virtual_network_peering.cluster_to_api_gtw","mode":"managed","type":"azurerm_virtual_network_peering","name":"cluster_to_api_gtw","provider_config_key":"azurerm","expressions":{"allow_virtual_network_access":{"references":["var.allow_virtual_network_access"]},"name":{"references":["var.nameClusterToApiGtw"]},"remote_virtual_network_id":{"references":["azurerm_virtual_network.vnet_api_gtw.id","azurerm_virtual_network.vnet_api_gtw"]},"resource_group_name":{"references":["var.resource_group_name"]},"virtual_network_name":{"references":["azurerm_virtual_network.vnet_cluster.name","azurerm_virtual_network.vnet_cluster"]}},"schema_version":0}],"variables":{"allocation_method":{"default":"eastus","description":"The allocation method of the public IP address"},"allow_virtual_network_access":{"default":true,"description":"Allow network access between peered VNets"},"api_gateway_subnet_prefix":{"default":"zodiac","description":"The address prefix of the API gateway subnet"},"api_gtw_subnet_name":{"default":"tdlyhold","description":"The name of the API gateway subnet"},"bastion_subnet_prefix":{"default":"zodiac"},"cluster_subnet_name":{"default":"zne8hold","description":"The name of the Kubernetes cluster subnet"},"cluster_subnet_prefix":{"default":"zodiac","description":"The address prefix of the Kubernetes cluster subnet"},"location":{"default":"eastus","description":"The location of the resources"},"nameApiToCluster":{"default":"0lx0hold","description":"The name of the virtual network"},"nameClusterToApiGtw":{"default":"r4r6hold","description":"The name of the virtual network"},"public_ip_name":{"default":"10.0.0.0/16","description":"The name of the public IP address"},"resource_group_name":{"default":"9oa5hold","description":"The name of the resource group"},"sku":{"default":"Standard","description":"The SKU of the public IP address"},"vnet_address_space_api_gtw":{"default":[],"description":"The address space of the virtual network"},"vnet_address_space_cluster":{"default":[],"description":"The address space of the virtual network"},"vnet_name_api_gtw":{"default":"ft00hold","description":"The name of the virtual network"},"vnet_name_cluster":{"default":"1qmmhold","description":"The name of the virtual network"}}}},"resource_group":{"source":"./modules/resource_group","expressions":{"location":{"constant_value":"East US"},"name":{"constant_value":"ecommerce-resources"}},"module":{"outputs":{"location":{"expression":{"references":["azurerm_resource_group.rg.location","azurerm_resource_group.rg"]},"description":"The location of the resource group"},"name":{"expression":{"references":["azurerm_resource_group.rg.name","azurerm_resource_group.rg"]}}},"resources":[{"address":"azurerm_resource_group.rg","mode":"managed","type":"azurerm_resource_group","name":"rg","provider_config_key":"azurerm","expressions":{"location":{"references":["var.location"]},"name":{"references":["var.name"]}},"schema_version":0}],"variables":{"location":{"default":"eastus","description":"The location of the resource group"},"name":{"default":"qe9yhold","description":"The name of the resource group"}}}},"security":{"source":"./modules/security","expressions":{"bastion_subnet_prefix":{"references":["module.networks.bastion_subnet_prefix","module.networks"]},"kubernetes_cluster_subnet_id":{"references":["module.networks.kubernetes_cluster_subnet_id","module.networks"]},"location":{"references":["module.resource_group.location","module.resource_group"]},"nsg_name":{"constant_value":"aks_nsg"},"resource_group_name":{"references":["module.resource_group.name","module.resource_group"]}},"module":{"resources":[{"address":"azurerm_network_security_group.aks_nsg","mode":"managed","type":"azurerm_network_security_group","name":"aks_nsg","provider_config_key":"azurerm","expressions":{"location":{"references":["var.location"]},"name":{"references":["var.nsg_name"]},"resource_group_name":{"references":["var.resource_group_name"]},"security_rule":{"references":["var.bastion_subnet_prefix"]}},"schema_version":0},{"address":"azurerm_subnet_network_security_group_association.aks_subnet_nsg_assoc","mode":"managed","type":"azurerm_subnet_network_security_group_association","name":"aks_subnet_nsg_assoc","provider_config_key":"azurerm","expressions":{"network_security_group_id":{"references":["azurerm_network_security_group.aks_nsg.id","azurerm_network_security_group.aks_nsg"]},"subnet_id":{"references":["var.kubernetes_cluster_subnet_id"]}},"schema_version":0}],"variables":{"bastion_subnet_prefix":{"default":"zodiac"},"kubernetes_cluster_subnet_id":{"default":"9wcxhold"},"location":{"default":"eastus"},"nsg_name":{"default":"abl6hold"},"resource_group_name":{"default":"iu3phold"}}}}}}},"relevant_attributes":[{"resource":"module.key_vault.azurerm_key_vault.key_vault","attribute":["name"]},{"resource":"module.security.azurerm_network_security_group.aks_nsg","attribute":["id"]},{"resource":"module.key_vault.random_password.rndm-pswd","attribute":["result"]},{"resource":"module.me.azurerm_user_assigned_identity.myIdentity","attribute":["client_id"]},{"resource":"module.networks.azurerm_public_ip.pIp","attribute":["id"]},{"resource":"module.bastion.azurerm_bastion_host.bastion","attribute":["id"]},{"resource":"module.apigtw.azurerm_application_gateway.api","attribute":["id"]},{"resource":"module.cluster.azurerm_kubernetes_cluster.k8s","attribute":["key_vault_secrets_provider",0,"secret_identity",0,"object_id"]},{"resource":"module.networks.azurerm_virtual_network.vnet_api_gtw","attribute":["id"]},{"resource":"module.key_vault.azurerm_key_vault.key_vault","attribute":["id"]},{"resource":"module.apigtw.azurerm_application_gateway.api","attribute":["name"]},{"resource":"module.cluster.azurerm_kubernetes_cluster.k8s","attribute":["kube_config",0,"client_certificate"]},{"resource":"module.networks.azurerm_virtual_network.vnet_cluster","attribute":["name"]},{"resource":"module.resource_group.azurerm_resource_group.rg","attribute":["name"]},{"resource":"module.me.azurerm_user_assigned_identity.myIdentity","attribute":["principal_id"]},{"resource":"module.key_vault.azurerm_key_vault.key_vault","attribute":["tenant_id"]},{"resource":"data.azurerm_client_config.current","attribute":["object_id"]},{"resource":"module.networks.azurerm_virtual_network.vnet_cluster","attribute":["id"]},{"resource":"module.networks.azurerm_subnet.bastion_subnet","attribute":["address_prefixes",0]},{"resource":"module.networks.azurerm_virtual_network.vnet_api_gtw","attribute":["name"]},{"resource":"module.bastion.azurerm_public_ip.bastion","attribute":["id"]},{"resource":"module.networks.azurerm_subnet.bastion_subnet","attribute":["id"]},{"resource":"module.networks.azurerm_subnet.api_gateway_subnet","attribute":["id"]},{"resource":"module.container_registry.azurerm_container_registry.acrk8s","attribute":["id"]},{"resource":"module.cluster.azurerm_kubernetes_cluster.k8s","attribute":["kube_config_raw"]},{"resource":"module.resource_group.azurerm_resource_group.rg","attribute":["location"]},{"resource":"module.networks.azurerm_subnet.kubernetes_cluster_subnet","attribute":["id"]},{"resource":"module.me.azurerm_user_assigned_identity.myIdentity","attribute":["id"]},{"resource":"data.azurerm_client_config.current","attribute":["tenant_id"]}],"timestamp":"2024-08-16T23:57:28Z","applyable":true,"complete":true,"errored":false}
