{"format_version":"1.2","terraform_version":"1.9.4","variables":{"rg":{"value":{"location":"japaneast","name":"rg-appgw"}}},"planned_values":{"root_module":{"resources":[{"address":"azurerm_application_gateway.network","mode":"managed","type":"azurerm_application_gateway","name":"network","provider_name":"registry.terraform.io/hashicorp/azurerm","schema_version":0,"values":{"authentication_certificate":[],"autoscale_configuration":[],"backend_address_pool":[{"ip_addresses":[],"name":"vnet-example-beap-vm"},{"ip_addresses":[],"name":"vnet-example-beap-webapps1"},{"ip_addresses":[],"name":"vnet-example-beap-webapps2"}],"backend_http_settings":[{"affinity_cookie_name":"","authentication_certificate":[],"connection_draining":[],"cookie_based_affinity":"Disabled","host_name":"","name":"vnet-example-be-htst","path":"","pick_host_name_from_backend_address":true,"port":80,"probe_name":"","protocol":"Http","request_timeout":60,"trusted_root_certificate_names":[]},{"affinity_cookie_name":"","authentication_certificate":[],"connection_draining":[],"cookie_based_affinity":"Disabled","host_name":"","name":"vnet-example-be-htst-2","path":"/","pick_host_name_from_backend_address":true,"port":80,"probe_name":"","protocol":"Http","request_timeout":60,"trusted_root_certificate_names":[]}],"custom_error_configuration":[],"enable_http2":null,"fips_enabled":null,"firewall_policy_id":null,"force_firewall_policy_association":null,"frontend_ip_configuration":[{"name":"vnet-example-feip","private_ip_address_allocation":"Dynamic","private_link_configuration_name":null,"subnet_id":null},{"name":"vnet-example-feip-private","private_ip_address":"10.254.0.4","private_ip_address_allocation":"Static","private_link_configuration_name":null,"public_ip_address_id":null}],"frontend_port":[{"name":"vnet-example-8080-feport","port":8080},{"name":"vnet-example-feport","port":80}],"gateway_ip_configuration":[{"name":"my-gateway-ip-configuration"}],"global":[],"http_listener":[{"custom_error_configuration":[],"firewall_policy_id":"","frontend_ip_configuration_name":"vnet-example-feip","frontend_port_name":"vnet-example-feport","host_name":"","host_names":[],"name":"vnet-example-httplstn","protocol":"Http","require_sni":null,"ssl_certificate_name":"","ssl_profile_name":""},{"custom_error_configuration":[],"firewall_policy_id":"","frontend_ip_configuration_name":"vnet-example-feip-private","frontend_port_name":"vnet-example-8080-feport","host_name":"","host_names":[],"name":"vnet-example-httplstn-private","protocol":"Http","require_sni":null,"ssl_certificate_name":"","ssl_profile_name":""}],"identity":[],"location":"japaneast","name":"appgw-example","private_link_configuration":[],"probe":[],"redirect_configuration":[],"request_routing_rule":[{"backend_address_pool_name":"","backend_http_settings_name":"","http_listener_name":"vnet-example-httplstn","name":"vnet-example-rqrt","priority":1000,"redirect_configuration_name":"","rewrite_rule_set_name":"","rule_type":"PathBasedRouting","url_path_map_name":"my-url-path-map"},{"backend_address_pool_name":"","backend_http_settings_name":"","http_listener_name":"vnet-example-httplstn-private","name":"vnet-example-private-rqrt","priority":2000,"redirect_configuration_name":"","rewrite_rule_set_name":"","rule_type":"PathBasedRouting","url_path_map_name":"my-url-path-map-vm"}],"resource_group_name":"rg-appgw","rewrite_rule_set":[],"sku":[{"capacity":2,"name":"Standard_v2","tier":"Standard_v2"}],"ssl_certificate":[],"ssl_profile":[],"tags":null,"timeouts":null,"trusted_client_certificate":[],"trusted_root_certificate":[],"url_path_map":[{"default_backend_address_pool_name":"vnet-example-beap-webapps1","default_backend_http_settings_name":"vnet-example-be-htst","default_redirect_configuration_name":null,"default_rewrite_rule_set_name":null,"name":"my-url-path-map","path_rule":[{"backend_address_pool_name":"vnet-example-beap-webapps2","backend_http_settings_name":"vnet-example-be-htst-2","firewall_policy_id":null,"name":"my-path-rule","paths":["/staging/*"],"redirect_configuration_name":null,"rewrite_rule_set_name":null}]},{"default_backend_address_pool_name":"vnet-example-beap-vm","default_backend_http_settings_name":"vnet-example-be-htst","default_redirect_configuration_name":null,"default_rewrite_rule_set_name":null,"name":"my-url-path-map-vm","path_rule":[{"backend_address_pool_name":"vnet-example-beap-vm","backend_http_settings_name":"vnet-example-be-htst-2","firewall_policy_id":null,"name":"my-path-rule","paths":["/staging/*"],"redirect_configuration_name":null,"rewrite_rule_set_name":null}]}],"waf_configuration":[],"zones":null},"sensitive_values":{"authentication_certificate":[],"autoscale_configuration":[],"backend_address_pool":[{"fqdns":[],"ip_addresses":[]},{"fqdns":[],"ip_addresses":[]},{"fqdns":[],"ip_addresses":[]}],"backend_http_settings":[{"authentication_certificate":[],"connection_draining":[],"trusted_root_certificate_names":[]},{"authentication_certificate":[],"connection_draining":[],"trusted_root_certificate_names":[]}],"custom_error_configuration":[],"frontend_ip_configuration":[{},{}],"frontend_port":[{},{}],"gateway_ip_configuration":[{}],"global":[],"http_listener":[{"custom_error_configuration":[],"host_names":[]},{"custom_error_configuration":[],"host_names":[]}],"identity":[],"private_endpoint_connection":[],"private_link_configuration":[],"probe":[],"redirect_configuration":[],"request_routing_rule":[{},{}],"rewrite_rule_set":[],"sku":[{}],"ssl_certificate":[],"ssl_policy":[],"ssl_profile":[],"trusted_client_certificate":[],"trusted_root_certificate":[],"url_path_map":[{"path_rule":[{"paths":[false]}]},{"path_rule":[{"paths":[false]}]}],"waf_configuration":[]}},{"address":"azurerm_linux_web_app.app1","mode":"managed","type":"azurerm_linux_web_app","name":"app1","provider_name":"registry.terraform.io/hashicorp/azurerm","schema_version":1,"values":{"app_settings":null,"auth_settings":[],"auth_settings_v2":[],"backup":[],"client_affinity_enabled":false,"client_certificate_enabled":false,"client_certificate_exclusion_paths":null,"client_certificate_mode":"Required","connection_string":[],"enabled":true,"ftp_publish_basic_authentication_enabled":true,"https_only":false,"identity":[],"location":"japaneast","logs":[],"public_network_access_enabled":true,"resource_group_name":"rg-appgw","site_config":[{"always_on":true,"api_definition_url":null,"api_management_api_id":null,"app_command_line":null,"application_stack":[{"docker_image":"tsubasaxzzz/nginx-0829","docker_image_name":null,"docker_image_tag":"app1","dotnet_version":null,"go_version":null,"java_server":null,"java_server_version":null,"java_version":null,"node_version":null,"php_version":null,"python_version":null,"ruby_version":null}],"auto_heal_enabled":null,"auto_heal_setting":[],"container_registry_managed_identity_client_id":null,"container_registry_use_managed_identity":false,"cors":[],"ftps_state":"Disabled","health_check_path":null,"http2_enabled":false,"ip_restriction":[],"ip_restriction_default_action":"Allow","load_balancing_mode":"LeastRequests","local_mysql_enabled":false,"managed_pipeline_mode":"Integrated","minimum_tls_version":"1.2","remote_debugging_enabled":false,"scm_ip_restriction":[],"scm_ip_restriction_default_action":"Allow","scm_minimum_tls_version":"1.2","scm_use_main_ip_restriction":false,"use_32_bit_worker":true,"vnet_route_all_enabled":false,"websockets_enabled":false}],"sticky_settings":[],"storage_account":[],"tags":null,"timeouts":null,"virtual_network_subnet_id":null,"webdeploy_publish_basic_authentication_enabled":true},"sensitive_values":{"auth_settings":[],"auth_settings_v2":[],"backup":[],"connection_string":[],"custom_domain_verification_id":true,"identity":[],"logs":[],"outbound_ip_address_list":[],"possible_outbound_ip_address_list":[],"site_config":[{"application_stack":[{"docker_registry_password":true}],"auto_heal_setting":[],"cors":[],"default_documents":[],"ip_restriction":[],"scm_ip_restriction":[]}],"site_credential":true,"sticky_settings":[],"storage_account":[]}},{"address":"azurerm_linux_web_app.app2","mode":"managed","type":"azurerm_linux_web_app","name":"app2","provider_name":"registry.terraform.io/hashicorp/azurerm","schema_version":1,"values":{"app_settings":null,"auth_settings":[],"auth_settings_v2":[],"backup":[],"client_affinity_enabled":false,"client_certificate_enabled":false,"client_certificate_exclusion_paths":null,"client_certificate_mode":"Required","connection_string":[],"enabled":true,"ftp_publish_basic_authentication_enabled":true,"https_only":false,"identity":[],"location":"japaneast","logs":[],"public_network_access_enabled":true,"resource_group_name":"rg-appgw","site_config":[{"always_on":true,"api_definition_url":null,"api_management_api_id":null,"app_command_line":null,"application_stack":[{"docker_image":"tsubasaxzzz/nginx-0829","docker_image_name":null,"docker_image_tag":"app2","dotnet_version":null,"go_version":null,"java_server":null,"java_server_version":null,"java_version":null,"node_version":null,"php_version":null,"python_version":null,"ruby_version":null}],"auto_heal_enabled":null,"auto_heal_setting":[],"container_registry_managed_identity_client_id":null,"container_registry_use_managed_identity":false,"cors":[],"ftps_state":"Disabled","health_check_path":null,"http2_enabled":false,"ip_restriction":[],"ip_restriction_default_action":"Allow","load_balancing_mode":"LeastRequests","local_mysql_enabled":false,"managed_pipeline_mode":"Integrated","minimum_tls_version":"1.2","remote_debugging_enabled":false,"scm_ip_restriction":[],"scm_ip_restriction_default_action":"Allow","scm_minimum_tls_version":"1.2","scm_use_main_ip_restriction":false,"use_32_bit_worker":true,"vnet_route_all_enabled":false,"websockets_enabled":false}],"sticky_settings":[],"storage_account":[],"tags":null,"timeouts":null,"virtual_network_subnet_id":null,"webdeploy_publish_basic_authentication_enabled":true},"sensitive_values":{"auth_settings":[],"auth_settings_v2":[],"backup":[],"connection_string":[],"custom_domain_verification_id":true,"identity":[],"logs":[],"outbound_ip_address_list":[],"possible_outbound_ip_address_list":[],"site_config":[{"application_stack":[{"docker_registry_password":true}],"auto_heal_setting":[],"cors":[],"default_documents":[],"ip_restriction":[],"scm_ip_restriction":[]}],"site_credential":true,"sticky_settings":[],"storage_account":[]}},{"address":"azurerm_public_ip.example","mode":"managed","type":"azurerm_public_ip","name":"example","provider_name":"registry.terraform.io/hashicorp/azurerm","schema_version":0,"values":{"allocation_method":"Static","ddos_protection_mode":"VirtualNetworkInherited","ddos_protection_plan_id":null,"domain_name_label":null,"edge_zone":null,"idle_timeout_in_minutes":4,"ip_tags":null,"ip_version":"IPv4","location":"japaneast","name":"pip-appgw","public_ip_prefix_id":null,"resource_group_name":"rg-appgw","reverse_fqdn":null,"sku":"Standard","sku_tier":"Regional","tags":null,"timeouts":null,"zones":["1","2","3"]},"sensitive_values":{"zones":[false,false,false]}},{"address":"azurerm_resource_group.example","mode":"managed","type":"azurerm_resource_group","name":"example","provider_name":"registry.terraform.io/hashicorp/azurerm","schema_version":0,"values":{"location":"japaneast","managed_by":null,"name":"rg-appgw","tags":null,"timeouts":null},"sensitive_values":{}},{"address":"azurerm_service_plan.example","mode":"managed","type":"azurerm_service_plan","name":"example","provider_name":"registry.terraform.io/hashicorp/azurerm","schema_version":1,"values":{"app_service_environment_id":null,"location":"japaneast","os_type":"Linux","per_site_scaling_enabled":false,"resource_group_name":"rg-appgw","sku_name":"S1","tags":null,"timeouts":null,"zone_balancing_enabled":null},"sensitive_values":{}},{"address":"azurerm_subnet.backend","mode":"managed","type":"azurerm_subnet","name":"backend","provider_name":"registry.terraform.io/hashicorp/azurerm","schema_version":0,"values":{"address_prefixes":["10.254.2.0/24"],"default_outbound_access_enabled":true,"delegation":[],"name":"snet-backend","resource_group_name":"rg-appgw","service_endpoint_policy_ids":null,"service_endpoints":null,"timeouts":null,"virtual_network_name":"vnet-example"},"sensitive_values":{"address_prefixes":[false],"delegation":[]}},{"address":"azurerm_subnet.bastion","mode":"managed","type":"azurerm_subnet","name":"bastion","provider_name":"registry.terraform.io/hashicorp/azurerm","schema_version":0,"values":{"address_prefixes":["10.254.255.0/24"],"default_outbound_access_enabled":true,"delegation":[],"name":"AzureBastionSubnet","resource_group_name":"rg-appgw","service_endpoint_policy_ids":null,"service_endpoints":null,"timeouts":null,"virtual_network_name":"vnet-example"},"sensitive_values":{"address_prefixes":[false],"delegation":[]}},{"address":"azurerm_subnet.frontend","mode":"managed","type":"azurerm_subnet","name":"frontend","provider_name":"registry.terraform.io/hashicorp/azurerm","schema_version":0,"values":{"address_prefixes":["10.254.0.0/24"],"default_outbound_access_enabled":true,"delegation":[],"name":"snet-frontend","resource_group_name":"rg-appgw","service_endpoint_policy_ids":null,"service_endpoints":null,"timeouts":null,"virtual_network_name":"vnet-example"},"sensitive_values":{"address_prefixes":[false],"delegation":[]}},{"address":"azurerm_virtual_network.example","mode":"managed","type":"azurerm_virtual_network","name":"example","provider_name":"registry.terraform.io/hashicorp/azurerm","schema_version":0,"values":{"address_space":["10.254.0.0/16"],"bgp_community":null,"ddos_protection_plan":[],"edge_zone":null,"encryption":[],"flow_timeout_in_minutes":null,"location":"japaneast","name":"vnet-example","resource_group_name":"rg-appgw","tags":null,"timeouts":null},"sensitive_values":{"address_space":[false],"ddos_protection_plan":[],"dns_servers":[],"encryption":[],"subnet":[]}},{"address":"random_string.uniqstr","mode":"managed","type":"random_string","name":"uniqstr","provider_name":"registry.terraform.io/hashicorp/random","schema_version":2,"values":{"keepers":{"resource_group_name":"rg-appgw"},"length":6,"lower":true,"min_lower":0,"min_numeric":0,"min_special":0,"min_upper":0,"number":true,"numeric":true,"override_special":null,"special":false,"upper":false},"sensitive_values":{"keepers":{}}}],"child_modules":[{"resources":[{"address":"module.bastion.azurerm_bastion_host.bastion","mode":"managed","type":"azurerm_bastion_host","name":"bastion","provider_name":"registry.terraform.io/hashicorp/azurerm","schema_version":0,"values":{"copy_paste_enabled":true,"file_copy_enabled":false,"ip_configuration":[{"name":"configuration"}],"ip_connect_enabled":true,"kerberos_enabled":false,"location":"japaneast","name":"bastion","resource_group_name":"rg-appgw","scale_units":2,"shareable_link_enabled":true,"sku":"Standard","tags":null,"timeouts":null,"tunneling_enabled":true,"virtual_network_id":null},"sensitive_values":{"ip_configuration":[{}]}},{"address":"module.bastion.azurerm_network_security_group.bastion","mode":"managed","type":"azurerm_network_security_group","name":"bastion","provider_name":"registry.terraform.io/hashicorp/azurerm","schema_version":0,"values":{"location":"japaneast","name":"nsg-bastion","resource_group_name":"rg-appgw","tags":null,"timeouts":null},"sensitive_values":{"security_rule":[]}},{"address":"module.bastion.azurerm_network_security_rule.bastion-azurecloud-out","mode":"managed","type":"azurerm_network_security_rule","name":"bastion-azurecloud-out","provider_name":"registry.terraform.io/hashicorp/azurerm","schema_version":0,"values":{"access":"Allow","description":"","destination_address_prefix":"AzureCloud","destination_address_prefixes":null,"destination_application_security_group_ids":null,"destination_port_range":null,"destination_port_ranges":["443"],"direction":"Outbound","name":"AllowAzureCloudOutbound","network_security_group_name":"nsg-bastion","priority":130,"protocol":"Tcp","resource_group_name":"rg-appgw","source_address_prefix":"*","source_address_prefixes":null,"source_application_security_group_ids":null,"source_port_range":"*","source_port_ranges":null,"timeouts":null},"sensitive_values":{"destination_port_ranges":[false]}},{"address":"module.bastion.azurerm_network_security_rule.bastion-bastioncommunication-out","mode":"managed","type":"azurerm_network_security_rule","name":"bastion-bastioncommunication-out","provider_name":"registry.terraform.io/hashicorp/azurerm","schema_version":0,"values":{"access":"Allow","description":"","destination_address_prefix":"VirtualNetwork","destination_address_prefixes":null,"destination_application_security_group_ids":null,"destination_port_range":null,"destination_port_ranges":["5701","8080"],"direction":"Outbound","name":"AllowBastionCommunication","network_security_group_name":"nsg-bastion","priority":140,"protocol":"Tcp","resource_group_name":"rg-appgw","source_address_prefix":"VirtualNetwork","source_address_prefixes":null,"source_application_security_group_ids":null,"source_port_range":"*","source_port_ranges":null,"timeouts":null},"sensitive_values":{"destination_port_ranges":[false,false]}},{"address":"module.bastion.azurerm_network_security_rule.bastion-gsi-out","mode":"managed","type":"azurerm_network_security_rule","name":"bastion-gsi-out","provider_name":"registry.terraform.io/hashicorp/azurerm","schema_version":0,"values":{"access":"Allow","description":"","destination_address_prefix":"Internet","destination_address_prefixes":null,"destination_application_security_group_ids":null,"destination_port_range":null,"destination_port_ranges":["80"],"direction":"Outbound","name":"AllowGetSesssionInformation","network_security_group_name":"nsg-bastion","priority":150,"protocol":"Tcp","resource_group_name":"rg-appgw","source_address_prefix":"*","source_address_prefixes":null,"source_application_security_group_ids":null,"source_port_range":"*","source_port_ranges":null,"timeouts":null},"sensitive_values":{"destination_port_ranges":[false]}},{"address":"module.bastion.azurerm_network_security_rule.bastion-gwm","mode":"managed","type":"azurerm_network_security_rule","name":"bastion-gwm","provider_name":"registry.terraform.io/hashicorp/azurerm","schema_version":0,"values":{"access":"Allow","description":"","destination_address_prefix":"*","destination_address_prefixes":null,"destination_application_security_group_ids":null,"destination_port_range":"443","destination_port_ranges":null,"direction":"Inbound","name":"AllowGatewayManagerInbound","network_security_group_name":"nsg-bastion","priority":130,"protocol":"Tcp","resource_group_name":"rg-appgw","source_address_prefix":"GatewayManager","source_address_prefixes":null,"source_application_security_group_ids":null,"source_port_range":"*","source_port_ranges":null,"timeouts":null},"sensitive_values":{}},{"address":"module.bastion.azurerm_network_security_rule.bastion-hc","mode":"managed","type":"azurerm_network_security_rule","name":"bastion-hc","provider_name":"registry.terraform.io/hashicorp/azurerm","schema_version":0,"values":{"access":"Allow","description":"","destination_address_prefix":"VirtualNetwork","destination_address_prefixes":null,"destination_application_security_group_ids":null,"destination_port_range":null,"destination_port_ranges":["5701","8080"],"direction":"Inbound","name":"AllowBastionHostCommunication","network_security_group_name":"nsg-bastion","priority":150,"protocol":"*","resource_group_name":"rg-appgw","source_address_prefix":"VirtualNetwork","source_address_prefixes":null,"source_application_security_group_ids":null,"source_port_range":"*","source_port_ranges":null,"timeouts":null},"sensitive_values":{"destination_port_ranges":[false,false]}},{"address":"module.bastion.azurerm_network_security_rule.bastion-https","mode":"managed","type":"azurerm_network_security_rule","name":"bastion-https","provider_name":"registry.terraform.io/hashicorp/azurerm","schema_version":0,"values":{"access":"Allow","description":"","destination_address_prefix":"*","destination_address_prefixes":null,"destination_application_security_group_ids":null,"destination_port_range":"443","destination_port_ranges":null,"direction":"Inbound","name":"AllowHttpsInbound","network_security_group_name":"nsg-bastion","priority":120,"protocol":"Tcp","resource_group_name":"rg-appgw","source_address_prefix":"Internet","source_address_prefixes":null,"source_application_security_group_ids":null,"source_port_range":"*","source_port_ranges":null,"timeouts":null},"sensitive_values":{}},{"address":"module.bastion.azurerm_network_security_rule.bastion-lb","mode":"managed","type":"azurerm_network_security_rule","name":"bastion-lb","provider_name":"registry.terraform.io/hashicorp/azurerm","schema_version":0,"values":{"access":"Allow","description":"","destination_address_prefix":"*","destination_address_prefixes":null,"destination_application_security_group_ids":null,"destination_port_range":"443","destination_port_ranges":null,"direction":"Inbound","name":"AllowAzureLoadBalancerInbound","network_security_group_name":"nsg-bastion","priority":140,"protocol":"Tcp","resource_group_name":"rg-appgw","source_address_prefix":"AzureLoadBalancer","source_address_prefixes":null,"source_application_security_group_ids":null,"source_port_range":"*","source_port_ranges":null,"timeouts":null},"sensitive_values":{}},{"address":"module.bastion.azurerm_network_security_rule.bastion-sshrdp-out","mode":"managed","type":"azurerm_network_security_rule","name":"bastion-sshrdp-out","provider_name":"registry.terraform.io/hashicorp/azurerm","schema_version":0,"values":{"access":"Allow","description":"","destination_address_prefix":"VirtualNetwork","destination_address_prefixes":null,"destination_application_security_group_ids":null,"destination_port_range":null,"destination_port_ranges":["22","3389"],"direction":"Outbound","name":"AllowSshRdpOutbound","network_security_group_name":"nsg-bastion","priority":120,"protocol":"*","resource_group_name":"rg-appgw","source_address_prefix":"*","source_address_prefixes":null,"source_application_security_group_ids":null,"source_port_range":"*","source_port_ranges":null,"timeouts":null},"sensitive_values":{"destination_port_ranges":[false,false]}},{"address":"module.bastion.azurerm_public_ip.bastion","mode":"managed","type":"azurerm_public_ip","name":"bastion","provider_name":"registry.terraform.io/hashicorp/azurerm","schema_version":0,"values":{"allocation_method":"Static","ddos_protection_mode":"VirtualNetworkInherited","ddos_protection_plan_id":null,"domain_name_label":null,"edge_zone":null,"idle_timeout_in_minutes":4,"ip_tags":null,"ip_version":"IPv4","location":"japaneast","name":"pip-bastion","public_ip_prefix_id":null,"resource_group_name":"rg-appgw","reverse_fqdn":null,"sku":"Standard","sku_tier":"Regional","tags":null,"timeouts":null,"zones":null},"sensitive_values":{}},{"address":"module.bastion.azurerm_subnet_network_security_group_association.hub-bastion","mode":"managed","type":"azurerm_subnet_network_security_group_association","name":"hub-bastion","provider_name":"registry.terraform.io/hashicorp/azurerm","schema_version":0,"values":{"timeouts":null},"sensitive_values":{}}],"address":"module.bastion"},{"resources":[{"address":"module.jumpbox.azurerm_dev_test_global_vm_shutdown_schedule.autoshutdown","mode":"managed","type":"azurerm_dev_test_global_vm_shutdown_schedule","name":"autoshutdown","provider_name":"registry.terraform.io/hashicorp/azurerm","schema_version":0,"values":{"daily_recurrence_time":"0200","enabled":true,"location":"japaneast","notification_settings":[{"email":null,"enabled":false,"time_in_minutes":30,"webhook_url":null}],"tags":null,"timeouts":null,"timezone":"Tokyo Standard Time"},"sensitive_values":{"notification_settings":[{}]}},{"address":"module.jumpbox.azurerm_network_interface.nic","mode":"managed","type":"azurerm_network_interface","name":"nic","provider_name":"registry.terraform.io/hashicorp/azurerm","schema_version":0,"values":{"auxiliary_mode":null,"auxiliary_sku":null,"edge_zone":null,"internal_dns_name_label":null,"ip_configuration":[{"name":"configuration","private_ip_address_allocation":"Dynamic","private_ip_address_version":"IPv4"}],"location":"japaneast","name":"nic-vmjumpbox","resource_group_name":"rg-appgw","tags":null,"timeouts":null},"sensitive_values":{"applied_dns_servers":[],"dns_servers":[],"ip_configuration":[{}],"private_ip_addresses":[]}},{"address":"module.jumpbox.azurerm_network_interface_security_group_association.example","mode":"managed","type":"azurerm_network_interface_security_group_association","name":"example","provider_name":"registry.terraform.io/hashicorp/azurerm","schema_version":0,"values":{"timeouts":null},"sensitive_values":{}},{"address":"module.jumpbox.azurerm_network_security_group.nsg","mode":"managed","type":"azurerm_network_security_group","name":"nsg","provider_name":"registry.terraform.io/hashicorp/azurerm","schema_version":0,"values":{"location":"japaneast","name":"nsg-vmjumpbox","resource_group_name":"rg-appgw","security_rule":[{"access":"Allow","description":"","destination_address_prefix":"*","destination_address_prefixes":[],"destination_application_security_group_ids":[],"destination_port_range":"3389","destination_port_ranges":[],"direction":"Inbound","name":"remote_access","priority":100,"protocol":"Tcp","source_address_prefix":"*","source_address_prefixes":[],"source_application_security_group_ids":[],"source_port_range":"*","source_port_ranges":[]}],"tags":null,"timeouts":null},"sensitive_values":{"security_rule":[{"destination_address_prefixes":[],"destination_application_security_group_ids":[],"destination_port_ranges":[],"source_address_prefixes":[],"source_application_security_group_ids":[],"source_port_ranges":[]}]}},{"address":"module.jumpbox.azurerm_public_ip.pip","mode":"managed","type":"azurerm_public_ip","name":"pip","provider_name":"registry.terraform.io/hashicorp/azurerm","schema_version":0,"values":{"allocation_method":"Static","ddos_protection_mode":"VirtualNetworkInherited","ddos_protection_plan_id":null,"domain_name_label":null,"edge_zone":null,"idle_timeout_in_minutes":4,"ip_tags":null,"ip_version":"IPv4","location":"japaneast","name":"pip-vmjumpbox","public_ip_prefix_id":null,"resource_group_name":"rg-appgw","reverse_fqdn":null,"sku":"Standard","sku_tier":"Regional","tags":null,"timeouts":null,"zones":null},"sensitive_values":{}},{"address":"module.jumpbox.azurerm_windows_virtual_machine.windows","mode":"managed","type":"azurerm_windows_virtual_machine","name":"windows","provider_name":"registry.terraform.io/hashicorp/azurerm","schema_version":0,"values":{"additional_capabilities":[],"additional_unattend_content":[],"admin_password":"Password1!","admin_username":"adminuser","allow_extension_operations":true,"availability_set_id":null,"boot_diagnostics":[],"bypass_platform_safety_checks_on_user_schedule_enabled":false,"capacity_reservation_group_id":null,"custom_data":null,"dedicated_host_group_id":null,"dedicated_host_id":null,"edge_zone":null,"enable_automatic_updates":true,"encryption_at_host_enabled":null,"eviction_policy":null,"extensions_time_budget":"PT1H30M","gallery_application":[],"hotpatching_enabled":false,"identity":[],"license_type":null,"location":"japaneast","max_bid_price":-1,"name":"vmjumpbox","os_disk":[{"caching":"ReadWrite","diff_disk_settings":[],"disk_encryption_set_id":null,"secure_vm_disk_encryption_set_id":null,"security_encryption_type":null,"storage_account_type":"Premium_LRS","write_accelerator_enabled":false}],"os_image_notification":[],"patch_assessment_mode":"ImageDefault","patch_mode":"AutomaticByOS","plan":[],"platform_fault_domain":-1,"priority":"Regular","provision_vm_agent":true,"proximity_placement_group_id":null,"reboot_setting":null,"resource_group_name":"rg-appgw","secret":[],"secure_boot_enabled":null,"size":"Standard_B2ms","source_image_id":null,"source_image_reference":[{"offer":"WindowsServer","publisher":"MicrosoftWindowsServer","sku":"2019-Datacenter","version":"latest"}],"tags":null,"timeouts":null,"timezone":null,"user_data":null,"virtual_machine_scale_set_id":null,"vm_agent_platform_updates_enabled":false,"vtpm_enabled":null,"winrm_listener":[],"zone":"1"},"sensitive_values":{"additional_capabilities":[],"additional_unattend_content":[],"admin_password":true,"boot_diagnostics":[],"custom_data":true,"gallery_application":[],"identity":[],"network_interface_ids":[],"os_disk":[{"diff_disk_settings":[]}],"os_image_notification":[],"plan":[],"private_ip_addresses":[],"public_ip_addresses":[],"secret":[],"source_image_reference":[{}],"termination_notification":[],"winrm_listener":[]}}],"address":"module.jumpbox"},{"resources":[{"address":"module.jumpbox-linux.azurerm_dev_test_global_vm_shutdown_schedule.autoshutdown","mode":"managed","type":"azurerm_dev_test_global_vm_shutdown_schedule","name":"autoshutdown","provider_name":"registry.terraform.io/hashicorp/azurerm","schema_version":0,"values":{"daily_recurrence_time":"0200","enabled":true,"location":"japaneast","notification_settings":[{"email":null,"enabled":false,"time_in_minutes":30,"webhook_url":null}],"tags":null,"timeouts":null,"timezone":"Tokyo Standard Time"},"sensitive_values":{"notification_settings":[{}]}},{"address":"module.jumpbox-linux.azurerm_linux_virtual_machine.linux","mode":"managed","type":"azurerm_linux_virtual_machine","name":"linux","provider_name":"registry.terraform.io/hashicorp/azurerm","schema_version":0,"values":{"additional_capabilities":[],"admin_password":"Password1!","admin_ssh_key":[{"public_key":"ssh-rsa AAAAB3NzaC1yc2EAAAADAQABAAABAQDTcNZBXea8DCFaCXUuH0xUWBa5zv2YRXBKSnRAaIcwF2fRJxFdG/PgnJ4HoA10id8dSILVSuXLLjp9sTtqNgtnErKy/+zTPXcb6seHd/MycZb5181jYIIyLCuYrf2ZHum4PlMQ3RQUelbjY1ye/k54rmgdx9gmKzvy0v0oyRd1XSat0mvvVm1QesVcu4qV0uyBHga+XYm6mYhJAucNLbwB9JU/gHCc4yidckWzFsFyrosZtmbEi5C8hXNojJIeMBMFoaQSO4eZHtNhlXpscRt8+WzPqS1V/6t3wa/XjdFjZPHFQOjTPBb5dZaF5Fh2lxRDM8oYPxmuVrLPlscdqGJr noname","username":"adminuser"}],"admin_username":"adminuser","allow_extension_operations":true,"availability_set_id":null,"boot_diagnostics":[{"storage_account_uri":null}],"bypass_platform_safety_checks_on_user_schedule_enabled":false,"capacity_reservation_group_id":null,"custom_data":"dGVzdA==","dedicated_host_group_id":null,"dedicated_host_id":null,"disable_password_authentication":false,"edge_zone":null,"encryption_at_host_enabled":null,"eviction_policy":null,"extensions_time_budget":"PT1H30M","gallery_application":[],"identity":[],"license_type":null,"location":"japaneast","max_bid_price":-1,"name":"vmjumpboxlinux","os_disk":[{"caching":"ReadWrite","diff_disk_settings":[],"disk_encryption_set_id":null,"secure_vm_disk_encryption_set_id":null,"security_encryption_type":null,"storage_account_type":"Premium_LRS","write_accelerator_enabled":false}],"os_image_notification":[],"patch_assessment_mode":"ImageDefault","patch_mode":"ImageDefault","plan":[],"platform_fault_domain":-1,"priority":"Regular","provision_vm_agent":true,"proximity_placement_group_id":null,"reboot_setting":null,"resource_group_name":"rg-appgw","secret":[],"secure_boot_enabled":null,"size":"Standard_B2ms","source_image_id":null,"source_image_reference":[{"offer":"0001-com-ubuntu-server-focal","publisher":"Canonical","sku":"20_04-lts-gen2","version":"latest"}],"tags":null,"timeouts":null,"user_data":null,"virtual_machine_scale_set_id":null,"vm_agent_platform_updates_enabled":false,"vtpm_enabled":null,"zone":null},"sensitive_values":{"additional_capabilities":[],"admin_password":true,"admin_ssh_key":[{}],"boot_diagnostics":[{}],"custom_data":true,"gallery_application":[],"identity":[],"network_interface_ids":[],"os_disk":[{"diff_disk_settings":[]}],"os_image_notification":[],"plan":[],"private_ip_addresses":[],"public_ip_addresses":[],"secret":[],"source_image_reference":[{}],"termination_notification":[]}},{"address":"module.jumpbox-linux.azurerm_network_interface.nic","mode":"managed","type":"azurerm_network_interface","name":"nic","provider_name":"registry.terraform.io/hashicorp/azurerm","schema_version":0,"values":{"auxiliary_mode":null,"auxiliary_sku":null,"edge_zone":null,"enable_accelerated_networking":false,"internal_dns_name_label":null,"ip_configuration":[{"name":"configuration","private_ip_address_allocation":"Dynamic","private_ip_address_version":"IPv4"}],"location":"japaneast","name":"nic-vmjumpboxlinux","resource_group_name":"rg-appgw","tags":null,"timeouts":null},"sensitive_values":{"applied_dns_servers":[],"dns_servers":[],"ip_configuration":[{}],"private_ip_addresses":[]}},{"address":"module.jumpbox-linux.azurerm_network_interface_security_group_association.example","mode":"managed","type":"azurerm_network_interface_security_group_association","name":"example","provider_name":"registry.terraform.io/hashicorp/azurerm","schema_version":0,"values":{"timeouts":null},"sensitive_values":{}},{"address":"module.jumpbox-linux.azurerm_network_security_group.nsg","mode":"managed","type":"azurerm_network_security_group","name":"nsg","provider_name":"registry.terraform.io/hashicorp/azurerm","schema_version":0,"values":{"location":"japaneast","name":"nsg-vmjumpboxlinux","resource_group_name":"rg-appgw","tags":null,"timeouts":null},"sensitive_values":{"security_rule":[]}},{"address":"module.jumpbox-linux.azurerm_network_security_rule.nsg-rule","mode":"managed","type":"azurerm_network_security_rule","name":"nsg-rule","provider_name":"registry.terraform.io/hashicorp/azurerm","schema_version":0,"values":{"access":"Allow","description":null,"destination_address_prefix":"*","destination_address_prefixes":null,"destination_application_security_group_ids":null,"destination_port_range":null,"destination_port_ranges":["22","80"],"direction":"Inbound","name":"remote_access","network_security_group_name":"nsg-vmjumpboxlinux","priority":100,"protocol":"Tcp","resource_group_name":"rg-appgw","source_address_prefix":"*","source_address_prefixes":null,"source_application_security_group_ids":null,"source_port_range":"*","source_port_ranges":null,"timeouts":null},"sensitive_values":{"destination_port_ranges":[false,false]}},{"address":"module.jumpbox-linux.azurerm_public_ip.pip","mode":"managed","type":"azurerm_public_ip","name":"pip","provider_name":"registry.terraform.io/hashicorp/azurerm","schema_version":0,"values":{"allocation_method":"Static","ddos_protection_mode":"VirtualNetworkInherited","ddos_protection_plan_id":null,"domain_name_label":null,"edge_zone":null,"idle_timeout_in_minutes":4,"ip_tags":null,"ip_version":"IPv4","location":"japaneast","name":"pip-vmjumpboxlinux","public_ip_prefix_id":null,"resource_group_name":"rg-appgw","reverse_fqdn":null,"sku":"Standard","sku_tier":"Regional","tags":null,"timeouts":null,"zones":null},"sensitive_values":{}}],"address":"module.jumpbox-linux"},{"resources":[{"address":"module.webserver.azurerm_dev_test_global_vm_shutdown_schedule.autoshutdown","mode":"managed","type":"azurerm_dev_test_global_vm_shutdown_schedule","name":"autoshutdown","provider_name":"registry.terraform.io/hashicorp/azurerm","schema_version":0,"values":{"daily_recurrence_time":"0200","enabled":true,"location":"japaneast","notification_settings":[{"email":null,"enabled":false,"time_in_minutes":30,"webhook_url":null}],"tags":null,"timeouts":null,"timezone":"Tokyo Standard Time"},"sensitive_values":{"notification_settings":[{}]}},{"address":"module.webserver.azurerm_linux_virtual_machine.linux","mode":"managed","type":"azurerm_linux_virtual_machine","name":"linux","provider_name":"registry.terraform.io/hashicorp/azurerm","schema_version":0,"values":{"additional_capabilities":[],"admin_password":"Password1!","admin_ssh_key":[{"public_key":"ssh-rsa AAAAB3NzaC1yc2EAAAADAQABAAABAQDTcNZBXea8DCFaCXUuH0xUWBa5zv2YRXBKSnRAaIcwF2fRJxFdG/PgnJ4HoA10id8dSILVSuXLLjp9sTtqNgtnErKy/+zTPXcb6seHd/MycZb5181jYIIyLCuYrf2ZHum4PlMQ3RQUelbjY1ye/k54rmgdx9gmKzvy0v0oyRd1XSat0mvvVm1QesVcu4qV0uyBHga+XYm6mYhJAucNLbwB9JU/gHCc4yidckWzFsFyrosZtmbEi5C8hXNojJIeMBMFoaQSO4eZHtNhlXpscRt8+WzPqS1V/6t3wa/XjdFjZPHFQOjTPBb5dZaF5Fh2lxRDM8oYPxmuVrLPlscdqGJr noname","username":"adminuser"}],"admin_username":"adminuser","allow_extension_operations":true,"availability_set_id":null,"boot_diagnostics":[{"storage_account_uri":null}],"bypass_platform_safety_checks_on_user_schedule_enabled":false,"capacity_reservation_group_id":null,"custom_data":"c3VkbyBhcHQgdXBkYXRlICYmIHN1ZG8gYXB0IGluc3RhbGwgLXkgbmdpbng=","dedicated_host_group_id":null,"dedicated_host_id":null,"disable_password_authentication":false,"edge_zone":null,"encryption_at_host_enabled":null,"eviction_policy":null,"extensions_time_budget":"PT1H30M","gallery_application":[],"identity":[],"license_type":null,"location":"japaneast","max_bid_price":-1,"name":"vmwebserver","os_disk":[{"caching":"ReadWrite","diff_disk_settings":[],"disk_encryption_set_id":null,"secure_vm_disk_encryption_set_id":null,"security_encryption_type":null,"storage_account_type":"Premium_LRS","write_accelerator_enabled":false}],"os_image_notification":[],"patch_assessment_mode":"ImageDefault","patch_mode":"ImageDefault","plan":[],"platform_fault_domain":-1,"priority":"Regular","provision_vm_agent":true,"proximity_placement_group_id":null,"reboot_setting":null,"resource_group_name":"rg-appgw","secret":[],"secure_boot_enabled":null,"size":"Standard_B2ms","source_image_id":null,"source_image_reference":[{"offer":"0001-com-ubuntu-server-focal","publisher":"Canonical","sku":"20_04-lts-gen2","version":"latest"}],"tags":null,"timeouts":null,"user_data":null,"virtual_machine_scale_set_id":null,"vm_agent_platform_updates_enabled":false,"vtpm_enabled":null,"zone":null},"sensitive_values":{"additional_capabilities":[],"admin_password":true,"admin_ssh_key":[{}],"boot_diagnostics":[{}],"custom_data":true,"gallery_application":[],"identity":[],"network_interface_ids":[],"os_disk":[{"diff_disk_settings":[]}],"os_image_notification":[],"plan":[],"private_ip_addresses":[],"public_ip_addresses":[],"secret":[],"source_image_reference":[{}],"termination_notification":[]}},{"address":"module.webserver.azurerm_network_interface.nic","mode":"managed","type":"azurerm_network_interface","name":"nic","provider_name":"registry.terraform.io/hashicorp/azurerm","schema_version":0,"values":{"auxiliary_mode":null,"auxiliary_sku":null,"edge_zone":null,"enable_accelerated_networking":false,"internal_dns_name_label":null,"ip_configuration":[{"name":"configuration","private_ip_address_allocation":"Dynamic","private_ip_address_version":"IPv4"}],"location":"japaneast","name":"nic-vmwebserver","resource_group_name":"rg-appgw","tags":null,"timeouts":null},"sensitive_values":{"applied_dns_servers":[],"dns_servers":[],"ip_configuration":[{}],"private_ip_addresses":[]}},{"address":"module.webserver.azurerm_network_interface_security_group_association.example","mode":"managed","type":"azurerm_network_interface_security_group_association","name":"example","provider_name":"registry.terraform.io/hashicorp/azurerm","schema_version":0,"values":{"timeouts":null},"sensitive_values":{}},{"address":"module.webserver.azurerm_network_security_group.nsg","mode":"managed","type":"azurerm_network_security_group","name":"nsg","provider_name":"registry.terraform.io/hashicorp/azurerm","schema_version":0,"values":{"location":"japaneast","name":"nsg-vmwebserver","resource_group_name":"rg-appgw","tags":null,"timeouts":null},"sensitive_values":{"security_rule":[]}},{"address":"module.webserver.azurerm_network_security_rule.nsg-rule","mode":"managed","type":"azurerm_network_security_rule","name":"nsg-rule","provider_name":"registry.terraform.io/hashicorp/azurerm","schema_version":0,"values":{"access":"Allow","description":null,"destination_address_prefix":"*","destination_address_prefixes":null,"destination_application_security_group_ids":null,"destination_port_range":null,"destination_port_ranges":["22","80"],"direction":"Inbound","name":"remote_access","network_security_group_name":"nsg-vmwebserver","priority":100,"protocol":"Tcp","resource_group_name":"rg-appgw","source_address_prefix":"*","source_address_prefixes":null,"source_application_security_group_ids":null,"source_port_range":"*","source_port_ranges":null,"timeouts":null},"sensitive_values":{"destination_port_ranges":[false,false]}},{"address":"module.webserver.azurerm_public_ip.pip","mode":"managed","type":"azurerm_public_ip","name":"pip","provider_name":"registry.terraform.io/hashicorp/azurerm","schema_version":0,"values":{"allocation_method":"Static","ddos_protection_mode":"VirtualNetworkInherited","ddos_protection_plan_id":null,"domain_name_label":null,"edge_zone":null,"idle_timeout_in_minutes":4,"ip_tags":null,"ip_version":"IPv4","location":"japaneast","name":"pip-vmwebserver","public_ip_prefix_id":null,"resource_group_name":"rg-appgw","reverse_fqdn":null,"sku":"Standard","sku_tier":"Regional","tags":null,"timeouts":null,"zones":null},"sensitive_values":{}}],"address":"module.webserver"}]}},"resource_changes":[{"address":"azurerm_application_gateway.network","mode":"managed","type":"azurerm_application_gateway","name":"network","provider_name":"registry.terraform.io/hashicorp/azurerm","change":{"actions":["create"],"before":null,"after":{"authentication_certificate":[],"autoscale_configuration":[],"backend_address_pool":[{"ip_addresses":[],"name":"vnet-example-beap-vm"},{"ip_addresses":[],"name":"vnet-example-beap-webapps1"},{"ip_addresses":[],"name":"vnet-example-beap-webapps2"}],"backend_http_settings":[{"affinity_cookie_name":"","authentication_certificate":[],"connection_draining":[],"cookie_based_affinity":"Disabled","host_name":"","name":"vnet-example-be-htst","path":"","pick_host_name_from_backend_address":true,"port":80,"probe_name":"","protocol":"Http","request_timeout":60,"trusted_root_certificate_names":[]},{"affinity_cookie_name":"","authentication_certificate":[],"connection_draining":[],"cookie_based_affinity":"Disabled","host_name":"","name":"vnet-example-be-htst-2","path":"/","pick_host_name_from_backend_address":true,"port":80,"probe_name":"","protocol":"Http","request_timeout":60,"trusted_root_certificate_names":[]}],"custom_error_configuration":[],"enable_http2":null,"fips_enabled":null,"firewall_policy_id":null,"force_firewall_policy_association":null,"frontend_ip_configuration":[{"name":"vnet-example-feip","private_ip_address_allocation":"Dynamic","private_link_configuration_name":null,"subnet_id":null},{"name":"vnet-example-feip-private","private_ip_address":"10.254.0.4","private_ip_address_allocation":"Static","private_link_configuration_name":null,"public_ip_address_id":null}],"frontend_port":[{"name":"vnet-example-8080-feport","port":8080},{"name":"vnet-example-feport","port":80}],"gateway_ip_configuration":[{"name":"my-gateway-ip-configuration"}],"global":[],"http_listener":[{"custom_error_configuration":[],"firewall_policy_id":"","frontend_ip_configuration_name":"vnet-example-feip","frontend_port_name":"vnet-example-feport","host_name":"","host_names":[],"name":"vnet-example-httplstn","protocol":"Http","require_sni":null,"ssl_certificate_name":"","ssl_profile_name":""},{"custom_error_configuration":[],"firewall_policy_id":"","frontend_ip_configuration_name":"vnet-example-feip-private","frontend_port_name":"vnet-example-8080-feport","host_name":"","host_names":[],"name":"vnet-example-httplstn-private","protocol":"Http","require_sni":null,"ssl_certificate_name":"","ssl_profile_name":""}],"identity":[],"location":"japaneast","name":"appgw-example","private_link_configuration":[],"probe":[],"redirect_configuration":[],"request_routing_rule":[{"backend_address_pool_name":"","backend_http_settings_name":"","http_listener_name":"vnet-example-httplstn","name":"vnet-example-rqrt","priority":1000,"redirect_configuration_name":"","rewrite_rule_set_name":"","rule_type":"PathBasedRouting","url_path_map_name":"my-url-path-map"},{"backend_address_pool_name":"","backend_http_settings_name":"","http_listener_name":"vnet-example-httplstn-private","name":"vnet-example-private-rqrt","priority":2000,"redirect_configuration_name":"","rewrite_rule_set_name":"","rule_type":"PathBasedRouting","url_path_map_name":"my-url-path-map-vm"}],"resource_group_name":"rg-appgw","rewrite_rule_set":[],"sku":[{"capacity":2,"name":"Standard_v2","tier":"Standard_v2"}],"ssl_certificate":[],"ssl_profile":[],"tags":null,"timeouts":null,"trusted_client_certificate":[],"trusted_root_certificate":[],"url_path_map":[{"default_backend_address_pool_name":"vnet-example-beap-webapps1","default_backend_http_settings_name":"vnet-example-be-htst","default_redirect_configuration_name":null,"default_rewrite_rule_set_name":null,"name":"my-url-path-map","path_rule":[{"backend_address_pool_name":"vnet-example-beap-webapps2","backend_http_settings_name":"vnet-example-be-htst-2","firewall_policy_id":null,"name":"my-path-rule","paths":["/staging/*"],"redirect_configuration_name":null,"rewrite_rule_set_name":null}]},{"default_backend_address_pool_name":"vnet-example-beap-vm","default_backend_http_settings_name":"vnet-example-be-htst","default_redirect_configuration_name":null,"default_rewrite_rule_set_name":null,"name":"my-url-path-map-vm","path_rule":[{"backend_address_pool_name":"vnet-example-beap-vm","backend_http_settings_name":"vnet-example-be-htst-2","firewall_policy_id":null,"name":"my-path-rule","paths":["/staging/*"],"redirect_configuration_name":null,"rewrite_rule_set_name":null}]}],"waf_configuration":[],"zones":null},"after_unknown":{"authentication_certificate":[],"autoscale_configuration":[],"backend_address_pool":[{"fqdns":true,"id":true,"ip_addresses":[]},{"fqdns":true,"id":true,"ip_addresses":[]},{"fqdns":true,"id":true,"ip_addresses":[]}],"backend_http_settings":[{"authentication_certificate":[],"connection_draining":[],"id":true,"probe_id":true,"trusted_root_certificate_names":[]},{"authentication_certificate":[],"connection_draining":[],"id":true,"probe_id":true,"trusted_root_certificate_names":[]}],"custom_error_configuration":[],"frontend_ip_configuration":[{"id":true,"private_ip_address":true,"private_link_configuration_id":true,"public_ip_address_id":true},{"id":true,"private_link_configuration_id":true,"subnet_id":true}],"frontend_port":[{"id":true},{"id":true}],"gateway_ip_configuration":[{"id":true,"subnet_id":true}],"global":[],"http_listener":[{"custom_error_configuration":[],"frontend_ip_configuration_id":true,"frontend_port_id":true,"host_names":[],"id":true,"ssl_certificate_id":true,"ssl_profile_id":true},{"custom_error_configuration":[],"frontend_ip_configuration_id":true,"frontend_port_id":true,"host_names":[],"id":true,"ssl_certificate_id":true,"ssl_profile_id":true}],"id":true,"identity":[],"private_endpoint_connection":true,"private_link_configuration":[],"probe":[],"redirect_configuration":[],"request_routing_rule":[{"backend_address_pool_id":true,"backend_http_settings_id":true,"http_listener_id":true,"id":true,"redirect_configuration_id":true,"rewrite_rule_set_id":true,"url_path_map_id":true},{"backend_address_pool_id":true,"backend_http_settings_id":true,"http_listener_id":true,"id":true,"redirect_configuration_id":true,"rewrite_rule_set_id":true,"url_path_map_id":true}],"rewrite_rule_set":[],"sku":[{}],"ssl_certificate":[],"ssl_policy":true,"ssl_profile":[],"trusted_client_certificate":[],"trusted_root_certificate":[],"url_path_map":[{"default_backend_address_pool_id":true,"default_backend_http_settings_id":true,"default_redirect_configuration_id":true,"default_rewrite_rule_set_id":true,"id":true,"path_rule":[{"backend_address_pool_id":true,"backend_http_settings_id":true,"id":true,"paths":[false],"redirect_configuration_id":true,"rewrite_rule_set_id":true}]},{"default_backend_address_pool_id":true,"default_backend_http_settings_id":true,"default_redirect_configuration_id":true,"default_rewrite_rule_set_id":true,"id":true,"path_rule":[{"backend_address_pool_id":true,"backend_http_settings_id":true,"id":true,"paths":[false],"redirect_configuration_id":true,"rewrite_rule_set_id":true}]}],"waf_configuration":[]},"before_sensitive":false,"after_sensitive":{"authentication_certificate":[],"autoscale_configuration":[],"backend_address_pool":[{"fqdns":[],"ip_addresses":[]},{"fqdns":[],"ip_addresses":[]},{"fqdns":[],"ip_addresses":[]}],"backend_http_settings":[{"authentication_certificate":[],"connection_draining":[],"trusted_root_certificate_names":[]},{"authentication_certificate":[],"connection_draining":[],"trusted_root_certificate_names":[]}],"custom_error_configuration":[],"frontend_ip_configuration":[{},{}],"frontend_port":[{},{}],"gateway_ip_configuration":[{}],"global":[],"http_listener":[{"custom_error_configuration":[],"host_names":[]},{"custom_error_configuration":[],"host_names":[]}],"identity":[],"private_endpoint_connection":[],"private_link_configuration":[],"probe":[],"redirect_configuration":[],"request_routing_rule":[{},{}],"rewrite_rule_set":[],"sku":[{}],"ssl_certificate":[],"ssl_policy":[],"ssl_profile":[],"trusted_client_certificate":[],"trusted_root_certificate":[],"url_path_map":[{"path_rule":[{"paths":[false]}]},{"path_rule":[{"paths":[false]}]}],"waf_configuration":[]}}},{"address":"azurerm_linux_web_app.app1","mode":"managed","type":"azurerm_linux_web_app","name":"app1","provider_name":"registry.terraform.io/hashicorp/azurerm","change":{"actions":["create"],"before":null,"after":{"app_settings":null,"auth_settings":[],"auth_settings_v2":[],"backup":[],"client_affinity_enabled":false,"client_certificate_enabled":false,"client_certificate_exclusion_paths":null,"client_certificate_mode":"Required","connection_string":[],"enabled":true,"ftp_publish_basic_authentication_enabled":true,"https_only":false,"identity":[],"location":"japaneast","logs":[],"public_network_access_enabled":true,"resource_group_name":"rg-appgw","site_config":[{"always_on":true,"api_definition_url":null,"api_management_api_id":null,"app_command_line":null,"application_stack":[{"docker_image":"tsubasaxzzz/nginx-0829","docker_image_name":null,"docker_image_tag":"app1","dotnet_version":null,"go_version":null,"java_server":null,"java_server_version":null,"java_version":null,"node_version":null,"php_version":null,"python_version":null,"ruby_version":null}],"auto_heal_enabled":null,"auto_heal_setting":[],"container_registry_managed_identity_client_id":null,"container_registry_use_managed_identity":false,"cors":[],"ftps_state":"Disabled","health_check_path":null,"http2_enabled":false,"ip_restriction":[],"ip_restriction_default_action":"Allow","load_balancing_mode":"LeastRequests","local_mysql_enabled":false,"managed_pipeline_mode":"Integrated","minimum_tls_version":"1.2","remote_debugging_enabled":false,"scm_ip_restriction":[],"scm_ip_restriction_default_action":"Allow","scm_minimum_tls_version":"1.2","scm_use_main_ip_restriction":false,"use_32_bit_worker":true,"vnet_route_all_enabled":false,"websockets_enabled":false}],"sticky_settings":[],"storage_account":[],"tags":null,"timeouts":null,"virtual_network_subnet_id":null,"webdeploy_publish_basic_authentication_enabled":true},"after_unknown":{"auth_settings":[],"auth_settings_v2":[],"backup":[],"connection_string":[],"custom_domain_verification_id":true,"default_hostname":true,"hosting_environment_id":true,"id":true,"identity":[],"key_vault_reference_identity_id":true,"kind":true,"logs":[],"name":true,"outbound_ip_address_list":true,"outbound_ip_addresses":true,"possible_outbound_ip_address_list":true,"possible_outbound_ip_addresses":true,"service_plan_id":true,"site_config":[{"application_stack":[{"docker_registry_password":true,"docker_registry_url":true,"docker_registry_username":true}],"auto_heal_setting":[],"cors":[],"default_documents":true,"detailed_error_logging_enabled":true,"health_check_eviction_time_in_min":true,"ip_restriction":[],"linux_fx_version":true,"remote_debugging_version":true,"scm_ip_restriction":[],"scm_type":true,"worker_count":true}],"site_credential":true,"sticky_settings":[],"storage_account":[],"zip_deploy_file":true},"before_sensitive":false,"after_sensitive":{"auth_settings":[],"auth_settings_v2":[],"backup":[],"connection_string":[],"custom_domain_verification_id":true,"identity":[],"logs":[],"outbound_ip_address_list":[],"possible_outbound_ip_address_list":[],"site_config":[{"application_stack":[{"docker_registry_password":true}],"auto_heal_setting":[],"cors":[],"default_documents":[],"ip_restriction":[],"scm_ip_restriction":[]}],"site_credential":true,"sticky_settings":[],"storage_account":[]}}},{"address":"azurerm_linux_web_app.app2","mode":"managed","type":"azurerm_linux_web_app","name":"app2","provider_name":"registry.terraform.io/hashicorp/azurerm","change":{"actions":["create"],"before":null,"after":{"app_settings":null,"auth_settings":[],"auth_settings_v2":[],"backup":[],"client_affinity_enabled":false,"client_certificate_enabled":false,"client_certificate_exclusion_paths":null,"client_certificate_mode":"Required","connection_string":[],"enabled":true,"ftp_publish_basic_authentication_enabled":true,"https_only":false,"identity":[],"location":"japaneast","logs":[],"public_network_access_enabled":true,"resource_group_name":"rg-appgw","site_config":[{"always_on":true,"api_definition_url":null,"api_management_api_id":null,"app_command_line":null,"application_stack":[{"docker_image":"tsubasaxzzz/nginx-0829","docker_image_name":null,"docker_image_tag":"app2","dotnet_version":null,"go_version":null,"java_server":null,"java_server_version":null,"java_version":null,"node_version":null,"php_version":null,"python_version":null,"ruby_version":null}],"auto_heal_enabled":null,"auto_heal_setting":[],"container_registry_managed_identity_client_id":null,"container_registry_use_managed_identity":false,"cors":[],"ftps_state":"Disabled","health_check_path":null,"http2_enabled":false,"ip_restriction":[],"ip_restriction_default_action":"Allow","load_balancing_mode":"LeastRequests","local_mysql_enabled":false,"managed_pipeline_mode":"Integrated","minimum_tls_version":"1.2","remote_debugging_enabled":false,"scm_ip_restriction":[],"scm_ip_restriction_default_action":"Allow","scm_minimum_tls_version":"1.2","scm_use_main_ip_restriction":false,"use_32_bit_worker":true,"vnet_route_all_enabled":false,"websockets_enabled":false}],"sticky_settings":[],"storage_account":[],"tags":null,"timeouts":null,"virtual_network_subnet_id":null,"webdeploy_publish_basic_authentication_enabled":true},"after_unknown":{"auth_settings":[],"auth_settings_v2":[],"backup":[],"connection_string":[],"custom_domain_verification_id":true,"default_hostname":true,"hosting_environment_id":true,"id":true,"identity":[],"key_vault_reference_identity_id":true,"kind":true,"logs":[],"name":true,"outbound_ip_address_list":true,"outbound_ip_addresses":true,"possible_outbound_ip_address_list":true,"possible_outbound_ip_addresses":true,"service_plan_id":true,"site_config":[{"application_stack":[{"docker_registry_password":true,"docker_registry_url":true,"docker_registry_username":true}],"auto_heal_setting":[],"cors":[],"default_documents":true,"detailed_error_logging_enabled":true,"health_check_eviction_time_in_min":true,"ip_restriction":[],"linux_fx_version":true,"remote_debugging_version":true,"scm_ip_restriction":[],"scm_type":true,"worker_count":true}],"site_credential":true,"sticky_settings":[],"storage_account":[],"zip_deploy_file":true},"before_sensitive":false,"after_sensitive":{"auth_settings":[],"auth_settings_v2":[],"backup":[],"connection_string":[],"custom_domain_verification_id":true,"identity":[],"logs":[],"outbound_ip_address_list":[],"possible_outbound_ip_address_list":[],"site_config":[{"application_stack":[{"docker_registry_password":true}],"auto_heal_setting":[],"cors":[],"default_documents":[],"ip_restriction":[],"scm_ip_restriction":[]}],"site_credential":true,"sticky_settings":[],"storage_account":[]}}},{"address":"azurerm_public_ip.example","mode":"managed","type":"azurerm_public_ip","name":"example","provider_name":"registry.terraform.io/hashicorp/azurerm","change":{"actions":["create"],"before":null,"after":{"allocation_method":"Static","ddos_protection_mode":"VirtualNetworkInherited","ddos_protection_plan_id":null,"domain_name_label":null,"edge_zone":null,"idle_timeout_in_minutes":4,"ip_tags":null,"ip_version":"IPv4","location":"japaneast","name":"pip-appgw","public_ip_prefix_id":null,"resource_group_name":"rg-appgw","reverse_fqdn":null,"sku":"Standard","sku_tier":"Regional","tags":null,"timeouts":null,"zones":["1","2","3"]},"after_unknown":{"fqdn":true,"id":true,"ip_address":true,"zones":[false,false,false]},"before_sensitive":false,"after_sensitive":{"zones":[false,false,false]}}},{"address":"azurerm_resource_group.example","mode":"managed","type":"azurerm_resource_group","name":"example","provider_name":"registry.terraform.io/hashicorp/azurerm","change":{"actions":["create"],"before":null,"after":{"location":"japaneast","managed_by":null,"name":"rg-appgw","tags":null,"timeouts":null},"after_unknown":{"id":true},"before_sensitive":false,"after_sensitive":{}}},{"address":"azurerm_service_plan.example","mode":"managed","type":"azurerm_service_plan","name":"example","provider_name":"registry.terraform.io/hashicorp/azurerm","change":{"actions":["create"],"before":null,"after":{"app_service_environment_id":null,"location":"japaneast","os_type":"Linux","per_site_scaling_enabled":false,"resource_group_name":"rg-appgw","sku_name":"S1","tags":null,"timeouts":null,"zone_balancing_enabled":null},"after_unknown":{"id":true,"kind":true,"maximum_elastic_worker_count":true,"name":true,"reserved":true,"worker_count":true},"before_sensitive":false,"after_sensitive":{}}},{"address":"azurerm_subnet.backend","mode":"managed","type":"azurerm_subnet","name":"backend","provider_name":"registry.terraform.io/hashicorp/azurerm","change":{"actions":["create"],"before":null,"after":{"address_prefixes":["10.254.2.0/24"],"default_outbound_access_enabled":true,"delegation":[],"name":"snet-backend","resource_group_name":"rg-appgw","service_endpoint_policy_ids":null,"service_endpoints":null,"timeouts":null,"virtual_network_name":"vnet-example"},"after_unknown":{"address_prefixes":[false],"delegation":[],"enforce_private_link_endpoint_network_policies":true,"enforce_private_link_service_network_policies":true,"id":true,"private_endpoint_network_policies":true,"private_endpoint_network_policies_enabled":true,"private_link_service_network_policies_enabled":true},"before_sensitive":false,"after_sensitive":{"address_prefixes":[false],"delegation":[]}}},{"address":"azurerm_subnet.bastion","mode":"managed","type":"azurerm_subnet","name":"bastion","provider_name":"registry.terraform.io/hashicorp/azurerm","change":{"actions":["create"],"before":null,"after":{"address_prefixes":["10.254.255.0/24"],"default_outbound_access_enabled":true,"delegation":[],"name":"AzureBastionSubnet","resource_group_name":"rg-appgw","service_endpoint_policy_ids":null,"service_endpoints":null,"timeouts":null,"virtual_network_name":"vnet-example"},"after_unknown":{"address_prefixes":[false],"delegation":[],"enforce_private_link_endpoint_network_policies":true,"enforce_private_link_service_network_policies":true,"id":true,"private_endpoint_network_policies":true,"private_endpoint_network_policies_enabled":true,"private_link_service_network_policies_enabled":true},"before_sensitive":false,"after_sensitive":{"address_prefixes":[false],"delegation":[]}}},{"address":"azurerm_subnet.frontend","mode":"managed","type":"azurerm_subnet","name":"frontend","provider_name":"registry.terraform.io/hashicorp/azurerm","change":{"actions":["create"],"before":null,"after":{"address_prefixes":["10.254.0.0/24"],"default_outbound_access_enabled":true,"delegation":[],"name":"snet-frontend","resource_group_name":"rg-appgw","service_endpoint_policy_ids":null,"service_endpoints":null,"timeouts":null,"virtual_network_name":"vnet-example"},"after_unknown":{"address_prefixes":[false],"delegation":[],"enforce_private_link_endpoint_network_policies":true,"enforce_private_link_service_network_policies":true,"id":true,"private_endpoint_network_policies":true,"private_endpoint_network_policies_enabled":true,"private_link_service_network_policies_enabled":true},"before_sensitive":false,"after_sensitive":{"address_prefixes":[false],"delegation":[]}}},{"address":"azurerm_virtual_network.example","mode":"managed","type":"azurerm_virtual_network","name":"example","provider_name":"registry.terraform.io/hashicorp/azurerm","change":{"actions":["create"],"before":null,"after":{"address_space":["10.254.0.0/16"],"bgp_community":null,"ddos_protection_plan":[],"edge_zone":null,"encryption":[],"flow_timeout_in_minutes":null,"location":"japaneast","name":"vnet-example","resource_group_name":"rg-appgw","tags":null,"timeouts":null},"after_unknown":{"address_space":[false],"ddos_protection_plan":[],"dns_servers":true,"encryption":[],"guid":true,"id":true,"subnet":true},"before_sensitive":false,"after_sensitive":{"address_space":[false],"ddos_protection_plan":[],"dns_servers":[],"encryption":[],"subnet":[]}}},{"address":"random_string.uniqstr","mode":"managed","type":"random_string","name":"uniqstr","provider_name":"registry.terraform.io/hashicorp/random","change":{"actions":["create"],"before":null,"after":{"keepers":{"resource_group_name":"rg-appgw"},"length":6,"lower":true,"min_lower":0,"min_numeric":0,"min_special":0,"min_upper":0,"number":true,"numeric":true,"override_special":null,"special":false,"upper":false},"after_unknown":{"id":true,"keepers":{},"result":true},"before_sensitive":false,"after_sensitive":{"keepers":{}}}},{"address":"module.bastion.azurerm_bastion_host.bastion","module_address":"module.bastion","mode":"managed","type":"azurerm_bastion_host","name":"bastion","provider_name":"registry.terraform.io/hashicorp/azurerm","change":{"actions":["create"],"before":null,"after":{"copy_paste_enabled":true,"file_copy_enabled":false,"ip_configuration":[{"name":"configuration"}],"ip_connect_enabled":true,"kerberos_enabled":false,"location":"japaneast","name":"bastion","resource_group_name":"rg-appgw","scale_units":2,"shareable_link_enabled":true,"sku":"Standard","tags":null,"timeouts":null,"tunneling_enabled":true,"virtual_network_id":null},"after_unknown":{"dns_name":true,"id":true,"ip_configuration":[{"public_ip_address_id":true,"subnet_id":true}]},"before_sensitive":false,"after_sensitive":{"ip_configuration":[{}]}}},{"address":"module.bastion.azurerm_network_security_group.bastion","module_address":"module.bastion","mode":"managed","type":"azurerm_network_security_group","name":"bastion","provider_name":"registry.terraform.io/hashicorp/azurerm","change":{"actions":["create"],"before":null,"after":{"location":"japaneast","name":"nsg-bastion","resource_group_name":"rg-appgw","tags":null,"timeouts":null},"after_unknown":{"id":true,"security_rule":true},"before_sensitive":false,"after_sensitive":{"security_rule":[]}}},{"address":"module.bastion.azurerm_network_security_rule.bastion-azurecloud-out","module_address":"module.bastion","mode":"managed","type":"azurerm_network_security_rule","name":"bastion-azurecloud-out","provider_name":"registry.terraform.io/hashicorp/azurerm","change":{"actions":["create"],"before":null,"after":{"access":"Allow","description":"","destination_address_prefix":"AzureCloud","destination_address_prefixes":null,"destination_application_security_group_ids":null,"destination_port_range":null,"destination_port_ranges":["443"],"direction":"Outbound","name":"AllowAzureCloudOutbound","network_security_group_name":"nsg-bastion","priority":130,"protocol":"Tcp","resource_group_name":"rg-appgw","source_address_prefix":"*","source_address_prefixes":null,"source_application_security_group_ids":null,"source_port_range":"*","source_port_ranges":null,"timeouts":null},"after_unknown":{"destination_port_ranges":[false],"id":true},"before_sensitive":false,"after_sensitive":{"destination_port_ranges":[false]}}},{"address":"module.bastion.azurerm_network_security_rule.bastion-bastioncommunication-out","module_address":"module.bastion","mode":"managed","type":"azurerm_network_security_rule","name":"bastion-bastioncommunication-out","provider_name":"registry.terraform.io/hashicorp/azurerm","change":{"actions":["create"],"before":null,"after":{"access":"Allow","description":"","destination_address_prefix":"VirtualNetwork","destination_address_prefixes":null,"destination_application_security_group_ids":null,"destination_port_range":null,"destination_port_ranges":["5701","8080"],"direction":"Outbound","name":"AllowBastionCommunication","network_security_group_name":"nsg-bastion","priority":140,"protocol":"Tcp","resource_group_name":"rg-appgw","source_address_prefix":"VirtualNetwork","source_address_prefixes":null,"source_application_security_group_ids":null,"source_port_range":"*","source_port_ranges":null,"timeouts":null},"after_unknown":{"destination_port_ranges":[false,false],"id":true},"before_sensitive":false,"after_sensitive":{"destination_port_ranges":[false,false]}}},{"address":"module.bastion.azurerm_network_security_rule.bastion-gsi-out","module_address":"module.bastion","mode":"managed","type":"azurerm_network_security_rule","name":"bastion-gsi-out","provider_name":"registry.terraform.io/hashicorp/azurerm","change":{"actions":["create"],"before":null,"after":{"access":"Allow","description":"","destination_address_prefix":"Internet","destination_address_prefixes":null,"destination_application_security_group_ids":null,"destination_port_range":null,"destination_port_ranges":["80"],"direction":"Outbound","name":"AllowGetSesssionInformation","network_security_group_name":"nsg-bastion","priority":150,"protocol":"Tcp","resource_group_name":"rg-appgw","source_address_prefix":"*","source_address_prefixes":null,"source_application_security_group_ids":null,"source_port_range":"*","source_port_ranges":null,"timeouts":null},"after_unknown":{"destination_port_ranges":[false],"id":true},"before_sensitive":false,"after_sensitive":{"destination_port_ranges":[false]}}},{"address":"module.bastion.azurerm_network_security_rule.bastion-gwm","module_address":"module.bastion","mode":"managed","type":"azurerm_network_security_rule","name":"bastion-gwm","provider_name":"registry.terraform.io/hashicorp/azurerm","change":{"actions":["create"],"before":null,"after":{"access":"Allow","description":"","destination_address_prefix":"*","destination_address_prefixes":null,"destination_application_security_group_ids":null,"destination_port_range":"443","destination_port_ranges":null,"direction":"Inbound","name":"AllowGatewayManagerInbound","network_security_group_name":"nsg-bastion","priority":130,"protocol":"Tcp","resource_group_name":"rg-appgw","source_address_prefix":"GatewayManager","source_address_prefixes":null,"source_application_security_group_ids":null,"source_port_range":"*","source_port_ranges":null,"timeouts":null},"after_unknown":{"id":true},"before_sensitive":false,"after_sensitive":{}}},{"address":"module.bastion.azurerm_network_security_rule.bastion-hc","module_address":"module.bastion","mode":"managed","type":"azurerm_network_security_rule","name":"bastion-hc","provider_name":"registry.terraform.io/hashicorp/azurerm","change":{"actions":["create"],"before":null,"after":{"access":"Allow","description":"","destination_address_prefix":"VirtualNetwork","destination_address_prefixes":null,"destination_application_security_group_ids":null,"destination_port_range":null,"destination_port_ranges":["5701","8080"],"direction":"Inbound","name":"AllowBastionHostCommunication","network_security_group_name":"nsg-bastion","priority":150,"protocol":"*","resource_group_name":"rg-appgw","source_address_prefix":"VirtualNetwork","source_address_prefixes":null,"source_application_security_group_ids":null,"source_port_range":"*","source_port_ranges":null,"timeouts":null},"after_unknown":{"destination_port_ranges":[false,false],"id":true},"before_sensitive":false,"after_sensitive":{"destination_port_ranges":[false,false]}}},{"address":"module.bastion.azurerm_network_security_rule.bastion-https","module_address":"module.bastion","mode":"managed","type":"azurerm_network_security_rule","name":"bastion-https","provider_name":"registry.terraform.io/hashicorp/azurerm","change":{"actions":["create"],"before":null,"after":{"access":"Allow","description":"","destination_address_prefix":"*","destination_address_prefixes":null,"destination_application_security_group_ids":null,"destination_port_range":"443","destination_port_ranges":null,"direction":"Inbound","name":"AllowHttpsInbound","network_security_group_name":"nsg-bastion","priority":120,"protocol":"Tcp","resource_group_name":"rg-appgw","source_address_prefix":"Internet","source_address_prefixes":null,"source_application_security_group_ids":null,"source_port_range":"*","source_port_ranges":null,"timeouts":null},"after_unknown":{"id":true},"before_sensitive":false,"after_sensitive":{}}},{"address":"module.bastion.azurerm_network_security_rule.bastion-lb","module_address":"module.bastion","mode":"managed","type":"azurerm_network_security_rule","name":"bastion-lb","provider_name":"registry.terraform.io/hashicorp/azurerm","change":{"actions":["create"],"before":null,"after":{"access":"Allow","description":"","destination_address_prefix":"*","destination_address_prefixes":null,"destination_application_security_group_ids":null,"destination_port_range":"443","destination_port_ranges":null,"direction":"Inbound","name":"AllowAzureLoadBalancerInbound","network_security_group_name":"nsg-bastion","priority":140,"protocol":"Tcp","resource_group_name":"rg-appgw","source_address_prefix":"AzureLoadBalancer","source_address_prefixes":null,"source_application_security_group_ids":null,"source_port_range":"*","source_port_ranges":null,"timeouts":null},"after_unknown":{"id":true},"before_sensitive":false,"after_sensitive":{}}},{"address":"module.bastion.azurerm_network_security_rule.bastion-sshrdp-out","module_address":"module.bastion","mode":"managed","type":"azurerm_network_security_rule","name":"bastion-sshrdp-out","provider_name":"registry.terraform.io/hashicorp/azurerm","change":{"actions":["create"],"before":null,"after":{"access":"Allow","description":"","destination_address_prefix":"VirtualNetwork","destination_address_prefixes":null,"destination_application_security_group_ids":null,"destination_port_range":null,"destination_port_ranges":["22","3389"],"direction":"Outbound","name":"AllowSshRdpOutbound","network_security_group_name":"nsg-bastion","priority":120,"protocol":"*","resource_group_name":"rg-appgw","source_address_prefix":"*","source_address_prefixes":null,"source_application_security_group_ids":null,"source_port_range":"*","source_port_ranges":null,"timeouts":null},"after_unknown":{"destination_port_ranges":[false,false],"id":true},"before_sensitive":false,"after_sensitive":{"destination_port_ranges":[false,false]}}},{"address":"module.bastion.azurerm_public_ip.bastion","module_address":"module.bastion","mode":"managed","type":"azurerm_public_ip","name":"bastion","provider_name":"registry.terraform.io/hashicorp/azurerm","change":{"actions":["create"],"before":null,"after":{"allocation_method":"Static","ddos_protection_mode":"VirtualNetworkInherited","ddos_protection_plan_id":null,"domain_name_label":null,"edge_zone":null,"idle_timeout_in_minutes":4,"ip_tags":null,"ip_version":"IPv4","location":"japaneast","name":"pip-bastion","public_ip_prefix_id":null,"resource_group_name":"rg-appgw","reverse_fqdn":null,"sku":"Standard","sku_tier":"Regional","tags":null,"timeouts":null,"zones":null},"after_unknown":{"fqdn":true,"id":true,"ip_address":true},"before_sensitive":false,"after_sensitive":{}}},{"address":"module.bastion.azurerm_subnet_network_security_group_association.hub-bastion","module_address":"module.bastion","mode":"managed","type":"azurerm_subnet_network_security_group_association","name":"hub-bastion","provider_name":"registry.terraform.io/hashicorp/azurerm","change":{"actions":["create"],"before":null,"after":{"timeouts":null},"after_unknown":{"id":true,"network_security_group_id":true,"subnet_id":true},"before_sensitive":false,"after_sensitive":{}}},{"address":"module.jumpbox.azurerm_dev_test_global_vm_shutdown_schedule.autoshutdown","module_address":"module.jumpbox","mode":"managed","type":"azurerm_dev_test_global_vm_shutdown_schedule","name":"autoshutdown","provider_name":"registry.terraform.io/hashicorp/azurerm","change":{"actions":["create"],"before":null,"after":{"daily_recurrence_time":"0200","enabled":true,"location":"japaneast","notification_settings":[{"email":null,"enabled":false,"time_in_minutes":30,"webhook_url":null}],"tags":null,"timeouts":null,"timezone":"Tokyo Standard Time"},"after_unknown":{"id":true,"notification_settings":[{}],"virtual_machine_id":true},"before_sensitive":false,"after_sensitive":{"notification_settings":[{}]}}},{"address":"module.jumpbox.azurerm_network_interface.nic","module_address":"module.jumpbox","mode":"managed","type":"azurerm_network_interface","name":"nic","provider_name":"registry.terraform.io/hashicorp/azurerm","change":{"actions":["create"],"before":null,"after":{"auxiliary_mode":null,"auxiliary_sku":null,"edge_zone":null,"internal_dns_name_label":null,"ip_configuration":[{"name":"configuration","private_ip_address_allocation":"Dynamic","private_ip_address_version":"IPv4"}],"location":"japaneast","name":"nic-vmjumpbox","resource_group_name":"rg-appgw","tags":null,"timeouts":null},"after_unknown":{"accelerated_networking_enabled":true,"applied_dns_servers":true,"dns_servers":true,"enable_accelerated_networking":true,"enable_ip_forwarding":true,"id":true,"internal_domain_name_suffix":true,"ip_configuration":[{"gateway_load_balancer_frontend_ip_configuration_id":true,"primary":true,"private_ip_address":true,"public_ip_address_id":true,"subnet_id":true}],"ip_forwarding_enabled":true,"mac_address":true,"private_ip_address":true,"private_ip_addresses":true,"virtual_machine_id":true},"before_sensitive":false,"after_sensitive":{"applied_dns_servers":[],"dns_servers":[],"ip_configuration":[{}],"private_ip_addresses":[]}}},{"address":"module.jumpbox.azurerm_network_interface_security_group_association.example","module_address":"module.jumpbox","mode":"managed","type":"azurerm_network_interface_security_group_association","name":"example","provider_name":"registry.terraform.io/hashicorp/azurerm","change":{"actions":["create"],"before":null,"after":{"timeouts":null},"after_unknown":{"id":true,"network_interface_id":true,"network_security_group_id":true},"before_sensitive":false,"after_sensitive":{}}},{"address":"module.jumpbox.azurerm_network_security_group.nsg","module_address":"module.jumpbox","mode":"managed","type":"azurerm_network_security_group","name":"nsg","provider_name":"registry.terraform.io/hashicorp/azurerm","change":{"actions":["create"],"before":null,"after":{"location":"japaneast","name":"nsg-vmjumpbox","resource_group_name":"rg-appgw","security_rule":[{"access":"Allow","description":"","destination_address_prefix":"*","destination_address_prefixes":[],"destination_application_security_group_ids":[],"destination_port_range":"3389","destination_port_ranges":[],"direction":"Inbound","name":"remote_access","priority":100,"protocol":"Tcp","source_address_prefix":"*","source_address_prefixes":[],"source_application_security_group_ids":[],"source_port_range":"*","source_port_ranges":[]}],"tags":null,"timeouts":null},"after_unknown":{"id":true,"security_rule":[{"destination_address_prefixes":[],"destination_application_security_group_ids":[],"destination_port_ranges":[],"source_address_prefixes":[],"source_application_security_group_ids":[],"source_port_ranges":[]}]},"before_sensitive":false,"after_sensitive":{"security_rule":[{"destination_address_prefixes":[],"destination_application_security_group_ids":[],"destination_port_ranges":[],"source_address_prefixes":[],"source_application_security_group_ids":[],"source_port_ranges":[]}]}}},{"address":"module.jumpbox.azurerm_public_ip.pip","module_address":"module.jumpbox","mode":"managed","type":"azurerm_public_ip","name":"pip","provider_name":"registry.terraform.io/hashicorp/azurerm","change":{"actions":["create"],"before":null,"after":{"allocation_method":"Static","ddos_protection_mode":"VirtualNetworkInherited","ddos_protection_plan_id":null,"domain_name_label":null,"edge_zone":null,"idle_timeout_in_minutes":4,"ip_tags":null,"ip_version":"IPv4","location":"japaneast","name":"pip-vmjumpbox","public_ip_prefix_id":null,"resource_group_name":"rg-appgw","reverse_fqdn":null,"sku":"Standard","sku_tier":"Regional","tags":null,"timeouts":null,"zones":null},"after_unknown":{"fqdn":true,"id":true,"ip_address":true},"before_sensitive":false,"after_sensitive":{}}},{"address":"module.jumpbox.azurerm_windows_virtual_machine.windows","module_address":"module.jumpbox","mode":"managed","type":"azurerm_windows_virtual_machine","name":"windows","provider_name":"registry.terraform.io/hashicorp/azurerm","change":{"actions":["create"],"before":null,"after":{"additional_capabilities":[],"additional_unattend_content":[],"admin_password":"Password1!","admin_username":"adminuser","allow_extension_operations":true,"availability_set_id":null,"boot_diagnostics":[],"bypass_platform_safety_checks_on_user_schedule_enabled":false,"capacity_reservation_group_id":null,"custom_data":null,"dedicated_host_group_id":null,"dedicated_host_id":null,"edge_zone":null,"enable_automatic_updates":true,"encryption_at_host_enabled":null,"eviction_policy":null,"extensions_time_budget":"PT1H30M","gallery_application":[],"hotpatching_enabled":false,"identity":[],"license_type":null,"location":"japaneast","max_bid_price":-1,"name":"vmjumpbox","os_disk":[{"caching":"ReadWrite","diff_disk_settings":[],"disk_encryption_set_id":null,"secure_vm_disk_encryption_set_id":null,"security_encryption_type":null,"storage_account_type":"Premium_LRS","write_accelerator_enabled":false}],"os_image_notification":[],"patch_assessment_mode":"ImageDefault","patch_mode":"AutomaticByOS","plan":[],"platform_fault_domain":-1,"priority":"Regular","provision_vm_agent":true,"proximity_placement_group_id":null,"reboot_setting":null,"resource_group_name":"rg-appgw","secret":[],"secure_boot_enabled":null,"size":"Standard_B2ms","source_image_id":null,"source_image_reference":[{"offer":"WindowsServer","publisher":"MicrosoftWindowsServer","sku":"2019-Datacenter","version":"latest"}],"tags":null,"timeouts":null,"timezone":null,"user_data":null,"virtual_machine_scale_set_id":null,"vm_agent_platform_updates_enabled":false,"vtpm_enabled":null,"winrm_listener":[],"zone":"1"},"after_unknown":{"additional_capabilities":[],"additional_unattend_content":[],"boot_diagnostics":[],"computer_name":true,"disk_controller_type":true,"gallery_application":[],"id":true,"identity":[],"network_interface_ids":true,"os_disk":[{"diff_disk_settings":[],"disk_size_gb":true,"name":true}],"os_image_notification":[],"plan":[],"private_ip_address":true,"private_ip_addresses":true,"public_ip_address":true,"public_ip_addresses":true,"secret":[],"source_image_reference":[{}],"termination_notification":true,"virtual_machine_id":true,"winrm_listener":[]},"before_sensitive":false,"after_sensitive":{"additional_capabilities":[],"additional_unattend_content":[],"admin_password":true,"boot_diagnostics":[],"custom_data":true,"gallery_application":[],"identity":[],"network_interface_ids":[],"os_disk":[{"diff_disk_settings":[]}],"os_image_notification":[],"plan":[],"private_ip_addresses":[],"public_ip_addresses":[],"secret":[],"source_image_reference":[{}],"termination_notification":[],"winrm_listener":[]}}},{"address":"module.jumpbox-linux.azurerm_dev_test_global_vm_shutdown_schedule.autoshutdown","module_address":"module.jumpbox-linux","mode":"managed","type":"azurerm_dev_test_global_vm_shutdown_schedule","name":"autoshutdown","provider_name":"registry.terraform.io/hashicorp/azurerm","change":{"actions":["create"],"before":null,"after":{"daily_recurrence_time":"0200","enabled":true,"location":"japaneast","notification_settings":[{"email":null,"enabled":false,"time_in_minutes":30,"webhook_url":null}],"tags":null,"timeouts":null,"timezone":"Tokyo Standard Time"},"after_unknown":{"id":true,"notification_settings":[{}],"virtual_machine_id":true},"before_sensitive":false,"after_sensitive":{"notification_settings":[{}]}}},{"address":"module.jumpbox-linux.azurerm_linux_virtual_machine.linux","module_address":"module.jumpbox-linux","mode":"managed","type":"azurerm_linux_virtual_machine","name":"linux","provider_name":"registry.terraform.io/hashicorp/azurerm","change":{"actions":["create"],"before":null,"after":{"additional_capabilities":[],"admin_password":"Password1!","admin_ssh_key":[{"public_key":"ssh-rsa AAAAB3NzaC1yc2EAAAADAQABAAABAQDTcNZBXea8DCFaCXUuH0xUWBa5zv2YRXBKSnRAaIcwF2fRJxFdG/PgnJ4HoA10id8dSILVSuXLLjp9sTtqNgtnErKy/+zTPXcb6seHd/MycZb5181jYIIyLCuYrf2ZHum4PlMQ3RQUelbjY1ye/k54rmgdx9gmKzvy0v0oyRd1XSat0mvvVm1QesVcu4qV0uyBHga+XYm6mYhJAucNLbwB9JU/gHCc4yidckWzFsFyrosZtmbEi5C8hXNojJIeMBMFoaQSO4eZHtNhlXpscRt8+WzPqS1V/6t3wa/XjdFjZPHFQOjTPBb5dZaF5Fh2lxRDM8oYPxmuVrLPlscdqGJr noname","username":"adminuser"}],"admin_username":"adminuser","allow_extension_operations":true,"availability_set_id":null,"boot_diagnostics":[{"storage_account_uri":null}],"bypass_platform_safety_checks_on_user_schedule_enabled":false,"capacity_reservation_group_id":null,"custom_data":"dGVzdA==","dedicated_host_group_id":null,"dedicated_host_id":null,"disable_password_authentication":false,"edge_zone":null,"encryption_at_host_enabled":null,"eviction_policy":null,"extensions_time_budget":"PT1H30M","gallery_application":[],"identity":[],"license_type":null,"location":"japaneast","max_bid_price":-1,"name":"vmjumpboxlinux","os_disk":[{"caching":"ReadWrite","diff_disk_settings":[],"disk_encryption_set_id":null,"secure_vm_disk_encryption_set_id":null,"security_encryption_type":null,"storage_account_type":"Premium_LRS","write_accelerator_enabled":false}],"os_image_notification":[],"patch_assessment_mode":"ImageDefault","patch_mode":"ImageDefault","plan":[],"platform_fault_domain":-1,"priority":"Regular","provision_vm_agent":true,"proximity_placement_group_id":null,"reboot_setting":null,"resource_group_name":"rg-appgw","secret":[],"secure_boot_enabled":null,"size":"Standard_B2ms","source_image_id":null,"source_image_reference":[{"offer":"0001-com-ubuntu-server-focal","publisher":"Canonical","sku":"20_04-lts-gen2","version":"latest"}],"tags":null,"timeouts":null,"user_data":null,"virtual_machine_scale_set_id":null,"vm_agent_platform_updates_enabled":false,"vtpm_enabled":null,"zone":null},"after_unknown":{"additional_capabilities":[],"admin_ssh_key":[{}],"boot_diagnostics":[{}],"computer_name":true,"disk_controller_type":true,"gallery_application":[],"id":true,"identity":[],"network_interface_ids":true,"os_disk":[{"diff_disk_settings":[],"disk_size_gb":true,"name":true}],"os_image_notification":[],"plan":[],"private_ip_address":true,"private_ip_addresses":true,"public_ip_address":true,"public_ip_addresses":true,"secret":[],"source_image_reference":[{}],"termination_notification":true,"virtual_machine_id":true},"before_sensitive":false,"after_sensitive":{"additional_capabilities":[],"admin_password":true,"admin_ssh_key":[{}],"boot_diagnostics":[{}],"custom_data":true,"gallery_application":[],"identity":[],"network_interface_ids":[],"os_disk":[{"diff_disk_settings":[]}],"os_image_notification":[],"plan":[],"private_ip_addresses":[],"public_ip_addresses":[],"secret":[],"source_image_reference":[{}],"termination_notification":[]}}},{"address":"module.jumpbox-linux.azurerm_network_interface.nic","module_address":"module.jumpbox-linux","mode":"managed","type":"azurerm_network_interface","name":"nic","provider_name":"registry.terraform.io/hashicorp/azurerm","change":{"actions":["create"],"before":null,"after":{"auxiliary_mode":null,"auxiliary_sku":null,"edge_zone":null,"enable_accelerated_networking":false,"internal_dns_name_label":null,"ip_configuration":[{"name":"configuration","private_ip_address_allocation":"Dynamic","private_ip_address_version":"IPv4"}],"location":"japaneast","name":"nic-vmjumpboxlinux","resource_group_name":"rg-appgw","tags":null,"timeouts":null},"after_unknown":{"accelerated_networking_enabled":true,"applied_dns_servers":true,"dns_servers":true,"enable_ip_forwarding":true,"id":true,"internal_domain_name_suffix":true,"ip_configuration":[{"gateway_load_balancer_frontend_ip_configuration_id":true,"primary":true,"private_ip_address":true,"public_ip_address_id":true,"subnet_id":true}],"ip_forwarding_enabled":true,"mac_address":true,"private_ip_address":true,"private_ip_addresses":true,"virtual_machine_id":true},"before_sensitive":false,"after_sensitive":{"applied_dns_servers":[],"dns_servers":[],"ip_configuration":[{}],"private_ip_addresses":[]}}},{"address":"module.jumpbox-linux.azurerm_network_interface_security_group_association.example","module_address":"module.jumpbox-linux","mode":"managed","type":"azurerm_network_interface_security_group_association","name":"example","provider_name":"registry.terraform.io/hashicorp/azurerm","change":{"actions":["create"],"before":null,"after":{"timeouts":null},"after_unknown":{"id":true,"network_interface_id":true,"network_security_group_id":true},"before_sensitive":false,"after_sensitive":{}}},{"address":"module.jumpbox-linux.azurerm_network_security_group.nsg","module_address":"module.jumpbox-linux","mode":"managed","type":"azurerm_network_security_group","name":"nsg","provider_name":"registry.terraform.io/hashicorp/azurerm","change":{"actions":["create"],"before":null,"after":{"location":"japaneast","name":"nsg-vmjumpboxlinux","resource_group_name":"rg-appgw","tags":null,"timeouts":null},"after_unknown":{"id":true,"security_rule":true},"before_sensitive":false,"after_sensitive":{"security_rule":[]}}},{"address":"module.jumpbox-linux.azurerm_network_security_rule.nsg-rule","module_address":"module.jumpbox-linux","mode":"managed","type":"azurerm_network_security_rule","name":"nsg-rule","provider_name":"registry.terraform.io/hashicorp/azurerm","change":{"actions":["create"],"before":null,"after":{"access":"Allow","description":null,"destination_address_prefix":"*","destination_address_prefixes":null,"destination_application_security_group_ids":null,"destination_port_range":null,"destination_port_ranges":["22","80"],"direction":"Inbound","name":"remote_access","network_security_group_name":"nsg-vmjumpboxlinux","priority":100,"protocol":"Tcp","resource_group_name":"rg-appgw","source_address_prefix":"*","source_address_prefixes":null,"source_application_security_group_ids":null,"source_port_range":"*","source_port_ranges":null,"timeouts":null},"after_unknown":{"destination_port_ranges":[false,false],"id":true},"before_sensitive":false,"after_sensitive":{"destination_port_ranges":[false,false]}}},{"address":"module.jumpbox-linux.azurerm_public_ip.pip","module_address":"module.jumpbox-linux","mode":"managed","type":"azurerm_public_ip","name":"pip","provider_name":"registry.terraform.io/hashicorp/azurerm","change":{"actions":["create"],"before":null,"after":{"allocation_method":"Static","ddos_protection_mode":"VirtualNetworkInherited","ddos_protection_plan_id":null,"domain_name_label":null,"edge_zone":null,"idle_timeout_in_minutes":4,"ip_tags":null,"ip_version":"IPv4","location":"japaneast","name":"pip-vmjumpboxlinux","public_ip_prefix_id":null,"resource_group_name":"rg-appgw","reverse_fqdn":null,"sku":"Standard","sku_tier":"Regional","tags":null,"timeouts":null,"zones":null},"after_unknown":{"fqdn":true,"id":true,"ip_address":true},"before_sensitive":false,"after_sensitive":{}}},{"address":"module.webserver.azurerm_dev_test_global_vm_shutdown_schedule.autoshutdown","module_address":"module.webserver","mode":"managed","type":"azurerm_dev_test_global_vm_shutdown_schedule","name":"autoshutdown","provider_name":"registry.terraform.io/hashicorp/azurerm","change":{"actions":["create"],"before":null,"after":{"daily_recurrence_time":"0200","enabled":true,"location":"japaneast","notification_settings":[{"email":null,"enabled":false,"time_in_minutes":30,"webhook_url":null}],"tags":null,"timeouts":null,"timezone":"Tokyo Standard Time"},"after_unknown":{"id":true,"notification_settings":[{}],"virtual_machine_id":true},"before_sensitive":false,"after_sensitive":{"notification_settings":[{}]}}},{"address":"module.webserver.azurerm_linux_virtual_machine.linux","module_address":"module.webserver","mode":"managed","type":"azurerm_linux_virtual_machine","name":"linux","provider_name":"registry.terraform.io/hashicorp/azurerm","change":{"actions":["create"],"before":null,"after":{"additional_capabilities":[],"admin_password":"Password1!","admin_ssh_key":[{"public_key":"ssh-rsa AAAAB3NzaC1yc2EAAAADAQABAAABAQDTcNZBXea8DCFaCXUuH0xUWBa5zv2YRXBKSnRAaIcwF2fRJxFdG/PgnJ4HoA10id8dSILVSuXLLjp9sTtqNgtnErKy/+zTPXcb6seHd/MycZb5181jYIIyLCuYrf2ZHum4PlMQ3RQUelbjY1ye/k54rmgdx9gmKzvy0v0oyRd1XSat0mvvVm1QesVcu4qV0uyBHga+XYm6mYhJAucNLbwB9JU/gHCc4yidckWzFsFyrosZtmbEi5C8hXNojJIeMBMFoaQSO4eZHtNhlXpscRt8+WzPqS1V/6t3wa/XjdFjZPHFQOjTPBb5dZaF5Fh2lxRDM8oYPxmuVrLPlscdqGJr noname","username":"adminuser"}],"admin_username":"adminuser","allow_extension_operations":true,"availability_set_id":null,"boot_diagnostics":[{"storage_account_uri":null}],"bypass_platform_safety_checks_on_user_schedule_enabled":false,"capacity_reservation_group_id":null,"custom_data":"c3VkbyBhcHQgdXBkYXRlICYmIHN1ZG8gYXB0IGluc3RhbGwgLXkgbmdpbng=","dedicated_host_group_id":null,"dedicated_host_id":null,"disable_password_authentication":false,"edge_zone":null,"encryption_at_host_enabled":null,"eviction_policy":null,"extensions_time_budget":"PT1H30M","gallery_application":[],"identity":[],"license_type":null,"location":"japaneast","max_bid_price":-1,"name":"vmwebserver","os_disk":[{"caching":"ReadWrite","diff_disk_settings":[],"disk_encryption_set_id":null,"secure_vm_disk_encryption_set_id":null,"security_encryption_type":null,"storage_account_type":"Premium_LRS","write_accelerator_enabled":false}],"os_image_notification":[],"patch_assessment_mode":"ImageDefault","patch_mode":"ImageDefault","plan":[],"platform_fault_domain":-1,"priority":"Regular","provision_vm_agent":true,"proximity_placement_group_id":null,"reboot_setting":null,"resource_group_name":"rg-appgw","secret":[],"secure_boot_enabled":null,"size":"Standard_B2ms","source_image_id":null,"source_image_reference":[{"offer":"0001-com-ubuntu-server-focal","publisher":"Canonical","sku":"20_04-lts-gen2","version":"latest"}],"tags":null,"timeouts":null,"user_data":null,"virtual_machine_scale_set_id":null,"vm_agent_platform_updates_enabled":false,"vtpm_enabled":null,"zone":null},"after_unknown":{"additional_capabilities":[],"admin_ssh_key":[{}],"boot_diagnostics":[{}],"computer_name":true,"disk_controller_type":true,"gallery_application":[],"id":true,"identity":[],"network_interface_ids":true,"os_disk":[{"diff_disk_settings":[],"disk_size_gb":true,"name":true}],"os_image_notification":[],"plan":[],"private_ip_address":true,"private_ip_addresses":true,"public_ip_address":true,"public_ip_addresses":true,"secret":[],"source_image_reference":[{}],"termination_notification":true,"virtual_machine_id":true},"before_sensitive":false,"after_sensitive":{"additional_capabilities":[],"admin_password":true,"admin_ssh_key":[{}],"boot_diagnostics":[{}],"custom_data":true,"gallery_application":[],"identity":[],"network_interface_ids":[],"os_disk":[{"diff_disk_settings":[]}],"os_image_notification":[],"plan":[],"private_ip_addresses":[],"public_ip_addresses":[],"secret":[],"source_image_reference":[{}],"termination_notification":[]}}},{"address":"module.webserver.azurerm_network_interface.nic","module_address":"module.webserver","mode":"managed","type":"azurerm_network_interface","name":"nic","provider_name":"registry.terraform.io/hashicorp/azurerm","change":{"actions":["create"],"before":null,"after":{"auxiliary_mode":null,"auxiliary_sku":null,"edge_zone":null,"enable_accelerated_networking":false,"internal_dns_name_label":null,"ip_configuration":[{"name":"configuration","private_ip_address_allocation":"Dynamic","private_ip_address_version":"IPv4"}],"location":"japaneast","name":"nic-vmwebserver","resource_group_name":"rg-appgw","tags":null,"timeouts":null},"after_unknown":{"accelerated_networking_enabled":true,"applied_dns_servers":true,"dns_servers":true,"enable_ip_forwarding":true,"id":true,"internal_domain_name_suffix":true,"ip_configuration":[{"gateway_load_balancer_frontend_ip_configuration_id":true,"primary":true,"private_ip_address":true,"public_ip_address_id":true,"subnet_id":true}],"ip_forwarding_enabled":true,"mac_address":true,"private_ip_address":true,"private_ip_addresses":true,"virtual_machine_id":true},"before_sensitive":false,"after_sensitive":{"applied_dns_servers":[],"dns_servers":[],"ip_configuration":[{}],"private_ip_addresses":[]}}},{"address":"module.webserver.azurerm_network_interface_security_group_association.example","module_address":"module.webserver","mode":"managed","type":"azurerm_network_interface_security_group_association","name":"example","provider_name":"registry.terraform.io/hashicorp/azurerm","change":{"actions":["create"],"before":null,"after":{"timeouts":null},"after_unknown":{"id":true,"network_interface_id":true,"network_security_group_id":true},"before_sensitive":false,"after_sensitive":{}}},{"address":"module.webserver.azurerm_network_security_group.nsg","module_address":"module.webserver","mode":"managed","type":"azurerm_network_security_group","name":"nsg","provider_name":"registry.terraform.io/hashicorp/azurerm","change":{"actions":["create"],"before":null,"after":{"location":"japaneast","name":"nsg-vmwebserver","resource_group_name":"rg-appgw","tags":null,"timeouts":null},"after_unknown":{"id":true,"security_rule":true},"before_sensitive":false,"after_sensitive":{"security_rule":[]}}},{"address":"module.webserver.azurerm_network_security_rule.nsg-rule","module_address":"module.webserver","mode":"managed","type":"azurerm_network_security_rule","name":"nsg-rule","provider_name":"registry.terraform.io/hashicorp/azurerm","change":{"actions":["create"],"before":null,"after":{"access":"Allow","description":null,"destination_address_prefix":"*","destination_address_prefixes":null,"destination_application_security_group_ids":null,"destination_port_range":null,"destination_port_ranges":["22","80"],"direction":"Inbound","name":"remote_access","network_security_group_name":"nsg-vmwebserver","priority":100,"protocol":"Tcp","resource_group_name":"rg-appgw","source_address_prefix":"*","source_address_prefixes":null,"source_application_security_group_ids":null,"source_port_range":"*","source_port_ranges":null,"timeouts":null},"after_unknown":{"destination_port_ranges":[false,false],"id":true},"before_sensitive":false,"after_sensitive":{"destination_port_ranges":[false,false]}}},{"address":"module.webserver.azurerm_public_ip.pip","module_address":"module.webserver","mode":"managed","type":"azurerm_public_ip","name":"pip","provider_name":"registry.terraform.io/hashicorp/azurerm","change":{"actions":["create"],"before":null,"after":{"allocation_method":"Static","ddos_protection_mode":"VirtualNetworkInherited","ddos_protection_plan_id":null,"domain_name_label":null,"edge_zone":null,"idle_timeout_in_minutes":4,"ip_tags":null,"ip_version":"IPv4","location":"japaneast","name":"pip-vmwebserver","public_ip_prefix_id":null,"resource_group_name":"rg-appgw","reverse_fqdn":null,"sku":"Standard","sku_tier":"Regional","tags":null,"timeouts":null,"zones":null},"after_unknown":{"fqdn":true,"id":true,"ip_address":true},"before_sensitive":false,"after_sensitive":{}}}],"configuration":{"provider_config":{"azurerm":{"name":"azurerm","full_name":"registry.terraform.io/hashicorp/azurerm","expressions":{"features":[{}]}},"random":{"name":"random","full_name":"registry.terraform.io/hashicorp/random"}},"root_module":{"resources":[{"address":"azurerm_application_gateway.network","mode":"managed","type":"azurerm_application_gateway","name":"network","provider_config_key":"azurerm","expressions":{"backend_address_pool":[{"fqdns":{"references":["azurerm_linux_web_app.app1.default_hostname","azurerm_linux_web_app.app1"]},"name":{"references":["local.backend_address_pool_name_1"]}},{"fqdns":{"references":["azurerm_linux_web_app.app2.default_hostname","azurerm_linux_web_app.app2"]},"name":{"references":["local.backend_address_pool_name_2"]}},{"fqdns":{"references":["module.webserver.network_interface_ipconfiguration[0].private_ip_address","module.webserver.network_interface_ipconfiguration[0]","module.webserver.network_interface_ipconfiguration","module.webserver"]},"name":{"references":["local.backend_address_pool_name_vm"]}}],"backend_http_settings":[{"cookie_based_affinity":{"constant_value":"Disabled"},"name":{"references":["local.http_setting_name"]},"path":{"constant_value":""},"pick_host_name_from_backend_address":{"constant_value":true},"port":{"constant_value":80},"protocol":{"constant_value":"Http"},"request_timeout":{"constant_value":60}},{"cookie_based_affinity":{"constant_value":"Disabled"},"name":{"references":["local.http_setting_name"]},"path":{"constant_value":"/"},"pick_host_name_from_backend_address":{"constant_value":true},"port":{"constant_value":80},"protocol":{"constant_value":"Http"},"request_timeout":{"constant_value":60}}],"frontend_ip_configuration":[{"name":{"references":["local.frontend_ip_configuration_name"]},"public_ip_address_id":{"references":["azurerm_public_ip.example.id","azurerm_public_ip.example"]}},{"name":{"references":["local.frontend_ip_configuration_private_name"]},"private_ip_address":{"references":["local.frontend_ip_private"]},"private_ip_address_allocation":{"constant_value":"Static"},"subnet_id":{"references":["azurerm_subnet.frontend.id","azurerm_subnet.frontend"]}}],"frontend_port":[{"name":{"references":["local.frontend_port_name"]},"port":{"constant_value":80}},{"name":{"references":["local.frontend_port_8080_name"]},"port":{"constant_value":8080}}],"gateway_ip_configuration":[{"name":{"constant_value":"my-gateway-ip-configuration"},"subnet_id":{"references":["azurerm_subnet.frontend.id","azurerm_subnet.frontend"]}}],"http_listener":[{"frontend_ip_configuration_name":{"references":["local.frontend_ip_configuration_name"]},"frontend_port_name":{"references":["local.frontend_port_name"]},"name":{"references":["local.listener_name"]},"protocol":{"constant_value":"Http"}},{"frontend_ip_configuration_name":{"references":["local.frontend_ip_configuration_private_name"]},"frontend_port_name":{"references":["local.frontend_port_8080_name"]},"name":{"references":["local.listener_name_private"]},"protocol":{"constant_value":"Http"}}],"location":{"references":["azurerm_resource_group.example.location","azurerm_resource_group.example"]},"name":{"constant_value":"appgw-example"},"request_routing_rule":[{"http_listener_name":{"references":["local.listener_name"]},"name":{"references":["local.request_routing_rule_name"]},"priority":{"constant_value":"1000"},"rule_type":{"constant_value":"PathBasedRouting"},"url_path_map_name":{"constant_value":"my-url-path-map"}},{"http_listener_name":{"references":["local.listener_name_private"]},"name":{"references":["local.request_routing_rule_private_name"]},"priority":{"constant_value":"2000"},"rule_type":{"constant_value":"PathBasedRouting"},"url_path_map_name":{"constant_value":"my-url-path-map-vm"}}],"resource_group_name":{"references":["azurerm_resource_group.example.name","azurerm_resource_group.example"]},"sku":[{"capacity":{"constant_value":2},"name":{"constant_value":"Standard_v2"},"tier":{"constant_value":"Standard_v2"}}],"url_path_map":[{"default_backend_address_pool_name":{"references":["local.backend_address_pool_name_1"]},"default_backend_http_settings_name":{"references":["local.http_setting_name"]},"name":{"constant_value":"my-url-path-map"},"path_rule":[{"backend_address_pool_name":{"references":["local.backend_address_pool_name_2"]},"backend_http_settings_name":{"references":["local.http_setting_name"]},"name":{"constant_value":"my-path-rule"},"paths":{"constant_value":["/staging/*"]}}]},{"default_backend_address_pool_name":{"references":["local.backend_address_pool_name_vm"]},"default_backend_http_settings_name":{"references":["local.http_setting_name"]},"name":{"constant_value":"my-url-path-map-vm"},"path_rule":[{"backend_address_pool_name":{"references":["local.backend_address_pool_name_vm"]},"backend_http_settings_name":{"references":["local.http_setting_name"]},"name":{"constant_value":"my-path-rule"},"paths":{"constant_value":["/staging/*"]}}]}]},"schema_version":0},{"address":"azurerm_linux_web_app.app1","mode":"managed","type":"azurerm_linux_web_app","name":"app1","provider_config_key":"azurerm","expressions":{"location":{"references":["azurerm_service_plan.example.location","azurerm_service_plan.example"]},"name":{"references":["random_string.uniqstr.result","random_string.uniqstr"]},"resource_group_name":{"references":["azurerm_resource_group.example.name","azurerm_resource_group.example"]},"service_plan_id":{"references":["azurerm_service_plan.example.id","azurerm_service_plan.example"]},"site_config":[{"application_stack":[{"docker_image":{"constant_value":"tsubasaxzzz/nginx-0829"},"docker_image_tag":{"constant_value":"app1"}}]}]},"schema_version":1},{"address":"azurerm_linux_web_app.app2","mode":"managed","type":"azurerm_linux_web_app","name":"app2","provider_config_key":"azurerm","expressions":{"location":{"references":["azurerm_service_plan.example.location","azurerm_service_plan.example"]},"name":{"references":["random_string.uniqstr.result","random_string.uniqstr"]},"resource_group_name":{"references":["azurerm_resource_group.example.name","azurerm_resource_group.example"]},"service_plan_id":{"references":["azurerm_service_plan.example.id","azurerm_service_plan.example"]},"site_config":[{"application_stack":[{"docker_image":{"constant_value":"tsubasaxzzz/nginx-0829"},"docker_image_tag":{"constant_value":"app2"}}]}]},"schema_version":1},{"address":"azurerm_public_ip.example","mode":"managed","type":"azurerm_public_ip","name":"example","provider_config_key":"azurerm","expressions":{"allocation_method":{"constant_value":"Static"},"location":{"references":["azurerm_resource_group.example.location","azurerm_resource_group.example"]},"name":{"constant_value":"pip-appgw"},"resource_group_name":{"references":["azurerm_resource_group.example.name","azurerm_resource_group.example"]},"sku":{"constant_value":"Standard"},"zones":{"constant_value":["1","2","3"]}},"schema_version":0},{"address":"azurerm_resource_group.example","mode":"managed","type":"azurerm_resource_group","name":"example","provider_config_key":"azurerm","expressions":{"location":{"references":["var.rg.location","var.rg"]},"name":{"references":["var.rg.name","var.rg"]}},"schema_version":0},{"address":"azurerm_service_plan.example","mode":"managed","type":"azurerm_service_plan","name":"example","provider_config_key":"azurerm","expressions":{"location":{"references":["azurerm_resource_group.example.location","azurerm_resource_group.example"]},"name":{"references":["random_string.uniqstr.result","random_string.uniqstr"]},"os_type":{"constant_value":"Linux"},"resource_group_name":{"references":["azurerm_resource_group.example.name","azurerm_resource_group.example"]},"sku_name":{"constant_value":"S1"}},"schema_version":1},{"address":"azurerm_subnet.backend","mode":"managed","type":"azurerm_subnet","name":"backend","provider_config_key":"azurerm","expressions":{"address_prefixes":{"constant_value":["10.254.2.0/24"]},"name":{"constant_value":"snet-backend"},"resource_group_name":{"references":["azurerm_resource_group.example.name","azurerm_resource_group.example"]},"virtual_network_name":{"references":["azurerm_virtual_network.example.name","azurerm_virtual_network.example"]}},"schema_version":0},{"address":"azurerm_subnet.bastion","mode":"managed","type":"azurerm_subnet","name":"bastion","provider_config_key":"azurerm","expressions":{"address_prefixes":{"constant_value":["10.254.255.0/24"]},"name":{"constant_value":"AzureBastionSubnet"},"resource_group_name":{"references":["azurerm_resource_group.example.name","azurerm_resource_group.example"]},"virtual_network_name":{"references":["azurerm_virtual_network.example.name","azurerm_virtual_network.example"]}},"schema_version":0},{"address":"azurerm_subnet.frontend","mode":"managed","type":"azurerm_subnet","name":"frontend","provider_config_key":"azurerm","expressions":{"address_prefixes":{"constant_value":["10.254.0.0/24"]},"name":{"constant_value":"snet-frontend"},"resource_group_name":{"references":["azurerm_resource_group.example.name","azurerm_resource_group.example"]},"virtual_network_name":{"references":["azurerm_virtual_network.example.name","azurerm_virtual_network.example"]}},"schema_version":0},{"address":"azurerm_virtual_network.example","mode":"managed","type":"azurerm_virtual_network","name":"example","provider_config_key":"azurerm","expressions":{"address_space":{"constant_value":["10.254.0.0/16"]},"location":{"references":["azurerm_resource_group.example.location","azurerm_resource_group.example"]},"name":{"constant_value":"vnet-example"},"resource_group_name":{"references":["azurerm_resource_group.example.name","azurerm_resource_group.example"]}},"schema_version":0},{"address":"random_string.uniqstr","mode":"managed","type":"random_string","name":"uniqstr","provider_config_key":"random","expressions":{"keepers":{"references":["var.rg.name","var.rg"]},"length":{"constant_value":6},"special":{"constant_value":false},"upper":{"constant_value":false}},"schema_version":2}],"module_calls":{"bastion":{"source":"../modules/bastion/","expressions":{"location":{"references":["azurerm_resource_group.example.location","azurerm_resource_group.example"]},"name":{"constant_value":"bastion"},"resource_group_name":{"references":["azurerm_resource_group.example.name","azurerm_resource_group.example"]},"subnet_id":{"references":["azurerm_subnet.bastion.id","azurerm_subnet.bastion"]}},"module":{"resources":[{"address":"azurerm_bastion_host.bastion","mode":"managed","type":"azurerm_bastion_host","name":"bastion","provider_config_key":"azurerm","expressions":{"ip_configuration":[{"name":{"constant_value":"configuration"},"public_ip_address_id":{"references":["azurerm_public_ip.bastion.id","azurerm_public_ip.bastion"]},"subnet_id":{"references":["var.subnet_id"]}}],"ip_connect_enabled":{"constant_value":true},"location":{"references":["var.location"]},"name":{"references":["var.name"]},"resource_group_name":{"references":["var.resource_group_name"]},"shareable_link_enabled":{"constant_value":true},"sku":{"constant_value":"Standard"},"tunneling_enabled":{"constant_value":true}},"schema_version":0,"depends_on":["azurerm_subnet_network_security_group_association.hub-bastion"]},{"address":"azurerm_network_security_group.bastion","mode":"managed","type":"azurerm_network_security_group","name":"bastion","provider_config_key":"azurerm","expressions":{"location":{"references":["var.location"]},"name":{"references":["var.name"]},"resource_group_name":{"references":["var.resource_group_name"]}},"schema_version":0},{"address":"azurerm_network_security_rule.bastion-azurecloud-out","mode":"managed","type":"azurerm_network_security_rule","name":"bastion-azurecloud-out","provider_config_key":"azurerm","expressions":{"access":{"constant_value":"Allow"},"description":{"constant_value":""},"destination_address_prefix":{"constant_value":"AzureCloud"},"destination_port_ranges":{"constant_value":["443"]},"direction":{"constant_value":"Outbound"},"name":{"constant_value":"AllowAzureCloudOutbound"},"network_security_group_name":{"references":["azurerm_network_security_group.bastion.name","azurerm_network_security_group.bastion"]},"priority":{"constant_value":130},"protocol":{"constant_value":"Tcp"},"resource_group_name":{"references":["var.resource_group_name"]},"source_address_prefix":{"constant_value":"*"},"source_port_range":{"constant_value":"*"}},"schema_version":0},{"address":"azurerm_network_security_rule.bastion-bastioncommunication-out","mode":"managed","type":"azurerm_network_security_rule","name":"bastion-bastioncommunication-out","provider_config_key":"azurerm","expressions":{"access":{"constant_value":"Allow"},"description":{"constant_value":""},"destination_address_prefix":{"constant_value":"VirtualNetwork"},"destination_port_ranges":{"constant_value":["8080","5701"]},"direction":{"constant_value":"Outbound"},"name":{"constant_value":"AllowBastionCommunication"},"network_security_group_name":{"references":["azurerm_network_security_group.bastion.name","azurerm_network_security_group.bastion"]},"priority":{"constant_value":140},"protocol":{"constant_value":"Tcp"},"resource_group_name":{"references":["var.resource_group_name"]},"source_address_prefix":{"constant_value":"VirtualNetwork"},"source_port_range":{"constant_value":"*"}},"schema_version":0},{"address":"azurerm_network_security_rule.bastion-gsi-out","mode":"managed","type":"azurerm_network_security_rule","name":"bastion-gsi-out","provider_config_key":"azurerm","expressions":{"access":{"constant_value":"Allow"},"description":{"constant_value":""},"destination_address_prefix":{"constant_value":"Internet"},"destination_port_ranges":{"constant_value":["80"]},"direction":{"constant_value":"Outbound"},"name":{"constant_value":"AllowGetSesssionInformation"},"network_security_group_name":{"references":["azurerm_network_security_group.bastion.name","azurerm_network_security_group.bastion"]},"priority":{"constant_value":150},"protocol":{"constant_value":"Tcp"},"resource_group_name":{"references":["var.resource_group_name"]},"source_address_prefix":{"constant_value":"*"},"source_port_range":{"constant_value":"*"}},"schema_version":0},{"address":"azurerm_network_security_rule.bastion-gwm","mode":"managed","type":"azurerm_network_security_rule","name":"bastion-gwm","provider_config_key":"azurerm","expressions":{"access":{"constant_value":"Allow"},"description":{"constant_value":""},"destination_address_prefix":{"constant_value":"*"},"destination_application_security_group_ids":{"constant_value":[]},"destination_port_range":{"constant_value":"443"},"direction":{"constant_value":"Inbound"},"name":{"constant_value":"AllowGatewayManagerInbound"},"network_security_group_name":{"references":["azurerm_network_security_group.bastion.name","azurerm_network_security_group.bastion"]},"priority":{"constant_value":130},"protocol":{"constant_value":"Tcp"},"resource_group_name":{"references":["var.resource_group_name"]},"source_address_prefix":{"constant_value":"GatewayManager"},"source_application_security_group_ids":{"constant_value":[]},"source_port_range":{"constant_value":"*"}},"schema_version":0},{"address":"azurerm_network_security_rule.bastion-hc","mode":"managed","type":"azurerm_network_security_rule","name":"bastion-hc","provider_config_key":"azurerm","expressions":{"access":{"constant_value":"Allow"},"description":{"constant_value":""},"destination_address_prefix":{"constant_value":"VirtualNetwork"},"destination_port_ranges":{"constant_value":["8080","5701"]},"direction":{"constant_value":"Inbound"},"name":{"constant_value":"AllowBastionHostCommunication"},"network_security_group_name":{"references":["azurerm_network_security_group.bastion.name","azurerm_network_security_group.bastion"]},"priority":{"constant_value":150},"protocol":{"constant_value":"*"},"resource_group_name":{"references":["var.resource_group_name"]},"source_address_prefix":{"constant_value":"VirtualNetwork"},"source_port_range":{"constant_value":"*"}},"schema_version":0},{"address":"azurerm_network_security_rule.bastion-https","mode":"managed","type":"azurerm_network_security_rule","name":"bastion-https","provider_config_key":"azurerm","expressions":{"access":{"constant_value":"Allow"},"description":{"constant_value":""},"destination_address_prefix":{"constant_value":"*"},"destination_port_range":{"constant_value":"443"},"direction":{"constant_value":"Inbound"},"name":{"constant_value":"AllowHttpsInbound"},"network_security_group_name":{"references":["azurerm_network_security_group.bastion.name","azurerm_network_security_group.bastion"]},"priority":{"constant_value":120},"protocol":{"constant_value":"Tcp"},"resource_group_name":{"references":["var.resource_group_name"]},"source_address_prefix":{"constant_value":"Internet"},"source_port_range":{"constant_value":"*"}},"schema_version":0},{"address":"azurerm_network_security_rule.bastion-lb","mode":"managed","type":"azurerm_network_security_rule","name":"bastion-lb","provider_config_key":"azurerm","expressions":{"access":{"constant_value":"Allow"},"description":{"constant_value":""},"destination_address_prefix":{"constant_value":"*"},"destination_port_range":{"constant_value":"443"},"direction":{"constant_value":"Inbound"},"name":{"constant_value":"AllowAzureLoadBalancerInbound"},"network_security_group_name":{"references":["azurerm_network_security_group.bastion.name","azurerm_network_security_group.bastion"]},"priority":{"constant_value":140},"protocol":{"constant_value":"Tcp"},"resource_group_name":{"references":["var.resource_group_name"]},"source_address_prefix":{"constant_value":"AzureLoadBalancer"},"source_port_range":{"constant_value":"*"}},"schema_version":0},{"address":"azurerm_network_security_rule.bastion-sshrdp-out","mode":"managed","type":"azurerm_network_security_rule","name":"bastion-sshrdp-out","provider_config_key":"azurerm","expressions":{"access":{"constant_value":"Allow"},"description":{"constant_value":""},"destination_address_prefix":{"constant_value":"VirtualNetwork"},"destination_port_ranges":{"constant_value":["22","3389"]},"direction":{"constant_value":"Outbound"},"name":{"constant_value":"AllowSshRdpOutbound"},"network_security_group_name":{"references":["azurerm_network_security_group.bastion.name","azurerm_network_security_group.bastion"]},"priority":{"constant_value":120},"protocol":{"constant_value":"*"},"resource_group_name":{"references":["var.resource_group_name"]},"source_address_prefix":{"constant_value":"*"},"source_port_range":{"constant_value":"*"}},"schema_version":0},{"address":"azurerm_public_ip.bastion","mode":"managed","type":"azurerm_public_ip","name":"bastion","provider_config_key":"azurerm","expressions":{"allocation_method":{"constant_value":"Static"},"location":{"references":["var.location"]},"name":{"references":["var.name"]},"resource_group_name":{"references":["var.resource_group_name"]},"sku":{"constant_value":"Standard"}},"schema_version":0},{"address":"azurerm_subnet_network_security_group_association.hub-bastion","mode":"managed","type":"azurerm_subnet_network_security_group_association","name":"hub-bastion","provider_config_key":"azurerm","expressions":{"network_security_group_id":{"references":["azurerm_network_security_group.bastion.id","azurerm_network_security_group.bastion"]},"subnet_id":{"references":["var.subnet_id"]}},"schema_version":0,"depends_on":["azurerm_network_security_rule.bastion-azurecloud-out","azurerm_network_security_rule.bastion-bastioncommunication-out","azurerm_network_security_rule.bastion-gsi-out","azurerm_network_security_rule.bastion-gwm","azurerm_network_security_rule.bastion-https","azurerm_network_security_rule.bastion-hc","azurerm_network_security_rule.bastion-lb","azurerm_network_security_rule.bastion-sshrdp-out"]}],"variables":{"location":{},"name":{},"resource_group_name":{},"subnet_id":{}}}},"jumpbox":{"source":"../modules/vm-windows-2019/","expressions":{"admin_password":{"constant_value":"Password1!"},"admin_username":{"constant_value":"adminuser"},"location":{"references":["azurerm_resource_group.example.location","azurerm_resource_group.example"]},"name":{"constant_value":"vmjumpbox"},"resource_group_name":{"references":["azurerm_resource_group.example.name","azurerm_resource_group.example"]},"subnet_id":{"references":["azurerm_subnet.backend.id","azurerm_subnet.backend"]}},"module":{"outputs":{"id":{"expression":{"references":["azurerm_windows_virtual_machine.windows.id","azurerm_windows_virtual_machine.windows"]}},"network_interface_id":{"expression":{"references":["azurerm_network_interface.nic.id","azurerm_network_interface.nic"]}},"network_interface_ipconfiguration":{"expression":{"references":["azurerm_network_interface.nic.ip_configuration","azurerm_network_interface.nic"]}},"private_ip_address":{"expression":{"references":["azurerm_network_interface.nic.private_ip_address","azurerm_network_interface.nic"]}}},"resources":[{"address":"azurerm_dev_test_global_vm_shutdown_schedule.autoshutdown","mode":"managed","type":"azurerm_dev_test_global_vm_shutdown_schedule","name":"autoshutdown","provider_config_key":"azurerm","expressions":{"daily_recurrence_time":{"constant_value":"0200"},"enabled":{"constant_value":true},"location":{"references":["azurerm_windows_virtual_machine.windows.location","azurerm_windows_virtual_machine.windows"]},"notification_settings":[{"enabled":{"constant_value":false}}],"timezone":{"constant_value":"Tokyo Standard Time"},"virtual_machine_id":{"references":["azurerm_windows_virtual_machine.windows.id","azurerm_windows_virtual_machine.windows"]}},"schema_version":0},{"address":"azurerm_network_interface.nic","mode":"managed","type":"azurerm_network_interface","name":"nic","provider_config_key":"azurerm","expressions":{"ip_configuration":[{"name":{"constant_value":"configuration"},"private_ip_address_allocation":{"constant_value":"Dynamic"},"public_ip_address_id":{"references":["azurerm_public_ip.pip.id","azurerm_public_ip.pip"]},"subnet_id":{"references":["var.subnet_id"]}}],"location":{"references":["var.location"]},"name":{"references":["var.name"]},"resource_group_name":{"references":["var.resource_group_name"]}},"schema_version":0},{"address":"azurerm_network_interface_security_group_association.example","mode":"managed","type":"azurerm_network_interface_security_group_association","name":"example","provider_config_key":"azurerm","expressions":{"network_interface_id":{"references":["azurerm_network_interface.nic.id","azurerm_network_interface.nic"]},"network_security_group_id":{"references":["azurerm_network_security_group.nsg.id","azurerm_network_security_group.nsg"]}},"schema_version":0},{"address":"azurerm_network_security_group.nsg","mode":"managed","type":"azurerm_network_security_group","name":"nsg","provider_config_key":"azurerm","expressions":{"location":{"references":["var.location"]},"name":{"references":["var.name"]},"resource_group_name":{"references":["var.resource_group_name"]},"security_rule":{"constant_value":[{"access":"Allow","description":null,"destination_address_prefix":"*","destination_address_prefixes":null,"destination_application_security_group_ids":null,"destination_port_range":"3389","destination_port_ranges":null,"direction":"Inbound","name":"remote_access","priority":100,"protocol":"Tcp","source_address_prefix":"*","source_address_prefixes":null,"source_application_security_group_ids":null,"source_port_range":"*","source_port_ranges":null}]}},"schema_version":0},{"address":"azurerm_public_ip.pip","mode":"managed","type":"azurerm_public_ip","name":"pip","provider_config_key":"azurerm","expressions":{"allocation_method":{"constant_value":"Static"},"location":{"references":["var.location"]},"name":{"references":["var.name"]},"resource_group_name":{"references":["var.resource_group_name"]},"sku":{"constant_value":"Standard"}},"schema_version":0},{"address":"azurerm_windows_virtual_machine.windows","mode":"managed","type":"azurerm_windows_virtual_machine","name":"windows","provider_config_key":"azurerm","expressions":{"admin_password":{"references":["var.admin_password"]},"admin_username":{"references":["var.admin_username"]},"location":{"references":["var.location"]},"name":{"references":["var.name"]},"network_interface_ids":{"references":["azurerm_network_interface.nic.id","azurerm_network_interface.nic"]},"os_disk":[{"caching":{"constant_value":"ReadWrite"},"storage_account_type":{"constant_value":"Premium_LRS"}}],"resource_group_name":{"references":["var.resource_group_name"]},"size":{"references":["var.vm_size"]},"source_image_reference":[{"offer":{"constant_value":"WindowsServer"},"publisher":{"constant_value":"MicrosoftWindowsServer"},"sku":{"constant_value":"2019-Datacenter"},"version":{"constant_value":"latest"}}],"zone":{"references":["var.zone"]}},"schema_version":0}],"variables":{"admin_password":{},"admin_username":{},"location":{},"name":{},"resource_group_name":{},"subnet_id":{},"vm_size":{"default":"Standard_B2ms"},"zone":{"default":1}}}},"jumpbox-linux":{"source":"../modules/vm-linux/","expressions":{"admin_username":{"constant_value":"adminuser"},"custom_data":{"constant_value":"test"},"location":{"references":["azurerm_resource_group.example.location","azurerm_resource_group.example"]},"name":{"constant_value":"vmjumpboxlinux"},"public_key":{"constant_value":"ssh-rsa AAAAB3NzaC1yc2EAAAADAQABAAABAQDTcNZBXea8DCFaCXUuH0xUWBa5zv2YRXBKSnRAaIcwF2fRJxFdG/PgnJ4HoA10id8dSILVSuXLLjp9sTtqNgtnErKy/+zTPXcb6seHd/MycZb5181jYIIyLCuYrf2ZHum4PlMQ3RQUelbjY1ye/k54rmgdx9gmKzvy0v0oyRd1XSat0mvvVm1QesVcu4qV0uyBHga+XYm6mYhJAucNLbwB9JU/gHCc4yidckWzFsFyrosZtmbEi5C8hXNojJIeMBMFoaQSO4eZHtNhlXpscRt8+WzPqS1V/6t3wa/XjdFjZPHFQOjTPBb5dZaF5Fh2lxRDM8oYPxmuVrLPlscdqGJr noname"},"resource_group_name":{"references":["azurerm_resource_group.example.name","azurerm_resource_group.example"]},"subnet_id":{"references":["azurerm_subnet.backend.id","azurerm_subnet.backend"]}},"module":{"outputs":{"id":{"expression":{"references":["azurerm_linux_virtual_machine.linux.id","azurerm_linux_virtual_machine.linux"]}},"ip_configuration_name":{"expression":{"references":["azurerm_network_interface.nic.ip_configuration[0].name","azurerm_network_interface.nic.ip_configuration[0]","azurerm_network_interface.nic.ip_configuration","azurerm_network_interface.nic"]}},"network_interface_id":{"expression":{"references":["azurerm_network_interface.nic.id","azurerm_network_interface.nic"]}},"network_interface_ipconfiguration":{"expression":{"references":["azurerm_network_interface.nic.ip_configuration","azurerm_network_interface.nic"]}},"nic_id":{"expression":{"references":["azurerm_network_interface.nic.id","azurerm_network_interface.nic"]}},"private_ip_address":{"expression":{"references":["azurerm_network_interface.nic.private_ip_address","azurerm_network_interface.nic"]}}},"resources":[{"address":"azurerm_dev_test_global_vm_shutdown_schedule.autoshutdown","mode":"managed","type":"azurerm_dev_test_global_vm_shutdown_schedule","name":"autoshutdown","provider_config_key":"azurerm","expressions":{"daily_recurrence_time":{"constant_value":"0200"},"enabled":{"constant_value":true},"location":{"references":["azurerm_linux_virtual_machine.linux.location","azurerm_linux_virtual_machine.linux"]},"notification_settings":[{"enabled":{"constant_value":false}}],"timezone":{"constant_value":"Tokyo Standard Time"},"virtual_machine_id":{"references":["azurerm_linux_virtual_machine.linux.id","azurerm_linux_virtual_machine.linux"]}},"schema_version":0},{"address":"azurerm_linux_virtual_machine.linux","mode":"managed","type":"azurerm_linux_virtual_machine","name":"linux","provider_config_key":"azurerm","expressions":{"admin_password":{"references":["var.admin_password"]},"admin_username":{"references":["var.admin_username"]},"availability_set_id":{"references":["var.availability_set_id"]},"boot_diagnostics":[{"storage_account_uri":{"constant_value":null}}],"custom_data":{"references":["var.custom_data","var.custom_data"]},"disable_password_authentication":{"constant_value":false},"location":{"references":["var.location"]},"name":{"references":["var.name"]},"network_interface_ids":{"references":["azurerm_network_interface.nic.id","azurerm_network_interface.nic"]},"os_disk":[{"caching":{"constant_value":"ReadWrite"},"storage_account_type":{"constant_value":"Premium_LRS"}}],"resource_group_name":{"references":["var.resource_group_name"]},"size":{"references":["var.vm_size"]},"source_image_reference":[{"offer":{"references":["var.source_image_reference.offer","var.source_image_reference"]},"publisher":{"references":["var.source_image_reference.publisher","var.source_image_reference"]},"sku":{"references":["var.source_image_reference.sku","var.source_image_reference"]},"version":{"references":["var.source_image_reference.version","var.source_image_reference"]}}],"zone":{"references":["var.zone"]}},"schema_version":0},{"address":"azurerm_network_interface.nic","mode":"managed","type":"azurerm_network_interface","name":"nic","provider_config_key":"azurerm","expressions":{"enable_accelerated_networking":{"references":["var.enable_accelerated_networking"]},"ip_configuration":[{"name":{"constant_value":"configuration"},"private_ip_address":{"references":["var.private_ip_address_allocation","var.private_ip_address"]},"private_ip_address_allocation":{"references":["var.private_ip_address_allocation"]},"public_ip_address_id":{"references":["azurerm_public_ip.pip.id","azurerm_public_ip.pip"]},"subnet_id":{"references":["var.subnet_id"]}}],"location":{"references":["var.location"]},"name":{"references":["var.name"]},"resource_group_name":{"references":["var.resource_group_name"]}},"schema_version":0},{"address":"azurerm_network_interface_security_group_association.example","mode":"managed","type":"azurerm_network_interface_security_group_association","name":"example","provider_config_key":"azurerm","expressions":{"network_interface_id":{"references":["azurerm_network_interface.nic.id","azurerm_network_interface.nic"]},"network_security_group_id":{"references":["azurerm_network_security_group.nsg.id","azurerm_network_security_group.nsg"]}},"schema_version":0},{"address":"azurerm_network_security_group.nsg","mode":"managed","type":"azurerm_network_security_group","name":"nsg","provider_config_key":"azurerm","expressions":{"location":{"references":["var.location"]},"name":{"references":["var.name"]},"resource_group_name":{"references":["var.resource_group_name"]}},"schema_version":0},{"address":"azurerm_network_security_rule.nsg-rule","mode":"managed","type":"azurerm_network_security_rule","name":"nsg-rule","provider_config_key":"azurerm","expressions":{"access":{"constant_value":"Allow"},"destination_address_prefix":{"constant_value":"*"},"destination_port_ranges":{"constant_value":["22","80"]},"direction":{"constant_value":"Inbound"},"name":{"constant_value":"remote_access"},"network_security_group_name":{"references":["azurerm_network_security_group.nsg.name","azurerm_network_security_group.nsg"]},"priority":{"constant_value":100},"protocol":{"constant_value":"Tcp"},"resource_group_name":{"references":["var.resource_group_name"]},"source_address_prefix":{"references":["var.source_address_prefix"]},"source_port_range":{"constant_value":"*"}},"schema_version":0},{"address":"azurerm_public_ip.pip","mode":"managed","type":"azurerm_public_ip","name":"pip","provider_config_key":"azurerm","expressions":{"allocation_method":{"constant_value":"Static"},"location":{"references":["var.location"]},"name":{"references":["var.name"]},"resource_group_name":{"references":["var.resource_group_name"]},"sku":{"constant_value":"Standard"}},"schema_version":0}],"variables":{"admin_password":{"default":"Password1!"},"admin_username":{},"availability_set_id":{"default":null},"custom_data":{"default":""},"enable_accelerated_networking":{"default":false},"location":{},"name":{},"private_ip_address":{"default":null},"private_ip_address_allocation":{"default":"Dynamic"},"public_key":{"default":null},"resource_group_name":{},"source_address_prefix":{"default":"*"},"source_image_reference":{"default":{"offer":"0001-com-ubuntu-server-focal","publisher":"Canonical","sku":"20_04-lts-gen2","version":"latest"}},"subnet_id":{},"vm_size":{"default":"Standard_B2ms"},"zone":{"default":null}}}},"webserver":{"source":"../modules/vm-linux/","expressions":{"admin_username":{"constant_value":"adminuser"},"custom_data":{"constant_value":"sudo apt update \u0026\u0026 sudo apt install -y nginx"},"location":{"references":["azurerm_resource_group.example.location","azurerm_resource_group.example"]},"name":{"constant_value":"vmwebserver"},"public_key":{"constant_value":"ssh-rsa AAAAB3NzaC1yc2EAAAADAQABAAABAQDTcNZBXea8DCFaCXUuH0xUWBa5zv2YRXBKSnRAaIcwF2fRJxFdG/PgnJ4HoA10id8dSILVSuXLLjp9sTtqNgtnErKy/+zTPXcb6seHd/MycZb5181jYIIyLCuYrf2ZHum4PlMQ3RQUelbjY1ye/k54rmgdx9gmKzvy0v0oyRd1XSat0mvvVm1QesVcu4qV0uyBHga+XYm6mYhJAucNLbwB9JU/gHCc4yidckWzFsFyrosZtmbEi5C8hXNojJIeMBMFoaQSO4eZHtNhlXpscRt8+WzPqS1V/6t3wa/XjdFjZPHFQOjTPBb5dZaF5Fh2lxRDM8oYPxmuVrLPlscdqGJr noname"},"resource_group_name":{"references":["azurerm_resource_group.example.name","azurerm_resource_group.example"]},"subnet_id":{"references":["azurerm_subnet.backend.id","azurerm_subnet.backend"]}},"module":{"outputs":{"id":{"expression":{"references":["azurerm_linux_virtual_machine.linux.id","azurerm_linux_virtual_machine.linux"]}},"ip_configuration_name":{"expression":{"references":["azurerm_network_interface.nic.ip_configuration[0].name","azurerm_network_interface.nic.ip_configuration[0]","azurerm_network_interface.nic.ip_configuration","azurerm_network_interface.nic"]}},"network_interface_id":{"expression":{"references":["azurerm_network_interface.nic.id","azurerm_network_interface.nic"]}},"network_interface_ipconfiguration":{"expression":{"references":["azurerm_network_interface.nic.ip_configuration","azurerm_network_interface.nic"]}},"nic_id":{"expression":{"references":["azurerm_network_interface.nic.id","azurerm_network_interface.nic"]}},"private_ip_address":{"expression":{"references":["azurerm_network_interface.nic.private_ip_address","azurerm_network_interface.nic"]}}},"resources":[{"address":"azurerm_dev_test_global_vm_shutdown_schedule.autoshutdown","mode":"managed","type":"azurerm_dev_test_global_vm_shutdown_schedule","name":"autoshutdown","provider_config_key":"azurerm","expressions":{"daily_recurrence_time":{"constant_value":"0200"},"enabled":{"constant_value":true},"location":{"references":["azurerm_linux_virtual_machine.linux.location","azurerm_linux_virtual_machine.linux"]},"notification_settings":[{"enabled":{"constant_value":false}}],"timezone":{"constant_value":"Tokyo Standard Time"},"virtual_machine_id":{"references":["azurerm_linux_virtual_machine.linux.id","azurerm_linux_virtual_machine.linux"]}},"schema_version":0},{"address":"azurerm_linux_virtual_machine.linux","mode":"managed","type":"azurerm_linux_virtual_machine","name":"linux","provider_config_key":"azurerm","expressions":{"admin_password":{"references":["var.admin_password"]},"admin_username":{"references":["var.admin_username"]},"availability_set_id":{"references":["var.availability_set_id"]},"boot_diagnostics":[{"storage_account_uri":{"constant_value":null}}],"custom_data":{"references":["var.custom_data","var.custom_data"]},"disable_password_authentication":{"constant_value":false},"location":{"references":["var.location"]},"name":{"references":["var.name"]},"network_interface_ids":{"references":["azurerm_network_interface.nic.id","azurerm_network_interface.nic"]},"os_disk":[{"caching":{"constant_value":"ReadWrite"},"storage_account_type":{"constant_value":"Premium_LRS"}}],"resource_group_name":{"references":["var.resource_group_name"]},"size":{"references":["var.vm_size"]},"source_image_reference":[{"offer":{"references":["var.source_image_reference.offer","var.source_image_reference"]},"publisher":{"references":["var.source_image_reference.publisher","var.source_image_reference"]},"sku":{"references":["var.source_image_reference.sku","var.source_image_reference"]},"version":{"references":["var.source_image_reference.version","var.source_image_reference"]}}],"zone":{"references":["var.zone"]}},"schema_version":0},{"address":"azurerm_network_interface.nic","mode":"managed","type":"azurerm_network_interface","name":"nic","provider_config_key":"azurerm","expressions":{"enable_accelerated_networking":{"references":["var.enable_accelerated_networking"]},"ip_configuration":[{"name":{"constant_value":"configuration"},"private_ip_address":{"references":["var.private_ip_address_allocation","var.private_ip_address"]},"private_ip_address_allocation":{"references":["var.private_ip_address_allocation"]},"public_ip_address_id":{"references":["azurerm_public_ip.pip.id","azurerm_public_ip.pip"]},"subnet_id":{"references":["var.subnet_id"]}}],"location":{"references":["var.location"]},"name":{"references":["var.name"]},"resource_group_name":{"references":["var.resource_group_name"]}},"schema_version":0},{"address":"azurerm_network_interface_security_group_association.example","mode":"managed","type":"azurerm_network_interface_security_group_association","name":"example","provider_config_key":"azurerm","expressions":{"network_interface_id":{"references":["azurerm_network_interface.nic.id","azurerm_network_interface.nic"]},"network_security_group_id":{"references":["azurerm_network_security_group.nsg.id","azurerm_network_security_group.nsg"]}},"schema_version":0},{"address":"azurerm_network_security_group.nsg","mode":"managed","type":"azurerm_network_security_group","name":"nsg","provider_config_key":"azurerm","expressions":{"location":{"references":["var.location"]},"name":{"references":["var.name"]},"resource_group_name":{"references":["var.resource_group_name"]}},"schema_version":0},{"address":"azurerm_network_security_rule.nsg-rule","mode":"managed","type":"azurerm_network_security_rule","name":"nsg-rule","provider_config_key":"azurerm","expressions":{"access":{"constant_value":"Allow"},"destination_address_prefix":{"constant_value":"*"},"destination_port_ranges":{"constant_value":["22","80"]},"direction":{"constant_value":"Inbound"},"name":{"constant_value":"remote_access"},"network_security_group_name":{"references":["azurerm_network_security_group.nsg.name","azurerm_network_security_group.nsg"]},"priority":{"constant_value":100},"protocol":{"constant_value":"Tcp"},"resource_group_name":{"references":["var.resource_group_name"]},"source_address_prefix":{"references":["var.source_address_prefix"]},"source_port_range":{"constant_value":"*"}},"schema_version":0},{"address":"azurerm_public_ip.pip","mode":"managed","type":"azurerm_public_ip","name":"pip","provider_config_key":"azurerm","expressions":{"allocation_method":{"constant_value":"Static"},"location":{"references":["var.location"]},"name":{"references":["var.name"]},"resource_group_name":{"references":["var.resource_group_name"]},"sku":{"constant_value":"Standard"}},"schema_version":0}],"variables":{"admin_password":{"default":"Password1!"},"admin_username":{},"availability_set_id":{"default":null},"custom_data":{"default":""},"enable_accelerated_networking":{"default":false},"location":{},"name":{},"private_ip_address":{"default":null},"private_ip_address_allocation":{"default":"Dynamic"},"public_key":{"default":null},"resource_group_name":{},"source_address_prefix":{"default":"*"},"source_image_reference":{"default":{"offer":"0001-com-ubuntu-server-focal","publisher":"Canonical","sku":"20_04-lts-gen2","version":"latest"}},"subnet_id":{},"vm_size":{"default":"Standard_B2ms"},"zone":{"default":null}}}}},"variables":{"rg":{"default":{"location":"japaneast","name":"rg-webapp-appgw"}}}}},"relevant_attributes":[{"resource":"module.jumpbox-linux.azurerm_network_interface.nic","attribute":["ip_configuration",0,"name"]},{"resource":"module.webserver.azurerm_network_security_group.nsg","attribute":["name"]},{"resource":"azurerm_service_plan.example","attribute":["location"]},{"resource":"module.jumpbox-linux.azurerm_network_security_group.nsg","attribute":["id"]},{"resource":"module.jumpbox-linux.azurerm_linux_virtual_machine.linux","attribute":["id"]},{"resource":"module.jumpbox-linux.azurerm_public_ip.pip","attribute":["id"]},{"resource":"module.jumpbox.azurerm_network_interface.nic","attribute":["id"]},{"resource":"azurerm_linux_web_app.app2","attribute":["default_hostname"]},{"resource":"module.webserver.azurerm_network_interface.nic","attribute":["ip_configuration",0,"name"]},{"resource":"module.webserver.azurerm_network_interface.nic","attribute":["ip_configuration"]},{"resource":"azurerm_resource_group.example","attribute":["location"]},{"resource":"module.bastion.azurerm_network_security_group.bastion","attribute":["name"]},{"resource":"azurerm_service_plan.example","attribute":["id"]},{"resource":"module.jumpbox.azurerm_network_interface.nic","attribute":["private_ip_address"]},{"resource":"module.jumpbox-linux.azurerm_network_interface.nic","attribute":["ip_configuration"]},{"resource":"azurerm_subnet.backend","attribute":["id"]},{"resource":"module.jumpbox.azurerm_network_security_group.nsg","attribute":["id"]},{"resource":"module.webserver.azurerm_network_security_group.nsg","attribute":["id"]},{"resource":"azurerm_public_ip.example","attribute":["id"]},{"resource":"module.jumpbox.azurerm_windows_virtual_machine.windows","attribute":["location"]},{"resource":"module.jumpbox-linux.azurerm_network_interface.nic","attribute":["private_ip_address"]},{"resource":"module.jumpbox.azurerm_network_interface.nic","attribute":["ip_configuration"]},{"resource":"module.bastion.azurerm_network_security_group.bastion","attribute":["id"]},{"resource":"module.webserver.azurerm_network_interface.nic","attribute":["id"]},{"resource":"module.webserver.azurerm_linux_virtual_machine.linux","attribute":["location"]},{"resource":"module.bastion.azurerm_public_ip.bastion","attribute":["id"]},{"resource":"azurerm_resource_group.example","attribute":["name"]},{"resource":"module.jumpbox.azurerm_public_ip.pip","attribute":["id"]},{"resource":"module.jumpbox-linux.azurerm_linux_virtual_machine.linux","attribute":["location"]},{"resource":"azurerm_subnet.frontend","attribute":["id"]},{"resource":"azurerm_linux_web_app.app1","attribute":["default_hostname"]},{"resource":"random_string.uniqstr","attribute":["result"]},{"resource":"module.webserver.azurerm_public_ip.pip","attribute":["id"]},{"resource":"module.jumpbox-linux.azurerm_network_interface.nic","attribute":["id"]},{"resource":"module.jumpbox.azurerm_windows_virtual_machine.windows","attribute":["id"]},{"resource":"module.webserver.azurerm_network_interface.nic","attribute":["private_ip_address"]},{"resource":"azurerm_subnet.bastion","attribute":["id"]},{"resource":"azurerm_virtual_network.example","attribute":["name"]},{"resource":"module.jumpbox-linux.azurerm_network_security_group.nsg","attribute":["name"]},{"resource":"module.webserver.azurerm_linux_virtual_machine.linux","attribute":["id"]}],"timestamp":"2024-08-17T00:01:02Z","applyable":true,"complete":true,"errored":false}
