{"format_version":"1.2","terraform_version":"1.9.4","variables":{"backend_address_pool_name":{"value":"backend-address-pool"},"backend_http_settings_name":{"value":"http-settings"},"failback_workers_count":{"value":2},"frontend_ip_configuration_name":{"value":"frontend-ip-configuration"},"frontend_port_name":{"value":"FrontHTTP"},"http_listener_name":{"value":"http-listener"},"main_region":{"value":"westeurope"},"redirect_configuration_name":{"value":"myRedirectConfig"},"request_routing_rule_name":{"value":"request_routing_rule"},"rg":{"value":"appgw-test-RG"},"subscription_id":{"value":"to-be-changed"},"subscription_name":{"value":"to-be-changed"},"vm_admin_username":{"value":"azureuser"},"vm_offer":{"value":"0001-com-ubuntu-server-jammy"},"vm_publisher":{"value":"Canonical"},"vm_size":{"value":"Standard_B1s"},"vm_sku":{"value":"22_04-lts-gen2"},"vm_storage_account_type":{"value":"Standard_LRS"},"vm_version":{"value":"latest"},"web_workers_count":{"value":2}},"planned_values":{"outputs":{"testing_command":{"sensitive":false}},"root_module":{"resources":[{"address":"azurerm_application_gateway.appgw","mode":"managed","type":"azurerm_application_gateway","name":"appgw","provider_name":"registry.terraform.io/hashicorp/azurerm","schema_version":0,"values":{"authentication_certificate":[],"autoscale_configuration":[],"backend_address_pool":[{"fqdns":[],"ip_addresses":[],"name":"backend-address-pool"},{"fqdns":[],"ip_addresses":[],"name":"backend-address-pool-failback"}],"backend_http_settings":[{"affinity_cookie_name":"","authentication_certificate":[],"connection_draining":[],"cookie_based_affinity":"Disabled","host_name":"","name":"http-settings","path":"","pick_host_name_from_backend_address":false,"port":80,"probe_name":"","protocol":"Http","request_timeout":60,"trusted_root_certificate_names":[]}],"custom_error_configuration":[],"enable_http2":null,"fips_enabled":null,"firewall_policy_id":null,"force_firewall_policy_association":null,"frontend_ip_configuration":[{"name":"frontend-ip-configuration","private_ip_address_allocation":"Dynamic","private_link_configuration_name":null,"subnet_id":null}],"frontend_port":[{"name":"FrontHTTP","port":80}],"gateway_ip_configuration":[{"name":"appgw-ip-configuration"}],"global":[],"http_listener":[{"custom_error_configuration":[],"firewall_policy_id":"","frontend_ip_configuration_name":"frontend-ip-configuration","frontend_port_name":"FrontHTTP","host_name":"","host_names":[],"name":"http-listener","protocol":"Http","require_sni":null,"ssl_certificate_name":"","ssl_profile_name":""}],"identity":[],"location":"westeurope","name":"AppGateway","private_link_configuration":[],"probe":[],"redirect_configuration":[],"request_routing_rule":[{"backend_address_pool_name":"backend-address-pool","backend_http_settings_name":"http-settings","http_listener_name":"http-listener","name":"request_routing_rule","priority":1,"redirect_configuration_name":"","rewrite_rule_set_name":"","rule_type":"Basic","url_path_map_name":""}],"resource_group_name":"appgw-test-RG","rewrite_rule_set":[],"sku":[{"capacity":1,"name":"Standard_v2","tier":"Standard_v2"}],"ssl_certificate":[],"ssl_profile":[],"tags":null,"timeouts":null,"trusted_client_certificate":[],"trusted_root_certificate":[],"url_path_map":[],"waf_configuration":[],"zones":null},"sensitive_values":{"authentication_certificate":[],"autoscale_configuration":[],"backend_address_pool":[{"fqdns":[],"ip_addresses":[]},{"fqdns":[],"ip_addresses":[]}],"backend_http_settings":[{"authentication_certificate":[],"connection_draining":[],"trusted_root_certificate_names":[]}],"custom_error_configuration":[],"frontend_ip_configuration":[{}],"frontend_port":[{}],"gateway_ip_configuration":[{}],"global":[],"http_listener":[{"custom_error_configuration":[],"host_names":[]}],"identity":[],"private_endpoint_connection":[],"private_link_configuration":[],"probe":[],"redirect_configuration":[],"request_routing_rule":[{}],"rewrite_rule_set":[],"sku":[{}],"ssl_certificate":[],"ssl_policy":[],"ssl_profile":[],"trusted_client_certificate":[],"trusted_root_certificate":[],"url_path_map":[],"waf_configuration":[]}},{"address":"azurerm_linux_virtual_machine.web-worker-failback[0]","mode":"managed","type":"azurerm_linux_virtual_machine","name":"web-worker-failback","index":0,"provider_name":"registry.terraform.io/hashicorp/azurerm","schema_version":0,"values":{"additional_capabilities":[],"admin_ssh_key":[],"admin_username":"azureuser","allow_extension_operations":true,"availability_set_id":null,"boot_diagnostics":[],"bypass_platform_safety_checks_on_user_schedule_enabled":false,"capacity_reservation_group_id":null,"custom_data":"RklMRU5BTUUgUExBQ0VIT0xERVI=","dedicated_host_group_id":null,"dedicated_host_id":null,"disable_password_authentication":false,"edge_zone":null,"encryption_at_host_enabled":null,"eviction_policy":null,"extensions_time_budget":"PT1H30M","gallery_application":[],"identity":[],"license_type":null,"location":"westeurope","max_bid_price":-1,"name":"web-failback-1","os_disk":[{"caching":"ReadWrite","diff_disk_settings":[],"disk_encryption_set_id":null,"secure_vm_disk_encryption_set_id":null,"security_encryption_type":null,"storage_account_type":"Standard_LRS","write_accelerator_enabled":false}],"os_image_notification":[],"patch_assessment_mode":"ImageDefault","patch_mode":"ImageDefault","plan":[],"platform_fault_domain":-1,"priority":"Regular","provision_vm_agent":true,"proximity_placement_group_id":null,"reboot_setting":null,"resource_group_name":"appgw-test-RG","secret":[],"secure_boot_enabled":null,"size":"Standard_B1s","source_image_id":null,"source_image_reference":[{"offer":"0001-com-ubuntu-server-jammy","publisher":"Canonical","sku":"22_04-lts-gen2","version":"latest"}],"tags":null,"timeouts":null,"user_data":null,"virtual_machine_scale_set_id":null,"vm_agent_platform_updates_enabled":false,"vtpm_enabled":null,"zone":null},"sensitive_values":{"additional_capabilities":[],"admin_password":true,"admin_ssh_key":[],"boot_diagnostics":[],"custom_data":true,"gallery_application":[],"identity":[],"network_interface_ids":[],"os_disk":[{"diff_disk_settings":[]}],"os_image_notification":[],"plan":[],"private_ip_addresses":[],"public_ip_addresses":[],"secret":[],"source_image_reference":[{}],"termination_notification":[]}},{"address":"azurerm_linux_virtual_machine.web-worker-failback[1]","mode":"managed","type":"azurerm_linux_virtual_machine","name":"web-worker-failback","index":1,"provider_name":"registry.terraform.io/hashicorp/azurerm","schema_version":0,"values":{"additional_capabilities":[],"admin_ssh_key":[],"admin_username":"azureuser","allow_extension_operations":true,"availability_set_id":null,"boot_diagnostics":[],"bypass_platform_safety_checks_on_user_schedule_enabled":false,"capacity_reservation_group_id":null,"custom_data":"RklMRU5BTUUgUExBQ0VIT0xERVI=","dedicated_host_group_id":null,"dedicated_host_id":null,"disable_password_authentication":false,"edge_zone":null,"encryption_at_host_enabled":null,"eviction_policy":null,"extensions_time_budget":"PT1H30M","gallery_application":[],"identity":[],"license_type":null,"location":"westeurope","max_bid_price":-1,"name":"web-failback-2","os_disk":[{"caching":"ReadWrite","diff_disk_settings":[],"disk_encryption_set_id":null,"secure_vm_disk_encryption_set_id":null,"security_encryption_type":null,"storage_account_type":"Standard_LRS","write_accelerator_enabled":false}],"os_image_notification":[],"patch_assessment_mode":"ImageDefault","patch_mode":"ImageDefault","plan":[],"platform_fault_domain":-1,"priority":"Regular","provision_vm_agent":true,"proximity_placement_group_id":null,"reboot_setting":null,"resource_group_name":"appgw-test-RG","secret":[],"secure_boot_enabled":null,"size":"Standard_B1s","source_image_id":null,"source_image_reference":[{"offer":"0001-com-ubuntu-server-jammy","publisher":"Canonical","sku":"22_04-lts-gen2","version":"latest"}],"tags":null,"timeouts":null,"user_data":null,"virtual_machine_scale_set_id":null,"vm_agent_platform_updates_enabled":false,"vtpm_enabled":null,"zone":null},"sensitive_values":{"additional_capabilities":[],"admin_password":true,"admin_ssh_key":[],"boot_diagnostics":[],"custom_data":true,"gallery_application":[],"identity":[],"network_interface_ids":[],"os_disk":[{"diff_disk_settings":[]}],"os_image_notification":[],"plan":[],"private_ip_addresses":[],"public_ip_addresses":[],"secret":[],"source_image_reference":[{}],"termination_notification":[]}},{"address":"azurerm_linux_virtual_machine.web-worker[0]","mode":"managed","type":"azurerm_linux_virtual_machine","name":"web-worker","index":0,"provider_name":"registry.terraform.io/hashicorp/azurerm","schema_version":0,"values":{"additional_capabilities":[],"admin_ssh_key":[],"admin_username":"azureuser","allow_extension_operations":true,"availability_set_id":null,"boot_diagnostics":[],"bypass_platform_safety_checks_on_user_schedule_enabled":false,"capacity_reservation_group_id":null,"custom_data":"RklMRU5BTUUgUExBQ0VIT0xERVI=","dedicated_host_group_id":null,"dedicated_host_id":null,"disable_password_authentication":false,"edge_zone":null,"encryption_at_host_enabled":null,"eviction_policy":null,"extensions_time_budget":"PT1H30M","gallery_application":[],"identity":[],"license_type":null,"location":"westeurope","max_bid_price":-1,"name":"web-1","os_disk":[{"caching":"ReadWrite","diff_disk_settings":[],"disk_encryption_set_id":null,"secure_vm_disk_encryption_set_id":null,"security_encryption_type":null,"storage_account_type":"Standard_LRS","write_accelerator_enabled":false}],"os_image_notification":[],"patch_assessment_mode":"ImageDefault","patch_mode":"ImageDefault","plan":[],"platform_fault_domain":-1,"priority":"Regular","provision_vm_agent":true,"proximity_placement_group_id":null,"reboot_setting":null,"resource_group_name":"appgw-test-RG","secret":[],"secure_boot_enabled":null,"size":"Standard_B1s","source_image_id":null,"source_image_reference":[{"offer":"0001-com-ubuntu-server-jammy","publisher":"Canonical","sku":"22_04-lts-gen2","version":"latest"}],"tags":null,"timeouts":null,"user_data":null,"virtual_machine_scale_set_id":null,"vm_agent_platform_updates_enabled":false,"vtpm_enabled":null,"zone":null},"sensitive_values":{"additional_capabilities":[],"admin_password":true,"admin_ssh_key":[],"boot_diagnostics":[],"custom_data":true,"gallery_application":[],"identity":[],"network_interface_ids":[],"os_disk":[{"diff_disk_settings":[]}],"os_image_notification":[],"plan":[],"private_ip_addresses":[],"public_ip_addresses":[],"secret":[],"source_image_reference":[{}],"termination_notification":[]}},{"address":"azurerm_linux_virtual_machine.web-worker[1]","mode":"managed","type":"azurerm_linux_virtual_machine","name":"web-worker","index":1,"provider_name":"registry.terraform.io/hashicorp/azurerm","schema_version":0,"values":{"additional_capabilities":[],"admin_ssh_key":[],"admin_username":"azureuser","allow_extension_operations":true,"availability_set_id":null,"boot_diagnostics":[],"bypass_platform_safety_checks_on_user_schedule_enabled":false,"capacity_reservation_group_id":null,"custom_data":"RklMRU5BTUUgUExBQ0VIT0xERVI=","dedicated_host_group_id":null,"dedicated_host_id":null,"disable_password_authentication":false,"edge_zone":null,"encryption_at_host_enabled":null,"eviction_policy":null,"extensions_time_budget":"PT1H30M","gallery_application":[],"identity":[],"license_type":null,"location":"westeurope","max_bid_price":-1,"name":"web-2","os_disk":[{"caching":"ReadWrite","diff_disk_settings":[],"disk_encryption_set_id":null,"secure_vm_disk_encryption_set_id":null,"security_encryption_type":null,"storage_account_type":"Standard_LRS","write_accelerator_enabled":false}],"os_image_notification":[],"patch_assessment_mode":"ImageDefault","patch_mode":"ImageDefault","plan":[],"platform_fault_domain":-1,"priority":"Regular","provision_vm_agent":true,"proximity_placement_group_id":null,"reboot_setting":null,"resource_group_name":"appgw-test-RG","secret":[],"secure_boot_enabled":null,"size":"Standard_B1s","source_image_id":null,"source_image_reference":[{"offer":"0001-com-ubuntu-server-jammy","publisher":"Canonical","sku":"22_04-lts-gen2","version":"latest"}],"tags":null,"timeouts":null,"user_data":null,"virtual_machine_scale_set_id":null,"vm_agent_platform_updates_enabled":false,"vtpm_enabled":null,"zone":null},"sensitive_values":{"additional_capabilities":[],"admin_password":true,"admin_ssh_key":[],"boot_diagnostics":[],"custom_data":true,"gallery_application":[],"identity":[],"network_interface_ids":[],"os_disk":[{"diff_disk_settings":[]}],"os_image_notification":[],"plan":[],"private_ip_addresses":[],"public_ip_addresses":[],"secret":[],"source_image_reference":[{}],"termination_notification":[]}},{"address":"azurerm_network_interface.nic-failback[0]","mode":"managed","type":"azurerm_network_interface","name":"nic-failback","index":0,"provider_name":"registry.terraform.io/hashicorp/azurerm","schema_version":0,"values":{"auxiliary_mode":null,"auxiliary_sku":null,"edge_zone":null,"internal_dns_name_label":null,"ip_configuration":[{"name":"nic-ipconfig-1","private_ip_address_allocation":"Dynamic","private_ip_address_version":"IPv4","public_ip_address_id":null}],"location":"westeurope","name":"nic-failback-1","resource_group_name":"appgw-test-RG","tags":null,"timeouts":null},"sensitive_values":{"applied_dns_servers":[],"dns_servers":[],"ip_configuration":[{}],"private_ip_addresses":[]}},{"address":"azurerm_network_interface.nic-failback[1]","mode":"managed","type":"azurerm_network_interface","name":"nic-failback","index":1,"provider_name":"registry.terraform.io/hashicorp/azurerm","schema_version":0,"values":{"auxiliary_mode":null,"auxiliary_sku":null,"edge_zone":null,"internal_dns_name_label":null,"ip_configuration":[{"name":"nic-ipconfig-2","private_ip_address_allocation":"Dynamic","private_ip_address_version":"IPv4","public_ip_address_id":null}],"location":"westeurope","name":"nic-failback-2","resource_group_name":"appgw-test-RG","tags":null,"timeouts":null},"sensitive_values":{"applied_dns_servers":[],"dns_servers":[],"ip_configuration":[{}],"private_ip_addresses":[]}},{"address":"azurerm_network_interface.nic[0]","mode":"managed","type":"azurerm_network_interface","name":"nic","index":0,"provider_name":"registry.terraform.io/hashicorp/azurerm","schema_version":0,"values":{"auxiliary_mode":null,"auxiliary_sku":null,"edge_zone":null,"internal_dns_name_label":null,"ip_configuration":[{"name":"nic-ipconfig-1","private_ip_address_allocation":"Dynamic","private_ip_address_version":"IPv4","public_ip_address_id":null}],"location":"westeurope","name":"nic-1","resource_group_name":"appgw-test-RG","tags":null,"timeouts":null},"sensitive_values":{"applied_dns_servers":[],"dns_servers":[],"ip_configuration":[{}],"private_ip_addresses":[]}},{"address":"azurerm_network_interface.nic[1]","mode":"managed","type":"azurerm_network_interface","name":"nic","index":1,"provider_name":"registry.terraform.io/hashicorp/azurerm","schema_version":0,"values":{"auxiliary_mode":null,"auxiliary_sku":null,"edge_zone":null,"internal_dns_name_label":null,"ip_configuration":[{"name":"nic-ipconfig-2","private_ip_address_allocation":"Dynamic","private_ip_address_version":"IPv4","public_ip_address_id":null}],"location":"westeurope","name":"nic-2","resource_group_name":"appgw-test-RG","tags":null,"timeouts":null},"sensitive_values":{"applied_dns_servers":[],"dns_servers":[],"ip_configuration":[{}],"private_ip_addresses":[]}},{"address":"azurerm_network_interface_application_gateway_backend_address_pool_association.nic-assoc01[0]","mode":"managed","type":"azurerm_network_interface_application_gateway_backend_address_pool_association","name":"nic-assoc01","index":0,"provider_name":"registry.terraform.io/hashicorp/azurerm","schema_version":0,"values":{"ip_configuration_name":"nic-ipconfig-1","timeouts":null},"sensitive_values":{}},{"address":"azurerm_network_interface_application_gateway_backend_address_pool_association.nic-assoc01[1]","mode":"managed","type":"azurerm_network_interface_application_gateway_backend_address_pool_association","name":"nic-assoc01","index":1,"provider_name":"registry.terraform.io/hashicorp/azurerm","schema_version":0,"values":{"ip_configuration_name":"nic-ipconfig-2","timeouts":null},"sensitive_values":{}},{"address":"azurerm_network_interface_application_gateway_backend_address_pool_association.nic-failback-assoc01[0]","mode":"managed","type":"azurerm_network_interface_application_gateway_backend_address_pool_association","name":"nic-failback-assoc01","index":0,"provider_name":"registry.terraform.io/hashicorp/azurerm","schema_version":0,"values":{"ip_configuration_name":"nic-ipconfig-1","timeouts":null},"sensitive_values":{}},{"address":"azurerm_network_interface_application_gateway_backend_address_pool_association.nic-failback-assoc01[1]","mode":"managed","type":"azurerm_network_interface_application_gateway_backend_address_pool_association","name":"nic-failback-assoc01","index":1,"provider_name":"registry.terraform.io/hashicorp/azurerm","schema_version":0,"values":{"ip_configuration_name":"nic-ipconfig-2","timeouts":null},"sensitive_values":{}},{"address":"azurerm_network_security_group.backend_nsg","mode":"managed","type":"azurerm_network_security_group","name":"backend_nsg","provider_name":"registry.terraform.io/hashicorp/azurerm","schema_version":0,"values":{"location":"westeurope","name":"backend-nsg","resource_group_name":"appgw-test-RG","security_rule":[{"access":"Allow","description":"Allow HTTP","destination_address_prefix":"*","destination_address_prefixes":[],"destination_application_security_group_ids":[],"destination_port_range":"80","destination_port_ranges":[],"direction":"Inbound","name":"HTTP","priority":1001,"protocol":"Tcp","source_address_prefix":"10.1.0.0/16","source_address_prefixes":[],"source_application_security_group_ids":[],"source_port_range":"*","source_port_ranges":[]}],"tags":null,"timeouts":null},"sensitive_values":{"security_rule":[{"destination_address_prefixes":[],"destination_application_security_group_ids":[],"destination_port_ranges":[],"source_address_prefixes":[],"source_application_security_group_ids":[],"source_port_ranges":[]}]}},{"address":"azurerm_public_ip.pip","mode":"managed","type":"azurerm_public_ip","name":"pip","provider_name":"registry.terraform.io/hashicorp/azurerm","schema_version":0,"values":{"allocation_method":"Static","ddos_protection_mode":"VirtualNetworkInherited","ddos_protection_plan_id":null,"domain_name_label":null,"edge_zone":null,"idle_timeout_in_minutes":4,"ip_tags":null,"ip_version":"IPv4","location":"westeurope","name":"appgw-pip","public_ip_prefix_id":null,"resource_group_name":"appgw-test-RG","reverse_fqdn":null,"sku":"Standard","sku_tier":"Regional","tags":null,"timeouts":null,"zones":null},"sensitive_values":{}},{"address":"azurerm_resource_group.rg","mode":"managed","type":"azurerm_resource_group","name":"rg","provider_name":"registry.terraform.io/hashicorp/azurerm","schema_version":0,"values":{"location":"westeurope","managed_by":null,"name":"appgw-test-RG","tags":null,"timeouts":null},"sensitive_values":{}},{"address":"azurerm_subnet.backend","mode":"managed","type":"azurerm_subnet","name":"backend","provider_name":"registry.terraform.io/hashicorp/azurerm","schema_version":0,"values":{"address_prefixes":["10.1.1.0/24"],"default_outbound_access_enabled":true,"delegation":[],"name":"appgw-backend","resource_group_name":"appgw-test-RG","service_endpoint_policy_ids":null,"service_endpoints":null,"timeouts":null,"virtual_network_name":"appgw-vnet"},"sensitive_values":{"address_prefixes":[false],"delegation":[]}},{"address":"azurerm_subnet.frontend","mode":"managed","type":"azurerm_subnet","name":"frontend","provider_name":"registry.terraform.io/hashicorp/azurerm","schema_version":0,"values":{"address_prefixes":["10.1.0.0/24"],"default_outbound_access_enabled":true,"delegation":[],"name":"appgw-frontend","resource_group_name":"appgw-test-RG","service_endpoint_policy_ids":null,"service_endpoints":null,"timeouts":null,"virtual_network_name":"appgw-vnet"},"sensitive_values":{"address_prefixes":[false],"delegation":[]}},{"address":"azurerm_subnet_network_security_group_association.backend_nsg","mode":"managed","type":"azurerm_subnet_network_security_group_association","name":"backend_nsg","provider_name":"registry.terraform.io/hashicorp/azurerm","schema_version":0,"values":{"timeouts":null},"sensitive_values":{}},{"address":"azurerm_virtual_network.appgw-vnet","mode":"managed","type":"azurerm_virtual_network","name":"appgw-vnet","provider_name":"registry.terraform.io/hashicorp/azurerm","schema_version":0,"values":{"address_space":["10.1.0.0/16"],"bgp_community":null,"ddos_protection_plan":[],"edge_zone":null,"encryption":[],"flow_timeout_in_minutes":null,"location":"westeurope","name":"appgw-vnet","resource_group_name":"appgw-test-RG","tags":null,"timeouts":null},"sensitive_values":{"address_space":[false],"ddos_protection_plan":[],"dns_servers":[],"encryption":[],"subnet":[]}},{"address":"random_password.password","mode":"managed","type":"random_password","name":"password","provider_name":"registry.terraform.io/hashicorp/random","schema_version":3,"values":{"keepers":null,"length":16,"lower":true,"min_lower":0,"min_numeric":0,"min_special":0,"min_upper":0,"number":true,"numeric":true,"override_special":null,"special":true,"upper":true},"sensitive_values":{"bcrypt_hash":true,"result":true}}]}},"resource_changes":[{"address":"azurerm_application_gateway.appgw","mode":"managed","type":"azurerm_application_gateway","name":"appgw","provider_name":"registry.terraform.io/hashicorp/azurerm","change":{"actions":["create"],"before":null,"after":{"authentication_certificate":[],"autoscale_configuration":[],"backend_address_pool":[{"fqdns":[],"ip_addresses":[],"name":"backend-address-pool"},{"fqdns":[],"ip_addresses":[],"name":"backend-address-pool-failback"}],"backend_http_settings":[{"affinity_cookie_name":"","authentication_certificate":[],"connection_draining":[],"cookie_based_affinity":"Disabled","host_name":"","name":"http-settings","path":"","pick_host_name_from_backend_address":false,"port":80,"probe_name":"","protocol":"Http","request_timeout":60,"trusted_root_certificate_names":[]}],"custom_error_configuration":[],"enable_http2":null,"fips_enabled":null,"firewall_policy_id":null,"force_firewall_policy_association":null,"frontend_ip_configuration":[{"name":"frontend-ip-configuration","private_ip_address_allocation":"Dynamic","private_link_configuration_name":null,"subnet_id":null}],"frontend_port":[{"name":"FrontHTTP","port":80}],"gateway_ip_configuration":[{"name":"appgw-ip-configuration"}],"global":[],"http_listener":[{"custom_error_configuration":[],"firewall_policy_id":"","frontend_ip_configuration_name":"frontend-ip-configuration","frontend_port_name":"FrontHTTP","host_name":"","host_names":[],"name":"http-listener","protocol":"Http","require_sni":null,"ssl_certificate_name":"","ssl_profile_name":""}],"identity":[],"location":"westeurope","name":"AppGateway","private_link_configuration":[],"probe":[],"redirect_configuration":[],"request_routing_rule":[{"backend_address_pool_name":"backend-address-pool","backend_http_settings_name":"http-settings","http_listener_name":"http-listener","name":"request_routing_rule","priority":1,"redirect_configuration_name":"","rewrite_rule_set_name":"","rule_type":"Basic","url_path_map_name":""}],"resource_group_name":"appgw-test-RG","rewrite_rule_set":[],"sku":[{"capacity":1,"name":"Standard_v2","tier":"Standard_v2"}],"ssl_certificate":[],"ssl_profile":[],"tags":null,"timeouts":null,"trusted_client_certificate":[],"trusted_root_certificate":[],"url_path_map":[],"waf_configuration":[],"zones":null},"after_unknown":{"authentication_certificate":[],"autoscale_configuration":[],"backend_address_pool":[{"fqdns":[],"id":true,"ip_addresses":[]},{"fqdns":[],"id":true,"ip_addresses":[]}],"backend_http_settings":[{"authentication_certificate":[],"connection_draining":[],"id":true,"probe_id":true,"trusted_root_certificate_names":[]}],"custom_error_configuration":[],"frontend_ip_configuration":[{"id":true,"private_ip_address":true,"private_link_configuration_id":true,"public_ip_address_id":true}],"frontend_port":[{"id":true}],"gateway_ip_configuration":[{"id":true,"subnet_id":true}],"global":[],"http_listener":[{"custom_error_configuration":[],"frontend_ip_configuration_id":true,"frontend_port_id":true,"host_names":[],"id":true,"ssl_certificate_id":true,"ssl_profile_id":true}],"id":true,"identity":[],"private_endpoint_connection":true,"private_link_configuration":[],"probe":[],"redirect_configuration":[],"request_routing_rule":[{"backend_address_pool_id":true,"backend_http_settings_id":true,"http_listener_id":true,"id":true,"redirect_configuration_id":true,"rewrite_rule_set_id":true,"url_path_map_id":true}],"rewrite_rule_set":[],"sku":[{}],"ssl_certificate":[],"ssl_policy":true,"ssl_profile":[],"trusted_client_certificate":[],"trusted_root_certificate":[],"url_path_map":[],"waf_configuration":[]},"before_sensitive":false,"after_sensitive":{"authentication_certificate":[],"autoscale_configuration":[],"backend_address_pool":[{"fqdns":[],"ip_addresses":[]},{"fqdns":[],"ip_addresses":[]}],"backend_http_settings":[{"authentication_certificate":[],"connection_draining":[],"trusted_root_certificate_names":[]}],"custom_error_configuration":[],"frontend_ip_configuration":[{}],"frontend_port":[{}],"gateway_ip_configuration":[{}],"global":[],"http_listener":[{"custom_error_configuration":[],"host_names":[]}],"identity":[],"private_endpoint_connection":[],"private_link_configuration":[],"probe":[],"redirect_configuration":[],"request_routing_rule":[{}],"rewrite_rule_set":[],"sku":[{}],"ssl_certificate":[],"ssl_policy":[],"ssl_profile":[],"trusted_client_certificate":[],"trusted_root_certificate":[],"url_path_map":[],"waf_configuration":[]}}},{"address":"azurerm_linux_virtual_machine.web-worker[0]","mode":"managed","type":"azurerm_linux_virtual_machine","name":"web-worker","index":0,"provider_name":"registry.terraform.io/hashicorp/azurerm","change":{"actions":["create"],"before":null,"after":{"additional_capabilities":[],"admin_ssh_key":[],"admin_username":"azureuser","allow_extension_operations":true,"availability_set_id":null,"boot_diagnostics":[],"bypass_platform_safety_checks_on_user_schedule_enabled":false,"capacity_reservation_group_id":null,"custom_data":"RklMRU5BTUUgUExBQ0VIT0xERVI=","dedicated_host_group_id":null,"dedicated_host_id":null,"disable_password_authentication":false,"edge_zone":null,"encryption_at_host_enabled":null,"eviction_policy":null,"extensions_time_budget":"PT1H30M","gallery_application":[],"identity":[],"license_type":null,"location":"westeurope","max_bid_price":-1,"name":"web-1","os_disk":[{"caching":"ReadWrite","diff_disk_settings":[],"disk_encryption_set_id":null,"secure_vm_disk_encryption_set_id":null,"security_encryption_type":null,"storage_account_type":"Standard_LRS","write_accelerator_enabled":false}],"os_image_notification":[],"patch_assessment_mode":"ImageDefault","patch_mode":"ImageDefault","plan":[],"platform_fault_domain":-1,"priority":"Regular","provision_vm_agent":true,"proximity_placement_group_id":null,"reboot_setting":null,"resource_group_name":"appgw-test-RG","secret":[],"secure_boot_enabled":null,"size":"Standard_B1s","source_image_id":null,"source_image_reference":[{"offer":"0001-com-ubuntu-server-jammy","publisher":"Canonical","sku":"22_04-lts-gen2","version":"latest"}],"tags":null,"timeouts":null,"user_data":null,"virtual_machine_scale_set_id":null,"vm_agent_platform_updates_enabled":false,"vtpm_enabled":null,"zone":null},"after_unknown":{"additional_capabilities":[],"admin_password":true,"admin_ssh_key":[],"boot_diagnostics":[],"computer_name":true,"disk_controller_type":true,"gallery_application":[],"id":true,"identity":[],"network_interface_ids":true,"os_disk":[{"diff_disk_settings":[],"disk_size_gb":true,"name":true}],"os_image_notification":[],"plan":[],"private_ip_address":true,"private_ip_addresses":true,"public_ip_address":true,"public_ip_addresses":true,"secret":[],"source_image_reference":[{}],"termination_notification":true,"virtual_machine_id":true},"before_sensitive":false,"after_sensitive":{"additional_capabilities":[],"admin_password":true,"admin_ssh_key":[],"boot_diagnostics":[],"custom_data":true,"gallery_application":[],"identity":[],"network_interface_ids":[],"os_disk":[{"diff_disk_settings":[]}],"os_image_notification":[],"plan":[],"private_ip_addresses":[],"public_ip_addresses":[],"secret":[],"source_image_reference":[{}],"termination_notification":[]}}},{"address":"azurerm_linux_virtual_machine.web-worker[1]","mode":"managed","type":"azurerm_linux_virtual_machine","name":"web-worker","index":1,"provider_name":"registry.terraform.io/hashicorp/azurerm","change":{"actions":["create"],"before":null,"after":{"additional_capabilities":[],"admin_ssh_key":[],"admin_username":"azureuser","allow_extension_operations":true,"availability_set_id":null,"boot_diagnostics":[],"bypass_platform_safety_checks_on_user_schedule_enabled":false,"capacity_reservation_group_id":null,"custom_data":"RklMRU5BTUUgUExBQ0VIT0xERVI=","dedicated_host_group_id":null,"dedicated_host_id":null,"disable_password_authentication":false,"edge_zone":null,"encryption_at_host_enabled":null,"eviction_policy":null,"extensions_time_budget":"PT1H30M","gallery_application":[],"identity":[],"license_type":null,"location":"westeurope","max_bid_price":-1,"name":"web-2","os_disk":[{"caching":"ReadWrite","diff_disk_settings":[],"disk_encryption_set_id":null,"secure_vm_disk_encryption_set_id":null,"security_encryption_type":null,"storage_account_type":"Standard_LRS","write_accelerator_enabled":false}],"os_image_notification":[],"patch_assessment_mode":"ImageDefault","patch_mode":"ImageDefault","plan":[],"platform_fault_domain":-1,"priority":"Regular","provision_vm_agent":true,"proximity_placement_group_id":null,"reboot_setting":null,"resource_group_name":"appgw-test-RG","secret":[],"secure_boot_enabled":null,"size":"Standard_B1s","source_image_id":null,"source_image_reference":[{"offer":"0001-com-ubuntu-server-jammy","publisher":"Canonical","sku":"22_04-lts-gen2","version":"latest"}],"tags":null,"timeouts":null,"user_data":null,"virtual_machine_scale_set_id":null,"vm_agent_platform_updates_enabled":false,"vtpm_enabled":null,"zone":null},"after_unknown":{"additional_capabilities":[],"admin_password":true,"admin_ssh_key":[],"boot_diagnostics":[],"computer_name":true,"disk_controller_type":true,"gallery_application":[],"id":true,"identity":[],"network_interface_ids":true,"os_disk":[{"diff_disk_settings":[],"disk_size_gb":true,"name":true}],"os_image_notification":[],"plan":[],"private_ip_address":true,"private_ip_addresses":true,"public_ip_address":true,"public_ip_addresses":true,"secret":[],"source_image_reference":[{}],"termination_notification":true,"virtual_machine_id":true},"before_sensitive":false,"after_sensitive":{"additional_capabilities":[],"admin_password":true,"admin_ssh_key":[],"boot_diagnostics":[],"custom_data":true,"gallery_application":[],"identity":[],"network_interface_ids":[],"os_disk":[{"diff_disk_settings":[]}],"os_image_notification":[],"plan":[],"private_ip_addresses":[],"public_ip_addresses":[],"secret":[],"source_image_reference":[{}],"termination_notification":[]}}},{"address":"azurerm_linux_virtual_machine.web-worker-failback[0]","mode":"managed","type":"azurerm_linux_virtual_machine","name":"web-worker-failback","index":0,"provider_name":"registry.terraform.io/hashicorp/azurerm","change":{"actions":["create"],"before":null,"after":{"additional_capabilities":[],"admin_ssh_key":[],"admin_username":"azureuser","allow_extension_operations":true,"availability_set_id":null,"boot_diagnostics":[],"bypass_platform_safety_checks_on_user_schedule_enabled":false,"capacity_reservation_group_id":null,"custom_data":"RklMRU5BTUUgUExBQ0VIT0xERVI=","dedicated_host_group_id":null,"dedicated_host_id":null,"disable_password_authentication":false,"edge_zone":null,"encryption_at_host_enabled":null,"eviction_policy":null,"extensions_time_budget":"PT1H30M","gallery_application":[],"identity":[],"license_type":null,"location":"westeurope","max_bid_price":-1,"name":"web-failback-1","os_disk":[{"caching":"ReadWrite","diff_disk_settings":[],"disk_encryption_set_id":null,"secure_vm_disk_encryption_set_id":null,"security_encryption_type":null,"storage_account_type":"Standard_LRS","write_accelerator_enabled":false}],"os_image_notification":[],"patch_assessment_mode":"ImageDefault","patch_mode":"ImageDefault","plan":[],"platform_fault_domain":-1,"priority":"Regular","provision_vm_agent":true,"proximity_placement_group_id":null,"reboot_setting":null,"resource_group_name":"appgw-test-RG","secret":[],"secure_boot_enabled":null,"size":"Standard_B1s","source_image_id":null,"source_image_reference":[{"offer":"0001-com-ubuntu-server-jammy","publisher":"Canonical","sku":"22_04-lts-gen2","version":"latest"}],"tags":null,"timeouts":null,"user_data":null,"virtual_machine_scale_set_id":null,"vm_agent_platform_updates_enabled":false,"vtpm_enabled":null,"zone":null},"after_unknown":{"additional_capabilities":[],"admin_password":true,"admin_ssh_key":[],"boot_diagnostics":[],"computer_name":true,"disk_controller_type":true,"gallery_application":[],"id":true,"identity":[],"network_interface_ids":true,"os_disk":[{"diff_disk_settings":[],"disk_size_gb":true,"name":true}],"os_image_notification":[],"plan":[],"private_ip_address":true,"private_ip_addresses":true,"public_ip_address":true,"public_ip_addresses":true,"secret":[],"source_image_reference":[{}],"termination_notification":true,"virtual_machine_id":true},"before_sensitive":false,"after_sensitive":{"additional_capabilities":[],"admin_password":true,"admin_ssh_key":[],"boot_diagnostics":[],"custom_data":true,"gallery_application":[],"identity":[],"network_interface_ids":[],"os_disk":[{"diff_disk_settings":[]}],"os_image_notification":[],"plan":[],"private_ip_addresses":[],"public_ip_addresses":[],"secret":[],"source_image_reference":[{}],"termination_notification":[]}}},{"address":"azurerm_linux_virtual_machine.web-worker-failback[1]","mode":"managed","type":"azurerm_linux_virtual_machine","name":"web-worker-failback","index":1,"provider_name":"registry.terraform.io/hashicorp/azurerm","change":{"actions":["create"],"before":null,"after":{"additional_capabilities":[],"admin_ssh_key":[],"admin_username":"azureuser","allow_extension_operations":true,"availability_set_id":null,"boot_diagnostics":[],"bypass_platform_safety_checks_on_user_schedule_enabled":false,"capacity_reservation_group_id":null,"custom_data":"RklMRU5BTUUgUExBQ0VIT0xERVI=","dedicated_host_group_id":null,"dedicated_host_id":null,"disable_password_authentication":false,"edge_zone":null,"encryption_at_host_enabled":null,"eviction_policy":null,"extensions_time_budget":"PT1H30M","gallery_application":[],"identity":[],"license_type":null,"location":"westeurope","max_bid_price":-1,"name":"web-failback-2","os_disk":[{"caching":"ReadWrite","diff_disk_settings":[],"disk_encryption_set_id":null,"secure_vm_disk_encryption_set_id":null,"security_encryption_type":null,"storage_account_type":"Standard_LRS","write_accelerator_enabled":false}],"os_image_notification":[],"patch_assessment_mode":"ImageDefault","patch_mode":"ImageDefault","plan":[],"platform_fault_domain":-1,"priority":"Regular","provision_vm_agent":true,"proximity_placement_group_id":null,"reboot_setting":null,"resource_group_name":"appgw-test-RG","secret":[],"secure_boot_enabled":null,"size":"Standard_B1s","source_image_id":null,"source_image_reference":[{"offer":"0001-com-ubuntu-server-jammy","publisher":"Canonical","sku":"22_04-lts-gen2","version":"latest"}],"tags":null,"timeouts":null,"user_data":null,"virtual_machine_scale_set_id":null,"vm_agent_platform_updates_enabled":false,"vtpm_enabled":null,"zone":null},"after_unknown":{"additional_capabilities":[],"admin_password":true,"admin_ssh_key":[],"boot_diagnostics":[],"computer_name":true,"disk_controller_type":true,"gallery_application":[],"id":true,"identity":[],"network_interface_ids":true,"os_disk":[{"diff_disk_settings":[],"disk_size_gb":true,"name":true}],"os_image_notification":[],"plan":[],"private_ip_address":true,"private_ip_addresses":true,"public_ip_address":true,"public_ip_addresses":true,"secret":[],"source_image_reference":[{}],"termination_notification":true,"virtual_machine_id":true},"before_sensitive":false,"after_sensitive":{"additional_capabilities":[],"admin_password":true,"admin_ssh_key":[],"boot_diagnostics":[],"custom_data":true,"gallery_application":[],"identity":[],"network_interface_ids":[],"os_disk":[{"diff_disk_settings":[]}],"os_image_notification":[],"plan":[],"private_ip_addresses":[],"public_ip_addresses":[],"secret":[],"source_image_reference":[{}],"termination_notification":[]}}},{"address":"azurerm_network_interface.nic[0]","mode":"managed","type":"azurerm_network_interface","name":"nic","index":0,"provider_name":"registry.terraform.io/hashicorp/azurerm","change":{"actions":["create"],"before":null,"after":{"auxiliary_mode":null,"auxiliary_sku":null,"edge_zone":null,"internal_dns_name_label":null,"ip_configuration":[{"name":"nic-ipconfig-1","private_ip_address_allocation":"Dynamic","private_ip_address_version":"IPv4","public_ip_address_id":null}],"location":"westeurope","name":"nic-1","resource_group_name":"appgw-test-RG","tags":null,"timeouts":null},"after_unknown":{"accelerated_networking_enabled":true,"applied_dns_servers":true,"dns_servers":true,"enable_accelerated_networking":true,"enable_ip_forwarding":true,"id":true,"internal_domain_name_suffix":true,"ip_configuration":[{"gateway_load_balancer_frontend_ip_configuration_id":true,"primary":true,"private_ip_address":true,"subnet_id":true}],"ip_forwarding_enabled":true,"mac_address":true,"private_ip_address":true,"private_ip_addresses":true,"virtual_machine_id":true},"before_sensitive":false,"after_sensitive":{"applied_dns_servers":[],"dns_servers":[],"ip_configuration":[{}],"private_ip_addresses":[]}}},{"address":"azurerm_network_interface.nic[1]","mode":"managed","type":"azurerm_network_interface","name":"nic","index":1,"provider_name":"registry.terraform.io/hashicorp/azurerm","change":{"actions":["create"],"before":null,"after":{"auxiliary_mode":null,"auxiliary_sku":null,"edge_zone":null,"internal_dns_name_label":null,"ip_configuration":[{"name":"nic-ipconfig-2","private_ip_address_allocation":"Dynamic","private_ip_address_version":"IPv4","public_ip_address_id":null}],"location":"westeurope","name":"nic-2","resource_group_name":"appgw-test-RG","tags":null,"timeouts":null},"after_unknown":{"accelerated_networking_enabled":true,"applied_dns_servers":true,"dns_servers":true,"enable_accelerated_networking":true,"enable_ip_forwarding":true,"id":true,"internal_domain_name_suffix":true,"ip_configuration":[{"gateway_load_balancer_frontend_ip_configuration_id":true,"primary":true,"private_ip_address":true,"subnet_id":true}],"ip_forwarding_enabled":true,"mac_address":true,"private_ip_address":true,"private_ip_addresses":true,"virtual_machine_id":true},"before_sensitive":false,"after_sensitive":{"applied_dns_servers":[],"dns_servers":[],"ip_configuration":[{}],"private_ip_addresses":[]}}},{"address":"azurerm_network_interface.nic-failback[0]","mode":"managed","type":"azurerm_network_interface","name":"nic-failback","index":0,"provider_name":"registry.terraform.io/hashicorp/azurerm","change":{"actions":["create"],"before":null,"after":{"auxiliary_mode":null,"auxiliary_sku":null,"edge_zone":null,"internal_dns_name_label":null,"ip_configuration":[{"name":"nic-ipconfig-1","private_ip_address_allocation":"Dynamic","private_ip_address_version":"IPv4","public_ip_address_id":null}],"location":"westeurope","name":"nic-failback-1","resource_group_name":"appgw-test-RG","tags":null,"timeouts":null},"after_unknown":{"accelerated_networking_enabled":true,"applied_dns_servers":true,"dns_servers":true,"enable_accelerated_networking":true,"enable_ip_forwarding":true,"id":true,"internal_domain_name_suffix":true,"ip_configuration":[{"gateway_load_balancer_frontend_ip_configuration_id":true,"primary":true,"private_ip_address":true,"subnet_id":true}],"ip_forwarding_enabled":true,"mac_address":true,"private_ip_address":true,"private_ip_addresses":true,"virtual_machine_id":true},"before_sensitive":false,"after_sensitive":{"applied_dns_servers":[],"dns_servers":[],"ip_configuration":[{}],"private_ip_addresses":[]}}},{"address":"azurerm_network_interface.nic-failback[1]","mode":"managed","type":"azurerm_network_interface","name":"nic-failback","index":1,"provider_name":"registry.terraform.io/hashicorp/azurerm","change":{"actions":["create"],"before":null,"after":{"auxiliary_mode":null,"auxiliary_sku":null,"edge_zone":null,"internal_dns_name_label":null,"ip_configuration":[{"name":"nic-ipconfig-2","private_ip_address_allocation":"Dynamic","private_ip_address_version":"IPv4","public_ip_address_id":null}],"location":"westeurope","name":"nic-failback-2","resource_group_name":"appgw-test-RG","tags":null,"timeouts":null},"after_unknown":{"accelerated_networking_enabled":true,"applied_dns_servers":true,"dns_servers":true,"enable_accelerated_networking":true,"enable_ip_forwarding":true,"id":true,"internal_domain_name_suffix":true,"ip_configuration":[{"gateway_load_balancer_frontend_ip_configuration_id":true,"primary":true,"private_ip_address":true,"subnet_id":true}],"ip_forwarding_enabled":true,"mac_address":true,"private_ip_address":true,"private_ip_addresses":true,"virtual_machine_id":true},"before_sensitive":false,"after_sensitive":{"applied_dns_servers":[],"dns_servers":[],"ip_configuration":[{}],"private_ip_addresses":[]}}},{"address":"azurerm_network_interface_application_gateway_backend_address_pool_association.nic-assoc01[0]","mode":"managed","type":"azurerm_network_interface_application_gateway_backend_address_pool_association","name":"nic-assoc01","index":0,"provider_name":"registry.terraform.io/hashicorp/azurerm","change":{"actions":["create"],"before":null,"after":{"ip_configuration_name":"nic-ipconfig-1","timeouts":null},"after_unknown":{"backend_address_pool_id":true,"id":true,"network_interface_id":true},"before_sensitive":false,"after_sensitive":{}}},{"address":"azurerm_network_interface_application_gateway_backend_address_pool_association.nic-assoc01[1]","mode":"managed","type":"azurerm_network_interface_application_gateway_backend_address_pool_association","name":"nic-assoc01","index":1,"provider_name":"registry.terraform.io/hashicorp/azurerm","change":{"actions":["create"],"before":null,"after":{"ip_configuration_name":"nic-ipconfig-2","timeouts":null},"after_unknown":{"backend_address_pool_id":true,"id":true,"network_interface_id":true},"before_sensitive":false,"after_sensitive":{}}},{"address":"azurerm_network_interface_application_gateway_backend_address_pool_association.nic-failback-assoc01[0]","mode":"managed","type":"azurerm_network_interface_application_gateway_backend_address_pool_association","name":"nic-failback-assoc01","index":0,"provider_name":"registry.terraform.io/hashicorp/azurerm","change":{"actions":["create"],"before":null,"after":{"ip_configuration_name":"nic-ipconfig-1","timeouts":null},"after_unknown":{"backend_address_pool_id":true,"id":true,"network_interface_id":true},"before_sensitive":false,"after_sensitive":{}}},{"address":"azurerm_network_interface_application_gateway_backend_address_pool_association.nic-failback-assoc01[1]","mode":"managed","type":"azurerm_network_interface_application_gateway_backend_address_pool_association","name":"nic-failback-assoc01","index":1,"provider_name":"registry.terraform.io/hashicorp/azurerm","change":{"actions":["create"],"before":null,"after":{"ip_configuration_name":"nic-ipconfig-2","timeouts":null},"after_unknown":{"backend_address_pool_id":true,"id":true,"network_interface_id":true},"before_sensitive":false,"after_sensitive":{}}},{"address":"azurerm_network_security_group.backend_nsg","mode":"managed","type":"azurerm_network_security_group","name":"backend_nsg","provider_name":"registry.terraform.io/hashicorp/azurerm","change":{"actions":["create"],"before":null,"after":{"location":"westeurope","name":"backend-nsg","resource_group_name":"appgw-test-RG","security_rule":[{"access":"Allow","description":"Allow HTTP","destination_address_prefix":"*","destination_address_prefixes":[],"destination_application_security_group_ids":[],"destination_port_range":"80","destination_port_ranges":[],"direction":"Inbound","name":"HTTP","priority":1001,"protocol":"Tcp","source_address_prefix":"10.1.0.0/16","source_address_prefixes":[],"source_application_security_group_ids":[],"source_port_range":"*","source_port_ranges":[]}],"tags":null,"timeouts":null},"after_unknown":{"id":true,"security_rule":[{"destination_address_prefixes":[],"destination_application_security_group_ids":[],"destination_port_ranges":[],"source_address_prefixes":[],"source_application_security_group_ids":[],"source_port_ranges":[]}]},"before_sensitive":false,"after_sensitive":{"security_rule":[{"destination_address_prefixes":[],"destination_application_security_group_ids":[],"destination_port_ranges":[],"source_address_prefixes":[],"source_application_security_group_ids":[],"source_port_ranges":[]}]}}},{"address":"azurerm_public_ip.pip","mode":"managed","type":"azurerm_public_ip","name":"pip","provider_name":"registry.terraform.io/hashicorp/azurerm","change":{"actions":["create"],"before":null,"after":{"allocation_method":"Static","ddos_protection_mode":"VirtualNetworkInherited","ddos_protection_plan_id":null,"domain_name_label":null,"edge_zone":null,"idle_timeout_in_minutes":4,"ip_tags":null,"ip_version":"IPv4","location":"westeurope","name":"appgw-pip","public_ip_prefix_id":null,"resource_group_name":"appgw-test-RG","reverse_fqdn":null,"sku":"Standard","sku_tier":"Regional","tags":null,"timeouts":null,"zones":null},"after_unknown":{"fqdn":true,"id":true,"ip_address":true},"before_sensitive":false,"after_sensitive":{}}},{"address":"azurerm_resource_group.rg","mode":"managed","type":"azurerm_resource_group","name":"rg","provider_name":"registry.terraform.io/hashicorp/azurerm","change":{"actions":["create"],"before":null,"after":{"location":"westeurope","managed_by":null,"name":"appgw-test-RG","tags":null,"timeouts":null},"after_unknown":{"id":true},"before_sensitive":false,"after_sensitive":{}}},{"address":"azurerm_subnet.backend","mode":"managed","type":"azurerm_subnet","name":"backend","provider_name":"registry.terraform.io/hashicorp/azurerm","change":{"actions":["create"],"before":null,"after":{"address_prefixes":["10.1.1.0/24"],"default_outbound_access_enabled":true,"delegation":[],"name":"appgw-backend","resource_group_name":"appgw-test-RG","service_endpoint_policy_ids":null,"service_endpoints":null,"timeouts":null,"virtual_network_name":"appgw-vnet"},"after_unknown":{"address_prefixes":[false],"delegation":[],"enforce_private_link_endpoint_network_policies":true,"enforce_private_link_service_network_policies":true,"id":true,"private_endpoint_network_policies":true,"private_endpoint_network_policies_enabled":true,"private_link_service_network_policies_enabled":true},"before_sensitive":false,"after_sensitive":{"address_prefixes":[false],"delegation":[]}}},{"address":"azurerm_subnet.frontend","mode":"managed","type":"azurerm_subnet","name":"frontend","provider_name":"registry.terraform.io/hashicorp/azurerm","change":{"actions":["create"],"before":null,"after":{"address_prefixes":["10.1.0.0/24"],"default_outbound_access_enabled":true,"delegation":[],"name":"appgw-frontend","resource_group_name":"appgw-test-RG","service_endpoint_policy_ids":null,"service_endpoints":null,"timeouts":null,"virtual_network_name":"appgw-vnet"},"after_unknown":{"address_prefixes":[false],"delegation":[],"enforce_private_link_endpoint_network_policies":true,"enforce_private_link_service_network_policies":true,"id":true,"private_endpoint_network_policies":true,"private_endpoint_network_policies_enabled":true,"private_link_service_network_policies_enabled":true},"before_sensitive":false,"after_sensitive":{"address_prefixes":[false],"delegation":[]}}},{"address":"azurerm_subnet_network_security_group_association.backend_nsg","mode":"managed","type":"azurerm_subnet_network_security_group_association","name":"backend_nsg","provider_name":"registry.terraform.io/hashicorp/azurerm","change":{"actions":["create"],"before":null,"after":{"timeouts":null},"after_unknown":{"id":true,"network_security_group_id":true,"subnet_id":true},"before_sensitive":false,"after_sensitive":{}}},{"address":"azurerm_virtual_network.appgw-vnet","mode":"managed","type":"azurerm_virtual_network","name":"appgw-vnet","provider_name":"registry.terraform.io/hashicorp/azurerm","change":{"actions":["create"],"before":null,"after":{"address_space":["10.1.0.0/16"],"bgp_community":null,"ddos_protection_plan":[],"edge_zone":null,"encryption":[],"flow_timeout_in_minutes":null,"location":"westeurope","name":"appgw-vnet","resource_group_name":"appgw-test-RG","tags":null,"timeouts":null},"after_unknown":{"address_space":[false],"ddos_protection_plan":[],"dns_servers":true,"encryption":[],"guid":true,"id":true,"subnet":true},"before_sensitive":false,"after_sensitive":{"address_space":[false],"ddos_protection_plan":[],"dns_servers":[],"encryption":[],"subnet":[]}}},{"address":"random_password.password","mode":"managed","type":"random_password","name":"password","provider_name":"registry.terraform.io/hashicorp/random","change":{"actions":["create"],"before":null,"after":{"keepers":null,"length":16,"lower":true,"min_lower":0,"min_numeric":0,"min_special":0,"min_upper":0,"number":true,"numeric":true,"override_special":null,"special":true,"upper":true},"after_unknown":{"bcrypt_hash":true,"id":true,"result":true},"before_sensitive":false,"after_sensitive":{"bcrypt_hash":true,"result":true}}}],"output_changes":{"testing_command":{"actions":["create"],"before":null,"after_unknown":true,"before_sensitive":false,"after_sensitive":false}},"prior_state":{"format_version":"1.0","terraform_version":"1.9.4","values":{"root_module":{"resources":[{"address":"data.azurerm_client_config.current","mode":"data","type":"azurerm_client_config","name":"current","provider_name":"registry.terraform.io/hashicorp/azurerm","schema_version":0,"values":{"client_id":"04b07795-8ddb-461a-bbee-02f9e1bf7b46","id":"Y2xpZW50Q29uZmlncy9jbGllbnRJZD0wNGIwNzc5NS04ZGRiLTQ2MWEtYmJlZS0wMmY5ZTFiZjdiNDY7b2JqZWN0SWQ9NjJlNTM3MGEtMmJmNC00NzM0LTg1MTEtY2M3OTg4MjVmMDYyO3N1YnNjcmlwdGlvbklkPTFiNzQxNGEzLWIwMzQtNGY3Yi05NzA4LTM1N2YxZGRlY2Q3YTt0ZW5hbnRJZD1lNjZlNzdiNC01NzI0LTQ0ZDctODcyMS0wNmRmMTYwNDUwY2U=","object_id":"62e5370a-2bf4-4734-8511-cc798825f062","subscription_id":"1b7414a3-b034-4f7b-9708-357f1ddecd7a","tenant_id":"e66e77b4-5724-44d7-8721-06df160450ce","timeouts":null},"sensitive_values":{}},{"address":"data.template_file.test-cloud-init","mode":"data","type":"template_file","name":"test-cloud-init","provider_name":"registry.terraform.io/hashicorp/template","schema_version":0,"values":{"filename":null,"id":"2af1186a7fdf38f65237ac6af80c72c4313ab889fca594cd3e0aa60ceee57b62","rendered":"FILENAME PLACEHOLDER","template":"FILENAME PLACEHOLDER","vars":null},"sensitive_values":{}}]}}},"configuration":{"provider_config":{"azurerm":{"name":"azurerm","full_name":"registry.terraform.io/hashicorp/azurerm","expressions":{"features":[{}]}},"random":{"name":"random","full_name":"registry.terraform.io/hashicorp/random"},"template":{"name":"template","full_name":"registry.terraform.io/hashicorp/template"}},"root_module":{"outputs":{"testing_command":{"expression":{"references":["azurerm_public_ip.pip.ip_address","azurerm_public_ip.pip"]}}},"resources":[{"address":"azurerm_application_gateway.appgw","mode":"managed","type":"azurerm_application_gateway","name":"appgw","provider_config_key":"azurerm","expressions":{"backend_address_pool":[{"name":{"references":["var.backend_address_pool_name"]}},{"name":{"references":["var.backend_address_pool_name"]}}],"backend_http_settings":[{"cookie_based_affinity":{"constant_value":"Disabled"},"name":{"references":["var.backend_http_settings_name"]},"port":{"constant_value":80},"protocol":{"constant_value":"Http"},"request_timeout":{"constant_value":60}}],"frontend_ip_configuration":[{"name":{"references":["var.frontend_ip_configuration_name"]},"public_ip_address_id":{"references":["azurerm_public_ip.pip.id","azurerm_public_ip.pip"]}}],"frontend_port":[{"name":{"references":["var.frontend_port_name"]},"port":{"constant_value":80}}],"gateway_ip_configuration":[{"name":{"constant_value":"appgw-ip-configuration"},"subnet_id":{"references":["azurerm_subnet.frontend.id","azurerm_subnet.frontend"]}}],"http_listener":[{"frontend_ip_configuration_name":{"references":["var.frontend_ip_configuration_name"]},"frontend_port_name":{"references":["var.frontend_port_name"]},"name":{"references":["var.http_listener_name"]},"protocol":{"constant_value":"Http"}}],"location":{"references":["azurerm_resource_group.rg.location","azurerm_resource_group.rg"]},"name":{"constant_value":"AppGateway"},"request_routing_rule":[{"backend_address_pool_name":{"references":["var.backend_address_pool_name"]},"backend_http_settings_name":{"references":["var.backend_http_settings_name"]},"http_listener_name":{"references":["var.http_listener_name"]},"name":{"references":["var.request_routing_rule_name"]},"priority":{"constant_value":1},"rule_type":{"constant_value":"Basic"}}],"resource_group_name":{"references":["azurerm_resource_group.rg.name","azurerm_resource_group.rg"]},"sku":[{"capacity":{"constant_value":1},"name":{"constant_value":"Standard_v2"},"tier":{"constant_value":"Standard_v2"}}]},"schema_version":0},{"address":"azurerm_linux_virtual_machine.web-worker","mode":"managed","type":"azurerm_linux_virtual_machine","name":"web-worker","provider_config_key":"azurerm","expressions":{"admin_password":{"references":["random_password.password.result","random_password.password"]},"admin_username":{"references":["var.vm_admin_username"]},"custom_data":{"references":["data.template_file.test-cloud-init.rendered","data.template_file.test-cloud-init"]},"disable_password_authentication":{"constant_value":false},"location":{"references":["azurerm_resource_group.rg.location","azurerm_resource_group.rg"]},"name":{"references":["count.index"]},"network_interface_ids":{"references":["azurerm_network_interface.nic","count.index"]},"os_disk":[{"caching":{"constant_value":"ReadWrite"},"storage_account_type":{"references":["var.vm_storage_account_type"]}}],"resource_group_name":{"references":["azurerm_resource_group.rg.name","azurerm_resource_group.rg"]},"size":{"references":["var.vm_size"]},"source_image_reference":[{"offer":{"references":["var.vm_offer"]},"publisher":{"references":["var.vm_publisher"]},"sku":{"references":["var.vm_sku"]},"version":{"references":["var.vm_version"]}}]},"schema_version":0,"count_expression":{"references":["var.web_workers_count"]}},{"address":"azurerm_linux_virtual_machine.web-worker-failback","mode":"managed","type":"azurerm_linux_virtual_machine","name":"web-worker-failback","provider_config_key":"azurerm","expressions":{"admin_password":{"references":["random_password.password.result","random_password.password"]},"admin_username":{"references":["var.vm_admin_username"]},"custom_data":{"references":["data.template_file.test-cloud-init.rendered","data.template_file.test-cloud-init"]},"disable_password_authentication":{"constant_value":false},"location":{"references":["azurerm_resource_group.rg.location","azurerm_resource_group.rg"]},"name":{"references":["count.index"]},"network_interface_ids":{"references":["azurerm_network_interface.nic-failback","count.index"]},"os_disk":[{"caching":{"constant_value":"ReadWrite"},"storage_account_type":{"references":["var.vm_storage_account_type"]}}],"resource_group_name":{"references":["azurerm_resource_group.rg.name","azurerm_resource_group.rg"]},"size":{"references":["var.vm_size"]},"source_image_reference":[{"offer":{"references":["var.vm_offer"]},"publisher":{"references":["var.vm_publisher"]},"sku":{"references":["var.vm_sku"]},"version":{"references":["var.vm_version"]}}]},"schema_version":0,"count_expression":{"references":["var.failback_workers_count"]}},{"address":"azurerm_network_interface.nic","mode":"managed","type":"azurerm_network_interface","name":"nic","provider_config_key":"azurerm","expressions":{"ip_configuration":[{"name":{"references":["count.index"]},"private_ip_address_allocation":{"constant_value":"Dynamic"},"subnet_id":{"references":["azurerm_subnet.backend.id","azurerm_subnet.backend"]}}],"location":{"references":["azurerm_resource_group.rg.location","azurerm_resource_group.rg"]},"name":{"references":["count.index"]},"resource_group_name":{"references":["azurerm_resource_group.rg.name","azurerm_resource_group.rg"]}},"schema_version":0,"count_expression":{"references":["var.web_workers_count"]}},{"address":"azurerm_network_interface.nic-failback","mode":"managed","type":"azurerm_network_interface","name":"nic-failback","provider_config_key":"azurerm","expressions":{"ip_configuration":[{"name":{"references":["count.index"]},"private_ip_address_allocation":{"constant_value":"Dynamic"},"subnet_id":{"references":["azurerm_subnet.backend.id","azurerm_subnet.backend"]}}],"location":{"references":["azurerm_resource_group.rg.location","azurerm_resource_group.rg"]},"name":{"references":["count.index"]},"resource_group_name":{"references":["azurerm_resource_group.rg.name","azurerm_resource_group.rg"]}},"schema_version":0,"count_expression":{"references":["var.failback_workers_count"]}},{"address":"azurerm_network_interface_application_gateway_backend_address_pool_association.nic-assoc01","mode":"managed","type":"azurerm_network_interface_application_gateway_backend_address_pool_association","name":"nic-assoc01","provider_config_key":"azurerm","expressions":{"backend_address_pool_id":{"references":["azurerm_application_gateway.appgw.backend_address_pool","azurerm_application_gateway.appgw"]},"ip_configuration_name":{"references":["count.index"]},"network_interface_id":{"references":["azurerm_network_interface.nic","count.index"]}},"schema_version":0,"count_expression":{"references":["var.web_workers_count"]}},{"address":"azurerm_network_interface_application_gateway_backend_address_pool_association.nic-failback-assoc01","mode":"managed","type":"azurerm_network_interface_application_gateway_backend_address_pool_association","name":"nic-failback-assoc01","provider_config_key":"azurerm","expressions":{"backend_address_pool_id":{"references":["azurerm_application_gateway.appgw.backend_address_pool","azurerm_application_gateway.appgw"]},"ip_configuration_name":{"references":["count.index"]},"network_interface_id":{"references":["azurerm_network_interface.nic-failback","count.index"]}},"schema_version":0,"count_expression":{"references":["var.failback_workers_count"]}},{"address":"azurerm_network_security_group.backend_nsg","mode":"managed","type":"azurerm_network_security_group","name":"backend_nsg","provider_config_key":"azurerm","expressions":{"location":{"references":["azurerm_resource_group.rg.location","azurerm_resource_group.rg"]},"name":{"constant_value":"backend-nsg"},"resource_group_name":{"references":["azurerm_resource_group.rg.name","azurerm_resource_group.rg"]},"security_rule":{"constant_value":[{"access":"Allow","description":"Allow HTTP","destination_address_prefix":"*","destination_address_prefixes":[],"destination_application_security_group_ids":[],"destination_port_range":"80","destination_port_ranges":[],"direction":"Inbound","name":"HTTP","priority":1001,"protocol":"Tcp","source_address_prefix":"10.1.0.0/16","source_address_prefixes":[],"source_application_security_group_ids":[],"source_port_range":"*","source_port_ranges":[]}]}},"schema_version":0},{"address":"azurerm_public_ip.pip","mode":"managed","type":"azurerm_public_ip","name":"pip","provider_config_key":"azurerm","expressions":{"allocation_method":{"constant_value":"Static"},"location":{"references":["azurerm_resource_group.rg.location","azurerm_resource_group.rg"]},"name":{"constant_value":"appgw-pip"},"resource_group_name":{"references":["azurerm_resource_group.rg.name","azurerm_resource_group.rg"]},"sku":{"constant_value":"Standard"}},"schema_version":0},{"address":"azurerm_resource_group.rg","mode":"managed","type":"azurerm_resource_group","name":"rg","provider_config_key":"azurerm","expressions":{"location":{"references":["var.main_region"]},"name":{"references":["var.rg"]}},"schema_version":0},{"address":"azurerm_subnet.backend","mode":"managed","type":"azurerm_subnet","name":"backend","provider_config_key":"azurerm","expressions":{"address_prefixes":{"constant_value":["10.1.1.0/24"]},"name":{"constant_value":"appgw-backend"},"resource_group_name":{"references":["azurerm_resource_group.rg.name","azurerm_resource_group.rg"]},"virtual_network_name":{"references":["azurerm_virtual_network.appgw-vnet.name","azurerm_virtual_network.appgw-vnet"]}},"schema_version":0},{"address":"azurerm_subnet.frontend","mode":"managed","type":"azurerm_subnet","name":"frontend","provider_config_key":"azurerm","expressions":{"address_prefixes":{"constant_value":["10.1.0.0/24"]},"name":{"constant_value":"appgw-frontend"},"resource_group_name":{"references":["azurerm_resource_group.rg.name","azurerm_resource_group.rg"]},"virtual_network_name":{"references":["azurerm_virtual_network.appgw-vnet.name","azurerm_virtual_network.appgw-vnet"]}},"schema_version":0},{"address":"azurerm_subnet_network_security_group_association.backend_nsg","mode":"managed","type":"azurerm_subnet_network_security_group_association","name":"backend_nsg","provider_config_key":"azurerm","expressions":{"network_security_group_id":{"references":["azurerm_network_security_group.backend_nsg.id","azurerm_network_security_group.backend_nsg"]},"subnet_id":{"references":["azurerm_subnet.backend.id","azurerm_subnet.backend"]}},"schema_version":0},{"address":"azurerm_virtual_network.appgw-vnet","mode":"managed","type":"azurerm_virtual_network","name":"appgw-vnet","provider_config_key":"azurerm","expressions":{"address_space":{"constant_value":["10.1.0.0/16"]},"location":{"references":["azurerm_resource_group.rg.location","azurerm_resource_group.rg"]},"name":{"constant_value":"appgw-vnet"},"resource_group_name":{"references":["azurerm_resource_group.rg.name","azurerm_resource_group.rg"]}},"schema_version":0},{"address":"random_password.password","mode":"managed","type":"random_password","name":"password","provider_config_key":"random","expressions":{"length":{"constant_value":16},"lower":{"constant_value":true},"numeric":{"constant_value":true},"special":{"constant_value":true},"upper":{"constant_value":true}},"schema_version":3},{"address":"data.azurerm_client_config.current","mode":"data","type":"azurerm_client_config","name":"current","provider_config_key":"azurerm","schema_version":0},{"address":"data.template_file.test-cloud-init","mode":"data","type":"template_file","name":"test-cloud-init","provider_config_key":"template","expressions":{"template":{"constant_value":"FILENAME PLACEHOLDER"}},"schema_version":0}],"variables":{"backend_address_pool_name":{"default":"backend-address-pool"},"backend_http_settings_name":{"default":"http-settings"},"failback_workers_count":{"default":0},"frontend_ip_configuration_name":{"default":"frontend-ip-configuration"},"frontend_port_name":{"default":"FrontHTTP"},"http_listener_name":{"default":"http-listener"},"main_region":{},"redirect_configuration_name":{"default":"myRedirectConfig"},"request_routing_rule_name":{"default":"request_routing_rule"},"rg":{},"subscription_id":{},"subscription_name":{},"vm_admin_username":{"default":"azureuser"},"vm_offer":{"default":"0001-com-ubuntu-server-jammy"},"vm_publisher":{"default":"Canonical"},"vm_size":{"default":"Standard_B1s"},"vm_sku":{"default":"22_04-lts-gen2"},"vm_storage_account_type":{"default":"Standard_LRS"},"vm_version":{"default":"latest"},"web_workers_count":{"default":2}}}},"relevant_attributes":[{"resource":"azurerm_network_security_group.backend_nsg","attribute":["id"]},{"resource":"random_password.password","attribute":["result"]},{"resource":"azurerm_subnet.frontend","attribute":["id"]},{"resource":"azurerm_public_ip.pip","attribute":["id"]},{"resource":"azurerm_application_gateway.appgw","attribute":["backend_address_pool"]},{"resource":"azurerm_public_ip.pip","attribute":["ip_address"]},{"resource":"azurerm_network_interface.nic","attribute":[]},{"resource":"azurerm_resource_group.rg","attribute":["name"]},{"resource":"azurerm_resource_group.rg","attribute":["location"]},{"resource":"azurerm_virtual_network.appgw-vnet","attribute":["name"]},{"resource":"azurerm_subnet.backend","attribute":["id"]},{"resource":"azurerm_network_interface.nic-failback","attribute":[]},{"resource":"data.template_file.test-cloud-init","attribute":["rendered"]}],"timestamp":"2024-08-17T00:19:18Z","applyable":true,"complete":true,"errored":false}
