{"format_version":"1.2","terraform_version":"1.9.4","variables":{"resource_group_location":{"value":"eastus"},"resource_group_name":{"value":"ukcfhold"}},"planned_values":{"outputs":{"public_ip_address_gatway":{"sensitive":false},"public_ip_address_vm1":{"sensitive":false},"public_ip_address_vm2":{"sensitive":false}},"root_module":{"resources":[{"address":"azurerm_application_gateway.network","mode":"managed","type":"azurerm_application_gateway","name":"network","provider_name":"registry.terraform.io/hashicorp/azurerm","schema_version":0,"values":{"authentication_certificate":[],"autoscale_configuration":[],"backend_address_pool":[{"fqdns":[],"name":"pool"}],"backend_http_settings":[{"affinity_cookie_name":"","authentication_certificate":[],"connection_draining":[],"cookie_based_affinity":"Disabled","host_name":"","name":"httpsetting","path":"","pick_host_name_from_backend_address":false,"port":80,"probe_name":"","protocol":"Http","request_timeout":1,"trusted_root_certificate_names":[]}],"custom_error_configuration":[],"enable_http2":null,"fips_enabled":null,"firewall_policy_id":null,"force_firewall_policy_association":null,"frontend_ip_configuration":[{"name":"forntip","private_ip_address_allocation":"Dynamic","private_link_configuration_name":null,"subnet_id":null}],"frontend_port":[{"name":"fornt-port","port":80}],"gateway_ip_configuration":[{"name":"my-gateway-ip-configuration"}],"global":[],"http_listener":[{"custom_error_configuration":[],"firewall_policy_id":"","frontend_ip_configuration_name":"forntip","frontend_port_name":"fornt-port","host_name":"","host_names":[],"name":"listner","protocol":"Http","require_sni":null,"ssl_certificate_name":"","ssl_profile_name":""}],"identity":[],"location":"eastus","name":"example-appgateway","private_link_configuration":[],"probe":[],"redirect_configuration":[],"request_routing_rule":[{"backend_address_pool_name":"pool","backend_http_settings_name":"httpsetting","http_listener_name":"listner","name":"rule1","priority":2,"redirect_configuration_name":"","rewrite_rule_set_name":"","rule_type":"Basic","url_path_map_name":""}],"resource_group_name":"ukcfhold","rewrite_rule_set":[],"sku":[{"capacity":1,"name":"Standard_v2","tier":"Standard_v2"}],"ssl_certificate":[],"ssl_profile":[],"tags":null,"timeouts":null,"trusted_client_certificate":[],"trusted_root_certificate":[],"url_path_map":[],"waf_configuration":[],"zones":null},"sensitive_values":{"authentication_certificate":[],"autoscale_configuration":[],"backend_address_pool":[{"fqdns":[],"ip_addresses":[]}],"backend_http_settings":[{"authentication_certificate":[],"connection_draining":[],"trusted_root_certificate_names":[]}],"custom_error_configuration":[],"frontend_ip_configuration":[{}],"frontend_port":[{}],"gateway_ip_configuration":[{}],"global":[],"http_listener":[{"custom_error_configuration":[],"host_names":[]}],"identity":[],"private_endpoint_connection":[],"private_link_configuration":[],"probe":[],"redirect_configuration":[],"request_routing_rule":[{}],"rewrite_rule_set":[],"sku":[{}],"ssl_certificate":[],"ssl_policy":[],"ssl_profile":[],"trusted_client_certificate":[],"trusted_root_certificate":[],"url_path_map":[],"waf_configuration":[]}},{"address":"azurerm_linux_virtual_machine.vm1","mode":"managed","type":"azurerm_linux_virtual_machine","name":"vm1","provider_name":"registry.terraform.io/hashicorp/azurerm","schema_version":0,"values":{"additional_capabilities":[],"admin_password":"Rupali152012345","admin_ssh_key":[],"admin_username":"azureuser","allow_extension_operations":true,"availability_set_id":null,"boot_diagnostics":[],"bypass_platform_safety_checks_on_user_schedule_enabled":false,"capacity_reservation_group_id":null,"computer_name":"myvm","custom_data":null,"dedicated_host_group_id":null,"dedicated_host_id":null,"disable_password_authentication":false,"edge_zone":null,"encryption_at_host_enabled":null,"eviction_policy":null,"extensions_time_budget":"PT1H30M","gallery_application":[],"identity":[],"license_type":null,"location":"eastus","max_bid_price":-1,"name":"example-machine","os_disk":[{"caching":"ReadWrite","diff_disk_settings":[],"disk_encryption_set_id":null,"name":"osdist1","secure_vm_disk_encryption_set_id":null,"security_encryption_type":null,"storage_account_type":"Standard_LRS","write_accelerator_enabled":false}],"os_image_notification":[],"patch_assessment_mode":"ImageDefault","patch_mode":"ImageDefault","plan":[],"platform_fault_domain":-1,"priority":"Regular","provision_vm_agent":true,"proximity_placement_group_id":null,"reboot_setting":null,"resource_group_name":"ukcfhold","secret":[],"secure_boot_enabled":null,"size":"Standard_DS1_v2","source_image_id":null,"source_image_reference":[{"offer":"0001-com-ubuntu-server-jammy","publisher":"Canonical","sku":"22_04-lts-gen2","version":"latest"}],"tags":null,"timeouts":null,"user_data":null,"virtual_machine_scale_set_id":null,"vm_agent_platform_updates_enabled":false,"vtpm_enabled":null,"zone":null},"sensitive_values":{"additional_capabilities":[],"admin_password":true,"admin_ssh_key":[],"boot_diagnostics":[],"custom_data":true,"gallery_application":[],"identity":[],"network_interface_ids":[],"os_disk":[{"diff_disk_settings":[]}],"os_image_notification":[],"plan":[],"private_ip_addresses":[],"public_ip_addresses":[],"secret":[],"source_image_reference":[{}],"termination_notification":[]}},{"address":"azurerm_linux_virtual_machine.vm2","mode":"managed","type":"azurerm_linux_virtual_machine","name":"vm2","provider_name":"registry.terraform.io/hashicorp/azurerm","schema_version":0,"values":{"additional_capabilities":[],"admin_password":"Rupali152012345","admin_ssh_key":[],"admin_username":"azureuser","allow_extension_operations":true,"availability_set_id":null,"boot_diagnostics":[],"bypass_platform_safety_checks_on_user_schedule_enabled":false,"capacity_reservation_group_id":null,"computer_name":"myvm","custom_data":null,"dedicated_host_group_id":null,"dedicated_host_id":null,"disable_password_authentication":false,"edge_zone":null,"encryption_at_host_enabled":null,"eviction_policy":null,"extensions_time_budget":"PT1H30M","gallery_application":[],"identity":[],"license_type":null,"location":"eastus","max_bid_price":-1,"name":"example-machine1","os_disk":[{"caching":"ReadWrite","diff_disk_settings":[],"disk_encryption_set_id":null,"name":"osdist2","secure_vm_disk_encryption_set_id":null,"security_encryption_type":null,"storage_account_type":"Standard_LRS","write_accelerator_enabled":false}],"os_image_notification":[],"patch_assessment_mode":"ImageDefault","patch_mode":"ImageDefault","plan":[],"platform_fault_domain":-1,"priority":"Regular","provision_vm_agent":true,"proximity_placement_group_id":null,"reboot_setting":null,"resource_group_name":"ukcfhold","secret":[],"secure_boot_enabled":null,"size":"Standard_DS1_v2","source_image_id":null,"source_image_reference":[{"offer":"0001-com-ubuntu-server-jammy","publisher":"Canonical","sku":"22_04-lts-gen2","version":"latest"}],"tags":null,"timeouts":null,"user_data":null,"virtual_machine_scale_set_id":null,"vm_agent_platform_updates_enabled":false,"vtpm_enabled":null,"zone":null},"sensitive_values":{"additional_capabilities":[],"admin_password":true,"admin_ssh_key":[],"boot_diagnostics":[],"custom_data":true,"gallery_application":[],"identity":[],"network_interface_ids":[],"os_disk":[{"diff_disk_settings":[]}],"os_image_notification":[],"plan":[],"private_ip_addresses":[],"public_ip_addresses":[],"secret":[],"source_image_reference":[{}],"termination_notification":[]}},{"address":"azurerm_network_interface.nic1","mode":"managed","type":"azurerm_network_interface","name":"nic1","provider_name":"registry.terraform.io/hashicorp/azurerm","schema_version":0,"values":{"auxiliary_mode":null,"auxiliary_sku":null,"edge_zone":null,"internal_dns_name_label":null,"ip_configuration":[{"name":"internal","private_ip_address_allocation":"Dynamic","private_ip_address_version":"IPv4"}],"location":"eastus","name":"example-nic-vm1","resource_group_name":"ukcfhold","tags":null,"timeouts":null},"sensitive_values":{"applied_dns_servers":[],"dns_servers":[],"ip_configuration":[{}],"private_ip_addresses":[]}},{"address":"azurerm_network_interface.nic2","mode":"managed","type":"azurerm_network_interface","name":"nic2","provider_name":"registry.terraform.io/hashicorp/azurerm","schema_version":0,"values":{"auxiliary_mode":null,"auxiliary_sku":null,"edge_zone":null,"internal_dns_name_label":null,"ip_configuration":[{"name":"internal","private_ip_address_allocation":"Dynamic","private_ip_address_version":"IPv4"}],"location":"eastus","name":"example-nic-vm2","resource_group_name":"ukcfhold","tags":null,"timeouts":null},"sensitive_values":{"applied_dns_servers":[],"dns_servers":[],"ip_configuration":[{}],"private_ip_addresses":[]}},{"address":"azurerm_network_interface_security_group_association.sg","mode":"managed","type":"azurerm_network_interface_security_group_association","name":"sg","provider_name":"registry.terraform.io/hashicorp/azurerm","schema_version":0,"values":{"timeouts":null},"sensitive_values":{}},{"address":"azurerm_network_interface_security_group_association.sg1","mode":"managed","type":"azurerm_network_interface_security_group_association","name":"sg1","provider_name":"registry.terraform.io/hashicorp/azurerm","schema_version":0,"values":{"timeouts":null},"sensitive_values":{}},{"address":"azurerm_network_security_group.nsg1","mode":"managed","type":"azurerm_network_security_group","name":"nsg1","provider_name":"registry.terraform.io/hashicorp/azurerm","schema_version":0,"values":{"location":"eastus","name":"nsg2","resource_group_name":"ukcfhold","security_rule":[{"access":"Allow","description":"","destination_address_prefix":"*","destination_address_prefixes":[],"destination_application_security_group_ids":[],"destination_port_range":"*","destination_port_ranges":[],"direction":"Inbound","name":"All","priority":200,"protocol":"Tcp","source_address_prefix":"*","source_address_prefixes":[],"source_application_security_group_ids":[],"source_port_range":"*","source_port_ranges":[]}],"tags":null,"timeouts":null},"sensitive_values":{"security_rule":[{"destination_address_prefixes":[],"destination_application_security_group_ids":[],"destination_port_ranges":[],"source_address_prefixes":[],"source_application_security_group_ids":[],"source_port_ranges":[]}]}},{"address":"azurerm_network_security_group.nsg2","mode":"managed","type":"azurerm_network_security_group","name":"nsg2","provider_name":"registry.terraform.io/hashicorp/azurerm","schema_version":0,"values":{"location":"eastus","name":"nsg3","resource_group_name":"ukcfhold","security_rule":[{"access":"Allow","description":"","destination_address_prefix":"*","destination_address_prefixes":[],"destination_application_security_group_ids":[],"destination_port_range":"*","destination_port_ranges":[],"direction":"Inbound","name":"All","priority":200,"protocol":"Tcp","source_address_prefix":"*","source_address_prefixes":[],"source_application_security_group_ids":[],"source_port_range":"*","source_port_ranges":[]}],"tags":null,"timeouts":null},"sensitive_values":{"security_rule":[{"destination_address_prefixes":[],"destination_application_security_group_ids":[],"destination_port_ranges":[],"source_address_prefixes":[],"source_application_security_group_ids":[],"source_port_ranges":[]}]}},{"address":"azurerm_public_ip.gatwayip","mode":"managed","type":"azurerm_public_ip","name":"gatwayip","provider_name":"registry.terraform.io/hashicorp/azurerm","schema_version":0,"values":{"allocation_method":"Static","ddos_protection_mode":"VirtualNetworkInherited","ddos_protection_plan_id":null,"domain_name_label":null,"edge_zone":null,"idle_timeout_in_minutes":4,"ip_tags":null,"ip_version":"IPv4","location":"eastus","name":"gatway-pip","public_ip_prefix_id":null,"resource_group_name":"ukcfhold","reverse_fqdn":null,"sku":"Standard","sku_tier":"Regional","tags":null,"timeouts":null,"zones":null},"sensitive_values":{}},{"address":"azurerm_public_ip.vm1pubip","mode":"managed","type":"azurerm_public_ip","name":"vm1pubip","provider_name":"registry.terraform.io/hashicorp/azurerm","schema_version":0,"values":{"allocation_method":"Static","ddos_protection_mode":"VirtualNetworkInherited","ddos_protection_plan_id":null,"domain_name_label":null,"edge_zone":null,"idle_timeout_in_minutes":4,"ip_tags":null,"ip_version":"IPv4","location":"eastus","name":"vm1pip","public_ip_prefix_id":null,"resource_group_name":"ukcfhold","reverse_fqdn":null,"sku":"Standard","sku_tier":"Regional","tags":null,"timeouts":null,"zones":null},"sensitive_values":{}},{"address":"azurerm_public_ip.vmpubip","mode":"managed","type":"azurerm_public_ip","name":"vmpubip","provider_name":"registry.terraform.io/hashicorp/azurerm","schema_version":0,"values":{"allocation_method":"Static","ddos_protection_mode":"VirtualNetworkInherited","ddos_protection_plan_id":null,"domain_name_label":null,"edge_zone":null,"idle_timeout_in_minutes":4,"ip_tags":null,"ip_version":"IPv4","location":"eastus","name":"vmpip","public_ip_prefix_id":null,"resource_group_name":"ukcfhold","reverse_fqdn":null,"sku":"Standard","sku_tier":"Regional","tags":null,"timeouts":null,"zones":null},"sensitive_values":{}},{"address":"azurerm_resource_group.rg","mode":"managed","type":"azurerm_resource_group","name":"rg","provider_name":"registry.terraform.io/hashicorp/azurerm","schema_version":0,"values":{"location":"eastus","managed_by":null,"name":"ukcfhold","tags":null,"timeouts":null},"sensitive_values":{}},{"address":"azurerm_subnet.appsubnet","mode":"managed","type":"azurerm_subnet","name":"appsubnet","provider_name":"registry.terraform.io/hashicorp/azurerm","schema_version":0,"values":{"address_prefixes":["10.0.3.0/24"],"default_outbound_access_enabled":true,"delegation":[],"name":"subnetforlb","resource_group_name":"ukcfhold","service_endpoint_policy_ids":null,"service_endpoints":null,"timeouts":null,"virtual_network_name":"vnet_application_gateway"},"sensitive_values":{"address_prefixes":[false],"delegation":[]}},{"address":"azurerm_subnet.subnetapp","mode":"managed","type":"azurerm_subnet","name":"subnetapp","provider_name":"registry.terraform.io/hashicorp/azurerm","schema_version":0,"values":{"address_prefixes":["10.0.2.0/24"],"default_outbound_access_enabled":true,"delegation":[],"name":"subnetforapp","resource_group_name":"ukcfhold","service_endpoint_policy_ids":null,"service_endpoints":null,"timeouts":null,"virtual_network_name":"vnet_application_gateway"},"sensitive_values":{"address_prefixes":[false],"delegation":[]}},{"address":"azurerm_subnet.subnetvm","mode":"managed","type":"azurerm_subnet","name":"subnetvm","provider_name":"registry.terraform.io/hashicorp/azurerm","schema_version":0,"values":{"address_prefixes":["10.0.1.0/24"],"default_outbound_access_enabled":true,"delegation":[],"name":"subnetforvm","resource_group_name":"ukcfhold","service_endpoint_policy_ids":null,"service_endpoints":null,"timeouts":null,"virtual_network_name":"vnet_application_gateway"},"sensitive_values":{"address_prefixes":[false],"delegation":[]}},{"address":"azurerm_virtual_network.vnet","mode":"managed","type":"azurerm_virtual_network","name":"vnet","provider_name":"registry.terraform.io/hashicorp/azurerm","schema_version":0,"values":{"address_space":["10.0.0.0/16"],"bgp_community":null,"ddos_protection_plan":[],"edge_zone":null,"encryption":[],"flow_timeout_in_minutes":null,"location":"eastus","name":"vnet_application_gateway","resource_group_name":"ukcfhold","tags":null,"timeouts":null},"sensitive_values":{"address_space":[false],"ddos_protection_plan":[],"dns_servers":[],"encryption":[],"subnet":[]}}]}},"resource_changes":[{"address":"azurerm_application_gateway.network","mode":"managed","type":"azurerm_application_gateway","name":"network","provider_name":"registry.terraform.io/hashicorp/azurerm","change":{"actions":["create"],"before":null,"after":{"authentication_certificate":[],"autoscale_configuration":[],"backend_address_pool":[{"fqdns":[],"name":"pool"}],"backend_http_settings":[{"affinity_cookie_name":"","authentication_certificate":[],"connection_draining":[],"cookie_based_affinity":"Disabled","host_name":"","name":"httpsetting","path":"","pick_host_name_from_backend_address":false,"port":80,"probe_name":"","protocol":"Http","request_timeout":1,"trusted_root_certificate_names":[]}],"custom_error_configuration":[],"enable_http2":null,"fips_enabled":null,"firewall_policy_id":null,"force_firewall_policy_association":null,"frontend_ip_configuration":[{"name":"forntip","private_ip_address_allocation":"Dynamic","private_link_configuration_name":null,"subnet_id":null}],"frontend_port":[{"name":"fornt-port","port":80}],"gateway_ip_configuration":[{"name":"my-gateway-ip-configuration"}],"global":[],"http_listener":[{"custom_error_configuration":[],"firewall_policy_id":"","frontend_ip_configuration_name":"forntip","frontend_port_name":"fornt-port","host_name":"","host_names":[],"name":"listner","protocol":"Http","require_sni":null,"ssl_certificate_name":"","ssl_profile_name":""}],"identity":[],"location":"eastus","name":"example-appgateway","private_link_configuration":[],"probe":[],"redirect_configuration":[],"request_routing_rule":[{"backend_address_pool_name":"pool","backend_http_settings_name":"httpsetting","http_listener_name":"listner","name":"rule1","priority":2,"redirect_configuration_name":"","rewrite_rule_set_name":"","rule_type":"Basic","url_path_map_name":""}],"resource_group_name":"ukcfhold","rewrite_rule_set":[],"sku":[{"capacity":1,"name":"Standard_v2","tier":"Standard_v2"}],"ssl_certificate":[],"ssl_profile":[],"tags":null,"timeouts":null,"trusted_client_certificate":[],"trusted_root_certificate":[],"url_path_map":[],"waf_configuration":[],"zones":null},"after_unknown":{"authentication_certificate":[],"autoscale_configuration":[],"backend_address_pool":[{"fqdns":[],"id":true,"ip_addresses":true}],"backend_http_settings":[{"authentication_certificate":[],"connection_draining":[],"id":true,"probe_id":true,"trusted_root_certificate_names":[]}],"custom_error_configuration":[],"frontend_ip_configuration":[{"id":true,"private_ip_address":true,"private_link_configuration_id":true,"public_ip_address_id":true}],"frontend_port":[{"id":true}],"gateway_ip_configuration":[{"id":true,"subnet_id":true}],"global":[],"http_listener":[{"custom_error_configuration":[],"frontend_ip_configuration_id":true,"frontend_port_id":true,"host_names":[],"id":true,"ssl_certificate_id":true,"ssl_profile_id":true}],"id":true,"identity":[],"private_endpoint_connection":true,"private_link_configuration":[],"probe":[],"redirect_configuration":[],"request_routing_rule":[{"backend_address_pool_id":true,"backend_http_settings_id":true,"http_listener_id":true,"id":true,"redirect_configuration_id":true,"rewrite_rule_set_id":true,"url_path_map_id":true}],"rewrite_rule_set":[],"sku":[{}],"ssl_certificate":[],"ssl_policy":true,"ssl_profile":[],"trusted_client_certificate":[],"trusted_root_certificate":[],"url_path_map":[],"waf_configuration":[]},"before_sensitive":false,"after_sensitive":{"authentication_certificate":[],"autoscale_configuration":[],"backend_address_pool":[{"fqdns":[],"ip_addresses":[]}],"backend_http_settings":[{"authentication_certificate":[],"connection_draining":[],"trusted_root_certificate_names":[]}],"custom_error_configuration":[],"frontend_ip_configuration":[{}],"frontend_port":[{}],"gateway_ip_configuration":[{}],"global":[],"http_listener":[{"custom_error_configuration":[],"host_names":[]}],"identity":[],"private_endpoint_connection":[],"private_link_configuration":[],"probe":[],"redirect_configuration":[],"request_routing_rule":[{}],"rewrite_rule_set":[],"sku":[{}],"ssl_certificate":[],"ssl_policy":[],"ssl_profile":[],"trusted_client_certificate":[],"trusted_root_certificate":[],"url_path_map":[],"waf_configuration":[]}}},{"address":"azurerm_linux_virtual_machine.vm1","mode":"managed","type":"azurerm_linux_virtual_machine","name":"vm1","provider_name":"registry.terraform.io/hashicorp/azurerm","change":{"actions":["create"],"before":null,"after":{"additional_capabilities":[],"admin_password":"Rupali152012345","admin_ssh_key":[],"admin_username":"azureuser","allow_extension_operations":true,"availability_set_id":null,"boot_diagnostics":[],"bypass_platform_safety_checks_on_user_schedule_enabled":false,"capacity_reservation_group_id":null,"computer_name":"myvm","custom_data":null,"dedicated_host_group_id":null,"dedicated_host_id":null,"disable_password_authentication":false,"edge_zone":null,"encryption_at_host_enabled":null,"eviction_policy":null,"extensions_time_budget":"PT1H30M","gallery_application":[],"identity":[],"license_type":null,"location":"eastus","max_bid_price":-1,"name":"example-machine","os_disk":[{"caching":"ReadWrite","diff_disk_settings":[],"disk_encryption_set_id":null,"name":"osdist1","secure_vm_disk_encryption_set_id":null,"security_encryption_type":null,"storage_account_type":"Standard_LRS","write_accelerator_enabled":false}],"os_image_notification":[],"patch_assessment_mode":"ImageDefault","patch_mode":"ImageDefault","plan":[],"platform_fault_domain":-1,"priority":"Regular","provision_vm_agent":true,"proximity_placement_group_id":null,"reboot_setting":null,"resource_group_name":"ukcfhold","secret":[],"secure_boot_enabled":null,"size":"Standard_DS1_v2","source_image_id":null,"source_image_reference":[{"offer":"0001-com-ubuntu-server-jammy","publisher":"Canonical","sku":"22_04-lts-gen2","version":"latest"}],"tags":null,"timeouts":null,"user_data":null,"virtual_machine_scale_set_id":null,"vm_agent_platform_updates_enabled":false,"vtpm_enabled":null,"zone":null},"after_unknown":{"additional_capabilities":[],"admin_ssh_key":[],"boot_diagnostics":[],"disk_controller_type":true,"gallery_application":[],"id":true,"identity":[],"network_interface_ids":true,"os_disk":[{"diff_disk_settings":[],"disk_size_gb":true}],"os_image_notification":[],"plan":[],"private_ip_address":true,"private_ip_addresses":true,"public_ip_address":true,"public_ip_addresses":true,"secret":[],"source_image_reference":[{}],"termination_notification":true,"virtual_machine_id":true},"before_sensitive":false,"after_sensitive":{"additional_capabilities":[],"admin_password":true,"admin_ssh_key":[],"boot_diagnostics":[],"custom_data":true,"gallery_application":[],"identity":[],"network_interface_ids":[],"os_disk":[{"diff_disk_settings":[]}],"os_image_notification":[],"plan":[],"private_ip_addresses":[],"public_ip_addresses":[],"secret":[],"source_image_reference":[{}],"termination_notification":[]}}},{"address":"azurerm_linux_virtual_machine.vm2","mode":"managed","type":"azurerm_linux_virtual_machine","name":"vm2","provider_name":"registry.terraform.io/hashicorp/azurerm","change":{"actions":["create"],"before":null,"after":{"additional_capabilities":[],"admin_password":"Rupali152012345","admin_ssh_key":[],"admin_username":"azureuser","allow_extension_operations":true,"availability_set_id":null,"boot_diagnostics":[],"bypass_platform_safety_checks_on_user_schedule_enabled":false,"capacity_reservation_group_id":null,"computer_name":"myvm","custom_data":null,"dedicated_host_group_id":null,"dedicated_host_id":null,"disable_password_authentication":false,"edge_zone":null,"encryption_at_host_enabled":null,"eviction_policy":null,"extensions_time_budget":"PT1H30M","gallery_application":[],"identity":[],"license_type":null,"location":"eastus","max_bid_price":-1,"name":"example-machine1","os_disk":[{"caching":"ReadWrite","diff_disk_settings":[],"disk_encryption_set_id":null,"name":"osdist2","secure_vm_disk_encryption_set_id":null,"security_encryption_type":null,"storage_account_type":"Standard_LRS","write_accelerator_enabled":false}],"os_image_notification":[],"patch_assessment_mode":"ImageDefault","patch_mode":"ImageDefault","plan":[],"platform_fault_domain":-1,"priority":"Regular","provision_vm_agent":true,"proximity_placement_group_id":null,"reboot_setting":null,"resource_group_name":"ukcfhold","secret":[],"secure_boot_enabled":null,"size":"Standard_DS1_v2","source_image_id":null,"source_image_reference":[{"offer":"0001-com-ubuntu-server-jammy","publisher":"Canonical","sku":"22_04-lts-gen2","version":"latest"}],"tags":null,"timeouts":null,"user_data":null,"virtual_machine_scale_set_id":null,"vm_agent_platform_updates_enabled":false,"vtpm_enabled":null,"zone":null},"after_unknown":{"additional_capabilities":[],"admin_ssh_key":[],"boot_diagnostics":[],"disk_controller_type":true,"gallery_application":[],"id":true,"identity":[],"network_interface_ids":true,"os_disk":[{"diff_disk_settings":[],"disk_size_gb":true}],"os_image_notification":[],"plan":[],"private_ip_address":true,"private_ip_addresses":true,"public_ip_address":true,"public_ip_addresses":true,"secret":[],"source_image_reference":[{}],"termination_notification":true,"virtual_machine_id":true},"before_sensitive":false,"after_sensitive":{"additional_capabilities":[],"admin_password":true,"admin_ssh_key":[],"boot_diagnostics":[],"custom_data":true,"gallery_application":[],"identity":[],"network_interface_ids":[],"os_disk":[{"diff_disk_settings":[]}],"os_image_notification":[],"plan":[],"private_ip_addresses":[],"public_ip_addresses":[],"secret":[],"source_image_reference":[{}],"termination_notification":[]}}},{"address":"azurerm_network_interface.nic1","mode":"managed","type":"azurerm_network_interface","name":"nic1","provider_name":"registry.terraform.io/hashicorp/azurerm","change":{"actions":["create"],"before":null,"after":{"auxiliary_mode":null,"auxiliary_sku":null,"edge_zone":null,"internal_dns_name_label":null,"ip_configuration":[{"name":"internal","private_ip_address_allocation":"Dynamic","private_ip_address_version":"IPv4"}],"location":"eastus","name":"example-nic-vm1","resource_group_name":"ukcfhold","tags":null,"timeouts":null},"after_unknown":{"accelerated_networking_enabled":true,"applied_dns_servers":true,"dns_servers":true,"enable_accelerated_networking":true,"enable_ip_forwarding":true,"id":true,"internal_domain_name_suffix":true,"ip_configuration":[{"gateway_load_balancer_frontend_ip_configuration_id":true,"primary":true,"private_ip_address":true,"public_ip_address_id":true,"subnet_id":true}],"ip_forwarding_enabled":true,"mac_address":true,"private_ip_address":true,"private_ip_addresses":true,"virtual_machine_id":true},"before_sensitive":false,"after_sensitive":{"applied_dns_servers":[],"dns_servers":[],"ip_configuration":[{}],"private_ip_addresses":[]}}},{"address":"azurerm_network_interface.nic2","mode":"managed","type":"azurerm_network_interface","name":"nic2","provider_name":"registry.terraform.io/hashicorp/azurerm","change":{"actions":["create"],"before":null,"after":{"auxiliary_mode":null,"auxiliary_sku":null,"edge_zone":null,"internal_dns_name_label":null,"ip_configuration":[{"name":"internal","private_ip_address_allocation":"Dynamic","private_ip_address_version":"IPv4"}],"location":"eastus","name":"example-nic-vm2","resource_group_name":"ukcfhold","tags":null,"timeouts":null},"after_unknown":{"accelerated_networking_enabled":true,"applied_dns_servers":true,"dns_servers":true,"enable_accelerated_networking":true,"enable_ip_forwarding":true,"id":true,"internal_domain_name_suffix":true,"ip_configuration":[{"gateway_load_balancer_frontend_ip_configuration_id":true,"primary":true,"private_ip_address":true,"public_ip_address_id":true,"subnet_id":true}],"ip_forwarding_enabled":true,"mac_address":true,"private_ip_address":true,"private_ip_addresses":true,"virtual_machine_id":true},"before_sensitive":false,"after_sensitive":{"applied_dns_servers":[],"dns_servers":[],"ip_configuration":[{}],"private_ip_addresses":[]}}},{"address":"azurerm_network_interface_security_group_association.sg","mode":"managed","type":"azurerm_network_interface_security_group_association","name":"sg","provider_name":"registry.terraform.io/hashicorp/azurerm","change":{"actions":["create"],"before":null,"after":{"timeouts":null},"after_unknown":{"id":true,"network_interface_id":true,"network_security_group_id":true},"before_sensitive":false,"after_sensitive":{}}},{"address":"azurerm_network_interface_security_group_association.sg1","mode":"managed","type":"azurerm_network_interface_security_group_association","name":"sg1","provider_name":"registry.terraform.io/hashicorp/azurerm","change":{"actions":["create"],"before":null,"after":{"timeouts":null},"after_unknown":{"id":true,"network_interface_id":true,"network_security_group_id":true},"before_sensitive":false,"after_sensitive":{}}},{"address":"azurerm_network_security_group.nsg1","mode":"managed","type":"azurerm_network_security_group","name":"nsg1","provider_name":"registry.terraform.io/hashicorp/azurerm","change":{"actions":["create"],"before":null,"after":{"location":"eastus","name":"nsg2","resource_group_name":"ukcfhold","security_rule":[{"access":"Allow","description":"","destination_address_prefix":"*","destination_address_prefixes":[],"destination_application_security_group_ids":[],"destination_port_range":"*","destination_port_ranges":[],"direction":"Inbound","name":"All","priority":200,"protocol":"Tcp","source_address_prefix":"*","source_address_prefixes":[],"source_application_security_group_ids":[],"source_port_range":"*","source_port_ranges":[]}],"tags":null,"timeouts":null},"after_unknown":{"id":true,"security_rule":[{"destination_address_prefixes":[],"destination_application_security_group_ids":[],"destination_port_ranges":[],"source_address_prefixes":[],"source_application_security_group_ids":[],"source_port_ranges":[]}]},"before_sensitive":false,"after_sensitive":{"security_rule":[{"destination_address_prefixes":[],"destination_application_security_group_ids":[],"destination_port_ranges":[],"source_address_prefixes":[],"source_application_security_group_ids":[],"source_port_ranges":[]}]}}},{"address":"azurerm_network_security_group.nsg2","mode":"managed","type":"azurerm_network_security_group","name":"nsg2","provider_name":"registry.terraform.io/hashicorp/azurerm","change":{"actions":["create"],"before":null,"after":{"location":"eastus","name":"nsg3","resource_group_name":"ukcfhold","security_rule":[{"access":"Allow","description":"","destination_address_prefix":"*","destination_address_prefixes":[],"destination_application_security_group_ids":[],"destination_port_range":"*","destination_port_ranges":[],"direction":"Inbound","name":"All","priority":200,"protocol":"Tcp","source_address_prefix":"*","source_address_prefixes":[],"source_application_security_group_ids":[],"source_port_range":"*","source_port_ranges":[]}],"tags":null,"timeouts":null},"after_unknown":{"id":true,"security_rule":[{"destination_address_prefixes":[],"destination_application_security_group_ids":[],"destination_port_ranges":[],"source_address_prefixes":[],"source_application_security_group_ids":[],"source_port_ranges":[]}]},"before_sensitive":false,"after_sensitive":{"security_rule":[{"destination_address_prefixes":[],"destination_application_security_group_ids":[],"destination_port_ranges":[],"source_address_prefixes":[],"source_application_security_group_ids":[],"source_port_ranges":[]}]}}},{"address":"azurerm_public_ip.gatwayip","mode":"managed","type":"azurerm_public_ip","name":"gatwayip","provider_name":"registry.terraform.io/hashicorp/azurerm","change":{"actions":["create"],"before":null,"after":{"allocation_method":"Static","ddos_protection_mode":"VirtualNetworkInherited","ddos_protection_plan_id":null,"domain_name_label":null,"edge_zone":null,"idle_timeout_in_minutes":4,"ip_tags":null,"ip_version":"IPv4","location":"eastus","name":"gatway-pip","public_ip_prefix_id":null,"resource_group_name":"ukcfhold","reverse_fqdn":null,"sku":"Standard","sku_tier":"Regional","tags":null,"timeouts":null,"zones":null},"after_unknown":{"fqdn":true,"id":true,"ip_address":true},"before_sensitive":false,"after_sensitive":{}}},{"address":"azurerm_public_ip.vm1pubip","mode":"managed","type":"azurerm_public_ip","name":"vm1pubip","provider_name":"registry.terraform.io/hashicorp/azurerm","change":{"actions":["create"],"before":null,"after":{"allocation_method":"Static","ddos_protection_mode":"VirtualNetworkInherited","ddos_protection_plan_id":null,"domain_name_label":null,"edge_zone":null,"idle_timeout_in_minutes":4,"ip_tags":null,"ip_version":"IPv4","location":"eastus","name":"vm1pip","public_ip_prefix_id":null,"resource_group_name":"ukcfhold","reverse_fqdn":null,"sku":"Standard","sku_tier":"Regional","tags":null,"timeouts":null,"zones":null},"after_unknown":{"fqdn":true,"id":true,"ip_address":true},"before_sensitive":false,"after_sensitive":{}}},{"address":"azurerm_public_ip.vmpubip","mode":"managed","type":"azurerm_public_ip","name":"vmpubip","provider_name":"registry.terraform.io/hashicorp/azurerm","change":{"actions":["create"],"before":null,"after":{"allocation_method":"Static","ddos_protection_mode":"VirtualNetworkInherited","ddos_protection_plan_id":null,"domain_name_label":null,"edge_zone":null,"idle_timeout_in_minutes":4,"ip_tags":null,"ip_version":"IPv4","location":"eastus","name":"vmpip","public_ip_prefix_id":null,"resource_group_name":"ukcfhold","reverse_fqdn":null,"sku":"Standard","sku_tier":"Regional","tags":null,"timeouts":null,"zones":null},"after_unknown":{"fqdn":true,"id":true,"ip_address":true},"before_sensitive":false,"after_sensitive":{}}},{"address":"azurerm_resource_group.rg","mode":"managed","type":"azurerm_resource_group","name":"rg","provider_name":"registry.terraform.io/hashicorp/azurerm","change":{"actions":["create"],"before":null,"after":{"location":"eastus","managed_by":null,"name":"ukcfhold","tags":null,"timeouts":null},"after_unknown":{"id":true},"before_sensitive":false,"after_sensitive":{}}},{"address":"azurerm_subnet.appsubnet","mode":"managed","type":"azurerm_subnet","name":"appsubnet","provider_name":"registry.terraform.io/hashicorp/azurerm","change":{"actions":["create"],"before":null,"after":{"address_prefixes":["10.0.3.0/24"],"default_outbound_access_enabled":true,"delegation":[],"name":"subnetforlb","resource_group_name":"ukcfhold","service_endpoint_policy_ids":null,"service_endpoints":null,"timeouts":null,"virtual_network_name":"vnet_application_gateway"},"after_unknown":{"address_prefixes":[false],"delegation":[],"enforce_private_link_endpoint_network_policies":true,"enforce_private_link_service_network_policies":true,"id":true,"private_endpoint_network_policies":true,"private_endpoint_network_policies_enabled":true,"private_link_service_network_policies_enabled":true},"before_sensitive":false,"after_sensitive":{"address_prefixes":[false],"delegation":[]}}},{"address":"azurerm_subnet.subnetapp","mode":"managed","type":"azurerm_subnet","name":"subnetapp","provider_name":"registry.terraform.io/hashicorp/azurerm","change":{"actions":["create"],"before":null,"after":{"address_prefixes":["10.0.2.0/24"],"default_outbound_access_enabled":true,"delegation":[],"name":"subnetforapp","resource_group_name":"ukcfhold","service_endpoint_policy_ids":null,"service_endpoints":null,"timeouts":null,"virtual_network_name":"vnet_application_gateway"},"after_unknown":{"address_prefixes":[false],"delegation":[],"enforce_private_link_endpoint_network_policies":true,"enforce_private_link_service_network_policies":true,"id":true,"private_endpoint_network_policies":true,"private_endpoint_network_policies_enabled":true,"private_link_service_network_policies_enabled":true},"before_sensitive":false,"after_sensitive":{"address_prefixes":[false],"delegation":[]}}},{"address":"azurerm_subnet.subnetvm","mode":"managed","type":"azurerm_subnet","name":"subnetvm","provider_name":"registry.terraform.io/hashicorp/azurerm","change":{"actions":["create"],"before":null,"after":{"address_prefixes":["10.0.1.0/24"],"default_outbound_access_enabled":true,"delegation":[],"name":"subnetforvm","resource_group_name":"ukcfhold","service_endpoint_policy_ids":null,"service_endpoints":null,"timeouts":null,"virtual_network_name":"vnet_application_gateway"},"after_unknown":{"address_prefixes":[false],"delegation":[],"enforce_private_link_endpoint_network_policies":true,"enforce_private_link_service_network_policies":true,"id":true,"private_endpoint_network_policies":true,"private_endpoint_network_policies_enabled":true,"private_link_service_network_policies_enabled":true},"before_sensitive":false,"after_sensitive":{"address_prefixes":[false],"delegation":[]}}},{"address":"azurerm_virtual_network.vnet","mode":"managed","type":"azurerm_virtual_network","name":"vnet","provider_name":"registry.terraform.io/hashicorp/azurerm","change":{"actions":["create"],"before":null,"after":{"address_space":["10.0.0.0/16"],"bgp_community":null,"ddos_protection_plan":[],"edge_zone":null,"encryption":[],"flow_timeout_in_minutes":null,"location":"eastus","name":"vnet_application_gateway","resource_group_name":"ukcfhold","tags":null,"timeouts":null},"after_unknown":{"address_space":[false],"ddos_protection_plan":[],"dns_servers":true,"encryption":[],"guid":true,"id":true,"subnet":true},"before_sensitive":false,"after_sensitive":{"address_space":[false],"ddos_protection_plan":[],"dns_servers":[],"encryption":[],"subnet":[]}}}],"output_changes":{"public_ip_address_gatway":{"actions":["create"],"before":null,"after_unknown":true,"before_sensitive":false,"after_sensitive":false},"public_ip_address_vm1":{"actions":["create"],"before":null,"after_unknown":true,"before_sensitive":false,"after_sensitive":false},"public_ip_address_vm2":{"actions":["create"],"before":null,"after_unknown":true,"before_sensitive":false,"after_sensitive":false}},"configuration":{"provider_config":{"azurerm":{"name":"azurerm","full_name":"registry.terraform.io/hashicorp/azurerm","expressions":{"features":[{}]}}},"root_module":{"outputs":{"public_ip_address_gatway":{"expression":{"references":["azurerm_public_ip.gatwayip.ip_address","azurerm_public_ip.gatwayip"]}},"public_ip_address_vm1":{"expression":{"references":["azurerm_linux_virtual_machine.vm1.public_ip_address","azurerm_linux_virtual_machine.vm1"]}},"public_ip_address_vm2":{"expression":{"references":["azurerm_linux_virtual_machine.vm2.public_ip_address","azurerm_linux_virtual_machine.vm2"]}}},"resources":[{"address":"azurerm_application_gateway.network","mode":"managed","type":"azurerm_application_gateway","name":"network","provider_config_key":"azurerm","expressions":{"backend_address_pool":[{"ip_addresses":{"references":["azurerm_network_interface.nic1.private_ip_address","azurerm_network_interface.nic1","azurerm_network_interface.nic2.private_ip_address","azurerm_network_interface.nic2"]},"name":{"constant_value":"pool"}}],"backend_http_settings":[{"cookie_based_affinity":{"constant_value":"Disabled"},"name":{"constant_value":"httpsetting"},"path":{"constant_value":""},"port":{"constant_value":80},"protocol":{"constant_value":"Http"},"request_timeout":{"constant_value":1}}],"frontend_ip_configuration":[{"name":{"constant_value":"forntip"},"public_ip_address_id":{"references":["azurerm_public_ip.gatwayip.id","azurerm_public_ip.gatwayip"]}}],"frontend_port":[{"name":{"constant_value":"fornt-port"},"port":{"constant_value":80}}],"gateway_ip_configuration":[{"name":{"constant_value":"my-gateway-ip-configuration"},"subnet_id":{"references":["azurerm_subnet.subnetapp.id","azurerm_subnet.subnetapp"]}}],"http_listener":[{"frontend_ip_configuration_name":{"constant_value":"forntip"},"frontend_port_name":{"constant_value":"fornt-port"},"name":{"constant_value":"listner"},"protocol":{"constant_value":"Http"}}],"location":{"references":["azurerm_resource_group.rg.location","azurerm_resource_group.rg"]},"name":{"constant_value":"example-appgateway"},"request_routing_rule":[{"backend_address_pool_name":{"constant_value":"pool"},"backend_http_settings_name":{"constant_value":"httpsetting"},"http_listener_name":{"constant_value":"listner"},"name":{"constant_value":"rule1"},"priority":{"constant_value":2},"rule_type":{"constant_value":"Basic"}}],"resource_group_name":{"references":["azurerm_resource_group.rg.name","azurerm_resource_group.rg"]},"sku":[{"capacity":{"constant_value":1},"name":{"constant_value":"Standard_v2"},"tier":{"constant_value":"Standard_v2"}}]},"schema_version":0},{"address":"azurerm_linux_virtual_machine.vm1","mode":"managed","type":"azurerm_linux_virtual_machine","name":"vm1","provider_config_key":"azurerm","expressions":{"admin_password":{"constant_value":"Rupali152012345"},"admin_username":{"constant_value":"azureuser"},"computer_name":{"constant_value":"myvm"},"disable_password_authentication":{"constant_value":false},"location":{"references":["azurerm_resource_group.rg.location","azurerm_resource_group.rg"]},"name":{"constant_value":"example-machine"},"network_interface_ids":{"references":["azurerm_network_interface.nic1.id","azurerm_network_interface.nic1"]},"os_disk":[{"caching":{"constant_value":"ReadWrite"},"name":{"constant_value":"osdist1"},"storage_account_type":{"constant_value":"Standard_LRS"}}],"resource_group_name":{"references":["azurerm_resource_group.rg.name","azurerm_resource_group.rg"]},"size":{"constant_value":"Standard_DS1_v2"},"source_image_reference":[{"offer":{"constant_value":"0001-com-ubuntu-server-jammy"},"publisher":{"constant_value":"Canonical"},"sku":{"constant_value":"22_04-lts-gen2"},"version":{"constant_value":"latest"}}]},"schema_version":0},{"address":"azurerm_linux_virtual_machine.vm2","mode":"managed","type":"azurerm_linux_virtual_machine","name":"vm2","provider_config_key":"azurerm","expressions":{"admin_password":{"constant_value":"Rupali152012345"},"admin_username":{"constant_value":"azureuser"},"computer_name":{"constant_value":"myvm"},"disable_password_authentication":{"constant_value":false},"location":{"references":["azurerm_resource_group.rg.location","azurerm_resource_group.rg"]},"name":{"constant_value":"example-machine1"},"network_interface_ids":{"references":["azurerm_network_interface.nic2.id","azurerm_network_interface.nic2"]},"os_disk":[{"caching":{"constant_value":"ReadWrite"},"name":{"constant_value":"osdist2"},"storage_account_type":{"constant_value":"Standard_LRS"}}],"resource_group_name":{"references":["azurerm_resource_group.rg.name","azurerm_resource_group.rg"]},"size":{"constant_value":"Standard_DS1_v2"},"source_image_reference":[{"offer":{"constant_value":"0001-com-ubuntu-server-jammy"},"publisher":{"constant_value":"Canonical"},"sku":{"constant_value":"22_04-lts-gen2"},"version":{"constant_value":"latest"}}]},"schema_version":0},{"address":"azurerm_network_interface.nic1","mode":"managed","type":"azurerm_network_interface","name":"nic1","provider_config_key":"azurerm","expressions":{"ip_configuration":[{"name":{"constant_value":"internal"},"private_ip_address_allocation":{"constant_value":"Dynamic"},"public_ip_address_id":{"references":["azurerm_public_ip.vmpubip.id","azurerm_public_ip.vmpubip"]},"subnet_id":{"references":["azurerm_subnet.subnetvm.id","azurerm_subnet.subnetvm"]}}],"location":{"references":["azurerm_resource_group.rg.location","azurerm_resource_group.rg"]},"name":{"constant_value":"example-nic-vm1"},"resource_group_name":{"references":["azurerm_resource_group.rg.name","azurerm_resource_group.rg"]}},"schema_version":0},{"address":"azurerm_network_interface.nic2","mode":"managed","type":"azurerm_network_interface","name":"nic2","provider_config_key":"azurerm","expressions":{"ip_configuration":[{"name":{"constant_value":"internal"},"private_ip_address_allocation":{"constant_value":"Dynamic"},"public_ip_address_id":{"references":["azurerm_public_ip.vm1pubip.id","azurerm_public_ip.vm1pubip"]},"subnet_id":{"references":["azurerm_subnet.subnetvm.id","azurerm_subnet.subnetvm"]}}],"location":{"references":["azurerm_resource_group.rg.location","azurerm_resource_group.rg"]},"name":{"constant_value":"example-nic-vm2"},"resource_group_name":{"references":["azurerm_resource_group.rg.name","azurerm_resource_group.rg"]}},"schema_version":0},{"address":"azurerm_network_interface_security_group_association.sg","mode":"managed","type":"azurerm_network_interface_security_group_association","name":"sg","provider_config_key":"azurerm","expressions":{"network_interface_id":{"references":["azurerm_network_interface.nic1.id","azurerm_network_interface.nic1"]},"network_security_group_id":{"references":["azurerm_network_security_group.nsg1.id","azurerm_network_security_group.nsg1"]}},"schema_version":0},{"address":"azurerm_network_interface_security_group_association.sg1","mode":"managed","type":"azurerm_network_interface_security_group_association","name":"sg1","provider_config_key":"azurerm","expressions":{"network_interface_id":{"references":["azurerm_network_interface.nic2.id","azurerm_network_interface.nic2"]},"network_security_group_id":{"references":["azurerm_network_security_group.nsg2.id","azurerm_network_security_group.nsg2"]}},"schema_version":0},{"address":"azurerm_network_security_group.nsg1","mode":"managed","type":"azurerm_network_security_group","name":"nsg1","provider_config_key":"azurerm","expressions":{"location":{"references":["azurerm_resource_group.rg.location","azurerm_resource_group.rg"]},"name":{"constant_value":"nsg2"},"resource_group_name":{"references":["azurerm_resource_group.rg.name","azurerm_resource_group.rg"]},"security_rule":{"constant_value":[{"access":"Allow","description":null,"destination_address_prefix":"*","destination_address_prefixes":null,"destination_application_security_group_ids":null,"destination_port_range":"*","destination_port_ranges":null,"direction":"Inbound","name":"All","priority":200,"protocol":"Tcp","source_address_prefix":"*","source_address_prefixes":null,"source_application_security_group_ids":null,"source_port_range":"*","source_port_ranges":null}]}},"schema_version":0},{"address":"azurerm_network_security_group.nsg2","mode":"managed","type":"azurerm_network_security_group","name":"nsg2","provider_config_key":"azurerm","expressions":{"location":{"references":["azurerm_resource_group.rg.location","azurerm_resource_group.rg"]},"name":{"constant_value":"nsg3"},"resource_group_name":{"references":["azurerm_resource_group.rg.name","azurerm_resource_group.rg"]},"security_rule":{"constant_value":[{"access":"Allow","description":null,"destination_address_prefix":"*","destination_address_prefixes":null,"destination_application_security_group_ids":null,"destination_port_range":"*","destination_port_ranges":null,"direction":"Inbound","name":"All","priority":200,"protocol":"Tcp","source_address_prefix":"*","source_address_prefixes":null,"source_application_security_group_ids":null,"source_port_range":"*","source_port_ranges":null}]}},"schema_version":0},{"address":"azurerm_public_ip.gatwayip","mode":"managed","type":"azurerm_public_ip","name":"gatwayip","provider_config_key":"azurerm","expressions":{"allocation_method":{"constant_value":"Static"},"location":{"references":["azurerm_resource_group.rg.location","azurerm_resource_group.rg"]},"name":{"constant_value":"gatway-pip"},"resource_group_name":{"references":["azurerm_resource_group.rg.name","azurerm_resource_group.rg"]},"sku":{"constant_value":"Standard"}},"schema_version":0},{"address":"azurerm_public_ip.vm1pubip","mode":"managed","type":"azurerm_public_ip","name":"vm1pubip","provider_config_key":"azurerm","expressions":{"allocation_method":{"constant_value":"Static"},"location":{"references":["azurerm_resource_group.rg.location","azurerm_resource_group.rg"]},"name":{"constant_value":"vm1pip"},"resource_group_name":{"references":["azurerm_resource_group.rg.name","azurerm_resource_group.rg"]},"sku":{"constant_value":"Standard"}},"schema_version":0},{"address":"azurerm_public_ip.vmpubip","mode":"managed","type":"azurerm_public_ip","name":"vmpubip","provider_config_key":"azurerm","expressions":{"allocation_method":{"constant_value":"Static"},"location":{"references":["azurerm_resource_group.rg.location","azurerm_resource_group.rg"]},"name":{"constant_value":"vmpip"},"resource_group_name":{"references":["azurerm_resource_group.rg.name","azurerm_resource_group.rg"]},"sku":{"constant_value":"Standard"}},"schema_version":0},{"address":"azurerm_resource_group.rg","mode":"managed","type":"azurerm_resource_group","name":"rg","provider_config_key":"azurerm","expressions":{"location":{"references":["var.resource_group_location"]},"name":{"references":["var.resource_group_name"]}},"schema_version":0},{"address":"azurerm_subnet.appsubnet","mode":"managed","type":"azurerm_subnet","name":"appsubnet","provider_config_key":"azurerm","expressions":{"address_prefixes":{"constant_value":["10.0.3.0/24"]},"name":{"constant_value":"subnetforlb"},"resource_group_name":{"references":["azurerm_resource_group.rg.name","azurerm_resource_group.rg"]},"virtual_network_name":{"references":["azurerm_virtual_network.vnet.name","azurerm_virtual_network.vnet"]}},"schema_version":0},{"address":"azurerm_subnet.subnetapp","mode":"managed","type":"azurerm_subnet","name":"subnetapp","provider_config_key":"azurerm","expressions":{"address_prefixes":{"constant_value":["10.0.2.0/24"]},"name":{"constant_value":"subnetforapp"},"resource_group_name":{"references":["azurerm_resource_group.rg.name","azurerm_resource_group.rg"]},"virtual_network_name":{"references":["azurerm_virtual_network.vnet.name","azurerm_virtual_network.vnet"]}},"schema_version":0},{"address":"azurerm_subnet.subnetvm","mode":"managed","type":"azurerm_subnet","name":"subnetvm","provider_config_key":"azurerm","expressions":{"address_prefixes":{"constant_value":["10.0.1.0/24"]},"name":{"constant_value":"subnetforvm"},"resource_group_name":{"references":["azurerm_resource_group.rg.name","azurerm_resource_group.rg"]},"virtual_network_name":{"references":["azurerm_virtual_network.vnet.name","azurerm_virtual_network.vnet"]}},"schema_version":0},{"address":"azurerm_virtual_network.vnet","mode":"managed","type":"azurerm_virtual_network","name":"vnet","provider_config_key":"azurerm","expressions":{"address_space":{"constant_value":["10.0.0.0/16"]},"location":{"references":["azurerm_resource_group.rg.location","azurerm_resource_group.rg"]},"name":{"constant_value":"vnet_application_gateway"},"resource_group_name":{"references":["azurerm_resource_group.rg.name","azurerm_resource_group.rg"]}},"schema_version":0}],"variables":{"resource_group_location":{"default":"eastus","description":"resource group lacation"},"resource_group_name":{"default":"ukcfhold","description":"resouce group name"}}}},"relevant_attributes":[{"resource":"azurerm_public_ip.vmpubip","attribute":["id"]},{"resource":"azurerm_subnet.subnetapp","attribute":["id"]},{"resource":"azurerm_public_ip.gatwayip","attribute":["id"]},{"resource":"azurerm_network_interface.nic2","attribute":["private_ip_address"]},{"resource":"azurerm_linux_virtual_machine.vm2","attribute":["public_ip_address"]},{"resource":"azurerm_resource_group.rg","attribute":["name"]},{"resource":"azurerm_virtual_network.vnet","attribute":["name"]},{"resource":"azurerm_public_ip.gatwayip","attribute":["ip_address"]},{"resource":"azurerm_network_security_group.nsg2","attribute":["id"]},{"resource":"azurerm_network_interface.nic1","attribute":["private_ip_address"]},{"resource":"azurerm_linux_virtual_machine.vm1","attribute":["public_ip_address"]},{"resource":"azurerm_resource_group.rg","attribute":["location"]},{"resource":"azurerm_subnet.subnetvm","attribute":["id"]},{"resource":"azurerm_public_ip.vm1pubip","attribute":["id"]},{"resource":"azurerm_network_interface.nic1","attribute":["id"]},{"resource":"azurerm_network_security_group.nsg1","attribute":["id"]},{"resource":"azurerm_network_interface.nic2","attribute":["id"]}],"timestamp":"2024-08-17T00:08:56Z","applyable":true,"complete":true,"errored":false}
