{"format_version":"1.2","terraform_version":"1.9.4","variables":{"common_tags":{"value":{"deployedby":"Terraform IaC"}},"location":{"value":"westeurope"}},"planned_values":{"root_module":{"child_modules":[{"resources":[{"address":"module.sampleapp.random_string.deployment_string","mode":"managed","type":"random_string","name":"deployment_string","provider_name":"registry.terraform.io/hashicorp/random","schema_version":2,"values":{"keepers":{"resource_group":"appl-test-containerapp-westeurope"},"length":13,"lower":true,"min_lower":0,"min_numeric":0,"min_special":0,"min_upper":0,"number":false,"numeric":false,"override_special":null,"special":false,"upper":false},"sensitive_values":{"keepers":{}}}],"address":"module.sampleapp","child_modules":[{"resources":[{"address":"module.sampleapp.module.resource_group.azurerm_resource_group.resource_group","mode":"managed","type":"azurerm_resource_group","name":"resource_group","provider_name":"registry.terraform.io/hashicorp/azurerm","schema_version":0,"values":{"location":"westeurope","managed_by":null,"name":"appl-test-containerapp-westeurope","tags":{"deployedby":"Terraform IaC"},"timeouts":null},"sensitive_values":{"tags":{}}}],"address":"module.sampleapp.module.resource_group"},{"resources":[{"address":"module.sampleapp.module.virtual_network.azurerm_virtual_network.virtual_network","mode":"managed","type":"azurerm_virtual_network","name":"virtual_network","provider_name":"registry.terraform.io/hashicorp/azurerm","schema_version":0,"values":{"address_space":["10.0.0.0/16"],"bgp_community":null,"ddos_protection_plan":[],"edge_zone":null,"encryption":[],"flow_timeout_in_minutes":null,"location":"westeurope","resource_group_name":"appl-test-containerapp-westeurope","tags":{"deployedby":"Terraform IaC"},"timeouts":null},"sensitive_values":{"address_space":[false],"ddos_protection_plan":[],"dns_servers":[],"encryption":[],"subnet":[],"tags":{}}}],"address":"module.sampleapp.module.virtual_network"},{"resources":[{"address":"module.sampleapp.module.public_ip_application_gateway.azurerm_public_ip.public_ip","mode":"managed","type":"azurerm_public_ip","name":"public_ip","provider_name":"registry.terraform.io/hashicorp/azurerm","schema_version":0,"values":{"allocation_method":"Static","ddos_protection_mode":"VirtualNetworkInherited","ddos_protection_plan_id":null,"domain_name_label":null,"edge_zone":null,"idle_timeout_in_minutes":4,"ip_tags":null,"ip_version":"IPv4","location":"westeurope","public_ip_prefix_id":null,"resource_group_name":"appl-test-containerapp-westeurope","reverse_fqdn":null,"sku":"Standard","sku_tier":"Regional","tags":{"deployedby":"Terraform IaC"},"timeouts":null,"zones":null},"sensitive_values":{"tags":{}}}],"address":"module.sampleapp.module.public_ip_application_gateway"},{"resources":[{"address":"module.sampleapp.module.subnet_applicationgateway.azurerm_subnet.subnet","mode":"managed","type":"azurerm_subnet","name":"subnet","provider_name":"registry.terraform.io/hashicorp/azurerm","schema_version":0,"values":{"address_prefixes":["10.0.8.0/24"],"default_outbound_access_enabled":true,"delegation":[],"name":"applicationgateway","resource_group_name":"appl-test-containerapp-westeurope","service_endpoint_policy_ids":null,"service_endpoints":null,"timeouts":null},"sensitive_values":{"address_prefixes":[false],"delegation":[]}}],"address":"module.sampleapp.module.subnet_applicationgateway"},{"resources":[{"address":"module.sampleapp.module.subnet_containerapps.azurerm_subnet.subnet","mode":"managed","type":"azurerm_subnet","name":"subnet","provider_name":"registry.terraform.io/hashicorp/azurerm","schema_version":0,"values":{"address_prefixes":["10.0.0.0/21"],"default_outbound_access_enabled":true,"delegation":[],"name":"containerapps","resource_group_name":"appl-test-containerapp-westeurope","service_endpoint_policy_ids":null,"service_endpoints":null,"timeouts":null},"sensitive_values":{"address_prefixes":[false],"delegation":[]}}],"address":"module.sampleapp.module.subnet_containerapps"},{"resources":[{"address":"module.sampleapp.module.log_analytics_workspace.azurerm_log_analytics_workspace.log_analytics_workspace","mode":"managed","type":"azurerm_log_analytics_workspace","name":"log_analytics_workspace","provider_name":"registry.terraform.io/hashicorp/azurerm","schema_version":3,"values":{"allow_resource_only_permissions":true,"cmk_for_query_forced":null,"daily_quota_gb":-1,"data_collection_rule_id":null,"identity":[],"immediate_data_purge_on_30_days_enabled":null,"internet_ingestion_enabled":true,"internet_query_enabled":true,"local_authentication_disabled":false,"location":"westeurope","reservation_capacity_in_gb_per_day":null,"resource_group_name":"appl-test-containerapp-westeurope","retention_in_days":30,"sku":"PerGB2018","tags":{"deployedby":"Terraform IaC"},"timeouts":null},"sensitive_values":{"identity":[],"primary_shared_key":true,"secondary_shared_key":true,"tags":{}}}],"address":"module.sampleapp.module.log_analytics_workspace"},{"resources":[{"address":"module.sampleapp.module.managed_environment.azurerm_container_app_environment.container_app_environment","mode":"managed","type":"azurerm_container_app_environment","name":"container_app_environment","provider_name":"registry.terraform.io/hashicorp/azurerm","schema_version":0,"values":{"dapr_application_insights_connection_string":null,"infrastructure_resource_group_name":null,"internal_load_balancer_enabled":true,"location":"westeurope","mutual_tls_enabled":false,"resource_group_name":"appl-test-containerapp-westeurope","tags":{"deployedby":"Terraform IaC"},"timeouts":{"create":"4h","delete":null,"read":null,"update":null},"workload_profile":[],"zone_redundancy_enabled":false},"sensitive_values":{"dapr_application_insights_connection_string":true,"tags":{},"timeouts":{},"workload_profile":[]}},{"address":"module.sampleapp.module.managed_environment.azurerm_private_dns_zone.private_dns_zone","mode":"managed","type":"azurerm_private_dns_zone","name":"private_dns_zone","provider_name":"registry.terraform.io/hashicorp/azurerm","schema_version":0,"values":{"resource_group_name":"appl-test-containerapp-westeurope","tags":{"deployedby":"Terraform IaC"},"timeouts":null},"sensitive_values":{"soa_record":[],"tags":{}}},{"address":"module.sampleapp.module.managed_environment.azurerm_private_dns_zone_virtual_network_link.vnet_link","mode":"managed","type":"azurerm_private_dns_zone_virtual_network_link","name":"vnet_link","provider_name":"registry.terraform.io/hashicorp/azurerm","schema_version":0,"values":{"name":"containerapplink","registration_enabled":false,"resource_group_name":"appl-test-containerapp-westeurope","tags":{"deployedby":"Terraform IaC"},"timeouts":null},"sensitive_values":{"tags":{}}}],"address":"module.sampleapp.module.managed_environment"},{"resources":[{"address":"module.sampleapp.module.managed_app_allure_docker_ui_service.azurerm_container_app.app","mode":"managed","type":"azurerm_container_app","name":"app","provider_name":"registry.terraform.io/hashicorp/azurerm","schema_version":0,"values":{"dapr":[],"identity":[],"ingress":[{"allow_insecure_connections":false,"exposed_port":null,"external_enabled":true,"ip_security_restriction":[],"target_port":5252,"traffic_weight":[{"label":null,"latest_revision":true,"percentage":100,"revision_suffix":null}],"transport":"auto"}],"registry":[],"resource_group_name":"appl-test-containerapp-westeurope","revision_mode":"Single","secret":[],"tags":null,"template":[{"azure_queue_scale_rule":[],"container":[{"args":null,"command":null,"cpu":0.25,"env":[{"name":"ALLURE_DOCKER_PUBLIC_API_URL","secret_name":null},{"name":"ALLURE_DOCKER_PUBLIC_API_URL_PREFIX","secret_name":null,"value":"/api"}],"image":"docker.io/frankescobar/allure-docker-service-ui:latest","liveness_probe":[],"memory":"0.5Gi","readiness_probe":[],"startup_probe":[],"volume_mounts":[]}],"custom_scale_rule":[],"http_scale_rule":[],"init_container":[],"max_replicas":1,"min_replicas":1,"tcp_scale_rule":[],"volume":[]}],"timeouts":null,"workload_profile_name":null},"sensitive_values":{"custom_domain_verification_id":true,"dapr":[],"identity":[],"ingress":[{"custom_domain":[],"ip_security_restriction":[],"traffic_weight":[{}]}],"outbound_ip_addresses":[],"registry":[],"secret":[],"template":[{"azure_queue_scale_rule":[],"container":[{"env":[{},{}],"liveness_probe":[],"readiness_probe":[],"startup_probe":[],"volume_mounts":[]}],"custom_scale_rule":[],"http_scale_rule":[],"init_container":[],"tcp_scale_rule":[],"volume":[]}]}},{"address":"module.sampleapp.module.managed_app_allure_docker_ui_service.azurerm_private_dns_a_record.containerapp_record","mode":"managed","type":"azurerm_private_dns_a_record","name":"containerapp_record","provider_name":"registry.terraform.io/hashicorp/azurerm","schema_version":0,"values":{"resource_group_name":"appl-test-containerapp-westeurope","tags":null,"timeouts":null,"ttl":300},"sensitive_values":{"records":[]}}],"address":"module.sampleapp.module.managed_app_allure_docker_ui_service"},{"resources":[{"address":"module.sampleapp.module.managed_app_allure_docker_service.azurerm_container_app.app","mode":"managed","type":"azurerm_container_app","name":"app","provider_name":"registry.terraform.io/hashicorp/azurerm","schema_version":0,"values":{"dapr":[],"identity":[],"ingress":[{"allow_insecure_connections":false,"exposed_port":null,"external_enabled":true,"ip_security_restriction":[],"target_port":5050,"traffic_weight":[{"label":null,"latest_revision":true,"percentage":100,"revision_suffix":null}],"transport":"auto"}],"registry":[],"resource_group_name":"appl-test-containerapp-westeurope","revision_mode":"Single","secret":[],"tags":null,"template":[{"azure_queue_scale_rule":[],"container":[{"args":null,"command":null,"cpu":0.25,"env":[{"name":"CHECK_RESULTS_EVERY_SECONDS","secret_name":null,"value":"NONE"},{"name":"KEEP_HISTORY","secret_name":null,"value":"1"},{"name":"KEEP_HISTORY_LATEST","secret_name":null,"value":"25"},{"name":"SECURITY_USER","secret_name":null,"value":"admin"},{"name":"SECURITY_PASS","secret_name":null,"value":"password"},{"name":"SECURITY_ENABLED","secret_name":null,"value":"1"},{"name":"MAKE_VIEWER_ENDPOINTS_PUBLIC","secret_name":null,"value":"1"},{"name":"URL_PREFIX","secret_name":null,"value":"/api"},{"name":"SERVER_URL","secret_name":null}],"image":"docker.io/frankescobar/allure-docker-service:latest","liveness_probe":[],"memory":"0.5Gi","readiness_probe":[],"startup_probe":[],"volume_mounts":[]}],"custom_scale_rule":[],"http_scale_rule":[],"init_container":[],"max_replicas":1,"min_replicas":1,"tcp_scale_rule":[],"volume":[]}],"timeouts":null,"workload_profile_name":null},"sensitive_values":{"custom_domain_verification_id":true,"dapr":[],"identity":[],"ingress":[{"custom_domain":[],"ip_security_restriction":[],"traffic_weight":[{}]}],"outbound_ip_addresses":[],"registry":[],"secret":[],"template":[{"azure_queue_scale_rule":[],"container":[{"env":[{},{},{},{},{},{},{},{},{}],"liveness_probe":[],"readiness_probe":[],"startup_probe":[],"volume_mounts":[]}],"custom_scale_rule":[],"http_scale_rule":[],"init_container":[],"tcp_scale_rule":[],"volume":[]}]}},{"address":"module.sampleapp.module.managed_app_allure_docker_service.azurerm_private_dns_a_record.containerapp_record","mode":"managed","type":"azurerm_private_dns_a_record","name":"containerapp_record","provider_name":"registry.terraform.io/hashicorp/azurerm","schema_version":0,"values":{"resource_group_name":"appl-test-containerapp-westeurope","tags":null,"timeouts":null,"ttl":300},"sensitive_values":{"records":[]}}],"address":"module.sampleapp.module.managed_app_allure_docker_service"},{"resources":[{"address":"module.sampleapp.module.application_gateway.azurerm_application_gateway.appgw","mode":"managed","type":"azurerm_application_gateway","name":"appgw","provider_name":"registry.terraform.io/hashicorp/azurerm","schema_version":0,"values":{"authentication_certificate":[],"autoscale_configuration":[{"max_capacity":2,"min_capacity":1}],"backend_address_pool":[{"ip_addresses":[]},{"ip_addresses":[]}],"backend_http_settings":[{"affinity_cookie_name":"","authentication_certificate":[],"connection_draining":[],"cookie_based_affinity":"Disabled","host_name":"","path":"/","pick_host_name_from_backend_address":true,"port":443,"probe_name":"","protocol":"Https","request_timeout":20,"trusted_root_certificate_names":[]},{"affinity_cookie_name":"","authentication_certificate":[],"connection_draining":[],"cookie_based_affinity":"Disabled","host_name":"","path":"/","pick_host_name_from_backend_address":true,"port":443,"probe_name":"","protocol":"Https","request_timeout":20,"trusted_root_certificate_names":[]}],"custom_error_configuration":[],"enable_http2":null,"fips_enabled":null,"firewall_policy_id":null,"force_firewall_policy_association":null,"frontend_port":[{"name":"443","port":443},{"name":"80","port":80}],"gateway_ip_configuration":[{}],"global":[],"http_listener":[{"custom_error_configuration":[],"firewall_policy_id":"","frontend_ip_configuration_name":"Public-frontend-ip-configuration","frontend_port_name":"80","host_name":"","host_names":[],"name":"allure-http-listener","protocol":"Http","require_sni":null,"ssl_certificate_name":"","ssl_profile_name":""}],"identity":[],"location":"westeurope","private_link_configuration":[],"probe":[],"redirect_configuration":[],"request_routing_rule":[{"backend_address_pool_name":"","backend_http_settings_name":"","http_listener_name":"allure-http-listener","name":"allure-request-routing-rule","priority":10,"redirect_configuration_name":"","rewrite_rule_set_name":"","rule_type":"PathBasedRouting","url_path_map_name":"allure-request-routing-rules"}],"resource_group_name":"appl-test-containerapp-westeurope","rewrite_rule_set":[],"sku":[{"capacity":null,"name":"WAF_v2","tier":"WAF_v2"}],"ssl_certificate":[],"ssl_profile":[],"tags":{"deployedby":"Terraform IaC"},"timeouts":null,"trusted_client_certificate":[],"trusted_root_certificate":[],"url_path_map":[{"default_redirect_configuration_name":null,"default_rewrite_rule_set_name":null,"name":"allure-request-routing-rules","path_rule":[{"firewall_policy_id":null,"paths":["/api*"],"redirect_configuration_name":null,"rewrite_rule_set_name":null}]}],"waf_configuration":[{"disabled_rule_group":[],"enabled":true,"exclusion":[],"file_upload_limit_mb":100,"firewall_mode":"Detection","max_request_body_size_kb":128,"request_body_check":true,"rule_set_type":"OWASP","rule_set_version":"3.0"}],"zones":null},"sensitive_values":{"authentication_certificate":[],"autoscale_configuration":[{}],"backend_address_pool":[{"fqdns":[],"ip_addresses":[]},{"fqdns":[],"ip_addresses":[]}],"backend_http_settings":[{"authentication_certificate":[],"connection_draining":[],"trusted_root_certificate_names":[]},{"authentication_certificate":[],"connection_draining":[],"trusted_root_certificate_names":[]}],"custom_error_configuration":[],"frontend_ip_configuration":[],"frontend_port":[{},{}],"gateway_ip_configuration":[{}],"global":[],"http_listener":[{"custom_error_configuration":[],"host_names":[]}],"identity":[],"private_endpoint_connection":[],"private_link_configuration":[],"probe":[],"redirect_configuration":[],"request_routing_rule":[{}],"rewrite_rule_set":[],"sku":[{}],"ssl_certificate":[],"ssl_policy":[],"ssl_profile":[],"tags":{},"trusted_client_certificate":[],"trusted_root_certificate":[],"url_path_map":[{"path_rule":[{"paths":[false]}]}],"waf_configuration":[{"disabled_rule_group":[],"exclusion":[]}]}}],"address":"module.sampleapp.module.application_gateway"}]}]}},"resource_changes":[{"address":"module.sampleapp.random_string.deployment_string","module_address":"module.sampleapp","mode":"managed","type":"random_string","name":"deployment_string","provider_name":"registry.terraform.io/hashicorp/random","change":{"actions":["create"],"before":null,"after":{"keepers":{"resource_group":"appl-test-containerapp-westeurope"},"length":13,"lower":true,"min_lower":0,"min_numeric":0,"min_special":0,"min_upper":0,"number":false,"numeric":false,"override_special":null,"special":false,"upper":false},"after_unknown":{"id":true,"keepers":{},"result":true},"before_sensitive":false,"after_sensitive":{"keepers":{}}}},{"address":"module.sampleapp.module.application_gateway.azurerm_application_gateway.appgw","module_address":"module.sampleapp.module.application_gateway","mode":"managed","type":"azurerm_application_gateway","name":"appgw","provider_name":"registry.terraform.io/hashicorp/azurerm","change":{"actions":["create"],"before":null,"after":{"authentication_certificate":[],"autoscale_configuration":[{"max_capacity":2,"min_capacity":1}],"backend_address_pool":[{"ip_addresses":[]},{"ip_addresses":[]}],"backend_http_settings":[{"affinity_cookie_name":"","authentication_certificate":[],"connection_draining":[],"cookie_based_affinity":"Disabled","host_name":"","path":"/","pick_host_name_from_backend_address":true,"port":443,"probe_name":"","protocol":"Https","request_timeout":20,"trusted_root_certificate_names":[]},{"affinity_cookie_name":"","authentication_certificate":[],"connection_draining":[],"cookie_based_affinity":"Disabled","host_name":"","path":"/","pick_host_name_from_backend_address":true,"port":443,"probe_name":"","protocol":"Https","request_timeout":20,"trusted_root_certificate_names":[]}],"custom_error_configuration":[],"enable_http2":null,"fips_enabled":null,"firewall_policy_id":null,"force_firewall_policy_association":null,"frontend_port":[{"name":"443","port":443},{"name":"80","port":80}],"gateway_ip_configuration":[{}],"global":[],"http_listener":[{"custom_error_configuration":[],"firewall_policy_id":"","frontend_ip_configuration_name":"Public-frontend-ip-configuration","frontend_port_name":"80","host_name":"","host_names":[],"name":"allure-http-listener","protocol":"Http","require_sni":null,"ssl_certificate_name":"","ssl_profile_name":""}],"identity":[],"location":"westeurope","private_link_configuration":[],"probe":[],"redirect_configuration":[],"request_routing_rule":[{"backend_address_pool_name":"","backend_http_settings_name":"","http_listener_name":"allure-http-listener","name":"allure-request-routing-rule","priority":10,"redirect_configuration_name":"","rewrite_rule_set_name":"","rule_type":"PathBasedRouting","url_path_map_name":"allure-request-routing-rules"}],"resource_group_name":"appl-test-containerapp-westeurope","rewrite_rule_set":[],"sku":[{"capacity":null,"name":"WAF_v2","tier":"WAF_v2"}],"ssl_certificate":[],"ssl_profile":[],"tags":{"deployedby":"Terraform IaC"},"timeouts":null,"trusted_client_certificate":[],"trusted_root_certificate":[],"url_path_map":[{"default_redirect_configuration_name":null,"default_rewrite_rule_set_name":null,"name":"allure-request-routing-rules","path_rule":[{"firewall_policy_id":null,"paths":["/api*"],"redirect_configuration_name":null,"rewrite_rule_set_name":null}]}],"waf_configuration":[{"disabled_rule_group":[],"enabled":true,"exclusion":[],"file_upload_limit_mb":100,"firewall_mode":"Detection","max_request_body_size_kb":128,"request_body_check":true,"rule_set_type":"OWASP","rule_set_version":"3.0"}],"zones":null},"after_unknown":{"authentication_certificate":[],"autoscale_configuration":[{}],"backend_address_pool":[{"fqdns":true,"id":true,"ip_addresses":[],"name":true},{"fqdns":true,"id":true,"ip_addresses":[],"name":true}],"backend_http_settings":[{"authentication_certificate":[],"connection_draining":[],"id":true,"name":true,"probe_id":true,"trusted_root_certificate_names":[]},{"authentication_certificate":[],"connection_draining":[],"id":true,"name":true,"probe_id":true,"trusted_root_certificate_names":[]}],"custom_error_configuration":[],"frontend_ip_configuration":true,"frontend_port":[{"id":true},{"id":true}],"gateway_ip_configuration":[{"id":true,"name":true,"subnet_id":true}],"global":[],"http_listener":[{"custom_error_configuration":[],"frontend_ip_configuration_id":true,"frontend_port_id":true,"host_names":[],"id":true,"ssl_certificate_id":true,"ssl_profile_id":true}],"id":true,"identity":[],"name":true,"private_endpoint_connection":true,"private_link_configuration":[],"probe":[],"redirect_configuration":[],"request_routing_rule":[{"backend_address_pool_id":true,"backend_http_settings_id":true,"http_listener_id":true,"id":true,"redirect_configuration_id":true,"rewrite_rule_set_id":true,"url_path_map_id":true}],"rewrite_rule_set":[],"sku":[{}],"ssl_certificate":[],"ssl_policy":true,"ssl_profile":[],"tags":{},"trusted_client_certificate":[],"trusted_root_certificate":[],"url_path_map":[{"default_backend_address_pool_id":true,"default_backend_address_pool_name":true,"default_backend_http_settings_id":true,"default_backend_http_settings_name":true,"default_redirect_configuration_id":true,"default_rewrite_rule_set_id":true,"id":true,"path_rule":[{"backend_address_pool_id":true,"backend_address_pool_name":true,"backend_http_settings_id":true,"backend_http_settings_name":true,"id":true,"name":true,"paths":[false],"redirect_configuration_id":true,"rewrite_rule_set_id":true}]}],"waf_configuration":[{"disabled_rule_group":[],"exclusion":[]}]},"before_sensitive":false,"after_sensitive":{"authentication_certificate":[],"autoscale_configuration":[{}],"backend_address_pool":[{"fqdns":[],"ip_addresses":[]},{"fqdns":[],"ip_addresses":[]}],"backend_http_settings":[{"authentication_certificate":[],"connection_draining":[],"trusted_root_certificate_names":[]},{"authentication_certificate":[],"connection_draining":[],"trusted_root_certificate_names":[]}],"custom_error_configuration":[],"frontend_ip_configuration":[],"frontend_port":[{},{}],"gateway_ip_configuration":[{}],"global":[],"http_listener":[{"custom_error_configuration":[],"host_names":[]}],"identity":[],"private_endpoint_connection":[],"private_link_configuration":[],"probe":[],"redirect_configuration":[],"request_routing_rule":[{}],"rewrite_rule_set":[],"sku":[{}],"ssl_certificate":[],"ssl_policy":[],"ssl_profile":[],"tags":{},"trusted_client_certificate":[],"trusted_root_certificate":[],"url_path_map":[{"path_rule":[{"paths":[false]}]}],"waf_configuration":[{"disabled_rule_group":[],"exclusion":[]}]}}},{"address":"module.sampleapp.module.log_analytics_workspace.azurerm_log_analytics_workspace.log_analytics_workspace","module_address":"module.sampleapp.module.log_analytics_workspace","mode":"managed","type":"azurerm_log_analytics_workspace","name":"log_analytics_workspace","provider_name":"registry.terraform.io/hashicorp/azurerm","change":{"actions":["create"],"before":null,"after":{"allow_resource_only_permissions":true,"cmk_for_query_forced":null,"daily_quota_gb":-1,"data_collection_rule_id":null,"identity":[],"immediate_data_purge_on_30_days_enabled":null,"internet_ingestion_enabled":true,"internet_query_enabled":true,"local_authentication_disabled":false,"location":"westeurope","reservation_capacity_in_gb_per_day":null,"resource_group_name":"appl-test-containerapp-westeurope","retention_in_days":30,"sku":"PerGB2018","tags":{"deployedby":"Terraform IaC"},"timeouts":null},"after_unknown":{"id":true,"identity":[],"name":true,"primary_shared_key":true,"secondary_shared_key":true,"tags":{},"workspace_id":true},"before_sensitive":false,"after_sensitive":{"identity":[],"primary_shared_key":true,"secondary_shared_key":true,"tags":{}}}},{"address":"module.sampleapp.module.managed_app_allure_docker_service.azurerm_container_app.app","module_address":"module.sampleapp.module.managed_app_allure_docker_service","mode":"managed","type":"azurerm_container_app","name":"app","provider_name":"registry.terraform.io/hashicorp/azurerm","change":{"actions":["create"],"before":null,"after":{"dapr":[],"identity":[],"ingress":[{"allow_insecure_connections":false,"exposed_port":null,"external_enabled":true,"ip_security_restriction":[],"target_port":5050,"traffic_weight":[{"label":null,"latest_revision":true,"percentage":100,"revision_suffix":null}],"transport":"auto"}],"registry":[],"resource_group_name":"appl-test-containerapp-westeurope","revision_mode":"Single","secret":[],"tags":null,"template":[{"azure_queue_scale_rule":[],"container":[{"args":null,"command":null,"cpu":0.25,"env":[{"name":"CHECK_RESULTS_EVERY_SECONDS","secret_name":null,"value":"NONE"},{"name":"KEEP_HISTORY","secret_name":null,"value":"1"},{"name":"KEEP_HISTORY_LATEST","secret_name":null,"value":"25"},{"name":"SECURITY_USER","secret_name":null,"value":"admin"},{"name":"SECURITY_PASS","secret_name":null,"value":"password"},{"name":"SECURITY_ENABLED","secret_name":null,"value":"1"},{"name":"MAKE_VIEWER_ENDPOINTS_PUBLIC","secret_name":null,"value":"1"},{"name":"URL_PREFIX","secret_name":null,"value":"/api"},{"name":"SERVER_URL","secret_name":null}],"image":"docker.io/frankescobar/allure-docker-service:latest","liveness_probe":[],"memory":"0.5Gi","readiness_probe":[],"startup_probe":[],"volume_mounts":[]}],"custom_scale_rule":[],"http_scale_rule":[],"init_container":[],"max_replicas":1,"min_replicas":1,"tcp_scale_rule":[],"volume":[]}],"timeouts":null,"workload_profile_name":null},"after_unknown":{"container_app_environment_id":true,"custom_domain_verification_id":true,"dapr":[],"id":true,"identity":[],"ingress":[{"custom_domain":true,"fqdn":true,"ip_security_restriction":[],"traffic_weight":[{}]}],"latest_revision_fqdn":true,"latest_revision_name":true,"location":true,"name":true,"outbound_ip_addresses":true,"registry":[],"secret":[],"template":[{"azure_queue_scale_rule":[],"container":[{"env":[{},{},{},{},{},{},{},{},{"value":true}],"ephemeral_storage":true,"liveness_probe":[],"name":true,"readiness_probe":[],"startup_probe":[],"volume_mounts":[]}],"custom_scale_rule":[],"http_scale_rule":[],"init_container":[],"revision_suffix":true,"tcp_scale_rule":[],"volume":[]}]},"before_sensitive":false,"after_sensitive":{"custom_domain_verification_id":true,"dapr":[],"identity":[],"ingress":[{"custom_domain":[],"ip_security_restriction":[],"traffic_weight":[{}]}],"outbound_ip_addresses":[],"registry":[],"secret":[],"template":[{"azure_queue_scale_rule":[],"container":[{"env":[{},{},{},{},{},{},{},{},{}],"liveness_probe":[],"readiness_probe":[],"startup_probe":[],"volume_mounts":[]}],"custom_scale_rule":[],"http_scale_rule":[],"init_container":[],"tcp_scale_rule":[],"volume":[]}]}}},{"address":"module.sampleapp.module.managed_app_allure_docker_service.azurerm_private_dns_a_record.containerapp_record","module_address":"module.sampleapp.module.managed_app_allure_docker_service","mode":"managed","type":"azurerm_private_dns_a_record","name":"containerapp_record","provider_name":"registry.terraform.io/hashicorp/azurerm","change":{"actions":["create"],"before":null,"after":{"resource_group_name":"appl-test-containerapp-westeurope","tags":null,"timeouts":null,"ttl":300},"after_unknown":{"fqdn":true,"id":true,"name":true,"records":true,"zone_name":true},"before_sensitive":false,"after_sensitive":{"records":[]}}},{"address":"module.sampleapp.module.managed_app_allure_docker_ui_service.azurerm_container_app.app","module_address":"module.sampleapp.module.managed_app_allure_docker_ui_service","mode":"managed","type":"azurerm_container_app","name":"app","provider_name":"registry.terraform.io/hashicorp/azurerm","change":{"actions":["create"],"before":null,"after":{"dapr":[],"identity":[],"ingress":[{"allow_insecure_connections":false,"exposed_port":null,"external_enabled":true,"ip_security_restriction":[],"target_port":5252,"traffic_weight":[{"label":null,"latest_revision":true,"percentage":100,"revision_suffix":null}],"transport":"auto"}],"registry":[],"resource_group_name":"appl-test-containerapp-westeurope","revision_mode":"Single","secret":[],"tags":null,"template":[{"azure_queue_scale_rule":[],"container":[{"args":null,"command":null,"cpu":0.25,"env":[{"name":"ALLURE_DOCKER_PUBLIC_API_URL","secret_name":null},{"name":"ALLURE_DOCKER_PUBLIC_API_URL_PREFIX","secret_name":null,"value":"/api"}],"image":"docker.io/frankescobar/allure-docker-service-ui:latest","liveness_probe":[],"memory":"0.5Gi","readiness_probe":[],"startup_probe":[],"volume_mounts":[]}],"custom_scale_rule":[],"http_scale_rule":[],"init_container":[],"max_replicas":1,"min_replicas":1,"tcp_scale_rule":[],"volume":[]}],"timeouts":null,"workload_profile_name":null},"after_unknown":{"container_app_environment_id":true,"custom_domain_verification_id":true,"dapr":[],"id":true,"identity":[],"ingress":[{"custom_domain":true,"fqdn":true,"ip_security_restriction":[],"traffic_weight":[{}]}],"latest_revision_fqdn":true,"latest_revision_name":true,"location":true,"name":true,"outbound_ip_addresses":true,"registry":[],"secret":[],"template":[{"azure_queue_scale_rule":[],"container":[{"env":[{"value":true},{}],"ephemeral_storage":true,"liveness_probe":[],"name":true,"readiness_probe":[],"startup_probe":[],"volume_mounts":[]}],"custom_scale_rule":[],"http_scale_rule":[],"init_container":[],"revision_suffix":true,"tcp_scale_rule":[],"volume":[]}]},"before_sensitive":false,"after_sensitive":{"custom_domain_verification_id":true,"dapr":[],"identity":[],"ingress":[{"custom_domain":[],"ip_security_restriction":[],"traffic_weight":[{}]}],"outbound_ip_addresses":[],"registry":[],"secret":[],"template":[{"azure_queue_scale_rule":[],"container":[{"env":[{},{}],"liveness_probe":[],"readiness_probe":[],"startup_probe":[],"volume_mounts":[]}],"custom_scale_rule":[],"http_scale_rule":[],"init_container":[],"tcp_scale_rule":[],"volume":[]}]}}},{"address":"module.sampleapp.module.managed_app_allure_docker_ui_service.azurerm_private_dns_a_record.containerapp_record","module_address":"module.sampleapp.module.managed_app_allure_docker_ui_service","mode":"managed","type":"azurerm_private_dns_a_record","name":"containerapp_record","provider_name":"registry.terraform.io/hashicorp/azurerm","change":{"actions":["create"],"before":null,"after":{"resource_group_name":"appl-test-containerapp-westeurope","tags":null,"timeouts":null,"ttl":300},"after_unknown":{"fqdn":true,"id":true,"name":true,"records":true,"zone_name":true},"before_sensitive":false,"after_sensitive":{"records":[]}}},{"address":"module.sampleapp.module.managed_environment.azurerm_container_app_environment.container_app_environment","module_address":"module.sampleapp.module.managed_environment","mode":"managed","type":"azurerm_container_app_environment","name":"container_app_environment","provider_name":"registry.terraform.io/hashicorp/azurerm","change":{"actions":["create"],"before":null,"after":{"dapr_application_insights_connection_string":null,"infrastructure_resource_group_name":null,"internal_load_balancer_enabled":true,"location":"westeurope","mutual_tls_enabled":false,"resource_group_name":"appl-test-containerapp-westeurope","tags":{"deployedby":"Terraform IaC"},"timeouts":{"create":"4h","delete":null,"read":null,"update":null},"workload_profile":[],"zone_redundancy_enabled":false},"after_unknown":{"custom_domain_verification_id":true,"default_domain":true,"docker_bridge_cidr":true,"id":true,"infrastructure_subnet_id":true,"log_analytics_workspace_id":true,"name":true,"platform_reserved_cidr":true,"platform_reserved_dns_ip_address":true,"static_ip_address":true,"tags":{},"timeouts":{},"workload_profile":[]},"before_sensitive":false,"after_sensitive":{"dapr_application_insights_connection_string":true,"tags":{},"timeouts":{},"workload_profile":[]}}},{"address":"module.sampleapp.module.managed_environment.azurerm_private_dns_zone.private_dns_zone","module_address":"module.sampleapp.module.managed_environment","mode":"managed","type":"azurerm_private_dns_zone","name":"private_dns_zone","provider_name":"registry.terraform.io/hashicorp/azurerm","change":{"actions":["create"],"before":null,"after":{"resource_group_name":"appl-test-containerapp-westeurope","tags":{"deployedby":"Terraform IaC"},"timeouts":null},"after_unknown":{"id":true,"max_number_of_record_sets":true,"max_number_of_virtual_network_links":true,"max_number_of_virtual_network_links_with_registration":true,"name":true,"number_of_record_sets":true,"soa_record":true,"tags":{}},"before_sensitive":false,"after_sensitive":{"soa_record":[],"tags":{}}}},{"address":"module.sampleapp.module.managed_environment.azurerm_private_dns_zone_virtual_network_link.vnet_link","module_address":"module.sampleapp.module.managed_environment","mode":"managed","type":"azurerm_private_dns_zone_virtual_network_link","name":"vnet_link","provider_name":"registry.terraform.io/hashicorp/azurerm","change":{"actions":["create"],"before":null,"after":{"name":"containerapplink","registration_enabled":false,"resource_group_name":"appl-test-containerapp-westeurope","tags":{"deployedby":"Terraform IaC"},"timeouts":null},"after_unknown":{"id":true,"private_dns_zone_name":true,"tags":{},"virtual_network_id":true},"before_sensitive":false,"after_sensitive":{"tags":{}}}},{"address":"module.sampleapp.module.public_ip_application_gateway.azurerm_public_ip.public_ip","module_address":"module.sampleapp.module.public_ip_application_gateway","mode":"managed","type":"azurerm_public_ip","name":"public_ip","provider_name":"registry.terraform.io/hashicorp/azurerm","change":{"actions":["create"],"before":null,"after":{"allocation_method":"Static","ddos_protection_mode":"VirtualNetworkInherited","ddos_protection_plan_id":null,"domain_name_label":null,"edge_zone":null,"idle_timeout_in_minutes":4,"ip_tags":null,"ip_version":"IPv4","location":"westeurope","public_ip_prefix_id":null,"resource_group_name":"appl-test-containerapp-westeurope","reverse_fqdn":null,"sku":"Standard","sku_tier":"Regional","tags":{"deployedby":"Terraform IaC"},"timeouts":null,"zones":null},"after_unknown":{"fqdn":true,"id":true,"ip_address":true,"name":true,"tags":{}},"before_sensitive":false,"after_sensitive":{"tags":{}}}},{"address":"module.sampleapp.module.resource_group.azurerm_resource_group.resource_group","module_address":"module.sampleapp.module.resource_group","mode":"managed","type":"azurerm_resource_group","name":"resource_group","provider_name":"registry.terraform.io/hashicorp/azurerm","change":{"actions":["create"],"before":null,"after":{"location":"westeurope","managed_by":null,"name":"appl-test-containerapp-westeurope","tags":{"deployedby":"Terraform IaC"},"timeouts":null},"after_unknown":{"id":true,"tags":{}},"before_sensitive":false,"after_sensitive":{"tags":{}}}},{"address":"module.sampleapp.module.subnet_applicationgateway.azurerm_subnet.subnet","module_address":"module.sampleapp.module.subnet_applicationgateway","mode":"managed","type":"azurerm_subnet","name":"subnet","provider_name":"registry.terraform.io/hashicorp/azurerm","change":{"actions":["create"],"before":null,"after":{"address_prefixes":["10.0.8.0/24"],"default_outbound_access_enabled":true,"delegation":[],"name":"applicationgateway","resource_group_name":"appl-test-containerapp-westeurope","service_endpoint_policy_ids":null,"service_endpoints":null,"timeouts":null},"after_unknown":{"address_prefixes":[false],"delegation":[],"enforce_private_link_endpoint_network_policies":true,"enforce_private_link_service_network_policies":true,"id":true,"private_endpoint_network_policies":true,"private_endpoint_network_policies_enabled":true,"private_link_service_network_policies_enabled":true,"virtual_network_name":true},"before_sensitive":false,"after_sensitive":{"address_prefixes":[false],"delegation":[]}}},{"address":"module.sampleapp.module.subnet_containerapps.azurerm_subnet.subnet","module_address":"module.sampleapp.module.subnet_containerapps","mode":"managed","type":"azurerm_subnet","name":"subnet","provider_name":"registry.terraform.io/hashicorp/azurerm","change":{"actions":["create"],"before":null,"after":{"address_prefixes":["10.0.0.0/21"],"default_outbound_access_enabled":true,"delegation":[],"name":"containerapps","resource_group_name":"appl-test-containerapp-westeurope","service_endpoint_policy_ids":null,"service_endpoints":null,"timeouts":null},"after_unknown":{"address_prefixes":[false],"delegation":[],"enforce_private_link_endpoint_network_policies":true,"enforce_private_link_service_network_policies":true,"id":true,"private_endpoint_network_policies":true,"private_endpoint_network_policies_enabled":true,"private_link_service_network_policies_enabled":true,"virtual_network_name":true},"before_sensitive":false,"after_sensitive":{"address_prefixes":[false],"delegation":[]}}},{"address":"module.sampleapp.module.virtual_network.azurerm_virtual_network.virtual_network","module_address":"module.sampleapp.module.virtual_network","mode":"managed","type":"azurerm_virtual_network","name":"virtual_network","provider_name":"registry.terraform.io/hashicorp/azurerm","change":{"actions":["create"],"before":null,"after":{"address_space":["10.0.0.0/16"],"bgp_community":null,"ddos_protection_plan":[],"edge_zone":null,"encryption":[],"flow_timeout_in_minutes":null,"location":"westeurope","resource_group_name":"appl-test-containerapp-westeurope","tags":{"deployedby":"Terraform IaC"},"timeouts":null},"after_unknown":{"address_space":[false],"ddos_protection_plan":[],"dns_servers":true,"encryption":[],"guid":true,"id":true,"name":true,"subnet":true,"tags":{}},"before_sensitive":false,"after_sensitive":{"address_space":[false],"ddos_protection_plan":[],"dns_servers":[],"encryption":[],"subnet":[],"tags":{}}}}],"prior_state":{"format_version":"1.0","terraform_version":"1.9.4","values":{"root_module":{"child_modules":[{"resources":[{"address":"module.sampleapp.data.azurerm_client_config.current","mode":"data","type":"azurerm_client_config","name":"current","provider_name":"registry.terraform.io/hashicorp/azurerm","schema_version":0,"values":{"client_id":"04b07795-8ddb-461a-bbee-02f9e1bf7b46","id":"Y2xpZW50Q29uZmlncy9jbGllbnRJZD0wNGIwNzc5NS04ZGRiLTQ2MWEtYmJlZS0wMmY5ZTFiZjdiNDY7b2JqZWN0SWQ9NjJlNTM3MGEtMmJmNC00NzM0LTg1MTEtY2M3OTg4MjVmMDYyO3N1YnNjcmlwdGlvbklkPTFiNzQxNGEzLWIwMzQtNGY3Yi05NzA4LTM1N2YxZGRlY2Q3YTt0ZW5hbnRJZD1lNjZlNzdiNC01NzI0LTQ0ZDctODcyMS0wNmRmMTYwNDUwY2U=","object_id":"62e5370a-2bf4-4734-8511-cc798825f062","subscription_id":"1b7414a3-b034-4f7b-9708-357f1ddecd7a","tenant_id":"e66e77b4-5724-44d7-8721-06df160450ce","timeouts":null},"sensitive_values":{}}],"address":"module.sampleapp"}]}}},"configuration":{"provider_config":{"module.sampleapp:azurerm":{"name":"azurerm","full_name":"registry.terraform.io/hashicorp/azurerm","module_address":"module.sampleapp","expressions":{"features":[{}]}},"module.sampleapp:random":{"name":"random","full_name":"registry.terraform.io/hashicorp/random","module_address":"module.sampleapp"}},"root_module":{"module_calls":{"sampleapp":{"source":"./modules/custom/containerinfrastructure/v1.0.0","expressions":{"common_tags":{"references":["var.common_tags"]},"location":{"references":["var.location"]},"resource_group_name":{"constant_value":"appl-test-containerapp-westeurope"},"subscription_id":{"constant_value":"4900d9ad-3740-49ee-8e3f-75dba81a55d6"}},"module":{"resources":[{"address":"random_string.deployment_string","mode":"managed","type":"random_string","name":"deployment_string","provider_config_key":"module.sampleapp:random","expressions":{"keepers":{"references":["var.resource_group_name"]},"length":{"constant_value":13},"lower":{"constant_value":true},"numeric":{"constant_value":false},"special":{"constant_value":false},"upper":{"constant_value":false}},"schema_version":2},{"address":"data.azurerm_client_config.current","mode":"data","type":"azurerm_client_config","name":"current","provider_config_key":"module.sampleapp:azurerm","schema_version":0}],"module_calls":{"application_gateway":{"source":"../../../public/terraform-azurerm-application-gateway/v1.2.1","expressions":{"autoscale_configuration":{"constant_value":{"max_capacity":2,"min_capacity":1}},"backend_address_pools":{"references":["module.managed_app_allure_docker_ui_service.name","module.managed_app_allure_docker_ui_service","module.managed_app_allure_docker_ui_service.name","module.managed_app_allure_docker_ui_service","module.managed_environment.private_dns_zone_name","module.managed_environment","module.managed_app_allure_docker_service.name","module.managed_app_allure_docker_service","module.managed_app_allure_docker_service.name","module.managed_app_allure_docker_service","module.managed_environment.private_dns_zone_name","module.managed_environment"]},"backend_http_settings":{"references":["module.managed_app_allure_docker_ui_service.name","module.managed_app_allure_docker_ui_service","module.managed_app_allure_docker_service.name","module.managed_app_allure_docker_service"]},"frontend_ip_configuration":{"references":["module.public_ip_application_gateway.id","module.public_ip_application_gateway"]},"http_listeners":{"constant_value":[{"frontend_ip_configuration":"Public","name":"allure-http-listener","port":80,"protocol":"Http"}]},"location":{"references":["var.location"]},"name":{"references":["random_string.deployment_string.result","random_string.deployment_string"]},"request_routing_rules":{"constant_value":[{"http_listener_name":"allure-http-listener","name":"allure-request-routing-rule","priority":10,"url_path_map_name":"allure-request-routing-rules"}]},"resource_group_name":{"references":["module.resource_group.name","module.resource_group"]},"sku":{"constant_value":{"size":"WAF_v2","tier":"WAF_v2"}},"subnet_id":{"references":["module.subnet_applicationgateway.id","module.subnet_applicationgateway"]},"tags":{"references":["var.common_tags"]},"url_path_map_path_rules":{"references":["module.managed_app_allure_docker_service.name","module.managed_app_allure_docker_service","module.managed_app_allure_docker_service.name","module.managed_app_allure_docker_service","module.managed_app_allure_docker_service.name","module.managed_app_allure_docker_service"]},"url_path_maps":{"references":["module.managed_app_allure_docker_ui_service.name","module.managed_app_allure_docker_ui_service","module.managed_app_allure_docker_ui_service.name","module.managed_app_allure_docker_ui_service"]},"waf_configuration":{"constant_value":{"enabled":true,"firewall_mode":"Detection","rule_set_version":"3.0"}}},"module":{"outputs":{"backend_address_pools":{"expression":{"references":["azurerm_application_gateway.appgw.backend_address_pool","azurerm_application_gateway.appgw"]},"description":"Blocks containing configuration of each backend address pool."},"backend_http_settings":{"expression":{"references":["azurerm_application_gateway.appgw.backend_http_settings","azurerm_application_gateway.appgw"]},"description":"Blocks containing configuration of each backend http settings."},"http_listeners":{"expression":{"references":["azurerm_application_gateway.appgw.http_listener","azurerm_application_gateway.appgw"]},"description":"Blocks containing configuration of each http listener."},"id":{"expression":{"references":["azurerm_application_gateway.appgw.id","azurerm_application_gateway.appgw"]},"description":"The application gateway configuration ID."},"location":{"expression":{"references":["azurerm_application_gateway.appgw.location","azurerm_application_gateway.appgw"]},"description":"The location/region where the application gateway is created."},"name":{"expression":{"references":["azurerm_application_gateway.appgw.name","azurerm_application_gateway.appgw"]},"description":"The name of the application gateway."},"request_routing_rules":{"expression":{"references":["azurerm_application_gateway.appgw.request_routing_rule","azurerm_application_gateway.appgw"]},"description":"Blocks containing configuration of each request routing rule."},"resource_group_name":{"expression":{"references":["azurerm_application_gateway.appgw.resource_group_name","azurerm_application_gateway.appgw"]},"description":"The name of the resource group in which to create the application gateway."},"ssl_certificates":{"expression":{"references":["azurerm_application_gateway.appgw.ssl_certificate","azurerm_application_gateway.appgw"]},"description":"Blocks containing configuration of each ssl certificate."},"tags":{"expression":{"references":["azurerm_application_gateway.appgw.tags","azurerm_application_gateway.appgw"]},"description":"The tags assigned to the resource."}},"resources":[{"address":"azurerm_application_gateway.appgw","mode":"managed","type":"azurerm_application_gateway","name":"appgw","provider_config_key":"module.sampleapp:azurerm","expressions":{"frontend_port":[{"name":{"constant_value":"80"},"port":{"constant_value":80}},{"name":{"constant_value":"443"},"port":{"constant_value":443}}],"gateway_ip_configuration":[{"name":{"references":["var.name"]},"subnet_id":{"references":["var.subnet_id"]}}],"location":{"references":["var.location"]},"name":{"references":["var.name"]},"resource_group_name":{"references":["var.resource_group_name"]},"sku":[{"capacity":{"references":["var.sku"]},"name":{"references":["var.sku.size","var.sku"]},"tier":{"references":["var.sku.tier","var.sku"]}}],"tags":{"references":["var.tags"]}},"schema_version":0}],"variables":{"autoscale_configuration":{"default":{}},"backend_address_pools":{"default":[],"description":"List of objects that represent the configuration of each backend address pool."},"backend_http_settings":{"default":[],"description":"List of objects that represent the configuration of each backend http settings."},"frontend_ip_configuration":{"default":{},"description":"A mapping the front ip configuration."},"http_listeners":{"default":[],"description":"List of objects that represent the configuration of each http listener."},"identity_id":{"default":null,"description":"Specifies a user managed identity id to be assigned to the Application Gateway."},"location":{"default":"eastus","description":"The location/region where the Application Gateway is created."},"name":{"default":"hp4vhold","description":"The name of the Application Gateway."},"probes":{"default":[],"description":"List of objects that represent the configuration of each probe."},"request_routing_rules":{"default":[],"description":"List of objects that represent the configuration of each backend request routing rule."},"resource_group_name":{"default":"qek5hold","description":"The name of the resource group in which to create the Application Gateway."},"sku":{"default":{},"description":"A mapping with the sku configuration of the application gateway."},"ssl_certificates":{"default":[],"description":"List of objects that represent the configuration of each ssl certificate."},"subnet_id":{"default":"cgzehold","description":"The ID of the Subnet which the Application Gateway should be connected to."},"tags":{"default":{},"description":"A mapping of tags to assign to the resource."},"url_path_map_path_rules":{"default":[],"description":"List of objects that represent the configuration of each url_path_map."},"url_path_maps":{"default":[],"description":"List of objects that represent the configuration of each url_path_map."},"waf_configuration":{"default":{}}}}},"log_analytics_workspace":{"source":"../../../common/azurerm_log_analytics_workspace/v1.0.0","expressions":{"common_tags":{"references":["var.common_tags"]},"location":{"references":["var.location"]},"log_analytics_workspace_name":{"references":["random_string.deployment_string.result","random_string.deployment_string"]},"resource_group_name":{"references":["module.resource_group.name","module.resource_group"]}},"module":{"outputs":{"id":{"expression":{"references":["azurerm_log_analytics_workspace.log_analytics_workspace.id","azurerm_log_analytics_workspace.log_analytics_workspace"]},"description":"The log analytics ID."},"primary_shared_key":{"expression":{"references":["azurerm_log_analytics_workspace.log_analytics_workspace.primary_shared_key","azurerm_log_analytics_workspace.log_analytics_workspace"]},"description":"The log analytics ID."},"workspace_id":{"expression":{"references":["azurerm_log_analytics_workspace.log_analytics_workspace.workspace_id","azurerm_log_analytics_workspace.log_analytics_workspace"]},"description":"The log analytics ID."}},"resources":[{"address":"azurerm_log_analytics_workspace.log_analytics_workspace","mode":"managed","type":"azurerm_log_analytics_workspace","name":"log_analytics_workspace","provider_config_key":"module.sampleapp:azurerm","expressions":{"location":{"references":["var.location"]},"name":{"references":["var.log_analytics_workspace_name"]},"resource_group_name":{"references":["var.resource_group_name"]},"retention_in_days":{"references":["var.log_analytics_workspace_retention_in_days"]},"sku":{"references":["var.log_analytics_workspace_sku"]},"tags":{"references":["var.common_tags"]}},"schema_version":3}],"variables":{"common_tags":{"default":null,"description":"The tags to be added to all resources."},"location":{"default":"eastus","description":"The location to deploy to."},"log_analytics_workspace_name":{"default":"p013hold","description":"The log analytics name to deploy."},"log_analytics_workspace_retention_in_days":{"default":30,"description":"The log analytics retension."},"log_analytics_workspace_sku":{"default":"PerGB2018","description":"The log analytics sku."},"resource_group_name":{"default":"9tphhold","description":"The resource group name to deploy to."}}}},"managed_app_allure_docker_service":{"source":"../../../common/azurerm_container_app/v1.0.0","expressions":{"common_tags":{"references":["var.common_tags"]},"container_app_envs":{"references":["module.public_ip_application_gateway.ip_address","module.public_ip_application_gateway"]},"container_app_image":{"constant_value":"docker.io/frankescobar/allure-docker-service:latest"},"container_app_managed_environment_id":{"references":["module.managed_environment.id","module.managed_environment"]},"container_app_managed_environment_static_ip_address":{"references":["module.managed_environment.static_ip_address","module.managed_environment"]},"container_app_managed_environment_zone_name":{"references":["module.managed_environment.private_dns_zone_name","module.managed_environment"]},"container_app_name":{"references":["random_string.deployment_string.result","random_string.deployment_string"]},"container_app_port":{"constant_value":5050},"resource_group_name":{"references":["module.resource_group.name","module.resource_group"]}},"module":{"outputs":{"id":{"expression":{"references":["azurerm_container_app.app.id","azurerm_container_app.app"]},"description":"The managed app ID."},"name":{"expression":{"references":["azurerm_container_app.app.name","azurerm_container_app.app"]},"description":"The managed app name."}},"resources":[{"address":"azurerm_container_app.app","mode":"managed","type":"azurerm_container_app","name":"app","provider_config_key":"module.sampleapp:azurerm","expressions":{"container_app_environment_id":{"references":["var.container_app_managed_environment_id"]},"ingress":[{"external_enabled":{"constant_value":true},"target_port":{"references":["var.container_app_port"]},"traffic_weight":[{"latest_revision":{"constant_value":true},"percentage":{"constant_value":100}}]}],"name":{"references":["var.container_app_name"]},"resource_group_name":{"references":["var.resource_group_name"]},"revision_mode":{"constant_value":"Single"},"template":[{"container":[{"cpu":{"constant_value":0.25},"image":{"references":["var.container_app_image"]},"memory":{"constant_value":"0.5Gi"},"name":{"references":["var.container_app_name"]}}],"max_replicas":{"constant_value":1},"min_replicas":{"constant_value":1}}]},"schema_version":0},{"address":"azurerm_private_dns_a_record.containerapp_record","mode":"managed","type":"azurerm_private_dns_a_record","name":"containerapp_record","provider_config_key":"module.sampleapp:azurerm","expressions":{"name":{"references":["azurerm_container_app.app.name","azurerm_container_app.app"]},"records":{"references":["var.container_app_managed_environment_static_ip_address"]},"resource_group_name":{"references":["var.resource_group_name"]},"ttl":{"constant_value":300},"zone_name":{"references":["var.container_app_managed_environment_zone_name"]}},"schema_version":0}],"variables":{"common_tags":{"default":null,"description":"The tags to be added to all resources."},"container_app_envs":{"default":[],"description":"List of objects that represent the container app environment values."},"container_app_image":{"default":"ie8bhold","description":"The managed app image url to deploy."},"container_app_managed_environment_id":{"default":"a3zehold","description":"The managed app environment id to connect."},"container_app_managed_environment_static_ip_address":{"default":"10.0.0.0/16","description":"The managed app environment satic ip address."},"container_app_managed_environment_zone_name":{"default":"1wsnhold","description":"The managed app environment dns zone name."},"container_app_name":{"default":"q3srhold","description":"The managed app name to deploy."},"container_app_port":{"default":null,"description":"The managed app port."},"resource_group_name":{"default":"x0xhhold","description":"The resource group name to deploy to."}}}},"managed_app_allure_docker_ui_service":{"source":"../../../common/azurerm_container_app/v1.0.0","expressions":{"common_tags":{"references":["var.common_tags"]},"container_app_envs":{"references":["module.public_ip_application_gateway.ip_address","module.public_ip_application_gateway"]},"container_app_image":{"constant_value":"docker.io/frankescobar/allure-docker-service-ui:latest"},"container_app_managed_environment_id":{"references":["module.managed_environment.id","module.managed_environment"]},"container_app_managed_environment_static_ip_address":{"references":["module.managed_environment.static_ip_address","module.managed_environment"]},"container_app_managed_environment_zone_name":{"references":["module.managed_environment.private_dns_zone_name","module.managed_environment"]},"container_app_name":{"references":["random_string.deployment_string.result","random_string.deployment_string"]},"container_app_port":{"constant_value":5252},"resource_group_name":{"references":["module.resource_group.name","module.resource_group"]}},"module":{"outputs":{"id":{"expression":{"references":["azurerm_container_app.app.id","azurerm_container_app.app"]},"description":"The managed app ID."},"name":{"expression":{"references":["azurerm_container_app.app.name","azurerm_container_app.app"]},"description":"The managed app name."}},"resources":[{"address":"azurerm_container_app.app","mode":"managed","type":"azurerm_container_app","name":"app","provider_config_key":"module.sampleapp:azurerm","expressions":{"container_app_environment_id":{"references":["var.container_app_managed_environment_id"]},"ingress":[{"external_enabled":{"constant_value":true},"target_port":{"references":["var.container_app_port"]},"traffic_weight":[{"latest_revision":{"constant_value":true},"percentage":{"constant_value":100}}]}],"name":{"references":["var.container_app_name"]},"resource_group_name":{"references":["var.resource_group_name"]},"revision_mode":{"constant_value":"Single"},"template":[{"container":[{"cpu":{"constant_value":0.25},"image":{"references":["var.container_app_image"]},"memory":{"constant_value":"0.5Gi"},"name":{"references":["var.container_app_name"]}}],"max_replicas":{"constant_value":1},"min_replicas":{"constant_value":1}}]},"schema_version":0},{"address":"azurerm_private_dns_a_record.containerapp_record","mode":"managed","type":"azurerm_private_dns_a_record","name":"containerapp_record","provider_config_key":"module.sampleapp:azurerm","expressions":{"name":{"references":["azurerm_container_app.app.name","azurerm_container_app.app"]},"records":{"references":["var.container_app_managed_environment_static_ip_address"]},"resource_group_name":{"references":["var.resource_group_name"]},"ttl":{"constant_value":300},"zone_name":{"references":["var.container_app_managed_environment_zone_name"]}},"schema_version":0}],"variables":{"common_tags":{"default":null,"description":"The tags to be added to all resources."},"container_app_envs":{"default":[],"description":"List of objects that represent the container app environment values."},"container_app_image":{"default":"ie8bhold","description":"The managed app image url to deploy."},"container_app_managed_environment_id":{"default":"a3zehold","description":"The managed app environment id to connect."},"container_app_managed_environment_static_ip_address":{"default":"10.0.0.0/16","description":"The managed app environment satic ip address."},"container_app_managed_environment_zone_name":{"default":"1wsnhold","description":"The managed app environment dns zone name."},"container_app_name":{"default":"q3srhold","description":"The managed app name to deploy."},"container_app_port":{"default":null,"description":"The managed app port."},"resource_group_name":{"default":"x0xhhold","description":"The resource group name to deploy to."}}}},"managed_environment":{"source":"../../../common/azurerm_container_app_environment/v1.0.0","expressions":{"common_tags":{"references":["var.common_tags"]},"location":{"references":["var.location"]},"log_analytics_workspace_id":{"references":["module.log_analytics_workspace.id","module.log_analytics_workspace"]},"managed_environments_name":{"references":["random_string.deployment_string.result","random_string.deployment_string"]},"resource_group_id":{"references":["module.resource_group.id","module.resource_group"]},"resource_group_name":{"references":["module.resource_group.name","module.resource_group"]},"subnet_id":{"references":["module.subnet_containerapps.id","module.subnet_containerapps"]},"vnet_id":{"references":["module.virtual_network.id","module.virtual_network"]}},"module":{"outputs":{"id":{"expression":{"references":["azurerm_container_app_environment.container_app_environment.id","azurerm_container_app_environment.container_app_environment"]},"description":"The managed environment ID."},"private_dns_zone_name":{"expression":{"references":["azurerm_private_dns_zone.private_dns_zone.name","azurerm_private_dns_zone.private_dns_zone"]}},"static_ip_address":{"expression":{"references":["azurerm_container_app_environment.container_app_environment.static_ip_address","azurerm_container_app_environment.container_app_environment"]},"description":"The managed environment static ip address."}},"resources":[{"address":"azurerm_container_app_environment.container_app_environment","mode":"managed","type":"azurerm_container_app_environment","name":"container_app_environment","provider_config_key":"module.sampleapp:azurerm","expressions":{"infrastructure_subnet_id":{"references":["var.subnet_id"]},"internal_load_balancer_enabled":{"constant_value":true},"location":{"references":["var.location"]},"log_analytics_workspace_id":{"references":["var.log_analytics_workspace_id"]},"name":{"references":["var.managed_environments_name"]},"resource_group_name":{"references":["var.resource_group_name"]},"tags":{"references":["var.common_tags"]},"timeouts":{"create":{"constant_value":"4h"}}},"schema_version":0},{"address":"azurerm_private_dns_zone.private_dns_zone","mode":"managed","type":"azurerm_private_dns_zone","name":"private_dns_zone","provider_config_key":"module.sampleapp:azurerm","expressions":{"name":{"references":["azurerm_container_app_environment.container_app_environment.default_domain","azurerm_container_app_environment.container_app_environment"]},"resource_group_name":{"references":["var.resource_group_name"]},"tags":{"references":["var.common_tags"]}},"schema_version":0},{"address":"azurerm_private_dns_zone_virtual_network_link.vnet_link","mode":"managed","type":"azurerm_private_dns_zone_virtual_network_link","name":"vnet_link","provider_config_key":"module.sampleapp:azurerm","expressions":{"name":{"constant_value":"containerapplink"},"private_dns_zone_name":{"references":["azurerm_private_dns_zone.private_dns_zone.name","azurerm_private_dns_zone.private_dns_zone"]},"resource_group_name":{"references":["var.resource_group_name"]},"tags":{"references":["var.common_tags"]},"virtual_network_id":{"references":["var.vnet_id"]}},"schema_version":0}],"variables":{"common_tags":{"default":null,"description":"The tags to be added to all resources."},"location":{"default":"eastus","description":"The location to deploy to."},"log_analytics_workspace_id":{"default":"owwnhold","description":"The log analytics workspace id to connect."},"managed_environments_name":{"default":"c93ihold","description":"The managed environment name to deploy."},"resource_group_id":{"default":"apcehold","description":"The resource group id to deploy to."},"resource_group_name":{"default":"aq5chold","description":"The resource group name to deploy to."},"subnet_id":{"default":"nqazhold","description":"The subnet id to connect."},"vnet_id":{"default":"hkw2hold","description":"The vnet id to connect."}}}},"public_ip_application_gateway":{"source":"../../../common/azurerm_public_ip/v1.0.0","expressions":{"common_tags":{"references":["var.common_tags"]},"location":{"references":["var.location"]},"public_ip_name":{"references":["random_string.deployment_string.result","random_string.deployment_string"]},"resource_group_name":{"references":["module.resource_group.name","module.resource_group"]}},"module":{"outputs":{"id":{"expression":{"references":["azurerm_public_ip.public_ip.id","azurerm_public_ip.public_ip"]},"description":"The public IP ID."},"ip_address":{"expression":{"references":["azurerm_public_ip.public_ip.ip_address","azurerm_public_ip.public_ip"]},"description":"The public IP address."}},"resources":[{"address":"azurerm_public_ip.public_ip","mode":"managed","type":"azurerm_public_ip","name":"public_ip","provider_config_key":"module.sampleapp:azurerm","expressions":{"allocation_method":{"references":["var.public_ip_allocation_method"]},"location":{"references":["var.location"]},"name":{"references":["var.public_ip_name"]},"resource_group_name":{"references":["var.resource_group_name"]},"sku":{"references":["var.public_ip_sku"]},"tags":{"references":["var.common_tags"]}},"schema_version":0}],"variables":{"common_tags":{"default":null,"description":"The tags to be added to all resources."},"location":{"default":"eastus","description":"The location to deploy to."},"public_ip_allocation_method":{"default":"Static","description":"The public ip allocation method."},"public_ip_name":{"default":"10.0.0.0/16","description":"The resource group name to deploy to."},"public_ip_sku":{"default":"Standard","description":"The public ip sku."},"resource_group_name":{"default":"34i1hold","description":"The resource group name to deploy to."}}}},"resource_group":{"source":"../../../common/azurerm_resource_group/v1.0.0","expressions":{"common_tags":{"references":["var.common_tags"]},"location":{"references":["var.location"]},"resource_group_name":{"references":["var.resource_group_name"]}},"module":{"outputs":{"id":{"expression":{"references":["azurerm_resource_group.resource_group.id","azurerm_resource_group.resource_group"]},"description":"The resource group ID."},"name":{"expression":{"references":["azurerm_resource_group.resource_group.name","azurerm_resource_group.resource_group"]},"description":"The resource group name."}},"resources":[{"address":"azurerm_resource_group.resource_group","mode":"managed","type":"azurerm_resource_group","name":"resource_group","provider_config_key":"module.sampleapp:azurerm","expressions":{"location":{"references":["var.location"]},"name":{"references":["var.resource_group_name"]},"tags":{"references":["var.common_tags"]}},"schema_version":0}],"variables":{"common_tags":{"default":null,"description":"The tags to be added to all resources."},"location":{"default":"eastus","description":"The location to deploy to."},"resource_group_name":{"default":"l03shold","description":"The resource group name to deploy to."}}}},"subnet_applicationgateway":{"source":"../../../common/azurerm_subnet/v1.0.0","expressions":{"resource_group_name":{"references":["module.virtual_network.resource_group_name","module.virtual_network"]},"subnet_address_prefixes":{"constant_value":["10.0.8.0/24"]},"subnet_name":{"constant_value":"applicationgateway"},"subnet_virtual_network_name":{"references":["module.virtual_network.name","module.virtual_network"]}},"module":{"outputs":{"id":{"expression":{"references":["azurerm_subnet.subnet.id","azurerm_subnet.subnet"]},"description":"The subnet ID."}},"resources":[{"address":"azurerm_subnet.subnet","mode":"managed","type":"azurerm_subnet","name":"subnet","provider_config_key":"module.sampleapp:azurerm","expressions":{"address_prefixes":{"references":["var.subnet_address_prefixes"]},"name":{"references":["var.subnet_name"]},"resource_group_name":{"references":["var.resource_group_name"]},"virtual_network_name":{"references":["var.subnet_virtual_network_name"]}},"schema_version":0}],"variables":{"resource_group_name":{"default":"0nnthold","description":"The resource group name to deploy to."},"subnet_address_prefixes":{"default":[],"description":"List of all virtual network addresses"},"subnet_name":{"default":"m7euhold","description":"The resource group name to deploy to."},"subnet_virtual_network_name":{"default":"muydhold","description":"The virtual network name to deploy to."}}}},"subnet_containerapps":{"source":"../../../common/azurerm_subnet/v1.0.0","expressions":{"resource_group_name":{"references":["module.virtual_network.resource_group_name","module.virtual_network"]},"subnet_address_prefixes":{"constant_value":["10.0.0.0/21"]},"subnet_name":{"constant_value":"containerapps"},"subnet_virtual_network_name":{"references":["module.virtual_network.name","module.virtual_network"]}},"module":{"outputs":{"id":{"expression":{"references":["azurerm_subnet.subnet.id","azurerm_subnet.subnet"]},"description":"The subnet ID."}},"resources":[{"address":"azurerm_subnet.subnet","mode":"managed","type":"azurerm_subnet","name":"subnet","provider_config_key":"module.sampleapp:azurerm","expressions":{"address_prefixes":{"references":["var.subnet_address_prefixes"]},"name":{"references":["var.subnet_name"]},"resource_group_name":{"references":["var.resource_group_name"]},"virtual_network_name":{"references":["var.subnet_virtual_network_name"]}},"schema_version":0}],"variables":{"resource_group_name":{"default":"0nnthold","description":"The resource group name to deploy to."},"subnet_address_prefixes":{"default":[],"description":"List of all virtual network addresses"},"subnet_name":{"default":"m7euhold","description":"The resource group name to deploy to."},"subnet_virtual_network_name":{"default":"muydhold","description":"The virtual network name to deploy to."}}},"depends_on":["module.subnet_applicationgateway"]},"virtual_network":{"source":"../../../common/azurerm_virtual_network/v1.0.0","expressions":{"common_tags":{"references":["var.common_tags"]},"location":{"references":["var.location"]},"resource_group_name":{"references":["module.resource_group.name","module.resource_group"]},"virtual_network_address_space":{"constant_value":["10.0.0.0/16"]},"virtual_network_name":{"references":["random_string.deployment_string.result","random_string.deployment_string"]}},"module":{"outputs":{"id":{"expression":{"references":["azurerm_virtual_network.virtual_network.id","azurerm_virtual_network.virtual_network"]},"description":"The vrirtual network ID."},"name":{"expression":{"references":["azurerm_virtual_network.virtual_network.name","azurerm_virtual_network.virtual_network"]},"description":"The vrirtual network name."},"resource_group_name":{"expression":{"references":["azurerm_virtual_network.virtual_network.resource_group_name","azurerm_virtual_network.virtual_network"]},"description":"The vrirtual network resource group."}},"resources":[{"address":"azurerm_virtual_network.virtual_network","mode":"managed","type":"azurerm_virtual_network","name":"virtual_network","provider_config_key":"module.sampleapp:azurerm","expressions":{"address_space":{"references":["var.virtual_network_address_space"]},"location":{"references":["var.location"]},"name":{"references":["var.virtual_network_name"]},"resource_group_name":{"references":["var.resource_group_name"]},"tags":{"references":["var.common_tags"]}},"schema_version":0}],"variables":{"common_tags":{"default":null,"description":"The tags to be added to all resources."},"location":{"default":"eastus","description":"The location to deploy to."},"resource_group_name":{"default":"8urvhold","description":"The resource group name to deploy to."},"virtual_network_address_space":{"default":[],"description":"List of all virtual network addresses"},"virtual_network_name":{"default":"tj3uhold","description":"The resource group name to deploy to."}}}}},"variables":{"common_tags":{"default":null,"description":"The tags to be added to all resources."},"location":{"default":"eastus","description":"The location to deploy to."},"resource_group_name":{"default":"y0rehold","description":"The resource group name to deploy to."},"subscription_id":{"default":"10.0.0.0/16","description":"The subscription id to deploy to."}}}}},"variables":{"common_tags":{"default":{"deployedby":"Terraform IaC"},"description":"The tags to be added to all resources."},"location":{"default":"westeurope","description":"Deployment location"}}}},"relevant_attributes":[{"resource":"module.sampleapp.module.application_gateway.azurerm_application_gateway.appgw","attribute":["http_listener"]},{"resource":"module.sampleapp.module.application_gateway.azurerm_application_gateway.appgw","attribute":["name"]},{"resource":"module.sampleapp.module.managed_app_allure_docker_service.azurerm_container_app.app","attribute":["name"]},{"resource":"module.sampleapp.module.managed_app_allure_docker_ui_service.azurerm_container_app.app","attribute":["id"]},{"resource":"module.sampleapp.module.application_gateway.azurerm_application_gateway.appgw","attribute":["location"]},{"resource":"module.sampleapp.module.managed_environment.azurerm_container_app_environment.container_app_environment","attribute":["id"]},{"resource":"module.sampleapp.module.application_gateway.azurerm_application_gateway.appgw","attribute":["request_routing_rule"]},{"resource":"module.sampleapp.module.application_gateway.azurerm_application_gateway.appgw","attribute":["ssl_certificate"]},{"resource":"module.sampleapp.module.application_gateway.azurerm_application_gateway.appgw","attribute":["id"]},{"resource":"module.sampleapp.module.managed_environment.azurerm_container_app_environment.container_app_environment","attribute":["default_domain"]},{"resource":"module.sampleapp.module.resource_group.azurerm_resource_group.resource_group","attribute":["id"]},{"resource":"module.sampleapp.module.public_ip_application_gateway.azurerm_public_ip.public_ip","attribute":["id"]},{"resource":"module.sampleapp.module.resource_group.azurerm_resource_group.resource_group","attribute":["name"]},{"resource":"module.sampleapp.module.log_analytics_workspace.azurerm_log_analytics_workspace.log_analytics_workspace","attribute":["workspace_id"]},{"resource":"module.sampleapp.module.application_gateway.azurerm_application_gateway.appgw","attribute":["backend_http_settings"]},{"resource":"module.sampleapp.module.public_ip_application_gateway.azurerm_public_ip.public_ip","attribute":["ip_address"]},{"resource":"module.sampleapp.module.subnet_applicationgateway.azurerm_subnet.subnet","attribute":["id"]},{"resource":"module.sampleapp.module.managed_environment.azurerm_container_app_environment.container_app_environment","attribute":["static_ip_address"]},{"resource":"module.sampleapp.module.virtual_network.azurerm_virtual_network.virtual_network","attribute":["id"]},{"resource":"module.sampleapp.module.virtual_network.azurerm_virtual_network.virtual_network","attribute":["name"]},{"resource":"module.sampleapp.module.virtual_network.azurerm_virtual_network.virtual_network","attribute":["resource_group_name"]},{"resource":"module.sampleapp.module.application_gateway.azurerm_application_gateway.appgw","attribute":["backend_address_pool"]},{"resource":"module.sampleapp.module.application_gateway.azurerm_application_gateway.appgw","attribute":["tags"]},{"resource":"module.sampleapp.module.application_gateway.azurerm_application_gateway.appgw","attribute":["resource_group_name"]},{"resource":"module.sampleapp.random_string.deployment_string","attribute":["result"]},{"resource":"module.sampleapp.module.subnet_containerapps.azurerm_subnet.subnet","attribute":["id"]},{"resource":"module.sampleapp.module.log_analytics_workspace.azurerm_log_analytics_workspace.log_analytics_workspace","attribute":["primary_shared_key"]},{"resource":"module.sampleapp.module.log_analytics_workspace.azurerm_log_analytics_workspace.log_analytics_workspace","attribute":["id"]},{"resource":"module.sampleapp.module.managed_environment.azurerm_private_dns_zone.private_dns_zone","attribute":["name"]},{"resource":"module.sampleapp.module.managed_app_allure_docker_ui_service.azurerm_container_app.app","attribute":["name"]},{"resource":"module.sampleapp.module.managed_app_allure_docker_service.azurerm_container_app.app","attribute":["id"]}],"timestamp":"2024-08-16T23:47:45Z","applyable":true,"complete":true,"errored":false}
