{"format_version":"1.2","terraform_version":"1.9.4","variables":{"admin_password":{"value":"Adminpassword123@@@#####"},"admin_username":{"value":"adminuser"},"administrator_login":{"value":"adminuser"},"administrator_login_password":{"value":"ySafe11@@@567"},"appgw-name":{"value":"zenpaygateway"},"appgw_subnet_address":{"value":"10.0.3.0/24"},"avset_name":{"value":"avsetui"},"backend_address_pool_name":{"value":"web-lb-backend"},"backend_http_port":{"value":80},"backup_policy_name":{"value":"vm-backup-policy"},"capacity":{"value":2},"db_os_disk":{"value":256},"db_subnet_address":{"value":"10.0.2.0/24"},"db_vm_size":{"value":"Standard_D4s_v3"},"frontend_ip_configuration_name":{"value":"web-lb-frontend"},"frontend_port":{"value":80},"key_vault_name":{"value":"zenpaykeyweb46example"},"lb_name":{"value":"web-lb"},"location":{"value":"Central US"},"log-analytics-name":{"value":"security-posture-log-analytics"},"nsg_name":{"value":"webnsg"},"priority":{"value":1},"probe_name":{"value":"http-probe"},"public_ip_name":{"value":"lb-public-ip"},"recovery_vault_name":{"value":"zenpayrecoveryvault"},"resource_group_name":{"value":"web-infra-rg"},"rule_name":{"value":"http-rule"},"security-contact-email":{"value":"midejoseph24@gmail.com"},"security-contact-phone":{"value":"+2348122662392"},"sku_name":{"value":"Standard_v2"},"sql_server_name":{"value":"zenpaydata"},"tier":{"value":"Standard_v2"},"transparent_data_encryption_key_name":{"value":"nerwtbde"},"user_assigned_identity_name":{"value":"zenpaymanaagedid"},"vnet_address_space":{"value":["10.0.0.0/16"]},"vnet_name":{"value":"main-vnet"},"web_nic_ids":{"value":[]},"web_os_disk":{"value":128},"web_subnet_address":{"value":"10.0.1.0/24"},"web_vm_count":{"value":2},"web_vm_size":{"value":"Standard_D2s_v3"},"windows_image_offer":{"value":"WindowsServer"},"windows_image_publisher":{"value":"MicrosoftWindowsServer"},"windows_image_sku":{"value":"2019-Datacenter"},"windows_image_version":{"value":"latest"}},"planned_values":{"root_module":{"child_modules":[{"resources":[{"address":"module.appgateway.azurerm_application_gateway.zenpay-appgw","mode":"managed","type":"azurerm_application_gateway","name":"zenpay-appgw","provider_name":"registry.terraform.io/hashicorp/azurerm","schema_version":0,"values":{"authentication_certificate":[],"autoscale_configuration":[],"backend_address_pool":[{"fqdns":[],"ip_addresses":[],"name":"appgw-backend-pool"}],"backend_http_settings":[{"affinity_cookie_name":"","authentication_certificate":[],"connection_draining":[],"cookie_based_affinity":"Disabled","host_name":"","name":"appgw-backend-http-settings","path":"","pick_host_name_from_backend_address":false,"port":80,"probe_name":"","protocol":"Http","request_timeout":30,"trusted_root_certificate_names":[]}],"custom_error_configuration":[],"enable_http2":null,"fips_enabled":null,"firewall_policy_id":null,"force_firewall_policy_association":null,"frontend_ip_configuration":[{"name":"appgw-frontend-ip","private_ip_address_allocation":"Dynamic","private_link_configuration_name":null,"subnet_id":null}],"frontend_port":[{"name":"appgw-http-port","port":80}],"gateway_ip_configuration":[{"name":"appgw-ip-configuration"}],"global":[],"http_listener":[{"custom_error_configuration":[],"firewall_policy_id":"","frontend_ip_configuration_name":"appgw-frontend-ip","frontend_port_name":"appgw-http-port","host_name":"","host_names":[],"name":"appgw-http-listener","protocol":"Http","require_sni":null,"ssl_certificate_name":"","ssl_profile_name":""}],"identity":[],"location":"centralus","name":"zenpaygateway","private_link_configuration":[],"probe":[],"redirect_configuration":[],"request_routing_rule":[{"backend_address_pool_name":"appgw-backend-pool","backend_http_settings_name":"appgw-backend-http-settings","http_listener_name":"appgw-http-listener","name":"appgw-routing-rule","priority":1,"redirect_configuration_name":"","rewrite_rule_set_name":"","rule_type":"Basic","url_path_map_name":""}],"resource_group_name":"web-infra-rg","rewrite_rule_set":[],"sku":[{"capacity":2,"name":"Standard_v2","tier":"Standard_v2"}],"ssl_certificate":[],"ssl_profile":[],"tags":null,"timeouts":null,"trusted_client_certificate":[],"trusted_root_certificate":[],"url_path_map":[],"waf_configuration":[],"zones":null},"sensitive_values":{"authentication_certificate":[],"autoscale_configuration":[],"backend_address_pool":[{"fqdns":[],"ip_addresses":[]}],"backend_http_settings":[{"authentication_certificate":[],"connection_draining":[],"trusted_root_certificate_names":[]}],"custom_error_configuration":[],"frontend_ip_configuration":[{}],"frontend_port":[{}],"gateway_ip_configuration":[{}],"global":[],"http_listener":[{"custom_error_configuration":[],"host_names":[]}],"identity":[],"private_endpoint_connection":[],"private_link_configuration":[],"probe":[],"redirect_configuration":[],"request_routing_rule":[{}],"rewrite_rule_set":[],"sku":[{}],"ssl_certificate":[],"ssl_policy":[],"ssl_profile":[],"trusted_client_certificate":[],"trusted_root_certificate":[],"url_path_map":[],"waf_configuration":[]}},{"address":"module.appgateway.azurerm_public_ip.appgw_pip","mode":"managed","type":"azurerm_public_ip","name":"appgw_pip","provider_name":"registry.terraform.io/hashicorp/azurerm","schema_version":0,"values":{"allocation_method":"Static","ddos_protection_mode":"VirtualNetworkInherited","ddos_protection_plan_id":null,"domain_name_label":null,"edge_zone":null,"idle_timeout_in_minutes":4,"ip_tags":null,"ip_version":"IPv4","location":"centralus","name":"appgw-pip","public_ip_prefix_id":null,"resource_group_name":"web-infra-rg","reverse_fqdn":null,"sku":"Standard","sku_tier":"Regional","tags":null,"timeouts":null,"zones":null},"sensitive_values":{}}],"address":"module.appgateway"},{"resources":[{"address":"module.backup_and_security.azurerm_backup_policy_vm.vm_backup_policy","mode":"managed","type":"azurerm_backup_policy_vm","name":"vm_backup_policy","provider_name":"registry.terraform.io/hashicorp/azurerm","schema_version":0,"values":{"backup":[{"frequency":"Daily","hour_duration":null,"hour_interval":null,"time":"23:00","weekdays":null}],"instant_restore_resource_group":[],"name":"vm-backup-policy","policy_type":"V1","recovery_vault_name":"zenpayrecoveryvault","resource_group_name":"web-infra-rg","retention_daily":[{"count":10}],"retention_monthly":[{"count":7,"days":null,"include_last_days":false,"weekdays":["Sunday","Wednesday"],"weeks":["First","Last"]}],"retention_weekly":[{"count":42,"weekdays":["Friday","Saturday","Sunday","Wednesday"]}],"retention_yearly":[],"tiering_policy":[],"timeouts":null,"timezone":"UTC"},"sensitive_values":{"backup":[{}],"instant_restore_resource_group":[],"retention_daily":[{}],"retention_monthly":[{"weekdays":[false,false],"weeks":[false,false]}],"retention_weekly":[{"weekdays":[false,false,false,false]}],"retention_yearly":[],"tiering_policy":[]}},{"address":"module.backup_and_security.azurerm_log_analytics_workspace.securitypostlog","mode":"managed","type":"azurerm_log_analytics_workspace","name":"securitypostlog","provider_name":"registry.terraform.io/hashicorp/azurerm","schema_version":3,"values":{"allow_resource_only_permissions":true,"cmk_for_query_forced":null,"daily_quota_gb":-1,"data_collection_rule_id":null,"identity":[],"immediate_data_purge_on_30_days_enabled":null,"internet_ingestion_enabled":true,"internet_query_enabled":true,"local_authentication_disabled":false,"location":"centralus","name":"security-posture-log-analytics","reservation_capacity_in_gb_per_day":null,"resource_group_name":"web-infra-rg","retention_in_days":30,"sku":"PerGB2018","tags":null,"timeouts":null},"sensitive_values":{"identity":[],"primary_shared_key":true,"secondary_shared_key":true}},{"address":"module.backup_and_security.azurerm_recovery_services_vault.zenpay_recovery_vault","mode":"managed","type":"azurerm_recovery_services_vault","name":"zenpay_recovery_vault","provider_name":"registry.terraform.io/hashicorp/azurerm","schema_version":0,"values":{"classic_vmware_replication_enabled":null,"cross_region_restore_enabled":false,"encryption":[],"identity":[],"location":"centralus","monitoring":[],"name":"zenpayrecoveryvault","public_network_access_enabled":true,"resource_group_name":"web-infra-rg","sku":"Standard","soft_delete_enabled":true,"storage_mode_type":"GeoRedundant","tags":null,"timeouts":null},"sensitive_values":{"encryption":[],"identity":[],"monitoring":[]}},{"address":"module.backup_and_security.azurerm_security_center_auto_provisioning.auto_provisioning","mode":"managed","type":"azurerm_security_center_auto_provisioning","name":"auto_provisioning","provider_name":"registry.terraform.io/hashicorp/azurerm","schema_version":1,"values":{"auto_provision":"On","timeouts":null},"sensitive_values":{}},{"address":"module.backup_and_security.azurerm_security_center_contact.security_contact","mode":"managed","type":"azurerm_security_center_contact","name":"security_contact","provider_name":"registry.terraform.io/hashicorp/azurerm","schema_version":0,"values":{"alert_notifications":true,"alerts_to_admins":true,"email":"midejoseph24@gmail.com","name":"default1","phone":"+2348122662392","timeouts":null},"sensitive_values":{}},{"address":"module.backup_and_security.azurerm_security_center_workspace.securityposturews","mode":"managed","type":"azurerm_security_center_workspace","name":"securityposturews","provider_name":"registry.terraform.io/hashicorp/azurerm","schema_version":0,"values":{"timeouts":null},"sensitive_values":{}}],"address":"module.backup_and_security"},{"resources":[{"address":"module.loadbalancer.azurerm_lb.dev_zenpay_web_lb","mode":"managed","type":"azurerm_lb","name":"dev_zenpay_web_lb","provider_name":"registry.terraform.io/hashicorp/azurerm","schema_version":0,"values":{"edge_zone":null,"frontend_ip_configuration":[{"name":"web-lb-frontend","zones":null}],"location":"centralus","name":"web-lb","resource_group_name":"web-infra-rg","sku":"Standard","sku_tier":"Regional","tags":null,"timeouts":null},"sensitive_values":{"frontend_ip_configuration":[{"inbound_nat_rules":[],"load_balancer_rules":[],"outbound_rules":[]}],"private_ip_addresses":[]}},{"address":"module.loadbalancer.azurerm_lb_backend_address_pool.web_lb_backend","mode":"managed","type":"azurerm_lb_backend_address_pool","name":"web_lb_backend","provider_name":"registry.terraform.io/hashicorp/azurerm","schema_version":0,"values":{"name":"web-lb-backend","synchronous_mode":null,"timeouts":null,"tunnel_interface":[],"virtual_network_id":null},"sensitive_values":{"backend_ip_configurations":[],"inbound_nat_rules":[],"load_balancing_rules":[],"outbound_rules":[],"tunnel_interface":[]}},{"address":"module.loadbalancer.azurerm_lb_probe.web_lb_probe","mode":"managed","type":"azurerm_lb_probe","name":"web_lb_probe","provider_name":"registry.terraform.io/hashicorp/azurerm","schema_version":0,"values":{"interval_in_seconds":15,"name":"http-probe","number_of_probes":2,"port":80,"probe_threshold":1,"protocol":"Http","request_path":"/","timeouts":null},"sensitive_values":{"load_balancer_rules":[]}},{"address":"module.loadbalancer.azurerm_lb_rule.web_lb_rule","mode":"managed","type":"azurerm_lb_rule","name":"web_lb_rule","provider_name":"registry.terraform.io/hashicorp/azurerm","schema_version":0,"values":{"backend_port":80,"disable_outbound_snat":false,"enable_floating_ip":false,"enable_tcp_reset":null,"frontend_ip_configuration_name":"web-lb-frontend","frontend_port":80,"name":"http-rule","protocol":"Tcp","timeouts":null},"sensitive_values":{"backend_address_pool_ids":[]}},{"address":"module.loadbalancer.azurerm_public_ip.lb","mode":"managed","type":"azurerm_public_ip","name":"lb","provider_name":"registry.terraform.io/hashicorp/azurerm","schema_version":0,"values":{"allocation_method":"Static","ddos_protection_mode":"VirtualNetworkInherited","ddos_protection_plan_id":null,"domain_name_label":null,"edge_zone":null,"idle_timeout_in_minutes":4,"ip_tags":null,"ip_version":"IPv4","location":"centralus","name":"lb-public-ip","public_ip_prefix_id":null,"resource_group_name":"web-infra-rg","reverse_fqdn":null,"sku":"Standard","sku_tier":"Regional","tags":null,"timeouts":null,"zones":null},"sensitive_values":{}}],"address":"module.loadbalancer"},{"resources":[{"address":"module.nsg.azurerm_network_security_group.dev_zenpay_db_nsg","mode":"managed","type":"azurerm_network_security_group","name":"dev_zenpay_db_nsg","provider_name":"registry.terraform.io/hashicorp/azurerm","schema_version":0,"values":{"location":"centralus","name":"db-nsg","resource_group_name":"web-infra-rg","security_rule":[{"access":"Allow","description":"","destination_address_prefix":"*","destination_address_prefixes":[],"destination_application_security_group_ids":[],"destination_port_range":"1433","destination_port_ranges":[],"direction":"Inbound","name":"Allow-SQL","priority":1001,"protocol":"Tcp","source_address_prefix":"10.0.1.0/24","source_address_prefixes":[],"source_application_security_group_ids":[],"source_port_range":"*","source_port_ranges":[]}],"tags":null,"timeouts":null},"sensitive_values":{"security_rule":[{"destination_address_prefixes":[],"destination_application_security_group_ids":[],"destination_port_ranges":[],"source_address_prefixes":[],"source_application_security_group_ids":[],"source_port_ranges":[]}]}},{"address":"module.nsg.azurerm_network_security_group.dev_zenpay_web_nsg","mode":"managed","type":"azurerm_network_security_group","name":"dev_zenpay_web_nsg","provider_name":"registry.terraform.io/hashicorp/azurerm","schema_version":0,"values":{"location":"centralus","name":"webnsg","resource_group_name":"web-infra-rg","security_rule":[{"access":"Allow","description":"","destination_address_prefix":"*","destination_address_prefixes":[],"destination_application_security_group_ids":[],"destination_port_range":"443","destination_port_ranges":[],"direction":"Inbound","name":"Allow-HTTPS","priority":1002,"protocol":"Tcp","source_address_prefix":"*","source_address_prefixes":[],"source_application_security_group_ids":[],"source_port_range":"*","source_port_ranges":[]},{"access":"Allow","description":"","destination_address_prefix":"*","destination_address_prefixes":[],"destination_application_security_group_ids":[],"destination_port_range":"80","destination_port_ranges":[],"direction":"Inbound","name":"Allow-HTTP","priority":1001,"protocol":"Tcp","source_address_prefix":"*","source_address_prefixes":[],"source_application_security_group_ids":[],"source_port_range":"*","source_port_ranges":[]}],"tags":null,"timeouts":null},"sensitive_values":{"security_rule":[{"destination_address_prefixes":[],"destination_application_security_group_ids":[],"destination_port_ranges":[],"source_address_prefixes":[],"source_application_security_group_ids":[],"source_port_ranges":[]},{"destination_address_prefixes":[],"destination_application_security_group_ids":[],"destination_port_ranges":[],"source_address_prefixes":[],"source_application_security_group_ids":[],"source_port_ranges":[]}]}}],"address":"module.nsg"},{"resources":[{"address":"module.resource_group.azurerm_resource_group.dev-zenpay-rg","mode":"managed","type":"azurerm_resource_group","name":"dev-zenpay-rg","provider_name":"registry.terraform.io/hashicorp/azurerm","schema_version":0,"values":{"location":"centralus","managed_by":null,"name":"web-infra-rg","tags":null,"timeouts":null},"sensitive_values":{}}],"address":"module.resource_group"},{"resources":[{"address":"module.sql.azurerm_key_vault.zenpay_key_vault","mode":"managed","type":"azurerm_key_vault","name":"zenpay_key_vault","provider_name":"registry.terraform.io/hashicorp/azurerm","schema_version":2,"values":{"access_policy":[{"application_id":null,"certificate_permissions":null,"key_permissions":["Get","List","Create","Delete","Update","Recover","Purge","GetRotationPolicy"],"secret_permissions":null,"storage_permissions":null},{"application_id":null,"certificate_permissions":null,"key_permissions":["Get","WrapKey","UnwrapKey"],"secret_permissions":null,"storage_permissions":null}],"enable_rbac_authorization":null,"enabled_for_deployment":null,"enabled_for_disk_encryption":true,"enabled_for_template_deployment":null,"location":"centralus","name":"zenpaykeyweb46example","public_network_access_enabled":true,"purge_protection_enabled":true,"resource_group_name":"web-infra-rg","sku_name":"standard","soft_delete_retention_days":7,"tags":null,"timeouts":null},"sensitive_values":{"access_policy":[{"key_permissions":[false,false,false,false,false,false,false,false]},{"key_permissions":[false,false,false]}],"contact":[],"network_acls":[]}},{"address":"module.sql.azurerm_key_vault_key.zenpay_key_vault_key","mode":"managed","type":"azurerm_key_vault_key","name":"zenpay_key_vault_key","provider_name":"registry.terraform.io/hashicorp/azurerm","schema_version":0,"values":{"expiration_date":null,"key_opts":["unwrapKey","wrapKey"],"key_size":2048,"key_type":"RSA","name":"nerwtbde","not_before_date":null,"rotation_policy":[],"tags":null,"timeouts":null},"sensitive_values":{"key_opts":[false,false],"rotation_policy":[]}},{"address":"module.sql.azurerm_mssql_server.zenpaydatabase","mode":"managed","type":"azurerm_mssql_server","name":"zenpaydatabase","provider_name":"registry.terraform.io/hashicorp/azurerm","schema_version":0,"values":{"administrator_login":"adminuser","administrator_login_password":"ySafe11@@@567","azuread_administrator":[{"login_username":"zenpaymanaagedid"}],"connection_policy":"Default","identity":[{"type":"UserAssigned"}],"location":"centralus","minimum_tls_version":"1.2","name":"zenpaydata","outbound_network_restriction_enabled":false,"public_network_access_enabled":true,"resource_group_name":"web-infra-rg","tags":null,"timeouts":null,"version":"12.0"},"sensitive_values":{"administrator_login_password":true,"azuread_administrator":[{}],"identity":[{"identity_ids":[]}],"restorable_dropped_database_ids":[]}},{"address":"module.sql.azurerm_user_assigned_identity.zenpay_identity","mode":"managed","type":"azurerm_user_assigned_identity","name":"zenpay_identity","provider_name":"registry.terraform.io/hashicorp/azurerm","schema_version":1,"values":{"location":"centralus","name":"zenpaymanaagedid","resource_group_name":"web-infra-rg","tags":null,"timeouts":null},"sensitive_values":{}},{"address":"module.sql.data.azurerm_client_config.current","mode":"data","type":"azurerm_client_config","name":"current","provider_name":"registry.terraform.io/hashicorp/azurerm","schema_version":0,"values":{"timeouts":null},"sensitive_values":{}}],"address":"module.sql"},{"resources":[{"address":"module.subnet.azurerm_subnet.dev-zenpay-appgw","mode":"managed","type":"azurerm_subnet","name":"dev-zenpay-appgw","provider_name":"registry.terraform.io/hashicorp/azurerm","schema_version":0,"values":{"address_prefixes":["10.0.3.0/24"],"default_outbound_access_enabled":true,"delegation":[],"name":"dev-appgw-subnet","resource_group_name":"web-infra-rg","service_endpoint_policy_ids":null,"service_endpoints":null,"timeouts":null,"virtual_network_name":"main-vnet"},"sensitive_values":{"address_prefixes":[false],"delegation":[]}},{"address":"module.subnet.azurerm_subnet.dev-zenpay-db","mode":"managed","type":"azurerm_subnet","name":"dev-zenpay-db","provider_name":"registry.terraform.io/hashicorp/azurerm","schema_version":0,"values":{"address_prefixes":["10.0.2.0/24"],"default_outbound_access_enabled":true,"delegation":[],"name":"dev-db-subnet","resource_group_name":"web-infra-rg","service_endpoint_policy_ids":null,"service_endpoints":null,"timeouts":null,"virtual_network_name":"main-vnet"},"sensitive_values":{"address_prefixes":[false],"delegation":[]}},{"address":"module.subnet.azurerm_subnet.dev-zenpay-web","mode":"managed","type":"azurerm_subnet","name":"dev-zenpay-web","provider_name":"registry.terraform.io/hashicorp/azurerm","schema_version":0,"values":{"address_prefixes":["10.0.1.0/24"],"default_outbound_access_enabled":true,"delegation":[],"name":"dev-web-subnet","resource_group_name":"web-infra-rg","service_endpoint_policy_ids":null,"service_endpoints":null,"timeouts":null,"virtual_network_name":"main-vnet"},"sensitive_values":{"address_prefixes":[false],"delegation":[]}}],"address":"module.subnet"},{"resources":[{"address":"module.vm.azurerm_availability_set.dev-zenpay-web","mode":"managed","type":"azurerm_availability_set","name":"dev-zenpay-web","provider_name":"registry.terraform.io/hashicorp/azurerm","schema_version":0,"values":{"location":"centralus","managed":true,"name":"avsetui","platform_fault_domain_count":3,"platform_update_domain_count":5,"proximity_placement_group_id":null,"resource_group_name":"web-infra-rg","tags":null,"timeouts":null},"sensitive_values":{}},{"address":"module.vm.azurerm_network_interface.db","mode":"managed","type":"azurerm_network_interface","name":"db","provider_name":"registry.terraform.io/hashicorp/azurerm","schema_version":0,"values":{"auxiliary_mode":null,"auxiliary_sku":null,"edge_zone":null,"internal_dns_name_label":null,"ip_configuration":[{"name":"internal","private_ip_address_allocation":"Dynamic","private_ip_address_version":"IPv4","public_ip_address_id":null}],"location":"centralus","name":"db-nic","resource_group_name":"web-infra-rg","tags":null,"timeouts":null},"sensitive_values":{"applied_dns_servers":[],"dns_servers":[],"ip_configuration":[{}],"private_ip_addresses":[]}},{"address":"module.vm.azurerm_network_interface.web[0]","mode":"managed","type":"azurerm_network_interface","name":"web","index":0,"provider_name":"registry.terraform.io/hashicorp/azurerm","schema_version":0,"values":{"auxiliary_mode":null,"auxiliary_sku":null,"edge_zone":null,"internal_dns_name_label":null,"ip_configuration":[{"name":"internal","private_ip_address_allocation":"Dynamic","private_ip_address_version":"IPv4","public_ip_address_id":null}],"location":"centralus","name":"web-nic-0","resource_group_name":"web-infra-rg","tags":null,"timeouts":null},"sensitive_values":{"applied_dns_servers":[],"dns_servers":[],"ip_configuration":[{}],"private_ip_addresses":[]}},{"address":"module.vm.azurerm_network_interface.web[1]","mode":"managed","type":"azurerm_network_interface","name":"web","index":1,"provider_name":"registry.terraform.io/hashicorp/azurerm","schema_version":0,"values":{"auxiliary_mode":null,"auxiliary_sku":null,"edge_zone":null,"internal_dns_name_label":null,"ip_configuration":[{"name":"internal","private_ip_address_allocation":"Dynamic","private_ip_address_version":"IPv4","public_ip_address_id":null}],"location":"centralus","name":"web-nic-1","resource_group_name":"web-infra-rg","tags":null,"timeouts":null},"sensitive_values":{"applied_dns_servers":[],"dns_servers":[],"ip_configuration":[{}],"private_ip_addresses":[]}},{"address":"module.vm.azurerm_windows_virtual_machine.db","mode":"managed","type":"azurerm_windows_virtual_machine","name":"db","provider_name":"registry.terraform.io/hashicorp/azurerm","schema_version":0,"values":{"additional_capabilities":[],"additional_unattend_content":[],"admin_password":"Adminpassword123@@@#####","admin_username":"adminuser","allow_extension_operations":true,"availability_set_id":null,"boot_diagnostics":[],"bypass_platform_safety_checks_on_user_schedule_enabled":false,"capacity_reservation_group_id":null,"custom_data":null,"dedicated_host_group_id":null,"dedicated_host_id":null,"edge_zone":null,"enable_automatic_updates":true,"encryption_at_host_enabled":null,"eviction_policy":null,"extensions_time_budget":"PT1H30M","gallery_application":[],"hotpatching_enabled":false,"identity":[],"license_type":null,"location":"centralus","max_bid_price":-1,"name":"db-vm","os_disk":[{"caching":"ReadWrite","diff_disk_settings":[],"disk_encryption_set_id":null,"disk_size_gb":256,"secure_vm_disk_encryption_set_id":null,"security_encryption_type":null,"storage_account_type":"Premium_LRS","write_accelerator_enabled":false}],"os_image_notification":[],"patch_assessment_mode":"ImageDefault","patch_mode":"AutomaticByOS","plan":[],"platform_fault_domain":-1,"priority":"Regular","provision_vm_agent":true,"proximity_placement_group_id":null,"reboot_setting":null,"resource_group_name":"web-infra-rg","secret":[],"secure_boot_enabled":null,"size":"Standard_D4s_v3","source_image_id":null,"source_image_reference":[{"offer":"WindowsServer","publisher":"MicrosoftWindowsServer","sku":"2019-Datacenter","version":"latest"}],"tags":null,"timeouts":null,"timezone":null,"user_data":null,"virtual_machine_scale_set_id":null,"vm_agent_platform_updates_enabled":false,"vtpm_enabled":null,"winrm_listener":[],"zone":null},"sensitive_values":{"additional_capabilities":[],"additional_unattend_content":[],"admin_password":true,"boot_diagnostics":[],"custom_data":true,"gallery_application":[],"identity":[],"network_interface_ids":[],"os_disk":[{"diff_disk_settings":[]}],"os_image_notification":[],"plan":[],"private_ip_addresses":[],"public_ip_addresses":[],"secret":[],"source_image_reference":[{}],"termination_notification":[],"winrm_listener":[]}},{"address":"module.vm.azurerm_windows_virtual_machine.web[0]","mode":"managed","type":"azurerm_windows_virtual_machine","name":"web","index":0,"provider_name":"registry.terraform.io/hashicorp/azurerm","schema_version":0,"values":{"additional_capabilities":[],"additional_unattend_content":[],"admin_password":"Adminpassword123@@@#####","admin_username":"adminuser","allow_extension_operations":true,"boot_diagnostics":[],"bypass_platform_safety_checks_on_user_schedule_enabled":false,"capacity_reservation_group_id":null,"custom_data":null,"dedicated_host_group_id":null,"dedicated_host_id":null,"edge_zone":null,"enable_automatic_updates":true,"encryption_at_host_enabled":null,"eviction_policy":null,"extensions_time_budget":"PT1H30M","gallery_application":[],"hotpatching_enabled":false,"identity":[],"license_type":null,"location":"centralus","max_bid_price":-1,"name":"web-vm-0","os_disk":[{"caching":"ReadWrite","diff_disk_settings":[],"disk_encryption_set_id":null,"disk_size_gb":128,"secure_vm_disk_encryption_set_id":null,"security_encryption_type":null,"storage_account_type":"Premium_LRS","write_accelerator_enabled":false}],"os_image_notification":[],"patch_assessment_mode":"ImageDefault","patch_mode":"AutomaticByOS","plan":[],"platform_fault_domain":-1,"priority":"Regular","provision_vm_agent":true,"proximity_placement_group_id":null,"reboot_setting":null,"resource_group_name":"web-infra-rg","secret":[],"secure_boot_enabled":null,"size":"Standard_D2s_v3","source_image_id":null,"source_image_reference":[{"offer":"WindowsServer","publisher":"MicrosoftWindowsServer","sku":"2019-Datacenter","version":"latest"}],"tags":null,"timeouts":null,"timezone":null,"user_data":null,"virtual_machine_scale_set_id":null,"vm_agent_platform_updates_enabled":false,"vtpm_enabled":null,"winrm_listener":[],"zone":null},"sensitive_values":{"additional_capabilities":[],"additional_unattend_content":[],"admin_password":true,"boot_diagnostics":[],"custom_data":true,"gallery_application":[],"identity":[],"network_interface_ids":[],"os_disk":[{"diff_disk_settings":[]}],"os_image_notification":[],"plan":[],"private_ip_addresses":[],"public_ip_addresses":[],"secret":[],"source_image_reference":[{}],"termination_notification":[],"winrm_listener":[]}},{"address":"module.vm.azurerm_windows_virtual_machine.web[1]","mode":"managed","type":"azurerm_windows_virtual_machine","name":"web","index":1,"provider_name":"registry.terraform.io/hashicorp/azurerm","schema_version":0,"values":{"additional_capabilities":[],"additional_unattend_content":[],"admin_password":"Adminpassword123@@@#####","admin_username":"adminuser","allow_extension_operations":true,"boot_diagnostics":[],"bypass_platform_safety_checks_on_user_schedule_enabled":false,"capacity_reservation_group_id":null,"custom_data":null,"dedicated_host_group_id":null,"dedicated_host_id":null,"edge_zone":null,"enable_automatic_updates":true,"encryption_at_host_enabled":null,"eviction_policy":null,"extensions_time_budget":"PT1H30M","gallery_application":[],"hotpatching_enabled":false,"identity":[],"license_type":null,"location":"centralus","max_bid_price":-1,"name":"web-vm-1","os_disk":[{"caching":"ReadWrite","diff_disk_settings":[],"disk_encryption_set_id":null,"disk_size_gb":128,"secure_vm_disk_encryption_set_id":null,"security_encryption_type":null,"storage_account_type":"Premium_LRS","write_accelerator_enabled":false}],"os_image_notification":[],"patch_assessment_mode":"ImageDefault","patch_mode":"AutomaticByOS","plan":[],"platform_fault_domain":-1,"priority":"Regular","provision_vm_agent":true,"proximity_placement_group_id":null,"reboot_setting":null,"resource_group_name":"web-infra-rg","secret":[],"secure_boot_enabled":null,"size":"Standard_D2s_v3","source_image_id":null,"source_image_reference":[{"offer":"WindowsServer","publisher":"MicrosoftWindowsServer","sku":"2019-Datacenter","version":"latest"}],"tags":null,"timeouts":null,"timezone":null,"user_data":null,"virtual_machine_scale_set_id":null,"vm_agent_platform_updates_enabled":false,"vtpm_enabled":null,"winrm_listener":[],"zone":null},"sensitive_values":{"additional_capabilities":[],"additional_unattend_content":[],"admin_password":true,"boot_diagnostics":[],"custom_data":true,"gallery_application":[],"identity":[],"network_interface_ids":[],"os_disk":[{"diff_disk_settings":[]}],"os_image_notification":[],"plan":[],"private_ip_addresses":[],"public_ip_addresses":[],"secret":[],"source_image_reference":[{}],"termination_notification":[],"winrm_listener":[]}}],"address":"module.vm"},{"resources":[{"address":"module.vnet.azurerm_virtual_network.dev-zenpay-vnet","mode":"managed","type":"azurerm_virtual_network","name":"dev-zenpay-vnet","provider_name":"registry.terraform.io/hashicorp/azurerm","schema_version":0,"values":{"address_space":["10.0.0.0/16"],"bgp_community":null,"ddos_protection_plan":[],"edge_zone":null,"encryption":[],"flow_timeout_in_minutes":null,"location":"centralus","name":"main-vnet","resource_group_name":"web-infra-rg","tags":null,"timeouts":null},"sensitive_values":{"address_space":[false],"ddos_protection_plan":[],"dns_servers":[],"encryption":[],"subnet":[]}}],"address":"module.vnet"}]}},"resource_changes":[{"address":"module.appgateway.azurerm_application_gateway.zenpay-appgw","module_address":"module.appgateway","mode":"managed","type":"azurerm_application_gateway","name":"zenpay-appgw","provider_name":"registry.terraform.io/hashicorp/azurerm","change":{"actions":["create"],"before":null,"after":{"authentication_certificate":[],"autoscale_configuration":[],"backend_address_pool":[{"fqdns":[],"ip_addresses":[],"name":"appgw-backend-pool"}],"backend_http_settings":[{"affinity_cookie_name":"","authentication_certificate":[],"connection_draining":[],"cookie_based_affinity":"Disabled","host_name":"","name":"appgw-backend-http-settings","path":"","pick_host_name_from_backend_address":false,"port":80,"probe_name":"","protocol":"Http","request_timeout":30,"trusted_root_certificate_names":[]}],"custom_error_configuration":[],"enable_http2":null,"fips_enabled":null,"firewall_policy_id":null,"force_firewall_policy_association":null,"frontend_ip_configuration":[{"name":"appgw-frontend-ip","private_ip_address_allocation":"Dynamic","private_link_configuration_name":null,"subnet_id":null}],"frontend_port":[{"name":"appgw-http-port","port":80}],"gateway_ip_configuration":[{"name":"appgw-ip-configuration"}],"global":[],"http_listener":[{"custom_error_configuration":[],"firewall_policy_id":"","frontend_ip_configuration_name":"appgw-frontend-ip","frontend_port_name":"appgw-http-port","host_name":"","host_names":[],"name":"appgw-http-listener","protocol":"Http","require_sni":null,"ssl_certificate_name":"","ssl_profile_name":""}],"identity":[],"location":"centralus","name":"zenpaygateway","private_link_configuration":[],"probe":[],"redirect_configuration":[],"request_routing_rule":[{"backend_address_pool_name":"appgw-backend-pool","backend_http_settings_name":"appgw-backend-http-settings","http_listener_name":"appgw-http-listener","name":"appgw-routing-rule","priority":1,"redirect_configuration_name":"","rewrite_rule_set_name":"","rule_type":"Basic","url_path_map_name":""}],"resource_group_name":"web-infra-rg","rewrite_rule_set":[],"sku":[{"capacity":2,"name":"Standard_v2","tier":"Standard_v2"}],"ssl_certificate":[],"ssl_profile":[],"tags":null,"timeouts":null,"trusted_client_certificate":[],"trusted_root_certificate":[],"url_path_map":[],"waf_configuration":[],"zones":null},"after_unknown":{"authentication_certificate":[],"autoscale_configuration":[],"backend_address_pool":[{"fqdns":[],"id":true,"ip_addresses":[]}],"backend_http_settings":[{"authentication_certificate":[],"connection_draining":[],"id":true,"probe_id":true,"trusted_root_certificate_names":[]}],"custom_error_configuration":[],"frontend_ip_configuration":[{"id":true,"private_ip_address":true,"private_link_configuration_id":true,"public_ip_address_id":true}],"frontend_port":[{"id":true}],"gateway_ip_configuration":[{"id":true,"subnet_id":true}],"global":[],"http_listener":[{"custom_error_configuration":[],"frontend_ip_configuration_id":true,"frontend_port_id":true,"host_names":[],"id":true,"ssl_certificate_id":true,"ssl_profile_id":true}],"id":true,"identity":[],"private_endpoint_connection":true,"private_link_configuration":[],"probe":[],"redirect_configuration":[],"request_routing_rule":[{"backend_address_pool_id":true,"backend_http_settings_id":true,"http_listener_id":true,"id":true,"redirect_configuration_id":true,"rewrite_rule_set_id":true,"url_path_map_id":true}],"rewrite_rule_set":[],"sku":[{}],"ssl_certificate":[],"ssl_policy":true,"ssl_profile":[],"trusted_client_certificate":[],"trusted_root_certificate":[],"url_path_map":[],"waf_configuration":[]},"before_sensitive":false,"after_sensitive":{"authentication_certificate":[],"autoscale_configuration":[],"backend_address_pool":[{"fqdns":[],"ip_addresses":[]}],"backend_http_settings":[{"authentication_certificate":[],"connection_draining":[],"trusted_root_certificate_names":[]}],"custom_error_configuration":[],"frontend_ip_configuration":[{}],"frontend_port":[{}],"gateway_ip_configuration":[{}],"global":[],"http_listener":[{"custom_error_configuration":[],"host_names":[]}],"identity":[],"private_endpoint_connection":[],"private_link_configuration":[],"probe":[],"redirect_configuration":[],"request_routing_rule":[{}],"rewrite_rule_set":[],"sku":[{}],"ssl_certificate":[],"ssl_policy":[],"ssl_profile":[],"trusted_client_certificate":[],"trusted_root_certificate":[],"url_path_map":[],"waf_configuration":[]}}},{"address":"module.appgateway.azurerm_public_ip.appgw_pip","module_address":"module.appgateway","mode":"managed","type":"azurerm_public_ip","name":"appgw_pip","provider_name":"registry.terraform.io/hashicorp/azurerm","change":{"actions":["create"],"before":null,"after":{"allocation_method":"Static","ddos_protection_mode":"VirtualNetworkInherited","ddos_protection_plan_id":null,"domain_name_label":null,"edge_zone":null,"idle_timeout_in_minutes":4,"ip_tags":null,"ip_version":"IPv4","location":"centralus","name":"appgw-pip","public_ip_prefix_id":null,"resource_group_name":"web-infra-rg","reverse_fqdn":null,"sku":"Standard","sku_tier":"Regional","tags":null,"timeouts":null,"zones":null},"after_unknown":{"fqdn":true,"id":true,"ip_address":true},"before_sensitive":false,"after_sensitive":{}}},{"address":"module.backup_and_security.azurerm_backup_policy_vm.vm_backup_policy","module_address":"module.backup_and_security","mode":"managed","type":"azurerm_backup_policy_vm","name":"vm_backup_policy","provider_name":"registry.terraform.io/hashicorp/azurerm","change":{"actions":["create"],"before":null,"after":{"backup":[{"frequency":"Daily","hour_duration":null,"hour_interval":null,"time":"23:00","weekdays":null}],"instant_restore_resource_group":[],"name":"vm-backup-policy","policy_type":"V1","recovery_vault_name":"zenpayrecoveryvault","resource_group_name":"web-infra-rg","retention_daily":[{"count":10}],"retention_monthly":[{"count":7,"days":null,"include_last_days":false,"weekdays":["Sunday","Wednesday"],"weeks":["First","Last"]}],"retention_weekly":[{"count":42,"weekdays":["Friday","Saturday","Sunday","Wednesday"]}],"retention_yearly":[],"tiering_policy":[],"timeouts":null,"timezone":"UTC"},"after_unknown":{"backup":[{}],"id":true,"instant_restore_resource_group":[],"instant_restore_retention_days":true,"retention_daily":[{}],"retention_monthly":[{"weekdays":[false,false],"weeks":[false,false]}],"retention_weekly":[{"weekdays":[false,false,false,false]}],"retention_yearly":[],"tiering_policy":[]},"before_sensitive":false,"after_sensitive":{"backup":[{}],"instant_restore_resource_group":[],"retention_daily":[{}],"retention_monthly":[{"weekdays":[false,false],"weeks":[false,false]}],"retention_weekly":[{"weekdays":[false,false,false,false]}],"retention_yearly":[],"tiering_policy":[]}}},{"address":"module.backup_and_security.azurerm_log_analytics_workspace.securitypostlog","module_address":"module.backup_and_security","mode":"managed","type":"azurerm_log_analytics_workspace","name":"securitypostlog","provider_name":"registry.terraform.io/hashicorp/azurerm","change":{"actions":["create"],"before":null,"after":{"allow_resource_only_permissions":true,"cmk_for_query_forced":null,"daily_quota_gb":-1,"data_collection_rule_id":null,"identity":[],"immediate_data_purge_on_30_days_enabled":null,"internet_ingestion_enabled":true,"internet_query_enabled":true,"local_authentication_disabled":false,"location":"centralus","name":"security-posture-log-analytics","reservation_capacity_in_gb_per_day":null,"resource_group_name":"web-infra-rg","retention_in_days":30,"sku":"PerGB2018","tags":null,"timeouts":null},"after_unknown":{"id":true,"identity":[],"primary_shared_key":true,"secondary_shared_key":true,"workspace_id":true},"before_sensitive":false,"after_sensitive":{"identity":[],"primary_shared_key":true,"secondary_shared_key":true}}},{"address":"module.backup_and_security.azurerm_recovery_services_vault.zenpay_recovery_vault","module_address":"module.backup_and_security","mode":"managed","type":"azurerm_recovery_services_vault","name":"zenpay_recovery_vault","provider_name":"registry.terraform.io/hashicorp/azurerm","change":{"actions":["create"],"before":null,"after":{"classic_vmware_replication_enabled":null,"cross_region_restore_enabled":false,"encryption":[],"identity":[],"location":"centralus","monitoring":[],"name":"zenpayrecoveryvault","public_network_access_enabled":true,"resource_group_name":"web-infra-rg","sku":"Standard","soft_delete_enabled":true,"storage_mode_type":"GeoRedundant","tags":null,"timeouts":null},"after_unknown":{"encryption":[],"id":true,"identity":[],"immutability":true,"monitoring":[]},"before_sensitive":false,"after_sensitive":{"encryption":[],"identity":[],"monitoring":[]}}},{"address":"module.backup_and_security.azurerm_security_center_auto_provisioning.auto_provisioning","module_address":"module.backup_and_security","mode":"managed","type":"azurerm_security_center_auto_provisioning","name":"auto_provisioning","provider_name":"registry.terraform.io/hashicorp/azurerm","change":{"actions":["create"],"before":null,"after":{"auto_provision":"On","timeouts":null},"after_unknown":{"id":true},"before_sensitive":false,"after_sensitive":{}}},{"address":"module.backup_and_security.azurerm_security_center_contact.security_contact","module_address":"module.backup_and_security","mode":"managed","type":"azurerm_security_center_contact","name":"security_contact","provider_name":"registry.terraform.io/hashicorp/azurerm","change":{"actions":["create"],"before":null,"after":{"alert_notifications":true,"alerts_to_admins":true,"email":"midejoseph24@gmail.com","name":"default1","phone":"+2348122662392","timeouts":null},"after_unknown":{"id":true},"before_sensitive":false,"after_sensitive":{}}},{"address":"module.backup_and_security.azurerm_security_center_workspace.securityposturews","module_address":"module.backup_and_security","mode":"managed","type":"azurerm_security_center_workspace","name":"securityposturews","provider_name":"registry.terraform.io/hashicorp/azurerm","change":{"actions":["create"],"before":null,"after":{"timeouts":null},"after_unknown":{"id":true,"scope":true,"workspace_id":true},"before_sensitive":false,"after_sensitive":{}}},{"address":"module.loadbalancer.azurerm_lb.dev_zenpay_web_lb","module_address":"module.loadbalancer","mode":"managed","type":"azurerm_lb","name":"dev_zenpay_web_lb","provider_name":"registry.terraform.io/hashicorp/azurerm","change":{"actions":["create"],"before":null,"after":{"edge_zone":null,"frontend_ip_configuration":[{"name":"web-lb-frontend","zones":null}],"location":"centralus","name":"web-lb","resource_group_name":"web-infra-rg","sku":"Standard","sku_tier":"Regional","tags":null,"timeouts":null},"after_unknown":{"frontend_ip_configuration":[{"gateway_load_balancer_frontend_ip_configuration_id":true,"id":true,"inbound_nat_rules":true,"load_balancer_rules":true,"outbound_rules":true,"private_ip_address":true,"private_ip_address_allocation":true,"private_ip_address_version":true,"public_ip_address_id":true,"public_ip_prefix_id":true,"subnet_id":true}],"id":true,"private_ip_address":true,"private_ip_addresses":true},"before_sensitive":false,"after_sensitive":{"frontend_ip_configuration":[{"inbound_nat_rules":[],"load_balancer_rules":[],"outbound_rules":[]}],"private_ip_addresses":[]}}},{"address":"module.loadbalancer.azurerm_lb_backend_address_pool.web_lb_backend","module_address":"module.loadbalancer","mode":"managed","type":"azurerm_lb_backend_address_pool","name":"web_lb_backend","provider_name":"registry.terraform.io/hashicorp/azurerm","change":{"actions":["create"],"before":null,"after":{"name":"web-lb-backend","synchronous_mode":null,"timeouts":null,"tunnel_interface":[],"virtual_network_id":null},"after_unknown":{"backend_ip_configurations":true,"id":true,"inbound_nat_rules":true,"load_balancing_rules":true,"loadbalancer_id":true,"outbound_rules":true,"tunnel_interface":[]},"before_sensitive":false,"after_sensitive":{"backend_ip_configurations":[],"inbound_nat_rules":[],"load_balancing_rules":[],"outbound_rules":[],"tunnel_interface":[]}}},{"address":"module.loadbalancer.azurerm_lb_probe.web_lb_probe","module_address":"module.loadbalancer","mode":"managed","type":"azurerm_lb_probe","name":"web_lb_probe","provider_name":"registry.terraform.io/hashicorp/azurerm","change":{"actions":["create"],"before":null,"after":{"interval_in_seconds":15,"name":"http-probe","number_of_probes":2,"port":80,"probe_threshold":1,"protocol":"Http","request_path":"/","timeouts":null},"after_unknown":{"id":true,"load_balancer_rules":true,"loadbalancer_id":true},"before_sensitive":false,"after_sensitive":{"load_balancer_rules":[]}}},{"address":"module.loadbalancer.azurerm_lb_rule.web_lb_rule","module_address":"module.loadbalancer","mode":"managed","type":"azurerm_lb_rule","name":"web_lb_rule","provider_name":"registry.terraform.io/hashicorp/azurerm","change":{"actions":["create"],"before":null,"after":{"backend_port":80,"disable_outbound_snat":false,"enable_floating_ip":false,"enable_tcp_reset":null,"frontend_ip_configuration_name":"web-lb-frontend","frontend_port":80,"name":"http-rule","protocol":"Tcp","timeouts":null},"after_unknown":{"backend_address_pool_ids":true,"frontend_ip_configuration_id":true,"id":true,"idle_timeout_in_minutes":true,"load_distribution":true,"loadbalancer_id":true,"probe_id":true},"before_sensitive":false,"after_sensitive":{"backend_address_pool_ids":[]}}},{"address":"module.loadbalancer.azurerm_public_ip.lb","module_address":"module.loadbalancer","mode":"managed","type":"azurerm_public_ip","name":"lb","provider_name":"registry.terraform.io/hashicorp/azurerm","change":{"actions":["create"],"before":null,"after":{"allocation_method":"Static","ddos_protection_mode":"VirtualNetworkInherited","ddos_protection_plan_id":null,"domain_name_label":null,"edge_zone":null,"idle_timeout_in_minutes":4,"ip_tags":null,"ip_version":"IPv4","location":"centralus","name":"lb-public-ip","public_ip_prefix_id":null,"resource_group_name":"web-infra-rg","reverse_fqdn":null,"sku":"Standard","sku_tier":"Regional","tags":null,"timeouts":null,"zones":null},"after_unknown":{"fqdn":true,"id":true,"ip_address":true},"before_sensitive":false,"after_sensitive":{}}},{"address":"module.nsg.azurerm_network_security_group.dev_zenpay_db_nsg","module_address":"module.nsg","mode":"managed","type":"azurerm_network_security_group","name":"dev_zenpay_db_nsg","provider_name":"registry.terraform.io/hashicorp/azurerm","change":{"actions":["create"],"before":null,"after":{"location":"centralus","name":"db-nsg","resource_group_name":"web-infra-rg","security_rule":[{"access":"Allow","description":"","destination_address_prefix":"*","destination_address_prefixes":[],"destination_application_security_group_ids":[],"destination_port_range":"1433","destination_port_ranges":[],"direction":"Inbound","name":"Allow-SQL","priority":1001,"protocol":"Tcp","source_address_prefix":"10.0.1.0/24","source_address_prefixes":[],"source_application_security_group_ids":[],"source_port_range":"*","source_port_ranges":[]}],"tags":null,"timeouts":null},"after_unknown":{"id":true,"security_rule":[{"destination_address_prefixes":[],"destination_application_security_group_ids":[],"destination_port_ranges":[],"source_address_prefixes":[],"source_application_security_group_ids":[],"source_port_ranges":[]}]},"before_sensitive":false,"after_sensitive":{"security_rule":[{"destination_address_prefixes":[],"destination_application_security_group_ids":[],"destination_port_ranges":[],"source_address_prefixes":[],"source_application_security_group_ids":[],"source_port_ranges":[]}]}}},{"address":"module.nsg.azurerm_network_security_group.dev_zenpay_web_nsg","module_address":"module.nsg","mode":"managed","type":"azurerm_network_security_group","name":"dev_zenpay_web_nsg","provider_name":"registry.terraform.io/hashicorp/azurerm","change":{"actions":["create"],"before":null,"after":{"location":"centralus","name":"webnsg","resource_group_name":"web-infra-rg","security_rule":[{"access":"Allow","description":"","destination_address_prefix":"*","destination_address_prefixes":[],"destination_application_security_group_ids":[],"destination_port_range":"443","destination_port_ranges":[],"direction":"Inbound","name":"Allow-HTTPS","priority":1002,"protocol":"Tcp","source_address_prefix":"*","source_address_prefixes":[],"source_application_security_group_ids":[],"source_port_range":"*","source_port_ranges":[]},{"access":"Allow","description":"","destination_address_prefix":"*","destination_address_prefixes":[],"destination_application_security_group_ids":[],"destination_port_range":"80","destination_port_ranges":[],"direction":"Inbound","name":"Allow-HTTP","priority":1001,"protocol":"Tcp","source_address_prefix":"*","source_address_prefixes":[],"source_application_security_group_ids":[],"source_port_range":"*","source_port_ranges":[]}],"tags":null,"timeouts":null},"after_unknown":{"id":true,"security_rule":[{"destination_address_prefixes":[],"destination_application_security_group_ids":[],"destination_port_ranges":[],"source_address_prefixes":[],"source_application_security_group_ids":[],"source_port_ranges":[]},{"destination_address_prefixes":[],"destination_application_security_group_ids":[],"destination_port_ranges":[],"source_address_prefixes":[],"source_application_security_group_ids":[],"source_port_ranges":[]}]},"before_sensitive":false,"after_sensitive":{"security_rule":[{"destination_address_prefixes":[],"destination_application_security_group_ids":[],"destination_port_ranges":[],"source_address_prefixes":[],"source_application_security_group_ids":[],"source_port_ranges":[]},{"destination_address_prefixes":[],"destination_application_security_group_ids":[],"destination_port_ranges":[],"source_address_prefixes":[],"source_application_security_group_ids":[],"source_port_ranges":[]}]}}},{"address":"module.resource_group.azurerm_resource_group.dev-zenpay-rg","module_address":"module.resource_group","mode":"managed","type":"azurerm_resource_group","name":"dev-zenpay-rg","provider_name":"registry.terraform.io/hashicorp/azurerm","change":{"actions":["create"],"before":null,"after":{"location":"centralus","managed_by":null,"name":"web-infra-rg","tags":null,"timeouts":null},"after_unknown":{"id":true},"before_sensitive":false,"after_sensitive":{}}},{"address":"module.sql.data.azurerm_client_config.current","module_address":"module.sql","mode":"data","type":"azurerm_client_config","name":"current","provider_name":"registry.terraform.io/hashicorp/azurerm","change":{"actions":["read"],"before":null,"after":{"timeouts":null},"after_unknown":{"client_id":true,"id":true,"object_id":true,"subscription_id":true,"tenant_id":true},"before_sensitive":false,"after_sensitive":{}},"action_reason":"read_because_dependency_pending"},{"address":"module.sql.azurerm_key_vault.zenpay_key_vault","module_address":"module.sql","mode":"managed","type":"azurerm_key_vault","name":"zenpay_key_vault","provider_name":"registry.terraform.io/hashicorp/azurerm","change":{"actions":["create"],"before":null,"after":{"access_policy":[{"application_id":null,"certificate_permissions":null,"key_permissions":["Get","List","Create","Delete","Update","Recover","Purge","GetRotationPolicy"],"secret_permissions":null,"storage_permissions":null},{"application_id":null,"certificate_permissions":null,"key_permissions":["Get","WrapKey","UnwrapKey"],"secret_permissions":null,"storage_permissions":null}],"enable_rbac_authorization":null,"enabled_for_deployment":null,"enabled_for_disk_encryption":true,"enabled_for_template_deployment":null,"location":"centralus","name":"zenpaykeyweb46example","public_network_access_enabled":true,"purge_protection_enabled":true,"resource_group_name":"web-infra-rg","sku_name":"standard","soft_delete_retention_days":7,"tags":null,"timeouts":null},"after_unknown":{"access_policy":[{"key_permissions":[false,false,false,false,false,false,false,false],"object_id":true,"tenant_id":true},{"key_permissions":[false,false,false],"object_id":true,"tenant_id":true}],"contact":true,"id":true,"network_acls":true,"tenant_id":true,"vault_uri":true},"before_sensitive":false,"after_sensitive":{"access_policy":[{"key_permissions":[false,false,false,false,false,false,false,false]},{"key_permissions":[false,false,false]}],"contact":[],"network_acls":[]}}},{"address":"module.sql.azurerm_key_vault_key.zenpay_key_vault_key","module_address":"module.sql","mode":"managed","type":"azurerm_key_vault_key","name":"zenpay_key_vault_key","provider_name":"registry.terraform.io/hashicorp/azurerm","change":{"actions":["create"],"before":null,"after":{"expiration_date":null,"key_opts":["unwrapKey","wrapKey"],"key_size":2048,"key_type":"RSA","name":"nerwtbde","not_before_date":null,"rotation_policy":[],"tags":null,"timeouts":null},"after_unknown":{"curve":true,"e":true,"id":true,"key_opts":[false,false],"key_vault_id":true,"n":true,"public_key_openssh":true,"public_key_pem":true,"resource_id":true,"resource_versionless_id":true,"rotation_policy":[],"version":true,"versionless_id":true,"x":true,"y":true},"before_sensitive":false,"after_sensitive":{"key_opts":[false,false],"rotation_policy":[]}}},{"address":"module.sql.azurerm_mssql_server.zenpaydatabase","module_address":"module.sql","mode":"managed","type":"azurerm_mssql_server","name":"zenpaydatabase","provider_name":"registry.terraform.io/hashicorp/azurerm","change":{"actions":["create"],"before":null,"after":{"administrator_login":"adminuser","administrator_login_password":"ySafe11@@@567","azuread_administrator":[{"login_username":"zenpaymanaagedid"}],"connection_policy":"Default","identity":[{"type":"UserAssigned"}],"location":"centralus","minimum_tls_version":"1.2","name":"zenpaydata","outbound_network_restriction_enabled":false,"public_network_access_enabled":true,"resource_group_name":"web-infra-rg","tags":null,"timeouts":null,"version":"12.0"},"after_unknown":{"azuread_administrator":[{"azuread_authentication_only":true,"object_id":true,"tenant_id":true}],"fully_qualified_domain_name":true,"id":true,"identity":[{"identity_ids":true,"principal_id":true,"tenant_id":true}],"primary_user_assigned_identity_id":true,"restorable_dropped_database_ids":true,"transparent_data_encryption_key_vault_key_id":true},"before_sensitive":false,"after_sensitive":{"administrator_login_password":true,"azuread_administrator":[{}],"identity":[{"identity_ids":[]}],"restorable_dropped_database_ids":[]}}},{"address":"module.sql.azurerm_user_assigned_identity.zenpay_identity","module_address":"module.sql","mode":"managed","type":"azurerm_user_assigned_identity","name":"zenpay_identity","provider_name":"registry.terraform.io/hashicorp/azurerm","change":{"actions":["create"],"before":null,"after":{"location":"centralus","name":"zenpaymanaagedid","resource_group_name":"web-infra-rg","tags":null,"timeouts":null},"after_unknown":{"client_id":true,"id":true,"principal_id":true,"tenant_id":true},"before_sensitive":false,"after_sensitive":{}}},{"address":"module.subnet.azurerm_subnet.dev-zenpay-appgw","module_address":"module.subnet","mode":"managed","type":"azurerm_subnet","name":"dev-zenpay-appgw","provider_name":"registry.terraform.io/hashicorp/azurerm","change":{"actions":["create"],"before":null,"after":{"address_prefixes":["10.0.3.0/24"],"default_outbound_access_enabled":true,"delegation":[],"name":"dev-appgw-subnet","resource_group_name":"web-infra-rg","service_endpoint_policy_ids":null,"service_endpoints":null,"timeouts":null,"virtual_network_name":"main-vnet"},"after_unknown":{"address_prefixes":[false],"delegation":[],"enforce_private_link_endpoint_network_policies":true,"enforce_private_link_service_network_policies":true,"id":true,"private_endpoint_network_policies":true,"private_endpoint_network_policies_enabled":true,"private_link_service_network_policies_enabled":true},"before_sensitive":false,"after_sensitive":{"address_prefixes":[false],"delegation":[]}}},{"address":"module.subnet.azurerm_subnet.dev-zenpay-db","module_address":"module.subnet","mode":"managed","type":"azurerm_subnet","name":"dev-zenpay-db","provider_name":"registry.terraform.io/hashicorp/azurerm","change":{"actions":["create"],"before":null,"after":{"address_prefixes":["10.0.2.0/24"],"default_outbound_access_enabled":true,"delegation":[],"name":"dev-db-subnet","resource_group_name":"web-infra-rg","service_endpoint_policy_ids":null,"service_endpoints":null,"timeouts":null,"virtual_network_name":"main-vnet"},"after_unknown":{"address_prefixes":[false],"delegation":[],"enforce_private_link_endpoint_network_policies":true,"enforce_private_link_service_network_policies":true,"id":true,"private_endpoint_network_policies":true,"private_endpoint_network_policies_enabled":true,"private_link_service_network_policies_enabled":true},"before_sensitive":false,"after_sensitive":{"address_prefixes":[false],"delegation":[]}}},{"address":"module.subnet.azurerm_subnet.dev-zenpay-web","module_address":"module.subnet","mode":"managed","type":"azurerm_subnet","name":"dev-zenpay-web","provider_name":"registry.terraform.io/hashicorp/azurerm","change":{"actions":["create"],"before":null,"after":{"address_prefixes":["10.0.1.0/24"],"default_outbound_access_enabled":true,"delegation":[],"name":"dev-web-subnet","resource_group_name":"web-infra-rg","service_endpoint_policy_ids":null,"service_endpoints":null,"timeouts":null,"virtual_network_name":"main-vnet"},"after_unknown":{"address_prefixes":[false],"delegation":[],"enforce_private_link_endpoint_network_policies":true,"enforce_private_link_service_network_policies":true,"id":true,"private_endpoint_network_policies":true,"private_endpoint_network_policies_enabled":true,"private_link_service_network_policies_enabled":true},"before_sensitive":false,"after_sensitive":{"address_prefixes":[false],"delegation":[]}}},{"address":"module.vm.azurerm_availability_set.dev-zenpay-web","module_address":"module.vm","mode":"managed","type":"azurerm_availability_set","name":"dev-zenpay-web","provider_name":"registry.terraform.io/hashicorp/azurerm","change":{"actions":["create"],"before":null,"after":{"location":"centralus","managed":true,"name":"avsetui","platform_fault_domain_count":3,"platform_update_domain_count":5,"proximity_placement_group_id":null,"resource_group_name":"web-infra-rg","tags":null,"timeouts":null},"after_unknown":{"id":true},"before_sensitive":false,"after_sensitive":{}}},{"address":"module.vm.azurerm_network_interface.db","module_address":"module.vm","mode":"managed","type":"azurerm_network_interface","name":"db","provider_name":"registry.terraform.io/hashicorp/azurerm","change":{"actions":["create"],"before":null,"after":{"auxiliary_mode":null,"auxiliary_sku":null,"edge_zone":null,"internal_dns_name_label":null,"ip_configuration":[{"name":"internal","private_ip_address_allocation":"Dynamic","private_ip_address_version":"IPv4","public_ip_address_id":null}],"location":"centralus","name":"db-nic","resource_group_name":"web-infra-rg","tags":null,"timeouts":null},"after_unknown":{"accelerated_networking_enabled":true,"applied_dns_servers":true,"dns_servers":true,"enable_accelerated_networking":true,"enable_ip_forwarding":true,"id":true,"internal_domain_name_suffix":true,"ip_configuration":[{"gateway_load_balancer_frontend_ip_configuration_id":true,"primary":true,"private_ip_address":true,"subnet_id":true}],"ip_forwarding_enabled":true,"mac_address":true,"private_ip_address":true,"private_ip_addresses":true,"virtual_machine_id":true},"before_sensitive":false,"after_sensitive":{"applied_dns_servers":[],"dns_servers":[],"ip_configuration":[{}],"private_ip_addresses":[]}}},{"address":"module.vm.azurerm_network_interface.web[0]","module_address":"module.vm","mode":"managed","type":"azurerm_network_interface","name":"web","index":0,"provider_name":"registry.terraform.io/hashicorp/azurerm","change":{"actions":["create"],"before":null,"after":{"auxiliary_mode":null,"auxiliary_sku":null,"edge_zone":null,"internal_dns_name_label":null,"ip_configuration":[{"name":"internal","private_ip_address_allocation":"Dynamic","private_ip_address_version":"IPv4","public_ip_address_id":null}],"location":"centralus","name":"web-nic-0","resource_group_name":"web-infra-rg","tags":null,"timeouts":null},"after_unknown":{"accelerated_networking_enabled":true,"applied_dns_servers":true,"dns_servers":true,"enable_accelerated_networking":true,"enable_ip_forwarding":true,"id":true,"internal_domain_name_suffix":true,"ip_configuration":[{"gateway_load_balancer_frontend_ip_configuration_id":true,"primary":true,"private_ip_address":true,"subnet_id":true}],"ip_forwarding_enabled":true,"mac_address":true,"private_ip_address":true,"private_ip_addresses":true,"virtual_machine_id":true},"before_sensitive":false,"after_sensitive":{"applied_dns_servers":[],"dns_servers":[],"ip_configuration":[{}],"private_ip_addresses":[]}}},{"address":"module.vm.azurerm_network_interface.web[1]","module_address":"module.vm","mode":"managed","type":"azurerm_network_interface","name":"web","index":1,"provider_name":"registry.terraform.io/hashicorp/azurerm","change":{"actions":["create"],"before":null,"after":{"auxiliary_mode":null,"auxiliary_sku":null,"edge_zone":null,"internal_dns_name_label":null,"ip_configuration":[{"name":"internal","private_ip_address_allocation":"Dynamic","private_ip_address_version":"IPv4","public_ip_address_id":null}],"location":"centralus","name":"web-nic-1","resource_group_name":"web-infra-rg","tags":null,"timeouts":null},"after_unknown":{"accelerated_networking_enabled":true,"applied_dns_servers":true,"dns_servers":true,"enable_accelerated_networking":true,"enable_ip_forwarding":true,"id":true,"internal_domain_name_suffix":true,"ip_configuration":[{"gateway_load_balancer_frontend_ip_configuration_id":true,"primary":true,"private_ip_address":true,"subnet_id":true}],"ip_forwarding_enabled":true,"mac_address":true,"private_ip_address":true,"private_ip_addresses":true,"virtual_machine_id":true},"before_sensitive":false,"after_sensitive":{"applied_dns_servers":[],"dns_servers":[],"ip_configuration":[{}],"private_ip_addresses":[]}}},{"address":"module.vm.azurerm_windows_virtual_machine.db","module_address":"module.vm","mode":"managed","type":"azurerm_windows_virtual_machine","name":"db","provider_name":"registry.terraform.io/hashicorp/azurerm","change":{"actions":["create"],"before":null,"after":{"additional_capabilities":[],"additional_unattend_content":[],"admin_password":"Adminpassword123@@@#####","admin_username":"adminuser","allow_extension_operations":true,"availability_set_id":null,"boot_diagnostics":[],"bypass_platform_safety_checks_on_user_schedule_enabled":false,"capacity_reservation_group_id":null,"custom_data":null,"dedicated_host_group_id":null,"dedicated_host_id":null,"edge_zone":null,"enable_automatic_updates":true,"encryption_at_host_enabled":null,"eviction_policy":null,"extensions_time_budget":"PT1H30M","gallery_application":[],"hotpatching_enabled":false,"identity":[],"license_type":null,"location":"centralus","max_bid_price":-1,"name":"db-vm","os_disk":[{"caching":"ReadWrite","diff_disk_settings":[],"disk_encryption_set_id":null,"disk_size_gb":256,"secure_vm_disk_encryption_set_id":null,"security_encryption_type":null,"storage_account_type":"Premium_LRS","write_accelerator_enabled":false}],"os_image_notification":[],"patch_assessment_mode":"ImageDefault","patch_mode":"AutomaticByOS","plan":[],"platform_fault_domain":-1,"priority":"Regular","provision_vm_agent":true,"proximity_placement_group_id":null,"reboot_setting":null,"resource_group_name":"web-infra-rg","secret":[],"secure_boot_enabled":null,"size":"Standard_D4s_v3","source_image_id":null,"source_image_reference":[{"offer":"WindowsServer","publisher":"MicrosoftWindowsServer","sku":"2019-Datacenter","version":"latest"}],"tags":null,"timeouts":null,"timezone":null,"user_data":null,"virtual_machine_scale_set_id":null,"vm_agent_platform_updates_enabled":false,"vtpm_enabled":null,"winrm_listener":[],"zone":null},"after_unknown":{"additional_capabilities":[],"additional_unattend_content":[],"boot_diagnostics":[],"computer_name":true,"disk_controller_type":true,"gallery_application":[],"id":true,"identity":[],"network_interface_ids":true,"os_disk":[{"diff_disk_settings":[],"name":true}],"os_image_notification":[],"plan":[],"private_ip_address":true,"private_ip_addresses":true,"public_ip_address":true,"public_ip_addresses":true,"secret":[],"source_image_reference":[{}],"termination_notification":true,"virtual_machine_id":true,"winrm_listener":[]},"before_sensitive":false,"after_sensitive":{"additional_capabilities":[],"additional_unattend_content":[],"admin_password":true,"boot_diagnostics":[],"custom_data":true,"gallery_application":[],"identity":[],"network_interface_ids":[],"os_disk":[{"diff_disk_settings":[]}],"os_image_notification":[],"plan":[],"private_ip_addresses":[],"public_ip_addresses":[],"secret":[],"source_image_reference":[{}],"termination_notification":[],"winrm_listener":[]}}},{"address":"module.vm.azurerm_windows_virtual_machine.web[0]","module_address":"module.vm","mode":"managed","type":"azurerm_windows_virtual_machine","name":"web","index":0,"provider_name":"registry.terraform.io/hashicorp/azurerm","change":{"actions":["create"],"before":null,"after":{"additional_capabilities":[],"additional_unattend_content":[],"admin_password":"Adminpassword123@@@#####","admin_username":"adminuser","allow_extension_operations":true,"boot_diagnostics":[],"bypass_platform_safety_checks_on_user_schedule_enabled":false,"capacity_reservation_group_id":null,"custom_data":null,"dedicated_host_group_id":null,"dedicated_host_id":null,"edge_zone":null,"enable_automatic_updates":true,"encryption_at_host_enabled":null,"eviction_policy":null,"extensions_time_budget":"PT1H30M","gallery_application":[],"hotpatching_enabled":false,"identity":[],"license_type":null,"location":"centralus","max_bid_price":-1,"name":"web-vm-0","os_disk":[{"caching":"ReadWrite","diff_disk_settings":[],"disk_encryption_set_id":null,"disk_size_gb":128,"secure_vm_disk_encryption_set_id":null,"security_encryption_type":null,"storage_account_type":"Premium_LRS","write_accelerator_enabled":false}],"os_image_notification":[],"patch_assessment_mode":"ImageDefault","patch_mode":"AutomaticByOS","plan":[],"platform_fault_domain":-1,"priority":"Regular","provision_vm_agent":true,"proximity_placement_group_id":null,"reboot_setting":null,"resource_group_name":"web-infra-rg","secret":[],"secure_boot_enabled":null,"size":"Standard_D2s_v3","source_image_id":null,"source_image_reference":[{"offer":"WindowsServer","publisher":"MicrosoftWindowsServer","sku":"2019-Datacenter","version":"latest"}],"tags":null,"timeouts":null,"timezone":null,"user_data":null,"virtual_machine_scale_set_id":null,"vm_agent_platform_updates_enabled":false,"vtpm_enabled":null,"winrm_listener":[],"zone":null},"after_unknown":{"additional_capabilities":[],"additional_unattend_content":[],"availability_set_id":true,"boot_diagnostics":[],"computer_name":true,"disk_controller_type":true,"gallery_application":[],"id":true,"identity":[],"network_interface_ids":true,"os_disk":[{"diff_disk_settings":[],"name":true}],"os_image_notification":[],"plan":[],"private_ip_address":true,"private_ip_addresses":true,"public_ip_address":true,"public_ip_addresses":true,"secret":[],"source_image_reference":[{}],"termination_notification":true,"virtual_machine_id":true,"winrm_listener":[]},"before_sensitive":false,"after_sensitive":{"additional_capabilities":[],"additional_unattend_content":[],"admin_password":true,"boot_diagnostics":[],"custom_data":true,"gallery_application":[],"identity":[],"network_interface_ids":[],"os_disk":[{"diff_disk_settings":[]}],"os_image_notification":[],"plan":[],"private_ip_addresses":[],"public_ip_addresses":[],"secret":[],"source_image_reference":[{}],"termination_notification":[],"winrm_listener":[]}}},{"address":"module.vm.azurerm_windows_virtual_machine.web[1]","module_address":"module.vm","mode":"managed","type":"azurerm_windows_virtual_machine","name":"web","index":1,"provider_name":"registry.terraform.io/hashicorp/azurerm","change":{"actions":["create"],"before":null,"after":{"additional_capabilities":[],"additional_unattend_content":[],"admin_password":"Adminpassword123@@@#####","admin_username":"adminuser","allow_extension_operations":true,"boot_diagnostics":[],"bypass_platform_safety_checks_on_user_schedule_enabled":false,"capacity_reservation_group_id":null,"custom_data":null,"dedicated_host_group_id":null,"dedicated_host_id":null,"edge_zone":null,"enable_automatic_updates":true,"encryption_at_host_enabled":null,"eviction_policy":null,"extensions_time_budget":"PT1H30M","gallery_application":[],"hotpatching_enabled":false,"identity":[],"license_type":null,"location":"centralus","max_bid_price":-1,"name":"web-vm-1","os_disk":[{"caching":"ReadWrite","diff_disk_settings":[],"disk_encryption_set_id":null,"disk_size_gb":128,"secure_vm_disk_encryption_set_id":null,"security_encryption_type":null,"storage_account_type":"Premium_LRS","write_accelerator_enabled":false}],"os_image_notification":[],"patch_assessment_mode":"ImageDefault","patch_mode":"AutomaticByOS","plan":[],"platform_fault_domain":-1,"priority":"Regular","provision_vm_agent":true,"proximity_placement_group_id":null,"reboot_setting":null,"resource_group_name":"web-infra-rg","secret":[],"secure_boot_enabled":null,"size":"Standard_D2s_v3","source_image_id":null,"source_image_reference":[{"offer":"WindowsServer","publisher":"MicrosoftWindowsServer","sku":"2019-Datacenter","version":"latest"}],"tags":null,"timeouts":null,"timezone":null,"user_data":null,"virtual_machine_scale_set_id":null,"vm_agent_platform_updates_enabled":false,"vtpm_enabled":null,"winrm_listener":[],"zone":null},"after_unknown":{"additional_capabilities":[],"additional_unattend_content":[],"availability_set_id":true,"boot_diagnostics":[],"computer_name":true,"disk_controller_type":true,"gallery_application":[],"id":true,"identity":[],"network_interface_ids":true,"os_disk":[{"diff_disk_settings":[],"name":true}],"os_image_notification":[],"plan":[],"private_ip_address":true,"private_ip_addresses":true,"public_ip_address":true,"public_ip_addresses":true,"secret":[],"source_image_reference":[{}],"termination_notification":true,"virtual_machine_id":true,"winrm_listener":[]},"before_sensitive":false,"after_sensitive":{"additional_capabilities":[],"additional_unattend_content":[],"admin_password":true,"boot_diagnostics":[],"custom_data":true,"gallery_application":[],"identity":[],"network_interface_ids":[],"os_disk":[{"diff_disk_settings":[]}],"os_image_notification":[],"plan":[],"private_ip_addresses":[],"public_ip_addresses":[],"secret":[],"source_image_reference":[{}],"termination_notification":[],"winrm_listener":[]}}},{"address":"module.vnet.azurerm_virtual_network.dev-zenpay-vnet","module_address":"module.vnet","mode":"managed","type":"azurerm_virtual_network","name":"dev-zenpay-vnet","provider_name":"registry.terraform.io/hashicorp/azurerm","change":{"actions":["create"],"before":null,"after":{"address_space":["10.0.0.0/16"],"bgp_community":null,"ddos_protection_plan":[],"edge_zone":null,"encryption":[],"flow_timeout_in_minutes":null,"location":"centralus","name":"main-vnet","resource_group_name":"web-infra-rg","tags":null,"timeouts":null},"after_unknown":{"address_space":[false],"ddos_protection_plan":[],"dns_servers":true,"encryption":[],"guid":true,"id":true,"subnet":true},"before_sensitive":false,"after_sensitive":{"address_space":[false],"ddos_protection_plan":[],"dns_servers":[],"encryption":[],"subnet":[]}}}],"prior_state":{"format_version":"1.0","terraform_version":"1.9.4","values":{"root_module":{"resources":[{"address":"data.azurerm_client_config.owner","mode":"data","type":"azurerm_client_config","name":"owner","provider_name":"registry.terraform.io/hashicorp/azurerm","schema_version":0,"values":{"client_id":"04b07795-8ddb-461a-bbee-02f9e1bf7b46","id":"Y2xpZW50Q29uZmlncy9jbGllbnRJZD0wNGIwNzc5NS04ZGRiLTQ2MWEtYmJlZS0wMmY5ZTFiZjdiNDY7b2JqZWN0SWQ9NjJlNTM3MGEtMmJmNC00NzM0LTg1MTEtY2M3OTg4MjVmMDYyO3N1YnNjcmlwdGlvbklkPTFiNzQxNGEzLWIwMzQtNGY3Yi05NzA4LTM1N2YxZGRlY2Q3YTt0ZW5hbnRJZD1lNjZlNzdiNC01NzI0LTQ0ZDctODcyMS0wNmRmMTYwNDUwY2U=","object_id":"62e5370a-2bf4-4734-8511-cc798825f062","subscription_id":"1b7414a3-b034-4f7b-9708-357f1ddecd7a","tenant_id":"e66e77b4-5724-44d7-8721-06df160450ce","timeouts":null},"sensitive_values":{}}]}}},"configuration":{"provider_config":{"azurerm":{"name":"azurerm","full_name":"registry.terraform.io/hashicorp/azurerm","expressions":{"features":[{}]}}},"root_module":{"resources":[{"address":"data.azurerm_client_config.owner","mode":"data","type":"azurerm_client_config","name":"owner","provider_config_key":"azurerm","schema_version":0}],"module_calls":{"appgateway":{"source":"./modules/applicationgateway","expressions":{"appgw-name":{"references":["var.appgw-name"]},"backend_http_port":{"references":["var.backend_http_port"]},"capacity":{"references":["var.capacity"]},"frontend_port":{"references":["var.frontend_port"]},"location":{"references":["module.resource_group.resource_group_location","module.resource_group"]},"priority":{"references":["var.priority"]},"resource_group_name":{"references":["module.resource_group.resource_group_name","module.resource_group"]},"sku_name":{"references":["var.sku_name"]},"subnet_id":{"references":["module.subnet.appgw_subnet_id","module.subnet"]},"tier":{"references":["var.tier"]}},"module":{"outputs":{"appgw_id":{"expression":{"references":["azurerm_application_gateway.zenpay-appgw.id","azurerm_application_gateway.zenpay-appgw"]},"description":"The ID of the Application Gateway."}},"resources":[{"address":"azurerm_application_gateway.zenpay-appgw","mode":"managed","type":"azurerm_application_gateway","name":"zenpay-appgw","provider_config_key":"azurerm","expressions":{"backend_address_pool":[{"name":{"constant_value":"appgw-backend-pool"}}],"backend_http_settings":[{"cookie_based_affinity":{"constant_value":"Disabled"},"name":{"constant_value":"appgw-backend-http-settings"},"port":{"references":["var.backend_http_port"]},"protocol":{"constant_value":"Http"}}],"frontend_ip_configuration":[{"name":{"constant_value":"appgw-frontend-ip"},"public_ip_address_id":{"references":["azurerm_public_ip.appgw_pip.id","azurerm_public_ip.appgw_pip"]}}],"frontend_port":[{"name":{"constant_value":"appgw-http-port"},"port":{"references":["var.frontend_port"]}}],"gateway_ip_configuration":[{"name":{"constant_value":"appgw-ip-configuration"},"subnet_id":{"references":["var.subnet_id"]}}],"http_listener":[{"frontend_ip_configuration_name":{"constant_value":"appgw-frontend-ip"},"frontend_port_name":{"constant_value":"appgw-http-port"},"name":{"constant_value":"appgw-http-listener"},"protocol":{"constant_value":"Http"}}],"location":{"references":["var.location"]},"name":{"references":["var.appgw-name"]},"request_routing_rule":[{"backend_address_pool_name":{"constant_value":"appgw-backend-pool"},"backend_http_settings_name":{"constant_value":"appgw-backend-http-settings"},"http_listener_name":{"constant_value":"appgw-http-listener"},"name":{"constant_value":"appgw-routing-rule"},"priority":{"references":["var.priority"]},"rule_type":{"constant_value":"Basic"}}],"resource_group_name":{"references":["var.resource_group_name"]},"sku":[{"capacity":{"references":["var.capacity"]},"name":{"references":["var.sku_name"]},"tier":{"references":["var.tier"]}}]},"schema_version":0},{"address":"azurerm_public_ip.appgw_pip","mode":"managed","type":"azurerm_public_ip","name":"appgw_pip","provider_config_key":"azurerm","expressions":{"allocation_method":{"constant_value":"Static"},"location":{"references":["var.location"]},"name":{"constant_value":"appgw-pip"},"resource_group_name":{"references":["var.resource_group_name"]},"sku":{"constant_value":"Standard"}},"schema_version":0}],"variables":{"appgw-name":{"description":"The app gateway name"},"backend_http_port":{"description":"The backend HTTP port for the Application Gateway."},"capacity":{"default":2,"description":"The capacity of the Application Gateway."},"frontend_port":{"description":"The frontend port for the Application Gateway."},"location":{"description":"The location/region where the Application Gateway will be deployed."},"priority":{"description":"The priority of the routing rule."},"resource_group_name":{"description":"The name of the resource group in which the Application Gateway is created."},"sku_name":{"description":"The SKU name of the Application Gateway."},"subnet_id":{"description":"The ID of the subnet in which the Application Gateway is deployed."},"tier":{"description":"The tier of the Application Gateway SKU."}}},"depends_on":["module.subnet"]},"backup_and_security":{"source":"./modules/backup-security","expressions":{"backup_policy_name":{"references":["var.backup_policy_name"]},"location":{"references":["module.resource_group.resource_group_location","module.resource_group"]},"log-analytics-name":{"references":["var.log-analytics-name"]},"recovery_vault_name":{"references":["var.recovery_vault_name"]},"resource_group_name":{"references":["module.resource_group.resource_group_name","module.resource_group"]},"rg_scope":{"references":["module.resource_group.resource_group_id","module.resource_group"]},"security-contact-email":{"references":["var.security-contact-email"]},"security-contact-phone":{"references":["var.security-contact-phone"]}},"module":{"outputs":{"backup_policy_id":{"expression":{"references":["azurerm_backup_policy_vm.vm_backup_policy.id","azurerm_backup_policy_vm.vm_backup_policy"]},"description":"The ID of the VM Backup Policy."},"log_analytics_workspace_id":{"expression":{"references":["azurerm_log_analytics_workspace.securitypostlog.id","azurerm_log_analytics_workspace.securitypostlog"]},"description":"The ID of the Log Analytics Workspace."},"recovery_vault_id":{"expression":{"references":["azurerm_recovery_services_vault.zenpay_recovery_vault.id","azurerm_recovery_services_vault.zenpay_recovery_vault"]},"description":"The ID of the Recovery Services Vault."},"security_center_workspace_id":{"expression":{"references":["azurerm_security_center_workspace.securityposturews.id","azurerm_security_center_workspace.securityposturews"]},"description":"The ID of the Security Center Workspace."},"security_contact_id":{"expression":{"references":["azurerm_security_center_contact.security_contact.id","azurerm_security_center_contact.security_contact"]},"description":"The ID of the Security Center Contact."}},"resources":[{"address":"azurerm_backup_policy_vm.vm_backup_policy","mode":"managed","type":"azurerm_backup_policy_vm","name":"vm_backup_policy","provider_config_key":"azurerm","expressions":{"backup":[{"frequency":{"constant_value":"Daily"},"time":{"constant_value":"23:00"}}],"name":{"references":["var.backup_policy_name"]},"recovery_vault_name":{"references":["azurerm_recovery_services_vault.zenpay_recovery_vault.name","azurerm_recovery_services_vault.zenpay_recovery_vault"]},"resource_group_name":{"references":["var.resource_group_name"]},"retention_daily":[{"count":{"constant_value":10}}],"retention_monthly":[{"count":{"constant_value":7},"weekdays":{"constant_value":["Sunday","Wednesday"]},"weeks":{"constant_value":["First","Last"]}}],"retention_weekly":[{"count":{"constant_value":42},"weekdays":{"constant_value":["Sunday","Wednesday","Friday","Saturday"]}}],"timezone":{"constant_value":"UTC"}},"schema_version":0},{"address":"azurerm_log_analytics_workspace.securitypostlog","mode":"managed","type":"azurerm_log_analytics_workspace","name":"securitypostlog","provider_config_key":"azurerm","expressions":{"location":{"references":["var.location"]},"name":{"references":["var.log-analytics-name"]},"resource_group_name":{"references":["var.resource_group_name"]},"retention_in_days":{"constant_value":30},"sku":{"constant_value":"PerGB2018"}},"schema_version":3},{"address":"azurerm_recovery_services_vault.zenpay_recovery_vault","mode":"managed","type":"azurerm_recovery_services_vault","name":"zenpay_recovery_vault","provider_config_key":"azurerm","expressions":{"location":{"references":["var.location"]},"name":{"references":["var.recovery_vault_name"]},"resource_group_name":{"references":["var.resource_group_name"]},"sku":{"constant_value":"Standard"}},"schema_version":0},{"address":"azurerm_security_center_auto_provisioning.auto_provisioning","mode":"managed","type":"azurerm_security_center_auto_provisioning","name":"auto_provisioning","provider_config_key":"azurerm","expressions":{"auto_provision":{"constant_value":"On"}},"schema_version":1},{"address":"azurerm_security_center_contact.security_contact","mode":"managed","type":"azurerm_security_center_contact","name":"security_contact","provider_config_key":"azurerm","expressions":{"alert_notifications":{"constant_value":true},"alerts_to_admins":{"constant_value":true},"email":{"references":["var.security-contact-email"]},"phone":{"references":["var.security-contact-phone"]}},"schema_version":0},{"address":"azurerm_security_center_workspace.securityposturews","mode":"managed","type":"azurerm_security_center_workspace","name":"securityposturews","provider_config_key":"azurerm","expressions":{"scope":{"references":["var.rg_scope"]},"workspace_id":{"references":["azurerm_log_analytics_workspace.securitypostlog.id","azurerm_log_analytics_workspace.securitypostlog"]}},"schema_version":0}],"variables":{"backup_policy_name":{"description":"The name of the Backup Policy for VMs."},"location":{"description":"The location/region where resources will be deployed."},"log-analytics-name":{"description":"The name of the Log Analytics Workspace."},"recovery_vault_name":{"description":"The name of the Recovery Services Vault."},"resource_group_name":{"description":"The name of the resource group in which resources are created."},"rg_scope":{"description":"The Resource group id"},"security-contact-email":{"description":"The email address for the security center contact."},"security-contact-phone":{"description":"The phone number for the security center contact."}}}},"loadbalancer":{"source":"./modules/loadbalancer","expressions":{"backend_address_pool_name":{"references":["var.backend_address_pool_name"]},"frontend_ip_configuration_name":{"references":["var.frontend_ip_configuration_name"]},"lb_name":{"references":["var.lb_name"]},"location":{"references":["module.resource_group.resource_group_location","module.resource_group"]},"probe_name":{"references":["var.probe_name"]},"public_ip_name":{"references":["var.public_ip_name"]},"resource_group_name":{"references":["module.resource_group.resource_group_name","module.resource_group"]},"rule_name":{"references":["var.rule_name"]},"web_nic_ids":{"references":["var.web_nic_ids"]}},"module":{"outputs":{"lb_backend_address_pool_id":{"expression":{"references":["azurerm_lb_backend_address_pool.web_lb_backend.id","azurerm_lb_backend_address_pool.web_lb_backend"]},"description":"The ID of the backend address pool of the load balancer."},"lb_id":{"expression":{"references":["azurerm_lb.dev_zenpay_web_lb.id","azurerm_lb.dev_zenpay_web_lb"]},"description":"The ID of the load balancer."},"lb_public_ip_id":{"expression":{"references":["azurerm_public_ip.lb.id","azurerm_public_ip.lb"]},"description":"The ID of the public IP associated with the load balancer."}},"resources":[{"address":"azurerm_lb.dev_zenpay_web_lb","mode":"managed","type":"azurerm_lb","name":"dev_zenpay_web_lb","provider_config_key":"azurerm","expressions":{"frontend_ip_configuration":[{"name":{"references":["var.frontend_ip_configuration_name"]},"public_ip_address_id":{"references":["azurerm_public_ip.lb.id","azurerm_public_ip.lb"]}}],"location":{"references":["var.location"]},"name":{"references":["var.lb_name"]},"resource_group_name":{"references":["var.resource_group_name"]},"sku":{"constant_value":"Standard"}},"schema_version":0},{"address":"azurerm_lb_backend_address_pool.web_lb_backend","mode":"managed","type":"azurerm_lb_backend_address_pool","name":"web_lb_backend","provider_config_key":"azurerm","expressions":{"loadbalancer_id":{"references":["azurerm_lb.dev_zenpay_web_lb.id","azurerm_lb.dev_zenpay_web_lb"]},"name":{"references":["var.backend_address_pool_name"]}},"schema_version":0},{"address":"azurerm_lb_probe.web_lb_probe","mode":"managed","type":"azurerm_lb_probe","name":"web_lb_probe","provider_config_key":"azurerm","expressions":{"interval_in_seconds":{"constant_value":15},"loadbalancer_id":{"references":["azurerm_lb.dev_zenpay_web_lb.id","azurerm_lb.dev_zenpay_web_lb"]},"name":{"references":["var.probe_name"]},"number_of_probes":{"constant_value":2},"port":{"constant_value":80},"protocol":{"constant_value":"Http"},"request_path":{"constant_value":"/"}},"schema_version":0},{"address":"azurerm_lb_rule.web_lb_rule","mode":"managed","type":"azurerm_lb_rule","name":"web_lb_rule","provider_config_key":"azurerm","expressions":{"backend_address_pool_ids":{"references":["azurerm_lb_backend_address_pool.web_lb_backend.id","azurerm_lb_backend_address_pool.web_lb_backend"]},"backend_port":{"constant_value":80},"frontend_ip_configuration_name":{"references":["azurerm_lb.dev_zenpay_web_lb.frontend_ip_configuration[0].name","azurerm_lb.dev_zenpay_web_lb.frontend_ip_configuration[0]","azurerm_lb.dev_zenpay_web_lb.frontend_ip_configuration","azurerm_lb.dev_zenpay_web_lb"]},"frontend_port":{"constant_value":80},"loadbalancer_id":{"references":["azurerm_lb.dev_zenpay_web_lb.id","azurerm_lb.dev_zenpay_web_lb"]},"name":{"references":["var.rule_name"]},"probe_id":{"references":["azurerm_lb_probe.web_lb_probe.id","azurerm_lb_probe.web_lb_probe"]},"protocol":{"constant_value":"Tcp"}},"schema_version":0},{"address":"azurerm_public_ip.lb","mode":"managed","type":"azurerm_public_ip","name":"lb","provider_config_key":"azurerm","expressions":{"allocation_method":{"constant_value":"Static"},"location":{"references":["var.location"]},"name":{"references":["var.public_ip_name"]},"resource_group_name":{"references":["var.resource_group_name"]},"sku":{"constant_value":"Standard"}},"schema_version":0}],"variables":{"backend_address_pool_name":{"description":"The name of the backend address pool."},"frontend_ip_configuration_name":{"description":"The name of the frontend IP configuration."},"lb_name":{"description":"The name of the load balancer."},"location":{"description":"The location/region where the resources will be deployed."},"probe_name":{"description":"The name of the load balancer probe."},"public_ip_name":{"description":"The name of the public IP for the load balancer."},"resource_group_name":{"description":"The name of the resource group in which the resources are created."},"rule_name":{"description":"The name of the load balancer rule."},"web_nic_ids":{"description":"A list of network interface IDs for the backend pool."}}}},"nsg":{"source":"./modules/networksecuritygroup","expressions":{"location":{"references":["module.resource_group.resource_group_location","module.resource_group"]},"nsg_name":{"references":["var.nsg_name"]},"resource_group_name":{"references":["module.resource_group.resource_group_name","module.resource_group"]},"web_subnet_address":{"references":["var.web_subnet_address"]}},"module":{"outputs":{"db_nsg_id":{"expression":{"references":["azurerm_network_security_group.dev_zenpay_db_nsg.id","azurerm_network_security_group.dev_zenpay_db_nsg"]}},"web_nsg_id":{"expression":{"references":["azurerm_network_security_group.dev_zenpay_web_nsg.id","azurerm_network_security_group.dev_zenpay_web_nsg"]}}},"resources":[{"address":"azurerm_network_security_group.dev_zenpay_db_nsg","mode":"managed","type":"azurerm_network_security_group","name":"dev_zenpay_db_nsg","provider_config_key":"azurerm","expressions":{"location":{"references":["var.location"]},"name":{"constant_value":"db-nsg"},"resource_group_name":{"references":["var.resource_group_name"]},"security_rule":{"references":["var.web_subnet_address"]}},"schema_version":0},{"address":"azurerm_network_security_group.dev_zenpay_web_nsg","mode":"managed","type":"azurerm_network_security_group","name":"dev_zenpay_web_nsg","provider_config_key":"azurerm","expressions":{"location":{"references":["var.location"]},"name":{"references":["var.nsg_name"]},"resource_group_name":{"references":["var.resource_group_name"]},"security_rule":{"constant_value":[{"access":"Allow","description":null,"destination_address_prefix":"*","destination_address_prefixes":null,"destination_application_security_group_ids":null,"destination_port_range":"80","destination_port_ranges":null,"direction":"Inbound","name":"Allow-HTTP","priority":1001,"protocol":"Tcp","source_address_prefix":"*","source_address_prefixes":null,"source_application_security_group_ids":null,"source_port_range":"*","source_port_ranges":null},{"access":"Allow","description":null,"destination_address_prefix":"*","destination_address_prefixes":null,"destination_application_security_group_ids":null,"destination_port_range":"443","destination_port_ranges":null,"direction":"Inbound","name":"Allow-HTTPS","priority":1002,"protocol":"Tcp","source_address_prefix":"*","source_address_prefixes":null,"source_application_security_group_ids":null,"source_port_range":"*","source_port_ranges":null}]}},"schema_version":0}],"variables":{"location":{"description":"Location of the network security group"},"nsg_name":{"description":"Name of the network security group"},"resource_group_name":{"description":"Name of the resource group"},"web_subnet_address":{"description":"Address space for the web tier subnet"}}}},"resource_group":{"source":"./modules/resourcegroup","expressions":{"location":{"references":["var.location"]},"resource_group_name":{"references":["var.resource_group_name"]}},"module":{"outputs":{"resource_group_id":{"expression":{"references":["azurerm_resource_group.dev-zenpay-rg.id","azurerm_resource_group.dev-zenpay-rg"]},"description":"The ID of the Resource Group"},"resource_group_location":{"expression":{"references":["azurerm_resource_group.dev-zenpay-rg.location","azurerm_resource_group.dev-zenpay-rg"]}},"resource_group_name":{"expression":{"references":["azurerm_resource_group.dev-zenpay-rg.name","azurerm_resource_group.dev-zenpay-rg"]}}},"resources":[{"address":"azurerm_resource_group.dev-zenpay-rg","mode":"managed","type":"azurerm_resource_group","name":"dev-zenpay-rg","provider_config_key":"azurerm","expressions":{"location":{"references":["var.location"]},"name":{"references":["var.resource_group_name"]}},"schema_version":0}],"variables":{"location":{"description":"The location of the resource group"},"resource_group_name":{"description":"The name of the resource group"}}}},"sql":{"source":"./modules/sql","expressions":{"administrator_login":{"references":["var.administrator_login"]},"administrator_login_password":{"references":["var.administrator_login_password"]},"key_vault_name":{"references":["var.key_vault_name"]},"location":{"references":["var.location"]},"resource_group_name":{"references":["var.resource_group_name"]},"sql_server_name":{"references":["var.sql_server_name"]},"transparent_data_encryption_key_name":{"references":["var.transparent_data_encryption_key_name"]},"user_assigned_identity_name":{"references":["var.user_assigned_identity_name"]}},"module":{"outputs":{"key_vault_id":{"expression":{"references":["azurerm_key_vault.zenpay_key_vault.id","azurerm_key_vault.zenpay_key_vault"]},"description":"The ID of the Key Vault."},"key_vault_key_id":{"expression":{"references":["azurerm_key_vault_key.zenpay_key_vault_key.id","azurerm_key_vault_key.zenpay_key_vault_key"]},"description":"The ID of the Key Vault Key."},"sql_server_id":{"expression":{"references":["azurerm_mssql_server.zenpaydatabase.id","azurerm_mssql_server.zenpaydatabase"]},"description":"The ID of the SQL Server."},"user_assigned_identity_id":{"expression":{"references":["azurerm_user_assigned_identity.zenpay_identity.id","azurerm_user_assigned_identity.zenpay_identity"]},"description":"The ID of the User Assigned Identity."}},"resources":[{"address":"azurerm_key_vault.zenpay_key_vault","mode":"managed","type":"azurerm_key_vault","name":"zenpay_key_vault","provider_config_key":"azurerm","expressions":{"access_policy":{"references":["data.azurerm_client_config.current.object_id","data.azurerm_client_config.current","data.azurerm_client_config.current.tenant_id","data.azurerm_client_config.current","azurerm_user_assigned_identity.zenpay_identity.principal_id","azurerm_user_assigned_identity.zenpay_identity","azurerm_user_assigned_identity.zenpay_identity.tenant_id","azurerm_user_assigned_identity.zenpay_identity"]},"enabled_for_disk_encryption":{"constant_value":true},"location":{"references":["var.location"]},"name":{"references":["var.key_vault_name"]},"purge_protection_enabled":{"constant_value":true},"resource_group_name":{"references":["var.resource_group_name"]},"sku_name":{"constant_value":"standard"},"soft_delete_retention_days":{"constant_value":7},"tenant_id":{"references":["azurerm_user_assigned_identity.zenpay_identity.tenant_id","azurerm_user_assigned_identity.zenpay_identity"]}},"schema_version":2},{"address":"azurerm_key_vault_key.zenpay_key_vault_key","mode":"managed","type":"azurerm_key_vault_key","name":"zenpay_key_vault_key","provider_config_key":"azurerm","expressions":{"key_opts":{"constant_value":["unwrapKey","wrapKey"]},"key_size":{"constant_value":2048},"key_type":{"constant_value":"RSA"},"key_vault_id":{"references":["azurerm_key_vault.zenpay_key_vault.id","azurerm_key_vault.zenpay_key_vault"]},"name":{"references":["var.transparent_data_encryption_key_name"]}},"schema_version":0,"depends_on":["azurerm_key_vault.zenpay_key_vault"]},{"address":"azurerm_mssql_server.zenpaydatabase","mode":"managed","type":"azurerm_mssql_server","name":"zenpaydatabase","provider_config_key":"azurerm","expressions":{"administrator_login":{"references":["var.administrator_login"]},"administrator_login_password":{"references":["var.administrator_login_password"]},"azuread_administrator":[{"login_username":{"references":["azurerm_user_assigned_identity.zenpay_identity.name","azurerm_user_assigned_identity.zenpay_identity"]},"object_id":{"references":["azurerm_user_assigned_identity.zenpay_identity.principal_id","azurerm_user_assigned_identity.zenpay_identity"]}}],"identity":[{"identity_ids":{"references":["azurerm_user_assigned_identity.zenpay_identity.id","azurerm_user_assigned_identity.zenpay_identity"]},"type":{"constant_value":"UserAssigned"}}],"location":{"references":["var.location"]},"minimum_tls_version":{"constant_value":"1.2"},"name":{"references":["var.sql_server_name"]},"primary_user_assigned_identity_id":{"references":["azurerm_user_assigned_identity.zenpay_identity.id","azurerm_user_assigned_identity.zenpay_identity"]},"resource_group_name":{"references":["var.resource_group_name"]},"transparent_data_encryption_key_vault_key_id":{"references":["azurerm_key_vault_key.zenpay_key_vault_key.id","azurerm_key_vault_key.zenpay_key_vault_key"]},"version":{"constant_value":"12.0"}},"schema_version":0},{"address":"azurerm_user_assigned_identity.zenpay_identity","mode":"managed","type":"azurerm_user_assigned_identity","name":"zenpay_identity","provider_config_key":"azurerm","expressions":{"location":{"references":["var.location"]},"name":{"references":["var.user_assigned_identity_name"]},"resource_group_name":{"references":["var.resource_group_name"]}},"schema_version":1},{"address":"data.azurerm_client_config.current","mode":"data","type":"azurerm_client_config","name":"current","provider_config_key":"azurerm","schema_version":0}],"variables":{"administrator_login":{"description":"The administrator login for the SQL Server."},"administrator_login_password":{"description":"The administrator login password for the SQL Server."},"key_vault_name":{"description":"The name of the Key Vault."},"location":{"description":"The location/region where resources will be deployed."},"resource_group_name":{"description":"The name of the resource group in which resources are created."},"sql_server_name":{"description":"The name of the SQL Server."},"transparent_data_encryption_key_name":{"description":"The name of the Key Vault key used for Transparent Data Encryption."},"user_assigned_identity_name":{"description":"The name of the User Assigned Identity."}}},"depends_on":["module.resource_group","module.nsg","module.backup_and_security","module.appgateway"]},"subnet":{"source":"./modules/subnet","expressions":{"appgw_subnet_address":{"references":["var.appgw_subnet_address"]},"db_subnet_address":{"references":["var.db_subnet_address"]},"location":{"references":["var.location"]},"resource_group_name":{"references":["var.resource_group_name"]},"vnet_name":{"references":["var.vnet_name"]},"web_subnet_address":{"references":["var.web_subnet_address"]}},"module":{"outputs":{"appgw_subnet_id":{"expression":{"references":["azurerm_subnet.dev-zenpay-appgw.id","azurerm_subnet.dev-zenpay-appgw"]},"description":"The ID of the application gateway subnet."},"db_subnet_id":{"expression":{"references":["azurerm_subnet.dev-zenpay-db.id","azurerm_subnet.dev-zenpay-db"]},"description":"The ID of the database subnet."},"web_subnet_id":{"expression":{"references":["azurerm_subnet.dev-zenpay-web.id","azurerm_subnet.dev-zenpay-web"]},"description":"The ID of the web subnet."}},"resources":[{"address":"azurerm_subnet.dev-zenpay-appgw","mode":"managed","type":"azurerm_subnet","name":"dev-zenpay-appgw","provider_config_key":"azurerm","expressions":{"address_prefixes":{"references":["var.appgw_subnet_address"]},"name":{"constant_value":"dev-appgw-subnet"},"resource_group_name":{"references":["var.resource_group_name"]},"virtual_network_name":{"references":["var.vnet_name"]}},"schema_version":0},{"address":"azurerm_subnet.dev-zenpay-db","mode":"managed","type":"azurerm_subnet","name":"dev-zenpay-db","provider_config_key":"azurerm","expressions":{"address_prefixes":{"references":["var.db_subnet_address"]},"name":{"constant_value":"dev-db-subnet"},"resource_group_name":{"references":["var.resource_group_name"]},"virtual_network_name":{"references":["var.vnet_name"]}},"schema_version":0},{"address":"azurerm_subnet.dev-zenpay-web","mode":"managed","type":"azurerm_subnet","name":"dev-zenpay-web","provider_config_key":"azurerm","expressions":{"address_prefixes":{"references":["var.web_subnet_address"]},"name":{"constant_value":"dev-web-subnet"},"resource_group_name":{"references":["var.resource_group_name"]},"virtual_network_name":{"references":["var.vnet_name"]}},"schema_version":0}],"variables":{"appgw_subnet_address":{"description":"Address space for the application gateway tier subnet"},"db_subnet_address":{"description":"Address space for the database tier subnet"},"location":{"description":"Location of the virtual network"},"resource_group_name":{"description":"Name of the resource group"},"vnet_name":{"description":"Name of the virtual network"},"web_subnet_address":{"description":"Address space for the web tier subnet"}}},"depends_on":["module.vnet"]},"vm":{"source":"./modules/virtualmachine","expressions":{"admin_password":{"references":["var.admin_password"]},"admin_username":{"references":["var.admin_username"]},"avset_name":{"references":["var.avset_name"]},"db_os_disk":{"references":["var.db_os_disk"]},"db_subnet_id":{"references":["module.subnet.db_subnet_id","module.subnet"]},"db_vm_size":{"references":["var.db_vm_size"]},"location":{"references":["module.resource_group.resource_group_location","module.resource_group"]},"resource_group_name":{"references":["module.resource_group.resource_group_name","module.resource_group"]},"web_os_disk":{"references":["var.web_os_disk"]},"web_subnet_id":{"references":["module.subnet.web_subnet_id","module.subnet"]},"web_vm_count":{"references":["var.web_vm_count"]},"web_vm_size":{"references":["var.web_vm_size"]},"windows_image_offer":{"references":["var.windows_image_offer"]},"windows_image_publisher":{"references":["var.windows_image_publisher"]},"windows_image_sku":{"references":["var.windows_image_sku"]},"windows_image_version":{"references":["var.windows_image_version"]}},"module":{"outputs":{"db_nic_id":{"expression":{"references":["azurerm_network_interface.db.id","azurerm_network_interface.db"]}},"db_vm_id":{"expression":{"references":["azurerm_windows_virtual_machine.db.id","azurerm_windows_virtual_machine.db"]}},"web_nic_ids":{"expression":{"references":["azurerm_network_interface.web"]}},"web_vm_ids":{"expression":{"references":["azurerm_windows_virtual_machine.web"]}}},"resources":[{"address":"azurerm_availability_set.dev-zenpay-web","mode":"managed","type":"azurerm_availability_set","name":"dev-zenpay-web","provider_config_key":"azurerm","expressions":{"location":{"references":["var.location"]},"managed":{"constant_value":true},"name":{"references":["var.avset_name"]},"resource_group_name":{"references":["var.resource_group_name"]}},"schema_version":0},{"address":"azurerm_network_interface.db","mode":"managed","type":"azurerm_network_interface","name":"db","provider_config_key":"azurerm","expressions":{"ip_configuration":[{"name":{"constant_value":"internal"},"private_ip_address_allocation":{"constant_value":"Dynamic"},"subnet_id":{"references":["var.db_subnet_id"]}}],"location":{"references":["var.location"]},"name":{"constant_value":"db-nic"},"resource_group_name":{"references":["var.resource_group_name"]}},"schema_version":0},{"address":"azurerm_network_interface.web","mode":"managed","type":"azurerm_network_interface","name":"web","provider_config_key":"azurerm","expressions":{"ip_configuration":[{"name":{"constant_value":"internal"},"private_ip_address_allocation":{"constant_value":"Dynamic"},"subnet_id":{"references":["var.web_subnet_id"]}}],"location":{"references":["var.location"]},"name":{"references":["count.index"]},"resource_group_name":{"references":["var.resource_group_name"]}},"schema_version":0,"count_expression":{"references":["var.web_vm_count"]}},{"address":"azurerm_windows_virtual_machine.db","mode":"managed","type":"azurerm_windows_virtual_machine","name":"db","provider_config_key":"azurerm","expressions":{"admin_password":{"references":["var.admin_password"]},"admin_username":{"references":["var.admin_username"]},"location":{"references":["var.location"]},"name":{"constant_value":"db-vm"},"network_interface_ids":{"references":["azurerm_network_interface.db.id","azurerm_network_interface.db"]},"os_disk":[{"caching":{"constant_value":"ReadWrite"},"disk_size_gb":{"references":["var.db_os_disk"]},"storage_account_type":{"constant_value":"Premium_LRS"}}],"resource_group_name":{"references":["var.resource_group_name"]},"size":{"references":["var.db_vm_size"]},"source_image_reference":[{"offer":{"references":["var.windows_image_offer"]},"publisher":{"references":["var.windows_image_publisher"]},"sku":{"references":["var.windows_image_sku"]},"version":{"references":["var.windows_image_version"]}}]},"schema_version":0},{"address":"azurerm_windows_virtual_machine.web","mode":"managed","type":"azurerm_windows_virtual_machine","name":"web","provider_config_key":"azurerm","expressions":{"admin_password":{"references":["var.admin_password"]},"admin_username":{"references":["var.admin_username"]},"availability_set_id":{"references":["azurerm_availability_set.dev-zenpay-web.id","azurerm_availability_set.dev-zenpay-web"]},"location":{"references":["var.location"]},"name":{"references":["count.index"]},"network_interface_ids":{"references":["azurerm_network_interface.web","count.index"]},"os_disk":[{"caching":{"constant_value":"ReadWrite"},"disk_size_gb":{"references":["var.web_os_disk"]},"storage_account_type":{"constant_value":"Premium_LRS"}}],"resource_group_name":{"references":["var.resource_group_name"]},"size":{"references":["var.web_vm_size"]},"source_image_reference":[{"offer":{"references":["var.windows_image_offer"]},"publisher":{"references":["var.windows_image_publisher"]},"sku":{"references":["var.windows_image_sku"]},"version":{"references":["var.windows_image_version"]}}]},"schema_version":0,"count_expression":{"references":["var.web_vm_count"]}}],"variables":{"admin_password":{"description":"Admin password for the VM"},"admin_username":{"description":"Admin username for the VM"},"avset_name":{"description":"Name of the availability set"},"db_os_disk":{"description":"The db OS disk size in GB"},"db_subnet_id":{"description":"ID of the database subnet"},"db_vm_size":{"description":"The size of the DB VM"},"location":{"description":"Location of the resources"},"resource_group_name":{"description":"Name of the resource group"},"web_os_disk":{"description":"The web OS disk size in GB"},"web_subnet_id":{"description":"ID of the web subnet"},"web_vm_count":{"description":"Number of web VMs"},"web_vm_size":{"description":"The size of the VM"},"windows_image_offer":{"description":"The image offer"},"windows_image_publisher":{"description":"The image publisher"},"windows_image_sku":{"description":"The image SKU"},"windows_image_version":{"description":"The image version"}}},"depends_on":["module.subnet","module.nsg"]},"vnet":{"source":"./modules/virtualnetwork","expressions":{"address_space":{"references":["var.vnet_address_space"]},"location":{"references":["var.location"]},"resource_group_name":{"references":["var.resource_group_name"]},"vnet_name":{"references":["var.vnet_name"]}},"module":{"outputs":{"vnet_address_space":{"expression":{"references":["azurerm_virtual_network.dev-zenpay-vnet.address_space","azurerm_virtual_network.dev-zenpay-vnet"]},"description":"The address space of the virtual network."},"vnet_id":{"expression":{"references":["azurerm_virtual_network.dev-zenpay-vnet.id","azurerm_virtual_network.dev-zenpay-vnet"]},"description":"The ID of the virtual network."},"vnet_name":{"expression":{"references":["azurerm_virtual_network.dev-zenpay-vnet.name","azurerm_virtual_network.dev-zenpay-vnet"]},"description":"The name of the virtual network."}},"resources":[{"address":"azurerm_virtual_network.dev-zenpay-vnet","mode":"managed","type":"azurerm_virtual_network","name":"dev-zenpay-vnet","provider_config_key":"azurerm","expressions":{"address_space":{"references":["var.address_space"]},"location":{"references":["var.location"]},"name":{"references":["var.vnet_name"]},"resource_group_name":{"references":["var.resource_group_name"]}},"schema_version":0}],"variables":{"address_space":{"description":"Address space for the virtual network"},"location":{"description":"Location of the virtual network"},"resource_group_name":{"description":"Name of the resource group"},"vnet_name":{"description":"Name of the virtual network"}}},"depends_on":["module.resource_group"]}},"variables":{"admin_password":{"description":"Password for the virtual machine's administrator"},"admin_username":{"description":"Username for the virtual machine's administrator"},"administrator_login":{"description":"The administrator login for the SQL Server."},"administrator_login_password":{"description":"The administrator login password for the SQL Server."},"appgw-name":{"description":"The app gateway name"},"appgw_subnet_address":{"description":"Address space for the app gateway tier subnet"},"avset_name":{"description":"Name of the availability set"},"backend_address_pool_name":{"description":"The name of the backend address pool."},"backend_http_port":{"description":"The backend HTTP port for the Application Gateway."},"backup_policy_name":{"description":"The backup policy name"},"capacity":{"description":"The capacity of the Application Gateway."},"db_os_disk":{"description":"Os disk size of the virtual machine for the database"},"db_subnet_address":{"description":"Address space for the database tier subnet"},"db_vm_size":{"description":"Size of the DB virtual machine"},"frontend_ip_configuration_name":{"description":"The name of the frontend IP configuration."},"frontend_port":{"description":"The frontend port for the Application Gateway."},"key_vault_name":{"description":"The name of the Key Vault."},"lb_name":{"description":"The name of the load balancer."},"location":{"description":"Azure location for the resources"},"log-analytics-name":{"description":"The log analytics name"},"nsg_name":{"description":"Name of security group"},"priority":{"description":"The priority of the routing rule."},"probe_name":{"description":"The name of the load balancer probe."},"public_ip_name":{"description":"The name of the public IP for the load balancer."},"recovery_vault_name":{"description":"The recovery vault name"},"resource_group_name":{"description":"Name of the resource group"},"rule_name":{"description":"The name of the load balancer rule."},"security-contact-email":{"description":"The security contact email"},"security-contact-phone":{"description":"The security contact phone"},"sku_name":{"description":"The SKU name of the Application Gateway."},"sql_server_name":{"description":"The name of the SQL Server."},"tier":{"description":"The tier of the Application Gateway SKU."},"transparent_data_encryption_key_name":{"description":"The name of the Transparent Data Encryption Key."},"user_assigned_identity_name":{"description":"The name of the User Assigned Identity."},"vnet_address_space":{"description":"Address space for the Virtual Network"},"vnet_name":{"description":"The Virtual network name"},"web_nic_ids":{"default":[],"description":"A list of network interface IDs for the backend pool."},"web_os_disk":{"description":"Os disk size of the virtual machine for webapp"},"web_subnet_address":{"description":"Address space for the web tier subnet"},"web_vm_count":{"description":"Number of virtual machines to create"},"web_vm_size":{"description":"Size of the virtual machine"},"windows_image_offer":{"description":"Offer of the windows virtual machine image"},"windows_image_publisher":{"description":"Publisher of the windows virtual machine image"},"windows_image_sku":{"description":"SKU (version) of the windows virtual machine image"},"windows_image_version":{"description":"version of the windows virtual machine image"}}}},"relevant_attributes":[{"resource":"module.backup_and_security.azurerm_security_center_contact.security_contact","attribute":["id"]},{"resource":"module.subnet.azurerm_subnet.dev-zenpay-db","attribute":["id"]},{"resource":"module.backup_and_security.azurerm_backup_policy_vm.vm_backup_policy","attribute":["id"]},{"resource":"module.vm.azurerm_network_interface.db","attribute":["id"]},{"resource":"module.sql.azurerm_key_vault_key.zenpay_key_vault_key","attribute":["id"]},{"resource":"module.backup_and_security.azurerm_log_analytics_workspace.securitypostlog","attribute":["id"]},{"resource":"module.sql.azurerm_user_assigned_identity.zenpay_identity","attribute":["tenant_id"]},{"resource":"module.vm.azurerm_availability_set.dev-zenpay-web","attribute":["id"]},{"resource":"module.backup_and_security.azurerm_recovery_services_vault.zenpay_recovery_vault","attribute":["name"]},{"resource":"module.subnet.azurerm_subnet.dev-zenpay-web","attribute":["id"]},{"resource":"module.vm.azurerm_windows_virtual_machine.web","attribute":[]},{"resource":"module.appgateway.azurerm_application_gateway.zenpay-appgw","attribute":["id"]},{"resource":"module.loadbalancer.azurerm_lb_probe.web_lb_probe","attribute":["id"]},{"resource":"module.sql.azurerm_user_assigned_identity.zenpay_identity","attribute":["name"]},{"resource":"module.resource_group.azurerm_resource_group.dev-zenpay-rg","attribute":["id"]},{"resource":"module.resource_group.azurerm_resource_group.dev-zenpay-rg","attribute":["name"]},{"resource":"module.nsg.azurerm_network_security_group.dev_zenpay_db_nsg","attribute":["id"]},{"resource":"module.vnet.azurerm_virtual_network.dev-zenpay-vnet","attribute":["id"]},{"resource":"module.vm.azurerm_windows_virtual_machine.db","attribute":["id"]},{"resource":"module.sql.azurerm_mssql_server.zenpaydatabase","attribute":["id"]},{"resource":"module.sql.azurerm_user_assigned_identity.zenpay_identity","attribute":["principal_id"]},{"resource":"module.sql.azurerm_key_vault.zenpay_key_vault","attribute":["id"]},{"resource":"module.sql.azurerm_user_assigned_identity.zenpay_identity","attribute":["id"]},{"resource":"module.backup_and_security.azurerm_recovery_services_vault.zenpay_recovery_vault","attribute":["id"]},{"resource":"module.backup_and_security.azurerm_security_center_workspace.securityposturews","attribute":["id"]},{"resource":"module.loadbalancer.azurerm_lb.dev_zenpay_web_lb","attribute":["id"]},{"resource":"module.sql.data.azurerm_client_config.current","attribute":["object_id"]},{"resource":"module.sql.data.azurerm_client_config.current","attribute":["tenant_id"]},{"resource":"module.vnet.azurerm_virtual_network.dev-zenpay-vnet","attribute":["address_space"]},{"resource":"module.vnet.azurerm_virtual_network.dev-zenpay-vnet","attribute":["name"]},{"resource":"module.subnet.azurerm_subnet.dev-zenpay-appgw","attribute":["id"]},{"resource":"module.loadbalancer.azurerm_public_ip.lb","attribute":["id"]},{"resource":"module.vm.azurerm_network_interface.web","attribute":[]},{"resource":"module.appgateway.azurerm_public_ip.appgw_pip","attribute":["id"]},{"resource":"module.resource_group.azurerm_resource_group.dev-zenpay-rg","attribute":["location"]},{"resource":"module.nsg.azurerm_network_security_group.dev_zenpay_web_nsg","attribute":["id"]},{"resource":"module.loadbalancer.azurerm_lb.dev_zenpay_web_lb","attribute":["frontend_ip_configuration",0,"name"]},{"resource":"module.loadbalancer.azurerm_lb_backend_address_pool.web_lb_backend","attribute":["id"]}],"timestamp":"2024-08-16T23:57:43Z","applyable":true,"complete":true,"errored":false}
